{
  "version": 4,
  "terraform_version": "1.13.1",
  "serial": 106,
  "lineage": "df42bd02-eaf0-6774-7c86-558be2c3e023",
  "outputs": {
    "backend_private_subnets": {
      "value": [
        "subnet-0b6a5f7d4b1737b92",
        "subnet-0dc2b2c9e3e7e555d"
      ],
      "type": [
        "tuple",
        [
          "string",
          "string"
        ]
      ]
    },
    "backend_vpc_id": {
      "value": "vpc-07d86c19710299faa",
      "type": "string"
    },
    "eks_backend_cluster_name": {
      "value": "sentinel-eks-backend",
      "type": "string"
    },
    "eks_gateway_cluster_name": {
      "value": "sentinel-eks-gateway",
      "type": "string"
    },
    "gateway_private_subnets": {
      "value": [
        "subnet-0cfd86fbf3d258acd",
        "subnet-0f595f042d851c21d"
      ],
      "type": [
        "tuple",
        [
          "string",
          "string"
        ]
      ]
    },
    "gateway_vpc_id": {
      "value": "vpc-053ebdf19e28d0a8e",
      "type": "string"
    },
    "vpc_peering_id": {
      "value": "pcx-0cbb511801e0351df",
      "type": "string"
    }
  },
  "resources": [
    {
      "module": "module.eks_backend",
      "mode": "data",
      "type": "aws_caller_identity",
      "name": "current",
      "provider": "provider[\"registry.terraform.io/hashicorp/aws\"]",
      "instances": [
        {
          "schema_version": 0,
          "attributes": {
            "account_id": "928470004462",
            "arn": "arn:aws:iam::928470004462:user/account-vendor",
            "id": "928470004462",
            "user_id": "AIDA5QLI76LXJPIS3WX4J"
          },
          "sensitive_attributes": [],
          "identity_schema_version": 0
        }
      ]
    },
    {
      "module": "module.eks_backend",
      "mode": "data",
      "type": "aws_partition",
      "name": "current",
      "provider": "provider[\"registry.terraform.io/hashicorp/aws\"]",
      "instances": [
        {
          "schema_version": 0,
          "attributes": {
            "dns_suffix": "amazonaws.com",
            "id": "aws",
            "partition": "aws",
            "reverse_dns_prefix": "com.amazonaws"
          },
          "sensitive_attributes": [],
          "identity_schema_version": 0
        }
      ]
    },
    {
      "module": "module.eks_backend",
      "mode": "data",
      "type": "aws_region",
      "name": "current",
      "provider": "provider[\"registry.terraform.io/hashicorp/aws\"]",
      "instances": [
        {
          "schema_version": 0,
          "attributes": {
            "description": "Europe (London)",
            "endpoint": "ec2.eu-west-2.amazonaws.com",
            "id": "eu-west-2",
            "name": "eu-west-2",
            "region": "eu-west-2"
          },
          "sensitive_attributes": [],
          "identity_schema_version": 0
        }
      ]
    },
    {
      "module": "module.eks_backend",
      "mode": "data",
      "type": "tls_certificate",
      "name": "oidc_cert",
      "provider": "provider[\"registry.terraform.io/hashicorp/tls\"]",
      "instances": [
        {
          "schema_version": 0,
          "attributes": {
            "certificates": [
              {
                "cert_pem": "-----BEGIN CERTIFICATE-----\nMIIEkjCCA3qgAwIBAgITBn+USionzfP6wq4rAfkI7rnExjANBgkqhkiG9w0BAQsF\nADCBmDELMAkGA1UEBhMCVVMxEDAOBgNVBAgTB0FyaXpvbmExEzARBgNVBAcTClNj\nb3R0c2RhbGUxJTAjBgNVBAoTHFN0YXJmaWVsZCBUZWNobm9sb2dpZXMsIEluYy4x\nOzA5BgNVBAMTMlN0YXJmaWVsZCBTZXJ2aWNlcyBSb290IENlcnRpZmljYXRlIEF1\ndGhvcml0eSAtIEcyMB4XDTE1MDUyNTEyMDAwMFoXDTM3MTIzMTAxMDAwMFowOTEL\nMAkGA1UEBhMCVVMxDzANBgNVBAoTBkFtYXpvbjEZMBcGA1UEAxMQQW1hem9uIFJv\nb3QgQ0EgMTCCASIwDQYJKoZIhvcNAQEBBQADggEPADCCAQoCggEBALJ4gHHKeNXj\nca9HgFB0fW7Y14h29Jlo91ghYPl0hAEvrAIthtOgQ3pOsqTQNroBvo3bSMgHFzZM\n9O6II8c+6zf1tRn4SWiw3te5djgdYZ6k/oI2peVKVuRF4fn9tBb6dNqcmzU5L/qw\nIFAGbHrQgLKm+a/sRxmPUDgH3KKHOVj4utWp+UhnMJbulHheb4mjUcAwhmahRWa6\nVOujw5H5SNz/0egwLX0tdHA114gk957EWW67c4cX8jJGKLhD+rcdqsq08p8kDi1L\n93FcXmn/6pUCyziKrlA4b9v7LWIbxcceVOF34GfID5yHI9Y/QCB/IIDEgEw+OyQm\njgSubJrIqg0CAwEAAaOCATEwggEtMA8GA1UdEwEB/wQFMAMBAf8wDgYDVR0PAQH/\nBAQDAgGGMB0GA1UdDgQWBBSEGMyFNOy8DJSULghZnMeyEE4KCDAfBgNVHSMEGDAW\ngBScXwDfqgHXMCs4iKK4bUqc8hGRgzB4BggrBgEFBQcBAQRsMGowLgYIKwYBBQUH\nMAGGImh0dHA6Ly9vY3NwLnJvb3RnMi5hbWF6b250cnVzdC5jb20wOAYIKwYBBQUH\nMAKGLGh0dHA6Ly9jcnQucm9vdGcyLmFtYXpvbnRydXN0LmNvbS9yb290ZzIuY2Vy\nMD0GA1UdHwQ2MDQwMqAwoC6GLGh0dHA6Ly9jcmwucm9vdGcyLmFtYXpvbnRydXN0\nLmNvbS9yb290ZzIuY3JsMBEGA1UdIAQKMAgwBgYEVR0gADANBgkqhkiG9w0BAQsF\nAAOCAQEAYjdCXLwQtT6LLOkMm2xF4gcAevnFWAu5CIw+7bMlPLVvUOTNNWqnkzSW\nMiGpSESrnO09tKpzbeR/FoCJbM8oAxiDR3mjEH4wW6w7sGDgd9QIpuEdfF7Au/ma\neyKdpwAJfqxGF4PcnCZXmTA5YpaP7dreqsXMGz7KQ2hsVxa81Q4gLv7/wmpdLqBK\nbRRYh5TmOTFffHPLkIhqhBGWJ6bt2YFGpn6jcgAKUj6DiAdjd4lpFw85hdKrCEVN\n0FE6/V1dN2RMfjCyVSRCnTawXZwXgWHxyvkQAiSr6w10kY17RSlQOYiypok1JR4U\nakcjMS9cmvqtmg5iUaQqqcT5NJ0hGA==\n-----END CERTIFICATE-----\n",
                "is_ca": true,
                "issuer": "CN=Starfield Services Root Certificate Authority - G2,O=Starfield Technologies\\, Inc.,L=Scottsdale,ST=Arizona,C=US",
                "not_after": "2037-12-31T01:00:00Z",
                "not_before": "2015-05-25T12:00:00Z",
                "public_key_algorithm": "RSA",
                "serial_number": "144918191876577076464031512351042010504348870",
                "sha1_fingerprint": "06b25927c42a721631c1efd9431e648fa62e1e39",
                "signature_algorithm": "SHA256-RSA",
                "subject": "CN=Amazon Root CA 1,O=Amazon,C=US",
                "version": 3
              },
              {
                "cert_pem": "-----BEGIN CERTIFICATE-----\nMIIEXjCCA0agAwIBAgITB3MSTNQG0mfAmRzdKZqfODF5hTANBgkqhkiG9w0BAQsF\nADA5MQswCQYDVQQGEwJVUzEPMA0GA1UEChMGQW1hem9uMRkwFwYDVQQDExBBbWF6\nb24gUm9vdCBDQSAxMB4XDTIyMDgyMzIyMjYwNFoXDTMwMDgyMzIyMjYwNFowPDEL\nMAkGA1UEBhMCVVMxDzANBgNVBAoTBkFtYXpvbjEcMBoGA1UEAxMTQW1hem9uIFJT\nQSAyMDQ4IE0wMzCCASIwDQYJKoZIhvcNAQEBBQADggEPADCCAQoCggEBALd/pVko\n8vuM475Tf45HV3BbCl/B9Jy89G1CRkFjcPY06WA9lS+7dWbUA7GtWUKoksr69hKM\nwcMsNpxlw7b3jeXFgxB09/nmalcAWtnLzF+LaDKEA5DQmvKzuh1nfIfqEiKCQSmX\nXh09Xs+dO7cm5qbaL2hhNJCSAejciwcvOFgFNgEMR42wm6KIFHsQW28jhA+1u/M0\np6fVwReuEgZfLfdx82Px0LJck3lST3EB/JfbdsdOzzzg5YkY1dfuqf8y5fUeZ7Cz\nWXbTjujwX/TovmeWKA36VLCz75azW6tDNuDn66FOpADZZ9omVaF6BqNJiLMVl6P3\n/c0OiUMC6Z5OfKcCAwEAAaOCAVowggFWMBIGA1UdEwEB/wQIMAYBAf8CAQAwDgYD\nVR0PAQH/BAQDAgGGMB0GA1UdJQQWMBQGCCsGAQUFBwMBBggrBgEFBQcDAjAdBgNV\nHQ4EFgQUVdkYX9IczAHhWLS+q9lVQgHXLgIwHwYDVR0jBBgwFoAUhBjMhTTsvAyU\nlC4IWZzHshBOCggwewYIKwYBBQUHAQEEbzBtMC8GCCsGAQUFBzABhiNodHRwOi8v\nb2NzcC5yb290Y2ExLmFtYXpvbnRydXN0LmNvbTA6BggrBgEFBQcwAoYuaHR0cDov\nL2NydC5yb290Y2ExLmFtYXpvbnRydXN0LmNvbS9yb290Y2ExLmNlcjA/BgNVHR8E\nODA2MDSgMqAwhi5odHRwOi8vY3JsLnJvb3RjYTEuYW1hem9udHJ1c3QuY29tL3Jv\nb3RjYTEuY3JsMBMGA1UdIAQMMAowCAYGZ4EMAQIBMA0GCSqGSIb3DQEBCwUAA4IB\nAQAGjeWm2cC+3z2MzSCnte46/7JZvj3iQZDY7EvODNdZF41n71Lrk9kbfNwerK0d\nVNzW36Wefr7j7ZSwBVg50W5ay65jNSN74TTQV1yt4WnSbVvN6KlMs1hiyOZdoHKs\nKDV2UGNxbdoBYCQNa2GYF8FQIWLugNp35aSOpMy6cFlymFQomIrnOQHwK1nvVY4q\nxDSJMU/gNJz17D8ArPN3ngnyZ2TwepJ0uBINz3G5te2rdFUF4i4Y3Bb7FUlHDYm4\nu8aIRGpk2ZpfXmxaoxnbIBZRvGLPSUuPwnwoUOMsJ8jirI5vs2dvchPb7MtI1rle\ni02f2ivH2vxkjDLltSpe2fiC\n-----END CERTIFICATE-----\n",
                "is_ca": true,
                "issuer": "CN=Amazon Root CA 1,O=Amazon,C=US",
                "not_after": "2030-08-23T22:26:04Z",
                "not_before": "2022-08-23T22:26:04Z",
                "public_key_algorithm": "RSA",
                "serial_number": "166129356476704345391986644047206454194698629",
                "sha1_fingerprint": "d9fe0a65fa00cabf61f5120d373a8135e1461f15",
                "signature_algorithm": "SHA256-RSA",
                "subject": "CN=Amazon RSA 2048 M03,O=Amazon,C=US",
                "version": 3
              },
              {
                "cert_pem": "-----BEGIN CERTIFICATE-----\nMIIF5zCCBM+gAwIBAgIQDOCAKjgOijRH00eMx8pmLzANBgkqhkiG9w0BAQsFADA8\nMQswCQYDVQQGEwJVUzEPMA0GA1UEChMGQW1hem9uMRwwGgYDVQQDExNBbWF6b24g\nUlNBIDIwNDggTTAzMB4XDTI1MDIyNjAwMDAwMFoXDTI2MDMyODIzNTk1OVowKDEm\nMCQGA1UEAwwdKi5la3MuZXUtd2VzdC0yLmFtYXpvbmF3cy5jb20wggEiMA0GCSqG\nSIb3DQEBAQUAA4IBDwAwggEKAoIBAQDtF5tgb91Q48f+Y+xVj0bGJwiIkdty4qXQ\n5CtOzufk75SbAkzXa8UCu7fGjMfK1U4eol3EbaLs8cn+toZUMFZnBOF/3PzQSwUa\nSBu3Mx+ysK5wfMPQKicyjj8TVNT+Rpy4mALoOW32j7gU03aBmVoWrMUU4JlbKIq6\nvcK5o9U37NoqhM1xoEWjBU9PByYy7eH/CKsPXrVgS0WYoJ3jkkVJJk1qGRIrQlZb\nJVQYlRgpydCzyyP7xJoX/mjwXbc0Umb1T6dpyqaxk6xS1jDUXhN8oc1hATZZyfkF\nGRhYYPa1QWCrcz0DglnrMLxAm9dmoweFe8BQ4j6m2MTg3Vhx07eBAgMBAAGjggL3\nMIIC8zAfBgNVHSMEGDAWgBRV2Rhf0hzMAeFYtL6r2VVCAdcuAjAdBgNVHQ4EFgQU\nHgoWqJ/VsQuFzs7Y8BuA9jr+6uwwKAYDVR0RBCEwH4IdKi5la3MuZXUtd2VzdC0y\nLmFtYXpvbmF3cy5jb20wEwYDVR0gBAwwCjAIBgZngQwBAgEwDgYDVR0PAQH/BAQD\nAgWgMB0GA1UdJQQWMBQGCCsGAQUFBwMBBggrBgEFBQcDAjA7BgNVHR8ENDAyMDCg\nLqAshipodHRwOi8vY3JsLnIybTAzLmFtYXpvbnRydXN0LmNvbS9yMm0wMy5jcmww\ndQYIKwYBBQUHAQEEaTBnMC0GCCsGAQUFBzABhiFodHRwOi8vb2NzcC5yMm0wMy5h\nbWF6b250cnVzdC5jb20wNgYIKwYBBQUHMAKGKmh0dHA6Ly9jcnQucjJtMDMuYW1h\nem9udHJ1c3QuY29tL3IybTAzLmNlcjAMBgNVHRMBAf8EAjAAMIIBfwYKKwYBBAHW\neQIEAgSCAW8EggFrAWkAdgCWl2S/VViXrfdDh2g3CEJ36fA61fak8zZuRqQ/D8qp\nxgAAAZU/pUXPAAAEAwBHMEUCIQCpQH3ao3qlMJQ0QHMVCA+ET8Na/+j1ibSsgJU6\nRvpngwIgSPEGhZ8afc1x5VZoiWoY/14nCm/xPb2oFvZ+utbCNjsAdgBkEcRspBLs\np4kcogIuALyrTygH1B41J6vq/tUDyX3N8AAAAZU/pUXUAAAEAwBHMEUCIQC/NPTL\nYvCoxUsT57qVZ0sV9XPUFnWpUx8kDTS8ajFk7AIgfIdqxwA2kb3jWQHH1IpreUjO\nGNDdyUMIVg0+hAmZ44kAdwBJnJtp3h187Pw23s2HZKa4W68Kh4AZ0VVS++nrKd34\nwwAAAZU/pUXoAAAEAwBIMEYCIQCo8DuRuoqhvlOsidd9Ndwsa7acx4pTqY3Dd2m7\nfPeBxQIhANyZsWQgT85xGMRMbKAOrovlHJCwfQKbd8NPNxFBVjDDMA0GCSqGSIb3\nDQEBCwUAA4IBAQChYwNqtmhZSNmyyQUGcfKyqR75ksZUrHqElbcNDsn2PPVAw/d4\nbu2W7IIKFXBDTpSKVBL0k1N2lOFv6EVLJ7jsAujn0P+D76Z4F61qiWtl7cTOxvQR\nQMx4pJqMpD7ew6NYik1utyyHpxnpTHWYj6ihmN5XcFzO6LPRxXvjp7wkzxtqYPAD\n8wGkrxecCmT8XfBw22dRMIGp62yer/vNb1u1oVunoW/niqdxsrM9KbUUPWRIGkHV\nfIlsUrhvdYa5KcxCus2KaF9ABQAlglZxXrqH4TrgU8vFmEHKY04HJOK5RjdXNSN1\nLWOa3a1kYgc7rSlkhHH8+vDsRl/OHvDIWDon\n-----END CERTIFICATE-----\n",
                "is_ca": false,
                "issuer": "CN=Amazon RSA 2048 M03,O=Amazon,C=US",
                "not_after": "2026-03-28T23:59:59Z",
                "not_before": "2025-02-26T00:00:00Z",
                "public_key_algorithm": "RSA",
                "serial_number": "17116409939091623039003775645841516079",
                "sha1_fingerprint": "9113c492911635f730e51f259f28873df5b7f01a",
                "signature_algorithm": "SHA256-RSA",
                "subject": "CN=*.eks.eu-west-2.amazonaws.com",
                "version": 3
              }
            ],
            "content": null,
            "id": "77f878887104bc97ce87a3d0fe39312e6535df5b",
            "url": "https://oidc.eks.eu-west-2.amazonaws.com/id/BC56FFFD2573A637D7DD55532FBF4C06",
            "verify_chain": true
          },
          "sensitive_attributes": [],
          "identity_schema_version": 0
        }
      ]
    },
    {
      "module": "module.eks_backend",
      "mode": "managed",
      "type": "aws_eks_cluster",
      "name": "this",
      "provider": "provider[\"registry.terraform.io/hashicorp/aws\"]",
      "instances": [
        {
          "schema_version": 1,
          "attributes": {
            "access_config": [
              {
                "authentication_mode": "CONFIG_MAP",
                "bootstrap_cluster_creator_admin_permissions": true
              }
            ],
            "arn": "arn:aws:eks:eu-west-2:928470004462:cluster/sentinel-eks-backend",
            "bootstrap_self_managed_addons": true,
            "certificate_authority": [
              {
                "data": "LS0tLS1CRUdJTiBDRVJUSUZJQ0FURS0tLS0tCk1JSURCVENDQWUyZ0F3SUJBZ0lJS0VMYnNvNnJmT2N3RFFZSktvWklodmNOQVFFTEJRQXdGVEVUTUJFR0ExVUUKQXhNS2EzVmlaWEp1WlhSbGN6QWVGdzB5TlRBNE1qa3hOalEzTlRWYUZ3MHpOVEE0TWpjeE5qVXlOVFZhTUJVeApFekFSQmdOVkJBTVRDbXQxWW1WeWJtVjBaWE13Z2dFaU1BMEdDU3FHU0liM0RRRUJBUVVBQTRJQkR3QXdnZ0VLCkFvSUJBUUM2WHlKS1ZCQWdJUnN2WU0rRzMrbU1jaFZiSmMrTnp5WEFrVlJUYzlKNmdkL29sdFltQVZqM2piTHIKKzBWT3M5RloxTnZrbmpQMVF6RWUvTHhCQjk0YkNhV1RlK0tIajgyNjFzVmlTVWtjd1lESU83ckhwanNvcUJURAowT1VsMXdEWE81MkNPWThKdEY0dzkwYWREdXQvc2ZRUWF3NEpOejhlc29pRWExQXppWXQyNG9ENzZoZDdyaytkClNMOFo1NUhFQ0VsWm9jcVBaVVdaOW1NK0l6N2xvVUZ6Q0xTOHpIVGcrY2tMc1U0N01FN1FqVDBqYU84aFdrazkKNXJnR0ZWOE93N3I3UEVnaTlsTVI1ekc2dVFXSTdmL0V1ZmM4bmJrR24vQ1RqNVJRc0Q2dWpZazlvN3FMYmRHYQpjSFFKZTVGVWdhWUZiM2ZJaWVvTW1pazRvdmFGQWdNQkFBR2pXVEJYTUE0R0ExVWREd0VCL3dRRUF3SUNwREFQCkJnTlZIUk1CQWY4RUJUQURBUUgvTUIwR0ExVWREZ1FXQkJSWE1xVlNOTk5iSVhRa2dqdng5MjhBcG9SQ0xqQVYKQmdOVkhSRUVEakFNZ2dwcmRXSmxjbTVsZEdWek1BMEdDU3FHU0liM0RRRUJDd1VBQTRJQkFRQXRqbUNVUmNrKwpSeDRiaDdRT05ZWEhmWlpzQTFUamFEaE16T2ZRZXB6WC9BY0xaUzYwY0RNU2dWVENRVTlnSmg2RkRzbmI5VXVtCkxaZXlRN0xlclhaaHZ2VmwwZVkzc242ck5BZG1GTkxOSlg3YUM3bXJDK1BJN0ZRZERwaWJzUFJKT0Z6bzk0OUMKQXhTS3lXaUpoUFJTNXBoM3ZzWTM0d1FCSG80bmtTOUVjZmN1bDJTZkJrWjR6STFvREVHQS9ua1FEaStmZHE5ZQpGOWY0TTFDNkpiZ1ZlYzR3Uk93b0NSNTlyeG5TdlJQUHhpQThreXFBSHRHOVRXOVlOZXYvQ2hkV0NjWllHSmtxCktsTzBQbDhzSWpjbFg5Nk9ySmhzSWhmcXUzK1RCRWpwWFR2N2RQNWNQSmR2MWNsa1pnS1cydnZVVmdKcnRkdEQKSjhvL3BsMzYrbnBtCi0tLS0tRU5EIENFUlRJRklDQVRFLS0tLS0K"
              }
            ],
            "cluster_id": null,
            "compute_config": [],
            "created_at": "2025-08-29T16:48:16Z",
            "deletion_protection": false,
            "enabled_cluster_log_types": [],
            "encryption_config": [],
            "endpoint": "https://BC56FFFD2573A637D7DD55532FBF4C06.sk1.eu-west-2.eks.amazonaws.com",
            "force_update_version": null,
            "id": "sentinel-eks-backend",
            "identity": [
              {
                "oidc": [
                  {
                    "issuer": "https://oidc.eks.eu-west-2.amazonaws.com/id/BC56FFFD2573A637D7DD55532FBF4C06"
                  }
                ]
              }
            ],
            "kubernetes_network_config": [
              {
                "elastic_load_balancing": [
                  {
                    "enabled": false
                  }
                ],
                "ip_family": "ipv4",
                "service_ipv4_cidr": "172.20.0.0/16",
                "service_ipv6_cidr": ""
              }
            ],
            "name": "sentinel-eks-backend",
            "outpost_config": [],
            "platform_version": "eks.42",
            "region": "eu-west-2",
            "remote_network_config": [],
            "role_arn": "arn:aws:iam::928470004462:role/sentinel-eks-backend-cluster-role",
            "status": "ACTIVE",
            "storage_config": [],
            "tags": {
              "Owner": "Platform",
              "Project": "Sentinel"
            },
            "tags_all": {
              "Owner": "Platform",
              "Project": "Sentinel"
            },
            "timeouts": null,
            "upgrade_policy": [
              {
                "support_type": "EXTENDED"
              }
            ],
            "version": "1.30",
            "vpc_config": [
              {
                "cluster_security_group_id": "sg-05b31663f88e8c338",
                "endpoint_private_access": true,
                "endpoint_public_access": true,
                "public_access_cidrs": [
                  "0.0.0.0/0"
                ],
                "security_group_ids": [],
                "subnet_ids": [
                  "subnet-0b6a5f7d4b1737b92",
                  "subnet-0dc2b2c9e3e7e555d"
                ],
                "vpc_id": "vpc-07d86c19710299faa"
              }
            ],
            "zonal_shift_config": []
          },
          "sensitive_attributes": [],
          "identity_schema_version": 0,
          "private": "eyJlMmJmYjczMC1lY2FhLTExZTYtOGY4OC0zNDM2M2JjN2M0YzAiOnsiY3JlYXRlIjoxODAwMDAwMDAwMDAwLCJkZWxldGUiOjkwMDAwMDAwMDAwMCwidXBkYXRlIjozNjAwMDAwMDAwMDAwfSwic2NoZW1hX3ZlcnNpb24iOiIxIn0=",
          "dependencies": [
            "module.eks_backend.aws_iam_role.cluster",
            "module.eks_backend.aws_iam_role_policy_attachment.cluster_AmazonEKSClusterPolicy",
            "module.eks_backend.aws_iam_role_policy_attachment.cluster_AmazonEKSVPCResourceController",
            "module.eks_backend.data.aws_partition.current",
            "module.vpc_backend.aws_subnet.private",
            "module.vpc_backend.aws_vpc.this",
            "module.vpc_backend.data.aws_availability_zones.this"
          ]
        }
      ]
    },
    {
      "module": "module.eks_backend",
      "mode": "managed",
      "type": "aws_eks_node_group",
      "name": "default",
      "provider": "provider[\"registry.terraform.io/hashicorp/aws\"]",
      "instances": [
        {
          "status": "tainted",
          "schema_version": 0,
          "attributes": {
            "ami_type": null,
            "arn": null,
            "capacity_type": "ON_DEMAND",
            "cluster_name": "sentinel-eks-backend",
            "disk_size": null,
            "force_update_version": null,
            "id": "sentinel-eks-backend:sentinel-eks-backend-ng",
            "instance_types": [
              "t3.large"
            ],
            "labels": null,
            "launch_template": [],
            "node_group_name": "sentinel-eks-backend-ng",
            "node_group_name_prefix": null,
            "node_repair_config": null,
            "node_role_arn": "arn:aws:iam::928470004462:role/sentinel-eks-backend-node-role",
            "region": "eu-west-2",
            "release_version": null,
            "remote_access": [],
            "resources": null,
            "scaling_config": [
              {
                "desired_size": 2,
                "max_size": 4,
                "min_size": 2
              }
            ],
            "status": null,
            "subnet_ids": [
              "subnet-0b6a5f7d4b1737b92",
              "subnet-0dc2b2c9e3e7e555d"
            ],
            "tags": {
              "Owner": "Platform",
              "Project": "Sentinel"
            },
            "tags_all": {
              "Owner": "Platform",
              "Project": "Sentinel"
            },
            "taint": [],
            "timeouts": null,
            "update_config": null,
            "version": null
          },
          "sensitive_attributes": [],
          "identity_schema_version": 0,
          "private": "eyJlMmJmYjczMC1lY2FhLTExZTYtOGY4OC0zNDM2M2JjN2M0YzAiOnsiY3JlYXRlIjozNjAwMDAwMDAwMDAwLCJkZWxldGUiOjM2MDAwMDAwMDAwMDAsInVwZGF0ZSI6MzYwMDAwMDAwMDAwMH19",
          "dependencies": [
            "module.eks_backend.aws_eks_cluster.this",
            "module.eks_backend.aws_iam_role.cluster",
            "module.eks_backend.aws_iam_role.node",
            "module.eks_backend.aws_iam_role_policy_attachment.cluster_AmazonEKSClusterPolicy",
            "module.eks_backend.aws_iam_role_policy_attachment.cluster_AmazonEKSVPCResourceController",
            "module.eks_backend.aws_iam_role_policy_attachment.node_AmazonEC2ContainerRegistryReadOnly",
            "module.eks_backend.aws_iam_role_policy_attachment.node_AmazonEKSWorkerNodePolicy",
            "module.eks_backend.aws_iam_role_policy_attachment.node_AmazonEKS_CNI_Policy",
            "module.eks_backend.data.aws_partition.current",
            "module.vpc_backend.aws_subnet.private",
            "module.vpc_backend.aws_vpc.this",
            "module.vpc_backend.data.aws_availability_zones.this"
          ]
        }
      ]
    },
    {
      "module": "module.eks_backend",
      "mode": "managed",
      "type": "aws_iam_openid_connect_provider",
      "name": "this",
      "provider": "provider[\"registry.terraform.io/hashicorp/aws\"]",
      "instances": [
        {
          "schema_version": 0,
          "attributes": {
            "arn": "arn:aws:iam::928470004462:oidc-provider/oidc.eks.eu-west-2.amazonaws.com/id/BC56FFFD2573A637D7DD55532FBF4C06",
            "client_id_list": [
              "sts.amazonaws.com"
            ],
            "id": "arn:aws:iam::928470004462:oidc-provider/oidc.eks.eu-west-2.amazonaws.com/id/BC56FFFD2573A637D7DD55532FBF4C06",
            "tags": {},
            "tags_all": {},
            "thumbprint_list": [
              "06b25927c42a721631c1efd9431e648fa62e1e39"
            ],
            "url": "oidc.eks.eu-west-2.amazonaws.com/id/BC56FFFD2573A637D7DD55532FBF4C06"
          },
          "sensitive_attributes": [],
          "identity_schema_version": 0,
          "identity": {
            "arn": "arn:aws:iam::928470004462:oidc-provider/oidc.eks.eu-west-2.amazonaws.com/id/BC56FFFD2573A637D7DD55532FBF4C06"
          },
          "private": "bnVsbA==",
          "dependencies": [
            "module.eks_backend.aws_eks_cluster.this",
            "module.eks_backend.aws_iam_role.cluster",
            "module.eks_backend.aws_iam_role_policy_attachment.cluster_AmazonEKSClusterPolicy",
            "module.eks_backend.aws_iam_role_policy_attachment.cluster_AmazonEKSVPCResourceController",
            "module.eks_backend.data.aws_partition.current",
            "module.eks_backend.data.tls_certificate.oidc_cert",
            "module.vpc_backend.aws_subnet.private",
            "module.vpc_backend.aws_vpc.this",
            "module.vpc_backend.data.aws_availability_zones.this"
          ]
        }
      ]
    },
    {
      "module": "module.eks_backend",
      "mode": "managed",
      "type": "aws_iam_role",
      "name": "cluster",
      "provider": "provider[\"registry.terraform.io/hashicorp/aws\"]",
      "instances": [
        {
          "schema_version": 0,
          "attributes": {
            "arn": "arn:aws:iam::928470004462:role/sentinel-eks-backend-cluster-role",
            "assume_role_policy": "{\"Statement\":[{\"Action\":\"sts:AssumeRole\",\"Effect\":\"Allow\",\"Principal\":{\"Service\":\"eks.amazonaws.com\"}}],\"Version\":\"2012-10-17\"}",
            "create_date": "2025-08-29T16:46:16Z",
            "description": "",
            "force_detach_policies": false,
            "id": "sentinel-eks-backend-cluster-role",
            "inline_policy": [],
            "managed_policy_arns": [
              "arn:aws:iam::aws:policy/AmazonEKSClusterPolicy",
              "arn:aws:iam::aws:policy/AmazonEKSVPCResourceController"
            ],
            "max_session_duration": 3600,
            "name": "sentinel-eks-backend-cluster-role",
            "name_prefix": "",
            "path": "/",
            "permissions_boundary": "",
            "tags": {
              "Owner": "Platform",
              "Project": "Sentinel"
            },
            "tags_all": {
              "Owner": "Platform",
              "Project": "Sentinel"
            },
            "unique_id": "AROA5QLI76LXANXFSC7GQ"
          },
          "sensitive_attributes": [],
          "identity_schema_version": 0,
          "identity": {
            "account_id": "928470004462",
            "name": "sentinel-eks-backend-cluster-role"
          },
          "private": "bnVsbA==",
          "dependencies": [
            "module.eks_backend.data.aws_partition.current"
          ]
        }
      ]
    },
    {
      "module": "module.eks_backend",
      "mode": "managed",
      "type": "aws_iam_role",
      "name": "node",
      "provider": "provider[\"registry.terraform.io/hashicorp/aws\"]",
      "instances": [
        {
          "schema_version": 0,
          "attributes": {
            "arn": "arn:aws:iam::928470004462:role/sentinel-eks-backend-node-role",
            "assume_role_policy": "{\"Statement\":[{\"Action\":\"sts:AssumeRole\",\"Effect\":\"Allow\",\"Principal\":{\"Service\":\"ec2.amazonaws.com\"}}],\"Version\":\"2012-10-17\"}",
            "create_date": "2025-08-29T16:46:16Z",
            "description": "",
            "force_detach_policies": false,
            "id": "sentinel-eks-backend-node-role",
            "inline_policy": [],
            "managed_policy_arns": [
              "arn:aws:iam::aws:policy/AmazonEC2ContainerRegistryReadOnly",
              "arn:aws:iam::aws:policy/AmazonEKSWorkerNodePolicy",
              "arn:aws:iam::aws:policy/AmazonEKS_CNI_Policy"
            ],
            "max_session_duration": 3600,
            "name": "sentinel-eks-backend-node-role",
            "name_prefix": "",
            "path": "/",
            "permissions_boundary": "",
            "tags": {
              "Owner": "Platform",
              "Project": "Sentinel"
            },
            "tags_all": {
              "Owner": "Platform",
              "Project": "Sentinel"
            },
            "unique_id": "AROA5QLI76LXJWYBP5RV4"
          },
          "sensitive_attributes": [],
          "identity_schema_version": 0,
          "identity": {
            "account_id": "928470004462",
            "name": "sentinel-eks-backend-node-role"
          },
          "private": "bnVsbA==",
          "dependencies": [
            "module.eks_backend.data.aws_partition.current"
          ]
        }
      ]
    },
    {
      "module": "module.eks_backend",
      "mode": "managed",
      "type": "aws_iam_role_policy_attachment",
      "name": "cluster_AmazonEKSClusterPolicy",
      "provider": "provider[\"registry.terraform.io/hashicorp/aws\"]",
      "instances": [
        {
          "schema_version": 0,
          "attributes": {
            "id": "sentinel-eks-backend-cluster-role/arn:aws:iam::aws:policy/AmazonEKSClusterPolicy",
            "policy_arn": "arn:aws:iam::aws:policy/AmazonEKSClusterPolicy",
            "role": "sentinel-eks-backend-cluster-role"
          },
          "sensitive_attributes": [],
          "identity_schema_version": 0,
          "identity": {
            "account_id": "928470004462",
            "policy_arn": "arn:aws:iam::aws:policy/AmazonEKSClusterPolicy",
            "role": "sentinel-eks-backend-cluster-role"
          },
          "private": "bnVsbA==",
          "dependencies": [
            "module.eks_backend.aws_iam_role.cluster",
            "module.eks_backend.data.aws_partition.current"
          ]
        }
      ]
    },
    {
      "module": "module.eks_backend",
      "mode": "managed",
      "type": "aws_iam_role_policy_attachment",
      "name": "cluster_AmazonEKSVPCResourceController",
      "provider": "provider[\"registry.terraform.io/hashicorp/aws\"]",
      "instances": [
        {
          "schema_version": 0,
          "attributes": {
            "id": "sentinel-eks-backend-cluster-role/arn:aws:iam::aws:policy/AmazonEKSVPCResourceController",
            "policy_arn": "arn:aws:iam::aws:policy/AmazonEKSVPCResourceController",
            "role": "sentinel-eks-backend-cluster-role"
          },
          "sensitive_attributes": [],
          "identity_schema_version": 0,
          "identity": {
            "account_id": "928470004462",
            "policy_arn": "arn:aws:iam::aws:policy/AmazonEKSVPCResourceController",
            "role": "sentinel-eks-backend-cluster-role"
          },
          "private": "bnVsbA==",
          "dependencies": [
            "module.eks_backend.aws_iam_role.cluster",
            "module.eks_backend.data.aws_partition.current"
          ]
        }
      ]
    },
    {
      "module": "module.eks_backend",
      "mode": "managed",
      "type": "aws_iam_role_policy_attachment",
      "name": "node_AmazonEC2ContainerRegistryReadOnly",
      "provider": "provider[\"registry.terraform.io/hashicorp/aws\"]",
      "instances": [
        {
          "schema_version": 0,
          "attributes": {
            "id": "sentinel-eks-backend-node-role/arn:aws:iam::aws:policy/AmazonEC2ContainerRegistryReadOnly",
            "policy_arn": "arn:aws:iam::aws:policy/AmazonEC2ContainerRegistryReadOnly",
            "role": "sentinel-eks-backend-node-role"
          },
          "sensitive_attributes": [],
          "identity_schema_version": 0,
          "identity": {
            "account_id": "928470004462",
            "policy_arn": "arn:aws:iam::aws:policy/AmazonEC2ContainerRegistryReadOnly",
            "role": "sentinel-eks-backend-node-role"
          },
          "private": "bnVsbA==",
          "dependencies": [
            "module.eks_backend.aws_iam_role.node",
            "module.eks_backend.data.aws_partition.current"
          ]
        }
      ]
    },
    {
      "module": "module.eks_backend",
      "mode": "managed",
      "type": "aws_iam_role_policy_attachment",
      "name": "node_AmazonEKSWorkerNodePolicy",
      "provider": "provider[\"registry.terraform.io/hashicorp/aws\"]",
      "instances": [
        {
          "schema_version": 0,
          "attributes": {
            "id": "sentinel-eks-backend-node-role/arn:aws:iam::aws:policy/AmazonEKSWorkerNodePolicy",
            "policy_arn": "arn:aws:iam::aws:policy/AmazonEKSWorkerNodePolicy",
            "role": "sentinel-eks-backend-node-role"
          },
          "sensitive_attributes": [],
          "identity_schema_version": 0,
          "identity": {
            "account_id": "928470004462",
            "policy_arn": "arn:aws:iam::aws:policy/AmazonEKSWorkerNodePolicy",
            "role": "sentinel-eks-backend-node-role"
          },
          "private": "bnVsbA==",
          "dependencies": [
            "module.eks_backend.aws_iam_role.node",
            "module.eks_backend.data.aws_partition.current"
          ]
        }
      ]
    },
    {
      "module": "module.eks_backend",
      "mode": "managed",
      "type": "aws_iam_role_policy_attachment",
      "name": "node_AmazonEKS_CNI_Policy",
      "provider": "provider[\"registry.terraform.io/hashicorp/aws\"]",
      "instances": [
        {
          "schema_version": 0,
          "attributes": {
            "id": "sentinel-eks-backend-node-role/arn:aws:iam::aws:policy/AmazonEKS_CNI_Policy",
            "policy_arn": "arn:aws:iam::aws:policy/AmazonEKS_CNI_Policy",
            "role": "sentinel-eks-backend-node-role"
          },
          "sensitive_attributes": [],
          "identity_schema_version": 0,
          "identity": {
            "account_id": "928470004462",
            "policy_arn": "arn:aws:iam::aws:policy/AmazonEKS_CNI_Policy",
            "role": "sentinel-eks-backend-node-role"
          },
          "private": "bnVsbA==",
          "dependencies": [
            "module.eks_backend.aws_iam_role.node",
            "module.eks_backend.data.aws_partition.current"
          ]
        }
      ]
    },
    {
      "module": "module.eks_gateway",
      "mode": "data",
      "type": "aws_caller_identity",
      "name": "current",
      "provider": "provider[\"registry.terraform.io/hashicorp/aws\"]",
      "instances": [
        {
          "schema_version": 0,
          "attributes": {
            "account_id": "928470004462",
            "arn": "arn:aws:iam::928470004462:user/account-vendor",
            "id": "928470004462",
            "user_id": "AIDA5QLI76LXJPIS3WX4J"
          },
          "sensitive_attributes": [],
          "identity_schema_version": 0
        }
      ]
    },
    {
      "module": "module.eks_gateway",
      "mode": "data",
      "type": "aws_partition",
      "name": "current",
      "provider": "provider[\"registry.terraform.io/hashicorp/aws\"]",
      "instances": [
        {
          "schema_version": 0,
          "attributes": {
            "dns_suffix": "amazonaws.com",
            "id": "aws",
            "partition": "aws",
            "reverse_dns_prefix": "com.amazonaws"
          },
          "sensitive_attributes": [],
          "identity_schema_version": 0
        }
      ]
    },
    {
      "module": "module.eks_gateway",
      "mode": "data",
      "type": "aws_region",
      "name": "current",
      "provider": "provider[\"registry.terraform.io/hashicorp/aws\"]",
      "instances": [
        {
          "schema_version": 0,
          "attributes": {
            "description": "Europe (London)",
            "endpoint": "ec2.eu-west-2.amazonaws.com",
            "id": "eu-west-2",
            "name": "eu-west-2",
            "region": "eu-west-2"
          },
          "sensitive_attributes": [],
          "identity_schema_version": 0
        }
      ]
    },
    {
      "module": "module.eks_gateway",
      "mode": "data",
      "type": "tls_certificate",
      "name": "oidc_cert",
      "provider": "provider[\"registry.terraform.io/hashicorp/tls\"]",
      "instances": [
        {
          "schema_version": 0,
          "attributes": {
            "certificates": [
              {
                "cert_pem": "-----BEGIN CERTIFICATE-----\nMIIEkjCCA3qgAwIBAgITBn+USionzfP6wq4rAfkI7rnExjANBgkqhkiG9w0BAQsF\nADCBmDELMAkGA1UEBhMCVVMxEDAOBgNVBAgTB0FyaXpvbmExEzARBgNVBAcTClNj\nb3R0c2RhbGUxJTAjBgNVBAoTHFN0YXJmaWVsZCBUZWNobm9sb2dpZXMsIEluYy4x\nOzA5BgNVBAMTMlN0YXJmaWVsZCBTZXJ2aWNlcyBSb290IENlcnRpZmljYXRlIEF1\ndGhvcml0eSAtIEcyMB4XDTE1MDUyNTEyMDAwMFoXDTM3MTIzMTAxMDAwMFowOTEL\nMAkGA1UEBhMCVVMxDzANBgNVBAoTBkFtYXpvbjEZMBcGA1UEAxMQQW1hem9uIFJv\nb3QgQ0EgMTCCASIwDQYJKoZIhvcNAQEBBQADggEPADCCAQoCggEBALJ4gHHKeNXj\nca9HgFB0fW7Y14h29Jlo91ghYPl0hAEvrAIthtOgQ3pOsqTQNroBvo3bSMgHFzZM\n9O6II8c+6zf1tRn4SWiw3te5djgdYZ6k/oI2peVKVuRF4fn9tBb6dNqcmzU5L/qw\nIFAGbHrQgLKm+a/sRxmPUDgH3KKHOVj4utWp+UhnMJbulHheb4mjUcAwhmahRWa6\nVOujw5H5SNz/0egwLX0tdHA114gk957EWW67c4cX8jJGKLhD+rcdqsq08p8kDi1L\n93FcXmn/6pUCyziKrlA4b9v7LWIbxcceVOF34GfID5yHI9Y/QCB/IIDEgEw+OyQm\njgSubJrIqg0CAwEAAaOCATEwggEtMA8GA1UdEwEB/wQFMAMBAf8wDgYDVR0PAQH/\nBAQDAgGGMB0GA1UdDgQWBBSEGMyFNOy8DJSULghZnMeyEE4KCDAfBgNVHSMEGDAW\ngBScXwDfqgHXMCs4iKK4bUqc8hGRgzB4BggrBgEFBQcBAQRsMGowLgYIKwYBBQUH\nMAGGImh0dHA6Ly9vY3NwLnJvb3RnMi5hbWF6b250cnVzdC5jb20wOAYIKwYBBQUH\nMAKGLGh0dHA6Ly9jcnQucm9vdGcyLmFtYXpvbnRydXN0LmNvbS9yb290ZzIuY2Vy\nMD0GA1UdHwQ2MDQwMqAwoC6GLGh0dHA6Ly9jcmwucm9vdGcyLmFtYXpvbnRydXN0\nLmNvbS9yb290ZzIuY3JsMBEGA1UdIAQKMAgwBgYEVR0gADANBgkqhkiG9w0BAQsF\nAAOCAQEAYjdCXLwQtT6LLOkMm2xF4gcAevnFWAu5CIw+7bMlPLVvUOTNNWqnkzSW\nMiGpSESrnO09tKpzbeR/FoCJbM8oAxiDR3mjEH4wW6w7sGDgd9QIpuEdfF7Au/ma\neyKdpwAJfqxGF4PcnCZXmTA5YpaP7dreqsXMGz7KQ2hsVxa81Q4gLv7/wmpdLqBK\nbRRYh5TmOTFffHPLkIhqhBGWJ6bt2YFGpn6jcgAKUj6DiAdjd4lpFw85hdKrCEVN\n0FE6/V1dN2RMfjCyVSRCnTawXZwXgWHxyvkQAiSr6w10kY17RSlQOYiypok1JR4U\nakcjMS9cmvqtmg5iUaQqqcT5NJ0hGA==\n-----END CERTIFICATE-----\n",
                "is_ca": true,
                "issuer": "CN=Starfield Services Root Certificate Authority - G2,O=Starfield Technologies\\, Inc.,L=Scottsdale,ST=Arizona,C=US",
                "not_after": "2037-12-31T01:00:00Z",
                "not_before": "2015-05-25T12:00:00Z",
                "public_key_algorithm": "RSA",
                "serial_number": "144918191876577076464031512351042010504348870",
                "sha1_fingerprint": "06b25927c42a721631c1efd9431e648fa62e1e39",
                "signature_algorithm": "SHA256-RSA",
                "subject": "CN=Amazon Root CA 1,O=Amazon,C=US",
                "version": 3
              },
              {
                "cert_pem": "-----BEGIN CERTIFICATE-----\nMIIEXjCCA0agAwIBAgITB3MSTNQG0mfAmRzdKZqfODF5hTANBgkqhkiG9w0BAQsF\nADA5MQswCQYDVQQGEwJVUzEPMA0GA1UEChMGQW1hem9uMRkwFwYDVQQDExBBbWF6\nb24gUm9vdCBDQSAxMB4XDTIyMDgyMzIyMjYwNFoXDTMwMDgyMzIyMjYwNFowPDEL\nMAkGA1UEBhMCVVMxDzANBgNVBAoTBkFtYXpvbjEcMBoGA1UEAxMTQW1hem9uIFJT\nQSAyMDQ4IE0wMzCCASIwDQYJKoZIhvcNAQEBBQADggEPADCCAQoCggEBALd/pVko\n8vuM475Tf45HV3BbCl/B9Jy89G1CRkFjcPY06WA9lS+7dWbUA7GtWUKoksr69hKM\nwcMsNpxlw7b3jeXFgxB09/nmalcAWtnLzF+LaDKEA5DQmvKzuh1nfIfqEiKCQSmX\nXh09Xs+dO7cm5qbaL2hhNJCSAejciwcvOFgFNgEMR42wm6KIFHsQW28jhA+1u/M0\np6fVwReuEgZfLfdx82Px0LJck3lST3EB/JfbdsdOzzzg5YkY1dfuqf8y5fUeZ7Cz\nWXbTjujwX/TovmeWKA36VLCz75azW6tDNuDn66FOpADZZ9omVaF6BqNJiLMVl6P3\n/c0OiUMC6Z5OfKcCAwEAAaOCAVowggFWMBIGA1UdEwEB/wQIMAYBAf8CAQAwDgYD\nVR0PAQH/BAQDAgGGMB0GA1UdJQQWMBQGCCsGAQUFBwMBBggrBgEFBQcDAjAdBgNV\nHQ4EFgQUVdkYX9IczAHhWLS+q9lVQgHXLgIwHwYDVR0jBBgwFoAUhBjMhTTsvAyU\nlC4IWZzHshBOCggwewYIKwYBBQUHAQEEbzBtMC8GCCsGAQUFBzABhiNodHRwOi8v\nb2NzcC5yb290Y2ExLmFtYXpvbnRydXN0LmNvbTA6BggrBgEFBQcwAoYuaHR0cDov\nL2NydC5yb290Y2ExLmFtYXpvbnRydXN0LmNvbS9yb290Y2ExLmNlcjA/BgNVHR8E\nODA2MDSgMqAwhi5odHRwOi8vY3JsLnJvb3RjYTEuYW1hem9udHJ1c3QuY29tL3Jv\nb3RjYTEuY3JsMBMGA1UdIAQMMAowCAYGZ4EMAQIBMA0GCSqGSIb3DQEBCwUAA4IB\nAQAGjeWm2cC+3z2MzSCnte46/7JZvj3iQZDY7EvODNdZF41n71Lrk9kbfNwerK0d\nVNzW36Wefr7j7ZSwBVg50W5ay65jNSN74TTQV1yt4WnSbVvN6KlMs1hiyOZdoHKs\nKDV2UGNxbdoBYCQNa2GYF8FQIWLugNp35aSOpMy6cFlymFQomIrnOQHwK1nvVY4q\nxDSJMU/gNJz17D8ArPN3ngnyZ2TwepJ0uBINz3G5te2rdFUF4i4Y3Bb7FUlHDYm4\nu8aIRGpk2ZpfXmxaoxnbIBZRvGLPSUuPwnwoUOMsJ8jirI5vs2dvchPb7MtI1rle\ni02f2ivH2vxkjDLltSpe2fiC\n-----END CERTIFICATE-----\n",
                "is_ca": true,
                "issuer": "CN=Amazon Root CA 1,O=Amazon,C=US",
                "not_after": "2030-08-23T22:26:04Z",
                "not_before": "2022-08-23T22:26:04Z",
                "public_key_algorithm": "RSA",
                "serial_number": "166129356476704345391986644047206454194698629",
                "sha1_fingerprint": "d9fe0a65fa00cabf61f5120d373a8135e1461f15",
                "signature_algorithm": "SHA256-RSA",
                "subject": "CN=Amazon RSA 2048 M03,O=Amazon,C=US",
                "version": 3
              },
              {
                "cert_pem": "-----BEGIN CERTIFICATE-----\nMIIF5zCCBM+gAwIBAgIQDOCAKjgOijRH00eMx8pmLzANBgkqhkiG9w0BAQsFADA8\nMQswCQYDVQQGEwJVUzEPMA0GA1UEChMGQW1hem9uMRwwGgYDVQQDExNBbWF6b24g\nUlNBIDIwNDggTTAzMB4XDTI1MDIyNjAwMDAwMFoXDTI2MDMyODIzNTk1OVowKDEm\nMCQGA1UEAwwdKi5la3MuZXUtd2VzdC0yLmFtYXpvbmF3cy5jb20wggEiMA0GCSqG\nSIb3DQEBAQUAA4IBDwAwggEKAoIBAQDtF5tgb91Q48f+Y+xVj0bGJwiIkdty4qXQ\n5CtOzufk75SbAkzXa8UCu7fGjMfK1U4eol3EbaLs8cn+toZUMFZnBOF/3PzQSwUa\nSBu3Mx+ysK5wfMPQKicyjj8TVNT+Rpy4mALoOW32j7gU03aBmVoWrMUU4JlbKIq6\nvcK5o9U37NoqhM1xoEWjBU9PByYy7eH/CKsPXrVgS0WYoJ3jkkVJJk1qGRIrQlZb\nJVQYlRgpydCzyyP7xJoX/mjwXbc0Umb1T6dpyqaxk6xS1jDUXhN8oc1hATZZyfkF\nGRhYYPa1QWCrcz0DglnrMLxAm9dmoweFe8BQ4j6m2MTg3Vhx07eBAgMBAAGjggL3\nMIIC8zAfBgNVHSMEGDAWgBRV2Rhf0hzMAeFYtL6r2VVCAdcuAjAdBgNVHQ4EFgQU\nHgoWqJ/VsQuFzs7Y8BuA9jr+6uwwKAYDVR0RBCEwH4IdKi5la3MuZXUtd2VzdC0y\nLmFtYXpvbmF3cy5jb20wEwYDVR0gBAwwCjAIBgZngQwBAgEwDgYDVR0PAQH/BAQD\nAgWgMB0GA1UdJQQWMBQGCCsGAQUFBwMBBggrBgEFBQcDAjA7BgNVHR8ENDAyMDCg\nLqAshipodHRwOi8vY3JsLnIybTAzLmFtYXpvbnRydXN0LmNvbS9yMm0wMy5jcmww\ndQYIKwYBBQUHAQEEaTBnMC0GCCsGAQUFBzABhiFodHRwOi8vb2NzcC5yMm0wMy5h\nbWF6b250cnVzdC5jb20wNgYIKwYBBQUHMAKGKmh0dHA6Ly9jcnQucjJtMDMuYW1h\nem9udHJ1c3QuY29tL3IybTAzLmNlcjAMBgNVHRMBAf8EAjAAMIIBfwYKKwYBBAHW\neQIEAgSCAW8EggFrAWkAdgCWl2S/VViXrfdDh2g3CEJ36fA61fak8zZuRqQ/D8qp\nxgAAAZU/pUXPAAAEAwBHMEUCIQCpQH3ao3qlMJQ0QHMVCA+ET8Na/+j1ibSsgJU6\nRvpngwIgSPEGhZ8afc1x5VZoiWoY/14nCm/xPb2oFvZ+utbCNjsAdgBkEcRspBLs\np4kcogIuALyrTygH1B41J6vq/tUDyX3N8AAAAZU/pUXUAAAEAwBHMEUCIQC/NPTL\nYvCoxUsT57qVZ0sV9XPUFnWpUx8kDTS8ajFk7AIgfIdqxwA2kb3jWQHH1IpreUjO\nGNDdyUMIVg0+hAmZ44kAdwBJnJtp3h187Pw23s2HZKa4W68Kh4AZ0VVS++nrKd34\nwwAAAZU/pUXoAAAEAwBIMEYCIQCo8DuRuoqhvlOsidd9Ndwsa7acx4pTqY3Dd2m7\nfPeBxQIhANyZsWQgT85xGMRMbKAOrovlHJCwfQKbd8NPNxFBVjDDMA0GCSqGSIb3\nDQEBCwUAA4IBAQChYwNqtmhZSNmyyQUGcfKyqR75ksZUrHqElbcNDsn2PPVAw/d4\nbu2W7IIKFXBDTpSKVBL0k1N2lOFv6EVLJ7jsAujn0P+D76Z4F61qiWtl7cTOxvQR\nQMx4pJqMpD7ew6NYik1utyyHpxnpTHWYj6ihmN5XcFzO6LPRxXvjp7wkzxtqYPAD\n8wGkrxecCmT8XfBw22dRMIGp62yer/vNb1u1oVunoW/niqdxsrM9KbUUPWRIGkHV\nfIlsUrhvdYa5KcxCus2KaF9ABQAlglZxXrqH4TrgU8vFmEHKY04HJOK5RjdXNSN1\nLWOa3a1kYgc7rSlkhHH8+vDsRl/OHvDIWDon\n-----END CERTIFICATE-----\n",
                "is_ca": false,
                "issuer": "CN=Amazon RSA 2048 M03,O=Amazon,C=US",
                "not_after": "2026-03-28T23:59:59Z",
                "not_before": "2025-02-26T00:00:00Z",
                "public_key_algorithm": "RSA",
                "serial_number": "17116409939091623039003775645841516079",
                "sha1_fingerprint": "9113c492911635f730e51f259f28873df5b7f01a",
                "signature_algorithm": "SHA256-RSA",
                "subject": "CN=*.eks.eu-west-2.amazonaws.com",
                "version": 3
              }
            ],
            "content": null,
            "id": "77f878887104bc97ce87a3d0fe39312e6535df5b",
            "url": "https://oidc.eks.eu-west-2.amazonaws.com/id/C42439FC9572FB77A37F61D5CD58893F",
            "verify_chain": true
          },
          "sensitive_attributes": [],
          "identity_schema_version": 0
        }
      ]
    },
    {
      "module": "module.eks_gateway",
      "mode": "managed",
      "type": "aws_eks_cluster",
      "name": "this",
      "provider": "provider[\"registry.terraform.io/hashicorp/aws\"]",
      "instances": [
        {
          "schema_version": 1,
          "attributes": {
            "access_config": [
              {
                "authentication_mode": "CONFIG_MAP",
                "bootstrap_cluster_creator_admin_permissions": true
              }
            ],
            "arn": "arn:aws:eks:eu-west-2:928470004462:cluster/sentinel-eks-gateway",
            "bootstrap_self_managed_addons": true,
            "certificate_authority": [
              {
                "data": "LS0tLS1CRUdJTiBDRVJUSUZJQ0FURS0tLS0tCk1JSURCVENDQWUyZ0F3SUJBZ0lJY2Jqbll6YXR0aTB3RFFZSktvWklodmNOQVFFTEJRQXdGVEVUTUJFR0ExVUUKQXhNS2EzVmlaWEp1WlhSbGN6QWVGdzB5TlRBNE1qa3hOalEyTXpCYUZ3MHpOVEE0TWpjeE5qVXhNekJhTUJVeApFekFSQmdOVkJBTVRDbXQxWW1WeWJtVjBaWE13Z2dFaU1BMEdDU3FHU0liM0RRRUJBUVVBQTRJQkR3QXdnZ0VLCkFvSUJBUUM1Q20vZncwNmZHT3gvMjNrbDU3ellyU0MxbDJHRXVWWk9ucXNMVnJwbXhBNGhOekZyRnJJWGVXZHIKeWo3Q3lTVkZXT3NweW05ajh5S0psSGRuZHNzN3lyV05FVUJFNnpjM1BkdmNCeGhPVWQ0YTZucXB0ZngvRWVKcwovZzZTdVk0WWszUUd1MWxqUVh0VXdQaXkzRXo1dlhXNCtiMW5GU0RyYTNQYmxqRklsWW5zYmhod053ODlSZkI5Ck5rQW1sZTJoTnE4SEtPd0p6WDluWTRIRzFONHIvZzFNbk1uU3dXMkRLRzB4clh1OEpHVnlrLzJML2VheEJ4WEEKZjhDRG5OeForUE1NOVpibHg5aFNZcUtRQ2xpdkhkRUlacEZuM29oelBGTXQ3NTJLQUtCci9vb0xRR2JhcUpUTgpkbVVJdUZTdFE0Z2JJNGxCZ1hETGVBWXR3Rk1wQWdNQkFBR2pXVEJYTUE0R0ExVWREd0VCL3dRRUF3SUNwREFQCkJnTlZIUk1CQWY4RUJUQURBUUgvTUIwR0ExVWREZ1FXQkJRQWRlWFZmc2JIekxpWHFaY2NhQVNhdkkyK3FqQVYKQmdOVkhSRUVEakFNZ2dwcmRXSmxjbTVsZEdWek1BMEdDU3FHU0liM0RRRUJDd1VBQTRJQkFRQnZMQlZLbGMzagpDSUlZZnRHQnRYaVQ3R1I1dmoyd3BTRmdxWlB6SDhJSTJqcVY3YXJEVjA1Wkt0UDZ3dVNtYXdKUFh3QXR5L2lmCm1vK3dEbi81SEJWSFdqZFk0aWMyUkp0OENEeGFzWG5lQnAyNmJIaDZnczhMNFd0d1o5QlNoWjNpaitaSEMwaEIKVmplb3NNNzE2VGd6a0d2ZVh0elVNNzI1Q2JVRXAxQVVtOWNMK29GNHdEcm1XRWFRblgzWndRNWwvY245dVNWUwpwMUFFSi9iUlllVlRyUStvaC9QZFJiRWNha1J6eXdGdERKSFBrR1lBUGNsUnQwdFBSdTQvQSsvelBWdHRHZXEwCkt1Z3VqVWRKNGdYcE4xRVVyd3dRN2ZWRlEzQ0V3WHhSYlRQQjhjbVdHbTVtSkRjUncrREk3VGNWcUlrTHc3eTkKdS96YXN3cFhSUUY4Ci0tLS0tRU5EIENFUlRJRklDQVRFLS0tLS0K"
              }
            ],
            "cluster_id": null,
            "compute_config": [],
            "created_at": "2025-08-29T16:46:34Z",
            "deletion_protection": false,
            "enabled_cluster_log_types": [],
            "encryption_config": [],
            "endpoint": "https://C42439FC9572FB77A37F61D5CD58893F.gr7.eu-west-2.eks.amazonaws.com",
            "force_update_version": null,
            "id": "sentinel-eks-gateway",
            "identity": [
              {
                "oidc": [
                  {
                    "issuer": "https://oidc.eks.eu-west-2.amazonaws.com/id/C42439FC9572FB77A37F61D5CD58893F"
                  }
                ]
              }
            ],
            "kubernetes_network_config": [
              {
                "elastic_load_balancing": [
                  {
                    "enabled": false
                  }
                ],
                "ip_family": "ipv4",
                "service_ipv4_cidr": "172.20.0.0/16",
                "service_ipv6_cidr": ""
              }
            ],
            "name": "sentinel-eks-gateway",
            "outpost_config": [],
            "platform_version": "eks.42",
            "region": "eu-west-2",
            "remote_network_config": [],
            "role_arn": "arn:aws:iam::928470004462:role/sentinel-eks-gateway-cluster-role",
            "status": "ACTIVE",
            "storage_config": [],
            "tags": {
              "Owner": "Platform",
              "Project": "Sentinel"
            },
            "tags_all": {
              "Owner": "Platform",
              "Project": "Sentinel"
            },
            "timeouts": null,
            "upgrade_policy": [
              {
                "support_type": "EXTENDED"
              }
            ],
            "version": "1.30",
            "vpc_config": [
              {
                "cluster_security_group_id": "sg-06b8664dcdba0aa55",
                "endpoint_private_access": true,
                "endpoint_public_access": true,
                "public_access_cidrs": [
                  "0.0.0.0/0"
                ],
                "security_group_ids": [],
                "subnet_ids": [
                  "subnet-0cfd86fbf3d258acd",
                  "subnet-0f595f042d851c21d"
                ],
                "vpc_id": "vpc-053ebdf19e28d0a8e"
              }
            ],
            "zonal_shift_config": []
          },
          "sensitive_attributes": [],
          "identity_schema_version": 0,
          "private": "eyJlMmJmYjczMC1lY2FhLTExZTYtOGY4OC0zNDM2M2JjN2M0YzAiOnsiY3JlYXRlIjoxODAwMDAwMDAwMDAwLCJkZWxldGUiOjkwMDAwMDAwMDAwMCwidXBkYXRlIjozNjAwMDAwMDAwMDAwfSwic2NoZW1hX3ZlcnNpb24iOiIxIn0=",
          "dependencies": [
            "module.eks_gateway.aws_iam_role.cluster",
            "module.eks_gateway.aws_iam_role_policy_attachment.cluster_AmazonEKSClusterPolicy",
            "module.eks_gateway.aws_iam_role_policy_attachment.cluster_AmazonEKSVPCResourceController",
            "module.eks_gateway.data.aws_partition.current",
            "module.vpc_gateway.aws_subnet.private",
            "module.vpc_gateway.aws_vpc.this",
            "module.vpc_gateway.data.aws_availability_zones.this"
          ]
        }
      ]
    },
    {
      "module": "module.eks_gateway",
      "mode": "managed",
      "type": "aws_eks_node_group",
      "name": "default",
      "provider": "provider[\"registry.terraform.io/hashicorp/aws\"]",
      "instances": [
        {
          "status": "tainted",
          "schema_version": 0,
          "attributes": {
            "ami_type": null,
            "arn": null,
            "capacity_type": "ON_DEMAND",
            "cluster_name": "sentinel-eks-gateway",
            "disk_size": null,
            "force_update_version": null,
            "id": "sentinel-eks-gateway:sentinel-eks-gateway-ng",
            "instance_types": [
              "t3.large"
            ],
            "labels": null,
            "launch_template": [],
            "node_group_name": "sentinel-eks-gateway-ng",
            "node_group_name_prefix": null,
            "node_repair_config": null,
            "node_role_arn": "arn:aws:iam::928470004462:role/sentinel-eks-gateway-node-role",
            "region": "eu-west-2",
            "release_version": null,
            "remote_access": [],
            "resources": null,
            "scaling_config": [
              {
                "desired_size": 2,
                "max_size": 4,
                "min_size": 2
              }
            ],
            "status": null,
            "subnet_ids": [
              "subnet-0cfd86fbf3d258acd",
              "subnet-0f595f042d851c21d"
            ],
            "tags": {
              "Owner": "Platform",
              "Project": "Sentinel"
            },
            "tags_all": {
              "Owner": "Platform",
              "Project": "Sentinel"
            },
            "taint": [],
            "timeouts": null,
            "update_config": null,
            "version": null
          },
          "sensitive_attributes": [],
          "identity_schema_version": 0,
          "private": "eyJlMmJmYjczMC1lY2FhLTExZTYtOGY4OC0zNDM2M2JjN2M0YzAiOnsiY3JlYXRlIjozNjAwMDAwMDAwMDAwLCJkZWxldGUiOjM2MDAwMDAwMDAwMDAsInVwZGF0ZSI6MzYwMDAwMDAwMDAwMH19",
          "dependencies": [
            "module.eks_gateway.aws_eks_cluster.this",
            "module.eks_gateway.aws_iam_role.cluster",
            "module.eks_gateway.aws_iam_role.node",
            "module.eks_gateway.aws_iam_role_policy_attachment.cluster_AmazonEKSClusterPolicy",
            "module.eks_gateway.aws_iam_role_policy_attachment.cluster_AmazonEKSVPCResourceController",
            "module.eks_gateway.aws_iam_role_policy_attachment.node_AmazonEC2ContainerRegistryReadOnly",
            "module.eks_gateway.aws_iam_role_policy_attachment.node_AmazonEKSWorkerNodePolicy",
            "module.eks_gateway.aws_iam_role_policy_attachment.node_AmazonEKS_CNI_Policy",
            "module.eks_gateway.data.aws_partition.current",
            "module.vpc_gateway.aws_subnet.private",
            "module.vpc_gateway.aws_vpc.this",
            "module.vpc_gateway.data.aws_availability_zones.this"
          ]
        }
      ]
    },
    {
      "module": "module.eks_gateway",
      "mode": "managed",
      "type": "aws_iam_openid_connect_provider",
      "name": "this",
      "provider": "provider[\"registry.terraform.io/hashicorp/aws\"]",
      "instances": [
        {
          "schema_version": 0,
          "attributes": {
            "arn": "arn:aws:iam::928470004462:oidc-provider/oidc.eks.eu-west-2.amazonaws.com/id/C42439FC9572FB77A37F61D5CD58893F",
            "client_id_list": [
              "sts.amazonaws.com"
            ],
            "id": "arn:aws:iam::928470004462:oidc-provider/oidc.eks.eu-west-2.amazonaws.com/id/C42439FC9572FB77A37F61D5CD58893F",
            "tags": {},
            "tags_all": {},
            "thumbprint_list": [
              "06b25927c42a721631c1efd9431e648fa62e1e39"
            ],
            "url": "oidc.eks.eu-west-2.amazonaws.com/id/C42439FC9572FB77A37F61D5CD58893F"
          },
          "sensitive_attributes": [],
          "identity_schema_version": 0,
          "identity": {
            "arn": "arn:aws:iam::928470004462:oidc-provider/oidc.eks.eu-west-2.amazonaws.com/id/C42439FC9572FB77A37F61D5CD58893F"
          },
          "private": "bnVsbA==",
          "dependencies": [
            "module.eks_gateway.aws_eks_cluster.this",
            "module.eks_gateway.aws_iam_role.cluster",
            "module.eks_gateway.aws_iam_role_policy_attachment.cluster_AmazonEKSClusterPolicy",
            "module.eks_gateway.aws_iam_role_policy_attachment.cluster_AmazonEKSVPCResourceController",
            "module.eks_gateway.data.aws_partition.current",
            "module.eks_gateway.data.tls_certificate.oidc_cert",
            "module.vpc_gateway.aws_subnet.private",
            "module.vpc_gateway.aws_vpc.this",
            "module.vpc_gateway.data.aws_availability_zones.this"
          ]
        }
      ]
    },
    {
      "module": "module.eks_gateway",
      "mode": "managed",
      "type": "aws_iam_role",
      "name": "cluster",
      "provider": "provider[\"registry.terraform.io/hashicorp/aws\"]",
      "instances": [
        {
          "schema_version": 0,
          "attributes": {
            "arn": "arn:aws:iam::928470004462:role/sentinel-eks-gateway-cluster-role",
            "assume_role_policy": "{\"Statement\":[{\"Action\":\"sts:AssumeRole\",\"Effect\":\"Allow\",\"Principal\":{\"Service\":\"eks.amazonaws.com\"}}],\"Version\":\"2012-10-17\"}",
            "create_date": "2025-08-29T16:46:16Z",
            "description": "",
            "force_detach_policies": false,
            "id": "sentinel-eks-gateway-cluster-role",
            "inline_policy": [],
            "managed_policy_arns": [
              "arn:aws:iam::aws:policy/AmazonEKSClusterPolicy",
              "arn:aws:iam::aws:policy/AmazonEKSVPCResourceController"
            ],
            "max_session_duration": 3600,
            "name": "sentinel-eks-gateway-cluster-role",
            "name_prefix": "",
            "path": "/",
            "permissions_boundary": "",
            "tags": {
              "Owner": "Platform",
              "Project": "Sentinel"
            },
            "tags_all": {
              "Owner": "Platform",
              "Project": "Sentinel"
            },
            "unique_id": "AROA5QLI76LXMKVGLONBV"
          },
          "sensitive_attributes": [],
          "identity_schema_version": 0,
          "identity": {
            "account_id": "928470004462",
            "name": "sentinel-eks-gateway-cluster-role"
          },
          "private": "bnVsbA==",
          "dependencies": [
            "module.eks_gateway.data.aws_partition.current"
          ]
        }
      ]
    },
    {
      "module": "module.eks_gateway",
      "mode": "managed",
      "type": "aws_iam_role",
      "name": "node",
      "provider": "provider[\"registry.terraform.io/hashicorp/aws\"]",
      "instances": [
        {
          "schema_version": 0,
          "attributes": {
            "arn": "arn:aws:iam::928470004462:role/sentinel-eks-gateway-node-role",
            "assume_role_policy": "{\"Statement\":[{\"Action\":\"sts:AssumeRole\",\"Effect\":\"Allow\",\"Principal\":{\"Service\":\"ec2.amazonaws.com\"}}],\"Version\":\"2012-10-17\"}",
            "create_date": "2025-08-29T16:46:16Z",
            "description": "",
            "force_detach_policies": false,
            "id": "sentinel-eks-gateway-node-role",
            "inline_policy": [],
            "managed_policy_arns": [
              "arn:aws:iam::aws:policy/AmazonEC2ContainerRegistryReadOnly",
              "arn:aws:iam::aws:policy/AmazonEKSWorkerNodePolicy",
              "arn:aws:iam::aws:policy/AmazonEKS_CNI_Policy"
            ],
            "max_session_duration": 3600,
            "name": "sentinel-eks-gateway-node-role",
            "name_prefix": "",
            "path": "/",
            "permissions_boundary": "",
            "tags": {
              "Owner": "Platform",
              "Project": "Sentinel"
            },
            "tags_all": {
              "Owner": "Platform",
              "Project": "Sentinel"
            },
            "unique_id": "AROA5QLI76LXKMTSBV47J"
          },
          "sensitive_attributes": [],
          "identity_schema_version": 0,
          "identity": {
            "account_id": "928470004462",
            "name": "sentinel-eks-gateway-node-role"
          },
          "private": "bnVsbA==",
          "dependencies": [
            "module.eks_gateway.data.aws_partition.current"
          ]
        }
      ]
    },
    {
      "module": "module.eks_gateway",
      "mode": "managed",
      "type": "aws_iam_role_policy_attachment",
      "name": "cluster_AmazonEKSClusterPolicy",
      "provider": "provider[\"registry.terraform.io/hashicorp/aws\"]",
      "instances": [
        {
          "schema_version": 0,
          "attributes": {
            "id": "sentinel-eks-gateway-cluster-role/arn:aws:iam::aws:policy/AmazonEKSClusterPolicy",
            "policy_arn": "arn:aws:iam::aws:policy/AmazonEKSClusterPolicy",
            "role": "sentinel-eks-gateway-cluster-role"
          },
          "sensitive_attributes": [],
          "identity_schema_version": 0,
          "identity": {
            "account_id": "928470004462",
            "policy_arn": "arn:aws:iam::aws:policy/AmazonEKSClusterPolicy",
            "role": "sentinel-eks-gateway-cluster-role"
          },
          "private": "bnVsbA==",
          "dependencies": [
            "module.eks_gateway.aws_iam_role.cluster",
            "module.eks_gateway.data.aws_partition.current"
          ]
        }
      ]
    },
    {
      "module": "module.eks_gateway",
      "mode": "managed",
      "type": "aws_iam_role_policy_attachment",
      "name": "cluster_AmazonEKSVPCResourceController",
      "provider": "provider[\"registry.terraform.io/hashicorp/aws\"]",
      "instances": [
        {
          "schema_version": 0,
          "attributes": {
            "id": "sentinel-eks-gateway-cluster-role/arn:aws:iam::aws:policy/AmazonEKSVPCResourceController",
            "policy_arn": "arn:aws:iam::aws:policy/AmazonEKSVPCResourceController",
            "role": "sentinel-eks-gateway-cluster-role"
          },
          "sensitive_attributes": [],
          "identity_schema_version": 0,
          "identity": {
            "account_id": "928470004462",
            "policy_arn": "arn:aws:iam::aws:policy/AmazonEKSVPCResourceController",
            "role": "sentinel-eks-gateway-cluster-role"
          },
          "private": "bnVsbA==",
          "dependencies": [
            "module.eks_gateway.aws_iam_role.cluster",
            "module.eks_gateway.data.aws_partition.current"
          ]
        }
      ]
    },
    {
      "module": "module.eks_gateway",
      "mode": "managed",
      "type": "aws_iam_role_policy_attachment",
      "name": "node_AmazonEC2ContainerRegistryReadOnly",
      "provider": "provider[\"registry.terraform.io/hashicorp/aws\"]",
      "instances": [
        {
          "schema_version": 0,
          "attributes": {
            "id": "sentinel-eks-gateway-node-role/arn:aws:iam::aws:policy/AmazonEC2ContainerRegistryReadOnly",
            "policy_arn": "arn:aws:iam::aws:policy/AmazonEC2ContainerRegistryReadOnly",
            "role": "sentinel-eks-gateway-node-role"
          },
          "sensitive_attributes": [],
          "identity_schema_version": 0,
          "identity": {
            "account_id": "928470004462",
            "policy_arn": "arn:aws:iam::aws:policy/AmazonEC2ContainerRegistryReadOnly",
            "role": "sentinel-eks-gateway-node-role"
          },
          "private": "bnVsbA==",
          "dependencies": [
            "module.eks_gateway.aws_iam_role.node",
            "module.eks_gateway.data.aws_partition.current"
          ]
        }
      ]
    },
    {
      "module": "module.eks_gateway",
      "mode": "managed",
      "type": "aws_iam_role_policy_attachment",
      "name": "node_AmazonEKSWorkerNodePolicy",
      "provider": "provider[\"registry.terraform.io/hashicorp/aws\"]",
      "instances": [
        {
          "schema_version": 0,
          "attributes": {
            "id": "sentinel-eks-gateway-node-role/arn:aws:iam::aws:policy/AmazonEKSWorkerNodePolicy",
            "policy_arn": "arn:aws:iam::aws:policy/AmazonEKSWorkerNodePolicy",
            "role": "sentinel-eks-gateway-node-role"
          },
          "sensitive_attributes": [],
          "identity_schema_version": 0,
          "identity": {
            "account_id": "928470004462",
            "policy_arn": "arn:aws:iam::aws:policy/AmazonEKSWorkerNodePolicy",
            "role": "sentinel-eks-gateway-node-role"
          },
          "private": "bnVsbA==",
          "dependencies": [
            "module.eks_gateway.aws_iam_role.node",
            "module.eks_gateway.data.aws_partition.current"
          ]
        }
      ]
    },
    {
      "module": "module.eks_gateway",
      "mode": "managed",
      "type": "aws_iam_role_policy_attachment",
      "name": "node_AmazonEKS_CNI_Policy",
      "provider": "provider[\"registry.terraform.io/hashicorp/aws\"]",
      "instances": [
        {
          "schema_version": 0,
          "attributes": {
            "id": "sentinel-eks-gateway-node-role/arn:aws:iam::aws:policy/AmazonEKS_CNI_Policy",
            "policy_arn": "arn:aws:iam::aws:policy/AmazonEKS_CNI_Policy",
            "role": "sentinel-eks-gateway-node-role"
          },
          "sensitive_attributes": [],
          "identity_schema_version": 0,
          "identity": {
            "account_id": "928470004462",
            "policy_arn": "arn:aws:iam::aws:policy/AmazonEKS_CNI_Policy",
            "role": "sentinel-eks-gateway-node-role"
          },
          "private": "bnVsbA==",
          "dependencies": [
            "module.eks_gateway.aws_iam_role.node",
            "module.eks_gateway.data.aws_partition.current"
          ]
        }
      ]
    },
    {
      "module": "module.peering",
      "mode": "managed",
      "type": "aws_route",
      "name": "acc_to_req",
      "provider": "provider[\"registry.terraform.io/hashicorp/aws\"]",
      "instances": [
        {
          "index_key": 1,
          "schema_version": 0,
          "attributes": {
            "carrier_gateway_id": "",
            "core_network_arn": "",
            "destination_cidr_block": "10.10.0.0/16",
            "destination_ipv6_cidr_block": "",
            "destination_prefix_list_id": "",
            "egress_only_gateway_id": "",
            "gateway_id": "",
            "id": "r-rtb-0364744e5e928fc85519371977",
            "instance_id": "",
            "instance_owner_id": "",
            "local_gateway_id": "",
            "nat_gateway_id": "",
            "network_interface_id": "",
            "origin": "CreateRoute",
            "region": "eu-west-2",
            "route_table_id": "rtb-0364744e5e928fc85",
            "state": "active",
            "timeouts": null,
            "transit_gateway_id": "",
            "vpc_endpoint_id": "",
            "vpc_peering_connection_id": "pcx-0cbb511801e0351df"
          },
          "sensitive_attributes": [],
          "identity_schema_version": 0,
          "identity": {
            "account_id": "928470004462",
            "destination_cidr_block": "10.10.0.0/16",
            "destination_ipv6_cidr_block": null,
            "destination_prefix_list_id": null,
            "region": "eu-west-2",
            "route_table_id": "rtb-0364744e5e928fc85"
          },
          "private": "eyJlMmJmYjczMC1lY2FhLTExZTYtOGY4OC0zNDM2M2JjN2M0YzAiOnsiY3JlYXRlIjozMDAwMDAwMDAwMDAsImRlbGV0ZSI6MzAwMDAwMDAwMDAwLCJ1cGRhdGUiOjEyMDAwMDAwMDAwMH19",
          "dependencies": [
            "module.peering.aws_vpc_peering_connection.this",
            "module.vpc_backend.aws_route_table.private",
            "module.vpc_backend.aws_subnet.private",
            "module.vpc_backend.aws_vpc.this",
            "module.vpc_backend.data.aws_availability_zones.this",
            "module.vpc_gateway.aws_vpc.this"
          ]
        }
      ]
    },
    {
      "module": "module.peering",
      "mode": "managed",
      "type": "aws_vpc_peering_connection",
      "name": "this",
      "provider": "provider[\"registry.terraform.io/hashicorp/aws\"]",
      "instances": [
        {
          "schema_version": 0,
          "attributes": {
            "accept_status": "active",
            "accepter": [
              {
                "allow_remote_vpc_dns_resolution": false
              }
            ],
            "auto_accept": true,
            "id": "pcx-0cbb511801e0351df",
            "peer_owner_id": "928470004462",
            "peer_region": "eu-west-2",
            "peer_vpc_id": "vpc-07d86c19710299faa",
            "region": "eu-west-2",
            "requester": [
              {
                "allow_remote_vpc_dns_resolution": false
              }
            ],
            "tags": {
              "Name": "sentinel-gw-backend",
              "Owner": "Platform",
              "Project": "Sentinel"
            },
            "tags_all": {
              "Name": "sentinel-gw-backend",
              "Owner": "Platform",
              "Project": "Sentinel"
            },
            "timeouts": null,
            "vpc_id": "vpc-053ebdf19e28d0a8e"
          },
          "sensitive_attributes": [],
          "identity_schema_version": 0,
          "private": "eyJlMmJmYjczMC1lY2FhLTExZTYtOGY4OC0zNDM2M2JjN2M0YzAiOnsiY3JlYXRlIjo2MDAwMDAwMDAwMCwiZGVsZXRlIjo2MDAwMDAwMDAwMCwidXBkYXRlIjo2MDAwMDAwMDAwMH19",
          "dependencies": [
            "module.vpc_backend.aws_vpc.this",
            "module.vpc_gateway.aws_vpc.this"
          ]
        }
      ]
    },
    {
      "module": "module.vpc_backend",
      "mode": "data",
      "type": "aws_availability_zones",
      "name": "this",
      "provider": "provider[\"registry.terraform.io/hashicorp/aws\"]",
      "instances": [
        {
          "schema_version": 0,
          "attributes": {
            "all_availability_zones": null,
            "exclude_names": null,
            "exclude_zone_ids": null,
            "filter": null,
            "group_names": [
              "eu-west-2-zg-1"
            ],
            "id": "eu-west-2",
            "names": [
              "eu-west-2a",
              "eu-west-2b",
              "eu-west-2c"
            ],
            "region": "eu-west-2",
            "state": "available",
            "timeouts": null,
            "zone_ids": [
              "euw2-az2",
              "euw2-az3",
              "euw2-az1"
            ]
          },
          "sensitive_attributes": [],
          "identity_schema_version": 0
        }
      ]
    },
    {
      "module": "module.vpc_backend",
      "mode": "data",
      "type": "aws_region",
      "name": "current",
      "provider": "provider[\"registry.terraform.io/hashicorp/aws\"]",
      "instances": [
        {
          "schema_version": 0,
          "attributes": {
            "description": "Europe (London)",
            "endpoint": "ec2.eu-west-2.amazonaws.com",
            "id": "eu-west-2",
            "name": "eu-west-2",
            "region": "eu-west-2"
          },
          "sensitive_attributes": [],
          "identity_schema_version": 0
        }
      ]
    },
    {
      "module": "module.vpc_backend",
      "mode": "managed",
      "type": "aws_eip",
      "name": "nat",
      "provider": "provider[\"registry.terraform.io/hashicorp/aws\"]",
      "instances": [
        {
          "index_key": "0",
          "schema_version": 0,
          "attributes": {
            "address": null,
            "allocation_id": "eipalloc-08a9e29c0a0c65072",
            "arn": "arn:aws:ec2:eu-west-2:928470004462:elastic-ip/eipalloc-08a9e29c0a0c65072",
            "associate_with_private_ip": null,
            "association_id": "eipassoc-04bac6589cb0853d4",
            "carrier_ip": "",
            "customer_owned_ip": "",
            "customer_owned_ipv4_pool": "",
            "domain": "vpc",
            "id": "eipalloc-08a9e29c0a0c65072",
            "instance": "",
            "ipam_pool_id": null,
            "network_border_group": "eu-west-2",
            "network_interface": "eni-00f658fcd79fc46cb",
            "private_dns": "ip-10-20-101-194.eu-west-2.compute.internal",
            "private_ip": "10.20.101.194",
            "ptr_record": "",
            "public_dns": "ec2-13-41-104-53.eu-west-2.compute.amazonaws.com",
            "public_ip": "13.41.104.53",
            "public_ipv4_pool": "amazon",
            "region": "eu-west-2",
            "tags": {
              "Name": "sentinel-backend-nat-eip-0",
              "Owner": "Platform",
              "Project": "Sentinel"
            },
            "tags_all": {
              "Name": "sentinel-backend-nat-eip-0",
              "Owner": "Platform",
              "Project": "Sentinel"
            },
            "timeouts": null
          },
          "sensitive_attributes": [],
          "identity_schema_version": 0,
          "private": "eyJlMmJmYjczMC1lY2FhLTExZTYtOGY4OC0zNDM2M2JjN2M0YzAiOnsiZGVsZXRlIjoxODAwMDAwMDAwMDAsInJlYWQiOjkwMDAwMDAwMDAwMCwidXBkYXRlIjozMDAwMDAwMDAwMDB9fQ==",
          "dependencies": [
            "module.vpc_backend.aws_subnet.public",
            "module.vpc_backend.aws_vpc.this",
            "module.vpc_backend.data.aws_availability_zones.this"
          ]
        },
        {
          "index_key": "1",
          "schema_version": 0,
          "attributes": {
            "address": null,
            "allocation_id": "eipalloc-052cbc0e00744d2ac",
            "arn": "arn:aws:ec2:eu-west-2:928470004462:elastic-ip/eipalloc-052cbc0e00744d2ac",
            "associate_with_private_ip": null,
            "association_id": "eipassoc-07911ab90030e7bd1",
            "carrier_ip": "",
            "customer_owned_ip": "",
            "customer_owned_ipv4_pool": "",
            "domain": "vpc",
            "id": "eipalloc-052cbc0e00744d2ac",
            "instance": "",
            "ipam_pool_id": null,
            "network_border_group": "eu-west-2",
            "network_interface": "eni-00cb8b2342e33e87e",
            "private_dns": "ip-10-20-102-226.eu-west-2.compute.internal",
            "private_ip": "10.20.102.226",
            "ptr_record": "",
            "public_dns": "ec2-18-134-224-115.eu-west-2.compute.amazonaws.com",
            "public_ip": "18.134.224.115",
            "public_ipv4_pool": "amazon",
            "region": "eu-west-2",
            "tags": {
              "Name": "sentinel-backend-nat-eip-1",
              "Owner": "Platform",
              "Project": "Sentinel"
            },
            "tags_all": {
              "Name": "sentinel-backend-nat-eip-1",
              "Owner": "Platform",
              "Project": "Sentinel"
            },
            "timeouts": null
          },
          "sensitive_attributes": [],
          "identity_schema_version": 0,
          "private": "eyJlMmJmYjczMC1lY2FhLTExZTYtOGY4OC0zNDM2M2JjN2M0YzAiOnsiZGVsZXRlIjoxODAwMDAwMDAwMDAsInJlYWQiOjkwMDAwMDAwMDAwMCwidXBkYXRlIjozMDAwMDAwMDAwMDB9fQ==",
          "dependencies": [
            "module.vpc_backend.aws_subnet.public",
            "module.vpc_backend.aws_vpc.this",
            "module.vpc_backend.data.aws_availability_zones.this"
          ]
        }
      ]
    },
    {
      "module": "module.vpc_backend",
      "mode": "managed",
      "type": "aws_internet_gateway",
      "name": "igw",
      "provider": "provider[\"registry.terraform.io/hashicorp/aws\"]",
      "instances": [
        {
          "schema_version": 0,
          "attributes": {
            "arn": "arn:aws:ec2:eu-west-2:928470004462:internet-gateway/igw-089f3b91594d50eb5",
            "id": "igw-089f3b91594d50eb5",
            "owner_id": "928470004462",
            "region": "eu-west-2",
            "tags": {
              "Name": "sentinel-backend-igw",
              "Owner": "Platform",
              "Project": "Sentinel"
            },
            "tags_all": {
              "Name": "sentinel-backend-igw",
              "Owner": "Platform",
              "Project": "Sentinel"
            },
            "timeouts": null,
            "vpc_id": "vpc-07d86c19710299faa"
          },
          "sensitive_attributes": [],
          "identity_schema_version": 0,
          "private": "eyJlMmJmYjczMC1lY2FhLTExZTYtOGY4OC0zNDM2M2JjN2M0YzAiOnsiY3JlYXRlIjoxMjAwMDAwMDAwMDAwLCJkZWxldGUiOjEyMDAwMDAwMDAwMDAsInVwZGF0ZSI6MTIwMDAwMDAwMDAwMH19",
          "dependencies": [
            "module.vpc_backend.aws_vpc.this"
          ]
        }
      ]
    },
    {
      "module": "module.vpc_backend",
      "mode": "managed",
      "type": "aws_nat_gateway",
      "name": "nat",
      "provider": "provider[\"registry.terraform.io/hashicorp/aws\"]",
      "instances": [
        {
          "index_key": "0",
          "schema_version": 0,
          "attributes": {
            "allocation_id": "eipalloc-08a9e29c0a0c65072",
            "association_id": "eipassoc-04bac6589cb0853d4",
            "connectivity_type": "public",
            "id": "nat-06e568c9dd10e48ee",
            "network_interface_id": "eni-00f658fcd79fc46cb",
            "private_ip": "10.20.101.194",
            "public_ip": "13.41.104.53",
            "region": "eu-west-2",
            "secondary_allocation_ids": [],
            "secondary_private_ip_address_count": 0,
            "secondary_private_ip_addresses": [],
            "subnet_id": "subnet-061ed342a7f7796c1",
            "tags": {
              "Name": "sentinel-backend-nat-0",
              "Owner": "Platform",
              "Project": "Sentinel"
            },
            "tags_all": {
              "Name": "sentinel-backend-nat-0",
              "Owner": "Platform",
              "Project": "Sentinel"
            },
            "timeouts": null
          },
          "sensitive_attributes": [],
          "identity_schema_version": 0,
          "private": "eyJlMmJmYjczMC1lY2FhLTExZTYtOGY4OC0zNDM2M2JjN2M0YzAiOnsiY3JlYXRlIjo2MDAwMDAwMDAwMDAsImRlbGV0ZSI6MTgwMDAwMDAwMDAwMCwidXBkYXRlIjo2MDAwMDAwMDAwMDB9fQ==",
          "dependencies": [
            "module.vpc_backend.aws_eip.nat",
            "module.vpc_backend.aws_internet_gateway.igw",
            "module.vpc_backend.aws_subnet.public",
            "module.vpc_backend.aws_vpc.this",
            "module.vpc_backend.data.aws_availability_zones.this"
          ]
        },
        {
          "index_key": "1",
          "schema_version": 0,
          "attributes": {
            "allocation_id": "eipalloc-052cbc0e00744d2ac",
            "association_id": "eipassoc-07911ab90030e7bd1",
            "connectivity_type": "public",
            "id": "nat-04fe214b0b55cc4c4",
            "network_interface_id": "eni-00cb8b2342e33e87e",
            "private_ip": "10.20.102.226",
            "public_ip": "18.134.224.115",
            "region": "eu-west-2",
            "secondary_allocation_ids": [],
            "secondary_private_ip_address_count": 0,
            "secondary_private_ip_addresses": [],
            "subnet_id": "subnet-0cbe03978f3e1684f",
            "tags": {
              "Name": "sentinel-backend-nat-1",
              "Owner": "Platform",
              "Project": "Sentinel"
            },
            "tags_all": {
              "Name": "sentinel-backend-nat-1",
              "Owner": "Platform",
              "Project": "Sentinel"
            },
            "timeouts": null
          },
          "sensitive_attributes": [],
          "identity_schema_version": 0,
          "private": "eyJlMmJmYjczMC1lY2FhLTExZTYtOGY4OC0zNDM2M2JjN2M0YzAiOnsiY3JlYXRlIjo2MDAwMDAwMDAwMDAsImRlbGV0ZSI6MTgwMDAwMDAwMDAwMCwidXBkYXRlIjo2MDAwMDAwMDAwMDB9fQ==",
          "dependencies": [
            "module.vpc_backend.aws_eip.nat",
            "module.vpc_backend.aws_internet_gateway.igw",
            "module.vpc_backend.aws_subnet.public",
            "module.vpc_backend.aws_vpc.this",
            "module.vpc_backend.data.aws_availability_zones.this"
          ]
        }
      ]
    },
    {
      "module": "module.vpc_backend",
      "mode": "managed",
      "type": "aws_route",
      "name": "private_nat",
      "provider": "provider[\"registry.terraform.io/hashicorp/aws\"]",
      "instances": [
        {
          "index_key": "0",
          "schema_version": 0,
          "attributes": {
            "carrier_gateway_id": "",
            "core_network_arn": "",
            "destination_cidr_block": "0.0.0.0/0",
            "destination_ipv6_cidr_block": "",
            "destination_prefix_list_id": "",
            "egress_only_gateway_id": "",
            "gateway_id": "",
            "id": "r-rtb-0880e148ac927f1931080289494",
            "instance_id": "",
            "instance_owner_id": "",
            "local_gateway_id": "",
            "nat_gateway_id": "nat-06e568c9dd10e48ee",
            "network_interface_id": "",
            "origin": "CreateRoute",
            "region": "eu-west-2",
            "route_table_id": "rtb-0880e148ac927f193",
            "state": "active",
            "timeouts": null,
            "transit_gateway_id": "",
            "vpc_endpoint_id": "",
            "vpc_peering_connection_id": ""
          },
          "sensitive_attributes": [],
          "identity_schema_version": 0,
          "identity": {
            "account_id": "928470004462",
            "destination_cidr_block": "0.0.0.0/0",
            "destination_ipv6_cidr_block": null,
            "destination_prefix_list_id": null,
            "region": "eu-west-2",
            "route_table_id": "rtb-0880e148ac927f193"
          },
          "private": "eyJlMmJmYjczMC1lY2FhLTExZTYtOGY4OC0zNDM2M2JjN2M0YzAiOnsiY3JlYXRlIjozMDAwMDAwMDAwMDAsImRlbGV0ZSI6MzAwMDAwMDAwMDAwLCJ1cGRhdGUiOjEyMDAwMDAwMDAwMH19",
          "dependencies": [
            "module.vpc_backend.aws_eip.nat",
            "module.vpc_backend.aws_internet_gateway.igw",
            "module.vpc_backend.aws_nat_gateway.nat",
            "module.vpc_backend.aws_route_table.private",
            "module.vpc_backend.aws_subnet.private",
            "module.vpc_backend.aws_subnet.public",
            "module.vpc_backend.aws_vpc.this",
            "module.vpc_backend.data.aws_availability_zones.this"
          ]
        },
        {
          "index_key": "1",
          "schema_version": 0,
          "attributes": {
            "carrier_gateway_id": "",
            "core_network_arn": "",
            "destination_cidr_block": "0.0.0.0/0",
            "destination_ipv6_cidr_block": "",
            "destination_prefix_list_id": "",
            "egress_only_gateway_id": "",
            "gateway_id": "",
            "id": "r-rtb-0364744e5e928fc851080289494",
            "instance_id": "",
            "instance_owner_id": "",
            "local_gateway_id": "",
            "nat_gateway_id": "nat-04fe214b0b55cc4c4",
            "network_interface_id": "",
            "origin": "CreateRoute",
            "region": "eu-west-2",
            "route_table_id": "rtb-0364744e5e928fc85",
            "state": "active",
            "timeouts": null,
            "transit_gateway_id": "",
            "vpc_endpoint_id": "",
            "vpc_peering_connection_id": ""
          },
          "sensitive_attributes": [],
          "identity_schema_version": 0,
          "identity": {
            "account_id": "928470004462",
            "destination_cidr_block": "0.0.0.0/0",
            "destination_ipv6_cidr_block": null,
            "destination_prefix_list_id": null,
            "region": "eu-west-2",
            "route_table_id": "rtb-0364744e5e928fc85"
          },
          "private": "eyJlMmJmYjczMC1lY2FhLTExZTYtOGY4OC0zNDM2M2JjN2M0YzAiOnsiY3JlYXRlIjozMDAwMDAwMDAwMDAsImRlbGV0ZSI6MzAwMDAwMDAwMDAwLCJ1cGRhdGUiOjEyMDAwMDAwMDAwMH19",
          "dependencies": [
            "module.vpc_backend.aws_eip.nat",
            "module.vpc_backend.aws_internet_gateway.igw",
            "module.vpc_backend.aws_nat_gateway.nat",
            "module.vpc_backend.aws_route_table.private",
            "module.vpc_backend.aws_subnet.private",
            "module.vpc_backend.aws_subnet.public",
            "module.vpc_backend.aws_vpc.this",
            "module.vpc_backend.data.aws_availability_zones.this"
          ]
        }
      ]
    },
    {
      "module": "module.vpc_backend",
      "mode": "managed",
      "type": "aws_route",
      "name": "public_internet",
      "provider": "provider[\"registry.terraform.io/hashicorp/aws\"]",
      "instances": [
        {
          "schema_version": 0,
          "attributes": {
            "carrier_gateway_id": "",
            "core_network_arn": "",
            "destination_cidr_block": "0.0.0.0/0",
            "destination_ipv6_cidr_block": "",
            "destination_prefix_list_id": "",
            "egress_only_gateway_id": "",
            "gateway_id": "igw-089f3b91594d50eb5",
            "id": "r-rtb-0baaab5b391fc49df1080289494",
            "instance_id": "",
            "instance_owner_id": "",
            "local_gateway_id": "",
            "nat_gateway_id": "",
            "network_interface_id": "",
            "origin": "CreateRoute",
            "region": "eu-west-2",
            "route_table_id": "rtb-0baaab5b391fc49df",
            "state": "active",
            "timeouts": null,
            "transit_gateway_id": "",
            "vpc_endpoint_id": "",
            "vpc_peering_connection_id": ""
          },
          "sensitive_attributes": [],
          "identity_schema_version": 0,
          "identity": {
            "account_id": "928470004462",
            "destination_cidr_block": "0.0.0.0/0",
            "destination_ipv6_cidr_block": null,
            "destination_prefix_list_id": null,
            "region": "eu-west-2",
            "route_table_id": "rtb-0baaab5b391fc49df"
          },
          "private": "eyJlMmJmYjczMC1lY2FhLTExZTYtOGY4OC0zNDM2M2JjN2M0YzAiOnsiY3JlYXRlIjozMDAwMDAwMDAwMDAsImRlbGV0ZSI6MzAwMDAwMDAwMDAwLCJ1cGRhdGUiOjEyMDAwMDAwMDAwMH19",
          "dependencies": [
            "module.vpc_backend.aws_internet_gateway.igw",
            "module.vpc_backend.aws_route_table.public",
            "module.vpc_backend.aws_vpc.this"
          ]
        }
      ]
    },
    {
      "module": "module.vpc_backend",
      "mode": "managed",
      "type": "aws_route_table",
      "name": "private",
      "provider": "provider[\"registry.terraform.io/hashicorp/aws\"]",
      "instances": [
        {
          "index_key": "0",
          "schema_version": 0,
          "attributes": {
            "arn": "arn:aws:ec2:eu-west-2:928470004462:route-table/rtb-0880e148ac927f193",
            "id": "rtb-0880e148ac927f193",
            "owner_id": "928470004462",
            "propagating_vgws": [],
            "region": "eu-west-2",
            "route": [
              {
                "carrier_gateway_id": "",
                "cidr_block": "0.0.0.0/0",
                "core_network_arn": "",
                "destination_prefix_list_id": "",
                "egress_only_gateway_id": "",
                "gateway_id": "",
                "ipv6_cidr_block": "",
                "local_gateway_id": "",
                "nat_gateway_id": "nat-06e568c9dd10e48ee",
                "network_interface_id": "",
                "transit_gateway_id": "",
                "vpc_endpoint_id": "",
                "vpc_peering_connection_id": ""
              }
            ],
            "tags": {
              "Name": "sentinel-backend-private-0",
              "Owner": "Platform",
              "Project": "Sentinel"
            },
            "tags_all": {
              "Name": "sentinel-backend-private-0",
              "Owner": "Platform",
              "Project": "Sentinel"
            },
            "timeouts": null,
            "vpc_id": "vpc-07d86c19710299faa"
          },
          "sensitive_attributes": [],
          "identity_schema_version": 0,
          "identity": {
            "account_id": "928470004462",
            "id": "rtb-0880e148ac927f193",
            "region": "eu-west-2"
          },
          "private": "eyJlMmJmYjczMC1lY2FhLTExZTYtOGY4OC0zNDM2M2JjN2M0YzAiOnsiY3JlYXRlIjozMDAwMDAwMDAwMDAsImRlbGV0ZSI6MzAwMDAwMDAwMDAwLCJ1cGRhdGUiOjEyMDAwMDAwMDAwMH19",
          "dependencies": [
            "module.vpc_backend.aws_subnet.private",
            "module.vpc_backend.aws_vpc.this",
            "module.vpc_backend.data.aws_availability_zones.this"
          ]
        },
        {
          "index_key": "1",
          "schema_version": 0,
          "attributes": {
            "arn": "arn:aws:ec2:eu-west-2:928470004462:route-table/rtb-0364744e5e928fc85",
            "id": "rtb-0364744e5e928fc85",
            "owner_id": "928470004462",
            "propagating_vgws": [],
            "region": "eu-west-2",
            "route": [
              {
                "carrier_gateway_id": "",
                "cidr_block": "0.0.0.0/0",
                "core_network_arn": "",
                "destination_prefix_list_id": "",
                "egress_only_gateway_id": "",
                "gateway_id": "",
                "ipv6_cidr_block": "",
                "local_gateway_id": "",
                "nat_gateway_id": "nat-04fe214b0b55cc4c4",
                "network_interface_id": "",
                "transit_gateway_id": "",
                "vpc_endpoint_id": "",
                "vpc_peering_connection_id": ""
              }
            ],
            "tags": {
              "Name": "sentinel-backend-private-1",
              "Owner": "Platform",
              "Project": "Sentinel"
            },
            "tags_all": {
              "Name": "sentinel-backend-private-1",
              "Owner": "Platform",
              "Project": "Sentinel"
            },
            "timeouts": null,
            "vpc_id": "vpc-07d86c19710299faa"
          },
          "sensitive_attributes": [],
          "identity_schema_version": 0,
          "identity": {
            "account_id": "928470004462",
            "id": "rtb-0364744e5e928fc85",
            "region": "eu-west-2"
          },
          "private": "eyJlMmJmYjczMC1lY2FhLTExZTYtOGY4OC0zNDM2M2JjN2M0YzAiOnsiY3JlYXRlIjozMDAwMDAwMDAwMDAsImRlbGV0ZSI6MzAwMDAwMDAwMDAwLCJ1cGRhdGUiOjEyMDAwMDAwMDAwMH19",
          "dependencies": [
            "module.vpc_backend.aws_subnet.private",
            "module.vpc_backend.aws_vpc.this",
            "module.vpc_backend.data.aws_availability_zones.this"
          ]
        }
      ]
    },
    {
      "module": "module.vpc_backend",
      "mode": "managed",
      "type": "aws_route_table",
      "name": "public",
      "provider": "provider[\"registry.terraform.io/hashicorp/aws\"]",
      "instances": [
        {
          "schema_version": 0,
          "attributes": {
            "arn": "arn:aws:ec2:eu-west-2:928470004462:route-table/rtb-0baaab5b391fc49df",
            "id": "rtb-0baaab5b391fc49df",
            "owner_id": "928470004462",
            "propagating_vgws": [],
            "region": "eu-west-2",
            "route": [
              {
                "carrier_gateway_id": "",
                "cidr_block": "0.0.0.0/0",
                "core_network_arn": "",
                "destination_prefix_list_id": "",
                "egress_only_gateway_id": "",
                "gateway_id": "igw-089f3b91594d50eb5",
                "ipv6_cidr_block": "",
                "local_gateway_id": "",
                "nat_gateway_id": "",
                "network_interface_id": "",
                "transit_gateway_id": "",
                "vpc_endpoint_id": "",
                "vpc_peering_connection_id": ""
              }
            ],
            "tags": {
              "Name": "sentinel-backend-public",
              "Owner": "Platform",
              "Project": "Sentinel"
            },
            "tags_all": {
              "Name": "sentinel-backend-public",
              "Owner": "Platform",
              "Project": "Sentinel"
            },
            "timeouts": null,
            "vpc_id": "vpc-07d86c19710299faa"
          },
          "sensitive_attributes": [],
          "identity_schema_version": 0,
          "identity": {
            "account_id": "928470004462",
            "id": "rtb-0baaab5b391fc49df",
            "region": "eu-west-2"
          },
          "private": "eyJlMmJmYjczMC1lY2FhLTExZTYtOGY4OC0zNDM2M2JjN2M0YzAiOnsiY3JlYXRlIjozMDAwMDAwMDAwMDAsImRlbGV0ZSI6MzAwMDAwMDAwMDAwLCJ1cGRhdGUiOjEyMDAwMDAwMDAwMH19",
          "dependencies": [
            "module.vpc_backend.aws_vpc.this"
          ]
        }
      ]
    },
    {
      "module": "module.vpc_backend",
      "mode": "managed",
      "type": "aws_route_table_association",
      "name": "public",
      "provider": "provider[\"registry.terraform.io/hashicorp/aws\"]",
      "instances": [
        {
          "index_key": "0",
          "schema_version": 0,
          "attributes": {
            "gateway_id": "",
            "id": "rtbassoc-094acebefcfa8bf3c",
            "region": "eu-west-2",
            "route_table_id": "rtb-0baaab5b391fc49df",
            "subnet_id": "subnet-061ed342a7f7796c1",
            "timeouts": null
          },
          "sensitive_attributes": [],
          "identity_schema_version": 0,
          "private": "eyJlMmJmYjczMC1lY2FhLTExZTYtOGY4OC0zNDM2M2JjN2M0YzAiOnsiY3JlYXRlIjozMDAwMDAwMDAwMDAsImRlbGV0ZSI6MzAwMDAwMDAwMDAwLCJ1cGRhdGUiOjEyMDAwMDAwMDAwMH19",
          "dependencies": [
            "module.vpc_backend.aws_route_table.public",
            "module.vpc_backend.aws_subnet.public",
            "module.vpc_backend.aws_vpc.this",
            "module.vpc_backend.data.aws_availability_zones.this"
          ]
        },
        {
          "index_key": "1",
          "schema_version": 0,
          "attributes": {
            "gateway_id": "",
            "id": "rtbassoc-0fd1dbb7fac129556",
            "region": "eu-west-2",
            "route_table_id": "rtb-0baaab5b391fc49df",
            "subnet_id": "subnet-0cbe03978f3e1684f",
            "timeouts": null
          },
          "sensitive_attributes": [],
          "identity_schema_version": 0,
          "private": "eyJlMmJmYjczMC1lY2FhLTExZTYtOGY4OC0zNDM2M2JjN2M0YzAiOnsiY3JlYXRlIjozMDAwMDAwMDAwMDAsImRlbGV0ZSI6MzAwMDAwMDAwMDAwLCJ1cGRhdGUiOjEyMDAwMDAwMDAwMH19",
          "dependencies": [
            "module.vpc_backend.aws_route_table.public",
            "module.vpc_backend.aws_subnet.public",
            "module.vpc_backend.aws_vpc.this",
            "module.vpc_backend.data.aws_availability_zones.this"
          ]
        }
      ]
    },
    {
      "module": "module.vpc_backend",
      "mode": "managed",
      "type": "aws_security_group",
      "name": "endpoints",
      "provider": "provider[\"registry.terraform.io/hashicorp/aws\"]",
      "instances": [
        {
          "schema_version": 1,
          "attributes": {
            "arn": "arn:aws:ec2:eu-west-2:928470004462:security-group/sg-046e21d0e25130197",
            "description": "Allow VPC internal traffic to interface endpoints",
            "egress": [
              {
                "cidr_blocks": [
                  "0.0.0.0/0"
                ],
                "description": "",
                "from_port": 0,
                "ipv6_cidr_blocks": [],
                "prefix_list_ids": [],
                "protocol": "-1",
                "security_groups": [],
                "self": false,
                "to_port": 0
              }
            ],
            "id": "sg-046e21d0e25130197",
            "ingress": [
              {
                "cidr_blocks": [
                  "10.20.0.0/16"
                ],
                "description": "",
                "from_port": 443,
                "ipv6_cidr_blocks": [],
                "prefix_list_ids": [],
                "protocol": "tcp",
                "security_groups": [],
                "self": false,
                "to_port": 443
              }
            ],
            "name": "sentinel-backend-vpce-sg",
            "name_prefix": "",
            "owner_id": "928470004462",
            "region": "eu-west-2",
            "revoke_rules_on_delete": false,
            "tags": {
              "Name": "sentinel-backend-vpce-sg",
              "Owner": "Platform",
              "Project": "Sentinel"
            },
            "tags_all": {
              "Name": "sentinel-backend-vpce-sg",
              "Owner": "Platform",
              "Project": "Sentinel"
            },
            "timeouts": null,
            "vpc_id": "vpc-07d86c19710299faa"
          },
          "sensitive_attributes": [],
          "identity_schema_version": 0,
          "identity": {
            "account_id": "928470004462",
            "id": "sg-046e21d0e25130197",
            "region": "eu-west-2"
          },
          "private": "eyJlMmJmYjczMC1lY2FhLTExZTYtOGY4OC0zNDM2M2JjN2M0YzAiOnsiY3JlYXRlIjo2MDAwMDAwMDAwMDAsImRlbGV0ZSI6OTAwMDAwMDAwMDAwfSwic2NoZW1hX3ZlcnNpb24iOiIxIn0=",
          "dependencies": [
            "module.vpc_backend.aws_vpc.this"
          ]
        }
      ]
    },
    {
      "module": "module.vpc_backend",
      "mode": "managed",
      "type": "aws_subnet",
      "name": "private",
      "provider": "provider[\"registry.terraform.io/hashicorp/aws\"]",
      "instances": [
        {
          "index_key": "0",
          "schema_version": 1,
          "attributes": {
            "arn": "arn:aws:ec2:eu-west-2:928470004462:subnet/subnet-0b6a5f7d4b1737b92",
            "assign_ipv6_address_on_creation": false,
            "availability_zone": "eu-west-2a",
            "availability_zone_id": "euw2-az2",
            "cidr_block": "10.20.1.0/24",
            "customer_owned_ipv4_pool": "",
            "enable_dns64": false,
            "enable_lni_at_device_index": 0,
            "enable_resource_name_dns_a_record_on_launch": false,
            "enable_resource_name_dns_aaaa_record_on_launch": false,
            "id": "subnet-0b6a5f7d4b1737b92",
            "ipv6_cidr_block": "",
            "ipv6_cidr_block_association_id": "",
            "ipv6_native": false,
            "map_customer_owned_ip_on_launch": false,
            "map_public_ip_on_launch": false,
            "outpost_arn": "",
            "owner_id": "928470004462",
            "private_dns_hostname_type_on_launch": "ip-name",
            "region": "eu-west-2",
            "tags": {
              "Name": "sentinel-backend-private-0",
              "Owner": "Platform",
              "Project": "Sentinel"
            },
            "tags_all": {
              "Name": "sentinel-backend-private-0",
              "Owner": "Platform",
              "Project": "Sentinel"
            },
            "timeouts": null,
            "vpc_id": "vpc-07d86c19710299faa"
          },
          "sensitive_attributes": [],
          "identity_schema_version": 0,
          "identity": {
            "account_id": "928470004462",
            "id": "subnet-0b6a5f7d4b1737b92",
            "region": "eu-west-2"
          },
          "private": "eyJlMmJmYjczMC1lY2FhLTExZTYtOGY4OC0zNDM2M2JjN2M0YzAiOnsiY3JlYXRlIjo2MDAwMDAwMDAwMDAsImRlbGV0ZSI6MTIwMDAwMDAwMDAwMH0sInNjaGVtYV92ZXJzaW9uIjoiMSJ9",
          "dependencies": [
            "module.vpc_backend.aws_vpc.this",
            "module.vpc_backend.data.aws_availability_zones.this"
          ]
        },
        {
          "index_key": "1",
          "schema_version": 1,
          "attributes": {
            "arn": "arn:aws:ec2:eu-west-2:928470004462:subnet/subnet-0dc2b2c9e3e7e555d",
            "assign_ipv6_address_on_creation": false,
            "availability_zone": "eu-west-2b",
            "availability_zone_id": "euw2-az3",
            "cidr_block": "10.20.2.0/24",
            "customer_owned_ipv4_pool": "",
            "enable_dns64": false,
            "enable_lni_at_device_index": 0,
            "enable_resource_name_dns_a_record_on_launch": false,
            "enable_resource_name_dns_aaaa_record_on_launch": false,
            "id": "subnet-0dc2b2c9e3e7e555d",
            "ipv6_cidr_block": "",
            "ipv6_cidr_block_association_id": "",
            "ipv6_native": false,
            "map_customer_owned_ip_on_launch": false,
            "map_public_ip_on_launch": false,
            "outpost_arn": "",
            "owner_id": "928470004462",
            "private_dns_hostname_type_on_launch": "ip-name",
            "region": "eu-west-2",
            "tags": {
              "Name": "sentinel-backend-private-1",
              "Owner": "Platform",
              "Project": "Sentinel"
            },
            "tags_all": {
              "Name": "sentinel-backend-private-1",
              "Owner": "Platform",
              "Project": "Sentinel"
            },
            "timeouts": null,
            "vpc_id": "vpc-07d86c19710299faa"
          },
          "sensitive_attributes": [],
          "identity_schema_version": 0,
          "identity": {
            "account_id": "928470004462",
            "id": "subnet-0dc2b2c9e3e7e555d",
            "region": "eu-west-2"
          },
          "private": "eyJlMmJmYjczMC1lY2FhLTExZTYtOGY4OC0zNDM2M2JjN2M0YzAiOnsiY3JlYXRlIjo2MDAwMDAwMDAwMDAsImRlbGV0ZSI6MTIwMDAwMDAwMDAwMH0sInNjaGVtYV92ZXJzaW9uIjoiMSJ9",
          "dependencies": [
            "module.vpc_backend.aws_vpc.this",
            "module.vpc_backend.data.aws_availability_zones.this"
          ]
        }
      ]
    },
    {
      "module": "module.vpc_backend",
      "mode": "managed",
      "type": "aws_subnet",
      "name": "public",
      "provider": "provider[\"registry.terraform.io/hashicorp/aws\"]",
      "instances": [
        {
          "index_key": "0",
          "schema_version": 1,
          "attributes": {
            "arn": "arn:aws:ec2:eu-west-2:928470004462:subnet/subnet-061ed342a7f7796c1",
            "assign_ipv6_address_on_creation": false,
            "availability_zone": "eu-west-2a",
            "availability_zone_id": "euw2-az2",
            "cidr_block": "10.20.101.0/24",
            "customer_owned_ipv4_pool": "",
            "enable_dns64": false,
            "enable_lni_at_device_index": 0,
            "enable_resource_name_dns_a_record_on_launch": false,
            "enable_resource_name_dns_aaaa_record_on_launch": false,
            "id": "subnet-061ed342a7f7796c1",
            "ipv6_cidr_block": "",
            "ipv6_cidr_block_association_id": "",
            "ipv6_native": false,
            "map_customer_owned_ip_on_launch": false,
            "map_public_ip_on_launch": false,
            "outpost_arn": "",
            "owner_id": "928470004462",
            "private_dns_hostname_type_on_launch": "ip-name",
            "region": "eu-west-2",
            "tags": {
              "Name": "sentinel-backend-public-0",
              "Owner": "Platform",
              "Project": "Sentinel"
            },
            "tags_all": {
              "Name": "sentinel-backend-public-0",
              "Owner": "Platform",
              "Project": "Sentinel"
            },
            "timeouts": null,
            "vpc_id": "vpc-07d86c19710299faa"
          },
          "sensitive_attributes": [],
          "identity_schema_version": 0,
          "identity": {
            "account_id": "928470004462",
            "id": "subnet-061ed342a7f7796c1",
            "region": "eu-west-2"
          },
          "private": "eyJlMmJmYjczMC1lY2FhLTExZTYtOGY4OC0zNDM2M2JjN2M0YzAiOnsiY3JlYXRlIjo2MDAwMDAwMDAwMDAsImRlbGV0ZSI6MTIwMDAwMDAwMDAwMH0sInNjaGVtYV92ZXJzaW9uIjoiMSJ9",
          "dependencies": [
            "module.vpc_backend.aws_vpc.this",
            "module.vpc_backend.data.aws_availability_zones.this"
          ]
        },
        {
          "index_key": "1",
          "schema_version": 1,
          "attributes": {
            "arn": "arn:aws:ec2:eu-west-2:928470004462:subnet/subnet-0cbe03978f3e1684f",
            "assign_ipv6_address_on_creation": false,
            "availability_zone": "eu-west-2b",
            "availability_zone_id": "euw2-az3",
            "cidr_block": "10.20.102.0/24",
            "customer_owned_ipv4_pool": "",
            "enable_dns64": false,
            "enable_lni_at_device_index": 0,
            "enable_resource_name_dns_a_record_on_launch": false,
            "enable_resource_name_dns_aaaa_record_on_launch": false,
            "id": "subnet-0cbe03978f3e1684f",
            "ipv6_cidr_block": "",
            "ipv6_cidr_block_association_id": "",
            "ipv6_native": false,
            "map_customer_owned_ip_on_launch": false,
            "map_public_ip_on_launch": false,
            "outpost_arn": "",
            "owner_id": "928470004462",
            "private_dns_hostname_type_on_launch": "ip-name",
            "region": "eu-west-2",
            "tags": {
              "Name": "sentinel-backend-public-1",
              "Owner": "Platform",
              "Project": "Sentinel"
            },
            "tags_all": {
              "Name": "sentinel-backend-public-1",
              "Owner": "Platform",
              "Project": "Sentinel"
            },
            "timeouts": null,
            "vpc_id": "vpc-07d86c19710299faa"
          },
          "sensitive_attributes": [],
          "identity_schema_version": 0,
          "identity": {
            "account_id": "928470004462",
            "id": "subnet-0cbe03978f3e1684f",
            "region": "eu-west-2"
          },
          "private": "eyJlMmJmYjczMC1lY2FhLTExZTYtOGY4OC0zNDM2M2JjN2M0YzAiOnsiY3JlYXRlIjo2MDAwMDAwMDAwMDAsImRlbGV0ZSI6MTIwMDAwMDAwMDAwMH0sInNjaGVtYV92ZXJzaW9uIjoiMSJ9",
          "dependencies": [
            "module.vpc_backend.aws_vpc.this",
            "module.vpc_backend.data.aws_availability_zones.this"
          ]
        }
      ]
    },
    {
      "module": "module.vpc_backend",
      "mode": "managed",
      "type": "aws_vpc",
      "name": "this",
      "provider": "provider[\"registry.terraform.io/hashicorp/aws\"]",
      "instances": [
        {
          "schema_version": 1,
          "attributes": {
            "arn": "arn:aws:ec2:eu-west-2:928470004462:vpc/vpc-07d86c19710299faa",
            "assign_generated_ipv6_cidr_block": false,
            "cidr_block": "10.20.0.0/16",
            "default_network_acl_id": "acl-0fb6763893d7ef7b0",
            "default_route_table_id": "rtb-080bec284946edacc",
            "default_security_group_id": "sg-0e4c1009834d96d42",
            "dhcp_options_id": "dopt-04f788a94684bdb20",
            "enable_dns_hostnames": true,
            "enable_dns_support": true,
            "enable_network_address_usage_metrics": false,
            "id": "vpc-07d86c19710299faa",
            "instance_tenancy": "default",
            "ipv4_ipam_pool_id": null,
            "ipv4_netmask_length": null,
            "ipv6_association_id": "",
            "ipv6_cidr_block": "",
            "ipv6_cidr_block_network_border_group": "",
            "ipv6_ipam_pool_id": "",
            "ipv6_netmask_length": 0,
            "main_route_table_id": "rtb-080bec284946edacc",
            "owner_id": "928470004462",
            "region": "eu-west-2",
            "tags": {
              "Name": "sentinel-backend",
              "Owner": "Platform",
              "Project": "Sentinel"
            },
            "tags_all": {
              "Name": "sentinel-backend",
              "Owner": "Platform",
              "Project": "Sentinel"
            }
          },
          "sensitive_attributes": [],
          "identity_schema_version": 0,
          "private": "eyJzY2hlbWFfdmVyc2lvbiI6IjEifQ=="
        }
      ]
    },
    {
      "module": "module.vpc_backend",
      "mode": "managed",
      "type": "aws_vpc_endpoint",
      "name": "gateway",
      "provider": "provider[\"registry.terraform.io/hashicorp/aws\"]",
      "instances": [
        {
          "index_key": "dynamodb",
          "schema_version": 0,
          "attributes": {
            "arn": "arn:aws:ec2:eu-west-2:928470004462:vpc-endpoint/vpce-053e3d205f508590d",
            "auto_accept": null,
            "cidr_blocks": [
              "35.71.111.0/25",
              "52.94.15.0/24",
              "35.71.111.128/26"
            ],
            "dns_entry": [],
            "dns_options": [],
            "id": "vpce-053e3d205f508590d",
            "ip_address_type": "",
            "network_interface_ids": [],
            "owner_id": "928470004462",
            "policy": "{\"Statement\":[{\"Action\":\"*\",\"Effect\":\"Allow\",\"Principal\":\"*\",\"Resource\":\"*\"}],\"Version\":\"2008-10-17\"}",
            "prefix_list_id": "pl-b3a742da",
            "private_dns_enabled": false,
            "region": "eu-west-2",
            "requester_managed": false,
            "resource_configuration_arn": "",
            "route_table_ids": [
              "rtb-0364744e5e928fc85",
              "rtb-0880e148ac927f193"
            ],
            "security_group_ids": [],
            "service_name": "com.amazonaws.eu-west-2.dynamodb",
            "service_network_arn": "",
            "service_region": "eu-west-2",
            "state": "available",
            "subnet_configuration": [],
            "subnet_ids": [],
            "tags": {
              "Name": "sentinel-backend-vpce-dynamodb",
              "Owner": "Platform",
              "Project": "Sentinel"
            },
            "tags_all": {
              "Name": "sentinel-backend-vpce-dynamodb",
              "Owner": "Platform",
              "Project": "Sentinel"
            },
            "timeouts": null,
            "vpc_endpoint_type": "Gateway",
            "vpc_id": "vpc-07d86c19710299faa"
          },
          "sensitive_attributes": [],
          "identity_schema_version": 0,
          "private": "eyJlMmJmYjczMC1lY2FhLTExZTYtOGY4OC0zNDM2M2JjN2M0YzAiOnsiY3JlYXRlIjo2MDAwMDAwMDAwMDAsImRlbGV0ZSI6NjAwMDAwMDAwMDAwLCJ1cGRhdGUiOjYwMDAwMDAwMDAwMH19",
          "dependencies": [
            "module.vpc_backend.aws_route_table.private",
            "module.vpc_backend.aws_subnet.private",
            "module.vpc_backend.aws_vpc.this",
            "module.vpc_backend.data.aws_availability_zones.this",
            "module.vpc_backend.data.aws_region.current"
          ]
        },
        {
          "index_key": "s3",
          "schema_version": 0,
          "attributes": {
            "arn": "arn:aws:ec2:eu-west-2:928470004462:vpc-endpoint/vpce-03ed12fdf80b2e924",
            "auto_accept": null,
            "cidr_blocks": [
              "52.95.150.0/24",
              "52.95.191.0/24",
              "52.95.142.0/23",
              "16.12.16.0/23",
              "3.5.244.0/22",
              "52.219.219.0/24",
              "52.95.144.0/24",
              "52.95.148.0/23",
              "16.12.15.0/24"
            ],
            "dns_entry": [],
            "dns_options": [],
            "id": "vpce-03ed12fdf80b2e924",
            "ip_address_type": "",
            "network_interface_ids": [],
            "owner_id": "928470004462",
            "policy": "{\"Statement\":[{\"Action\":\"*\",\"Effect\":\"Allow\",\"Principal\":\"*\",\"Resource\":\"*\"}],\"Version\":\"2008-10-17\"}",
            "prefix_list_id": "pl-7ca54015",
            "private_dns_enabled": false,
            "region": "eu-west-2",
            "requester_managed": false,
            "resource_configuration_arn": "",
            "route_table_ids": [
              "rtb-0364744e5e928fc85",
              "rtb-0880e148ac927f193"
            ],
            "security_group_ids": [],
            "service_name": "com.amazonaws.eu-west-2.s3",
            "service_network_arn": "",
            "service_region": "eu-west-2",
            "state": "available",
            "subnet_configuration": [],
            "subnet_ids": [],
            "tags": {
              "Name": "sentinel-backend-vpce-s3",
              "Owner": "Platform",
              "Project": "Sentinel"
            },
            "tags_all": {
              "Name": "sentinel-backend-vpce-s3",
              "Owner": "Platform",
              "Project": "Sentinel"
            },
            "timeouts": null,
            "vpc_endpoint_type": "Gateway",
            "vpc_id": "vpc-07d86c19710299faa"
          },
          "sensitive_attributes": [],
          "identity_schema_version": 0,
          "private": "eyJlMmJmYjczMC1lY2FhLTExZTYtOGY4OC0zNDM2M2JjN2M0YzAiOnsiY3JlYXRlIjo2MDAwMDAwMDAwMDAsImRlbGV0ZSI6NjAwMDAwMDAwMDAwLCJ1cGRhdGUiOjYwMDAwMDAwMDAwMH19",
          "dependencies": [
            "module.vpc_backend.aws_route_table.private",
            "module.vpc_backend.aws_subnet.private",
            "module.vpc_backend.aws_vpc.this",
            "module.vpc_backend.data.aws_availability_zones.this",
            "module.vpc_backend.data.aws_region.current"
          ]
        }
      ]
    },
    {
      "module": "module.vpc_backend",
      "mode": "managed",
      "type": "aws_vpc_endpoint",
      "name": "interface",
      "provider": "provider[\"registry.terraform.io/hashicorp/aws\"]",
      "instances": [
        {
          "index_key": "com.amazonaws.eu-west-2.ec2",
          "schema_version": 0,
          "attributes": {
            "arn": "arn:aws:ec2:eu-west-2:928470004462:vpc-endpoint/vpce-01c60b2f5803306b4",
            "auto_accept": null,
            "cidr_blocks": [],
            "dns_entry": [
              {
                "dns_name": "vpce-01c60b2f5803306b4-nqz230n4.ec2.eu-west-2.vpce.amazonaws.com",
                "hosted_zone_id": "Z7K1066E3PUKB"
              },
              {
                "dns_name": "vpce-01c60b2f5803306b4-nqz230n4-eu-west-2b.ec2.eu-west-2.vpce.amazonaws.com",
                "hosted_zone_id": "Z7K1066E3PUKB"
              },
              {
                "dns_name": "vpce-01c60b2f5803306b4-nqz230n4-eu-west-2a.ec2.eu-west-2.vpce.amazonaws.com",
                "hosted_zone_id": "Z7K1066E3PUKB"
              },
              {
                "dns_name": "ec2.eu-west-2.amazonaws.com",
                "hosted_zone_id": "Z08820752GA2Y7K2TFPUE"
              },
              {
                "dns_name": "ec2.eu-west-2.api.aws",
                "hosted_zone_id": "Z0882074285XJRHDW7C77"
              }
            ],
            "dns_options": [
              {
                "dns_record_ip_type": "ipv4",
                "private_dns_only_for_inbound_resolver_endpoint": false
              }
            ],
            "id": "vpce-01c60b2f5803306b4",
            "ip_address_type": "ipv4",
            "network_interface_ids": [
              "eni-026260f9b90e1f7c0",
              "eni-09f9ba17e49be05a6"
            ],
            "owner_id": "928470004462",
            "policy": "{\"Statement\":[{\"Action\":\"*\",\"Effect\":\"Allow\",\"Principal\":\"*\",\"Resource\":\"*\"}]}",
            "prefix_list_id": null,
            "private_dns_enabled": true,
            "region": "eu-west-2",
            "requester_managed": false,
            "resource_configuration_arn": "",
            "route_table_ids": [],
            "security_group_ids": [
              "sg-046e21d0e25130197"
            ],
            "service_name": "com.amazonaws.eu-west-2.ec2",
            "service_network_arn": "",
            "service_region": "eu-west-2",
            "state": "available",
            "subnet_configuration": [
              {
                "ipv4": "10.20.1.111",
                "ipv6": "",
                "subnet_id": "subnet-0b6a5f7d4b1737b92"
              },
              {
                "ipv4": "10.20.2.40",
                "ipv6": "",
                "subnet_id": "subnet-0dc2b2c9e3e7e555d"
              }
            ],
            "subnet_ids": [
              "subnet-0b6a5f7d4b1737b92",
              "subnet-0dc2b2c9e3e7e555d"
            ],
            "tags": {
              "Name": "sentinel-backend-vpce-ec2",
              "Owner": "Platform",
              "Project": "Sentinel"
            },
            "tags_all": {
              "Name": "sentinel-backend-vpce-ec2",
              "Owner": "Platform",
              "Project": "Sentinel"
            },
            "timeouts": null,
            "vpc_endpoint_type": "Interface",
            "vpc_id": "vpc-07d86c19710299faa"
          },
          "sensitive_attributes": [],
          "identity_schema_version": 0,
          "private": "eyJlMmJmYjczMC1lY2FhLTExZTYtOGY4OC0zNDM2M2JjN2M0YzAiOnsiY3JlYXRlIjo2MDAwMDAwMDAwMDAsImRlbGV0ZSI6NjAwMDAwMDAwMDAwLCJ1cGRhdGUiOjYwMDAwMDAwMDAwMH19",
          "dependencies": [
            "module.vpc_backend.aws_security_group.endpoints",
            "module.vpc_backend.aws_subnet.private",
            "module.vpc_backend.aws_vpc.this",
            "module.vpc_backend.data.aws_availability_zones.this",
            "module.vpc_backend.data.aws_region.current"
          ]
        },
        {
          "index_key": "com.amazonaws.eu-west-2.ec2messages",
          "schema_version": 0,
          "attributes": {
            "arn": "arn:aws:ec2:eu-west-2:928470004462:vpc-endpoint/vpce-0bc992ff7e32cebfb",
            "auto_accept": null,
            "cidr_blocks": [],
            "dns_entry": [
              {
                "dns_name": "vpce-0bc992ff7e32cebfb-8ld74lvs.ec2messages.eu-west-2.vpce.amazonaws.com",
                "hosted_zone_id": "Z7K1066E3PUKB"
              },
              {
                "dns_name": "vpce-0bc992ff7e32cebfb-8ld74lvs-eu-west-2a.ec2messages.eu-west-2.vpce.amazonaws.com",
                "hosted_zone_id": "Z7K1066E3PUKB"
              },
              {
                "dns_name": "vpce-0bc992ff7e32cebfb-8ld74lvs-eu-west-2b.ec2messages.eu-west-2.vpce.amazonaws.com",
                "hosted_zone_id": "Z7K1066E3PUKB"
              },
              {
                "dns_name": "ec2messages.eu-west-2.amazonaws.com",
                "hosted_zone_id": "Z08826403G2LNX78MH112"
              }
            ],
            "dns_options": [
              {
                "dns_record_ip_type": "ipv4",
                "private_dns_only_for_inbound_resolver_endpoint": false
              }
            ],
            "id": "vpce-0bc992ff7e32cebfb",
            "ip_address_type": "ipv4",
            "network_interface_ids": [
              "eni-007dca5c721e9fbad",
              "eni-0f71c6b6a49af0ffa"
            ],
            "owner_id": "928470004462",
            "policy": "{\"Statement\":[{\"Action\":\"*\",\"Effect\":\"Allow\",\"Principal\":\"*\",\"Resource\":\"*\"}]}",
            "prefix_list_id": null,
            "private_dns_enabled": true,
            "region": "eu-west-2",
            "requester_managed": false,
            "resource_configuration_arn": "",
            "route_table_ids": [],
            "security_group_ids": [
              "sg-046e21d0e25130197"
            ],
            "service_name": "com.amazonaws.eu-west-2.ec2messages",
            "service_network_arn": "",
            "service_region": "eu-west-2",
            "state": "available",
            "subnet_configuration": [
              {
                "ipv4": "10.20.1.85",
                "ipv6": "",
                "subnet_id": "subnet-0b6a5f7d4b1737b92"
              },
              {
                "ipv4": "10.20.2.12",
                "ipv6": "",
                "subnet_id": "subnet-0dc2b2c9e3e7e555d"
              }
            ],
            "subnet_ids": [
              "subnet-0b6a5f7d4b1737b92",
              "subnet-0dc2b2c9e3e7e555d"
            ],
            "tags": {
              "Name": "sentinel-backend-vpce-ec2messages",
              "Owner": "Platform",
              "Project": "Sentinel"
            },
            "tags_all": {
              "Name": "sentinel-backend-vpce-ec2messages",
              "Owner": "Platform",
              "Project": "Sentinel"
            },
            "timeouts": null,
            "vpc_endpoint_type": "Interface",
            "vpc_id": "vpc-07d86c19710299faa"
          },
          "sensitive_attributes": [],
          "identity_schema_version": 0,
          "private": "eyJlMmJmYjczMC1lY2FhLTExZTYtOGY4OC0zNDM2M2JjN2M0YzAiOnsiY3JlYXRlIjo2MDAwMDAwMDAwMDAsImRlbGV0ZSI6NjAwMDAwMDAwMDAwLCJ1cGRhdGUiOjYwMDAwMDAwMDAwMH19",
          "dependencies": [
            "module.vpc_backend.aws_security_group.endpoints",
            "module.vpc_backend.aws_subnet.private",
            "module.vpc_backend.aws_vpc.this",
            "module.vpc_backend.data.aws_availability_zones.this",
            "module.vpc_backend.data.aws_region.current"
          ]
        },
        {
          "index_key": "com.amazonaws.eu-west-2.ecr.api",
          "schema_version": 0,
          "attributes": {
            "arn": "arn:aws:ec2:eu-west-2:928470004462:vpc-endpoint/vpce-01c92a08474970567",
            "auto_accept": null,
            "cidr_blocks": [],
            "dns_entry": [
              {
                "dns_name": "vpce-01c92a08474970567-bsisokrl.api.ecr.eu-west-2.vpce.amazonaws.com",
                "hosted_zone_id": "Z7K1066E3PUKB"
              },
              {
                "dns_name": "vpce-01c92a08474970567-bsisokrl-eu-west-2b.api.ecr.eu-west-2.vpce.amazonaws.com",
                "hosted_zone_id": "Z7K1066E3PUKB"
              },
              {
                "dns_name": "vpce-01c92a08474970567-bsisokrl-eu-west-2a.api.ecr.eu-west-2.vpce.amazonaws.com",
                "hosted_zone_id": "Z7K1066E3PUKB"
              },
              {
                "dns_name": "api.ecr.eu-west-2.amazonaws.com",
                "hosted_zone_id": "Z02963872ZZLSMHEZ06TH"
              },
              {
                "dns_name": "ecr.eu-west-2.api.aws",
                "hosted_zone_id": "Z08825783US7NM44AGN8X"
              }
            ],
            "dns_options": [
              {
                "dns_record_ip_type": "ipv4",
                "private_dns_only_for_inbound_resolver_endpoint": false
              }
            ],
            "id": "vpce-01c92a08474970567",
            "ip_address_type": "ipv4",
            "network_interface_ids": [
              "eni-07aa69c382b9096a5",
              "eni-0a37c1670715fda35"
            ],
            "owner_id": "928470004462",
            "policy": "{\"Statement\":[{\"Action\":\"*\",\"Effect\":\"Allow\",\"Principal\":\"*\",\"Resource\":\"*\"}]}",
            "prefix_list_id": null,
            "private_dns_enabled": true,
            "region": "eu-west-2",
            "requester_managed": false,
            "resource_configuration_arn": "",
            "route_table_ids": [],
            "security_group_ids": [
              "sg-046e21d0e25130197"
            ],
            "service_name": "com.amazonaws.eu-west-2.ecr.api",
            "service_network_arn": "",
            "service_region": "eu-west-2",
            "state": "available",
            "subnet_configuration": [
              {
                "ipv4": "10.20.1.58",
                "ipv6": "",
                "subnet_id": "subnet-0b6a5f7d4b1737b92"
              },
              {
                "ipv4": "10.20.2.46",
                "ipv6": "",
                "subnet_id": "subnet-0dc2b2c9e3e7e555d"
              }
            ],
            "subnet_ids": [
              "subnet-0b6a5f7d4b1737b92",
              "subnet-0dc2b2c9e3e7e555d"
            ],
            "tags": {
              "Name": "sentinel-backend-vpce-ecr.api",
              "Owner": "Platform",
              "Project": "Sentinel"
            },
            "tags_all": {
              "Name": "sentinel-backend-vpce-ecr.api",
              "Owner": "Platform",
              "Project": "Sentinel"
            },
            "timeouts": null,
            "vpc_endpoint_type": "Interface",
            "vpc_id": "vpc-07d86c19710299faa"
          },
          "sensitive_attributes": [],
          "identity_schema_version": 0,
          "private": "eyJlMmJmYjczMC1lY2FhLTExZTYtOGY4OC0zNDM2M2JjN2M0YzAiOnsiY3JlYXRlIjo2MDAwMDAwMDAwMDAsImRlbGV0ZSI6NjAwMDAwMDAwMDAwLCJ1cGRhdGUiOjYwMDAwMDAwMDAwMH19",
          "dependencies": [
            "module.vpc_backend.aws_security_group.endpoints",
            "module.vpc_backend.aws_subnet.private",
            "module.vpc_backend.aws_vpc.this",
            "module.vpc_backend.data.aws_availability_zones.this",
            "module.vpc_backend.data.aws_region.current"
          ]
        },
        {
          "index_key": "com.amazonaws.eu-west-2.ecr.dkr",
          "schema_version": 0,
          "attributes": {
            "arn": "arn:aws:ec2:eu-west-2:928470004462:vpc-endpoint/vpce-0e161abcf38b32dad",
            "auto_accept": null,
            "cidr_blocks": [],
            "dns_entry": [
              {
                "dns_name": "vpce-0e161abcf38b32dad-9kajtmnl.dkr.ecr.eu-west-2.vpce.amazonaws.com",
                "hosted_zone_id": "Z7K1066E3PUKB"
              },
              {
                "dns_name": "vpce-0e161abcf38b32dad-9kajtmnl-eu-west-2b.dkr.ecr.eu-west-2.vpce.amazonaws.com",
                "hosted_zone_id": "Z7K1066E3PUKB"
              },
              {
                "dns_name": "vpce-0e161abcf38b32dad-9kajtmnl-eu-west-2a.dkr.ecr.eu-west-2.vpce.amazonaws.com",
                "hosted_zone_id": "Z7K1066E3PUKB"
              },
              {
                "dns_name": "dkr.ecr.eu-west-2.amazonaws.com",
                "hosted_zone_id": "Z00254453FM3JR75M2YFY"
              },
              {
                "dns_name": "*.dkr.ecr.eu-west-2.amazonaws.com",
                "hosted_zone_id": "Z00254453FM3JR75M2YFY"
              },
              {
                "dns_name": "dkr-ecr.eu-west-2.on.aws",
                "hosted_zone_id": "Z08837053O7O86X71IYD"
              },
              {
                "dns_name": "*.dkr-ecr.eu-west-2.on.aws",
                "hosted_zone_id": "Z08837053O7O86X71IYD"
              }
            ],
            "dns_options": [
              {
                "dns_record_ip_type": "ipv4",
                "private_dns_only_for_inbound_resolver_endpoint": false
              }
            ],
            "id": "vpce-0e161abcf38b32dad",
            "ip_address_type": "ipv4",
            "network_interface_ids": [
              "eni-0942766f27b2d3cd6",
              "eni-0b4ce84dd0aeae214"
            ],
            "owner_id": "928470004462",
            "policy": "{\"Statement\":[{\"Action\":\"*\",\"Effect\":\"Allow\",\"Principal\":\"*\",\"Resource\":\"*\"}]}",
            "prefix_list_id": null,
            "private_dns_enabled": true,
            "region": "eu-west-2",
            "requester_managed": false,
            "resource_configuration_arn": "",
            "route_table_ids": [],
            "security_group_ids": [
              "sg-046e21d0e25130197"
            ],
            "service_name": "com.amazonaws.eu-west-2.ecr.dkr",
            "service_network_arn": "",
            "service_region": "eu-west-2",
            "state": "available",
            "subnet_configuration": [
              {
                "ipv4": "10.20.1.182",
                "ipv6": "",
                "subnet_id": "subnet-0b6a5f7d4b1737b92"
              },
              {
                "ipv4": "10.20.2.187",
                "ipv6": "",
                "subnet_id": "subnet-0dc2b2c9e3e7e555d"
              }
            ],
            "subnet_ids": [
              "subnet-0b6a5f7d4b1737b92",
              "subnet-0dc2b2c9e3e7e555d"
            ],
            "tags": {
              "Name": "sentinel-backend-vpce-ecr.dkr",
              "Owner": "Platform",
              "Project": "Sentinel"
            },
            "tags_all": {
              "Name": "sentinel-backend-vpce-ecr.dkr",
              "Owner": "Platform",
              "Project": "Sentinel"
            },
            "timeouts": null,
            "vpc_endpoint_type": "Interface",
            "vpc_id": "vpc-07d86c19710299faa"
          },
          "sensitive_attributes": [],
          "identity_schema_version": 0,
          "private": "eyJlMmJmYjczMC1lY2FhLTExZTYtOGY4OC0zNDM2M2JjN2M0YzAiOnsiY3JlYXRlIjo2MDAwMDAwMDAwMDAsImRlbGV0ZSI6NjAwMDAwMDAwMDAwLCJ1cGRhdGUiOjYwMDAwMDAwMDAwMH19",
          "dependencies": [
            "module.vpc_backend.aws_security_group.endpoints",
            "module.vpc_backend.aws_subnet.private",
            "module.vpc_backend.aws_vpc.this",
            "module.vpc_backend.data.aws_availability_zones.this",
            "module.vpc_backend.data.aws_region.current"
          ]
        },
        {
          "index_key": "com.amazonaws.eu-west-2.kms",
          "schema_version": 0,
          "attributes": {
            "arn": "arn:aws:ec2:eu-west-2:928470004462:vpc-endpoint/vpce-03cc6f465af8b268d",
            "auto_accept": null,
            "cidr_blocks": [],
            "dns_entry": [
              {
                "dns_name": "vpce-03cc6f465af8b268d-1871brs0.kms.eu-west-2.vpce.amazonaws.com",
                "hosted_zone_id": "Z7K1066E3PUKB"
              },
              {
                "dns_name": "vpce-03cc6f465af8b268d-1871brs0-eu-west-2a.kms.eu-west-2.vpce.amazonaws.com",
                "hosted_zone_id": "Z7K1066E3PUKB"
              },
              {
                "dns_name": "vpce-03cc6f465af8b268d-1871brs0-eu-west-2b.kms.eu-west-2.vpce.amazonaws.com",
                "hosted_zone_id": "Z7K1066E3PUKB"
              },
              {
                "dns_name": "kms.eu-west-2.amazonaws.com",
                "hosted_zone_id": "Z0031876XBV07G2MBFRA"
              },
              {
                "dns_name": "kms.eu-west-2.api.aws",
                "hosted_zone_id": "Z088256925RV01RA4K61U"
              }
            ],
            "dns_options": [
              {
                "dns_record_ip_type": "ipv4",
                "private_dns_only_for_inbound_resolver_endpoint": false
              }
            ],
            "id": "vpce-03cc6f465af8b268d",
            "ip_address_type": "ipv4",
            "network_interface_ids": [
              "eni-01ec8fe99a522f9da",
              "eni-0439d4cd9b1f9a364"
            ],
            "owner_id": "928470004462",
            "policy": "{\"Statement\":[{\"Action\":\"*\",\"Effect\":\"Allow\",\"Principal\":\"*\",\"Resource\":\"*\"}]}",
            "prefix_list_id": null,
            "private_dns_enabled": true,
            "region": "eu-west-2",
            "requester_managed": false,
            "resource_configuration_arn": "",
            "route_table_ids": [],
            "security_group_ids": [
              "sg-046e21d0e25130197"
            ],
            "service_name": "com.amazonaws.eu-west-2.kms",
            "service_network_arn": "",
            "service_region": "eu-west-2",
            "state": "available",
            "subnet_configuration": [
              {
                "ipv4": "10.20.1.238",
                "ipv6": "",
                "subnet_id": "subnet-0b6a5f7d4b1737b92"
              },
              {
                "ipv4": "10.20.2.77",
                "ipv6": "",
                "subnet_id": "subnet-0dc2b2c9e3e7e555d"
              }
            ],
            "subnet_ids": [
              "subnet-0b6a5f7d4b1737b92",
              "subnet-0dc2b2c9e3e7e555d"
            ],
            "tags": {
              "Name": "sentinel-backend-vpce-kms",
              "Owner": "Platform",
              "Project": "Sentinel"
            },
            "tags_all": {
              "Name": "sentinel-backend-vpce-kms",
              "Owner": "Platform",
              "Project": "Sentinel"
            },
            "timeouts": null,
            "vpc_endpoint_type": "Interface",
            "vpc_id": "vpc-07d86c19710299faa"
          },
          "sensitive_attributes": [],
          "identity_schema_version": 0,
          "private": "eyJlMmJmYjczMC1lY2FhLTExZTYtOGY4OC0zNDM2M2JjN2M0YzAiOnsiY3JlYXRlIjo2MDAwMDAwMDAwMDAsImRlbGV0ZSI6NjAwMDAwMDAwMDAwLCJ1cGRhdGUiOjYwMDAwMDAwMDAwMH19",
          "dependencies": [
            "module.vpc_backend.aws_security_group.endpoints",
            "module.vpc_backend.aws_subnet.private",
            "module.vpc_backend.aws_vpc.this",
            "module.vpc_backend.data.aws_availability_zones.this",
            "module.vpc_backend.data.aws_region.current"
          ]
        },
        {
          "index_key": "com.amazonaws.eu-west-2.logs",
          "schema_version": 0,
          "attributes": {
            "arn": "arn:aws:ec2:eu-west-2:928470004462:vpc-endpoint/vpce-02e5eea1189f31e41",
            "auto_accept": null,
            "cidr_blocks": [],
            "dns_entry": [
              {
                "dns_name": "vpce-02e5eea1189f31e41-630mw3dv.logs.eu-west-2.vpce.amazonaws.com",
                "hosted_zone_id": "Z7K1066E3PUKB"
              },
              {
                "dns_name": "vpce-02e5eea1189f31e41-630mw3dv-eu-west-2a.logs.eu-west-2.vpce.amazonaws.com",
                "hosted_zone_id": "Z7K1066E3PUKB"
              },
              {
                "dns_name": "vpce-02e5eea1189f31e41-630mw3dv-eu-west-2b.logs.eu-west-2.vpce.amazonaws.com",
                "hosted_zone_id": "Z7K1066E3PUKB"
              },
              {
                "dns_name": "logs.eu-west-2.amazonaws.com",
                "hosted_zone_id": "Z038305615U1LS6I0D8IL"
              },
              {
                "dns_name": "logs.eu-west-2.api.aws",
                "hosted_zone_id": "Z03830633M8AAWQ6O3PJ0"
              },
              {
                "dns_name": "streaming-logs.eu-west-2.api.aws",
                "hosted_zone_id": "Z088208615WI7AAFOUTUY"
              },
              {
                "dns_name": "streaming-logs.eu-west-2.amazonaws.com",
                "hosted_zone_id": "Z03837061L5M6YOQ6PM5Y"
              }
            ],
            "dns_options": [
              {
                "dns_record_ip_type": "ipv4",
                "private_dns_only_for_inbound_resolver_endpoint": false
              }
            ],
            "id": "vpce-02e5eea1189f31e41",
            "ip_address_type": "ipv4",
            "network_interface_ids": [
              "eni-0b959e968b54f3ac3",
              "eni-0c0cc5894f14ff18f"
            ],
            "owner_id": "928470004462",
            "policy": "{\"Statement\":[{\"Action\":\"*\",\"Effect\":\"Allow\",\"Principal\":\"*\",\"Resource\":\"*\"}]}",
            "prefix_list_id": null,
            "private_dns_enabled": true,
            "region": "eu-west-2",
            "requester_managed": false,
            "resource_configuration_arn": "",
            "route_table_ids": [],
            "security_group_ids": [
              "sg-046e21d0e25130197"
            ],
            "service_name": "com.amazonaws.eu-west-2.logs",
            "service_network_arn": "",
            "service_region": "eu-west-2",
            "state": "available",
            "subnet_configuration": [
              {
                "ipv4": "10.20.1.183",
                "ipv6": "",
                "subnet_id": "subnet-0b6a5f7d4b1737b92"
              },
              {
                "ipv4": "10.20.2.205",
                "ipv6": "",
                "subnet_id": "subnet-0dc2b2c9e3e7e555d"
              }
            ],
            "subnet_ids": [
              "subnet-0b6a5f7d4b1737b92",
              "subnet-0dc2b2c9e3e7e555d"
            ],
            "tags": {
              "Name": "sentinel-backend-vpce-logs",
              "Owner": "Platform",
              "Project": "Sentinel"
            },
            "tags_all": {
              "Name": "sentinel-backend-vpce-logs",
              "Owner": "Platform",
              "Project": "Sentinel"
            },
            "timeouts": null,
            "vpc_endpoint_type": "Interface",
            "vpc_id": "vpc-07d86c19710299faa"
          },
          "sensitive_attributes": [],
          "identity_schema_version": 0,
          "private": "eyJlMmJmYjczMC1lY2FhLTExZTYtOGY4OC0zNDM2M2JjN2M0YzAiOnsiY3JlYXRlIjo2MDAwMDAwMDAwMDAsImRlbGV0ZSI6NjAwMDAwMDAwMDAwLCJ1cGRhdGUiOjYwMDAwMDAwMDAwMH19",
          "dependencies": [
            "module.vpc_backend.aws_security_group.endpoints",
            "module.vpc_backend.aws_subnet.private",
            "module.vpc_backend.aws_vpc.this",
            "module.vpc_backend.data.aws_availability_zones.this",
            "module.vpc_backend.data.aws_region.current"
          ]
        },
        {
          "index_key": "com.amazonaws.eu-west-2.secretsmanager",
          "schema_version": 0,
          "attributes": {
            "arn": "arn:aws:ec2:eu-west-2:928470004462:vpc-endpoint/vpce-0d3a6819547c9740a",
            "auto_accept": null,
            "cidr_blocks": [],
            "dns_entry": [
              {
                "dns_name": "vpce-0d3a6819547c9740a-vmmqmbv4.secretsmanager.eu-west-2.vpce.amazonaws.com",
                "hosted_zone_id": "Z7K1066E3PUKB"
              },
              {
                "dns_name": "vpce-0d3a6819547c9740a-vmmqmbv4-eu-west-2b.secretsmanager.eu-west-2.vpce.amazonaws.com",
                "hosted_zone_id": "Z7K1066E3PUKB"
              },
              {
                "dns_name": "vpce-0d3a6819547c9740a-vmmqmbv4-eu-west-2a.secretsmanager.eu-west-2.vpce.amazonaws.com",
                "hosted_zone_id": "Z7K1066E3PUKB"
              },
              {
                "dns_name": "secretsmanager.eu-west-2.amazonaws.com",
                "hosted_zone_id": "Z02962232QKUE8XJ4H57S"
              }
            ],
            "dns_options": [
              {
                "dns_record_ip_type": "ipv4",
                "private_dns_only_for_inbound_resolver_endpoint": false
              }
            ],
            "id": "vpce-0d3a6819547c9740a",
            "ip_address_type": "ipv4",
            "network_interface_ids": [
              "eni-04f18a5f4ca876bb5",
              "eni-0cfbd8bdabd74c1d0"
            ],
            "owner_id": "928470004462",
            "policy": "{\"Statement\":[{\"Action\":\"*\",\"Effect\":\"Allow\",\"Principal\":\"*\",\"Resource\":\"*\"}]}",
            "prefix_list_id": null,
            "private_dns_enabled": true,
            "region": "eu-west-2",
            "requester_managed": false,
            "resource_configuration_arn": "",
            "route_table_ids": [],
            "security_group_ids": [
              "sg-046e21d0e25130197"
            ],
            "service_name": "com.amazonaws.eu-west-2.secretsmanager",
            "service_network_arn": "",
            "service_region": "eu-west-2",
            "state": "available",
            "subnet_configuration": [
              {
                "ipv4": "10.20.1.65",
                "ipv6": "",
                "subnet_id": "subnet-0b6a5f7d4b1737b92"
              },
              {
                "ipv4": "10.20.2.213",
                "ipv6": "",
                "subnet_id": "subnet-0dc2b2c9e3e7e555d"
              }
            ],
            "subnet_ids": [
              "subnet-0b6a5f7d4b1737b92",
              "subnet-0dc2b2c9e3e7e555d"
            ],
            "tags": {
              "Name": "sentinel-backend-vpce-secretsmanager",
              "Owner": "Platform",
              "Project": "Sentinel"
            },
            "tags_all": {
              "Name": "sentinel-backend-vpce-secretsmanager",
              "Owner": "Platform",
              "Project": "Sentinel"
            },
            "timeouts": null,
            "vpc_endpoint_type": "Interface",
            "vpc_id": "vpc-07d86c19710299faa"
          },
          "sensitive_attributes": [],
          "identity_schema_version": 0,
          "private": "eyJlMmJmYjczMC1lY2FhLTExZTYtOGY4OC0zNDM2M2JjN2M0YzAiOnsiY3JlYXRlIjo2MDAwMDAwMDAwMDAsImRlbGV0ZSI6NjAwMDAwMDAwMDAwLCJ1cGRhdGUiOjYwMDAwMDAwMDAwMH19",
          "dependencies": [
            "module.vpc_backend.aws_security_group.endpoints",
            "module.vpc_backend.aws_subnet.private",
            "module.vpc_backend.aws_vpc.this",
            "module.vpc_backend.data.aws_availability_zones.this",
            "module.vpc_backend.data.aws_region.current"
          ]
        },
        {
          "index_key": "com.amazonaws.eu-west-2.ssm",
          "schema_version": 0,
          "attributes": {
            "arn": "arn:aws:ec2:eu-west-2:928470004462:vpc-endpoint/vpce-05f01d9e6088229c2",
            "auto_accept": null,
            "cidr_blocks": [],
            "dns_entry": [
              {
                "dns_name": "vpce-05f01d9e6088229c2-oabk94ty.ssm.eu-west-2.vpce.amazonaws.com",
                "hosted_zone_id": "Z7K1066E3PUKB"
              },
              {
                "dns_name": "vpce-05f01d9e6088229c2-oabk94ty-eu-west-2b.ssm.eu-west-2.vpce.amazonaws.com",
                "hosted_zone_id": "Z7K1066E3PUKB"
              },
              {
                "dns_name": "vpce-05f01d9e6088229c2-oabk94ty-eu-west-2a.ssm.eu-west-2.vpce.amazonaws.com",
                "hosted_zone_id": "Z7K1066E3PUKB"
              },
              {
                "dns_name": "ssm.eu-west-2.amazonaws.com",
                "hosted_zone_id": "Z038299727SGYPGYBX8G0"
              },
              {
                "dns_name": "ssm.eu-west-2.api.aws",
                "hosted_zone_id": "Z03832082UC3ETK0B75PT"
              }
            ],
            "dns_options": [
              {
                "dns_record_ip_type": "ipv4",
                "private_dns_only_for_inbound_resolver_endpoint": false
              }
            ],
            "id": "vpce-05f01d9e6088229c2",
            "ip_address_type": "ipv4",
            "network_interface_ids": [
              "eni-0a42a582608c14d86",
              "eni-0b83d2de1a8361d9a"
            ],
            "owner_id": "928470004462",
            "policy": "{\"Statement\":[{\"Action\":\"*\",\"Effect\":\"Allow\",\"Principal\":\"*\",\"Resource\":\"*\"}]}",
            "prefix_list_id": null,
            "private_dns_enabled": true,
            "region": "eu-west-2",
            "requester_managed": false,
            "resource_configuration_arn": "",
            "route_table_ids": [],
            "security_group_ids": [
              "sg-046e21d0e25130197"
            ],
            "service_name": "com.amazonaws.eu-west-2.ssm",
            "service_network_arn": "",
            "service_region": "eu-west-2",
            "state": "available",
            "subnet_configuration": [
              {
                "ipv4": "10.20.1.22",
                "ipv6": "",
                "subnet_id": "subnet-0b6a5f7d4b1737b92"
              },
              {
                "ipv4": "10.20.2.241",
                "ipv6": "",
                "subnet_id": "subnet-0dc2b2c9e3e7e555d"
              }
            ],
            "subnet_ids": [
              "subnet-0b6a5f7d4b1737b92",
              "subnet-0dc2b2c9e3e7e555d"
            ],
            "tags": {
              "Name": "sentinel-backend-vpce-ssm",
              "Owner": "Platform",
              "Project": "Sentinel"
            },
            "tags_all": {
              "Name": "sentinel-backend-vpce-ssm",
              "Owner": "Platform",
              "Project": "Sentinel"
            },
            "timeouts": null,
            "vpc_endpoint_type": "Interface",
            "vpc_id": "vpc-07d86c19710299faa"
          },
          "sensitive_attributes": [],
          "identity_schema_version": 0,
          "private": "eyJlMmJmYjczMC1lY2FhLTExZTYtOGY4OC0zNDM2M2JjN2M0YzAiOnsiY3JlYXRlIjo2MDAwMDAwMDAwMDAsImRlbGV0ZSI6NjAwMDAwMDAwMDAwLCJ1cGRhdGUiOjYwMDAwMDAwMDAwMH19",
          "dependencies": [
            "module.vpc_backend.aws_security_group.endpoints",
            "module.vpc_backend.aws_subnet.private",
            "module.vpc_backend.aws_vpc.this",
            "module.vpc_backend.data.aws_availability_zones.this",
            "module.vpc_backend.data.aws_region.current"
          ]
        },
        {
          "index_key": "com.amazonaws.eu-west-2.ssmmessages",
          "schema_version": 0,
          "attributes": {
            "arn": "arn:aws:ec2:eu-west-2:928470004462:vpc-endpoint/vpce-0b1924670a3ff1976",
            "auto_accept": null,
            "cidr_blocks": [],
            "dns_entry": [
              {
                "dns_name": "vpce-0b1924670a3ff1976-0dsrgvjk.ssmmessages.eu-west-2.vpce.amazonaws.com",
                "hosted_zone_id": "Z7K1066E3PUKB"
              },
              {
                "dns_name": "vpce-0b1924670a3ff1976-0dsrgvjk-eu-west-2a.ssmmessages.eu-west-2.vpce.amazonaws.com",
                "hosted_zone_id": "Z7K1066E3PUKB"
              },
              {
                "dns_name": "vpce-0b1924670a3ff1976-0dsrgvjk-eu-west-2b.ssmmessages.eu-west-2.vpce.amazonaws.com",
                "hosted_zone_id": "Z7K1066E3PUKB"
              },
              {
                "dns_name": "ssmmessages.eu-west-2.amazonaws.com",
                "hosted_zone_id": "Z00319582W0KVGSMSX5GY"
              }
            ],
            "dns_options": [
              {
                "dns_record_ip_type": "ipv4",
                "private_dns_only_for_inbound_resolver_endpoint": false
              }
            ],
            "id": "vpce-0b1924670a3ff1976",
            "ip_address_type": "ipv4",
            "network_interface_ids": [
              "eni-05ff43a6a51282918",
              "eni-0ade838738497414c"
            ],
            "owner_id": "928470004462",
            "policy": "{\"Statement\":[{\"Action\":\"*\",\"Effect\":\"Allow\",\"Principal\":\"*\",\"Resource\":\"*\"}]}",
            "prefix_list_id": null,
            "private_dns_enabled": true,
            "region": "eu-west-2",
            "requester_managed": false,
            "resource_configuration_arn": "",
            "route_table_ids": [],
            "security_group_ids": [
              "sg-046e21d0e25130197"
            ],
            "service_name": "com.amazonaws.eu-west-2.ssmmessages",
            "service_network_arn": "",
            "service_region": "eu-west-2",
            "state": "available",
            "subnet_configuration": [
              {
                "ipv4": "10.20.1.194",
                "ipv6": "",
                "subnet_id": "subnet-0b6a5f7d4b1737b92"
              },
              {
                "ipv4": "10.20.2.123",
                "ipv6": "",
                "subnet_id": "subnet-0dc2b2c9e3e7e555d"
              }
            ],
            "subnet_ids": [
              "subnet-0b6a5f7d4b1737b92",
              "subnet-0dc2b2c9e3e7e555d"
            ],
            "tags": {
              "Name": "sentinel-backend-vpce-ssmmessages",
              "Owner": "Platform",
              "Project": "Sentinel"
            },
            "tags_all": {
              "Name": "sentinel-backend-vpce-ssmmessages",
              "Owner": "Platform",
              "Project": "Sentinel"
            },
            "timeouts": null,
            "vpc_endpoint_type": "Interface",
            "vpc_id": "vpc-07d86c19710299faa"
          },
          "sensitive_attributes": [],
          "identity_schema_version": 0,
          "private": "eyJlMmJmYjczMC1lY2FhLTExZTYtOGY4OC0zNDM2M2JjN2M0YzAiOnsiY3JlYXRlIjo2MDAwMDAwMDAwMDAsImRlbGV0ZSI6NjAwMDAwMDAwMDAwLCJ1cGRhdGUiOjYwMDAwMDAwMDAwMH19",
          "dependencies": [
            "module.vpc_backend.aws_security_group.endpoints",
            "module.vpc_backend.aws_subnet.private",
            "module.vpc_backend.aws_vpc.this",
            "module.vpc_backend.data.aws_availability_zones.this",
            "module.vpc_backend.data.aws_region.current"
          ]
        }
      ]
    },
    {
      "module": "module.vpc_gateway",
      "mode": "data",
      "type": "aws_availability_zones",
      "name": "this",
      "provider": "provider[\"registry.terraform.io/hashicorp/aws\"]",
      "instances": [
        {
          "schema_version": 0,
          "attributes": {
            "all_availability_zones": null,
            "exclude_names": null,
            "exclude_zone_ids": null,
            "filter": null,
            "group_names": [
              "eu-west-2-zg-1"
            ],
            "id": "eu-west-2",
            "names": [
              "eu-west-2a",
              "eu-west-2b",
              "eu-west-2c"
            ],
            "region": "eu-west-2",
            "state": "available",
            "timeouts": null,
            "zone_ids": [
              "euw2-az2",
              "euw2-az3",
              "euw2-az1"
            ]
          },
          "sensitive_attributes": [],
          "identity_schema_version": 0
        }
      ]
    },
    {
      "module": "module.vpc_gateway",
      "mode": "data",
      "type": "aws_region",
      "name": "current",
      "provider": "provider[\"registry.terraform.io/hashicorp/aws\"]",
      "instances": [
        {
          "schema_version": 0,
          "attributes": {
            "description": "Europe (London)",
            "endpoint": "ec2.eu-west-2.amazonaws.com",
            "id": "eu-west-2",
            "name": "eu-west-2",
            "region": "eu-west-2"
          },
          "sensitive_attributes": [],
          "identity_schema_version": 0
        }
      ]
    },
    {
      "module": "module.vpc_gateway",
      "mode": "managed",
      "type": "aws_eip",
      "name": "nat",
      "provider": "provider[\"registry.terraform.io/hashicorp/aws\"]",
      "instances": [
        {
          "index_key": "0",
          "schema_version": 0,
          "attributes": {
            "address": null,
            "allocation_id": "eipalloc-050ad4b97ecfa853c",
            "arn": "arn:aws:ec2:eu-west-2:928470004462:elastic-ip/eipalloc-050ad4b97ecfa853c",
            "associate_with_private_ip": null,
            "association_id": "eipassoc-0237a7eaee52429ec",
            "carrier_ip": "",
            "customer_owned_ip": "",
            "customer_owned_ipv4_pool": "",
            "domain": "vpc",
            "id": "eipalloc-050ad4b97ecfa853c",
            "instance": "",
            "ipam_pool_id": null,
            "network_border_group": "eu-west-2",
            "network_interface": "eni-0fbf4c8d09efd9a8b",
            "private_dns": "ip-10-10-101-192.eu-west-2.compute.internal",
            "private_ip": "10.10.101.192",
            "ptr_record": "",
            "public_dns": "ec2-51-24-23-145.eu-west-2.compute.amazonaws.com",
            "public_ip": "51.24.23.145",
            "public_ipv4_pool": "amazon",
            "region": "eu-west-2",
            "tags": {
              "Name": "sentinel-gateway-nat-eip-0",
              "Owner": "Platform",
              "Project": "Sentinel"
            },
            "tags_all": {
              "Name": "sentinel-gateway-nat-eip-0",
              "Owner": "Platform",
              "Project": "Sentinel"
            },
            "timeouts": null
          },
          "sensitive_attributes": [],
          "identity_schema_version": 0,
          "private": "eyJlMmJmYjczMC1lY2FhLTExZTYtOGY4OC0zNDM2M2JjN2M0YzAiOnsiZGVsZXRlIjoxODAwMDAwMDAwMDAsInJlYWQiOjkwMDAwMDAwMDAwMCwidXBkYXRlIjozMDAwMDAwMDAwMDB9fQ==",
          "dependencies": [
            "module.vpc_gateway.aws_subnet.public",
            "module.vpc_gateway.aws_vpc.this",
            "module.vpc_gateway.data.aws_availability_zones.this"
          ]
        },
        {
          "index_key": "1",
          "schema_version": 0,
          "attributes": {
            "address": null,
            "allocation_id": "eipalloc-083f9be1668a3f2d9",
            "arn": "arn:aws:ec2:eu-west-2:928470004462:elastic-ip/eipalloc-083f9be1668a3f2d9",
            "associate_with_private_ip": null,
            "association_id": "eipassoc-0d76b4ee67bad1bff",
            "carrier_ip": "",
            "customer_owned_ip": "",
            "customer_owned_ipv4_pool": "",
            "domain": "vpc",
            "id": "eipalloc-083f9be1668a3f2d9",
            "instance": "",
            "ipam_pool_id": null,
            "network_border_group": "eu-west-2",
            "network_interface": "eni-0f7d728c45a83b265",
            "private_dns": "ip-10-10-102-13.eu-west-2.compute.internal",
            "private_ip": "10.10.102.13",
            "ptr_record": "",
            "public_dns": "ec2-13-134-223-183.eu-west-2.compute.amazonaws.com",
            "public_ip": "13.134.223.183",
            "public_ipv4_pool": "amazon",
            "region": "eu-west-2",
            "tags": {
              "Name": "sentinel-gateway-nat-eip-1",
              "Owner": "Platform",
              "Project": "Sentinel"
            },
            "tags_all": {
              "Name": "sentinel-gateway-nat-eip-1",
              "Owner": "Platform",
              "Project": "Sentinel"
            },
            "timeouts": null
          },
          "sensitive_attributes": [],
          "identity_schema_version": 0,
          "private": "eyJlMmJmYjczMC1lY2FhLTExZTYtOGY4OC0zNDM2M2JjN2M0YzAiOnsiZGVsZXRlIjoxODAwMDAwMDAwMDAsInJlYWQiOjkwMDAwMDAwMDAwMCwidXBkYXRlIjozMDAwMDAwMDAwMDB9fQ==",
          "dependencies": [
            "module.vpc_gateway.aws_subnet.public",
            "module.vpc_gateway.aws_vpc.this",
            "module.vpc_gateway.data.aws_availability_zones.this"
          ]
        }
      ]
    },
    {
      "module": "module.vpc_gateway",
      "mode": "managed",
      "type": "aws_internet_gateway",
      "name": "igw",
      "provider": "provider[\"registry.terraform.io/hashicorp/aws\"]",
      "instances": [
        {
          "schema_version": 0,
          "attributes": {
            "arn": "arn:aws:ec2:eu-west-2:928470004462:internet-gateway/igw-01533b3d0556d99a1",
            "id": "igw-01533b3d0556d99a1",
            "owner_id": "928470004462",
            "region": "eu-west-2",
            "tags": {
              "Name": "sentinel-gateway-igw",
              "Owner": "Platform",
              "Project": "Sentinel"
            },
            "tags_all": {
              "Name": "sentinel-gateway-igw",
              "Owner": "Platform",
              "Project": "Sentinel"
            },
            "timeouts": null,
            "vpc_id": "vpc-053ebdf19e28d0a8e"
          },
          "sensitive_attributes": [],
          "identity_schema_version": 0,
          "private": "eyJlMmJmYjczMC1lY2FhLTExZTYtOGY4OC0zNDM2M2JjN2M0YzAiOnsiY3JlYXRlIjoxMjAwMDAwMDAwMDAwLCJkZWxldGUiOjEyMDAwMDAwMDAwMDAsInVwZGF0ZSI6MTIwMDAwMDAwMDAwMH19",
          "dependencies": [
            "module.vpc_gateway.aws_vpc.this"
          ]
        }
      ]
    },
    {
      "module": "module.vpc_gateway",
      "mode": "managed",
      "type": "aws_nat_gateway",
      "name": "nat",
      "provider": "provider[\"registry.terraform.io/hashicorp/aws\"]",
      "instances": [
        {
          "index_key": "0",
          "schema_version": 0,
          "attributes": {
            "allocation_id": "eipalloc-050ad4b97ecfa853c",
            "association_id": "eipassoc-0237a7eaee52429ec",
            "connectivity_type": "public",
            "id": "nat-0f26265943b4251d3",
            "network_interface_id": "eni-0fbf4c8d09efd9a8b",
            "private_ip": "10.10.101.192",
            "public_ip": "51.24.23.145",
            "region": "eu-west-2",
            "secondary_allocation_ids": [],
            "secondary_private_ip_address_count": 0,
            "secondary_private_ip_addresses": [],
            "subnet_id": "subnet-0dd9e0f367e6e78b1",
            "tags": {
              "Name": "sentinel-gateway-nat-0",
              "Owner": "Platform",
              "Project": "Sentinel"
            },
            "tags_all": {
              "Name": "sentinel-gateway-nat-0",
              "Owner": "Platform",
              "Project": "Sentinel"
            },
            "timeouts": null
          },
          "sensitive_attributes": [],
          "identity_schema_version": 0,
          "private": "eyJlMmJmYjczMC1lY2FhLTExZTYtOGY4OC0zNDM2M2JjN2M0YzAiOnsiY3JlYXRlIjo2MDAwMDAwMDAwMDAsImRlbGV0ZSI6MTgwMDAwMDAwMDAwMCwidXBkYXRlIjo2MDAwMDAwMDAwMDB9fQ==",
          "dependencies": [
            "module.vpc_gateway.aws_eip.nat",
            "module.vpc_gateway.aws_internet_gateway.igw",
            "module.vpc_gateway.aws_subnet.public",
            "module.vpc_gateway.aws_vpc.this",
            "module.vpc_gateway.data.aws_availability_zones.this"
          ]
        },
        {
          "index_key": "1",
          "schema_version": 0,
          "attributes": {
            "allocation_id": "eipalloc-083f9be1668a3f2d9",
            "association_id": "eipassoc-0d76b4ee67bad1bff",
            "connectivity_type": "public",
            "id": "nat-09f73447b2729168a",
            "network_interface_id": "eni-0f7d728c45a83b265",
            "private_ip": "10.10.102.13",
            "public_ip": "13.134.223.183",
            "region": "eu-west-2",
            "secondary_allocation_ids": [],
            "secondary_private_ip_address_count": 0,
            "secondary_private_ip_addresses": [],
            "subnet_id": "subnet-0e79928df18d57be6",
            "tags": {
              "Name": "sentinel-gateway-nat-1",
              "Owner": "Platform",
              "Project": "Sentinel"
            },
            "tags_all": {
              "Name": "sentinel-gateway-nat-1",
              "Owner": "Platform",
              "Project": "Sentinel"
            },
            "timeouts": null
          },
          "sensitive_attributes": [],
          "identity_schema_version": 0,
          "private": "eyJlMmJmYjczMC1lY2FhLTExZTYtOGY4OC0zNDM2M2JjN2M0YzAiOnsiY3JlYXRlIjo2MDAwMDAwMDAwMDAsImRlbGV0ZSI6MTgwMDAwMDAwMDAwMCwidXBkYXRlIjo2MDAwMDAwMDAwMDB9fQ==",
          "dependencies": [
            "module.vpc_gateway.aws_eip.nat",
            "module.vpc_gateway.aws_internet_gateway.igw",
            "module.vpc_gateway.aws_subnet.public",
            "module.vpc_gateway.aws_vpc.this",
            "module.vpc_gateway.data.aws_availability_zones.this"
          ]
        }
      ]
    },
    {
      "module": "module.vpc_gateway",
      "mode": "managed",
      "type": "aws_route",
      "name": "private_nat",
      "provider": "provider[\"registry.terraform.io/hashicorp/aws\"]",
      "instances": [
        {
          "index_key": "0",
          "schema_version": 0,
          "attributes": {
            "carrier_gateway_id": "",
            "core_network_arn": "",
            "destination_cidr_block": "0.0.0.0/0",
            "destination_ipv6_cidr_block": "",
            "destination_prefix_list_id": "",
            "egress_only_gateway_id": "",
            "gateway_id": "",
            "id": "r-rtb-07ec89554f9c52e6d1080289494",
            "instance_id": "",
            "instance_owner_id": "",
            "local_gateway_id": "",
            "nat_gateway_id": "nat-0f26265943b4251d3",
            "network_interface_id": "",
            "origin": "CreateRoute",
            "region": "eu-west-2",
            "route_table_id": "rtb-07ec89554f9c52e6d",
            "state": "active",
            "timeouts": null,
            "transit_gateway_id": "",
            "vpc_endpoint_id": "",
            "vpc_peering_connection_id": ""
          },
          "sensitive_attributes": [],
          "identity_schema_version": 0,
          "identity": {
            "account_id": "928470004462",
            "destination_cidr_block": "0.0.0.0/0",
            "destination_ipv6_cidr_block": null,
            "destination_prefix_list_id": null,
            "region": "eu-west-2",
            "route_table_id": "rtb-07ec89554f9c52e6d"
          },
          "private": "eyJlMmJmYjczMC1lY2FhLTExZTYtOGY4OC0zNDM2M2JjN2M0YzAiOnsiY3JlYXRlIjozMDAwMDAwMDAwMDAsImRlbGV0ZSI6MzAwMDAwMDAwMDAwLCJ1cGRhdGUiOjEyMDAwMDAwMDAwMH19",
          "dependencies": [
            "module.vpc_gateway.aws_eip.nat",
            "module.vpc_gateway.aws_internet_gateway.igw",
            "module.vpc_gateway.aws_nat_gateway.nat",
            "module.vpc_gateway.aws_route_table.private",
            "module.vpc_gateway.aws_subnet.private",
            "module.vpc_gateway.aws_subnet.public",
            "module.vpc_gateway.aws_vpc.this",
            "module.vpc_gateway.data.aws_availability_zones.this"
          ]
        },
        {
          "index_key": "1",
          "schema_version": 0,
          "attributes": {
            "carrier_gateway_id": "",
            "core_network_arn": "",
            "destination_cidr_block": "0.0.0.0/0",
            "destination_ipv6_cidr_block": "",
            "destination_prefix_list_id": "",
            "egress_only_gateway_id": "",
            "gateway_id": "",
            "id": "r-rtb-0e93c7535b48355521080289494",
            "instance_id": "",
            "instance_owner_id": "",
            "local_gateway_id": "",
            "nat_gateway_id": "nat-09f73447b2729168a",
            "network_interface_id": "",
            "origin": "CreateRoute",
            "region": "eu-west-2",
            "route_table_id": "rtb-0e93c7535b4835552",
            "state": "active",
            "timeouts": null,
            "transit_gateway_id": "",
            "vpc_endpoint_id": "",
            "vpc_peering_connection_id": ""
          },
          "sensitive_attributes": [],
          "identity_schema_version": 0,
          "identity": {
            "account_id": "928470004462",
            "destination_cidr_block": "0.0.0.0/0",
            "destination_ipv6_cidr_block": null,
            "destination_prefix_list_id": null,
            "region": "eu-west-2",
            "route_table_id": "rtb-0e93c7535b4835552"
          },
          "private": "eyJlMmJmYjczMC1lY2FhLTExZTYtOGY4OC0zNDM2M2JjN2M0YzAiOnsiY3JlYXRlIjozMDAwMDAwMDAwMDAsImRlbGV0ZSI6MzAwMDAwMDAwMDAwLCJ1cGRhdGUiOjEyMDAwMDAwMDAwMH19",
          "dependencies": [
            "module.vpc_gateway.aws_eip.nat",
            "module.vpc_gateway.aws_internet_gateway.igw",
            "module.vpc_gateway.aws_nat_gateway.nat",
            "module.vpc_gateway.aws_route_table.private",
            "module.vpc_gateway.aws_subnet.private",
            "module.vpc_gateway.aws_subnet.public",
            "module.vpc_gateway.aws_vpc.this",
            "module.vpc_gateway.data.aws_availability_zones.this"
          ]
        }
      ]
    },
    {
      "module": "module.vpc_gateway",
      "mode": "managed",
      "type": "aws_route",
      "name": "public_internet",
      "provider": "provider[\"registry.terraform.io/hashicorp/aws\"]",
      "instances": [
        {
          "schema_version": 0,
          "attributes": {
            "carrier_gateway_id": "",
            "core_network_arn": "",
            "destination_cidr_block": "0.0.0.0/0",
            "destination_ipv6_cidr_block": "",
            "destination_prefix_list_id": "",
            "egress_only_gateway_id": "",
            "gateway_id": "igw-01533b3d0556d99a1",
            "id": "r-rtb-0433c02026cd59d241080289494",
            "instance_id": "",
            "instance_owner_id": "",
            "local_gateway_id": "",
            "nat_gateway_id": "",
            "network_interface_id": "",
            "origin": "CreateRoute",
            "region": "eu-west-2",
            "route_table_id": "rtb-0433c02026cd59d24",
            "state": "active",
            "timeouts": null,
            "transit_gateway_id": "",
            "vpc_endpoint_id": "",
            "vpc_peering_connection_id": ""
          },
          "sensitive_attributes": [],
          "identity_schema_version": 0,
          "identity": {
            "account_id": "928470004462",
            "destination_cidr_block": "0.0.0.0/0",
            "destination_ipv6_cidr_block": null,
            "destination_prefix_list_id": null,
            "region": "eu-west-2",
            "route_table_id": "rtb-0433c02026cd59d24"
          },
          "private": "eyJlMmJmYjczMC1lY2FhLTExZTYtOGY4OC0zNDM2M2JjN2M0YzAiOnsiY3JlYXRlIjozMDAwMDAwMDAwMDAsImRlbGV0ZSI6MzAwMDAwMDAwMDAwLCJ1cGRhdGUiOjEyMDAwMDAwMDAwMH19",
          "dependencies": [
            "module.vpc_gateway.aws_internet_gateway.igw",
            "module.vpc_gateway.aws_route_table.public",
            "module.vpc_gateway.aws_vpc.this"
          ]
        }
      ]
    },
    {
      "module": "module.vpc_gateway",
      "mode": "managed",
      "type": "aws_route_table",
      "name": "private",
      "provider": "provider[\"registry.terraform.io/hashicorp/aws\"]",
      "instances": [
        {
          "index_key": "0",
          "schema_version": 0,
          "attributes": {
            "arn": "arn:aws:ec2:eu-west-2:928470004462:route-table/rtb-07ec89554f9c52e6d",
            "id": "rtb-07ec89554f9c52e6d",
            "owner_id": "928470004462",
            "propagating_vgws": [],
            "region": "eu-west-2",
            "route": [
              {
                "carrier_gateway_id": "",
                "cidr_block": "0.0.0.0/0",
                "core_network_arn": "",
                "destination_prefix_list_id": "",
                "egress_only_gateway_id": "",
                "gateway_id": "",
                "ipv6_cidr_block": "",
                "local_gateway_id": "",
                "nat_gateway_id": "nat-0f26265943b4251d3",
                "network_interface_id": "",
                "transit_gateway_id": "",
                "vpc_endpoint_id": "",
                "vpc_peering_connection_id": ""
              },
              {
                "carrier_gateway_id": "",
                "cidr_block": "10.20.0.0/16",
                "core_network_arn": "",
                "destination_prefix_list_id": "",
                "egress_only_gateway_id": "",
                "gateway_id": "",
                "ipv6_cidr_block": "",
                "local_gateway_id": "",
                "nat_gateway_id": "",
                "network_interface_id": "",
                "transit_gateway_id": "",
                "vpc_endpoint_id": "",
                "vpc_peering_connection_id": "pcx-0cbb511801e0351df"
              }
            ],
            "tags": {
              "Name": "sentinel-gateway-private-0",
              "Owner": "Platform",
              "Project": "Sentinel"
            },
            "tags_all": {
              "Name": "sentinel-gateway-private-0",
              "Owner": "Platform",
              "Project": "Sentinel"
            },
            "timeouts": null,
            "vpc_id": "vpc-053ebdf19e28d0a8e"
          },
          "sensitive_attributes": [],
          "identity_schema_version": 0,
          "identity": {
            "account_id": "928470004462",
            "id": "rtb-07ec89554f9c52e6d",
            "region": "eu-west-2"
          },
          "private": "eyJlMmJmYjczMC1lY2FhLTExZTYtOGY4OC0zNDM2M2JjN2M0YzAiOnsiY3JlYXRlIjozMDAwMDAwMDAwMDAsImRlbGV0ZSI6MzAwMDAwMDAwMDAwLCJ1cGRhdGUiOjEyMDAwMDAwMDAwMH19",
          "dependencies": [
            "module.vpc_gateway.aws_subnet.private",
            "module.vpc_gateway.aws_vpc.this",
            "module.vpc_gateway.data.aws_availability_zones.this"
          ]
        },
        {
          "index_key": "1",
          "schema_version": 0,
          "attributes": {
            "arn": "arn:aws:ec2:eu-west-2:928470004462:route-table/rtb-0e93c7535b4835552",
            "id": "rtb-0e93c7535b4835552",
            "owner_id": "928470004462",
            "propagating_vgws": [],
            "region": "eu-west-2",
            "route": [
              {
                "carrier_gateway_id": "",
                "cidr_block": "0.0.0.0/0",
                "core_network_arn": "",
                "destination_prefix_list_id": "",
                "egress_only_gateway_id": "",
                "gateway_id": "",
                "ipv6_cidr_block": "",
                "local_gateway_id": "",
                "nat_gateway_id": "nat-09f73447b2729168a",
                "network_interface_id": "",
                "transit_gateway_id": "",
                "vpc_endpoint_id": "",
                "vpc_peering_connection_id": ""
              },
              {
                "carrier_gateway_id": "",
                "cidr_block": "10.20.0.0/16",
                "core_network_arn": "",
                "destination_prefix_list_id": "",
                "egress_only_gateway_id": "",
                "gateway_id": "",
                "ipv6_cidr_block": "",
                "local_gateway_id": "",
                "nat_gateway_id": "",
                "network_interface_id": "",
                "transit_gateway_id": "",
                "vpc_endpoint_id": "",
                "vpc_peering_connection_id": "pcx-0cbb511801e0351df"
              }
            ],
            "tags": {
              "Name": "sentinel-gateway-private-1",
              "Owner": "Platform",
              "Project": "Sentinel"
            },
            "tags_all": {
              "Name": "sentinel-gateway-private-1",
              "Owner": "Platform",
              "Project": "Sentinel"
            },
            "timeouts": null,
            "vpc_id": "vpc-053ebdf19e28d0a8e"
          },
          "sensitive_attributes": [],
          "identity_schema_version": 0,
          "identity": {
            "account_id": "928470004462",
            "id": "rtb-0e93c7535b4835552",
            "region": "eu-west-2"
          },
          "private": "eyJlMmJmYjczMC1lY2FhLTExZTYtOGY4OC0zNDM2M2JjN2M0YzAiOnsiY3JlYXRlIjozMDAwMDAwMDAwMDAsImRlbGV0ZSI6MzAwMDAwMDAwMDAwLCJ1cGRhdGUiOjEyMDAwMDAwMDAwMH19",
          "dependencies": [
            "module.vpc_gateway.aws_subnet.private",
            "module.vpc_gateway.aws_vpc.this",
            "module.vpc_gateway.data.aws_availability_zones.this"
          ]
        }
      ]
    },
    {
      "module": "module.vpc_gateway",
      "mode": "managed",
      "type": "aws_route_table",
      "name": "public",
      "provider": "provider[\"registry.terraform.io/hashicorp/aws\"]",
      "instances": [
        {
          "schema_version": 0,
          "attributes": {
            "arn": "arn:aws:ec2:eu-west-2:928470004462:route-table/rtb-0433c02026cd59d24",
            "id": "rtb-0433c02026cd59d24",
            "owner_id": "928470004462",
            "propagating_vgws": [],
            "region": "eu-west-2",
            "route": [
              {
                "carrier_gateway_id": "",
                "cidr_block": "0.0.0.0/0",
                "core_network_arn": "",
                "destination_prefix_list_id": "",
                "egress_only_gateway_id": "",
                "gateway_id": "igw-01533b3d0556d99a1",
                "ipv6_cidr_block": "",
                "local_gateway_id": "",
                "nat_gateway_id": "",
                "network_interface_id": "",
                "transit_gateway_id": "",
                "vpc_endpoint_id": "",
                "vpc_peering_connection_id": ""
              }
            ],
            "tags": {
              "Name": "sentinel-gateway-public",
              "Owner": "Platform",
              "Project": "Sentinel"
            },
            "tags_all": {
              "Name": "sentinel-gateway-public",
              "Owner": "Platform",
              "Project": "Sentinel"
            },
            "timeouts": null,
            "vpc_id": "vpc-053ebdf19e28d0a8e"
          },
          "sensitive_attributes": [],
          "identity_schema_version": 0,
          "identity": {
            "account_id": "928470004462",
            "id": "rtb-0433c02026cd59d24",
            "region": "eu-west-2"
          },
          "private": "eyJlMmJmYjczMC1lY2FhLTExZTYtOGY4OC0zNDM2M2JjN2M0YzAiOnsiY3JlYXRlIjozMDAwMDAwMDAwMDAsImRlbGV0ZSI6MzAwMDAwMDAwMDAwLCJ1cGRhdGUiOjEyMDAwMDAwMDAwMH19",
          "dependencies": [
            "module.vpc_gateway.aws_vpc.this"
          ]
        }
      ]
    },
    {
      "module": "module.vpc_gateway",
      "mode": "managed",
      "type": "aws_route_table_association",
      "name": "public",
      "provider": "provider[\"registry.terraform.io/hashicorp/aws\"]",
      "instances": [
        {
          "index_key": "0",
          "schema_version": 0,
          "attributes": {
            "gateway_id": "",
            "id": "rtbassoc-0d2e2c35f7accde9b",
            "region": "eu-west-2",
            "route_table_id": "rtb-0433c02026cd59d24",
            "subnet_id": "subnet-0dd9e0f367e6e78b1",
            "timeouts": null
          },
          "sensitive_attributes": [],
          "identity_schema_version": 0,
          "private": "eyJlMmJmYjczMC1lY2FhLTExZTYtOGY4OC0zNDM2M2JjN2M0YzAiOnsiY3JlYXRlIjozMDAwMDAwMDAwMDAsImRlbGV0ZSI6MzAwMDAwMDAwMDAwLCJ1cGRhdGUiOjEyMDAwMDAwMDAwMH19",
          "dependencies": [
            "module.vpc_gateway.aws_route_table.public",
            "module.vpc_gateway.aws_subnet.public",
            "module.vpc_gateway.aws_vpc.this",
            "module.vpc_gateway.data.aws_availability_zones.this"
          ]
        },
        {
          "index_key": "1",
          "schema_version": 0,
          "attributes": {
            "gateway_id": "",
            "id": "rtbassoc-029cce7c9f63a9b84",
            "region": "eu-west-2",
            "route_table_id": "rtb-0433c02026cd59d24",
            "subnet_id": "subnet-0e79928df18d57be6",
            "timeouts": null
          },
          "sensitive_attributes": [],
          "identity_schema_version": 0,
          "private": "eyJlMmJmYjczMC1lY2FhLTExZTYtOGY4OC0zNDM2M2JjN2M0YzAiOnsiY3JlYXRlIjozMDAwMDAwMDAwMDAsImRlbGV0ZSI6MzAwMDAwMDAwMDAwLCJ1cGRhdGUiOjEyMDAwMDAwMDAwMH19",
          "dependencies": [
            "module.vpc_gateway.aws_route_table.public",
            "module.vpc_gateway.aws_subnet.public",
            "module.vpc_gateway.aws_vpc.this",
            "module.vpc_gateway.data.aws_availability_zones.this"
          ]
        }
      ]
    },
    {
      "module": "module.vpc_gateway",
      "mode": "managed",
      "type": "aws_security_group",
      "name": "endpoints",
      "provider": "provider[\"registry.terraform.io/hashicorp/aws\"]",
      "instances": [
        {
          "schema_version": 1,
          "attributes": {
            "arn": "arn:aws:ec2:eu-west-2:928470004462:security-group/sg-04395473110a56fcb",
            "description": "Allow VPC internal traffic to interface endpoints",
            "egress": [
              {
                "cidr_blocks": [
                  "0.0.0.0/0"
                ],
                "description": "",
                "from_port": 0,
                "ipv6_cidr_blocks": [],
                "prefix_list_ids": [],
                "protocol": "-1",
                "security_groups": [],
                "self": false,
                "to_port": 0
              }
            ],
            "id": "sg-04395473110a56fcb",
            "ingress": [
              {
                "cidr_blocks": [
                  "10.10.0.0/16"
                ],
                "description": "",
                "from_port": 443,
                "ipv6_cidr_blocks": [],
                "prefix_list_ids": [],
                "protocol": "tcp",
                "security_groups": [],
                "self": false,
                "to_port": 443
              }
            ],
            "name": "sentinel-gateway-vpce-sg",
            "name_prefix": "",
            "owner_id": "928470004462",
            "region": "eu-west-2",
            "revoke_rules_on_delete": false,
            "tags": {
              "Name": "sentinel-gateway-vpce-sg",
              "Owner": "Platform",
              "Project": "Sentinel"
            },
            "tags_all": {
              "Name": "sentinel-gateway-vpce-sg",
              "Owner": "Platform",
              "Project": "Sentinel"
            },
            "timeouts": null,
            "vpc_id": "vpc-053ebdf19e28d0a8e"
          },
          "sensitive_attributes": [],
          "identity_schema_version": 0,
          "identity": {
            "account_id": "928470004462",
            "id": "sg-04395473110a56fcb",
            "region": "eu-west-2"
          },
          "private": "eyJlMmJmYjczMC1lY2FhLTExZTYtOGY4OC0zNDM2M2JjN2M0YzAiOnsiY3JlYXRlIjo2MDAwMDAwMDAwMDAsImRlbGV0ZSI6OTAwMDAwMDAwMDAwfSwic2NoZW1hX3ZlcnNpb24iOiIxIn0=",
          "dependencies": [
            "module.vpc_gateway.aws_vpc.this"
          ]
        }
      ]
    },
    {
      "module": "module.vpc_gateway",
      "mode": "managed",
      "type": "aws_subnet",
      "name": "private",
      "provider": "provider[\"registry.terraform.io/hashicorp/aws\"]",
      "instances": [
        {
          "index_key": "0",
          "schema_version": 1,
          "attributes": {
            "arn": "arn:aws:ec2:eu-west-2:928470004462:subnet/subnet-0cfd86fbf3d258acd",
            "assign_ipv6_address_on_creation": false,
            "availability_zone": "eu-west-2a",
            "availability_zone_id": "euw2-az2",
            "cidr_block": "10.10.1.0/24",
            "customer_owned_ipv4_pool": "",
            "enable_dns64": false,
            "enable_lni_at_device_index": 0,
            "enable_resource_name_dns_a_record_on_launch": false,
            "enable_resource_name_dns_aaaa_record_on_launch": false,
            "id": "subnet-0cfd86fbf3d258acd",
            "ipv6_cidr_block": "",
            "ipv6_cidr_block_association_id": "",
            "ipv6_native": false,
            "map_customer_owned_ip_on_launch": false,
            "map_public_ip_on_launch": false,
            "outpost_arn": "",
            "owner_id": "928470004462",
            "private_dns_hostname_type_on_launch": "ip-name",
            "region": "eu-west-2",
            "tags": {
              "Name": "sentinel-gateway-private-0",
              "Owner": "Platform",
              "Project": "Sentinel"
            },
            "tags_all": {
              "Name": "sentinel-gateway-private-0",
              "Owner": "Platform",
              "Project": "Sentinel"
            },
            "timeouts": null,
            "vpc_id": "vpc-053ebdf19e28d0a8e"
          },
          "sensitive_attributes": [],
          "identity_schema_version": 0,
          "identity": {
            "account_id": "928470004462",
            "id": "subnet-0cfd86fbf3d258acd",
            "region": "eu-west-2"
          },
          "private": "eyJlMmJmYjczMC1lY2FhLTExZTYtOGY4OC0zNDM2M2JjN2M0YzAiOnsiY3JlYXRlIjo2MDAwMDAwMDAwMDAsImRlbGV0ZSI6MTIwMDAwMDAwMDAwMH0sInNjaGVtYV92ZXJzaW9uIjoiMSJ9",
          "dependencies": [
            "module.vpc_gateway.aws_vpc.this",
            "module.vpc_gateway.data.aws_availability_zones.this"
          ]
        },
        {
          "index_key": "1",
          "schema_version": 1,
          "attributes": {
            "arn": "arn:aws:ec2:eu-west-2:928470004462:subnet/subnet-0f595f042d851c21d",
            "assign_ipv6_address_on_creation": false,
            "availability_zone": "eu-west-2b",
            "availability_zone_id": "euw2-az3",
            "cidr_block": "10.10.2.0/24",
            "customer_owned_ipv4_pool": "",
            "enable_dns64": false,
            "enable_lni_at_device_index": 0,
            "enable_resource_name_dns_a_record_on_launch": false,
            "enable_resource_name_dns_aaaa_record_on_launch": false,
            "id": "subnet-0f595f042d851c21d",
            "ipv6_cidr_block": "",
            "ipv6_cidr_block_association_id": "",
            "ipv6_native": false,
            "map_customer_owned_ip_on_launch": false,
            "map_public_ip_on_launch": false,
            "outpost_arn": "",
            "owner_id": "928470004462",
            "private_dns_hostname_type_on_launch": "ip-name",
            "region": "eu-west-2",
            "tags": {
              "Name": "sentinel-gateway-private-1",
              "Owner": "Platform",
              "Project": "Sentinel"
            },
            "tags_all": {
              "Name": "sentinel-gateway-private-1",
              "Owner": "Platform",
              "Project": "Sentinel"
            },
            "timeouts": null,
            "vpc_id": "vpc-053ebdf19e28d0a8e"
          },
          "sensitive_attributes": [],
          "identity_schema_version": 0,
          "identity": {
            "account_id": "928470004462",
            "id": "subnet-0f595f042d851c21d",
            "region": "eu-west-2"
          },
          "private": "eyJlMmJmYjczMC1lY2FhLTExZTYtOGY4OC0zNDM2M2JjN2M0YzAiOnsiY3JlYXRlIjo2MDAwMDAwMDAwMDAsImRlbGV0ZSI6MTIwMDAwMDAwMDAwMH0sInNjaGVtYV92ZXJzaW9uIjoiMSJ9",
          "dependencies": [
            "module.vpc_gateway.aws_vpc.this",
            "module.vpc_gateway.data.aws_availability_zones.this"
          ]
        }
      ]
    },
    {
      "module": "module.vpc_gateway",
      "mode": "managed",
      "type": "aws_subnet",
      "name": "public",
      "provider": "provider[\"registry.terraform.io/hashicorp/aws\"]",
      "instances": [
        {
          "index_key": "0",
          "schema_version": 1,
          "attributes": {
            "arn": "arn:aws:ec2:eu-west-2:928470004462:subnet/subnet-0dd9e0f367e6e78b1",
            "assign_ipv6_address_on_creation": false,
            "availability_zone": "eu-west-2a",
            "availability_zone_id": "euw2-az2",
            "cidr_block": "10.10.101.0/24",
            "customer_owned_ipv4_pool": "",
            "enable_dns64": false,
            "enable_lni_at_device_index": 0,
            "enable_resource_name_dns_a_record_on_launch": false,
            "enable_resource_name_dns_aaaa_record_on_launch": false,
            "id": "subnet-0dd9e0f367e6e78b1",
            "ipv6_cidr_block": "",
            "ipv6_cidr_block_association_id": "",
            "ipv6_native": false,
            "map_customer_owned_ip_on_launch": false,
            "map_public_ip_on_launch": false,
            "outpost_arn": "",
            "owner_id": "928470004462",
            "private_dns_hostname_type_on_launch": "ip-name",
            "region": "eu-west-2",
            "tags": {
              "Name": "sentinel-gateway-public-0",
              "Owner": "Platform",
              "Project": "Sentinel"
            },
            "tags_all": {
              "Name": "sentinel-gateway-public-0",
              "Owner": "Platform",
              "Project": "Sentinel"
            },
            "timeouts": null,
            "vpc_id": "vpc-053ebdf19e28d0a8e"
          },
          "sensitive_attributes": [],
          "identity_schema_version": 0,
          "identity": {
            "account_id": "928470004462",
            "id": "subnet-0dd9e0f367e6e78b1",
            "region": "eu-west-2"
          },
          "private": "eyJlMmJmYjczMC1lY2FhLTExZTYtOGY4OC0zNDM2M2JjN2M0YzAiOnsiY3JlYXRlIjo2MDAwMDAwMDAwMDAsImRlbGV0ZSI6MTIwMDAwMDAwMDAwMH0sInNjaGVtYV92ZXJzaW9uIjoiMSJ9",
          "dependencies": [
            "module.vpc_gateway.aws_vpc.this",
            "module.vpc_gateway.data.aws_availability_zones.this"
          ]
        },
        {
          "index_key": "1",
          "schema_version": 1,
          "attributes": {
            "arn": "arn:aws:ec2:eu-west-2:928470004462:subnet/subnet-0e79928df18d57be6",
            "assign_ipv6_address_on_creation": false,
            "availability_zone": "eu-west-2b",
            "availability_zone_id": "euw2-az3",
            "cidr_block": "10.10.102.0/24",
            "customer_owned_ipv4_pool": "",
            "enable_dns64": false,
            "enable_lni_at_device_index": 0,
            "enable_resource_name_dns_a_record_on_launch": false,
            "enable_resource_name_dns_aaaa_record_on_launch": false,
            "id": "subnet-0e79928df18d57be6",
            "ipv6_cidr_block": "",
            "ipv6_cidr_block_association_id": "",
            "ipv6_native": false,
            "map_customer_owned_ip_on_launch": false,
            "map_public_ip_on_launch": false,
            "outpost_arn": "",
            "owner_id": "928470004462",
            "private_dns_hostname_type_on_launch": "ip-name",
            "region": "eu-west-2",
            "tags": {
              "Name": "sentinel-gateway-public-1",
              "Owner": "Platform",
              "Project": "Sentinel"
            },
            "tags_all": {
              "Name": "sentinel-gateway-public-1",
              "Owner": "Platform",
              "Project": "Sentinel"
            },
            "timeouts": null,
            "vpc_id": "vpc-053ebdf19e28d0a8e"
          },
          "sensitive_attributes": [],
          "identity_schema_version": 0,
          "identity": {
            "account_id": "928470004462",
            "id": "subnet-0e79928df18d57be6",
            "region": "eu-west-2"
          },
          "private": "eyJlMmJmYjczMC1lY2FhLTExZTYtOGY4OC0zNDM2M2JjN2M0YzAiOnsiY3JlYXRlIjo2MDAwMDAwMDAwMDAsImRlbGV0ZSI6MTIwMDAwMDAwMDAwMH0sInNjaGVtYV92ZXJzaW9uIjoiMSJ9",
          "dependencies": [
            "module.vpc_gateway.aws_vpc.this",
            "module.vpc_gateway.data.aws_availability_zones.this"
          ]
        }
      ]
    },
    {
      "module": "module.vpc_gateway",
      "mode": "managed",
      "type": "aws_vpc",
      "name": "this",
      "provider": "provider[\"registry.terraform.io/hashicorp/aws\"]",
      "instances": [
        {
          "schema_version": 1,
          "attributes": {
            "arn": "arn:aws:ec2:eu-west-2:928470004462:vpc/vpc-053ebdf19e28d0a8e",
            "assign_generated_ipv6_cidr_block": false,
            "cidr_block": "10.10.0.0/16",
            "default_network_acl_id": "acl-0bb11ecc6146a99b1",
            "default_route_table_id": "rtb-0420df93b6174b7d2",
            "default_security_group_id": "sg-09a7cbd4eb4c538dc",
            "dhcp_options_id": "dopt-04f788a94684bdb20",
            "enable_dns_hostnames": true,
            "enable_dns_support": true,
            "enable_network_address_usage_metrics": false,
            "id": "vpc-053ebdf19e28d0a8e",
            "instance_tenancy": "default",
            "ipv4_ipam_pool_id": null,
            "ipv4_netmask_length": null,
            "ipv6_association_id": "",
            "ipv6_cidr_block": "",
            "ipv6_cidr_block_network_border_group": "",
            "ipv6_ipam_pool_id": "",
            "ipv6_netmask_length": 0,
            "main_route_table_id": "rtb-0420df93b6174b7d2",
            "owner_id": "928470004462",
            "region": "eu-west-2",
            "tags": {
              "Name": "sentinel-gateway",
              "Owner": "Platform",
              "Project": "Sentinel"
            },
            "tags_all": {
              "Name": "sentinel-gateway",
              "Owner": "Platform",
              "Project": "Sentinel"
            }
          },
          "sensitive_attributes": [],
          "identity_schema_version": 0,
          "private": "eyJzY2hlbWFfdmVyc2lvbiI6IjEifQ=="
        }
      ]
    },
    {
      "module": "module.vpc_gateway",
      "mode": "managed",
      "type": "aws_vpc_endpoint",
      "name": "gateway",
      "provider": "provider[\"registry.terraform.io/hashicorp/aws\"]",
      "instances": [
        {
          "index_key": "s3",
          "schema_version": 0,
          "attributes": {
            "arn": "arn:aws:ec2:eu-west-2:928470004462:vpc-endpoint/vpce-0e068c66c5eb0f80f",
            "auto_accept": null,
            "cidr_blocks": [
              "52.95.150.0/24",
              "52.95.191.0/24",
              "52.95.142.0/23",
              "16.12.16.0/23",
              "3.5.244.0/22",
              "52.219.219.0/24",
              "52.95.144.0/24",
              "52.95.148.0/23",
              "16.12.15.0/24"
            ],
            "dns_entry": [],
            "dns_options": [],
            "id": "vpce-0e068c66c5eb0f80f",
            "ip_address_type": "",
            "network_interface_ids": [],
            "owner_id": "928470004462",
            "policy": "{\"Statement\":[{\"Action\":\"*\",\"Effect\":\"Allow\",\"Principal\":\"*\",\"Resource\":\"*\"}],\"Version\":\"2008-10-17\"}",
            "prefix_list_id": "pl-7ca54015",
            "private_dns_enabled": false,
            "region": "eu-west-2",
            "requester_managed": false,
            "resource_configuration_arn": "",
            "route_table_ids": [
              "rtb-07ec89554f9c52e6d",
              "rtb-0e93c7535b4835552"
            ],
            "security_group_ids": [],
            "service_name": "com.amazonaws.eu-west-2.s3",
            "service_network_arn": "",
            "service_region": "eu-west-2",
            "state": "available",
            "subnet_configuration": [],
            "subnet_ids": [],
            "tags": {
              "Name": "sentinel-gateway-vpce-s3",
              "Owner": "Platform",
              "Project": "Sentinel"
            },
            "tags_all": {
              "Name": "sentinel-gateway-vpce-s3",
              "Owner": "Platform",
              "Project": "Sentinel"
            },
            "timeouts": null,
            "vpc_endpoint_type": "Gateway",
            "vpc_id": "vpc-053ebdf19e28d0a8e"
          },
          "sensitive_attributes": [],
          "identity_schema_version": 0,
          "private": "eyJlMmJmYjczMC1lY2FhLTExZTYtOGY4OC0zNDM2M2JjN2M0YzAiOnsiY3JlYXRlIjo2MDAwMDAwMDAwMDAsImRlbGV0ZSI6NjAwMDAwMDAwMDAwLCJ1cGRhdGUiOjYwMDAwMDAwMDAwMH19",
          "dependencies": [
            "module.vpc_gateway.aws_route_table.private",
            "module.vpc_gateway.aws_subnet.private",
            "module.vpc_gateway.aws_vpc.this",
            "module.vpc_gateway.data.aws_availability_zones.this",
            "module.vpc_gateway.data.aws_region.current"
          ]
        }
      ]
    },
    {
      "module": "module.vpc_gateway",
      "mode": "managed",
      "type": "aws_vpc_endpoint",
      "name": "interface",
      "provider": "provider[\"registry.terraform.io/hashicorp/aws\"]",
      "instances": [
        {
          "index_key": "com.amazonaws.eu-west-2.ec2",
          "schema_version": 0,
          "attributes": {
            "arn": "arn:aws:ec2:eu-west-2:928470004462:vpc-endpoint/vpce-07a3b78613159ed2b",
            "auto_accept": null,
            "cidr_blocks": [],
            "dns_entry": [
              {
                "dns_name": "vpce-07a3b78613159ed2b-ucaqmqmb.ec2.eu-west-2.vpce.amazonaws.com",
                "hosted_zone_id": "Z7K1066E3PUKB"
              },
              {
                "dns_name": "vpce-07a3b78613159ed2b-ucaqmqmb-eu-west-2a.ec2.eu-west-2.vpce.amazonaws.com",
                "hosted_zone_id": "Z7K1066E3PUKB"
              },
              {
                "dns_name": "vpce-07a3b78613159ed2b-ucaqmqmb-eu-west-2b.ec2.eu-west-2.vpce.amazonaws.com",
                "hosted_zone_id": "Z7K1066E3PUKB"
              },
              {
                "dns_name": "ec2.eu-west-2.amazonaws.com",
                "hosted_zone_id": "Z00302521K0O72YOP1K3P"
              },
              {
                "dns_name": "ec2.eu-west-2.api.aws",
                "hosted_zone_id": "Z00247383LUL5K1AXUC5J"
              }
            ],
            "dns_options": [
              {
                "dns_record_ip_type": "ipv4",
                "private_dns_only_for_inbound_resolver_endpoint": false
              }
            ],
            "id": "vpce-07a3b78613159ed2b",
            "ip_address_type": "ipv4",
            "network_interface_ids": [
              "eni-025c1431470366d1a",
              "eni-07bce268d2cf922bb"
            ],
            "owner_id": "928470004462",
            "policy": "{\"Statement\":[{\"Action\":\"*\",\"Effect\":\"Allow\",\"Principal\":\"*\",\"Resource\":\"*\"}]}",
            "prefix_list_id": null,
            "private_dns_enabled": true,
            "region": "eu-west-2",
            "requester_managed": false,
            "resource_configuration_arn": "",
            "route_table_ids": [],
            "security_group_ids": [
              "sg-04395473110a56fcb"
            ],
            "service_name": "com.amazonaws.eu-west-2.ec2",
            "service_network_arn": "",
            "service_region": "eu-west-2",
            "state": "available",
            "subnet_configuration": [
              {
                "ipv4": "10.10.1.106",
                "ipv6": "",
                "subnet_id": "subnet-0cfd86fbf3d258acd"
              },
              {
                "ipv4": "10.10.2.21",
                "ipv6": "",
                "subnet_id": "subnet-0f595f042d851c21d"
              }
            ],
            "subnet_ids": [
              "subnet-0cfd86fbf3d258acd",
              "subnet-0f595f042d851c21d"
            ],
            "tags": {
              "Name": "sentinel-gateway-vpce-ec2",
              "Owner": "Platform",
              "Project": "Sentinel"
            },
            "tags_all": {
              "Name": "sentinel-gateway-vpce-ec2",
              "Owner": "Platform",
              "Project": "Sentinel"
            },
            "timeouts": null,
            "vpc_endpoint_type": "Interface",
            "vpc_id": "vpc-053ebdf19e28d0a8e"
          },
          "sensitive_attributes": [],
          "identity_schema_version": 0,
          "private": "eyJlMmJmYjczMC1lY2FhLTExZTYtOGY4OC0zNDM2M2JjN2M0YzAiOnsiY3JlYXRlIjo2MDAwMDAwMDAwMDAsImRlbGV0ZSI6NjAwMDAwMDAwMDAwLCJ1cGRhdGUiOjYwMDAwMDAwMDAwMH19",
          "dependencies": [
            "module.vpc_gateway.aws_security_group.endpoints",
            "module.vpc_gateway.aws_subnet.private",
            "module.vpc_gateway.aws_vpc.this",
            "module.vpc_gateway.data.aws_availability_zones.this",
            "module.vpc_gateway.data.aws_region.current"
          ]
        },
        {
          "index_key": "com.amazonaws.eu-west-2.ec2messages",
          "schema_version": 0,
          "attributes": {
            "arn": "arn:aws:ec2:eu-west-2:928470004462:vpc-endpoint/vpce-046f9e125e9f511e4",
            "auto_accept": null,
            "cidr_blocks": [],
            "dns_entry": [
              {
                "dns_name": "vpce-046f9e125e9f511e4-f5h58ilp.ec2messages.eu-west-2.vpce.amazonaws.com",
                "hosted_zone_id": "Z7K1066E3PUKB"
              },
              {
                "dns_name": "vpce-046f9e125e9f511e4-f5h58ilp-eu-west-2b.ec2messages.eu-west-2.vpce.amazonaws.com",
                "hosted_zone_id": "Z7K1066E3PUKB"
              },
              {
                "dns_name": "vpce-046f9e125e9f511e4-f5h58ilp-eu-west-2a.ec2messages.eu-west-2.vpce.amazonaws.com",
                "hosted_zone_id": "Z7K1066E3PUKB"
              },
              {
                "dns_name": "ec2messages.eu-west-2.amazonaws.com",
                "hosted_zone_id": "Z08833202412SVIWS1C5W"
              }
            ],
            "dns_options": [
              {
                "dns_record_ip_type": "ipv4",
                "private_dns_only_for_inbound_resolver_endpoint": false
              }
            ],
            "id": "vpce-046f9e125e9f511e4",
            "ip_address_type": "ipv4",
            "network_interface_ids": [
              "eni-0285499f12d3943b5",
              "eni-03d9839bc75414f2b"
            ],
            "owner_id": "928470004462",
            "policy": "{\"Statement\":[{\"Action\":\"*\",\"Effect\":\"Allow\",\"Principal\":\"*\",\"Resource\":\"*\"}]}",
            "prefix_list_id": null,
            "private_dns_enabled": true,
            "region": "eu-west-2",
            "requester_managed": false,
            "resource_configuration_arn": "",
            "route_table_ids": [],
            "security_group_ids": [
              "sg-04395473110a56fcb"
            ],
            "service_name": "com.amazonaws.eu-west-2.ec2messages",
            "service_network_arn": "",
            "service_region": "eu-west-2",
            "state": "available",
            "subnet_configuration": [
              {
                "ipv4": "10.10.1.240",
                "ipv6": "",
                "subnet_id": "subnet-0cfd86fbf3d258acd"
              },
              {
                "ipv4": "10.10.2.177",
                "ipv6": "",
                "subnet_id": "subnet-0f595f042d851c21d"
              }
            ],
            "subnet_ids": [
              "subnet-0cfd86fbf3d258acd",
              "subnet-0f595f042d851c21d"
            ],
            "tags": {
              "Name": "sentinel-gateway-vpce-ec2messages",
              "Owner": "Platform",
              "Project": "Sentinel"
            },
            "tags_all": {
              "Name": "sentinel-gateway-vpce-ec2messages",
              "Owner": "Platform",
              "Project": "Sentinel"
            },
            "timeouts": null,
            "vpc_endpoint_type": "Interface",
            "vpc_id": "vpc-053ebdf19e28d0a8e"
          },
          "sensitive_attributes": [],
          "identity_schema_version": 0,
          "private": "eyJlMmJmYjczMC1lY2FhLTExZTYtOGY4OC0zNDM2M2JjN2M0YzAiOnsiY3JlYXRlIjo2MDAwMDAwMDAwMDAsImRlbGV0ZSI6NjAwMDAwMDAwMDAwLCJ1cGRhdGUiOjYwMDAwMDAwMDAwMH19",
          "dependencies": [
            "module.vpc_gateway.aws_security_group.endpoints",
            "module.vpc_gateway.aws_subnet.private",
            "module.vpc_gateway.aws_vpc.this",
            "module.vpc_gateway.data.aws_availability_zones.this",
            "module.vpc_gateway.data.aws_region.current"
          ]
        },
        {
          "index_key": "com.amazonaws.eu-west-2.ecr.api",
          "schema_version": 0,
          "attributes": {
            "arn": "arn:aws:ec2:eu-west-2:928470004462:vpc-endpoint/vpce-08e98d97767530569",
            "auto_accept": null,
            "cidr_blocks": [],
            "dns_entry": [
              {
                "dns_name": "vpce-08e98d97767530569-ar8xoeha.api.ecr.eu-west-2.vpce.amazonaws.com",
                "hosted_zone_id": "Z7K1066E3PUKB"
              },
              {
                "dns_name": "vpce-08e98d97767530569-ar8xoeha-eu-west-2b.api.ecr.eu-west-2.vpce.amazonaws.com",
                "hosted_zone_id": "Z7K1066E3PUKB"
              },
              {
                "dns_name": "vpce-08e98d97767530569-ar8xoeha-eu-west-2a.api.ecr.eu-west-2.vpce.amazonaws.com",
                "hosted_zone_id": "Z7K1066E3PUKB"
              },
              {
                "dns_name": "api.ecr.eu-west-2.amazonaws.com",
                "hosted_zone_id": "Z03839141I7ORCJTZHB9D"
              },
              {
                "dns_name": "ecr.eu-west-2.api.aws",
                "hosted_zone_id": "Z0383913396AGVNL3WNEB"
              }
            ],
            "dns_options": [
              {
                "dns_record_ip_type": "ipv4",
                "private_dns_only_for_inbound_resolver_endpoint": false
              }
            ],
            "id": "vpce-08e98d97767530569",
            "ip_address_type": "ipv4",
            "network_interface_ids": [
              "eni-03c78a6ac5c0fde0d",
              "eni-051f3bf15079b0a0f"
            ],
            "owner_id": "928470004462",
            "policy": "{\"Statement\":[{\"Action\":\"*\",\"Effect\":\"Allow\",\"Principal\":\"*\",\"Resource\":\"*\"}]}",
            "prefix_list_id": null,
            "private_dns_enabled": true,
            "region": "eu-west-2",
            "requester_managed": false,
            "resource_configuration_arn": "",
            "route_table_ids": [],
            "security_group_ids": [
              "sg-04395473110a56fcb"
            ],
            "service_name": "com.amazonaws.eu-west-2.ecr.api",
            "service_network_arn": "",
            "service_region": "eu-west-2",
            "state": "available",
            "subnet_configuration": [
              {
                "ipv4": "10.10.1.104",
                "ipv6": "",
                "subnet_id": "subnet-0cfd86fbf3d258acd"
              },
              {
                "ipv4": "10.10.2.99",
                "ipv6": "",
                "subnet_id": "subnet-0f595f042d851c21d"
              }
            ],
            "subnet_ids": [
              "subnet-0cfd86fbf3d258acd",
              "subnet-0f595f042d851c21d"
            ],
            "tags": {
              "Name": "sentinel-gateway-vpce-ecr.api",
              "Owner": "Platform",
              "Project": "Sentinel"
            },
            "tags_all": {
              "Name": "sentinel-gateway-vpce-ecr.api",
              "Owner": "Platform",
              "Project": "Sentinel"
            },
            "timeouts": null,
            "vpc_endpoint_type": "Interface",
            "vpc_id": "vpc-053ebdf19e28d0a8e"
          },
          "sensitive_attributes": [],
          "identity_schema_version": 0,
          "private": "eyJlMmJmYjczMC1lY2FhLTExZTYtOGY4OC0zNDM2M2JjN2M0YzAiOnsiY3JlYXRlIjo2MDAwMDAwMDAwMDAsImRlbGV0ZSI6NjAwMDAwMDAwMDAwLCJ1cGRhdGUiOjYwMDAwMDAwMDAwMH19",
          "dependencies": [
            "module.vpc_gateway.aws_security_group.endpoints",
            "module.vpc_gateway.aws_subnet.private",
            "module.vpc_gateway.aws_vpc.this",
            "module.vpc_gateway.data.aws_availability_zones.this",
            "module.vpc_gateway.data.aws_region.current"
          ]
        },
        {
          "index_key": "com.amazonaws.eu-west-2.ecr.dkr",
          "schema_version": 0,
          "attributes": {
            "arn": "arn:aws:ec2:eu-west-2:928470004462:vpc-endpoint/vpce-02ca1c875729dddd9",
            "auto_accept": null,
            "cidr_blocks": [],
            "dns_entry": [
              {
                "dns_name": "vpce-02ca1c875729dddd9-4p4hwfp2.dkr.ecr.eu-west-2.vpce.amazonaws.com",
                "hosted_zone_id": "Z7K1066E3PUKB"
              },
              {
                "dns_name": "vpce-02ca1c875729dddd9-4p4hwfp2-eu-west-2a.dkr.ecr.eu-west-2.vpce.amazonaws.com",
                "hosted_zone_id": "Z7K1066E3PUKB"
              },
              {
                "dns_name": "vpce-02ca1c875729dddd9-4p4hwfp2-eu-west-2b.dkr.ecr.eu-west-2.vpce.amazonaws.com",
                "hosted_zone_id": "Z7K1066E3PUKB"
              },
              {
                "dns_name": "dkr.ecr.eu-west-2.amazonaws.com",
                "hosted_zone_id": "Z03773221NUSXIOC0IY5Y"
              },
              {
                "dns_name": "*.dkr.ecr.eu-west-2.amazonaws.com",
                "hosted_zone_id": "Z03773221NUSXIOC0IY5Y"
              },
              {
                "dns_name": "dkr-ecr.eu-west-2.on.aws",
                "hosted_zone_id": "Z00306471N82CIMH7NQFZ"
              },
              {
                "dns_name": "*.dkr-ecr.eu-west-2.on.aws",
                "hosted_zone_id": "Z00306471N82CIMH7NQFZ"
              }
            ],
            "dns_options": [
              {
                "dns_record_ip_type": "ipv4",
                "private_dns_only_for_inbound_resolver_endpoint": false
              }
            ],
            "id": "vpce-02ca1c875729dddd9",
            "ip_address_type": "ipv4",
            "network_interface_ids": [
              "eni-0156cb88e3242faad",
              "eni-0c2d258084b0d0865"
            ],
            "owner_id": "928470004462",
            "policy": "{\"Statement\":[{\"Action\":\"*\",\"Effect\":\"Allow\",\"Principal\":\"*\",\"Resource\":\"*\"}]}",
            "prefix_list_id": null,
            "private_dns_enabled": true,
            "region": "eu-west-2",
            "requester_managed": false,
            "resource_configuration_arn": "",
            "route_table_ids": [],
            "security_group_ids": [
              "sg-04395473110a56fcb"
            ],
            "service_name": "com.amazonaws.eu-west-2.ecr.dkr",
            "service_network_arn": "",
            "service_region": "eu-west-2",
            "state": "available",
            "subnet_configuration": [
              {
                "ipv4": "10.10.1.49",
                "ipv6": "",
                "subnet_id": "subnet-0cfd86fbf3d258acd"
              },
              {
                "ipv4": "10.10.2.253",
                "ipv6": "",
                "subnet_id": "subnet-0f595f042d851c21d"
              }
            ],
            "subnet_ids": [
              "subnet-0cfd86fbf3d258acd",
              "subnet-0f595f042d851c21d"
            ],
            "tags": {
              "Name": "sentinel-gateway-vpce-ecr.dkr",
              "Owner": "Platform",
              "Project": "Sentinel"
            },
            "tags_all": {
              "Name": "sentinel-gateway-vpce-ecr.dkr",
              "Owner": "Platform",
              "Project": "Sentinel"
            },
            "timeouts": null,
            "vpc_endpoint_type": "Interface",
            "vpc_id": "vpc-053ebdf19e28d0a8e"
          },
          "sensitive_attributes": [],
          "identity_schema_version": 0,
          "private": "eyJlMmJmYjczMC1lY2FhLTExZTYtOGY4OC0zNDM2M2JjN2M0YzAiOnsiY3JlYXRlIjo2MDAwMDAwMDAwMDAsImRlbGV0ZSI6NjAwMDAwMDAwMDAwLCJ1cGRhdGUiOjYwMDAwMDAwMDAwMH19",
          "dependencies": [
            "module.vpc_gateway.aws_security_group.endpoints",
            "module.vpc_gateway.aws_subnet.private",
            "module.vpc_gateway.aws_vpc.this",
            "module.vpc_gateway.data.aws_availability_zones.this",
            "module.vpc_gateway.data.aws_region.current"
          ]
        },
        {
          "index_key": "com.amazonaws.eu-west-2.kms",
          "schema_version": 0,
          "attributes": {
            "arn": "arn:aws:ec2:eu-west-2:928470004462:vpc-endpoint/vpce-015adf44e20bfa596",
            "auto_accept": null,
            "cidr_blocks": [],
            "dns_entry": [
              {
                "dns_name": "vpce-015adf44e20bfa596-5q5xh7di.kms.eu-west-2.vpce.amazonaws.com",
                "hosted_zone_id": "Z7K1066E3PUKB"
              },
              {
                "dns_name": "vpce-015adf44e20bfa596-5q5xh7di-eu-west-2b.kms.eu-west-2.vpce.amazonaws.com",
                "hosted_zone_id": "Z7K1066E3PUKB"
              },
              {
                "dns_name": "vpce-015adf44e20bfa596-5q5xh7di-eu-west-2a.kms.eu-west-2.vpce.amazonaws.com",
                "hosted_zone_id": "Z7K1066E3PUKB"
              },
              {
                "dns_name": "kms.eu-west-2.amazonaws.com",
                "hosted_zone_id": "Z0383929MII4JJ9YTBN6"
              },
              {
                "dns_name": "kms.eu-west-2.api.aws",
                "hosted_zone_id": "Z00320378V3IJAANVFRY"
              }
            ],
            "dns_options": [
              {
                "dns_record_ip_type": "ipv4",
                "private_dns_only_for_inbound_resolver_endpoint": false
              }
            ],
            "id": "vpce-015adf44e20bfa596",
            "ip_address_type": "ipv4",
            "network_interface_ids": [
              "eni-06f292751f5a7c59f",
              "eni-09860a374ebdf25eb"
            ],
            "owner_id": "928470004462",
            "policy": "{\"Statement\":[{\"Action\":\"*\",\"Effect\":\"Allow\",\"Principal\":\"*\",\"Resource\":\"*\"}]}",
            "prefix_list_id": null,
            "private_dns_enabled": true,
            "region": "eu-west-2",
            "requester_managed": false,
            "resource_configuration_arn": "",
            "route_table_ids": [],
            "security_group_ids": [
              "sg-04395473110a56fcb"
            ],
            "service_name": "com.amazonaws.eu-west-2.kms",
            "service_network_arn": "",
            "service_region": "eu-west-2",
            "state": "available",
            "subnet_configuration": [
              {
                "ipv4": "10.10.1.161",
                "ipv6": "",
                "subnet_id": "subnet-0cfd86fbf3d258acd"
              },
              {
                "ipv4": "10.10.2.93",
                "ipv6": "",
                "subnet_id": "subnet-0f595f042d851c21d"
              }
            ],
            "subnet_ids": [
              "subnet-0cfd86fbf3d258acd",
              "subnet-0f595f042d851c21d"
            ],
            "tags": {
              "Name": "sentinel-gateway-vpce-kms",
              "Owner": "Platform",
              "Project": "Sentinel"
            },
            "tags_all": {
              "Name": "sentinel-gateway-vpce-kms",
              "Owner": "Platform",
              "Project": "Sentinel"
            },
            "timeouts": null,
            "vpc_endpoint_type": "Interface",
            "vpc_id": "vpc-053ebdf19e28d0a8e"
          },
          "sensitive_attributes": [],
          "identity_schema_version": 0,
          "private": "eyJlMmJmYjczMC1lY2FhLTExZTYtOGY4OC0zNDM2M2JjN2M0YzAiOnsiY3JlYXRlIjo2MDAwMDAwMDAwMDAsImRlbGV0ZSI6NjAwMDAwMDAwMDAwLCJ1cGRhdGUiOjYwMDAwMDAwMDAwMH19",
          "dependencies": [
            "module.vpc_gateway.aws_security_group.endpoints",
            "module.vpc_gateway.aws_subnet.private",
            "module.vpc_gateway.aws_vpc.this",
            "module.vpc_gateway.data.aws_availability_zones.this",
            "module.vpc_gateway.data.aws_region.current"
          ]
        },
        {
          "index_key": "com.amazonaws.eu-west-2.logs",
          "schema_version": 0,
          "attributes": {
            "arn": "arn:aws:ec2:eu-west-2:928470004462:vpc-endpoint/vpce-0a19d2974462a6a9a",
            "auto_accept": null,
            "cidr_blocks": [],
            "dns_entry": [
              {
                "dns_name": "vpce-0a19d2974462a6a9a-98akvu0k.logs.eu-west-2.vpce.amazonaws.com",
                "hosted_zone_id": "Z7K1066E3PUKB"
              },
              {
                "dns_name": "vpce-0a19d2974462a6a9a-98akvu0k-eu-west-2a.logs.eu-west-2.vpce.amazonaws.com",
                "hosted_zone_id": "Z7K1066E3PUKB"
              },
              {
                "dns_name": "vpce-0a19d2974462a6a9a-98akvu0k-eu-west-2b.logs.eu-west-2.vpce.amazonaws.com",
                "hosted_zone_id": "Z7K1066E3PUKB"
              },
              {
                "dns_name": "logs.eu-west-2.amazonaws.com",
                "hosted_zone_id": "Z03839321NLD7LV9PO2JJ"
              },
              {
                "dns_name": "logs.eu-west-2.api.aws",
                "hosted_zone_id": "Z002527729XGKW49F6WWY"
              },
              {
                "dns_name": "streaming-logs.eu-west-2.api.aws",
                "hosted_zone_id": "Z0383934340L6G8TQKCTU"
              },
              {
                "dns_name": "streaming-logs.eu-west-2.amazonaws.com",
                "hosted_zone_id": "Z02975101O0TGLC4UE1N8"
              }
            ],
            "dns_options": [
              {
                "dns_record_ip_type": "ipv4",
                "private_dns_only_for_inbound_resolver_endpoint": false
              }
            ],
            "id": "vpce-0a19d2974462a6a9a",
            "ip_address_type": "ipv4",
            "network_interface_ids": [
              "eni-04a7a6e0983617b1e",
              "eni-0bb747055f688d2e7"
            ],
            "owner_id": "928470004462",
            "policy": "{\"Statement\":[{\"Action\":\"*\",\"Effect\":\"Allow\",\"Principal\":\"*\",\"Resource\":\"*\"}]}",
            "prefix_list_id": null,
            "private_dns_enabled": true,
            "region": "eu-west-2",
            "requester_managed": false,
            "resource_configuration_arn": "",
            "route_table_ids": [],
            "security_group_ids": [
              "sg-04395473110a56fcb"
            ],
            "service_name": "com.amazonaws.eu-west-2.logs",
            "service_network_arn": "",
            "service_region": "eu-west-2",
            "state": "available",
            "subnet_configuration": [
              {
                "ipv4": "10.10.1.55",
                "ipv6": "",
                "subnet_id": "subnet-0cfd86fbf3d258acd"
              },
              {
                "ipv4": "10.10.2.186",
                "ipv6": "",
                "subnet_id": "subnet-0f595f042d851c21d"
              }
            ],
            "subnet_ids": [
              "subnet-0cfd86fbf3d258acd",
              "subnet-0f595f042d851c21d"
            ],
            "tags": {
              "Name": "sentinel-gateway-vpce-logs",
              "Owner": "Platform",
              "Project": "Sentinel"
            },
            "tags_all": {
              "Name": "sentinel-gateway-vpce-logs",
              "Owner": "Platform",
              "Project": "Sentinel"
            },
            "timeouts": null,
            "vpc_endpoint_type": "Interface",
            "vpc_id": "vpc-053ebdf19e28d0a8e"
          },
          "sensitive_attributes": [],
          "identity_schema_version": 0,
          "private": "eyJlMmJmYjczMC1lY2FhLTExZTYtOGY4OC0zNDM2M2JjN2M0YzAiOnsiY3JlYXRlIjo2MDAwMDAwMDAwMDAsImRlbGV0ZSI6NjAwMDAwMDAwMDAwLCJ1cGRhdGUiOjYwMDAwMDAwMDAwMH19",
          "dependencies": [
            "module.vpc_gateway.aws_security_group.endpoints",
            "module.vpc_gateway.aws_subnet.private",
            "module.vpc_gateway.aws_vpc.this",
            "module.vpc_gateway.data.aws_availability_zones.this",
            "module.vpc_gateway.data.aws_region.current"
          ]
        },
        {
          "index_key": "com.amazonaws.eu-west-2.secretsmanager",
          "schema_version": 0,
          "attributes": {
            "arn": "arn:aws:ec2:eu-west-2:928470004462:vpc-endpoint/vpce-076ca8996bf19f0cf",
            "auto_accept": null,
            "cidr_blocks": [],
            "dns_entry": [
              {
                "dns_name": "vpce-076ca8996bf19f0cf-tvdtvtld.secretsmanager.eu-west-2.vpce.amazonaws.com",
                "hosted_zone_id": "Z7K1066E3PUKB"
              },
              {
                "dns_name": "vpce-076ca8996bf19f0cf-tvdtvtld-eu-west-2b.secretsmanager.eu-west-2.vpce.amazonaws.com",
                "hosted_zone_id": "Z7K1066E3PUKB"
              },
              {
                "dns_name": "vpce-076ca8996bf19f0cf-tvdtvtld-eu-west-2a.secretsmanager.eu-west-2.vpce.amazonaws.com",
                "hosted_zone_id": "Z7K1066E3PUKB"
              },
              {
                "dns_name": "secretsmanager.eu-west-2.amazonaws.com",
                "hosted_zone_id": "Z02969501MTU5YC2P7M2Q"
              }
            ],
            "dns_options": [
              {
                "dns_record_ip_type": "ipv4",
                "private_dns_only_for_inbound_resolver_endpoint": false
              }
            ],
            "id": "vpce-076ca8996bf19f0cf",
            "ip_address_type": "ipv4",
            "network_interface_ids": [
              "eni-038752aa96896b5cc",
              "eni-0cae637f2b01d11b6"
            ],
            "owner_id": "928470004462",
            "policy": "{\"Statement\":[{\"Action\":\"*\",\"Effect\":\"Allow\",\"Principal\":\"*\",\"Resource\":\"*\"}]}",
            "prefix_list_id": null,
            "private_dns_enabled": true,
            "region": "eu-west-2",
            "requester_managed": false,
            "resource_configuration_arn": "",
            "route_table_ids": [],
            "security_group_ids": [
              "sg-04395473110a56fcb"
            ],
            "service_name": "com.amazonaws.eu-west-2.secretsmanager",
            "service_network_arn": "",
            "service_region": "eu-west-2",
            "state": "available",
            "subnet_configuration": [
              {
                "ipv4": "10.10.1.83",
                "ipv6": "",
                "subnet_id": "subnet-0cfd86fbf3d258acd"
              },
              {
                "ipv4": "10.10.2.76",
                "ipv6": "",
                "subnet_id": "subnet-0f595f042d851c21d"
              }
            ],
            "subnet_ids": [
              "subnet-0cfd86fbf3d258acd",
              "subnet-0f595f042d851c21d"
            ],
            "tags": {
              "Name": "sentinel-gateway-vpce-secretsmanager",
              "Owner": "Platform",
              "Project": "Sentinel"
            },
            "tags_all": {
              "Name": "sentinel-gateway-vpce-secretsmanager",
              "Owner": "Platform",
              "Project": "Sentinel"
            },
            "timeouts": null,
            "vpc_endpoint_type": "Interface",
            "vpc_id": "vpc-053ebdf19e28d0a8e"
          },
          "sensitive_attributes": [],
          "identity_schema_version": 0,
          "private": "eyJlMmJmYjczMC1lY2FhLTExZTYtOGY4OC0zNDM2M2JjN2M0YzAiOnsiY3JlYXRlIjo2MDAwMDAwMDAwMDAsImRlbGV0ZSI6NjAwMDAwMDAwMDAwLCJ1cGRhdGUiOjYwMDAwMDAwMDAwMH19",
          "dependencies": [
            "module.vpc_gateway.aws_security_group.endpoints",
            "module.vpc_gateway.aws_subnet.private",
            "module.vpc_gateway.aws_vpc.this",
            "module.vpc_gateway.data.aws_availability_zones.this",
            "module.vpc_gateway.data.aws_region.current"
          ]
        },
        {
          "index_key": "com.amazonaws.eu-west-2.ssm",
          "schema_version": 0,
          "attributes": {
            "arn": "arn:aws:ec2:eu-west-2:928470004462:vpc-endpoint/vpce-0b97b804488985747",
            "auto_accept": null,
            "cidr_blocks": [],
            "dns_entry": [
              {
                "dns_name": "vpce-0b97b804488985747-kdofu853.ssm.eu-west-2.vpce.amazonaws.com",
                "hosted_zone_id": "Z7K1066E3PUKB"
              },
              {
                "dns_name": "vpce-0b97b804488985747-kdofu853-eu-west-2a.ssm.eu-west-2.vpce.amazonaws.com",
                "hosted_zone_id": "Z7K1066E3PUKB"
              },
              {
                "dns_name": "vpce-0b97b804488985747-kdofu853-eu-west-2b.ssm.eu-west-2.vpce.amazonaws.com",
                "hosted_zone_id": "Z7K1066E3PUKB"
              },
              {
                "dns_name": "ssm.eu-west-2.amazonaws.com",
                "hosted_zone_id": "Z08838813543QIFOS4VQD"
              },
              {
                "dns_name": "ssm.eu-west-2.api.aws",
                "hosted_zone_id": "Z03839101G92TMG2XUI6M"
              }
            ],
            "dns_options": [
              {
                "dns_record_ip_type": "ipv4",
                "private_dns_only_for_inbound_resolver_endpoint": false
              }
            ],
            "id": "vpce-0b97b804488985747",
            "ip_address_type": "ipv4",
            "network_interface_ids": [
              "eni-04991529171bd4b99",
              "eni-09bcb9fdf07bcff0f"
            ],
            "owner_id": "928470004462",
            "policy": "{\"Statement\":[{\"Action\":\"*\",\"Effect\":\"Allow\",\"Principal\":\"*\",\"Resource\":\"*\"}]}",
            "prefix_list_id": null,
            "private_dns_enabled": true,
            "region": "eu-west-2",
            "requester_managed": false,
            "resource_configuration_arn": "",
            "route_table_ids": [],
            "security_group_ids": [
              "sg-04395473110a56fcb"
            ],
            "service_name": "com.amazonaws.eu-west-2.ssm",
            "service_network_arn": "",
            "service_region": "eu-west-2",
            "state": "available",
            "subnet_configuration": [
              {
                "ipv4": "10.10.1.238",
                "ipv6": "",
                "subnet_id": "subnet-0cfd86fbf3d258acd"
              },
              {
                "ipv4": "10.10.2.79",
                "ipv6": "",
                "subnet_id": "subnet-0f595f042d851c21d"
              }
            ],
            "subnet_ids": [
              "subnet-0cfd86fbf3d258acd",
              "subnet-0f595f042d851c21d"
            ],
            "tags": {
              "Name": "sentinel-gateway-vpce-ssm",
              "Owner": "Platform",
              "Project": "Sentinel"
            },
            "tags_all": {
              "Name": "sentinel-gateway-vpce-ssm",
              "Owner": "Platform",
              "Project": "Sentinel"
            },
            "timeouts": null,
            "vpc_endpoint_type": "Interface",
            "vpc_id": "vpc-053ebdf19e28d0a8e"
          },
          "sensitive_attributes": [],
          "identity_schema_version": 0,
          "private": "eyJlMmJmYjczMC1lY2FhLTExZTYtOGY4OC0zNDM2M2JjN2M0YzAiOnsiY3JlYXRlIjo2MDAwMDAwMDAwMDAsImRlbGV0ZSI6NjAwMDAwMDAwMDAwLCJ1cGRhdGUiOjYwMDAwMDAwMDAwMH19",
          "dependencies": [
            "module.vpc_gateway.aws_security_group.endpoints",
            "module.vpc_gateway.aws_subnet.private",
            "module.vpc_gateway.aws_vpc.this",
            "module.vpc_gateway.data.aws_availability_zones.this",
            "module.vpc_gateway.data.aws_region.current"
          ]
        },
        {
          "index_key": "com.amazonaws.eu-west-2.ssmmessages",
          "schema_version": 0,
          "attributes": {
            "arn": "arn:aws:ec2:eu-west-2:928470004462:vpc-endpoint/vpce-082e3a85837691ce4",
            "auto_accept": null,
            "cidr_blocks": [],
            "dns_entry": [
              {
                "dns_name": "vpce-082e3a85837691ce4-pfosc4ef.ssmmessages.eu-west-2.vpce.amazonaws.com",
                "hosted_zone_id": "Z7K1066E3PUKB"
              },
              {
                "dns_name": "vpce-082e3a85837691ce4-pfosc4ef-eu-west-2b.ssmmessages.eu-west-2.vpce.amazonaws.com",
                "hosted_zone_id": "Z7K1066E3PUKB"
              },
              {
                "dns_name": "vpce-082e3a85837691ce4-pfosc4ef-eu-west-2a.ssmmessages.eu-west-2.vpce.amazonaws.com",
                "hosted_zone_id": "Z7K1066E3PUKB"
              },
              {
                "dns_name": "ssmmessages.eu-west-2.amazonaws.com",
                "hosted_zone_id": "Z02969043EKQCNGPH7H3J"
              }
            ],
            "dns_options": [
              {
                "dns_record_ip_type": "ipv4",
                "private_dns_only_for_inbound_resolver_endpoint": false
              }
            ],
            "id": "vpce-082e3a85837691ce4",
            "ip_address_type": "ipv4",
            "network_interface_ids": [
              "eni-020a9725658efbd17",
              "eni-05eca29a1f089a6d6"
            ],
            "owner_id": "928470004462",
            "policy": "{\"Statement\":[{\"Action\":\"*\",\"Effect\":\"Allow\",\"Principal\":\"*\",\"Resource\":\"*\"}]}",
            "prefix_list_id": null,
            "private_dns_enabled": true,
            "region": "eu-west-2",
            "requester_managed": false,
            "resource_configuration_arn": "",
            "route_table_ids": [],
            "security_group_ids": [
              "sg-04395473110a56fcb"
            ],
            "service_name": "com.amazonaws.eu-west-2.ssmmessages",
            "service_network_arn": "",
            "service_region": "eu-west-2",
            "state": "available",
            "subnet_configuration": [
              {
                "ipv4": "10.10.1.144",
                "ipv6": "",
                "subnet_id": "subnet-0cfd86fbf3d258acd"
              },
              {
                "ipv4": "10.10.2.251",
                "ipv6": "",
                "subnet_id": "subnet-0f595f042d851c21d"
              }
            ],
            "subnet_ids": [
              "subnet-0cfd86fbf3d258acd",
              "subnet-0f595f042d851c21d"
            ],
            "tags": {
              "Name": "sentinel-gateway-vpce-ssmmessages",
              "Owner": "Platform",
              "Project": "Sentinel"
            },
            "tags_all": {
              "Name": "sentinel-gateway-vpce-ssmmessages",
              "Owner": "Platform",
              "Project": "Sentinel"
            },
            "timeouts": null,
            "vpc_endpoint_type": "Interface",
            "vpc_id": "vpc-053ebdf19e28d0a8e"
          },
          "sensitive_attributes": [],
          "identity_schema_version": 0,
          "private": "eyJlMmJmYjczMC1lY2FhLTExZTYtOGY4OC0zNDM2M2JjN2M0YzAiOnsiY3JlYXRlIjo2MDAwMDAwMDAwMDAsImRlbGV0ZSI6NjAwMDAwMDAwMDAwLCJ1cGRhdGUiOjYwMDAwMDAwMDAwMH19",
          "dependencies": [
            "module.vpc_gateway.aws_security_group.endpoints",
            "module.vpc_gateway.aws_subnet.private",
            "module.vpc_gateway.aws_vpc.this",
            "module.vpc_gateway.data.aws_availability_zones.this",
            "module.vpc_gateway.data.aws_region.current"
          ]
        }
      ]
    }
  ],
  "check_results": null
}
