{
  "version": 4,
  "terraform_version": "1.13.1",
  "serial": 1012,
  "lineage": "df42bd02-eaf0-6774-7c86-558be2c3e023",
  "outputs": {
    "backend_private_subnets": {
      "value": [
        "subnet-008bf89885121c229",
        "subnet-0c353dfce3e49fe11"
      ],
      "type": [
        "tuple",
        [
          "string",
          "string"
        ]
      ]
    },
    "backend_vpc_id": {
      "value": "vpc-0b249c74e19f66de7",
      "type": "string"
    },
    "eks_backend_cluster_name": {
      "value": "sentinel-eks-backend",
      "type": "string"
    },
    "eks_gateway_cluster_name": {
      "value": "sentinel-eks-gateway",
      "type": "string"
    },
    "gateway_private_subnets": {
      "value": [
        "subnet-0de22c7663fb4d8c6",
        "subnet-007a1885b07895285"
      ],
      "type": [
        "tuple",
        [
          "string",
          "string"
        ]
      ]
    },
    "gateway_vpc_id": {
      "value": "vpc-0d86801efc0555088",
      "type": "string"
    },
    "vpc_peering_id": {
      "value": "pcx-08fd95b1536c86d78",
      "type": "string"
    }
  },
  "resources": [
    {
      "mode": "data",
      "type": "aws_eks_cluster_auth",
      "name": "backend",
      "provider": "provider[\"registry.terraform.io/hashicorp/aws\"]",
      "instances": [
        {
          "schema_version": 0,
          "attributes": {
            "id": "sentinel-eks-backend",
            "name": "sentinel-eks-backend",
            "region": "eu-west-2",
            "token": "k8s-aws-v1.aHR0cHM6Ly9zdHMuZXUtd2VzdC0yLmFtYXpvbmF3cy5jb20vP0FjdGlvbj1HZXRDYWxsZXJJZGVudGl0eSZWZXJzaW9uPTIwMTEtMDYtMTUmWC1BbXotQWxnb3JpdGhtPUFXUzQtSE1BQy1TSEEyNTYmWC1BbXotQ3JlZGVudGlhbD1BS0lBNVFMSTc2TFhPV0VJQTY3RyUyRjIwMjUwODMxJTJGZXUtd2VzdC0yJTJGc3RzJTJGYXdzNF9yZXF1ZXN0JlgtQW16LURhdGU9MjAyNTA4MzFUMTU0NDMwWiZYLUFtei1FeHBpcmVzPTAmWC1BbXotU2lnbmVkSGVhZGVycz1ob3N0JTNCeC1rOHMtYXdzLWlkJlgtQW16LVNpZ25hdHVyZT0wMWExY2FjMDAzNzc0YjUzMjljOGNkMGZlODRmZDUzNTc3OWJlMWY1YmRlMjQ4MGJjYTBmOWYxMTk3YWM3Nzc2"
          },
          "sensitive_attributes": [
            [
              {
                "type": "get_attr",
                "value": "token"
              }
            ]
          ],
          "identity_schema_version": 0
        }
      ]
    },
    {
      "mode": "managed",
      "type": "aws_security_group",
      "name": "backend_alb",
      "provider": "provider[\"registry.terraform.io/hashicorp/aws\"]",
      "instances": [
        {
          "schema_version": 1,
          "attributes": {
            "arn": "arn:aws:ec2:eu-west-2:928470004462:security-group/sg-045e8199804e925de",
            "description": "Allow HTTP from gateway VPC only",
            "egress": [
              {
                "cidr_blocks": [
                  "0.0.0.0/0"
                ],
                "description": "",
                "from_port": 0,
                "ipv6_cidr_blocks": [],
                "prefix_list_ids": [],
                "protocol": "-1",
                "security_groups": [],
                "self": false,
                "to_port": 0
              }
            ],
            "id": "sg-045e8199804e925de",
            "ingress": [
              {
                "cidr_blocks": [
                  "10.10.0.0/16"
                ],
                "description": "",
                "from_port": 80,
                "ipv6_cidr_blocks": [],
                "prefix_list_ids": [],
                "protocol": "tcp",
                "security_groups": [],
                "self": false,
                "to_port": 80
              }
            ],
            "name": "backend-alb-sg",
            "name_prefix": "",
            "owner_id": "928470004462",
            "region": "eu-west-2",
            "revoke_rules_on_delete": false,
            "tags": {},
            "tags_all": {},
            "timeouts": null,
            "vpc_id": "vpc-0b249c74e19f66de7"
          },
          "sensitive_attributes": [],
          "identity_schema_version": 0,
          "identity": {
            "account_id": "928470004462",
            "id": "sg-045e8199804e925de",
            "region": "eu-west-2"
          },
          "private": "eyJlMmJmYjczMC1lY2FhLTExZTYtOGY4OC0zNDM2M2JjN2M0YzAiOnsiY3JlYXRlIjo2MDAwMDAwMDAwMDAsImRlbGV0ZSI6OTAwMDAwMDAwMDAwfSwic2NoZW1hX3ZlcnNpb24iOiIxIn0=",
          "dependencies": [
            "module.vpc_backend.aws_vpc.this",
            "module.vpc_gateway.aws_vpc.this"
          ]
        }
      ]
    },
    {
      "module": "module.alb_controller_backend",
      "mode": "data",
      "type": "aws_iam_policy_document",
      "name": "assume_role",
      "provider": "provider[\"registry.terraform.io/hashicorp/aws\"]",
      "instances": [
        {
          "schema_version": 0,
          "attributes": {
            "id": "2312116959",
            "json": "{\n  \"Version\": \"2012-10-17\",\n  \"Statement\": [\n    {\n      \"Effect\": \"Allow\",\n      \"Action\": \"sts:AssumeRoleWithWebIdentity\",\n      \"Principal\": {\n        \"Federated\": \"arn:aws:iam::928470004462:oidc-provider/oidc.eks.eu-west-2.amazonaws.com/id/8777AD4014EBF59D5A364DF1FD2FEC52\"\n      },\n      \"Condition\": {\n        \"StringEquals\": {\n          \"oidc.eks.eu-west-2.amazonaws.com/id/8777AD4014EBF59D5A364DF1FD2FEC52:sub\": \"system:serviceaccount:kube-system:aws-load-balancer-controller\"\n        }\n      }\n    }\n  ]\n}",
            "minified_json": "{\"Version\":\"2012-10-17\",\"Statement\":[{\"Effect\":\"Allow\",\"Action\":\"sts:AssumeRoleWithWebIdentity\",\"Principal\":{\"Federated\":\"arn:aws:iam::928470004462:oidc-provider/oidc.eks.eu-west-2.amazonaws.com/id/8777AD4014EBF59D5A364DF1FD2FEC52\"},\"Condition\":{\"StringEquals\":{\"oidc.eks.eu-west-2.amazonaws.com/id/8777AD4014EBF59D5A364DF1FD2FEC52:sub\":\"system:serviceaccount:kube-system:aws-load-balancer-controller\"}}}]}",
            "override_json": null,
            "override_policy_documents": null,
            "policy_id": null,
            "source_json": null,
            "source_policy_documents": null,
            "statement": [
              {
                "actions": [
                  "sts:AssumeRoleWithWebIdentity"
                ],
                "condition": [
                  {
                    "test": "StringEquals",
                    "values": [
                      "system:serviceaccount:kube-system:aws-load-balancer-controller"
                    ],
                    "variable": "oidc.eks.eu-west-2.amazonaws.com/id/8777AD4014EBF59D5A364DF1FD2FEC52:sub"
                  }
                ],
                "effect": "Allow",
                "not_actions": [],
                "not_principals": [],
                "not_resources": [],
                "principals": [
                  {
                    "identifiers": [
                      "arn:aws:iam::928470004462:oidc-provider/oidc.eks.eu-west-2.amazonaws.com/id/8777AD4014EBF59D5A364DF1FD2FEC52"
                    ],
                    "type": "Federated"
                  }
                ],
                "resources": [],
                "sid": ""
              }
            ],
            "version": "2012-10-17"
          },
          "sensitive_attributes": [],
          "identity_schema_version": 0
        }
      ]
    },
    {
      "module": "module.alb_controller_backend",
      "mode": "managed",
      "type": "aws_iam_role",
      "name": "this",
      "provider": "provider[\"registry.terraform.io/hashicorp/aws\"]",
      "instances": [
        {
          "schema_version": 0,
          "attributes": {
            "arn": "arn:aws:iam::928470004462:role/sentinel-eks-backend-alb-controller",
            "assume_role_policy": "{\"Statement\":[{\"Action\":\"sts:AssumeRoleWithWebIdentity\",\"Condition\":{\"StringEquals\":{\"oidc.eks.eu-west-2.amazonaws.com/id/8777AD4014EBF59D5A364DF1FD2FEC52:sub\":\"system:serviceaccount:kube-system:aws-load-balancer-controller\"}},\"Effect\":\"Allow\",\"Principal\":{\"Federated\":\"arn:aws:iam::928470004462:oidc-provider/oidc.eks.eu-west-2.amazonaws.com/id/8777AD4014EBF59D5A364DF1FD2FEC52\"}}],\"Version\":\"2012-10-17\"}",
            "create_date": "2025-08-31T14:28:01Z",
            "description": "",
            "force_detach_policies": false,
            "id": "sentinel-eks-backend-alb-controller",
            "inline_policy": [],
            "managed_policy_arns": [],
            "max_session_duration": 3600,
            "name": "sentinel-eks-backend-alb-controller",
            "name_prefix": "",
            "path": "/",
            "permissions_boundary": "",
            "tags": null,
            "tags_all": {},
            "unique_id": "AROA5QLI76LXGABTF3OWA"
          },
          "sensitive_attributes": [],
          "identity_schema_version": 0,
          "identity": {
            "account_id": "928470004462",
            "name": "sentinel-eks-backend-alb-controller"
          },
          "private": "bnVsbA==",
          "dependencies": [
            "module.alb_controller_backend.data.aws_iam_policy_document.assume_role",
            "module.eks_backend.aws_eks_cluster.this",
            "module.eks_backend.aws_iam_openid_connect_provider.this",
            "module.eks_backend.aws_iam_role.cluster",
            "module.eks_backend.aws_iam_role_policy_attachment.cluster_AmazonEKSClusterPolicy",
            "module.eks_backend.aws_iam_role_policy_attachment.cluster_AmazonEKSVPCResourceController",
            "module.eks_backend.data.aws_partition.current",
            "module.eks_backend.data.tls_certificate.oidc_cert",
            "module.vpc_backend.aws_subnet.private",
            "module.vpc_backend.aws_vpc.this",
            "module.vpc_backend.data.aws_availability_zones.this"
          ]
        }
      ]
    },
    {
      "module": "module.alb_controller_backend",
      "mode": "managed",
      "type": "aws_iam_role_policy_attachment",
      "name": "this",
      "provider": "provider[\"registry.terraform.io/hashicorp/aws\"]",
      "instances": [
        {
          "schema_version": 0,
          "attributes": {
            "id": "sentinel-eks-backend-alb-controller/arn:aws:iam::aws:policy/ElasticLoadBalancingFullAccess",
            "policy_arn": "arn:aws:iam::aws:policy/ElasticLoadBalancingFullAccess",
            "role": "sentinel-eks-backend-alb-controller"
          },
          "sensitive_attributes": [],
          "identity_schema_version": 0,
          "identity": {
            "account_id": "928470004462",
            "policy_arn": "arn:aws:iam::aws:policy/ElasticLoadBalancingFullAccess",
            "role": "sentinel-eks-backend-alb-controller"
          },
          "private": "bnVsbA==",
          "dependencies": [
            "module.alb_controller_backend.aws_iam_role.this",
            "module.alb_controller_backend.data.aws_iam_policy_document.assume_role",
            "module.eks_backend.aws_eks_cluster.this",
            "module.eks_backend.aws_iam_openid_connect_provider.this",
            "module.eks_backend.aws_iam_role.cluster",
            "module.eks_backend.aws_iam_role_policy_attachment.cluster_AmazonEKSClusterPolicy",
            "module.eks_backend.aws_iam_role_policy_attachment.cluster_AmazonEKSVPCResourceController",
            "module.eks_backend.data.aws_partition.current",
            "module.eks_backend.data.tls_certificate.oidc_cert",
            "module.vpc_backend.aws_subnet.private",
            "module.vpc_backend.aws_vpc.this",
            "module.vpc_backend.data.aws_availability_zones.this"
          ]
        }
      ]
    },
    {
      "module": "module.alb_controller_backend",
      "mode": "managed",
      "type": "helm_release",
      "name": "this",
      "provider": "provider[\"registry.terraform.io/hashicorp/helm\"].backend",
      "instances": [
        {
          "schema_version": 2,
          "attributes": {
            "atomic": false,
            "chart": "aws-load-balancer-controller",
            "cleanup_on_fail": false,
            "create_namespace": false,
            "dependency_update": false,
            "description": null,
            "devel": null,
            "disable_crd_hooks": false,
            "disable_openapi_validation": false,
            "disable_webhooks": false,
            "force_update": false,
            "id": "aws-load-balancer-controller",
            "keyring": null,
            "lint": false,
            "manifest": null,
            "max_history": 0,
            "metadata": {
              "app_version": "v2.8.3",
              "chart": "aws-load-balancer-controller",
              "first_deployed": 1756650484,
              "last_deployed": 1756650484,
              "name": "aws-load-balancer-controller",
              "namespace": "kube-system",
              "notes": "AWS Load Balancer controller installed!\n",
              "revision": 1,
              "values": "{\"clusterName\":\"sentinel-eks-backend\",\"region\":\"eu-west-2\",\"serviceAccount\":{\"create\":false,\"name\":\"aws-load-balancer-controller\"},\"vpcId\":\"vpc-0b249c74e19f66de7\"}",
              "version": "1.8.4"
            },
            "name": "aws-load-balancer-controller",
            "namespace": "kube-system",
            "pass_credentials": false,
            "postrender": null,
            "recreate_pods": false,
            "render_subchart_notes": true,
            "replace": false,
            "repository": "https://aws.github.io/eks-charts",
            "repository_ca_file": null,
            "repository_cert_file": null,
            "repository_key_file": null,
            "repository_password": null,
            "repository_username": null,
            "reset_values": false,
            "reuse_values": false,
            "set": [
              {
                "name": "clusterName",
                "type": "",
                "value": "sentinel-eks-backend"
              },
              {
                "name": "serviceAccount.create",
                "type": "",
                "value": "false"
              },
              {
                "name": "serviceAccount.name",
                "type": "",
                "value": "aws-load-balancer-controller"
              },
              {
                "name": "region",
                "type": "",
                "value": "eu-west-2"
              },
              {
                "name": "vpcId",
                "type": "",
                "value": "vpc-0b249c74e19f66de7"
              }
            ],
            "set_list": null,
            "set_sensitive": null,
            "set_wo": null,
            "set_wo_revision": null,
            "skip_crds": false,
            "status": "deployed",
            "timeout": 300,
            "values": null,
            "verify": false,
            "version": "1.8.4",
            "wait": true,
            "wait_for_jobs": false
          },
          "sensitive_attributes": [
            [
              {
                "type": "get_attr",
                "value": "repository_password"
              }
            ]
          ],
          "identity_schema_version": 0,
          "identity": {
            "namespace": "kube-system",
            "release_name": "aws-load-balancer-controller"
          },
          "dependencies": [
            "data.aws_eks_cluster_auth.backend",
            "module.alb_controller_backend.aws_iam_role.this",
            "module.alb_controller_backend.data.aws_iam_policy_document.assume_role",
            "module.alb_controller_backend.kubernetes_service_account.this",
            "module.eks_backend.aws_eks_cluster.this",
            "module.eks_backend.aws_iam_openid_connect_provider.this",
            "module.eks_backend.aws_iam_role.cluster",
            "module.eks_backend.aws_iam_role_policy_attachment.cluster_AmazonEKSClusterPolicy",
            "module.eks_backend.aws_iam_role_policy_attachment.cluster_AmazonEKSVPCResourceController",
            "module.eks_backend.data.aws_partition.current",
            "module.eks_backend.data.tls_certificate.oidc_cert",
            "module.vpc_backend.aws_subnet.private",
            "module.vpc_backend.aws_vpc.this",
            "module.vpc_backend.data.aws_availability_zones.this"
          ]
        }
      ]
    },
    {
      "module": "module.alb_controller_backend",
      "mode": "managed",
      "type": "kubernetes_service_account",
      "name": "this",
      "provider": "provider[\"registry.terraform.io/hashicorp/kubernetes\"].backend",
      "instances": [
        {
          "schema_version": 0,
          "attributes": {
            "automount_service_account_token": true,
            "default_secret_name": "",
            "id": "kube-system/aws-load-balancer-controller",
            "image_pull_secret": [],
            "metadata": [
              {
                "annotations": {
                  "eks.amazonaws.com/role-arn": "arn:aws:iam::928470004462:role/sentinel-eks-backend-alb-controller"
                },
                "generate_name": "",
                "generation": 0,
                "labels": null,
                "name": "aws-load-balancer-controller",
                "namespace": "kube-system",
                "resource_version": "232901",
                "uid": "4e284d92-082a-47f3-adc2-f4543e3abf51"
              }
            ],
            "secret": [],
            "timeouts": null
          },
          "sensitive_attributes": [],
          "identity_schema_version": 1,
          "identity": {
            "api_version": "v1",
            "kind": "ServiceAccount",
            "name": "aws-load-balancer-controller",
            "namespace": "kube-system"
          },
          "private": "eyJlMmJmYjczMC1lY2FhLTExZTYtOGY4OC0zNDM2M2JjN2M0YzAiOnsiY3JlYXRlIjozMDAwMDAwMDAwMH19",
          "dependencies": [
            "data.aws_eks_cluster_auth.backend",
            "module.alb_controller_backend.aws_iam_role.this",
            "module.alb_controller_backend.data.aws_iam_policy_document.assume_role",
            "module.eks_backend.aws_eks_cluster.this",
            "module.eks_backend.aws_iam_openid_connect_provider.this",
            "module.eks_backend.aws_iam_role.cluster",
            "module.eks_backend.aws_iam_role_policy_attachment.cluster_AmazonEKSClusterPolicy",
            "module.eks_backend.aws_iam_role_policy_attachment.cluster_AmazonEKSVPCResourceController",
            "module.eks_backend.data.aws_partition.current",
            "module.eks_backend.data.tls_certificate.oidc_cert",
            "module.vpc_backend.aws_subnet.private",
            "module.vpc_backend.aws_vpc.this",
            "module.vpc_backend.data.aws_availability_zones.this"
          ]
        }
      ]
    },
    {
      "module": "module.eks_backend",
      "mode": "data",
      "type": "aws_caller_identity",
      "name": "current",
      "provider": "provider[\"registry.terraform.io/hashicorp/aws\"]",
      "instances": [
        {
          "schema_version": 0,
          "attributes": {
            "account_id": "928470004462",
            "arn": "arn:aws:iam::928470004462:user/account-vendor",
            "id": "928470004462",
            "user_id": "AIDA5QLI76LXJPIS3WX4J"
          },
          "sensitive_attributes": [],
          "identity_schema_version": 0
        }
      ]
    },
    {
      "module": "module.eks_backend",
      "mode": "data",
      "type": "aws_partition",
      "name": "current",
      "provider": "provider[\"registry.terraform.io/hashicorp/aws\"]",
      "instances": [
        {
          "schema_version": 0,
          "attributes": {
            "dns_suffix": "amazonaws.com",
            "id": "aws",
            "partition": "aws",
            "reverse_dns_prefix": "com.amazonaws"
          },
          "sensitive_attributes": [],
          "identity_schema_version": 0
        }
      ]
    },
    {
      "module": "module.eks_backend",
      "mode": "data",
      "type": "aws_region",
      "name": "current",
      "provider": "provider[\"registry.terraform.io/hashicorp/aws\"]",
      "instances": [
        {
          "schema_version": 0,
          "attributes": {
            "description": "Europe (London)",
            "endpoint": "ec2.eu-west-2.amazonaws.com",
            "id": "eu-west-2",
            "name": "eu-west-2",
            "region": "eu-west-2"
          },
          "sensitive_attributes": [],
          "identity_schema_version": 0
        }
      ]
    },
    {
      "module": "module.eks_backend",
      "mode": "data",
      "type": "tls_certificate",
      "name": "oidc_cert",
      "provider": "provider[\"registry.terraform.io/hashicorp/tls\"]",
      "instances": [
        {
          "schema_version": 0,
          "attributes": {
            "certificates": [
              {
                "cert_pem": "-----BEGIN CERTIFICATE-----\nMIIEkjCCA3qgAwIBAgITBn+USionzfP6wq4rAfkI7rnExjANBgkqhkiG9w0BAQsF\nADCBmDELMAkGA1UEBhMCVVMxEDAOBgNVBAgTB0FyaXpvbmExEzARBgNVBAcTClNj\nb3R0c2RhbGUxJTAjBgNVBAoTHFN0YXJmaWVsZCBUZWNobm9sb2dpZXMsIEluYy4x\nOzA5BgNVBAMTMlN0YXJmaWVsZCBTZXJ2aWNlcyBSb290IENlcnRpZmljYXRlIEF1\ndGhvcml0eSAtIEcyMB4XDTE1MDUyNTEyMDAwMFoXDTM3MTIzMTAxMDAwMFowOTEL\nMAkGA1UEBhMCVVMxDzANBgNVBAoTBkFtYXpvbjEZMBcGA1UEAxMQQW1hem9uIFJv\nb3QgQ0EgMTCCASIwDQYJKoZIhvcNAQEBBQADggEPADCCAQoCggEBALJ4gHHKeNXj\nca9HgFB0fW7Y14h29Jlo91ghYPl0hAEvrAIthtOgQ3pOsqTQNroBvo3bSMgHFzZM\n9O6II8c+6zf1tRn4SWiw3te5djgdYZ6k/oI2peVKVuRF4fn9tBb6dNqcmzU5L/qw\nIFAGbHrQgLKm+a/sRxmPUDgH3KKHOVj4utWp+UhnMJbulHheb4mjUcAwhmahRWa6\nVOujw5H5SNz/0egwLX0tdHA114gk957EWW67c4cX8jJGKLhD+rcdqsq08p8kDi1L\n93FcXmn/6pUCyziKrlA4b9v7LWIbxcceVOF34GfID5yHI9Y/QCB/IIDEgEw+OyQm\njgSubJrIqg0CAwEAAaOCATEwggEtMA8GA1UdEwEB/wQFMAMBAf8wDgYDVR0PAQH/\nBAQDAgGGMB0GA1UdDgQWBBSEGMyFNOy8DJSULghZnMeyEE4KCDAfBgNVHSMEGDAW\ngBScXwDfqgHXMCs4iKK4bUqc8hGRgzB4BggrBgEFBQcBAQRsMGowLgYIKwYBBQUH\nMAGGImh0dHA6Ly9vY3NwLnJvb3RnMi5hbWF6b250cnVzdC5jb20wOAYIKwYBBQUH\nMAKGLGh0dHA6Ly9jcnQucm9vdGcyLmFtYXpvbnRydXN0LmNvbS9yb290ZzIuY2Vy\nMD0GA1UdHwQ2MDQwMqAwoC6GLGh0dHA6Ly9jcmwucm9vdGcyLmFtYXpvbnRydXN0\nLmNvbS9yb290ZzIuY3JsMBEGA1UdIAQKMAgwBgYEVR0gADANBgkqhkiG9w0BAQsF\nAAOCAQEAYjdCXLwQtT6LLOkMm2xF4gcAevnFWAu5CIw+7bMlPLVvUOTNNWqnkzSW\nMiGpSESrnO09tKpzbeR/FoCJbM8oAxiDR3mjEH4wW6w7sGDgd9QIpuEdfF7Au/ma\neyKdpwAJfqxGF4PcnCZXmTA5YpaP7dreqsXMGz7KQ2hsVxa81Q4gLv7/wmpdLqBK\nbRRYh5TmOTFffHPLkIhqhBGWJ6bt2YFGpn6jcgAKUj6DiAdjd4lpFw85hdKrCEVN\n0FE6/V1dN2RMfjCyVSRCnTawXZwXgWHxyvkQAiSr6w10kY17RSlQOYiypok1JR4U\nakcjMS9cmvqtmg5iUaQqqcT5NJ0hGA==\n-----END CERTIFICATE-----\n",
                "is_ca": true,
                "issuer": "CN=Starfield Services Root Certificate Authority - G2,O=Starfield Technologies\\, Inc.,L=Scottsdale,ST=Arizona,C=US",
                "not_after": "2037-12-31T01:00:00Z",
                "not_before": "2015-05-25T12:00:00Z",
                "public_key_algorithm": "RSA",
                "serial_number": "144918191876577076464031512351042010504348870",
                "sha1_fingerprint": "06b25927c42a721631c1efd9431e648fa62e1e39",
                "signature_algorithm": "SHA256-RSA",
                "subject": "CN=Amazon Root CA 1,O=Amazon,C=US",
                "version": 3
              },
              {
                "cert_pem": "-----BEGIN CERTIFICATE-----\nMIIEXjCCA0agAwIBAgITB3MSTNQG0mfAmRzdKZqfODF5hTANBgkqhkiG9w0BAQsF\nADA5MQswCQYDVQQGEwJVUzEPMA0GA1UEChMGQW1hem9uMRkwFwYDVQQDExBBbWF6\nb24gUm9vdCBDQSAxMB4XDTIyMDgyMzIyMjYwNFoXDTMwMDgyMzIyMjYwNFowPDEL\nMAkGA1UEBhMCVVMxDzANBgNVBAoTBkFtYXpvbjEcMBoGA1UEAxMTQW1hem9uIFJT\nQSAyMDQ4IE0wMzCCASIwDQYJKoZIhvcNAQEBBQADggEPADCCAQoCggEBALd/pVko\n8vuM475Tf45HV3BbCl/B9Jy89G1CRkFjcPY06WA9lS+7dWbUA7GtWUKoksr69hKM\nwcMsNpxlw7b3jeXFgxB09/nmalcAWtnLzF+LaDKEA5DQmvKzuh1nfIfqEiKCQSmX\nXh09Xs+dO7cm5qbaL2hhNJCSAejciwcvOFgFNgEMR42wm6KIFHsQW28jhA+1u/M0\np6fVwReuEgZfLfdx82Px0LJck3lST3EB/JfbdsdOzzzg5YkY1dfuqf8y5fUeZ7Cz\nWXbTjujwX/TovmeWKA36VLCz75azW6tDNuDn66FOpADZZ9omVaF6BqNJiLMVl6P3\n/c0OiUMC6Z5OfKcCAwEAAaOCAVowggFWMBIGA1UdEwEB/wQIMAYBAf8CAQAwDgYD\nVR0PAQH/BAQDAgGGMB0GA1UdJQQWMBQGCCsGAQUFBwMBBggrBgEFBQcDAjAdBgNV\nHQ4EFgQUVdkYX9IczAHhWLS+q9lVQgHXLgIwHwYDVR0jBBgwFoAUhBjMhTTsvAyU\nlC4IWZzHshBOCggwewYIKwYBBQUHAQEEbzBtMC8GCCsGAQUFBzABhiNodHRwOi8v\nb2NzcC5yb290Y2ExLmFtYXpvbnRydXN0LmNvbTA6BggrBgEFBQcwAoYuaHR0cDov\nL2NydC5yb290Y2ExLmFtYXpvbnRydXN0LmNvbS9yb290Y2ExLmNlcjA/BgNVHR8E\nODA2MDSgMqAwhi5odHRwOi8vY3JsLnJvb3RjYTEuYW1hem9udHJ1c3QuY29tL3Jv\nb3RjYTEuY3JsMBMGA1UdIAQMMAowCAYGZ4EMAQIBMA0GCSqGSIb3DQEBCwUAA4IB\nAQAGjeWm2cC+3z2MzSCnte46/7JZvj3iQZDY7EvODNdZF41n71Lrk9kbfNwerK0d\nVNzW36Wefr7j7ZSwBVg50W5ay65jNSN74TTQV1yt4WnSbVvN6KlMs1hiyOZdoHKs\nKDV2UGNxbdoBYCQNa2GYF8FQIWLugNp35aSOpMy6cFlymFQomIrnOQHwK1nvVY4q\nxDSJMU/gNJz17D8ArPN3ngnyZ2TwepJ0uBINz3G5te2rdFUF4i4Y3Bb7FUlHDYm4\nu8aIRGpk2ZpfXmxaoxnbIBZRvGLPSUuPwnwoUOMsJ8jirI5vs2dvchPb7MtI1rle\ni02f2ivH2vxkjDLltSpe2fiC\n-----END CERTIFICATE-----\n",
                "is_ca": true,
                "issuer": "CN=Amazon Root CA 1,O=Amazon,C=US",
                "not_after": "2030-08-23T22:26:04Z",
                "not_before": "2022-08-23T22:26:04Z",
                "public_key_algorithm": "RSA",
                "serial_number": "166129356476704345391986644047206454194698629",
                "sha1_fingerprint": "d9fe0a65fa00cabf61f5120d373a8135e1461f15",
                "signature_algorithm": "SHA256-RSA",
                "subject": "CN=Amazon RSA 2048 M03,O=Amazon,C=US",
                "version": 3
              },
              {
                "cert_pem": "-----BEGIN CERTIFICATE-----\nMIIF5zCCBM+gAwIBAgIQDOCAKjgOijRH00eMx8pmLzANBgkqhkiG9w0BAQsFADA8\nMQswCQYDVQQGEwJVUzEPMA0GA1UEChMGQW1hem9uMRwwGgYDVQQDExNBbWF6b24g\nUlNBIDIwNDggTTAzMB4XDTI1MDIyNjAwMDAwMFoXDTI2MDMyODIzNTk1OVowKDEm\nMCQGA1UEAwwdKi5la3MuZXUtd2VzdC0yLmFtYXpvbmF3cy5jb20wggEiMA0GCSqG\nSIb3DQEBAQUAA4IBDwAwggEKAoIBAQDtF5tgb91Q48f+Y+xVj0bGJwiIkdty4qXQ\n5CtOzufk75SbAkzXa8UCu7fGjMfK1U4eol3EbaLs8cn+toZUMFZnBOF/3PzQSwUa\nSBu3Mx+ysK5wfMPQKicyjj8TVNT+Rpy4mALoOW32j7gU03aBmVoWrMUU4JlbKIq6\nvcK5o9U37NoqhM1xoEWjBU9PByYy7eH/CKsPXrVgS0WYoJ3jkkVJJk1qGRIrQlZb\nJVQYlRgpydCzyyP7xJoX/mjwXbc0Umb1T6dpyqaxk6xS1jDUXhN8oc1hATZZyfkF\nGRhYYPa1QWCrcz0DglnrMLxAm9dmoweFe8BQ4j6m2MTg3Vhx07eBAgMBAAGjggL3\nMIIC8zAfBgNVHSMEGDAWgBRV2Rhf0hzMAeFYtL6r2VVCAdcuAjAdBgNVHQ4EFgQU\nHgoWqJ/VsQuFzs7Y8BuA9jr+6uwwKAYDVR0RBCEwH4IdKi5la3MuZXUtd2VzdC0y\nLmFtYXpvbmF3cy5jb20wEwYDVR0gBAwwCjAIBgZngQwBAgEwDgYDVR0PAQH/BAQD\nAgWgMB0GA1UdJQQWMBQGCCsGAQUFBwMBBggrBgEFBQcDAjA7BgNVHR8ENDAyMDCg\nLqAshipodHRwOi8vY3JsLnIybTAzLmFtYXpvbnRydXN0LmNvbS9yMm0wMy5jcmww\ndQYIKwYBBQUHAQEEaTBnMC0GCCsGAQUFBzABhiFodHRwOi8vb2NzcC5yMm0wMy5h\nbWF6b250cnVzdC5jb20wNgYIKwYBBQUHMAKGKmh0dHA6Ly9jcnQucjJtMDMuYW1h\nem9udHJ1c3QuY29tL3IybTAzLmNlcjAMBgNVHRMBAf8EAjAAMIIBfwYKKwYBBAHW\neQIEAgSCAW8EggFrAWkAdgCWl2S/VViXrfdDh2g3CEJ36fA61fak8zZuRqQ/D8qp\nxgAAAZU/pUXPAAAEAwBHMEUCIQCpQH3ao3qlMJQ0QHMVCA+ET8Na/+j1ibSsgJU6\nRvpngwIgSPEGhZ8afc1x5VZoiWoY/14nCm/xPb2oFvZ+utbCNjsAdgBkEcRspBLs\np4kcogIuALyrTygH1B41J6vq/tUDyX3N8AAAAZU/pUXUAAAEAwBHMEUCIQC/NPTL\nYvCoxUsT57qVZ0sV9XPUFnWpUx8kDTS8ajFk7AIgfIdqxwA2kb3jWQHH1IpreUjO\nGNDdyUMIVg0+hAmZ44kAdwBJnJtp3h187Pw23s2HZKa4W68Kh4AZ0VVS++nrKd34\nwwAAAZU/pUXoAAAEAwBIMEYCIQCo8DuRuoqhvlOsidd9Ndwsa7acx4pTqY3Dd2m7\nfPeBxQIhANyZsWQgT85xGMRMbKAOrovlHJCwfQKbd8NPNxFBVjDDMA0GCSqGSIb3\nDQEBCwUAA4IBAQChYwNqtmhZSNmyyQUGcfKyqR75ksZUrHqElbcNDsn2PPVAw/d4\nbu2W7IIKFXBDTpSKVBL0k1N2lOFv6EVLJ7jsAujn0P+D76Z4F61qiWtl7cTOxvQR\nQMx4pJqMpD7ew6NYik1utyyHpxnpTHWYj6ihmN5XcFzO6LPRxXvjp7wkzxtqYPAD\n8wGkrxecCmT8XfBw22dRMIGp62yer/vNb1u1oVunoW/niqdxsrM9KbUUPWRIGkHV\nfIlsUrhvdYa5KcxCus2KaF9ABQAlglZxXrqH4TrgU8vFmEHKY04HJOK5RjdXNSN1\nLWOa3a1kYgc7rSlkhHH8+vDsRl/OHvDIWDon\n-----END CERTIFICATE-----\n",
                "is_ca": false,
                "issuer": "CN=Amazon RSA 2048 M03,O=Amazon,C=US",
                "not_after": "2026-03-28T23:59:59Z",
                "not_before": "2025-02-26T00:00:00Z",
                "public_key_algorithm": "RSA",
                "serial_number": "17116409939091623039003775645841516079",
                "sha1_fingerprint": "9113c492911635f730e51f259f28873df5b7f01a",
                "signature_algorithm": "SHA256-RSA",
                "subject": "CN=*.eks.eu-west-2.amazonaws.com",
                "version": 3
              }
            ],
            "content": null,
            "id": "77f878887104bc97ce87a3d0fe39312e6535df5b",
            "url": "https://oidc.eks.eu-west-2.amazonaws.com/id/8777AD4014EBF59D5A364DF1FD2FEC52",
            "verify_chain": true
          },
          "sensitive_attributes": [],
          "identity_schema_version": 0
        }
      ]
    },
    {
      "module": "module.eks_backend",
      "mode": "managed",
      "type": "aws_eks_addon",
      "name": "coredns",
      "provider": "provider[\"registry.terraform.io/hashicorp/aws\"]",
      "instances": [
        {
          "schema_version": 0,
          "attributes": {
            "addon_name": "coredns",
            "addon_version": "v1.11.1-eksbuild.8",
            "arn": "arn:aws:eks:eu-west-2:928470004462:addon/sentinel-eks-backend/coredns/fccc7dbe-356e-76ad-a4a4-bdbfc566071c",
            "cluster_name": "sentinel-eks-backend",
            "configuration_values": "",
            "created_at": "2025-08-30T14:58:12Z",
            "id": "sentinel-eks-backend:coredns",
            "modified_at": "2025-08-30T15:13:34Z",
            "pod_identity_association": [],
            "preserve": null,
            "region": "eu-west-2",
            "resolve_conflicts_on_create": null,
            "resolve_conflicts_on_update": null,
            "service_account_role_arn": "",
            "tags": {},
            "tags_all": {},
            "timeouts": null
          },
          "sensitive_attributes": [],
          "identity_schema_version": 0,
          "private": "eyJlMmJmYjczMC1lY2FhLTExZTYtOGY4OC0zNDM2M2JjN2M0YzAiOnsiY3JlYXRlIjoxMjAwMDAwMDAwMDAwLCJkZWxldGUiOjI0MDAwMDAwMDAwMDAsInVwZGF0ZSI6MTIwMDAwMDAwMDAwMH19",
          "dependencies": [
            "module.eks_backend.aws_eks_cluster.this",
            "module.eks_backend.aws_iam_role.cluster",
            "module.eks_backend.aws_iam_role_policy_attachment.cluster_AmazonEKSClusterPolicy",
            "module.eks_backend.aws_iam_role_policy_attachment.cluster_AmazonEKSVPCResourceController",
            "module.eks_backend.data.aws_partition.current",
            "module.vpc_backend.aws_subnet.private",
            "module.vpc_backend.aws_vpc.this",
            "module.vpc_backend.data.aws_availability_zones.this"
          ]
        }
      ]
    },
    {
      "module": "module.eks_backend",
      "mode": "managed",
      "type": "aws_eks_addon",
      "name": "kube_proxy",
      "provider": "provider[\"registry.terraform.io/hashicorp/aws\"]",
      "instances": [
        {
          "schema_version": 0,
          "attributes": {
            "addon_name": "kube-proxy",
            "addon_version": "v1.30.6-eksbuild.3",
            "arn": "arn:aws:eks:eu-west-2:928470004462:addon/sentinel-eks-backend/kube-proxy/0ccc7dbe-356b-ddf7-9dfc-f33f20655c56",
            "cluster_name": "sentinel-eks-backend",
            "configuration_values": "",
            "created_at": "2025-08-30T14:58:11Z",
            "id": "sentinel-eks-backend:kube-proxy",
            "modified_at": "2025-08-30T14:58:19Z",
            "pod_identity_association": [],
            "preserve": null,
            "region": "eu-west-2",
            "resolve_conflicts_on_create": null,
            "resolve_conflicts_on_update": null,
            "service_account_role_arn": "",
            "tags": {},
            "tags_all": {},
            "timeouts": null
          },
          "sensitive_attributes": [],
          "identity_schema_version": 0,
          "private": "eyJlMmJmYjczMC1lY2FhLTExZTYtOGY4OC0zNDM2M2JjN2M0YzAiOnsiY3JlYXRlIjoxMjAwMDAwMDAwMDAwLCJkZWxldGUiOjI0MDAwMDAwMDAwMDAsInVwZGF0ZSI6MTIwMDAwMDAwMDAwMH19",
          "dependencies": [
            "module.eks_backend.aws_eks_cluster.this",
            "module.eks_backend.aws_iam_role.cluster",
            "module.eks_backend.aws_iam_role_policy_attachment.cluster_AmazonEKSClusterPolicy",
            "module.eks_backend.aws_iam_role_policy_attachment.cluster_AmazonEKSVPCResourceController",
            "module.eks_backend.data.aws_partition.current",
            "module.vpc_backend.aws_subnet.private",
            "module.vpc_backend.aws_vpc.this",
            "module.vpc_backend.data.aws_availability_zones.this"
          ]
        }
      ]
    },
    {
      "module": "module.eks_backend",
      "mode": "managed",
      "type": "aws_eks_addon",
      "name": "vpc_cni",
      "provider": "provider[\"registry.terraform.io/hashicorp/aws\"]",
      "instances": [
        {
          "schema_version": 0,
          "attributes": {
            "addon_name": "vpc-cni",
            "addon_version": "v1.19.0-eksbuild.1",
            "arn": "arn:aws:eks:eu-west-2:928470004462:addon/sentinel-eks-backend/vpc-cni/08cc7dbe-356b-ca13-a81d-ddafb80e7136",
            "cluster_name": "sentinel-eks-backend",
            "configuration_values": "",
            "created_at": "2025-08-30T14:58:11Z",
            "id": "sentinel-eks-backend:vpc-cni",
            "modified_at": "2025-08-30T14:58:20Z",
            "pod_identity_association": [],
            "preserve": null,
            "region": "eu-west-2",
            "resolve_conflicts_on_create": null,
            "resolve_conflicts_on_update": null,
            "service_account_role_arn": "",
            "tags": {},
            "tags_all": {},
            "timeouts": null
          },
          "sensitive_attributes": [],
          "identity_schema_version": 0,
          "private": "eyJlMmJmYjczMC1lY2FhLTExZTYtOGY4OC0zNDM2M2JjN2M0YzAiOnsiY3JlYXRlIjoxMjAwMDAwMDAwMDAwLCJkZWxldGUiOjI0MDAwMDAwMDAwMDAsInVwZGF0ZSI6MTIwMDAwMDAwMDAwMH19",
          "dependencies": [
            "module.eks_backend.aws_eks_cluster.this",
            "module.eks_backend.aws_iam_role.cluster",
            "module.eks_backend.aws_iam_role_policy_attachment.cluster_AmazonEKSClusterPolicy",
            "module.eks_backend.aws_iam_role_policy_attachment.cluster_AmazonEKSVPCResourceController",
            "module.eks_backend.data.aws_partition.current",
            "module.vpc_backend.aws_subnet.private",
            "module.vpc_backend.aws_vpc.this",
            "module.vpc_backend.data.aws_availability_zones.this"
          ]
        }
      ]
    },
    {
      "module": "module.eks_backend",
      "mode": "managed",
      "type": "aws_eks_cluster",
      "name": "this",
      "provider": "provider[\"registry.terraform.io/hashicorp/aws\"]",
      "instances": [
        {
          "schema_version": 1,
          "attributes": {
            "access_config": [
              {
                "authentication_mode": "CONFIG_MAP",
                "bootstrap_cluster_creator_admin_permissions": true
              }
            ],
            "arn": "arn:aws:eks:eu-west-2:928470004462:cluster/sentinel-eks-backend",
            "bootstrap_self_managed_addons": true,
            "certificate_authority": [
              {
                "data": "LS0tLS1CRUdJTiBDRVJUSUZJQ0FURS0tLS0tCk1JSURCVENDQWUyZ0F3SUJBZ0lJQ1NUakxkQlpQem93RFFZSktvWklodmNOQVFFTEJRQXdGVEVUTUJFR0ExVUUKQXhNS2EzVmlaWEp1WlhSbGN6QWVGdzB5TlRBNE16QXhORFE1TlRsYUZ3MHpOVEE0TWpneE5EVTBOVGxhTUJVeApFekFSQmdOVkJBTVRDbXQxWW1WeWJtVjBaWE13Z2dFaU1BMEdDU3FHU0liM0RRRUJBUVVBQTRJQkR3QXdnZ0VLCkFvSUJBUURHZjh6MWxXVVJOeGFQOEVtUjhRalAzZ2VXQXNtdGQzZE42blJ2Zy9wOXdla2F4dnFBRnpOQ2Rkc2IKWXdBTGRSVkRjaVdtODYzL2VvdnZOOHFIc0wxWm84N200bis1aG1OWGlrOWNJUzRFZWliU2RUM1BlQ1dhdE5HMApFR3ZOYm4xZ0h2dmhsR0RObUZKMWR3T0pJSTAyVVRrQldBMzA3R0VqcDJyYVNjVWN1V2hTTGp6ZkJLSVczanBJCjZiRXFFV2xVYkR4dFMrclMwOEVDRDNmOWhnNE5mQXZKUW5ybHE4Qk5ENVBzRk9Ib3daOFVMNXFlbnRoUjg0R0UKcEt4TTBoZ1hSMEhOZWk3OEF0c0FpbnpKZ3NLTlBYUUplS1BrS1lSNjdpcXJUTiszTW11WlZpb1U0UWRMK0M1ZQpZYlNib1ErUkcvR2ZsWFJjVUpLckxhZkNBaVQ1QWdNQkFBR2pXVEJYTUE0R0ExVWREd0VCL3dRRUF3SUNwREFQCkJnTlZIUk1CQWY4RUJUQURBUUgvTUIwR0ExVWREZ1FXQkJURWZETUxCMkdDWEVMYU9NQS9RVk1XeXp1cEpqQVYKQmdOVkhSRUVEakFNZ2dwcmRXSmxjbTVsZEdWek1BMEdDU3FHU0liM0RRRUJDd1VBQTRJQkFRQVNQbHhDTGh0dAp5K2h4K3FhdVpvN254U1hQbE5lQk1DZEhDZWJWK2dDTXhhbDJTcXpybERvS3VyeHNPYk1kTjAzaWpYOStYYU9DCi9hMW90Z0N6cU1UVlJFbXBhV2crakRORXNLYkkwVDd1S3JrNVpVeThZM1ZhWWFaSlphOHJHQ2NkMUJ4VWhqSnEKenMvSkNaMHpLRFhnT1dBeXVtM0JWL25GQnZiQVJEMHZmYUxueFErVTRtNGR2ZWlQb2ZCYzRFUDNReFVVaVNzaApoZ2loTmJZWjBQT0VYUm9QbkREU3pRNzNoc2h6V3VDUy81d05zMmZCdTRtbEUyd0s3ZU10VlNoNWZackRGemdLCnhBMlhaOW5TVWdVczV2Yi8xL3QxYnlDY0Y1NjR5WHR2aGZKVklHTUpNSGhZamM5U2JTSW9CWlVxS1o2MHJsNm8Kc2tUc2NWb0I5bjFxCi0tLS0tRU5EIENFUlRJRklDQVRFLS0tLS0K"
              }
            ],
            "cluster_id": null,
            "compute_config": [],
            "created_at": "2025-08-30T14:50:18Z",
            "deletion_protection": false,
            "enabled_cluster_log_types": [],
            "encryption_config": [],
            "endpoint": "https://8777AD4014EBF59D5A364DF1FD2FEC52.gr7.eu-west-2.eks.amazonaws.com",
            "force_update_version": null,
            "id": "sentinel-eks-backend",
            "identity": [
              {
                "oidc": [
                  {
                    "issuer": "https://oidc.eks.eu-west-2.amazonaws.com/id/8777AD4014EBF59D5A364DF1FD2FEC52"
                  }
                ]
              }
            ],
            "kubernetes_network_config": [
              {
                "elastic_load_balancing": [
                  {
                    "enabled": false
                  }
                ],
                "ip_family": "ipv4",
                "service_ipv4_cidr": "172.20.0.0/16",
                "service_ipv6_cidr": ""
              }
            ],
            "name": "sentinel-eks-backend",
            "outpost_config": [],
            "platform_version": "eks.42",
            "region": "eu-west-2",
            "remote_network_config": [],
            "role_arn": "arn:aws:iam::928470004462:role/sentinel-eks-backend-cluster-role",
            "status": "ACTIVE",
            "storage_config": [],
            "tags": {
              "Owner": "Platform",
              "Project": "Sentinel"
            },
            "tags_all": {
              "Owner": "Platform",
              "Project": "Sentinel"
            },
            "timeouts": null,
            "upgrade_policy": [
              {
                "support_type": "EXTENDED"
              }
            ],
            "version": "1.30",
            "vpc_config": [
              {
                "cluster_security_group_id": "sg-0ea0c8f56fb1d3474",
                "endpoint_private_access": true,
                "endpoint_public_access": true,
                "public_access_cidrs": [
                  "0.0.0.0/0"
                ],
                "security_group_ids": [],
                "subnet_ids": [
                  "subnet-008bf89885121c229",
                  "subnet-0c353dfce3e49fe11"
                ],
                "vpc_id": "vpc-0b249c74e19f66de7"
              }
            ],
            "zonal_shift_config": []
          },
          "sensitive_attributes": [],
          "identity_schema_version": 0,
          "private": "eyJlMmJmYjczMC1lY2FhLTExZTYtOGY4OC0zNDM2M2JjN2M0YzAiOnsiY3JlYXRlIjoxODAwMDAwMDAwMDAwLCJkZWxldGUiOjkwMDAwMDAwMDAwMCwidXBkYXRlIjozNjAwMDAwMDAwMDAwfSwic2NoZW1hX3ZlcnNpb24iOiIxIn0=",
          "dependencies": [
            "module.eks_backend.aws_iam_role.cluster",
            "module.eks_backend.aws_iam_role_policy_attachment.cluster_AmazonEKSClusterPolicy",
            "module.eks_backend.aws_iam_role_policy_attachment.cluster_AmazonEKSVPCResourceController",
            "module.eks_backend.data.aws_partition.current",
            "module.vpc_backend.aws_subnet.private",
            "module.vpc_backend.aws_vpc.this",
            "module.vpc_backend.data.aws_availability_zones.this"
          ]
        }
      ]
    },
    {
      "module": "module.eks_backend",
      "mode": "managed",
      "type": "aws_eks_node_group",
      "name": "default",
      "provider": "provider[\"registry.terraform.io/hashicorp/aws\"]",
      "instances": [
        {
          "schema_version": 0,
          "attributes": {
            "ami_type": "AL2023_x86_64_STANDARD",
            "arn": "arn:aws:eks:eu-west-2:928470004462:nodegroup/sentinel-eks-backend/sentinel-eks-backend-ng/6ecc7dbe-3569-b503-31e9-fc873e67d0a4",
            "capacity_type": "ON_DEMAND",
            "cluster_name": "sentinel-eks-backend",
            "disk_size": 20,
            "force_update_version": null,
            "id": "sentinel-eks-backend:sentinel-eks-backend-ng",
            "instance_types": [
              "t3.large"
            ],
            "labels": {},
            "launch_template": [],
            "node_group_name": "sentinel-eks-backend-ng",
            "node_group_name_prefix": "",
            "node_repair_config": [],
            "node_role_arn": "arn:aws:iam::928470004462:role/sentinel-eks-backend-node-role",
            "region": "eu-west-2",
            "release_version": "1.30.14-20250821",
            "remote_access": [],
            "resources": [
              {
                "autoscaling_groups": [
                  {
                    "name": "eks-sentinel-eks-backend-ng-6ecc7dbe-3569-b503-31e9-fc873e67d0a4"
                  }
                ],
                "remote_access_security_group_id": ""
              }
            ],
            "scaling_config": [
              {
                "desired_size": 2,
                "max_size": 4,
                "min_size": 2
              }
            ],
            "status": "ACTIVE",
            "subnet_ids": [
              "subnet-008bf89885121c229",
              "subnet-0c353dfce3e49fe11"
            ],
            "tags": {
              "Owner": "Platform",
              "Project": "Sentinel"
            },
            "tags_all": {
              "Owner": "Platform",
              "Project": "Sentinel"
            },
            "taint": [],
            "timeouts": null,
            "update_config": [
              {
                "max_unavailable": 1,
                "max_unavailable_percentage": 0
              }
            ],
            "version": "1.30"
          },
          "sensitive_attributes": [],
          "identity_schema_version": 0,
          "private": "eyJlMmJmYjczMC1lY2FhLTExZTYtOGY4OC0zNDM2M2JjN2M0YzAiOnsiY3JlYXRlIjozNjAwMDAwMDAwMDAwLCJkZWxldGUiOjM2MDAwMDAwMDAwMDAsInVwZGF0ZSI6MzYwMDAwMDAwMDAwMH19",
          "dependencies": [
            "module.eks_backend.aws_eks_cluster.this",
            "module.eks_backend.aws_iam_role.cluster",
            "module.eks_backend.aws_iam_role.node",
            "module.eks_backend.aws_iam_role_policy_attachment.cluster_AmazonEKSClusterPolicy",
            "module.eks_backend.aws_iam_role_policy_attachment.cluster_AmazonEKSVPCResourceController",
            "module.eks_backend.aws_iam_role_policy_attachment.node_AmazonEC2ContainerRegistryReadOnly",
            "module.eks_backend.aws_iam_role_policy_attachment.node_AmazonEKSWorkerNodePolicy",
            "module.eks_backend.aws_iam_role_policy_attachment.node_AmazonEKS_CNI_Policy",
            "module.eks_backend.data.aws_partition.current",
            "module.vpc_backend.aws_subnet.private",
            "module.vpc_backend.aws_vpc.this",
            "module.vpc_backend.data.aws_availability_zones.this"
          ]
        }
      ]
    },
    {
      "module": "module.eks_backend",
      "mode": "managed",
      "type": "aws_iam_openid_connect_provider",
      "name": "this",
      "provider": "provider[\"registry.terraform.io/hashicorp/aws\"]",
      "instances": [
        {
          "schema_version": 0,
          "attributes": {
            "arn": "arn:aws:iam::928470004462:oidc-provider/oidc.eks.eu-west-2.amazonaws.com/id/8777AD4014EBF59D5A364DF1FD2FEC52",
            "client_id_list": [
              "sts.amazonaws.com"
            ],
            "id": "arn:aws:iam::928470004462:oidc-provider/oidc.eks.eu-west-2.amazonaws.com/id/8777AD4014EBF59D5A364DF1FD2FEC52",
            "tags": {},
            "tags_all": {},
            "thumbprint_list": [
              "06b25927c42a721631c1efd9431e648fa62e1e39"
            ],
            "url": "oidc.eks.eu-west-2.amazonaws.com/id/8777AD4014EBF59D5A364DF1FD2FEC52"
          },
          "sensitive_attributes": [],
          "identity_schema_version": 0,
          "identity": {
            "arn": "arn:aws:iam::928470004462:oidc-provider/oidc.eks.eu-west-2.amazonaws.com/id/8777AD4014EBF59D5A364DF1FD2FEC52"
          },
          "private": "bnVsbA==",
          "dependencies": [
            "module.eks_backend.aws_eks_cluster.this",
            "module.eks_backend.aws_iam_role.cluster",
            "module.eks_backend.aws_iam_role_policy_attachment.cluster_AmazonEKSClusterPolicy",
            "module.eks_backend.aws_iam_role_policy_attachment.cluster_AmazonEKSVPCResourceController",
            "module.eks_backend.data.aws_partition.current",
            "module.eks_backend.data.tls_certificate.oidc_cert",
            "module.vpc_backend.aws_subnet.private",
            "module.vpc_backend.aws_vpc.this",
            "module.vpc_backend.data.aws_availability_zones.this"
          ]
        }
      ]
    },
    {
      "module": "module.eks_backend",
      "mode": "managed",
      "type": "aws_iam_role",
      "name": "cluster",
      "provider": "provider[\"registry.terraform.io/hashicorp/aws\"]",
      "instances": [
        {
          "schema_version": 0,
          "attributes": {
            "arn": "arn:aws:iam::928470004462:role/sentinel-eks-backend-cluster-role",
            "assume_role_policy": "{\"Statement\":[{\"Action\":\"sts:AssumeRole\",\"Effect\":\"Allow\",\"Principal\":{\"Service\":\"eks.amazonaws.com\"}}],\"Version\":\"2012-10-17\"}",
            "create_date": "2025-08-30T14:50:01Z",
            "description": "",
            "force_detach_policies": false,
            "id": "sentinel-eks-backend-cluster-role",
            "inline_policy": [],
            "managed_policy_arns": [
              "arn:aws:iam::aws:policy/AmazonEKSClusterPolicy",
              "arn:aws:iam::aws:policy/AmazonEKSVPCResourceController"
            ],
            "max_session_duration": 3600,
            "name": "sentinel-eks-backend-cluster-role",
            "name_prefix": "",
            "path": "/",
            "permissions_boundary": "",
            "tags": {
              "Owner": "Platform",
              "Project": "Sentinel"
            },
            "tags_all": {
              "Owner": "Platform",
              "Project": "Sentinel"
            },
            "unique_id": "AROA5QLI76LXJGJEBD2VC"
          },
          "sensitive_attributes": [],
          "identity_schema_version": 0,
          "identity": {
            "account_id": "928470004462",
            "name": "sentinel-eks-backend-cluster-role"
          },
          "private": "bnVsbA==",
          "dependencies": [
            "module.eks_backend.data.aws_partition.current"
          ]
        }
      ]
    },
    {
      "module": "module.eks_backend",
      "mode": "managed",
      "type": "aws_iam_role",
      "name": "node",
      "provider": "provider[\"registry.terraform.io/hashicorp/aws\"]",
      "instances": [
        {
          "schema_version": 0,
          "attributes": {
            "arn": "arn:aws:iam::928470004462:role/sentinel-eks-backend-node-role",
            "assume_role_policy": "{\"Statement\":[{\"Action\":\"sts:AssumeRole\",\"Effect\":\"Allow\",\"Principal\":{\"Service\":\"ec2.amazonaws.com\"}}],\"Version\":\"2012-10-17\"}",
            "create_date": "2025-08-30T14:50:01Z",
            "description": "",
            "force_detach_policies": false,
            "id": "sentinel-eks-backend-node-role",
            "inline_policy": [],
            "managed_policy_arns": [
              "arn:aws:iam::aws:policy/AmazonEC2ContainerRegistryReadOnly",
              "arn:aws:iam::aws:policy/AmazonEKSWorkerNodePolicy",
              "arn:aws:iam::aws:policy/AmazonEKS_CNI_Policy",
              "arn:aws:iam::aws:policy/AmazonSSMManagedInstanceCore"
            ],
            "max_session_duration": 3600,
            "name": "sentinel-eks-backend-node-role",
            "name_prefix": "",
            "path": "/",
            "permissions_boundary": "",
            "tags": {
              "Owner": "Platform",
              "Project": "Sentinel"
            },
            "tags_all": {
              "Owner": "Platform",
              "Project": "Sentinel"
            },
            "unique_id": "AROA5QLI76LXLRMOUGJCE"
          },
          "sensitive_attributes": [],
          "identity_schema_version": 0,
          "identity": {
            "account_id": "928470004462",
            "name": "sentinel-eks-backend-node-role"
          },
          "private": "bnVsbA==",
          "dependencies": [
            "module.eks_backend.data.aws_partition.current"
          ]
        }
      ]
    },
    {
      "module": "module.eks_backend",
      "mode": "managed",
      "type": "aws_iam_role_policy_attachment",
      "name": "cluster_AmazonEKSClusterPolicy",
      "provider": "provider[\"registry.terraform.io/hashicorp/aws\"]",
      "instances": [
        {
          "schema_version": 0,
          "attributes": {
            "id": "sentinel-eks-backend-cluster-role/arn:aws:iam::aws:policy/AmazonEKSClusterPolicy",
            "policy_arn": "arn:aws:iam::aws:policy/AmazonEKSClusterPolicy",
            "role": "sentinel-eks-backend-cluster-role"
          },
          "sensitive_attributes": [],
          "identity_schema_version": 0,
          "identity": {
            "account_id": "928470004462",
            "policy_arn": "arn:aws:iam::aws:policy/AmazonEKSClusterPolicy",
            "role": "sentinel-eks-backend-cluster-role"
          },
          "private": "bnVsbA==",
          "dependencies": [
            "module.eks_backend.aws_iam_role.cluster",
            "module.eks_backend.data.aws_partition.current"
          ]
        }
      ]
    },
    {
      "module": "module.eks_backend",
      "mode": "managed",
      "type": "aws_iam_role_policy_attachment",
      "name": "cluster_AmazonEKSVPCResourceController",
      "provider": "provider[\"registry.terraform.io/hashicorp/aws\"]",
      "instances": [
        {
          "schema_version": 0,
          "attributes": {
            "id": "sentinel-eks-backend-cluster-role/arn:aws:iam::aws:policy/AmazonEKSVPCResourceController",
            "policy_arn": "arn:aws:iam::aws:policy/AmazonEKSVPCResourceController",
            "role": "sentinel-eks-backend-cluster-role"
          },
          "sensitive_attributes": [],
          "identity_schema_version": 0,
          "identity": {
            "account_id": "928470004462",
            "policy_arn": "arn:aws:iam::aws:policy/AmazonEKSVPCResourceController",
            "role": "sentinel-eks-backend-cluster-role"
          },
          "private": "bnVsbA==",
          "dependencies": [
            "module.eks_backend.aws_iam_role.cluster",
            "module.eks_backend.data.aws_partition.current"
          ]
        }
      ]
    },
    {
      "module": "module.eks_backend",
      "mode": "managed",
      "type": "aws_iam_role_policy_attachment",
      "name": "node_AmazonEC2ContainerRegistryReadOnly",
      "provider": "provider[\"registry.terraform.io/hashicorp/aws\"]",
      "instances": [
        {
          "schema_version": 0,
          "attributes": {
            "id": "sentinel-eks-backend-node-role/arn:aws:iam::aws:policy/AmazonEC2ContainerRegistryReadOnly",
            "policy_arn": "arn:aws:iam::aws:policy/AmazonEC2ContainerRegistryReadOnly",
            "role": "sentinel-eks-backend-node-role"
          },
          "sensitive_attributes": [],
          "identity_schema_version": 0,
          "identity": {
            "account_id": "928470004462",
            "policy_arn": "arn:aws:iam::aws:policy/AmazonEC2ContainerRegistryReadOnly",
            "role": "sentinel-eks-backend-node-role"
          },
          "private": "bnVsbA==",
          "dependencies": [
            "module.eks_backend.aws_iam_role.node",
            "module.eks_backend.data.aws_partition.current"
          ]
        }
      ]
    },
    {
      "module": "module.eks_backend",
      "mode": "managed",
      "type": "aws_iam_role_policy_attachment",
      "name": "node_AmazonEKSWorkerNodePolicy",
      "provider": "provider[\"registry.terraform.io/hashicorp/aws\"]",
      "instances": [
        {
          "schema_version": 0,
          "attributes": {
            "id": "sentinel-eks-backend-node-role/arn:aws:iam::aws:policy/AmazonEKSWorkerNodePolicy",
            "policy_arn": "arn:aws:iam::aws:policy/AmazonEKSWorkerNodePolicy",
            "role": "sentinel-eks-backend-node-role"
          },
          "sensitive_attributes": [],
          "identity_schema_version": 0,
          "identity": {
            "account_id": "928470004462",
            "policy_arn": "arn:aws:iam::aws:policy/AmazonEKSWorkerNodePolicy",
            "role": "sentinel-eks-backend-node-role"
          },
          "private": "bnVsbA==",
          "dependencies": [
            "module.eks_backend.aws_iam_role.node",
            "module.eks_backend.data.aws_partition.current"
          ]
        }
      ]
    },
    {
      "module": "module.eks_backend",
      "mode": "managed",
      "type": "aws_iam_role_policy_attachment",
      "name": "node_AmazonEKS_CNI_Policy",
      "provider": "provider[\"registry.terraform.io/hashicorp/aws\"]",
      "instances": [
        {
          "schema_version": 0,
          "attributes": {
            "id": "sentinel-eks-backend-node-role/arn:aws:iam::aws:policy/AmazonEKS_CNI_Policy",
            "policy_arn": "arn:aws:iam::aws:policy/AmazonEKS_CNI_Policy",
            "role": "sentinel-eks-backend-node-role"
          },
          "sensitive_attributes": [],
          "identity_schema_version": 0,
          "identity": {
            "account_id": "928470004462",
            "policy_arn": "arn:aws:iam::aws:policy/AmazonEKS_CNI_Policy",
            "role": "sentinel-eks-backend-node-role"
          },
          "private": "bnVsbA==",
          "dependencies": [
            "module.eks_backend.aws_iam_role.node",
            "module.eks_backend.data.aws_partition.current"
          ]
        }
      ]
    },
    {
      "module": "module.eks_backend",
      "mode": "managed",
      "type": "aws_iam_role_policy_attachment",
      "name": "node_AmazonSSMManagedInstanceCore",
      "provider": "provider[\"registry.terraform.io/hashicorp/aws\"]",
      "instances": [
        {
          "schema_version": 0,
          "attributes": {
            "id": "sentinel-eks-backend-node-role/arn:aws:iam::aws:policy/AmazonSSMManagedInstanceCore",
            "policy_arn": "arn:aws:iam::aws:policy/AmazonSSMManagedInstanceCore",
            "role": "sentinel-eks-backend-node-role"
          },
          "sensitive_attributes": [],
          "identity_schema_version": 0,
          "identity": {
            "account_id": "928470004462",
            "policy_arn": "arn:aws:iam::aws:policy/AmazonSSMManagedInstanceCore",
            "role": "sentinel-eks-backend-node-role"
          },
          "private": "bnVsbA==",
          "dependencies": [
            "module.eks_backend.aws_iam_role.node",
            "module.eks_backend.data.aws_partition.current"
          ]
        }
      ]
    },
    {
      "module": "module.eks_gateway",
      "mode": "data",
      "type": "aws_caller_identity",
      "name": "current",
      "provider": "provider[\"registry.terraform.io/hashicorp/aws\"]",
      "instances": [
        {
          "schema_version": 0,
          "attributes": {
            "account_id": "928470004462",
            "arn": "arn:aws:iam::928470004462:user/account-vendor",
            "id": "928470004462",
            "user_id": "AIDA5QLI76LXJPIS3WX4J"
          },
          "sensitive_attributes": [],
          "identity_schema_version": 0
        }
      ]
    },
    {
      "module": "module.eks_gateway",
      "mode": "data",
      "type": "aws_partition",
      "name": "current",
      "provider": "provider[\"registry.terraform.io/hashicorp/aws\"]",
      "instances": [
        {
          "schema_version": 0,
          "attributes": {
            "dns_suffix": "amazonaws.com",
            "id": "aws",
            "partition": "aws",
            "reverse_dns_prefix": "com.amazonaws"
          },
          "sensitive_attributes": [],
          "identity_schema_version": 0
        }
      ]
    },
    {
      "module": "module.eks_gateway",
      "mode": "data",
      "type": "aws_region",
      "name": "current",
      "provider": "provider[\"registry.terraform.io/hashicorp/aws\"]",
      "instances": [
        {
          "schema_version": 0,
          "attributes": {
            "description": "Europe (London)",
            "endpoint": "ec2.eu-west-2.amazonaws.com",
            "id": "eu-west-2",
            "name": "eu-west-2",
            "region": "eu-west-2"
          },
          "sensitive_attributes": [],
          "identity_schema_version": 0
        }
      ]
    },
    {
      "module": "module.eks_gateway",
      "mode": "data",
      "type": "tls_certificate",
      "name": "oidc_cert",
      "provider": "provider[\"registry.terraform.io/hashicorp/tls\"]",
      "instances": [
        {
          "schema_version": 0,
          "attributes": {
            "certificates": [
              {
                "cert_pem": "-----BEGIN CERTIFICATE-----\nMIIEkjCCA3qgAwIBAgITBn+USionzfP6wq4rAfkI7rnExjANBgkqhkiG9w0BAQsF\nADCBmDELMAkGA1UEBhMCVVMxEDAOBgNVBAgTB0FyaXpvbmExEzARBgNVBAcTClNj\nb3R0c2RhbGUxJTAjBgNVBAoTHFN0YXJmaWVsZCBUZWNobm9sb2dpZXMsIEluYy4x\nOzA5BgNVBAMTMlN0YXJmaWVsZCBTZXJ2aWNlcyBSb290IENlcnRpZmljYXRlIEF1\ndGhvcml0eSAtIEcyMB4XDTE1MDUyNTEyMDAwMFoXDTM3MTIzMTAxMDAwMFowOTEL\nMAkGA1UEBhMCVVMxDzANBgNVBAoTBkFtYXpvbjEZMBcGA1UEAxMQQW1hem9uIFJv\nb3QgQ0EgMTCCASIwDQYJKoZIhvcNAQEBBQADggEPADCCAQoCggEBALJ4gHHKeNXj\nca9HgFB0fW7Y14h29Jlo91ghYPl0hAEvrAIthtOgQ3pOsqTQNroBvo3bSMgHFzZM\n9O6II8c+6zf1tRn4SWiw3te5djgdYZ6k/oI2peVKVuRF4fn9tBb6dNqcmzU5L/qw\nIFAGbHrQgLKm+a/sRxmPUDgH3KKHOVj4utWp+UhnMJbulHheb4mjUcAwhmahRWa6\nVOujw5H5SNz/0egwLX0tdHA114gk957EWW67c4cX8jJGKLhD+rcdqsq08p8kDi1L\n93FcXmn/6pUCyziKrlA4b9v7LWIbxcceVOF34GfID5yHI9Y/QCB/IIDEgEw+OyQm\njgSubJrIqg0CAwEAAaOCATEwggEtMA8GA1UdEwEB/wQFMAMBAf8wDgYDVR0PAQH/\nBAQDAgGGMB0GA1UdDgQWBBSEGMyFNOy8DJSULghZnMeyEE4KCDAfBgNVHSMEGDAW\ngBScXwDfqgHXMCs4iKK4bUqc8hGRgzB4BggrBgEFBQcBAQRsMGowLgYIKwYBBQUH\nMAGGImh0dHA6Ly9vY3NwLnJvb3RnMi5hbWF6b250cnVzdC5jb20wOAYIKwYBBQUH\nMAKGLGh0dHA6Ly9jcnQucm9vdGcyLmFtYXpvbnRydXN0LmNvbS9yb290ZzIuY2Vy\nMD0GA1UdHwQ2MDQwMqAwoC6GLGh0dHA6Ly9jcmwucm9vdGcyLmFtYXpvbnRydXN0\nLmNvbS9yb290ZzIuY3JsMBEGA1UdIAQKMAgwBgYEVR0gADANBgkqhkiG9w0BAQsF\nAAOCAQEAYjdCXLwQtT6LLOkMm2xF4gcAevnFWAu5CIw+7bMlPLVvUOTNNWqnkzSW\nMiGpSESrnO09tKpzbeR/FoCJbM8oAxiDR3mjEH4wW6w7sGDgd9QIpuEdfF7Au/ma\neyKdpwAJfqxGF4PcnCZXmTA5YpaP7dreqsXMGz7KQ2hsVxa81Q4gLv7/wmpdLqBK\nbRRYh5TmOTFffHPLkIhqhBGWJ6bt2YFGpn6jcgAKUj6DiAdjd4lpFw85hdKrCEVN\n0FE6/V1dN2RMfjCyVSRCnTawXZwXgWHxyvkQAiSr6w10kY17RSlQOYiypok1JR4U\nakcjMS9cmvqtmg5iUaQqqcT5NJ0hGA==\n-----END CERTIFICATE-----\n",
                "is_ca": true,
                "issuer": "CN=Starfield Services Root Certificate Authority - G2,O=Starfield Technologies\\, Inc.,L=Scottsdale,ST=Arizona,C=US",
                "not_after": "2037-12-31T01:00:00Z",
                "not_before": "2015-05-25T12:00:00Z",
                "public_key_algorithm": "RSA",
                "serial_number": "144918191876577076464031512351042010504348870",
                "sha1_fingerprint": "06b25927c42a721631c1efd9431e648fa62e1e39",
                "signature_algorithm": "SHA256-RSA",
                "subject": "CN=Amazon Root CA 1,O=Amazon,C=US",
                "version": 3
              },
              {
                "cert_pem": "-----BEGIN CERTIFICATE-----\nMIIEXjCCA0agAwIBAgITB3MSTNQG0mfAmRzdKZqfODF5hTANBgkqhkiG9w0BAQsF\nADA5MQswCQYDVQQGEwJVUzEPMA0GA1UEChMGQW1hem9uMRkwFwYDVQQDExBBbWF6\nb24gUm9vdCBDQSAxMB4XDTIyMDgyMzIyMjYwNFoXDTMwMDgyMzIyMjYwNFowPDEL\nMAkGA1UEBhMCVVMxDzANBgNVBAoTBkFtYXpvbjEcMBoGA1UEAxMTQW1hem9uIFJT\nQSAyMDQ4IE0wMzCCASIwDQYJKoZIhvcNAQEBBQADggEPADCCAQoCggEBALd/pVko\n8vuM475Tf45HV3BbCl/B9Jy89G1CRkFjcPY06WA9lS+7dWbUA7GtWUKoksr69hKM\nwcMsNpxlw7b3jeXFgxB09/nmalcAWtnLzF+LaDKEA5DQmvKzuh1nfIfqEiKCQSmX\nXh09Xs+dO7cm5qbaL2hhNJCSAejciwcvOFgFNgEMR42wm6KIFHsQW28jhA+1u/M0\np6fVwReuEgZfLfdx82Px0LJck3lST3EB/JfbdsdOzzzg5YkY1dfuqf8y5fUeZ7Cz\nWXbTjujwX/TovmeWKA36VLCz75azW6tDNuDn66FOpADZZ9omVaF6BqNJiLMVl6P3\n/c0OiUMC6Z5OfKcCAwEAAaOCAVowggFWMBIGA1UdEwEB/wQIMAYBAf8CAQAwDgYD\nVR0PAQH/BAQDAgGGMB0GA1UdJQQWMBQGCCsGAQUFBwMBBggrBgEFBQcDAjAdBgNV\nHQ4EFgQUVdkYX9IczAHhWLS+q9lVQgHXLgIwHwYDVR0jBBgwFoAUhBjMhTTsvAyU\nlC4IWZzHshBOCggwewYIKwYBBQUHAQEEbzBtMC8GCCsGAQUFBzABhiNodHRwOi8v\nb2NzcC5yb290Y2ExLmFtYXpvbnRydXN0LmNvbTA6BggrBgEFBQcwAoYuaHR0cDov\nL2NydC5yb290Y2ExLmFtYXpvbnRydXN0LmNvbS9yb290Y2ExLmNlcjA/BgNVHR8E\nODA2MDSgMqAwhi5odHRwOi8vY3JsLnJvb3RjYTEuYW1hem9udHJ1c3QuY29tL3Jv\nb3RjYTEuY3JsMBMGA1UdIAQMMAowCAYGZ4EMAQIBMA0GCSqGSIb3DQEBCwUAA4IB\nAQAGjeWm2cC+3z2MzSCnte46/7JZvj3iQZDY7EvODNdZF41n71Lrk9kbfNwerK0d\nVNzW36Wefr7j7ZSwBVg50W5ay65jNSN74TTQV1yt4WnSbVvN6KlMs1hiyOZdoHKs\nKDV2UGNxbdoBYCQNa2GYF8FQIWLugNp35aSOpMy6cFlymFQomIrnOQHwK1nvVY4q\nxDSJMU/gNJz17D8ArPN3ngnyZ2TwepJ0uBINz3G5te2rdFUF4i4Y3Bb7FUlHDYm4\nu8aIRGpk2ZpfXmxaoxnbIBZRvGLPSUuPwnwoUOMsJ8jirI5vs2dvchPb7MtI1rle\ni02f2ivH2vxkjDLltSpe2fiC\n-----END CERTIFICATE-----\n",
                "is_ca": true,
                "issuer": "CN=Amazon Root CA 1,O=Amazon,C=US",
                "not_after": "2030-08-23T22:26:04Z",
                "not_before": "2022-08-23T22:26:04Z",
                "public_key_algorithm": "RSA",
                "serial_number": "166129356476704345391986644047206454194698629",
                "sha1_fingerprint": "d9fe0a65fa00cabf61f5120d373a8135e1461f15",
                "signature_algorithm": "SHA256-RSA",
                "subject": "CN=Amazon RSA 2048 M03,O=Amazon,C=US",
                "version": 3
              },
              {
                "cert_pem": "-----BEGIN CERTIFICATE-----\nMIIF5zCCBM+gAwIBAgIQDOCAKjgOijRH00eMx8pmLzANBgkqhkiG9w0BAQsFADA8\nMQswCQYDVQQGEwJVUzEPMA0GA1UEChMGQW1hem9uMRwwGgYDVQQDExNBbWF6b24g\nUlNBIDIwNDggTTAzMB4XDTI1MDIyNjAwMDAwMFoXDTI2MDMyODIzNTk1OVowKDEm\nMCQGA1UEAwwdKi5la3MuZXUtd2VzdC0yLmFtYXpvbmF3cy5jb20wggEiMA0GCSqG\nSIb3DQEBAQUAA4IBDwAwggEKAoIBAQDtF5tgb91Q48f+Y+xVj0bGJwiIkdty4qXQ\n5CtOzufk75SbAkzXa8UCu7fGjMfK1U4eol3EbaLs8cn+toZUMFZnBOF/3PzQSwUa\nSBu3Mx+ysK5wfMPQKicyjj8TVNT+Rpy4mALoOW32j7gU03aBmVoWrMUU4JlbKIq6\nvcK5o9U37NoqhM1xoEWjBU9PByYy7eH/CKsPXrVgS0WYoJ3jkkVJJk1qGRIrQlZb\nJVQYlRgpydCzyyP7xJoX/mjwXbc0Umb1T6dpyqaxk6xS1jDUXhN8oc1hATZZyfkF\nGRhYYPa1QWCrcz0DglnrMLxAm9dmoweFe8BQ4j6m2MTg3Vhx07eBAgMBAAGjggL3\nMIIC8zAfBgNVHSMEGDAWgBRV2Rhf0hzMAeFYtL6r2VVCAdcuAjAdBgNVHQ4EFgQU\nHgoWqJ/VsQuFzs7Y8BuA9jr+6uwwKAYDVR0RBCEwH4IdKi5la3MuZXUtd2VzdC0y\nLmFtYXpvbmF3cy5jb20wEwYDVR0gBAwwCjAIBgZngQwBAgEwDgYDVR0PAQH/BAQD\nAgWgMB0GA1UdJQQWMBQGCCsGAQUFBwMBBggrBgEFBQcDAjA7BgNVHR8ENDAyMDCg\nLqAshipodHRwOi8vY3JsLnIybTAzLmFtYXpvbnRydXN0LmNvbS9yMm0wMy5jcmww\ndQYIKwYBBQUHAQEEaTBnMC0GCCsGAQUFBzABhiFodHRwOi8vb2NzcC5yMm0wMy5h\nbWF6b250cnVzdC5jb20wNgYIKwYBBQUHMAKGKmh0dHA6Ly9jcnQucjJtMDMuYW1h\nem9udHJ1c3QuY29tL3IybTAzLmNlcjAMBgNVHRMBAf8EAjAAMIIBfwYKKwYBBAHW\neQIEAgSCAW8EggFrAWkAdgCWl2S/VViXrfdDh2g3CEJ36fA61fak8zZuRqQ/D8qp\nxgAAAZU/pUXPAAAEAwBHMEUCIQCpQH3ao3qlMJQ0QHMVCA+ET8Na/+j1ibSsgJU6\nRvpngwIgSPEGhZ8afc1x5VZoiWoY/14nCm/xPb2oFvZ+utbCNjsAdgBkEcRspBLs\np4kcogIuALyrTygH1B41J6vq/tUDyX3N8AAAAZU/pUXUAAAEAwBHMEUCIQC/NPTL\nYvCoxUsT57qVZ0sV9XPUFnWpUx8kDTS8ajFk7AIgfIdqxwA2kb3jWQHH1IpreUjO\nGNDdyUMIVg0+hAmZ44kAdwBJnJtp3h187Pw23s2HZKa4W68Kh4AZ0VVS++nrKd34\nwwAAAZU/pUXoAAAEAwBIMEYCIQCo8DuRuoqhvlOsidd9Ndwsa7acx4pTqY3Dd2m7\nfPeBxQIhANyZsWQgT85xGMRMbKAOrovlHJCwfQKbd8NPNxFBVjDDMA0GCSqGSIb3\nDQEBCwUAA4IBAQChYwNqtmhZSNmyyQUGcfKyqR75ksZUrHqElbcNDsn2PPVAw/d4\nbu2W7IIKFXBDTpSKVBL0k1N2lOFv6EVLJ7jsAujn0P+D76Z4F61qiWtl7cTOxvQR\nQMx4pJqMpD7ew6NYik1utyyHpxnpTHWYj6ihmN5XcFzO6LPRxXvjp7wkzxtqYPAD\n8wGkrxecCmT8XfBw22dRMIGp62yer/vNb1u1oVunoW/niqdxsrM9KbUUPWRIGkHV\nfIlsUrhvdYa5KcxCus2KaF9ABQAlglZxXrqH4TrgU8vFmEHKY04HJOK5RjdXNSN1\nLWOa3a1kYgc7rSlkhHH8+vDsRl/OHvDIWDon\n-----END CERTIFICATE-----\n",
                "is_ca": false,
                "issuer": "CN=Amazon RSA 2048 M03,O=Amazon,C=US",
                "not_after": "2026-03-28T23:59:59Z",
                "not_before": "2025-02-26T00:00:00Z",
                "public_key_algorithm": "RSA",
                "serial_number": "17116409939091623039003775645841516079",
                "sha1_fingerprint": "9113c492911635f730e51f259f28873df5b7f01a",
                "signature_algorithm": "SHA256-RSA",
                "subject": "CN=*.eks.eu-west-2.amazonaws.com",
                "version": 3
              }
            ],
            "content": null,
            "id": "77f878887104bc97ce87a3d0fe39312e6535df5b",
            "url": "https://oidc.eks.eu-west-2.amazonaws.com/id/78C66BEF184A1626171431BFEA316B6A",
            "verify_chain": true
          },
          "sensitive_attributes": [],
          "identity_schema_version": 0
        }
      ]
    },
    {
      "module": "module.eks_gateway",
      "mode": "managed",
      "type": "aws_eks_addon",
      "name": "coredns",
      "provider": "provider[\"registry.terraform.io/hashicorp/aws\"]",
      "instances": [
        {
          "schema_version": 0,
          "attributes": {
            "addon_name": "coredns",
            "addon_version": "v1.11.1-eksbuild.8",
            "arn": "arn:aws:eks:eu-west-2:928470004462:addon/sentinel-eks-gateway/coredns/4ecc803a-eb0f-17db-0d6d-bded0185d7f3",
            "cluster_name": "sentinel-eks-gateway",
            "configuration_values": "",
            "created_at": "2025-08-31T14:09:07Z",
            "id": "sentinel-eks-gateway:coredns",
            "modified_at": "2025-08-31T14:24:33Z",
            "pod_identity_association": [],
            "preserve": null,
            "region": "eu-west-2",
            "resolve_conflicts_on_create": null,
            "resolve_conflicts_on_update": null,
            "service_account_role_arn": "",
            "tags": null,
            "tags_all": {},
            "timeouts": null
          },
          "sensitive_attributes": [],
          "identity_schema_version": 0,
          "private": "eyJlMmJmYjczMC1lY2FhLTExZTYtOGY4OC0zNDM2M2JjN2M0YzAiOnsiY3JlYXRlIjoxMjAwMDAwMDAwMDAwLCJkZWxldGUiOjI0MDAwMDAwMDAwMDAsInVwZGF0ZSI6MTIwMDAwMDAwMDAwMH19",
          "dependencies": [
            "module.eks_gateway.aws_eks_cluster.this",
            "module.eks_gateway.aws_iam_role.cluster",
            "module.eks_gateway.aws_iam_role_policy_attachment.cluster_AmazonEKSClusterPolicy",
            "module.eks_gateway.aws_iam_role_policy_attachment.cluster_AmazonEKSVPCResourceController",
            "module.eks_gateway.data.aws_partition.current",
            "module.vpc_gateway.aws_subnet.private",
            "module.vpc_gateway.aws_vpc.this",
            "module.vpc_gateway.data.aws_availability_zones.this"
          ]
        }
      ]
    },
    {
      "module": "module.eks_gateway",
      "mode": "managed",
      "type": "aws_eks_addon",
      "name": "kube_proxy",
      "provider": "provider[\"registry.terraform.io/hashicorp/aws\"]",
      "instances": [
        {
          "schema_version": 0,
          "attributes": {
            "addon_name": "kube-proxy",
            "addon_version": "v1.30.6-eksbuild.3",
            "arn": "arn:aws:eks:eu-west-2:928470004462:addon/sentinel-eks-gateway/kube-proxy/a4cc803a-eb02-b2be-3320-c14f0944a1d9",
            "cluster_name": "sentinel-eks-gateway",
            "configuration_values": "",
            "created_at": "2025-08-31T14:09:06Z",
            "id": "sentinel-eks-gateway:kube-proxy",
            "modified_at": "2025-08-31T14:09:13Z",
            "pod_identity_association": [],
            "preserve": null,
            "region": "eu-west-2",
            "resolve_conflicts_on_create": null,
            "resolve_conflicts_on_update": null,
            "service_account_role_arn": "",
            "tags": null,
            "tags_all": {},
            "timeouts": null
          },
          "sensitive_attributes": [],
          "identity_schema_version": 0,
          "private": "eyJlMmJmYjczMC1lY2FhLTExZTYtOGY4OC0zNDM2M2JjN2M0YzAiOnsiY3JlYXRlIjoxMjAwMDAwMDAwMDAwLCJkZWxldGUiOjI0MDAwMDAwMDAwMDAsInVwZGF0ZSI6MTIwMDAwMDAwMDAwMH19",
          "dependencies": [
            "module.eks_gateway.aws_eks_cluster.this",
            "module.eks_gateway.aws_iam_role.cluster",
            "module.eks_gateway.aws_iam_role_policy_attachment.cluster_AmazonEKSClusterPolicy",
            "module.eks_gateway.aws_iam_role_policy_attachment.cluster_AmazonEKSVPCResourceController",
            "module.eks_gateway.data.aws_partition.current",
            "module.vpc_gateway.aws_subnet.private",
            "module.vpc_gateway.aws_vpc.this",
            "module.vpc_gateway.data.aws_availability_zones.this"
          ]
        }
      ]
    },
    {
      "module": "module.eks_gateway",
      "mode": "managed",
      "type": "aws_eks_addon",
      "name": "vpc_cni",
      "provider": "provider[\"registry.terraform.io/hashicorp/aws\"]",
      "instances": [
        {
          "schema_version": 0,
          "attributes": {
            "addon_name": "vpc-cni",
            "addon_version": "v1.19.0-eksbuild.1",
            "arn": "arn:aws:eks:eu-west-2:928470004462:addon/sentinel-eks-gateway/vpc-cni/1ecc803a-eb06-179c-7bee-40b82865c0f5",
            "cluster_name": "sentinel-eks-gateway",
            "configuration_values": "",
            "created_at": "2025-08-31T14:09:06Z",
            "id": "sentinel-eks-gateway:vpc-cni",
            "modified_at": "2025-08-31T14:09:15Z",
            "pod_identity_association": [],
            "preserve": null,
            "region": "eu-west-2",
            "resolve_conflicts_on_create": null,
            "resolve_conflicts_on_update": null,
            "service_account_role_arn": "",
            "tags": null,
            "tags_all": {},
            "timeouts": null
          },
          "sensitive_attributes": [],
          "identity_schema_version": 0,
          "private": "eyJlMmJmYjczMC1lY2FhLTExZTYtOGY4OC0zNDM2M2JjN2M0YzAiOnsiY3JlYXRlIjoxMjAwMDAwMDAwMDAwLCJkZWxldGUiOjI0MDAwMDAwMDAwMDAsInVwZGF0ZSI6MTIwMDAwMDAwMDAwMH19",
          "dependencies": [
            "module.eks_gateway.aws_eks_cluster.this",
            "module.eks_gateway.aws_iam_role.cluster",
            "module.eks_gateway.aws_iam_role_policy_attachment.cluster_AmazonEKSClusterPolicy",
            "module.eks_gateway.aws_iam_role_policy_attachment.cluster_AmazonEKSVPCResourceController",
            "module.eks_gateway.data.aws_partition.current",
            "module.vpc_gateway.aws_subnet.private",
            "module.vpc_gateway.aws_vpc.this",
            "module.vpc_gateway.data.aws_availability_zones.this"
          ]
        }
      ]
    },
    {
      "module": "module.eks_gateway",
      "mode": "managed",
      "type": "aws_eks_cluster",
      "name": "this",
      "provider": "provider[\"registry.terraform.io/hashicorp/aws\"]",
      "instances": [
        {
          "schema_version": 1,
          "attributes": {
            "access_config": [
              {
                "authentication_mode": "CONFIG_MAP",
                "bootstrap_cluster_creator_admin_permissions": true
              }
            ],
            "arn": "arn:aws:eks:eu-west-2:928470004462:cluster/sentinel-eks-gateway",
            "bootstrap_self_managed_addons": true,
            "certificate_authority": [
              {
                "data": "LS0tLS1CRUdJTiBDRVJUSUZJQ0FURS0tLS0tCk1JSURCVENDQWUyZ0F3SUJBZ0lJRkNkcGtkWWRPRmt3RFFZSktvWklodmNOQVFFTEJRQXdGVEVUTUJFR0ExVUUKQXhNS2EzVmlaWEp1WlhSbGN6QWVGdzB5TlRBNE16RXhOREF3TkRsYUZ3MHpOVEE0TWpreE5EQTFORGxhTUJVeApFekFSQmdOVkJBTVRDbXQxWW1WeWJtVjBaWE13Z2dFaU1BMEdDU3FHU0liM0RRRUJBUVVBQTRJQkR3QXdnZ0VLCkFvSUJBUURSSE1NRlZQaDQyQXhWd3VRTUU0eVozaEhTMmFHZldQR2NCYkxva1JtUU5MYmlOMVpLOFFUL3prNHUKdHdZVU9QSnFhT1M2RERGbXN6eVFJUlI1Wk44em1Jck1iQWo3b1hBVHo4aWNaRUlvT2ZJOTdjRUJ4eVVLTlhaTQpnMVB0eVFMaURFTzlDd0dzSUQ0M0h0N3hUWXdkSUxyOUVlZnZuR2ZoSWhTRkYyN2tTV25EbS9aWFFORW9zZnhKCkJja1lKWkg1MThMa0MwYUpQQUJ3RDhHeDcxUFFYbkNMNmVNa1dZYlhqdDN2M05NcSt5bm0wSmVLVUVmUzFpai8KRHFzc2pVZHhQVCtJL0VDUzBuVFBlQTBlcXNBb1RqcGdVdlJhcWR0ajJHelZTSnAyRkRMS2VOdWR1ZGtMaXlaWApHSkJJMmFpV1lmWlhEWEZOTFdHb0xFNEIvcUozQWdNQkFBR2pXVEJYTUE0R0ExVWREd0VCL3dRRUF3SUNwREFQCkJnTlZIUk1CQWY4RUJUQURBUUgvTUIwR0ExVWREZ1FXQkJRUUhBZ2gwR1VGd0xCMFhkQ2t4MTVHZFVRanZ6QVYKQmdOVkhSRUVEakFNZ2dwcmRXSmxjbTVsZEdWek1BMEdDU3FHU0liM0RRRUJDd1VBQTRJQkFRQkRZTEYzK1RVTQp1N09ZaFdLYTB2TDJLQkpqK1VXbWtiRFR1SWk4R2E2blo5OEZFWWFuMC9EbmNCQTJUOFR5QzYzdjlHRmJySDFWClRBVWlrd0xoN28zN0loUkFDbWQxZzZKd2ZJZ3hNWFZzWFlYV1JhYVRnSjdEQ28vUXhVTWk5dGswbE1NVGtETVMKeWc4UWhSY3NwWXhBUTVlM3BJQnRTdHRORDBmMVZaUlVxOExvRklrQ05SWTFtalpLNzJkaDNIV1l2MHlZOGhlSwoyMHZhYlJ4UDNFWk4yR1U3MEJGcmJvdXByUjIrcmJLSWlYcWUvZWd3VElzTzlFWnR2VGltVThkck4zdkw3T1dhCmJHRmg1cll1Y3ZMTUo0YmpnNzJ5UWhTaFNhdFB3VmtrZDYrZzZIc2x6R21YUkdab2d0d084czA1NXAyVkNlN3YKSERrQU9qak5tZkc2Ci0tLS0tRU5EIENFUlRJRklDQVRFLS0tLS0K"
              }
            ],
            "cluster_id": null,
            "compute_config": [],
            "created_at": "2025-08-31T14:01:03Z",
            "deletion_protection": false,
            "enabled_cluster_log_types": null,
            "encryption_config": [],
            "endpoint": "https://78C66BEF184A1626171431BFEA316B6A.gr7.eu-west-2.eks.amazonaws.com",
            "force_update_version": null,
            "id": "sentinel-eks-gateway",
            "identity": [
              {
                "oidc": [
                  {
                    "issuer": "https://oidc.eks.eu-west-2.amazonaws.com/id/78C66BEF184A1626171431BFEA316B6A"
                  }
                ]
              }
            ],
            "kubernetes_network_config": [
              {
                "elastic_load_balancing": [
                  {
                    "enabled": false
                  }
                ],
                "ip_family": "ipv4",
                "service_ipv4_cidr": "172.20.0.0/16",
                "service_ipv6_cidr": ""
              }
            ],
            "name": "sentinel-eks-gateway",
            "outpost_config": [],
            "platform_version": "eks.42",
            "region": "eu-west-2",
            "remote_network_config": [],
            "role_arn": "arn:aws:iam::928470004462:role/sentinel-eks-gateway-cluster-role",
            "status": "ACTIVE",
            "storage_config": [],
            "tags": {
              "Owner": "Platform",
              "Project": "Sentinel"
            },
            "tags_all": {
              "Owner": "Platform",
              "Project": "Sentinel"
            },
            "timeouts": null,
            "upgrade_policy": [
              {
                "support_type": "EXTENDED"
              }
            ],
            "version": "1.30",
            "vpc_config": [
              {
                "cluster_security_group_id": "sg-0eea5ec666e692b6c",
                "endpoint_private_access": true,
                "endpoint_public_access": true,
                "public_access_cidrs": [
                  "0.0.0.0/0"
                ],
                "security_group_ids": null,
                "subnet_ids": [
                  "subnet-007a1885b07895285",
                  "subnet-0de22c7663fb4d8c6"
                ],
                "vpc_id": "vpc-0d86801efc0555088"
              }
            ],
            "zonal_shift_config": []
          },
          "sensitive_attributes": [],
          "identity_schema_version": 0,
          "private": "eyJlMmJmYjczMC1lY2FhLTExZTYtOGY4OC0zNDM2M2JjN2M0YzAiOnsiY3JlYXRlIjoxODAwMDAwMDAwMDAwLCJkZWxldGUiOjkwMDAwMDAwMDAwMCwidXBkYXRlIjozNjAwMDAwMDAwMDAwfSwic2NoZW1hX3ZlcnNpb24iOiIxIn0=",
          "dependencies": [
            "module.eks_gateway.aws_iam_role.cluster",
            "module.eks_gateway.aws_iam_role_policy_attachment.cluster_AmazonEKSClusterPolicy",
            "module.eks_gateway.aws_iam_role_policy_attachment.cluster_AmazonEKSVPCResourceController",
            "module.eks_gateway.data.aws_partition.current",
            "module.vpc_gateway.aws_subnet.private",
            "module.vpc_gateway.aws_vpc.this",
            "module.vpc_gateway.data.aws_availability_zones.this"
          ]
        }
      ]
    },
    {
      "module": "module.eks_gateway",
      "mode": "managed",
      "type": "aws_eks_node_group",
      "name": "default",
      "provider": "provider[\"registry.terraform.io/hashicorp/aws\"]",
      "instances": [
        {
          "schema_version": 0,
          "attributes": {
            "ami_type": "AL2023_x86_64_STANDARD",
            "arn": "arn:aws:eks:eu-west-2:928470004462:nodegroup/sentinel-eks-gateway/sentinel-eks-gateway-ng/c6cc803a-eb05-4189-59cc-d7fbcaa1adce",
            "capacity_type": "ON_DEMAND",
            "cluster_name": "sentinel-eks-gateway",
            "disk_size": 20,
            "force_update_version": null,
            "id": "sentinel-eks-gateway:sentinel-eks-gateway-ng",
            "instance_types": [
              "t3.large"
            ],
            "labels": null,
            "launch_template": [],
            "node_group_name": "sentinel-eks-gateway-ng",
            "node_group_name_prefix": "",
            "node_repair_config": [],
            "node_role_arn": "arn:aws:iam::928470004462:role/sentinel-eks-gateway-node-role",
            "region": "eu-west-2",
            "release_version": "1.30.14-20250821",
            "remote_access": [],
            "resources": [
              {
                "autoscaling_groups": [
                  {
                    "name": "eks-sentinel-eks-gateway-ng-c6cc803a-eb05-4189-59cc-d7fbcaa1adce"
                  }
                ],
                "remote_access_security_group_id": ""
              }
            ],
            "scaling_config": [
              {
                "desired_size": 2,
                "max_size": 4,
                "min_size": 2
              }
            ],
            "status": "ACTIVE",
            "subnet_ids": [
              "subnet-007a1885b07895285",
              "subnet-0de22c7663fb4d8c6"
            ],
            "tags": {
              "Owner": "Platform",
              "Project": "Sentinel"
            },
            "tags_all": {
              "Owner": "Platform",
              "Project": "Sentinel"
            },
            "taint": [],
            "timeouts": null,
            "update_config": [
              {
                "max_unavailable": 1,
                "max_unavailable_percentage": 0
              }
            ],
            "version": "1.30"
          },
          "sensitive_attributes": [],
          "identity_schema_version": 0,
          "private": "eyJlMmJmYjczMC1lY2FhLTExZTYtOGY4OC0zNDM2M2JjN2M0YzAiOnsiY3JlYXRlIjozNjAwMDAwMDAwMDAwLCJkZWxldGUiOjM2MDAwMDAwMDAwMDAsInVwZGF0ZSI6MzYwMDAwMDAwMDAwMH19",
          "dependencies": [
            "module.eks_gateway.aws_eks_cluster.this",
            "module.eks_gateway.aws_iam_role.cluster",
            "module.eks_gateway.aws_iam_role.node",
            "module.eks_gateway.aws_iam_role_policy_attachment.cluster_AmazonEKSClusterPolicy",
            "module.eks_gateway.aws_iam_role_policy_attachment.cluster_AmazonEKSVPCResourceController",
            "module.eks_gateway.aws_iam_role_policy_attachment.node_AmazonEC2ContainerRegistryReadOnly",
            "module.eks_gateway.aws_iam_role_policy_attachment.node_AmazonEKSWorkerNodePolicy",
            "module.eks_gateway.aws_iam_role_policy_attachment.node_AmazonEKS_CNI_Policy",
            "module.eks_gateway.data.aws_partition.current",
            "module.vpc_gateway.aws_subnet.private",
            "module.vpc_gateway.aws_vpc.this",
            "module.vpc_gateway.data.aws_availability_zones.this"
          ]
        }
      ]
    },
    {
      "module": "module.eks_gateway",
      "mode": "managed",
      "type": "aws_iam_openid_connect_provider",
      "name": "this",
      "provider": "provider[\"registry.terraform.io/hashicorp/aws\"]",
      "instances": [
        {
          "schema_version": 0,
          "attributes": {
            "arn": "arn:aws:iam::928470004462:oidc-provider/oidc.eks.eu-west-2.amazonaws.com/id/78C66BEF184A1626171431BFEA316B6A",
            "client_id_list": [
              "sts.amazonaws.com"
            ],
            "id": "arn:aws:iam::928470004462:oidc-provider/oidc.eks.eu-west-2.amazonaws.com/id/78C66BEF184A1626171431BFEA316B6A",
            "tags": null,
            "tags_all": {},
            "thumbprint_list": [
              "06b25927c42a721631c1efd9431e648fa62e1e39"
            ],
            "url": "oidc.eks.eu-west-2.amazonaws.com/id/78C66BEF184A1626171431BFEA316B6A"
          },
          "sensitive_attributes": [],
          "identity_schema_version": 0,
          "identity": {
            "arn": "arn:aws:iam::928470004462:oidc-provider/oidc.eks.eu-west-2.amazonaws.com/id/78C66BEF184A1626171431BFEA316B6A"
          },
          "private": "bnVsbA==",
          "dependencies": [
            "module.eks_gateway.aws_eks_cluster.this",
            "module.eks_gateway.aws_iam_role.cluster",
            "module.eks_gateway.aws_iam_role_policy_attachment.cluster_AmazonEKSClusterPolicy",
            "module.eks_gateway.aws_iam_role_policy_attachment.cluster_AmazonEKSVPCResourceController",
            "module.eks_gateway.data.aws_partition.current",
            "module.eks_gateway.data.tls_certificate.oidc_cert",
            "module.vpc_gateway.aws_subnet.private",
            "module.vpc_gateway.aws_vpc.this",
            "module.vpc_gateway.data.aws_availability_zones.this"
          ]
        }
      ]
    },
    {
      "module": "module.eks_gateway",
      "mode": "managed",
      "type": "aws_iam_role",
      "name": "cluster",
      "provider": "provider[\"registry.terraform.io/hashicorp/aws\"]",
      "instances": [
        {
          "schema_version": 0,
          "attributes": {
            "arn": "arn:aws:iam::928470004462:role/sentinel-eks-gateway-cluster-role",
            "assume_role_policy": "{\"Statement\":[{\"Action\":\"sts:AssumeRole\",\"Effect\":\"Allow\",\"Principal\":{\"Service\":\"eks.amazonaws.com\"}}],\"Version\":\"2012-10-17\"}",
            "create_date": "2025-08-31T14:01:00Z",
            "description": "",
            "force_detach_policies": false,
            "id": "sentinel-eks-gateway-cluster-role",
            "inline_policy": [],
            "managed_policy_arns": [],
            "max_session_duration": 3600,
            "name": "sentinel-eks-gateway-cluster-role",
            "name_prefix": "",
            "path": "/",
            "permissions_boundary": "",
            "tags": {
              "Owner": "Platform",
              "Project": "Sentinel"
            },
            "tags_all": {
              "Owner": "Platform",
              "Project": "Sentinel"
            },
            "unique_id": "AROA5QLI76LXJALDZ57Y6"
          },
          "sensitive_attributes": [],
          "identity_schema_version": 0,
          "identity": {
            "account_id": "928470004462",
            "name": "sentinel-eks-gateway-cluster-role"
          },
          "private": "bnVsbA==",
          "dependencies": [
            "module.eks_gateway.data.aws_partition.current"
          ]
        }
      ]
    },
    {
      "module": "module.eks_gateway",
      "mode": "managed",
      "type": "aws_iam_role",
      "name": "node",
      "provider": "provider[\"registry.terraform.io/hashicorp/aws\"]",
      "instances": [
        {
          "schema_version": 0,
          "attributes": {
            "arn": "arn:aws:iam::928470004462:role/sentinel-eks-gateway-node-role",
            "assume_role_policy": "{\"Statement\":[{\"Action\":\"sts:AssumeRole\",\"Effect\":\"Allow\",\"Principal\":{\"Service\":\"ec2.amazonaws.com\"}}],\"Version\":\"2012-10-17\"}",
            "create_date": "2025-08-31T14:01:00Z",
            "description": "",
            "force_detach_policies": false,
            "id": "sentinel-eks-gateway-node-role",
            "inline_policy": [],
            "managed_policy_arns": [],
            "max_session_duration": 3600,
            "name": "sentinel-eks-gateway-node-role",
            "name_prefix": "",
            "path": "/",
            "permissions_boundary": "",
            "tags": {
              "Owner": "Platform",
              "Project": "Sentinel"
            },
            "tags_all": {
              "Owner": "Platform",
              "Project": "Sentinel"
            },
            "unique_id": "AROA5QLI76LXKTDX4IKU2"
          },
          "sensitive_attributes": [],
          "identity_schema_version": 0,
          "identity": {
            "account_id": "928470004462",
            "name": "sentinel-eks-gateway-node-role"
          },
          "private": "bnVsbA==",
          "dependencies": [
            "module.eks_gateway.data.aws_partition.current"
          ]
        }
      ]
    },
    {
      "module": "module.eks_gateway",
      "mode": "managed",
      "type": "aws_iam_role_policy_attachment",
      "name": "cluster_AmazonEKSClusterPolicy",
      "provider": "provider[\"registry.terraform.io/hashicorp/aws\"]",
      "instances": [
        {
          "schema_version": 0,
          "attributes": {
            "id": "sentinel-eks-gateway-cluster-role/arn:aws:iam::aws:policy/AmazonEKSClusterPolicy",
            "policy_arn": "arn:aws:iam::aws:policy/AmazonEKSClusterPolicy",
            "role": "sentinel-eks-gateway-cluster-role"
          },
          "sensitive_attributes": [],
          "identity_schema_version": 0,
          "identity": {
            "account_id": "928470004462",
            "policy_arn": "arn:aws:iam::aws:policy/AmazonEKSClusterPolicy",
            "role": "sentinel-eks-gateway-cluster-role"
          },
          "private": "bnVsbA==",
          "dependencies": [
            "module.eks_gateway.aws_iam_role.cluster",
            "module.eks_gateway.data.aws_partition.current"
          ]
        }
      ]
    },
    {
      "module": "module.eks_gateway",
      "mode": "managed",
      "type": "aws_iam_role_policy_attachment",
      "name": "cluster_AmazonEKSVPCResourceController",
      "provider": "provider[\"registry.terraform.io/hashicorp/aws\"]",
      "instances": [
        {
          "schema_version": 0,
          "attributes": {
            "id": "sentinel-eks-gateway-cluster-role/arn:aws:iam::aws:policy/AmazonEKSVPCResourceController",
            "policy_arn": "arn:aws:iam::aws:policy/AmazonEKSVPCResourceController",
            "role": "sentinel-eks-gateway-cluster-role"
          },
          "sensitive_attributes": [],
          "identity_schema_version": 0,
          "identity": {
            "account_id": "928470004462",
            "policy_arn": "arn:aws:iam::aws:policy/AmazonEKSVPCResourceController",
            "role": "sentinel-eks-gateway-cluster-role"
          },
          "private": "bnVsbA==",
          "dependencies": [
            "module.eks_gateway.aws_iam_role.cluster",
            "module.eks_gateway.data.aws_partition.current"
          ]
        }
      ]
    },
    {
      "module": "module.eks_gateway",
      "mode": "managed",
      "type": "aws_iam_role_policy_attachment",
      "name": "node_AmazonEC2ContainerRegistryReadOnly",
      "provider": "provider[\"registry.terraform.io/hashicorp/aws\"]",
      "instances": [
        {
          "schema_version": 0,
          "attributes": {
            "id": "sentinel-eks-gateway-node-role/arn:aws:iam::aws:policy/AmazonEC2ContainerRegistryReadOnly",
            "policy_arn": "arn:aws:iam::aws:policy/AmazonEC2ContainerRegistryReadOnly",
            "role": "sentinel-eks-gateway-node-role"
          },
          "sensitive_attributes": [],
          "identity_schema_version": 0,
          "identity": {
            "account_id": "928470004462",
            "policy_arn": "arn:aws:iam::aws:policy/AmazonEC2ContainerRegistryReadOnly",
            "role": "sentinel-eks-gateway-node-role"
          },
          "private": "bnVsbA==",
          "dependencies": [
            "module.eks_gateway.aws_iam_role.node",
            "module.eks_gateway.data.aws_partition.current"
          ]
        }
      ]
    },
    {
      "module": "module.eks_gateway",
      "mode": "managed",
      "type": "aws_iam_role_policy_attachment",
      "name": "node_AmazonEKSWorkerNodePolicy",
      "provider": "provider[\"registry.terraform.io/hashicorp/aws\"]",
      "instances": [
        {
          "schema_version": 0,
          "attributes": {
            "id": "sentinel-eks-gateway-node-role/arn:aws:iam::aws:policy/AmazonEKSWorkerNodePolicy",
            "policy_arn": "arn:aws:iam::aws:policy/AmazonEKSWorkerNodePolicy",
            "role": "sentinel-eks-gateway-node-role"
          },
          "sensitive_attributes": [],
          "identity_schema_version": 0,
          "identity": {
            "account_id": "928470004462",
            "policy_arn": "arn:aws:iam::aws:policy/AmazonEKSWorkerNodePolicy",
            "role": "sentinel-eks-gateway-node-role"
          },
          "private": "bnVsbA==",
          "dependencies": [
            "module.eks_gateway.aws_iam_role.node",
            "module.eks_gateway.data.aws_partition.current"
          ]
        }
      ]
    },
    {
      "module": "module.eks_gateway",
      "mode": "managed",
      "type": "aws_iam_role_policy_attachment",
      "name": "node_AmazonEKS_CNI_Policy",
      "provider": "provider[\"registry.terraform.io/hashicorp/aws\"]",
      "instances": [
        {
          "schema_version": 0,
          "attributes": {
            "id": "sentinel-eks-gateway-node-role/arn:aws:iam::aws:policy/AmazonEKS_CNI_Policy",
            "policy_arn": "arn:aws:iam::aws:policy/AmazonEKS_CNI_Policy",
            "role": "sentinel-eks-gateway-node-role"
          },
          "sensitive_attributes": [],
          "identity_schema_version": 0,
          "identity": {
            "account_id": "928470004462",
            "policy_arn": "arn:aws:iam::aws:policy/AmazonEKS_CNI_Policy",
            "role": "sentinel-eks-gateway-node-role"
          },
          "private": "bnVsbA==",
          "dependencies": [
            "module.eks_gateway.aws_iam_role.node",
            "module.eks_gateway.data.aws_partition.current"
          ]
        }
      ]
    },
    {
      "module": "module.eks_gateway",
      "mode": "managed",
      "type": "aws_iam_role_policy_attachment",
      "name": "node_AmazonSSMManagedInstanceCore",
      "provider": "provider[\"registry.terraform.io/hashicorp/aws\"]",
      "instances": [
        {
          "schema_version": 0,
          "attributes": {
            "id": "sentinel-eks-gateway-node-role/arn:aws:iam::aws:policy/AmazonSSMManagedInstanceCore",
            "policy_arn": "arn:aws:iam::aws:policy/AmazonSSMManagedInstanceCore",
            "role": "sentinel-eks-gateway-node-role"
          },
          "sensitive_attributes": [],
          "identity_schema_version": 0,
          "identity": {
            "account_id": "928470004462",
            "policy_arn": "arn:aws:iam::aws:policy/AmazonSSMManagedInstanceCore",
            "role": "sentinel-eks-gateway-node-role"
          },
          "private": "bnVsbA==",
          "dependencies": [
            "module.eks_gateway.aws_iam_role.node",
            "module.eks_gateway.data.aws_partition.current"
          ]
        }
      ]
    },
    {
      "module": "module.peering",
      "mode": "managed",
      "type": "aws_route",
      "name": "acc_to_req",
      "provider": "provider[\"registry.terraform.io/hashicorp/aws\"]",
      "instances": [
        {
          "index_key": 0,
          "schema_version": 0,
          "attributes": {
            "carrier_gateway_id": "",
            "core_network_arn": "",
            "destination_cidr_block": "10.10.0.0/16",
            "destination_ipv6_cidr_block": "",
            "destination_prefix_list_id": "",
            "egress_only_gateway_id": "",
            "gateway_id": "",
            "id": "r-rtb-0722b92624caac1c0519371977",
            "instance_id": "",
            "instance_owner_id": "",
            "local_gateway_id": "",
            "nat_gateway_id": "",
            "network_interface_id": "",
            "origin": "CreateRoute",
            "region": "eu-west-2",
            "route_table_id": "rtb-0722b92624caac1c0",
            "state": "active",
            "timeouts": null,
            "transit_gateway_id": "",
            "vpc_endpoint_id": "",
            "vpc_peering_connection_id": "pcx-08fd95b1536c86d78"
          },
          "sensitive_attributes": [],
          "identity_schema_version": 0,
          "identity": {
            "account_id": "928470004462",
            "destination_cidr_block": "10.10.0.0/16",
            "destination_ipv6_cidr_block": null,
            "destination_prefix_list_id": null,
            "region": "eu-west-2",
            "route_table_id": "rtb-0722b92624caac1c0"
          },
          "private": "eyJlMmJmYjczMC1lY2FhLTExZTYtOGY4OC0zNDM2M2JjN2M0YzAiOnsiY3JlYXRlIjozMDAwMDAwMDAwMDAsImRlbGV0ZSI6MzAwMDAwMDAwMDAwLCJ1cGRhdGUiOjEyMDAwMDAwMDAwMH19",
          "dependencies": [
            "module.peering.aws_vpc_peering_connection.this",
            "module.vpc_backend.aws_route_table.private",
            "module.vpc_backend.aws_subnet.private",
            "module.vpc_backend.aws_vpc.this",
            "module.vpc_backend.data.aws_availability_zones.this",
            "module.vpc_gateway.aws_vpc.this"
          ]
        },
        {
          "index_key": 1,
          "schema_version": 0,
          "attributes": {
            "carrier_gateway_id": "",
            "core_network_arn": "",
            "destination_cidr_block": "10.10.0.0/16",
            "destination_ipv6_cidr_block": "",
            "destination_prefix_list_id": "",
            "egress_only_gateway_id": "",
            "gateway_id": "",
            "id": "r-rtb-0b5d4d2daa3fe719a519371977",
            "instance_id": "",
            "instance_owner_id": "",
            "local_gateway_id": "",
            "nat_gateway_id": "",
            "network_interface_id": "",
            "origin": "CreateRoute",
            "region": "eu-west-2",
            "route_table_id": "rtb-0b5d4d2daa3fe719a",
            "state": "active",
            "timeouts": null,
            "transit_gateway_id": "",
            "vpc_endpoint_id": "",
            "vpc_peering_connection_id": "pcx-08fd95b1536c86d78"
          },
          "sensitive_attributes": [],
          "identity_schema_version": 0,
          "identity": {
            "account_id": "928470004462",
            "destination_cidr_block": "10.10.0.0/16",
            "destination_ipv6_cidr_block": null,
            "destination_prefix_list_id": null,
            "region": "eu-west-2",
            "route_table_id": "rtb-0b5d4d2daa3fe719a"
          },
          "private": "eyJlMmJmYjczMC1lY2FhLTExZTYtOGY4OC0zNDM2M2JjN2M0YzAiOnsiY3JlYXRlIjozMDAwMDAwMDAwMDAsImRlbGV0ZSI6MzAwMDAwMDAwMDAwLCJ1cGRhdGUiOjEyMDAwMDAwMDAwMH19",
          "dependencies": [
            "module.peering.aws_vpc_peering_connection.this",
            "module.vpc_backend.aws_route_table.private",
            "module.vpc_backend.aws_subnet.private",
            "module.vpc_backend.aws_vpc.this",
            "module.vpc_backend.data.aws_availability_zones.this",
            "module.vpc_gateway.aws_vpc.this"
          ]
        }
      ]
    },
    {
      "module": "module.peering",
      "mode": "managed",
      "type": "aws_route",
      "name": "req_to_acc",
      "provider": "provider[\"registry.terraform.io/hashicorp/aws\"]",
      "instances": [
        {
          "index_key": 0,
          "schema_version": 0,
          "attributes": {
            "carrier_gateway_id": "",
            "core_network_arn": "",
            "destination_cidr_block": "10.20.0.0/16",
            "destination_ipv6_cidr_block": "",
            "destination_prefix_list_id": "",
            "egress_only_gateway_id": "",
            "gateway_id": "",
            "id": "r-rtb-064bec8f77a296f91662290444",
            "instance_id": "",
            "instance_owner_id": "",
            "local_gateway_id": "",
            "nat_gateway_id": "",
            "network_interface_id": "",
            "origin": "CreateRoute",
            "region": "eu-west-2",
            "route_table_id": "rtb-064bec8f77a296f91",
            "state": "active",
            "timeouts": null,
            "transit_gateway_id": "",
            "vpc_endpoint_id": "",
            "vpc_peering_connection_id": "pcx-08fd95b1536c86d78"
          },
          "sensitive_attributes": [],
          "identity_schema_version": 0,
          "identity": {
            "account_id": "928470004462",
            "destination_cidr_block": "10.20.0.0/16",
            "destination_ipv6_cidr_block": null,
            "destination_prefix_list_id": null,
            "region": "eu-west-2",
            "route_table_id": "rtb-064bec8f77a296f91"
          },
          "private": "eyJlMmJmYjczMC1lY2FhLTExZTYtOGY4OC0zNDM2M2JjN2M0YzAiOnsiY3JlYXRlIjozMDAwMDAwMDAwMDAsImRlbGV0ZSI6MzAwMDAwMDAwMDAwLCJ1cGRhdGUiOjEyMDAwMDAwMDAwMH19",
          "dependencies": [
            "module.peering.aws_vpc_peering_connection.this",
            "module.vpc_backend.aws_vpc.this",
            "module.vpc_gateway.aws_route_table.private",
            "module.vpc_gateway.aws_subnet.private",
            "module.vpc_gateway.aws_vpc.this",
            "module.vpc_gateway.data.aws_availability_zones.this"
          ]
        },
        {
          "index_key": 1,
          "schema_version": 0,
          "attributes": {
            "carrier_gateway_id": "",
            "core_network_arn": "",
            "destination_cidr_block": "10.20.0.0/16",
            "destination_ipv6_cidr_block": "",
            "destination_prefix_list_id": "",
            "egress_only_gateway_id": "",
            "gateway_id": "",
            "id": "r-rtb-0d9a5b2889c6963e3662290444",
            "instance_id": "",
            "instance_owner_id": "",
            "local_gateway_id": "",
            "nat_gateway_id": "",
            "network_interface_id": "",
            "origin": "CreateRoute",
            "region": "eu-west-2",
            "route_table_id": "rtb-0d9a5b2889c6963e3",
            "state": "active",
            "timeouts": null,
            "transit_gateway_id": "",
            "vpc_endpoint_id": "",
            "vpc_peering_connection_id": "pcx-08fd95b1536c86d78"
          },
          "sensitive_attributes": [],
          "identity_schema_version": 0,
          "identity": {
            "account_id": "928470004462",
            "destination_cidr_block": "10.20.0.0/16",
            "destination_ipv6_cidr_block": null,
            "destination_prefix_list_id": null,
            "region": "eu-west-2",
            "route_table_id": "rtb-0d9a5b2889c6963e3"
          },
          "private": "eyJlMmJmYjczMC1lY2FhLTExZTYtOGY4OC0zNDM2M2JjN2M0YzAiOnsiY3JlYXRlIjozMDAwMDAwMDAwMDAsImRlbGV0ZSI6MzAwMDAwMDAwMDAwLCJ1cGRhdGUiOjEyMDAwMDAwMDAwMH19",
          "dependencies": [
            "module.peering.aws_vpc_peering_connection.this",
            "module.vpc_backend.aws_vpc.this",
            "module.vpc_gateway.aws_route_table.private",
            "module.vpc_gateway.aws_subnet.private",
            "module.vpc_gateway.aws_vpc.this",
            "module.vpc_gateway.data.aws_availability_zones.this"
          ]
        }
      ]
    },
    {
      "module": "module.peering",
      "mode": "managed",
      "type": "aws_vpc_peering_connection",
      "name": "this",
      "provider": "provider[\"registry.terraform.io/hashicorp/aws\"]",
      "instances": [
        {
          "schema_version": 0,
          "attributes": {
            "accept_status": "active",
            "accepter": [
              {
                "allow_remote_vpc_dns_resolution": false
              }
            ],
            "auto_accept": true,
            "id": "pcx-08fd95b1536c86d78",
            "peer_owner_id": "928470004462",
            "peer_region": "eu-west-2",
            "peer_vpc_id": "vpc-0b249c74e19f66de7",
            "region": "eu-west-2",
            "requester": [
              {
                "allow_remote_vpc_dns_resolution": false
              }
            ],
            "tags": {
              "Name": "sentinel-gw-backend",
              "Owner": "Platform",
              "Project": "Sentinel"
            },
            "tags_all": {
              "Name": "sentinel-gw-backend",
              "Owner": "Platform",
              "Project": "Sentinel"
            },
            "timeouts": null,
            "vpc_id": "vpc-0d86801efc0555088"
          },
          "sensitive_attributes": [],
          "identity_schema_version": 0,
          "private": "eyJlMmJmYjczMC1lY2FhLTExZTYtOGY4OC0zNDM2M2JjN2M0YzAiOnsiY3JlYXRlIjo2MDAwMDAwMDAwMCwiZGVsZXRlIjo2MDAwMDAwMDAwMCwidXBkYXRlIjo2MDAwMDAwMDAwMH19",
          "dependencies": [
            "module.vpc_backend.aws_vpc.this",
            "module.vpc_gateway.aws_vpc.this"
          ]
        }
      ]
    },
    {
      "module": "module.vpc_backend",
      "mode": "data",
      "type": "aws_availability_zones",
      "name": "this",
      "provider": "provider[\"registry.terraform.io/hashicorp/aws\"]",
      "instances": [
        {
          "schema_version": 0,
          "attributes": {
            "all_availability_zones": null,
            "exclude_names": null,
            "exclude_zone_ids": null,
            "filter": null,
            "group_names": [
              "eu-west-2-zg-1"
            ],
            "id": "eu-west-2",
            "names": [
              "eu-west-2a",
              "eu-west-2b",
              "eu-west-2c"
            ],
            "region": "eu-west-2",
            "state": "available",
            "timeouts": null,
            "zone_ids": [
              "euw2-az2",
              "euw2-az3",
              "euw2-az1"
            ]
          },
          "sensitive_attributes": [],
          "identity_schema_version": 0
        }
      ]
    },
    {
      "module": "module.vpc_backend",
      "mode": "data",
      "type": "aws_region",
      "name": "current",
      "provider": "provider[\"registry.terraform.io/hashicorp/aws\"]",
      "instances": [
        {
          "schema_version": 0,
          "attributes": {
            "description": "Europe (London)",
            "endpoint": "ec2.eu-west-2.amazonaws.com",
            "id": "eu-west-2",
            "name": "eu-west-2",
            "region": "eu-west-2"
          },
          "sensitive_attributes": [],
          "identity_schema_version": 0
        }
      ]
    },
    {
      "module": "module.vpc_backend",
      "mode": "managed",
      "type": "aws_eip",
      "name": "nat",
      "provider": "provider[\"registry.terraform.io/hashicorp/aws\"]",
      "instances": [
        {
          "index_key": "0",
          "schema_version": 0,
          "attributes": {
            "address": null,
            "allocation_id": "eipalloc-0ac53ff6563686bd3",
            "arn": "arn:aws:ec2:eu-west-2:928470004462:elastic-ip/eipalloc-0ac53ff6563686bd3",
            "associate_with_private_ip": null,
            "association_id": "eipassoc-0426aa02d0236f077",
            "carrier_ip": "",
            "customer_owned_ip": "",
            "customer_owned_ipv4_pool": "",
            "domain": "vpc",
            "id": "eipalloc-0ac53ff6563686bd3",
            "instance": "",
            "ipam_pool_id": null,
            "network_border_group": "eu-west-2",
            "network_interface": "eni-0980eab886fd75025",
            "private_dns": "ip-10-20-101-94.eu-west-2.compute.internal",
            "private_ip": "10.20.101.94",
            "ptr_record": "",
            "public_dns": "ec2-13-43-141-156.eu-west-2.compute.amazonaws.com",
            "public_ip": "13.43.141.156",
            "public_ipv4_pool": "amazon",
            "region": "eu-west-2",
            "tags": {
              "Name": "sentinel-backend-nat-eip-0",
              "Owner": "Platform",
              "Project": "Sentinel"
            },
            "tags_all": {
              "Name": "sentinel-backend-nat-eip-0",
              "Owner": "Platform",
              "Project": "Sentinel"
            },
            "timeouts": null
          },
          "sensitive_attributes": [],
          "identity_schema_version": 0,
          "private": "eyJlMmJmYjczMC1lY2FhLTExZTYtOGY4OC0zNDM2M2JjN2M0YzAiOnsiZGVsZXRlIjoxODAwMDAwMDAwMDAsInJlYWQiOjkwMDAwMDAwMDAwMCwidXBkYXRlIjozMDAwMDAwMDAwMDB9fQ==",
          "dependencies": [
            "module.vpc_backend.aws_subnet.public",
            "module.vpc_backend.aws_vpc.this",
            "module.vpc_backend.data.aws_availability_zones.this"
          ]
        },
        {
          "index_key": "1",
          "schema_version": 0,
          "attributes": {
            "address": null,
            "allocation_id": "eipalloc-0d1e248f194639979",
            "arn": "arn:aws:ec2:eu-west-2:928470004462:elastic-ip/eipalloc-0d1e248f194639979",
            "associate_with_private_ip": null,
            "association_id": "eipassoc-0dcb252012a77408c",
            "carrier_ip": "",
            "customer_owned_ip": "",
            "customer_owned_ipv4_pool": "",
            "domain": "vpc",
            "id": "eipalloc-0d1e248f194639979",
            "instance": "",
            "ipam_pool_id": null,
            "network_border_group": "eu-west-2",
            "network_interface": "eni-00a1f2abdd74ff11a",
            "private_dns": "ip-10-20-102-210.eu-west-2.compute.internal",
            "private_ip": "10.20.102.210",
            "ptr_record": "",
            "public_dns": "ec2-35-176-72-171.eu-west-2.compute.amazonaws.com",
            "public_ip": "35.176.72.171",
            "public_ipv4_pool": "amazon",
            "region": "eu-west-2",
            "tags": {
              "Name": "sentinel-backend-nat-eip-1",
              "Owner": "Platform",
              "Project": "Sentinel"
            },
            "tags_all": {
              "Name": "sentinel-backend-nat-eip-1",
              "Owner": "Platform",
              "Project": "Sentinel"
            },
            "timeouts": null
          },
          "sensitive_attributes": [],
          "identity_schema_version": 0,
          "private": "eyJlMmJmYjczMC1lY2FhLTExZTYtOGY4OC0zNDM2M2JjN2M0YzAiOnsiZGVsZXRlIjoxODAwMDAwMDAwMDAsInJlYWQiOjkwMDAwMDAwMDAwMCwidXBkYXRlIjozMDAwMDAwMDAwMDB9fQ==",
          "dependencies": [
            "module.vpc_backend.aws_subnet.public",
            "module.vpc_backend.aws_vpc.this",
            "module.vpc_backend.data.aws_availability_zones.this"
          ]
        }
      ]
    },
    {
      "module": "module.vpc_backend",
      "mode": "managed",
      "type": "aws_internet_gateway",
      "name": "igw",
      "provider": "provider[\"registry.terraform.io/hashicorp/aws\"]",
      "instances": [
        {
          "schema_version": 0,
          "attributes": {
            "arn": "arn:aws:ec2:eu-west-2:928470004462:internet-gateway/igw-0806018b90189ee4b",
            "id": "igw-0806018b90189ee4b",
            "owner_id": "928470004462",
            "region": "eu-west-2",
            "tags": {
              "Name": "sentinel-backend-igw",
              "Owner": "Platform",
              "Project": "Sentinel"
            },
            "tags_all": {
              "Name": "sentinel-backend-igw",
              "Owner": "Platform",
              "Project": "Sentinel"
            },
            "timeouts": null,
            "vpc_id": "vpc-0b249c74e19f66de7"
          },
          "sensitive_attributes": [],
          "identity_schema_version": 0,
          "private": "eyJlMmJmYjczMC1lY2FhLTExZTYtOGY4OC0zNDM2M2JjN2M0YzAiOnsiY3JlYXRlIjoxMjAwMDAwMDAwMDAwLCJkZWxldGUiOjEyMDAwMDAwMDAwMDAsInVwZGF0ZSI6MTIwMDAwMDAwMDAwMH19",
          "dependencies": [
            "module.vpc_backend.aws_vpc.this"
          ]
        }
      ]
    },
    {
      "module": "module.vpc_backend",
      "mode": "managed",
      "type": "aws_nat_gateway",
      "name": "nat",
      "provider": "provider[\"registry.terraform.io/hashicorp/aws\"]",
      "instances": [
        {
          "index_key": "0",
          "schema_version": 0,
          "attributes": {
            "allocation_id": "eipalloc-0ac53ff6563686bd3",
            "association_id": "eipassoc-0426aa02d0236f077",
            "connectivity_type": "public",
            "id": "nat-0eb46644e75a66112",
            "network_interface_id": "eni-0980eab886fd75025",
            "private_ip": "10.20.101.94",
            "public_ip": "13.43.141.156",
            "region": "eu-west-2",
            "secondary_allocation_ids": [],
            "secondary_private_ip_address_count": 0,
            "secondary_private_ip_addresses": [],
            "subnet_id": "subnet-006ed0bc448d27c2c",
            "tags": {
              "Name": "sentinel-backend-nat-0",
              "Owner": "Platform",
              "Project": "Sentinel"
            },
            "tags_all": {
              "Name": "sentinel-backend-nat-0",
              "Owner": "Platform",
              "Project": "Sentinel"
            },
            "timeouts": null
          },
          "sensitive_attributes": [],
          "identity_schema_version": 0,
          "private": "eyJlMmJmYjczMC1lY2FhLTExZTYtOGY4OC0zNDM2M2JjN2M0YzAiOnsiY3JlYXRlIjo2MDAwMDAwMDAwMDAsImRlbGV0ZSI6MTgwMDAwMDAwMDAwMCwidXBkYXRlIjo2MDAwMDAwMDAwMDB9fQ==",
          "dependencies": [
            "module.vpc_backend.aws_eip.nat",
            "module.vpc_backend.aws_internet_gateway.igw",
            "module.vpc_backend.aws_subnet.public",
            "module.vpc_backend.aws_vpc.this",
            "module.vpc_backend.data.aws_availability_zones.this"
          ]
        },
        {
          "index_key": "1",
          "schema_version": 0,
          "attributes": {
            "allocation_id": "eipalloc-0d1e248f194639979",
            "association_id": "eipassoc-0dcb252012a77408c",
            "connectivity_type": "public",
            "id": "nat-01b2089be6d3efcc2",
            "network_interface_id": "eni-00a1f2abdd74ff11a",
            "private_ip": "10.20.102.210",
            "public_ip": "35.176.72.171",
            "region": "eu-west-2",
            "secondary_allocation_ids": [],
            "secondary_private_ip_address_count": 0,
            "secondary_private_ip_addresses": [],
            "subnet_id": "subnet-0f7651ee4e3cb6c00",
            "tags": {
              "Name": "sentinel-backend-nat-1",
              "Owner": "Platform",
              "Project": "Sentinel"
            },
            "tags_all": {
              "Name": "sentinel-backend-nat-1",
              "Owner": "Platform",
              "Project": "Sentinel"
            },
            "timeouts": null
          },
          "sensitive_attributes": [],
          "identity_schema_version": 0,
          "private": "eyJlMmJmYjczMC1lY2FhLTExZTYtOGY4OC0zNDM2M2JjN2M0YzAiOnsiY3JlYXRlIjo2MDAwMDAwMDAwMDAsImRlbGV0ZSI6MTgwMDAwMDAwMDAwMCwidXBkYXRlIjo2MDAwMDAwMDAwMDB9fQ==",
          "dependencies": [
            "module.vpc_backend.aws_eip.nat",
            "module.vpc_backend.aws_internet_gateway.igw",
            "module.vpc_backend.aws_subnet.public",
            "module.vpc_backend.aws_vpc.this",
            "module.vpc_backend.data.aws_availability_zones.this"
          ]
        }
      ]
    },
    {
      "module": "module.vpc_backend",
      "mode": "managed",
      "type": "aws_route",
      "name": "private_nat",
      "provider": "provider[\"registry.terraform.io/hashicorp/aws\"]",
      "instances": [
        {
          "index_key": "0",
          "schema_version": 0,
          "attributes": {
            "carrier_gateway_id": "",
            "core_network_arn": "",
            "destination_cidr_block": "0.0.0.0/0",
            "destination_ipv6_cidr_block": "",
            "destination_prefix_list_id": "",
            "egress_only_gateway_id": "",
            "gateway_id": "",
            "id": "r-rtb-0722b92624caac1c01080289494",
            "instance_id": "",
            "instance_owner_id": "",
            "local_gateway_id": "",
            "nat_gateway_id": "nat-0eb46644e75a66112",
            "network_interface_id": "",
            "origin": "CreateRoute",
            "region": "eu-west-2",
            "route_table_id": "rtb-0722b92624caac1c0",
            "state": "active",
            "timeouts": null,
            "transit_gateway_id": "",
            "vpc_endpoint_id": "",
            "vpc_peering_connection_id": ""
          },
          "sensitive_attributes": [],
          "identity_schema_version": 0,
          "identity": {
            "account_id": "928470004462",
            "destination_cidr_block": "0.0.0.0/0",
            "destination_ipv6_cidr_block": null,
            "destination_prefix_list_id": null,
            "region": "eu-west-2",
            "route_table_id": "rtb-0722b92624caac1c0"
          },
          "private": "eyJlMmJmYjczMC1lY2FhLTExZTYtOGY4OC0zNDM2M2JjN2M0YzAiOnsiY3JlYXRlIjozMDAwMDAwMDAwMDAsImRlbGV0ZSI6MzAwMDAwMDAwMDAwLCJ1cGRhdGUiOjEyMDAwMDAwMDAwMH19",
          "dependencies": [
            "module.vpc_backend.aws_eip.nat",
            "module.vpc_backend.aws_internet_gateway.igw",
            "module.vpc_backend.aws_nat_gateway.nat",
            "module.vpc_backend.aws_route_table.private",
            "module.vpc_backend.aws_subnet.private",
            "module.vpc_backend.aws_subnet.public",
            "module.vpc_backend.aws_vpc.this",
            "module.vpc_backend.data.aws_availability_zones.this"
          ]
        },
        {
          "index_key": "1",
          "schema_version": 0,
          "attributes": {
            "carrier_gateway_id": "",
            "core_network_arn": "",
            "destination_cidr_block": "0.0.0.0/0",
            "destination_ipv6_cidr_block": "",
            "destination_prefix_list_id": "",
            "egress_only_gateway_id": "",
            "gateway_id": "",
            "id": "r-rtb-0b5d4d2daa3fe719a1080289494",
            "instance_id": "",
            "instance_owner_id": "",
            "local_gateway_id": "",
            "nat_gateway_id": "nat-01b2089be6d3efcc2",
            "network_interface_id": "",
            "origin": "CreateRoute",
            "region": "eu-west-2",
            "route_table_id": "rtb-0b5d4d2daa3fe719a",
            "state": "active",
            "timeouts": null,
            "transit_gateway_id": "",
            "vpc_endpoint_id": "",
            "vpc_peering_connection_id": ""
          },
          "sensitive_attributes": [],
          "identity_schema_version": 0,
          "identity": {
            "account_id": "928470004462",
            "destination_cidr_block": "0.0.0.0/0",
            "destination_ipv6_cidr_block": null,
            "destination_prefix_list_id": null,
            "region": "eu-west-2",
            "route_table_id": "rtb-0b5d4d2daa3fe719a"
          },
          "private": "eyJlMmJmYjczMC1lY2FhLTExZTYtOGY4OC0zNDM2M2JjN2M0YzAiOnsiY3JlYXRlIjozMDAwMDAwMDAwMDAsImRlbGV0ZSI6MzAwMDAwMDAwMDAwLCJ1cGRhdGUiOjEyMDAwMDAwMDAwMH19",
          "dependencies": [
            "module.vpc_backend.aws_eip.nat",
            "module.vpc_backend.aws_internet_gateway.igw",
            "module.vpc_backend.aws_nat_gateway.nat",
            "module.vpc_backend.aws_route_table.private",
            "module.vpc_backend.aws_subnet.private",
            "module.vpc_backend.aws_subnet.public",
            "module.vpc_backend.aws_vpc.this",
            "module.vpc_backend.data.aws_availability_zones.this"
          ]
        }
      ]
    },
    {
      "module": "module.vpc_backend",
      "mode": "managed",
      "type": "aws_route",
      "name": "public_internet",
      "provider": "provider[\"registry.terraform.io/hashicorp/aws\"]",
      "instances": [
        {
          "schema_version": 0,
          "attributes": {
            "carrier_gateway_id": "",
            "core_network_arn": "",
            "destination_cidr_block": "0.0.0.0/0",
            "destination_ipv6_cidr_block": "",
            "destination_prefix_list_id": "",
            "egress_only_gateway_id": "",
            "gateway_id": "igw-0806018b90189ee4b",
            "id": "r-rtb-05f11bb696fb1219b1080289494",
            "instance_id": "",
            "instance_owner_id": "",
            "local_gateway_id": "",
            "nat_gateway_id": "",
            "network_interface_id": "",
            "origin": "CreateRoute",
            "region": "eu-west-2",
            "route_table_id": "rtb-05f11bb696fb1219b",
            "state": "active",
            "timeouts": null,
            "transit_gateway_id": "",
            "vpc_endpoint_id": "",
            "vpc_peering_connection_id": ""
          },
          "sensitive_attributes": [],
          "identity_schema_version": 0,
          "identity": {
            "account_id": "928470004462",
            "destination_cidr_block": "0.0.0.0/0",
            "destination_ipv6_cidr_block": null,
            "destination_prefix_list_id": null,
            "region": "eu-west-2",
            "route_table_id": "rtb-05f11bb696fb1219b"
          },
          "private": "eyJlMmJmYjczMC1lY2FhLTExZTYtOGY4OC0zNDM2M2JjN2M0YzAiOnsiY3JlYXRlIjozMDAwMDAwMDAwMDAsImRlbGV0ZSI6MzAwMDAwMDAwMDAwLCJ1cGRhdGUiOjEyMDAwMDAwMDAwMH19",
          "dependencies": [
            "module.vpc_backend.aws_internet_gateway.igw",
            "module.vpc_backend.aws_route_table.public",
            "module.vpc_backend.aws_vpc.this"
          ]
        }
      ]
    },
    {
      "module": "module.vpc_backend",
      "mode": "managed",
      "type": "aws_route_table",
      "name": "private",
      "provider": "provider[\"registry.terraform.io/hashicorp/aws\"]",
      "instances": [
        {
          "index_key": "0",
          "schema_version": 0,
          "attributes": {
            "arn": "arn:aws:ec2:eu-west-2:928470004462:route-table/rtb-0722b92624caac1c0",
            "id": "rtb-0722b92624caac1c0",
            "owner_id": "928470004462",
            "propagating_vgws": [],
            "region": "eu-west-2",
            "route": [
              {
                "carrier_gateway_id": "",
                "cidr_block": "0.0.0.0/0",
                "core_network_arn": "",
                "destination_prefix_list_id": "",
                "egress_only_gateway_id": "",
                "gateway_id": "",
                "ipv6_cidr_block": "",
                "local_gateway_id": "",
                "nat_gateway_id": "nat-0eb46644e75a66112",
                "network_interface_id": "",
                "transit_gateway_id": "",
                "vpc_endpoint_id": "",
                "vpc_peering_connection_id": ""
              },
              {
                "carrier_gateway_id": "",
                "cidr_block": "10.10.0.0/16",
                "core_network_arn": "",
                "destination_prefix_list_id": "",
                "egress_only_gateway_id": "",
                "gateway_id": "",
                "ipv6_cidr_block": "",
                "local_gateway_id": "",
                "nat_gateway_id": "",
                "network_interface_id": "",
                "transit_gateway_id": "",
                "vpc_endpoint_id": "",
                "vpc_peering_connection_id": "pcx-08fd95b1536c86d78"
              }
            ],
            "tags": {
              "Name": "sentinel-backend-private-0",
              "Owner": "Platform",
              "Project": "Sentinel"
            },
            "tags_all": {
              "Name": "sentinel-backend-private-0",
              "Owner": "Platform",
              "Project": "Sentinel"
            },
            "timeouts": null,
            "vpc_id": "vpc-0b249c74e19f66de7"
          },
          "sensitive_attributes": [],
          "identity_schema_version": 0,
          "identity": {
            "account_id": "928470004462",
            "id": "rtb-0722b92624caac1c0",
            "region": "eu-west-2"
          },
          "private": "eyJlMmJmYjczMC1lY2FhLTExZTYtOGY4OC0zNDM2M2JjN2M0YzAiOnsiY3JlYXRlIjozMDAwMDAwMDAwMDAsImRlbGV0ZSI6MzAwMDAwMDAwMDAwLCJ1cGRhdGUiOjEyMDAwMDAwMDAwMH19",
          "dependencies": [
            "module.vpc_backend.aws_subnet.private",
            "module.vpc_backend.aws_vpc.this",
            "module.vpc_backend.data.aws_availability_zones.this"
          ]
        },
        {
          "index_key": "1",
          "schema_version": 0,
          "attributes": {
            "arn": "arn:aws:ec2:eu-west-2:928470004462:route-table/rtb-0b5d4d2daa3fe719a",
            "id": "rtb-0b5d4d2daa3fe719a",
            "owner_id": "928470004462",
            "propagating_vgws": [],
            "region": "eu-west-2",
            "route": [
              {
                "carrier_gateway_id": "",
                "cidr_block": "0.0.0.0/0",
                "core_network_arn": "",
                "destination_prefix_list_id": "",
                "egress_only_gateway_id": "",
                "gateway_id": "",
                "ipv6_cidr_block": "",
                "local_gateway_id": "",
                "nat_gateway_id": "nat-01b2089be6d3efcc2",
                "network_interface_id": "",
                "transit_gateway_id": "",
                "vpc_endpoint_id": "",
                "vpc_peering_connection_id": ""
              },
              {
                "carrier_gateway_id": "",
                "cidr_block": "10.10.0.0/16",
                "core_network_arn": "",
                "destination_prefix_list_id": "",
                "egress_only_gateway_id": "",
                "gateway_id": "",
                "ipv6_cidr_block": "",
                "local_gateway_id": "",
                "nat_gateway_id": "",
                "network_interface_id": "",
                "transit_gateway_id": "",
                "vpc_endpoint_id": "",
                "vpc_peering_connection_id": "pcx-08fd95b1536c86d78"
              }
            ],
            "tags": {
              "Name": "sentinel-backend-private-1",
              "Owner": "Platform",
              "Project": "Sentinel"
            },
            "tags_all": {
              "Name": "sentinel-backend-private-1",
              "Owner": "Platform",
              "Project": "Sentinel"
            },
            "timeouts": null,
            "vpc_id": "vpc-0b249c74e19f66de7"
          },
          "sensitive_attributes": [],
          "identity_schema_version": 0,
          "identity": {
            "account_id": "928470004462",
            "id": "rtb-0b5d4d2daa3fe719a",
            "region": "eu-west-2"
          },
          "private": "eyJlMmJmYjczMC1lY2FhLTExZTYtOGY4OC0zNDM2M2JjN2M0YzAiOnsiY3JlYXRlIjozMDAwMDAwMDAwMDAsImRlbGV0ZSI6MzAwMDAwMDAwMDAwLCJ1cGRhdGUiOjEyMDAwMDAwMDAwMH19",
          "dependencies": [
            "module.vpc_backend.aws_subnet.private",
            "module.vpc_backend.aws_vpc.this",
            "module.vpc_backend.data.aws_availability_zones.this"
          ]
        }
      ]
    },
    {
      "module": "module.vpc_backend",
      "mode": "managed",
      "type": "aws_route_table",
      "name": "public",
      "provider": "provider[\"registry.terraform.io/hashicorp/aws\"]",
      "instances": [
        {
          "schema_version": 0,
          "attributes": {
            "arn": "arn:aws:ec2:eu-west-2:928470004462:route-table/rtb-05f11bb696fb1219b",
            "id": "rtb-05f11bb696fb1219b",
            "owner_id": "928470004462",
            "propagating_vgws": [],
            "region": "eu-west-2",
            "route": [
              {
                "carrier_gateway_id": "",
                "cidr_block": "0.0.0.0/0",
                "core_network_arn": "",
                "destination_prefix_list_id": "",
                "egress_only_gateway_id": "",
                "gateway_id": "igw-0806018b90189ee4b",
                "ipv6_cidr_block": "",
                "local_gateway_id": "",
                "nat_gateway_id": "",
                "network_interface_id": "",
                "transit_gateway_id": "",
                "vpc_endpoint_id": "",
                "vpc_peering_connection_id": ""
              }
            ],
            "tags": {
              "Name": "sentinel-backend-public",
              "Owner": "Platform",
              "Project": "Sentinel"
            },
            "tags_all": {
              "Name": "sentinel-backend-public",
              "Owner": "Platform",
              "Project": "Sentinel"
            },
            "timeouts": null,
            "vpc_id": "vpc-0b249c74e19f66de7"
          },
          "sensitive_attributes": [],
          "identity_schema_version": 0,
          "identity": {
            "account_id": "928470004462",
            "id": "rtb-05f11bb696fb1219b",
            "region": "eu-west-2"
          },
          "private": "eyJlMmJmYjczMC1lY2FhLTExZTYtOGY4OC0zNDM2M2JjN2M0YzAiOnsiY3JlYXRlIjozMDAwMDAwMDAwMDAsImRlbGV0ZSI6MzAwMDAwMDAwMDAwLCJ1cGRhdGUiOjEyMDAwMDAwMDAwMH19",
          "dependencies": [
            "module.vpc_backend.aws_vpc.this"
          ]
        }
      ]
    },
    {
      "module": "module.vpc_backend",
      "mode": "managed",
      "type": "aws_route_table_association",
      "name": "private",
      "provider": "provider[\"registry.terraform.io/hashicorp/aws\"]",
      "instances": [
        {
          "index_key": "0",
          "schema_version": 0,
          "attributes": {
            "gateway_id": "",
            "id": "rtbassoc-005db8b12b1af328c",
            "region": "eu-west-2",
            "route_table_id": "rtb-0722b92624caac1c0",
            "subnet_id": "subnet-008bf89885121c229",
            "timeouts": null
          },
          "sensitive_attributes": [],
          "identity_schema_version": 0,
          "private": "eyJlMmJmYjczMC1lY2FhLTExZTYtOGY4OC0zNDM2M2JjN2M0YzAiOnsiY3JlYXRlIjozMDAwMDAwMDAwMDAsImRlbGV0ZSI6MzAwMDAwMDAwMDAwLCJ1cGRhdGUiOjEyMDAwMDAwMDAwMH19",
          "dependencies": [
            "module.vpc_backend.aws_route_table.private",
            "module.vpc_backend.aws_subnet.private",
            "module.vpc_backend.aws_vpc.this",
            "module.vpc_backend.data.aws_availability_zones.this"
          ]
        },
        {
          "index_key": "1",
          "schema_version": 0,
          "attributes": {
            "gateway_id": "",
            "id": "rtbassoc-016fb99649b98a644",
            "region": "eu-west-2",
            "route_table_id": "rtb-0b5d4d2daa3fe719a",
            "subnet_id": "subnet-0c353dfce3e49fe11",
            "timeouts": null
          },
          "sensitive_attributes": [],
          "identity_schema_version": 0,
          "private": "eyJlMmJmYjczMC1lY2FhLTExZTYtOGY4OC0zNDM2M2JjN2M0YzAiOnsiY3JlYXRlIjozMDAwMDAwMDAwMDAsImRlbGV0ZSI6MzAwMDAwMDAwMDAwLCJ1cGRhdGUiOjEyMDAwMDAwMDAwMH19",
          "dependencies": [
            "module.vpc_backend.aws_route_table.private",
            "module.vpc_backend.aws_subnet.private",
            "module.vpc_backend.aws_vpc.this",
            "module.vpc_backend.data.aws_availability_zones.this"
          ]
        }
      ]
    },
    {
      "module": "module.vpc_backend",
      "mode": "managed",
      "type": "aws_route_table_association",
      "name": "public",
      "provider": "provider[\"registry.terraform.io/hashicorp/aws\"]",
      "instances": [
        {
          "index_key": "0",
          "schema_version": 0,
          "attributes": {
            "gateway_id": "",
            "id": "rtbassoc-03e4b26e1ebb10a7a",
            "region": "eu-west-2",
            "route_table_id": "rtb-05f11bb696fb1219b",
            "subnet_id": "subnet-006ed0bc448d27c2c",
            "timeouts": null
          },
          "sensitive_attributes": [],
          "identity_schema_version": 0,
          "private": "eyJlMmJmYjczMC1lY2FhLTExZTYtOGY4OC0zNDM2M2JjN2M0YzAiOnsiY3JlYXRlIjozMDAwMDAwMDAwMDAsImRlbGV0ZSI6MzAwMDAwMDAwMDAwLCJ1cGRhdGUiOjEyMDAwMDAwMDAwMH19",
          "dependencies": [
            "module.vpc_backend.aws_route_table.public",
            "module.vpc_backend.aws_subnet.public",
            "module.vpc_backend.aws_vpc.this",
            "module.vpc_backend.data.aws_availability_zones.this"
          ]
        },
        {
          "index_key": "1",
          "schema_version": 0,
          "attributes": {
            "gateway_id": "",
            "id": "rtbassoc-0dd8535ede6738e77",
            "region": "eu-west-2",
            "route_table_id": "rtb-05f11bb696fb1219b",
            "subnet_id": "subnet-0f7651ee4e3cb6c00",
            "timeouts": null
          },
          "sensitive_attributes": [],
          "identity_schema_version": 0,
          "private": "eyJlMmJmYjczMC1lY2FhLTExZTYtOGY4OC0zNDM2M2JjN2M0YzAiOnsiY3JlYXRlIjozMDAwMDAwMDAwMDAsImRlbGV0ZSI6MzAwMDAwMDAwMDAwLCJ1cGRhdGUiOjEyMDAwMDAwMDAwMH19",
          "dependencies": [
            "module.vpc_backend.aws_route_table.public",
            "module.vpc_backend.aws_subnet.public",
            "module.vpc_backend.aws_vpc.this",
            "module.vpc_backend.data.aws_availability_zones.this"
          ]
        }
      ]
    },
    {
      "module": "module.vpc_backend",
      "mode": "managed",
      "type": "aws_security_group",
      "name": "endpoints",
      "provider": "provider[\"registry.terraform.io/hashicorp/aws\"]",
      "instances": [
        {
          "schema_version": 1,
          "attributes": {
            "arn": "arn:aws:ec2:eu-west-2:928470004462:security-group/sg-00cbf766018475f77",
            "description": "Allow VPC internal traffic to interface endpoints",
            "egress": [
              {
                "cidr_blocks": [
                  "0.0.0.0/0"
                ],
                "description": "",
                "from_port": 0,
                "ipv6_cidr_blocks": [],
                "prefix_list_ids": [],
                "protocol": "-1",
                "security_groups": [],
                "self": false,
                "to_port": 0
              }
            ],
            "id": "sg-00cbf766018475f77",
            "ingress": [
              {
                "cidr_blocks": [
                  "10.20.0.0/16"
                ],
                "description": "",
                "from_port": 443,
                "ipv6_cidr_blocks": [],
                "prefix_list_ids": [],
                "protocol": "tcp",
                "security_groups": [],
                "self": false,
                "to_port": 443
              }
            ],
            "name": "sentinel-backend-vpce-sg",
            "name_prefix": "",
            "owner_id": "928470004462",
            "region": "eu-west-2",
            "revoke_rules_on_delete": false,
            "tags": {
              "Name": "sentinel-backend-vpce-sg",
              "Owner": "Platform",
              "Project": "Sentinel"
            },
            "tags_all": {
              "Name": "sentinel-backend-vpce-sg",
              "Owner": "Platform",
              "Project": "Sentinel"
            },
            "timeouts": null,
            "vpc_id": "vpc-0b249c74e19f66de7"
          },
          "sensitive_attributes": [],
          "identity_schema_version": 0,
          "identity": {
            "account_id": "928470004462",
            "id": "sg-00cbf766018475f77",
            "region": "eu-west-2"
          },
          "private": "eyJlMmJmYjczMC1lY2FhLTExZTYtOGY4OC0zNDM2M2JjN2M0YzAiOnsiY3JlYXRlIjo2MDAwMDAwMDAwMDAsImRlbGV0ZSI6OTAwMDAwMDAwMDAwfSwic2NoZW1hX3ZlcnNpb24iOiIxIn0=",
          "dependencies": [
            "module.vpc_backend.aws_vpc.this"
          ]
        }
      ]
    },
    {
      "module": "module.vpc_backend",
      "mode": "managed",
      "type": "aws_subnet",
      "name": "private",
      "provider": "provider[\"registry.terraform.io/hashicorp/aws\"]",
      "instances": [
        {
          "index_key": "0",
          "schema_version": 1,
          "attributes": {
            "arn": "arn:aws:ec2:eu-west-2:928470004462:subnet/subnet-008bf89885121c229",
            "assign_ipv6_address_on_creation": false,
            "availability_zone": "eu-west-2a",
            "availability_zone_id": "euw2-az2",
            "cidr_block": "10.20.1.0/24",
            "customer_owned_ipv4_pool": "",
            "enable_dns64": false,
            "enable_lni_at_device_index": 0,
            "enable_resource_name_dns_a_record_on_launch": false,
            "enable_resource_name_dns_aaaa_record_on_launch": false,
            "id": "subnet-008bf89885121c229",
            "ipv6_cidr_block": "",
            "ipv6_cidr_block_association_id": "",
            "ipv6_native": false,
            "map_customer_owned_ip_on_launch": false,
            "map_public_ip_on_launch": false,
            "outpost_arn": "",
            "owner_id": "928470004462",
            "private_dns_hostname_type_on_launch": "ip-name",
            "region": "eu-west-2",
            "tags": {
              "Name": "sentinel-backend-private-0",
              "Owner": "Platform",
              "Project": "Sentinel",
              "kubernetes.io/cluster/sentinel-eks-backend": "shared",
              "kubernetes.io/role/internal-elb": "1"
            },
            "tags_all": {
              "Name": "sentinel-backend-private-0",
              "Owner": "Platform",
              "Project": "Sentinel",
              "kubernetes.io/cluster/sentinel-eks-backend": "shared",
              "kubernetes.io/role/internal-elb": "1"
            },
            "timeouts": null,
            "vpc_id": "vpc-0b249c74e19f66de7"
          },
          "sensitive_attributes": [],
          "identity_schema_version": 0,
          "identity": {
            "account_id": "928470004462",
            "id": "subnet-008bf89885121c229",
            "region": "eu-west-2"
          },
          "private": "eyJlMmJmYjczMC1lY2FhLTExZTYtOGY4OC0zNDM2M2JjN2M0YzAiOnsiY3JlYXRlIjo2MDAwMDAwMDAwMDAsImRlbGV0ZSI6MTIwMDAwMDAwMDAwMH0sInNjaGVtYV92ZXJzaW9uIjoiMSJ9",
          "dependencies": [
            "module.vpc_backend.aws_vpc.this",
            "module.vpc_backend.data.aws_availability_zones.this"
          ]
        },
        {
          "index_key": "1",
          "schema_version": 1,
          "attributes": {
            "arn": "arn:aws:ec2:eu-west-2:928470004462:subnet/subnet-0c353dfce3e49fe11",
            "assign_ipv6_address_on_creation": false,
            "availability_zone": "eu-west-2b",
            "availability_zone_id": "euw2-az3",
            "cidr_block": "10.20.2.0/24",
            "customer_owned_ipv4_pool": "",
            "enable_dns64": false,
            "enable_lni_at_device_index": 0,
            "enable_resource_name_dns_a_record_on_launch": false,
            "enable_resource_name_dns_aaaa_record_on_launch": false,
            "id": "subnet-0c353dfce3e49fe11",
            "ipv6_cidr_block": "",
            "ipv6_cidr_block_association_id": "",
            "ipv6_native": false,
            "map_customer_owned_ip_on_launch": false,
            "map_public_ip_on_launch": false,
            "outpost_arn": "",
            "owner_id": "928470004462",
            "private_dns_hostname_type_on_launch": "ip-name",
            "region": "eu-west-2",
            "tags": {
              "Name": "sentinel-backend-private-1",
              "Owner": "Platform",
              "Project": "Sentinel",
              "kubernetes.io/cluster/sentinel-eks-backend": "shared",
              "kubernetes.io/role/internal-elb": "1"
            },
            "tags_all": {
              "Name": "sentinel-backend-private-1",
              "Owner": "Platform",
              "Project": "Sentinel",
              "kubernetes.io/cluster/sentinel-eks-backend": "shared",
              "kubernetes.io/role/internal-elb": "1"
            },
            "timeouts": null,
            "vpc_id": "vpc-0b249c74e19f66de7"
          },
          "sensitive_attributes": [],
          "identity_schema_version": 0,
          "identity": {
            "account_id": "928470004462",
            "id": "subnet-0c353dfce3e49fe11",
            "region": "eu-west-2"
          },
          "private": "eyJlMmJmYjczMC1lY2FhLTExZTYtOGY4OC0zNDM2M2JjN2M0YzAiOnsiY3JlYXRlIjo2MDAwMDAwMDAwMDAsImRlbGV0ZSI6MTIwMDAwMDAwMDAwMH0sInNjaGVtYV92ZXJzaW9uIjoiMSJ9",
          "dependencies": [
            "module.vpc_backend.aws_vpc.this",
            "module.vpc_backend.data.aws_availability_zones.this"
          ]
        }
      ]
    },
    {
      "module": "module.vpc_backend",
      "mode": "managed",
      "type": "aws_subnet",
      "name": "public",
      "provider": "provider[\"registry.terraform.io/hashicorp/aws\"]",
      "instances": [
        {
          "index_key": "0",
          "schema_version": 1,
          "attributes": {
            "arn": "arn:aws:ec2:eu-west-2:928470004462:subnet/subnet-006ed0bc448d27c2c",
            "assign_ipv6_address_on_creation": false,
            "availability_zone": "eu-west-2a",
            "availability_zone_id": "euw2-az2",
            "cidr_block": "10.20.101.0/24",
            "customer_owned_ipv4_pool": "",
            "enable_dns64": false,
            "enable_lni_at_device_index": 0,
            "enable_resource_name_dns_a_record_on_launch": false,
            "enable_resource_name_dns_aaaa_record_on_launch": false,
            "id": "subnet-006ed0bc448d27c2c",
            "ipv6_cidr_block": "",
            "ipv6_cidr_block_association_id": "",
            "ipv6_native": false,
            "map_customer_owned_ip_on_launch": false,
            "map_public_ip_on_launch": false,
            "outpost_arn": "",
            "owner_id": "928470004462",
            "private_dns_hostname_type_on_launch": "ip-name",
            "region": "eu-west-2",
            "tags": {
              "Name": "sentinel-backend-public-0",
              "Owner": "Platform",
              "Project": "Sentinel",
              "kubernetes.io/cluster/sentinel-eks-backend": "shared"
            },
            "tags_all": {
              "Name": "sentinel-backend-public-0",
              "Owner": "Platform",
              "Project": "Sentinel",
              "kubernetes.io/cluster/sentinel-eks-backend": "shared"
            },
            "timeouts": null,
            "vpc_id": "vpc-0b249c74e19f66de7"
          },
          "sensitive_attributes": [],
          "identity_schema_version": 0,
          "identity": {
            "account_id": "928470004462",
            "id": "subnet-006ed0bc448d27c2c",
            "region": "eu-west-2"
          },
          "private": "eyJlMmJmYjczMC1lY2FhLTExZTYtOGY4OC0zNDM2M2JjN2M0YzAiOnsiY3JlYXRlIjo2MDAwMDAwMDAwMDAsImRlbGV0ZSI6MTIwMDAwMDAwMDAwMH0sInNjaGVtYV92ZXJzaW9uIjoiMSJ9",
          "dependencies": [
            "module.vpc_backend.aws_vpc.this",
            "module.vpc_backend.data.aws_availability_zones.this"
          ]
        },
        {
          "index_key": "1",
          "schema_version": 1,
          "attributes": {
            "arn": "arn:aws:ec2:eu-west-2:928470004462:subnet/subnet-0f7651ee4e3cb6c00",
            "assign_ipv6_address_on_creation": false,
            "availability_zone": "eu-west-2b",
            "availability_zone_id": "euw2-az3",
            "cidr_block": "10.20.102.0/24",
            "customer_owned_ipv4_pool": "",
            "enable_dns64": false,
            "enable_lni_at_device_index": 0,
            "enable_resource_name_dns_a_record_on_launch": false,
            "enable_resource_name_dns_aaaa_record_on_launch": false,
            "id": "subnet-0f7651ee4e3cb6c00",
            "ipv6_cidr_block": "",
            "ipv6_cidr_block_association_id": "",
            "ipv6_native": false,
            "map_customer_owned_ip_on_launch": false,
            "map_public_ip_on_launch": false,
            "outpost_arn": "",
            "owner_id": "928470004462",
            "private_dns_hostname_type_on_launch": "ip-name",
            "region": "eu-west-2",
            "tags": {
              "Name": "sentinel-backend-public-1",
              "Owner": "Platform",
              "Project": "Sentinel",
              "kubernetes.io/cluster/sentinel-eks-backend": "shared"
            },
            "tags_all": {
              "Name": "sentinel-backend-public-1",
              "Owner": "Platform",
              "Project": "Sentinel",
              "kubernetes.io/cluster/sentinel-eks-backend": "shared"
            },
            "timeouts": null,
            "vpc_id": "vpc-0b249c74e19f66de7"
          },
          "sensitive_attributes": [],
          "identity_schema_version": 0,
          "identity": {
            "account_id": "928470004462",
            "id": "subnet-0f7651ee4e3cb6c00",
            "region": "eu-west-2"
          },
          "private": "eyJlMmJmYjczMC1lY2FhLTExZTYtOGY4OC0zNDM2M2JjN2M0YzAiOnsiY3JlYXRlIjo2MDAwMDAwMDAwMDAsImRlbGV0ZSI6MTIwMDAwMDAwMDAwMH0sInNjaGVtYV92ZXJzaW9uIjoiMSJ9",
          "dependencies": [
            "module.vpc_backend.aws_vpc.this",
            "module.vpc_backend.data.aws_availability_zones.this"
          ]
        }
      ]
    },
    {
      "module": "module.vpc_backend",
      "mode": "managed",
      "type": "aws_vpc",
      "name": "this",
      "provider": "provider[\"registry.terraform.io/hashicorp/aws\"]",
      "instances": [
        {
          "schema_version": 1,
          "attributes": {
            "arn": "arn:aws:ec2:eu-west-2:928470004462:vpc/vpc-0b249c74e19f66de7",
            "assign_generated_ipv6_cidr_block": false,
            "cidr_block": "10.20.0.0/16",
            "default_network_acl_id": "acl-08b78177467a1a3b6",
            "default_route_table_id": "rtb-06e9ec69b5f47b1e8",
            "default_security_group_id": "sg-08052e6bc5b22a6d7",
            "dhcp_options_id": "dopt-04f788a94684bdb20",
            "enable_dns_hostnames": true,
            "enable_dns_support": true,
            "enable_network_address_usage_metrics": false,
            "id": "vpc-0b249c74e19f66de7",
            "instance_tenancy": "default",
            "ipv4_ipam_pool_id": null,
            "ipv4_netmask_length": null,
            "ipv6_association_id": "",
            "ipv6_cidr_block": "",
            "ipv6_cidr_block_network_border_group": "",
            "ipv6_ipam_pool_id": "",
            "ipv6_netmask_length": 0,
            "main_route_table_id": "rtb-06e9ec69b5f47b1e8",
            "owner_id": "928470004462",
            "region": "eu-west-2",
            "tags": {
              "Name": "sentinel-backend",
              "Owner": "Platform",
              "Project": "Sentinel"
            },
            "tags_all": {
              "Name": "sentinel-backend",
              "Owner": "Platform",
              "Project": "Sentinel"
            }
          },
          "sensitive_attributes": [],
          "identity_schema_version": 0,
          "private": "eyJzY2hlbWFfdmVyc2lvbiI6IjEifQ=="
        }
      ]
    },
    {
      "module": "module.vpc_backend",
      "mode": "managed",
      "type": "aws_vpc_endpoint",
      "name": "gateway",
      "provider": "provider[\"registry.terraform.io/hashicorp/aws\"]",
      "instances": [
        {
          "index_key": "dynamodb",
          "schema_version": 0,
          "attributes": {
            "arn": "arn:aws:ec2:eu-west-2:928470004462:vpc-endpoint/vpce-07ab778291a157640",
            "auto_accept": null,
            "cidr_blocks": [
              "35.71.111.0/25",
              "52.94.15.0/24",
              "35.71.111.128/26"
            ],
            "dns_entry": [],
            "dns_options": [],
            "id": "vpce-07ab778291a157640",
            "ip_address_type": "",
            "network_interface_ids": [],
            "owner_id": "928470004462",
            "policy": "{\"Statement\":[{\"Action\":\"*\",\"Effect\":\"Allow\",\"Principal\":\"*\",\"Resource\":\"*\"}],\"Version\":\"2008-10-17\"}",
            "prefix_list_id": "pl-b3a742da",
            "private_dns_enabled": false,
            "region": "eu-west-2",
            "requester_managed": false,
            "resource_configuration_arn": "",
            "route_table_ids": [
              "rtb-0722b92624caac1c0",
              "rtb-0b5d4d2daa3fe719a"
            ],
            "security_group_ids": [],
            "service_name": "com.amazonaws.eu-west-2.dynamodb",
            "service_network_arn": "",
            "service_region": "eu-west-2",
            "state": "available",
            "subnet_configuration": [],
            "subnet_ids": [],
            "tags": {
              "Name": "sentinel-backend-vpce-dynamodb",
              "Owner": "Platform",
              "Project": "Sentinel"
            },
            "tags_all": {
              "Name": "sentinel-backend-vpce-dynamodb",
              "Owner": "Platform",
              "Project": "Sentinel"
            },
            "timeouts": null,
            "vpc_endpoint_type": "Gateway",
            "vpc_id": "vpc-0b249c74e19f66de7"
          },
          "sensitive_attributes": [],
          "identity_schema_version": 0,
          "private": "eyJlMmJmYjczMC1lY2FhLTExZTYtOGY4OC0zNDM2M2JjN2M0YzAiOnsiY3JlYXRlIjo2MDAwMDAwMDAwMDAsImRlbGV0ZSI6NjAwMDAwMDAwMDAwLCJ1cGRhdGUiOjYwMDAwMDAwMDAwMH19",
          "dependencies": [
            "module.vpc_backend.aws_route_table.private",
            "module.vpc_backend.aws_subnet.private",
            "module.vpc_backend.aws_vpc.this",
            "module.vpc_backend.data.aws_availability_zones.this",
            "module.vpc_backend.data.aws_region.current"
          ]
        },
        {
          "index_key": "s3",
          "schema_version": 0,
          "attributes": {
            "arn": "arn:aws:ec2:eu-west-2:928470004462:vpc-endpoint/vpce-03f8bd15905d82c69",
            "auto_accept": null,
            "cidr_blocks": [
              "52.95.150.0/24",
              "52.95.191.0/24",
              "52.95.142.0/23",
              "16.12.16.0/23",
              "3.5.244.0/22",
              "52.219.219.0/24",
              "52.95.144.0/24",
              "52.95.148.0/23",
              "16.12.15.0/24"
            ],
            "dns_entry": [],
            "dns_options": [],
            "id": "vpce-03f8bd15905d82c69",
            "ip_address_type": "",
            "network_interface_ids": [],
            "owner_id": "928470004462",
            "policy": "{\"Statement\":[{\"Action\":\"*\",\"Effect\":\"Allow\",\"Principal\":\"*\",\"Resource\":\"*\"}],\"Version\":\"2008-10-17\"}",
            "prefix_list_id": "pl-7ca54015",
            "private_dns_enabled": false,
            "region": "eu-west-2",
            "requester_managed": false,
            "resource_configuration_arn": "",
            "route_table_ids": [
              "rtb-0722b92624caac1c0",
              "rtb-0b5d4d2daa3fe719a"
            ],
            "security_group_ids": [],
            "service_name": "com.amazonaws.eu-west-2.s3",
            "service_network_arn": "",
            "service_region": "eu-west-2",
            "state": "available",
            "subnet_configuration": [],
            "subnet_ids": [],
            "tags": {
              "Name": "sentinel-backend-vpce-s3",
              "Owner": "Platform",
              "Project": "Sentinel"
            },
            "tags_all": {
              "Name": "sentinel-backend-vpce-s3",
              "Owner": "Platform",
              "Project": "Sentinel"
            },
            "timeouts": null,
            "vpc_endpoint_type": "Gateway",
            "vpc_id": "vpc-0b249c74e19f66de7"
          },
          "sensitive_attributes": [],
          "identity_schema_version": 0,
          "private": "eyJlMmJmYjczMC1lY2FhLTExZTYtOGY4OC0zNDM2M2JjN2M0YzAiOnsiY3JlYXRlIjo2MDAwMDAwMDAwMDAsImRlbGV0ZSI6NjAwMDAwMDAwMDAwLCJ1cGRhdGUiOjYwMDAwMDAwMDAwMH19",
          "dependencies": [
            "module.vpc_backend.aws_route_table.private",
            "module.vpc_backend.aws_subnet.private",
            "module.vpc_backend.aws_vpc.this",
            "module.vpc_backend.data.aws_availability_zones.this",
            "module.vpc_backend.data.aws_region.current"
          ]
        }
      ]
    },
    {
      "module": "module.vpc_backend",
      "mode": "managed",
      "type": "aws_vpc_endpoint",
      "name": "interface",
      "provider": "provider[\"registry.terraform.io/hashicorp/aws\"]",
      "instances": [
        {
          "index_key": "com.amazonaws.eu-west-2.ec2",
          "schema_version": 0,
          "attributes": {
            "arn": "arn:aws:ec2:eu-west-2:928470004462:vpc-endpoint/vpce-0dfaf3398f254199c",
            "auto_accept": null,
            "cidr_blocks": [],
            "dns_entry": [
              {
                "dns_name": "vpce-0dfaf3398f254199c-kwdszexp.ec2.eu-west-2.vpce.amazonaws.com",
                "hosted_zone_id": "Z7K1066E3PUKB"
              },
              {
                "dns_name": "vpce-0dfaf3398f254199c-kwdszexp-eu-west-2b.ec2.eu-west-2.vpce.amazonaws.com",
                "hosted_zone_id": "Z7K1066E3PUKB"
              },
              {
                "dns_name": "vpce-0dfaf3398f254199c-kwdszexp-eu-west-2a.ec2.eu-west-2.vpce.amazonaws.com",
                "hosted_zone_id": "Z7K1066E3PUKB"
              },
              {
                "dns_name": "ec2.eu-west-2.amazonaws.com",
                "hosted_zone_id": "Z0511754MQ1SILYYXWEC"
              },
              {
                "dns_name": "ec2.eu-west-2.api.aws",
                "hosted_zone_id": "Z03885871TTC0058DRYKV"
              }
            ],
            "dns_options": [
              {
                "dns_record_ip_type": "ipv4",
                "private_dns_only_for_inbound_resolver_endpoint": false
              }
            ],
            "id": "vpce-0dfaf3398f254199c",
            "ip_address_type": "ipv4",
            "network_interface_ids": [
              "eni-0cd2e308b6af8aa71",
              "eni-0f02fea6e37f37e82"
            ],
            "owner_id": "928470004462",
            "policy": "{\"Statement\":[{\"Action\":\"*\",\"Effect\":\"Allow\",\"Principal\":\"*\",\"Resource\":\"*\"}]}",
            "prefix_list_id": null,
            "private_dns_enabled": true,
            "region": "eu-west-2",
            "requester_managed": false,
            "resource_configuration_arn": "",
            "route_table_ids": [],
            "security_group_ids": [
              "sg-00cbf766018475f77"
            ],
            "service_name": "com.amazonaws.eu-west-2.ec2",
            "service_network_arn": "",
            "service_region": "eu-west-2",
            "state": "available",
            "subnet_configuration": [
              {
                "ipv4": "10.20.1.190",
                "ipv6": "",
                "subnet_id": "subnet-008bf89885121c229"
              },
              {
                "ipv4": "10.20.2.166",
                "ipv6": "",
                "subnet_id": "subnet-0c353dfce3e49fe11"
              }
            ],
            "subnet_ids": [
              "subnet-008bf89885121c229",
              "subnet-0c353dfce3e49fe11"
            ],
            "tags": {
              "Name": "sentinel-backend-vpce-ec2",
              "Owner": "Platform",
              "Project": "Sentinel"
            },
            "tags_all": {
              "Name": "sentinel-backend-vpce-ec2",
              "Owner": "Platform",
              "Project": "Sentinel"
            },
            "timeouts": null,
            "vpc_endpoint_type": "Interface",
            "vpc_id": "vpc-0b249c74e19f66de7"
          },
          "sensitive_attributes": [],
          "identity_schema_version": 0,
          "private": "eyJlMmJmYjczMC1lY2FhLTExZTYtOGY4OC0zNDM2M2JjN2M0YzAiOnsiY3JlYXRlIjo2MDAwMDAwMDAwMDAsImRlbGV0ZSI6NjAwMDAwMDAwMDAwLCJ1cGRhdGUiOjYwMDAwMDAwMDAwMH19",
          "dependencies": [
            "module.vpc_backend.aws_security_group.endpoints",
            "module.vpc_backend.aws_subnet.private",
            "module.vpc_backend.aws_vpc.this",
            "module.vpc_backend.data.aws_availability_zones.this",
            "module.vpc_backend.data.aws_region.current"
          ]
        },
        {
          "index_key": "com.amazonaws.eu-west-2.ec2messages",
          "schema_version": 0,
          "attributes": {
            "arn": "arn:aws:ec2:eu-west-2:928470004462:vpc-endpoint/vpce-0e5b38fb7118f5743",
            "auto_accept": null,
            "cidr_blocks": [],
            "dns_entry": [
              {
                "dns_name": "vpce-0e5b38fb7118f5743-7mqijz8o.ec2messages.eu-west-2.vpce.amazonaws.com",
                "hosted_zone_id": "Z7K1066E3PUKB"
              },
              {
                "dns_name": "vpce-0e5b38fb7118f5743-7mqijz8o-eu-west-2b.ec2messages.eu-west-2.vpce.amazonaws.com",
                "hosted_zone_id": "Z7K1066E3PUKB"
              },
              {
                "dns_name": "vpce-0e5b38fb7118f5743-7mqijz8o-eu-west-2a.ec2messages.eu-west-2.vpce.amazonaws.com",
                "hosted_zone_id": "Z7K1066E3PUKB"
              },
              {
                "dns_name": "ec2messages.eu-west-2.amazonaws.com",
                "hosted_zone_id": "Z01425883FWTXJRGMZ8EC"
              }
            ],
            "dns_options": [
              {
                "dns_record_ip_type": "ipv4",
                "private_dns_only_for_inbound_resolver_endpoint": false
              }
            ],
            "id": "vpce-0e5b38fb7118f5743",
            "ip_address_type": "ipv4",
            "network_interface_ids": [
              "eni-002563891027ab604",
              "eni-06a20ff2bfb1e6121"
            ],
            "owner_id": "928470004462",
            "policy": "{\"Statement\":[{\"Action\":\"*\",\"Effect\":\"Allow\",\"Principal\":\"*\",\"Resource\":\"*\"}]}",
            "prefix_list_id": null,
            "private_dns_enabled": true,
            "region": "eu-west-2",
            "requester_managed": false,
            "resource_configuration_arn": "",
            "route_table_ids": [],
            "security_group_ids": [
              "sg-00cbf766018475f77"
            ],
            "service_name": "com.amazonaws.eu-west-2.ec2messages",
            "service_network_arn": "",
            "service_region": "eu-west-2",
            "state": "available",
            "subnet_configuration": [
              {
                "ipv4": "10.20.1.92",
                "ipv6": "",
                "subnet_id": "subnet-008bf89885121c229"
              },
              {
                "ipv4": "10.20.2.232",
                "ipv6": "",
                "subnet_id": "subnet-0c353dfce3e49fe11"
              }
            ],
            "subnet_ids": [
              "subnet-008bf89885121c229",
              "subnet-0c353dfce3e49fe11"
            ],
            "tags": {
              "Name": "sentinel-backend-vpce-ec2messages",
              "Owner": "Platform",
              "Project": "Sentinel"
            },
            "tags_all": {
              "Name": "sentinel-backend-vpce-ec2messages",
              "Owner": "Platform",
              "Project": "Sentinel"
            },
            "timeouts": null,
            "vpc_endpoint_type": "Interface",
            "vpc_id": "vpc-0b249c74e19f66de7"
          },
          "sensitive_attributes": [],
          "identity_schema_version": 0,
          "private": "eyJlMmJmYjczMC1lY2FhLTExZTYtOGY4OC0zNDM2M2JjN2M0YzAiOnsiY3JlYXRlIjo2MDAwMDAwMDAwMDAsImRlbGV0ZSI6NjAwMDAwMDAwMDAwLCJ1cGRhdGUiOjYwMDAwMDAwMDAwMH19",
          "dependencies": [
            "module.vpc_backend.aws_security_group.endpoints",
            "module.vpc_backend.aws_subnet.private",
            "module.vpc_backend.aws_vpc.this",
            "module.vpc_backend.data.aws_availability_zones.this",
            "module.vpc_backend.data.aws_region.current"
          ]
        },
        {
          "index_key": "com.amazonaws.eu-west-2.ecr.api",
          "schema_version": 0,
          "attributes": {
            "arn": "arn:aws:ec2:eu-west-2:928470004462:vpc-endpoint/vpce-0e54742ce3ba1f526",
            "auto_accept": null,
            "cidr_blocks": [],
            "dns_entry": [
              {
                "dns_name": "vpce-0e54742ce3ba1f526-zer4u4xg.api.ecr.eu-west-2.vpce.amazonaws.com",
                "hosted_zone_id": "Z7K1066E3PUKB"
              },
              {
                "dns_name": "vpce-0e54742ce3ba1f526-zer4u4xg-eu-west-2a.api.ecr.eu-west-2.vpce.amazonaws.com",
                "hosted_zone_id": "Z7K1066E3PUKB"
              },
              {
                "dns_name": "vpce-0e54742ce3ba1f526-zer4u4xg-eu-west-2b.api.ecr.eu-west-2.vpce.amazonaws.com",
                "hosted_zone_id": "Z7K1066E3PUKB"
              },
              {
                "dns_name": "api.ecr.eu-west-2.amazonaws.com",
                "hosted_zone_id": "Z10318901FI3HI8RUNSDF"
              },
              {
                "dns_name": "ecr.eu-west-2.api.aws",
                "hosted_zone_id": "Z0142355GU6F47VTTG7L"
              }
            ],
            "dns_options": [
              {
                "dns_record_ip_type": "ipv4",
                "private_dns_only_for_inbound_resolver_endpoint": false
              }
            ],
            "id": "vpce-0e54742ce3ba1f526",
            "ip_address_type": "ipv4",
            "network_interface_ids": [
              "eni-056693c266e8e2363",
              "eni-0b2dbd70e15adb5d6"
            ],
            "owner_id": "928470004462",
            "policy": "{\"Statement\":[{\"Action\":\"*\",\"Effect\":\"Allow\",\"Principal\":\"*\",\"Resource\":\"*\"}]}",
            "prefix_list_id": null,
            "private_dns_enabled": true,
            "region": "eu-west-2",
            "requester_managed": false,
            "resource_configuration_arn": "",
            "route_table_ids": [],
            "security_group_ids": [
              "sg-00cbf766018475f77"
            ],
            "service_name": "com.amazonaws.eu-west-2.ecr.api",
            "service_network_arn": "",
            "service_region": "eu-west-2",
            "state": "available",
            "subnet_configuration": [
              {
                "ipv4": "10.20.1.150",
                "ipv6": "",
                "subnet_id": "subnet-008bf89885121c229"
              },
              {
                "ipv4": "10.20.2.240",
                "ipv6": "",
                "subnet_id": "subnet-0c353dfce3e49fe11"
              }
            ],
            "subnet_ids": [
              "subnet-008bf89885121c229",
              "subnet-0c353dfce3e49fe11"
            ],
            "tags": {
              "Name": "sentinel-backend-vpce-ecr.api",
              "Owner": "Platform",
              "Project": "Sentinel"
            },
            "tags_all": {
              "Name": "sentinel-backend-vpce-ecr.api",
              "Owner": "Platform",
              "Project": "Sentinel"
            },
            "timeouts": null,
            "vpc_endpoint_type": "Interface",
            "vpc_id": "vpc-0b249c74e19f66de7"
          },
          "sensitive_attributes": [],
          "identity_schema_version": 0,
          "private": "eyJlMmJmYjczMC1lY2FhLTExZTYtOGY4OC0zNDM2M2JjN2M0YzAiOnsiY3JlYXRlIjo2MDAwMDAwMDAwMDAsImRlbGV0ZSI6NjAwMDAwMDAwMDAwLCJ1cGRhdGUiOjYwMDAwMDAwMDAwMH19",
          "dependencies": [
            "module.vpc_backend.aws_security_group.endpoints",
            "module.vpc_backend.aws_subnet.private",
            "module.vpc_backend.aws_vpc.this",
            "module.vpc_backend.data.aws_availability_zones.this",
            "module.vpc_backend.data.aws_region.current"
          ]
        },
        {
          "index_key": "com.amazonaws.eu-west-2.ecr.dkr",
          "schema_version": 0,
          "attributes": {
            "arn": "arn:aws:ec2:eu-west-2:928470004462:vpc-endpoint/vpce-01506386d69bf9f5b",
            "auto_accept": null,
            "cidr_blocks": [],
            "dns_entry": [
              {
                "dns_name": "vpce-01506386d69bf9f5b-ee7lileo.dkr.ecr.eu-west-2.vpce.amazonaws.com",
                "hosted_zone_id": "Z7K1066E3PUKB"
              },
              {
                "dns_name": "vpce-01506386d69bf9f5b-ee7lileo-eu-west-2b.dkr.ecr.eu-west-2.vpce.amazonaws.com",
                "hosted_zone_id": "Z7K1066E3PUKB"
              },
              {
                "dns_name": "vpce-01506386d69bf9f5b-ee7lileo-eu-west-2a.dkr.ecr.eu-west-2.vpce.amazonaws.com",
                "hosted_zone_id": "Z7K1066E3PUKB"
              },
              {
                "dns_name": "dkr.ecr.eu-west-2.amazonaws.com",
                "hosted_zone_id": "Z03666962HQXDUJY93PQF"
              },
              {
                "dns_name": "*.dkr.ecr.eu-west-2.amazonaws.com",
                "hosted_zone_id": "Z03666962HQXDUJY93PQF"
              },
              {
                "dns_name": "dkr-ecr.eu-west-2.on.aws",
                "hosted_zone_id": "Z03650588IHPY3L3T1AQ"
              },
              {
                "dns_name": "*.dkr-ecr.eu-west-2.on.aws",
                "hosted_zone_id": "Z03650588IHPY3L3T1AQ"
              }
            ],
            "dns_options": [
              {
                "dns_record_ip_type": "ipv4",
                "private_dns_only_for_inbound_resolver_endpoint": false
              }
            ],
            "id": "vpce-01506386d69bf9f5b",
            "ip_address_type": "ipv4",
            "network_interface_ids": [
              "eni-0290c0cd166f5f85d",
              "eni-06985a7607639f449"
            ],
            "owner_id": "928470004462",
            "policy": "{\"Statement\":[{\"Action\":\"*\",\"Effect\":\"Allow\",\"Principal\":\"*\",\"Resource\":\"*\"}]}",
            "prefix_list_id": null,
            "private_dns_enabled": true,
            "region": "eu-west-2",
            "requester_managed": false,
            "resource_configuration_arn": "",
            "route_table_ids": [],
            "security_group_ids": [
              "sg-00cbf766018475f77"
            ],
            "service_name": "com.amazonaws.eu-west-2.ecr.dkr",
            "service_network_arn": "",
            "service_region": "eu-west-2",
            "state": "available",
            "subnet_configuration": [
              {
                "ipv4": "10.20.1.120",
                "ipv6": "",
                "subnet_id": "subnet-008bf89885121c229"
              },
              {
                "ipv4": "10.20.2.79",
                "ipv6": "",
                "subnet_id": "subnet-0c353dfce3e49fe11"
              }
            ],
            "subnet_ids": [
              "subnet-008bf89885121c229",
              "subnet-0c353dfce3e49fe11"
            ],
            "tags": {
              "Name": "sentinel-backend-vpce-ecr.dkr",
              "Owner": "Platform",
              "Project": "Sentinel"
            },
            "tags_all": {
              "Name": "sentinel-backend-vpce-ecr.dkr",
              "Owner": "Platform",
              "Project": "Sentinel"
            },
            "timeouts": null,
            "vpc_endpoint_type": "Interface",
            "vpc_id": "vpc-0b249c74e19f66de7"
          },
          "sensitive_attributes": [],
          "identity_schema_version": 0,
          "private": "eyJlMmJmYjczMC1lY2FhLTExZTYtOGY4OC0zNDM2M2JjN2M0YzAiOnsiY3JlYXRlIjo2MDAwMDAwMDAwMDAsImRlbGV0ZSI6NjAwMDAwMDAwMDAwLCJ1cGRhdGUiOjYwMDAwMDAwMDAwMH19",
          "dependencies": [
            "module.vpc_backend.aws_security_group.endpoints",
            "module.vpc_backend.aws_subnet.private",
            "module.vpc_backend.aws_vpc.this",
            "module.vpc_backend.data.aws_availability_zones.this",
            "module.vpc_backend.data.aws_region.current"
          ]
        },
        {
          "index_key": "com.amazonaws.eu-west-2.kms",
          "schema_version": 0,
          "attributes": {
            "arn": "arn:aws:ec2:eu-west-2:928470004462:vpc-endpoint/vpce-05c8c5d6e4635ac40",
            "auto_accept": null,
            "cidr_blocks": [],
            "dns_entry": [
              {
                "dns_name": "vpce-05c8c5d6e4635ac40-cgzq90oy.kms.eu-west-2.vpce.amazonaws.com",
                "hosted_zone_id": "Z7K1066E3PUKB"
              },
              {
                "dns_name": "vpce-05c8c5d6e4635ac40-cgzq90oy-eu-west-2a.kms.eu-west-2.vpce.amazonaws.com",
                "hosted_zone_id": "Z7K1066E3PUKB"
              },
              {
                "dns_name": "vpce-05c8c5d6e4635ac40-cgzq90oy-eu-west-2b.kms.eu-west-2.vpce.amazonaws.com",
                "hosted_zone_id": "Z7K1066E3PUKB"
              },
              {
                "dns_name": "kms.eu-west-2.amazonaws.com",
                "hosted_zone_id": "Z03656709ZY9PL0I2E0N"
              },
              {
                "dns_name": "kms.eu-west-2.api.aws",
                "hosted_zone_id": "Z10317492M791RJYLGUOV"
              }
            ],
            "dns_options": [
              {
                "dns_record_ip_type": "ipv4",
                "private_dns_only_for_inbound_resolver_endpoint": false
              }
            ],
            "id": "vpce-05c8c5d6e4635ac40",
            "ip_address_type": "ipv4",
            "network_interface_ids": [
              "eni-07b8d8465080e7540",
              "eni-0b5e9b7dd2b2b32e4"
            ],
            "owner_id": "928470004462",
            "policy": "{\"Statement\":[{\"Action\":\"*\",\"Effect\":\"Allow\",\"Principal\":\"*\",\"Resource\":\"*\"}]}",
            "prefix_list_id": null,
            "private_dns_enabled": true,
            "region": "eu-west-2",
            "requester_managed": false,
            "resource_configuration_arn": "",
            "route_table_ids": [],
            "security_group_ids": [
              "sg-00cbf766018475f77"
            ],
            "service_name": "com.amazonaws.eu-west-2.kms",
            "service_network_arn": "",
            "service_region": "eu-west-2",
            "state": "available",
            "subnet_configuration": [
              {
                "ipv4": "10.20.1.191",
                "ipv6": "",
                "subnet_id": "subnet-008bf89885121c229"
              },
              {
                "ipv4": "10.20.2.37",
                "ipv6": "",
                "subnet_id": "subnet-0c353dfce3e49fe11"
              }
            ],
            "subnet_ids": [
              "subnet-008bf89885121c229",
              "subnet-0c353dfce3e49fe11"
            ],
            "tags": {
              "Name": "sentinel-backend-vpce-kms",
              "Owner": "Platform",
              "Project": "Sentinel"
            },
            "tags_all": {
              "Name": "sentinel-backend-vpce-kms",
              "Owner": "Platform",
              "Project": "Sentinel"
            },
            "timeouts": null,
            "vpc_endpoint_type": "Interface",
            "vpc_id": "vpc-0b249c74e19f66de7"
          },
          "sensitive_attributes": [],
          "identity_schema_version": 0,
          "private": "eyJlMmJmYjczMC1lY2FhLTExZTYtOGY4OC0zNDM2M2JjN2M0YzAiOnsiY3JlYXRlIjo2MDAwMDAwMDAwMDAsImRlbGV0ZSI6NjAwMDAwMDAwMDAwLCJ1cGRhdGUiOjYwMDAwMDAwMDAwMH19",
          "dependencies": [
            "module.vpc_backend.aws_security_group.endpoints",
            "module.vpc_backend.aws_subnet.private",
            "module.vpc_backend.aws_vpc.this",
            "module.vpc_backend.data.aws_availability_zones.this",
            "module.vpc_backend.data.aws_region.current"
          ]
        },
        {
          "index_key": "com.amazonaws.eu-west-2.logs",
          "schema_version": 0,
          "attributes": {
            "arn": "arn:aws:ec2:eu-west-2:928470004462:vpc-endpoint/vpce-091b00f8111c455e0",
            "auto_accept": null,
            "cidr_blocks": [],
            "dns_entry": [
              {
                "dns_name": "vpce-091b00f8111c455e0-at7zelmo.logs.eu-west-2.vpce.amazonaws.com",
                "hosted_zone_id": "Z7K1066E3PUKB"
              },
              {
                "dns_name": "vpce-091b00f8111c455e0-at7zelmo-eu-west-2a.logs.eu-west-2.vpce.amazonaws.com",
                "hosted_zone_id": "Z7K1066E3PUKB"
              },
              {
                "dns_name": "vpce-091b00f8111c455e0-at7zelmo-eu-west-2b.logs.eu-west-2.vpce.amazonaws.com",
                "hosted_zone_id": "Z7K1066E3PUKB"
              },
              {
                "dns_name": "logs.eu-west-2.amazonaws.com",
                "hosted_zone_id": "Z05116602HLQYRM7YRVN"
              },
              {
                "dns_name": "logs.eu-west-2.api.aws",
                "hosted_zone_id": "Z01410691GJOIIBZIWN6H"
              },
              {
                "dns_name": "streaming-logs.eu-west-2.api.aws",
                "hosted_zone_id": "Z10253453ABHFRNAKQVJJ"
              },
              {
                "dns_name": "streaming-logs.eu-west-2.amazonaws.com",
                "hosted_zone_id": "Z03876842TUJ5T41J8LK8"
              }
            ],
            "dns_options": [
              {
                "dns_record_ip_type": "ipv4",
                "private_dns_only_for_inbound_resolver_endpoint": false
              }
            ],
            "id": "vpce-091b00f8111c455e0",
            "ip_address_type": "ipv4",
            "network_interface_ids": [
              "eni-0c8c9e32fa8260c33",
              "eni-0f04742383518146d"
            ],
            "owner_id": "928470004462",
            "policy": "{\"Statement\":[{\"Action\":\"*\",\"Effect\":\"Allow\",\"Principal\":\"*\",\"Resource\":\"*\"}]}",
            "prefix_list_id": null,
            "private_dns_enabled": true,
            "region": "eu-west-2",
            "requester_managed": false,
            "resource_configuration_arn": "",
            "route_table_ids": [],
            "security_group_ids": [
              "sg-00cbf766018475f77"
            ],
            "service_name": "com.amazonaws.eu-west-2.logs",
            "service_network_arn": "",
            "service_region": "eu-west-2",
            "state": "available",
            "subnet_configuration": [
              {
                "ipv4": "10.20.1.76",
                "ipv6": "",
                "subnet_id": "subnet-008bf89885121c229"
              },
              {
                "ipv4": "10.20.2.138",
                "ipv6": "",
                "subnet_id": "subnet-0c353dfce3e49fe11"
              }
            ],
            "subnet_ids": [
              "subnet-008bf89885121c229",
              "subnet-0c353dfce3e49fe11"
            ],
            "tags": {
              "Name": "sentinel-backend-vpce-logs",
              "Owner": "Platform",
              "Project": "Sentinel"
            },
            "tags_all": {
              "Name": "sentinel-backend-vpce-logs",
              "Owner": "Platform",
              "Project": "Sentinel"
            },
            "timeouts": null,
            "vpc_endpoint_type": "Interface",
            "vpc_id": "vpc-0b249c74e19f66de7"
          },
          "sensitive_attributes": [],
          "identity_schema_version": 0,
          "private": "eyJlMmJmYjczMC1lY2FhLTExZTYtOGY4OC0zNDM2M2JjN2M0YzAiOnsiY3JlYXRlIjo2MDAwMDAwMDAwMDAsImRlbGV0ZSI6NjAwMDAwMDAwMDAwLCJ1cGRhdGUiOjYwMDAwMDAwMDAwMH19",
          "dependencies": [
            "module.vpc_backend.aws_security_group.endpoints",
            "module.vpc_backend.aws_subnet.private",
            "module.vpc_backend.aws_vpc.this",
            "module.vpc_backend.data.aws_availability_zones.this",
            "module.vpc_backend.data.aws_region.current"
          ]
        },
        {
          "index_key": "com.amazonaws.eu-west-2.secretsmanager",
          "schema_version": 0,
          "attributes": {
            "arn": "arn:aws:ec2:eu-west-2:928470004462:vpc-endpoint/vpce-0ed46290f2fd9337a",
            "auto_accept": null,
            "cidr_blocks": [],
            "dns_entry": [
              {
                "dns_name": "vpce-0ed46290f2fd9337a-p8zoldfs.secretsmanager.eu-west-2.vpce.amazonaws.com",
                "hosted_zone_id": "Z7K1066E3PUKB"
              },
              {
                "dns_name": "vpce-0ed46290f2fd9337a-p8zoldfs-eu-west-2b.secretsmanager.eu-west-2.vpce.amazonaws.com",
                "hosted_zone_id": "Z7K1066E3PUKB"
              },
              {
                "dns_name": "vpce-0ed46290f2fd9337a-p8zoldfs-eu-west-2a.secretsmanager.eu-west-2.vpce.amazonaws.com",
                "hosted_zone_id": "Z7K1066E3PUKB"
              },
              {
                "dns_name": "secretsmanager.eu-west-2.amazonaws.com",
                "hosted_zone_id": "Z038858624D62VRDDSHJD"
              }
            ],
            "dns_options": [
              {
                "dns_record_ip_type": "ipv4",
                "private_dns_only_for_inbound_resolver_endpoint": false
              }
            ],
            "id": "vpce-0ed46290f2fd9337a",
            "ip_address_type": "ipv4",
            "network_interface_ids": [
              "eni-004615a8853437623",
              "eni-0440fd2c3f03a28bf"
            ],
            "owner_id": "928470004462",
            "policy": "{\"Statement\":[{\"Action\":\"*\",\"Effect\":\"Allow\",\"Principal\":\"*\",\"Resource\":\"*\"}]}",
            "prefix_list_id": null,
            "private_dns_enabled": true,
            "region": "eu-west-2",
            "requester_managed": false,
            "resource_configuration_arn": "",
            "route_table_ids": [],
            "security_group_ids": [
              "sg-00cbf766018475f77"
            ],
            "service_name": "com.amazonaws.eu-west-2.secretsmanager",
            "service_network_arn": "",
            "service_region": "eu-west-2",
            "state": "available",
            "subnet_configuration": [
              {
                "ipv4": "10.20.1.147",
                "ipv6": "",
                "subnet_id": "subnet-008bf89885121c229"
              },
              {
                "ipv4": "10.20.2.160",
                "ipv6": "",
                "subnet_id": "subnet-0c353dfce3e49fe11"
              }
            ],
            "subnet_ids": [
              "subnet-008bf89885121c229",
              "subnet-0c353dfce3e49fe11"
            ],
            "tags": {
              "Name": "sentinel-backend-vpce-secretsmanager",
              "Owner": "Platform",
              "Project": "Sentinel"
            },
            "tags_all": {
              "Name": "sentinel-backend-vpce-secretsmanager",
              "Owner": "Platform",
              "Project": "Sentinel"
            },
            "timeouts": null,
            "vpc_endpoint_type": "Interface",
            "vpc_id": "vpc-0b249c74e19f66de7"
          },
          "sensitive_attributes": [],
          "identity_schema_version": 0,
          "private": "eyJlMmJmYjczMC1lY2FhLTExZTYtOGY4OC0zNDM2M2JjN2M0YzAiOnsiY3JlYXRlIjo2MDAwMDAwMDAwMDAsImRlbGV0ZSI6NjAwMDAwMDAwMDAwLCJ1cGRhdGUiOjYwMDAwMDAwMDAwMH19",
          "dependencies": [
            "module.vpc_backend.aws_security_group.endpoints",
            "module.vpc_backend.aws_subnet.private",
            "module.vpc_backend.aws_vpc.this",
            "module.vpc_backend.data.aws_availability_zones.this",
            "module.vpc_backend.data.aws_region.current"
          ]
        },
        {
          "index_key": "com.amazonaws.eu-west-2.ssm",
          "schema_version": 0,
          "attributes": {
            "arn": "arn:aws:ec2:eu-west-2:928470004462:vpc-endpoint/vpce-0bba24887776546bf",
            "auto_accept": null,
            "cidr_blocks": [],
            "dns_entry": [
              {
                "dns_name": "vpce-0bba24887776546bf-nf575p9u.ssm.eu-west-2.vpce.amazonaws.com",
                "hosted_zone_id": "Z7K1066E3PUKB"
              },
              {
                "dns_name": "vpce-0bba24887776546bf-nf575p9u-eu-west-2a.ssm.eu-west-2.vpce.amazonaws.com",
                "hosted_zone_id": "Z7K1066E3PUKB"
              },
              {
                "dns_name": "vpce-0bba24887776546bf-nf575p9u-eu-west-2b.ssm.eu-west-2.vpce.amazonaws.com",
                "hosted_zone_id": "Z7K1066E3PUKB"
              },
              {
                "dns_name": "ssm.eu-west-2.amazonaws.com",
                "hosted_zone_id": "Z10317443MGBNCABQMJS8"
              },
              {
                "dns_name": "ssm.eu-west-2.api.aws",
                "hosted_zone_id": "Z05212612K8D8AA4045US"
              }
            ],
            "dns_options": [
              {
                "dns_record_ip_type": "ipv4",
                "private_dns_only_for_inbound_resolver_endpoint": false
              }
            ],
            "id": "vpce-0bba24887776546bf",
            "ip_address_type": "ipv4",
            "network_interface_ids": [
              "eni-01f28278236fc0d68",
              "eni-06e7efcb8af1091af"
            ],
            "owner_id": "928470004462",
            "policy": "{\"Statement\":[{\"Action\":\"*\",\"Effect\":\"Allow\",\"Principal\":\"*\",\"Resource\":\"*\"}]}",
            "prefix_list_id": null,
            "private_dns_enabled": true,
            "region": "eu-west-2",
            "requester_managed": false,
            "resource_configuration_arn": "",
            "route_table_ids": [],
            "security_group_ids": [
              "sg-00cbf766018475f77"
            ],
            "service_name": "com.amazonaws.eu-west-2.ssm",
            "service_network_arn": "",
            "service_region": "eu-west-2",
            "state": "available",
            "subnet_configuration": [
              {
                "ipv4": "10.20.1.14",
                "ipv6": "",
                "subnet_id": "subnet-008bf89885121c229"
              },
              {
                "ipv4": "10.20.2.20",
                "ipv6": "",
                "subnet_id": "subnet-0c353dfce3e49fe11"
              }
            ],
            "subnet_ids": [
              "subnet-008bf89885121c229",
              "subnet-0c353dfce3e49fe11"
            ],
            "tags": {
              "Name": "sentinel-backend-vpce-ssm",
              "Owner": "Platform",
              "Project": "Sentinel"
            },
            "tags_all": {
              "Name": "sentinel-backend-vpce-ssm",
              "Owner": "Platform",
              "Project": "Sentinel"
            },
            "timeouts": null,
            "vpc_endpoint_type": "Interface",
            "vpc_id": "vpc-0b249c74e19f66de7"
          },
          "sensitive_attributes": [],
          "identity_schema_version": 0,
          "private": "eyJlMmJmYjczMC1lY2FhLTExZTYtOGY4OC0zNDM2M2JjN2M0YzAiOnsiY3JlYXRlIjo2MDAwMDAwMDAwMDAsImRlbGV0ZSI6NjAwMDAwMDAwMDAwLCJ1cGRhdGUiOjYwMDAwMDAwMDAwMH19",
          "dependencies": [
            "module.vpc_backend.aws_security_group.endpoints",
            "module.vpc_backend.aws_subnet.private",
            "module.vpc_backend.aws_vpc.this",
            "module.vpc_backend.data.aws_availability_zones.this",
            "module.vpc_backend.data.aws_region.current"
          ]
        },
        {
          "index_key": "com.amazonaws.eu-west-2.ssmmessages",
          "schema_version": 0,
          "attributes": {
            "arn": "arn:aws:ec2:eu-west-2:928470004462:vpc-endpoint/vpce-0d11435f0f557bb7a",
            "auto_accept": null,
            "cidr_blocks": [],
            "dns_entry": [
              {
                "dns_name": "vpce-0d11435f0f557bb7a-xm3jyzbj.ssmmessages.eu-west-2.vpce.amazonaws.com",
                "hosted_zone_id": "Z7K1066E3PUKB"
              },
              {
                "dns_name": "vpce-0d11435f0f557bb7a-xm3jyzbj-eu-west-2a.ssmmessages.eu-west-2.vpce.amazonaws.com",
                "hosted_zone_id": "Z7K1066E3PUKB"
              },
              {
                "dns_name": "vpce-0d11435f0f557bb7a-xm3jyzbj-eu-west-2b.ssmmessages.eu-west-2.vpce.amazonaws.com",
                "hosted_zone_id": "Z7K1066E3PUKB"
              },
              {
                "dns_name": "ssmmessages.eu-west-2.amazonaws.com",
                "hosted_zone_id": "Z102998827PKIDR3N1G0Y"
              }
            ],
            "dns_options": [
              {
                "dns_record_ip_type": "ipv4",
                "private_dns_only_for_inbound_resolver_endpoint": false
              }
            ],
            "id": "vpce-0d11435f0f557bb7a",
            "ip_address_type": "ipv4",
            "network_interface_ids": [
              "eni-0209fad07a550ce23",
              "eni-0a22f11cabf931558"
            ],
            "owner_id": "928470004462",
            "policy": "{\"Statement\":[{\"Action\":\"*\",\"Effect\":\"Allow\",\"Principal\":\"*\",\"Resource\":\"*\"}]}",
            "prefix_list_id": null,
            "private_dns_enabled": true,
            "region": "eu-west-2",
            "requester_managed": false,
            "resource_configuration_arn": "",
            "route_table_ids": [],
            "security_group_ids": [
              "sg-00cbf766018475f77"
            ],
            "service_name": "com.amazonaws.eu-west-2.ssmmessages",
            "service_network_arn": "",
            "service_region": "eu-west-2",
            "state": "available",
            "subnet_configuration": [
              {
                "ipv4": "10.20.1.87",
                "ipv6": "",
                "subnet_id": "subnet-008bf89885121c229"
              },
              {
                "ipv4": "10.20.2.236",
                "ipv6": "",
                "subnet_id": "subnet-0c353dfce3e49fe11"
              }
            ],
            "subnet_ids": [
              "subnet-008bf89885121c229",
              "subnet-0c353dfce3e49fe11"
            ],
            "tags": {
              "Name": "sentinel-backend-vpce-ssmmessages",
              "Owner": "Platform",
              "Project": "Sentinel"
            },
            "tags_all": {
              "Name": "sentinel-backend-vpce-ssmmessages",
              "Owner": "Platform",
              "Project": "Sentinel"
            },
            "timeouts": null,
            "vpc_endpoint_type": "Interface",
            "vpc_id": "vpc-0b249c74e19f66de7"
          },
          "sensitive_attributes": [],
          "identity_schema_version": 0,
          "private": "eyJlMmJmYjczMC1lY2FhLTExZTYtOGY4OC0zNDM2M2JjN2M0YzAiOnsiY3JlYXRlIjo2MDAwMDAwMDAwMDAsImRlbGV0ZSI6NjAwMDAwMDAwMDAwLCJ1cGRhdGUiOjYwMDAwMDAwMDAwMH19",
          "dependencies": [
            "module.vpc_backend.aws_security_group.endpoints",
            "module.vpc_backend.aws_subnet.private",
            "module.vpc_backend.aws_vpc.this",
            "module.vpc_backend.data.aws_availability_zones.this",
            "module.vpc_backend.data.aws_region.current"
          ]
        }
      ]
    },
    {
      "module": "module.vpc_gateway",
      "mode": "data",
      "type": "aws_availability_zones",
      "name": "this",
      "provider": "provider[\"registry.terraform.io/hashicorp/aws\"]",
      "instances": [
        {
          "schema_version": 0,
          "attributes": {
            "all_availability_zones": null,
            "exclude_names": null,
            "exclude_zone_ids": null,
            "filter": null,
            "group_names": [
              "eu-west-2-zg-1"
            ],
            "id": "eu-west-2",
            "names": [
              "eu-west-2a",
              "eu-west-2b",
              "eu-west-2c"
            ],
            "region": "eu-west-2",
            "state": "available",
            "timeouts": null,
            "zone_ids": [
              "euw2-az2",
              "euw2-az3",
              "euw2-az1"
            ]
          },
          "sensitive_attributes": [],
          "identity_schema_version": 0
        }
      ]
    },
    {
      "module": "module.vpc_gateway",
      "mode": "data",
      "type": "aws_region",
      "name": "current",
      "provider": "provider[\"registry.terraform.io/hashicorp/aws\"]",
      "instances": [
        {
          "schema_version": 0,
          "attributes": {
            "description": "Europe (London)",
            "endpoint": "ec2.eu-west-2.amazonaws.com",
            "id": "eu-west-2",
            "name": "eu-west-2",
            "region": "eu-west-2"
          },
          "sensitive_attributes": [],
          "identity_schema_version": 0
        }
      ]
    },
    {
      "module": "module.vpc_gateway",
      "mode": "managed",
      "type": "aws_eip",
      "name": "nat",
      "provider": "provider[\"registry.terraform.io/hashicorp/aws\"]",
      "instances": [
        {
          "index_key": "0",
          "schema_version": 0,
          "attributes": {
            "address": null,
            "allocation_id": "eipalloc-0d1327763de196057",
            "arn": "arn:aws:ec2:eu-west-2:928470004462:elastic-ip/eipalloc-0d1327763de196057",
            "associate_with_private_ip": null,
            "association_id": "eipassoc-05ce6d5dc2eea7eb8",
            "carrier_ip": "",
            "customer_owned_ip": "",
            "customer_owned_ipv4_pool": "",
            "domain": "vpc",
            "id": "eipalloc-0d1327763de196057",
            "instance": "",
            "ipam_pool_id": null,
            "network_border_group": "eu-west-2",
            "network_interface": "eni-086c6be5631eaa75d",
            "private_dns": "ip-10-10-101-96.eu-west-2.compute.internal",
            "private_ip": "10.10.101.96",
            "ptr_record": "",
            "public_dns": "ec2-18-169-46-80.eu-west-2.compute.amazonaws.com",
            "public_ip": "18.169.46.80",
            "public_ipv4_pool": "amazon",
            "region": "eu-west-2",
            "tags": {
              "Name": "sentinel-gateway-nat-eip-0",
              "Owner": "Platform",
              "Project": "Sentinel"
            },
            "tags_all": {
              "Name": "sentinel-gateway-nat-eip-0",
              "Owner": "Platform",
              "Project": "Sentinel"
            },
            "timeouts": null
          },
          "sensitive_attributes": [],
          "identity_schema_version": 0,
          "private": "eyJlMmJmYjczMC1lY2FhLTExZTYtOGY4OC0zNDM2M2JjN2M0YzAiOnsiZGVsZXRlIjoxODAwMDAwMDAwMDAsInJlYWQiOjkwMDAwMDAwMDAwMCwidXBkYXRlIjozMDAwMDAwMDAwMDB9fQ==",
          "dependencies": [
            "module.vpc_gateway.aws_subnet.public",
            "module.vpc_gateway.aws_vpc.this",
            "module.vpc_gateway.data.aws_availability_zones.this"
          ]
        },
        {
          "index_key": "1",
          "schema_version": 0,
          "attributes": {
            "address": null,
            "allocation_id": "eipalloc-067419140e26ce28c",
            "arn": "arn:aws:ec2:eu-west-2:928470004462:elastic-ip/eipalloc-067419140e26ce28c",
            "associate_with_private_ip": null,
            "association_id": "eipassoc-0a352f1e27b8d46b7",
            "carrier_ip": "",
            "customer_owned_ip": "",
            "customer_owned_ipv4_pool": "",
            "domain": "vpc",
            "id": "eipalloc-067419140e26ce28c",
            "instance": "",
            "ipam_pool_id": null,
            "network_border_group": "eu-west-2",
            "network_interface": "eni-0722db90dfbcd77fc",
            "private_dns": "ip-10-10-102-119.eu-west-2.compute.internal",
            "private_ip": "10.10.102.119",
            "ptr_record": "",
            "public_dns": "ec2-3-9-126-102.eu-west-2.compute.amazonaws.com",
            "public_ip": "3.9.126.102",
            "public_ipv4_pool": "amazon",
            "region": "eu-west-2",
            "tags": {
              "Name": "sentinel-gateway-nat-eip-1",
              "Owner": "Platform",
              "Project": "Sentinel"
            },
            "tags_all": {
              "Name": "sentinel-gateway-nat-eip-1",
              "Owner": "Platform",
              "Project": "Sentinel"
            },
            "timeouts": null
          },
          "sensitive_attributes": [],
          "identity_schema_version": 0,
          "private": "eyJlMmJmYjczMC1lY2FhLTExZTYtOGY4OC0zNDM2M2JjN2M0YzAiOnsiZGVsZXRlIjoxODAwMDAwMDAwMDAsInJlYWQiOjkwMDAwMDAwMDAwMCwidXBkYXRlIjozMDAwMDAwMDAwMDB9fQ==",
          "dependencies": [
            "module.vpc_gateway.aws_subnet.public",
            "module.vpc_gateway.aws_vpc.this",
            "module.vpc_gateway.data.aws_availability_zones.this"
          ]
        }
      ]
    },
    {
      "module": "module.vpc_gateway",
      "mode": "managed",
      "type": "aws_internet_gateway",
      "name": "igw",
      "provider": "provider[\"registry.terraform.io/hashicorp/aws\"]",
      "instances": [
        {
          "schema_version": 0,
          "attributes": {
            "arn": "arn:aws:ec2:eu-west-2:928470004462:internet-gateway/igw-094a8dcaf57aec6e4",
            "id": "igw-094a8dcaf57aec6e4",
            "owner_id": "928470004462",
            "region": "eu-west-2",
            "tags": {
              "Name": "sentinel-gateway-igw",
              "Owner": "Platform",
              "Project": "Sentinel"
            },
            "tags_all": {
              "Name": "sentinel-gateway-igw",
              "Owner": "Platform",
              "Project": "Sentinel"
            },
            "timeouts": null,
            "vpc_id": "vpc-0d86801efc0555088"
          },
          "sensitive_attributes": [],
          "identity_schema_version": 0,
          "private": "eyJlMmJmYjczMC1lY2FhLTExZTYtOGY4OC0zNDM2M2JjN2M0YzAiOnsiY3JlYXRlIjoxMjAwMDAwMDAwMDAwLCJkZWxldGUiOjEyMDAwMDAwMDAwMDAsInVwZGF0ZSI6MTIwMDAwMDAwMDAwMH19",
          "dependencies": [
            "module.vpc_gateway.aws_vpc.this"
          ]
        }
      ]
    },
    {
      "module": "module.vpc_gateway",
      "mode": "managed",
      "type": "aws_nat_gateway",
      "name": "nat",
      "provider": "provider[\"registry.terraform.io/hashicorp/aws\"]",
      "instances": [
        {
          "index_key": "0",
          "schema_version": 0,
          "attributes": {
            "allocation_id": "eipalloc-0d1327763de196057",
            "association_id": "eipassoc-05ce6d5dc2eea7eb8",
            "connectivity_type": "public",
            "id": "nat-0122375bbec2c50c1",
            "network_interface_id": "eni-086c6be5631eaa75d",
            "private_ip": "10.10.101.96",
            "public_ip": "18.169.46.80",
            "region": "eu-west-2",
            "secondary_allocation_ids": [],
            "secondary_private_ip_address_count": 0,
            "secondary_private_ip_addresses": [],
            "subnet_id": "subnet-00857f26b92d2f808",
            "tags": {
              "Name": "sentinel-gateway-nat-0",
              "Owner": "Platform",
              "Project": "Sentinel"
            },
            "tags_all": {
              "Name": "sentinel-gateway-nat-0",
              "Owner": "Platform",
              "Project": "Sentinel"
            },
            "timeouts": null
          },
          "sensitive_attributes": [],
          "identity_schema_version": 0,
          "private": "eyJlMmJmYjczMC1lY2FhLTExZTYtOGY4OC0zNDM2M2JjN2M0YzAiOnsiY3JlYXRlIjo2MDAwMDAwMDAwMDAsImRlbGV0ZSI6MTgwMDAwMDAwMDAwMCwidXBkYXRlIjo2MDAwMDAwMDAwMDB9fQ==",
          "dependencies": [
            "module.vpc_gateway.aws_eip.nat",
            "module.vpc_gateway.aws_internet_gateway.igw",
            "module.vpc_gateway.aws_subnet.public",
            "module.vpc_gateway.aws_vpc.this",
            "module.vpc_gateway.data.aws_availability_zones.this"
          ]
        },
        {
          "index_key": "1",
          "schema_version": 0,
          "attributes": {
            "allocation_id": "eipalloc-067419140e26ce28c",
            "association_id": "eipassoc-0a352f1e27b8d46b7",
            "connectivity_type": "public",
            "id": "nat-0a2b8f5451fd5e923",
            "network_interface_id": "eni-0722db90dfbcd77fc",
            "private_ip": "10.10.102.119",
            "public_ip": "3.9.126.102",
            "region": "eu-west-2",
            "secondary_allocation_ids": [],
            "secondary_private_ip_address_count": 0,
            "secondary_private_ip_addresses": [],
            "subnet_id": "subnet-0ebaf1a2bf29ff6f4",
            "tags": {
              "Name": "sentinel-gateway-nat-1",
              "Owner": "Platform",
              "Project": "Sentinel"
            },
            "tags_all": {
              "Name": "sentinel-gateway-nat-1",
              "Owner": "Platform",
              "Project": "Sentinel"
            },
            "timeouts": null
          },
          "sensitive_attributes": [],
          "identity_schema_version": 0,
          "private": "eyJlMmJmYjczMC1lY2FhLTExZTYtOGY4OC0zNDM2M2JjN2M0YzAiOnsiY3JlYXRlIjo2MDAwMDAwMDAwMDAsImRlbGV0ZSI6MTgwMDAwMDAwMDAwMCwidXBkYXRlIjo2MDAwMDAwMDAwMDB9fQ==",
          "dependencies": [
            "module.vpc_gateway.aws_eip.nat",
            "module.vpc_gateway.aws_internet_gateway.igw",
            "module.vpc_gateway.aws_subnet.public",
            "module.vpc_gateway.aws_vpc.this",
            "module.vpc_gateway.data.aws_availability_zones.this"
          ]
        }
      ]
    },
    {
      "module": "module.vpc_gateway",
      "mode": "managed",
      "type": "aws_route",
      "name": "private_nat",
      "provider": "provider[\"registry.terraform.io/hashicorp/aws\"]",
      "instances": [
        {
          "index_key": "0",
          "schema_version": 0,
          "attributes": {
            "carrier_gateway_id": "",
            "core_network_arn": "",
            "destination_cidr_block": "0.0.0.0/0",
            "destination_ipv6_cidr_block": "",
            "destination_prefix_list_id": "",
            "egress_only_gateway_id": "",
            "gateway_id": "",
            "id": "r-rtb-064bec8f77a296f911080289494",
            "instance_id": "",
            "instance_owner_id": "",
            "local_gateway_id": "",
            "nat_gateway_id": "nat-0122375bbec2c50c1",
            "network_interface_id": "",
            "origin": "CreateRoute",
            "region": "eu-west-2",
            "route_table_id": "rtb-064bec8f77a296f91",
            "state": "active",
            "timeouts": null,
            "transit_gateway_id": "",
            "vpc_endpoint_id": "",
            "vpc_peering_connection_id": ""
          },
          "sensitive_attributes": [],
          "identity_schema_version": 0,
          "identity": {
            "account_id": "928470004462",
            "destination_cidr_block": "0.0.0.0/0",
            "destination_ipv6_cidr_block": null,
            "destination_prefix_list_id": null,
            "region": "eu-west-2",
            "route_table_id": "rtb-064bec8f77a296f91"
          },
          "private": "eyJlMmJmYjczMC1lY2FhLTExZTYtOGY4OC0zNDM2M2JjN2M0YzAiOnsiY3JlYXRlIjozMDAwMDAwMDAwMDAsImRlbGV0ZSI6MzAwMDAwMDAwMDAwLCJ1cGRhdGUiOjEyMDAwMDAwMDAwMH19",
          "dependencies": [
            "module.vpc_gateway.aws_eip.nat",
            "module.vpc_gateway.aws_internet_gateway.igw",
            "module.vpc_gateway.aws_nat_gateway.nat",
            "module.vpc_gateway.aws_route_table.private",
            "module.vpc_gateway.aws_subnet.private",
            "module.vpc_gateway.aws_subnet.public",
            "module.vpc_gateway.aws_vpc.this",
            "module.vpc_gateway.data.aws_availability_zones.this"
          ]
        },
        {
          "index_key": "1",
          "schema_version": 0,
          "attributes": {
            "carrier_gateway_id": "",
            "core_network_arn": "",
            "destination_cidr_block": "0.0.0.0/0",
            "destination_ipv6_cidr_block": "",
            "destination_prefix_list_id": "",
            "egress_only_gateway_id": "",
            "gateway_id": "",
            "id": "r-rtb-0d9a5b2889c6963e31080289494",
            "instance_id": "",
            "instance_owner_id": "",
            "local_gateway_id": "",
            "nat_gateway_id": "nat-0a2b8f5451fd5e923",
            "network_interface_id": "",
            "origin": "CreateRoute",
            "region": "eu-west-2",
            "route_table_id": "rtb-0d9a5b2889c6963e3",
            "state": "active",
            "timeouts": null,
            "transit_gateway_id": "",
            "vpc_endpoint_id": "",
            "vpc_peering_connection_id": ""
          },
          "sensitive_attributes": [],
          "identity_schema_version": 0,
          "identity": {
            "account_id": "928470004462",
            "destination_cidr_block": "0.0.0.0/0",
            "destination_ipv6_cidr_block": null,
            "destination_prefix_list_id": null,
            "region": "eu-west-2",
            "route_table_id": "rtb-0d9a5b2889c6963e3"
          },
          "private": "eyJlMmJmYjczMC1lY2FhLTExZTYtOGY4OC0zNDM2M2JjN2M0YzAiOnsiY3JlYXRlIjozMDAwMDAwMDAwMDAsImRlbGV0ZSI6MzAwMDAwMDAwMDAwLCJ1cGRhdGUiOjEyMDAwMDAwMDAwMH19",
          "dependencies": [
            "module.vpc_gateway.aws_eip.nat",
            "module.vpc_gateway.aws_internet_gateway.igw",
            "module.vpc_gateway.aws_nat_gateway.nat",
            "module.vpc_gateway.aws_route_table.private",
            "module.vpc_gateway.aws_subnet.private",
            "module.vpc_gateway.aws_subnet.public",
            "module.vpc_gateway.aws_vpc.this",
            "module.vpc_gateway.data.aws_availability_zones.this"
          ]
        }
      ]
    },
    {
      "module": "module.vpc_gateway",
      "mode": "managed",
      "type": "aws_route",
      "name": "public_internet",
      "provider": "provider[\"registry.terraform.io/hashicorp/aws\"]",
      "instances": [
        {
          "schema_version": 0,
          "attributes": {
            "carrier_gateway_id": "",
            "core_network_arn": "",
            "destination_cidr_block": "0.0.0.0/0",
            "destination_ipv6_cidr_block": "",
            "destination_prefix_list_id": "",
            "egress_only_gateway_id": "",
            "gateway_id": "igw-094a8dcaf57aec6e4",
            "id": "r-rtb-0f4a8fe981eab03ec1080289494",
            "instance_id": "",
            "instance_owner_id": "",
            "local_gateway_id": "",
            "nat_gateway_id": "",
            "network_interface_id": "",
            "origin": "CreateRoute",
            "region": "eu-west-2",
            "route_table_id": "rtb-0f4a8fe981eab03ec",
            "state": "active",
            "timeouts": null,
            "transit_gateway_id": "",
            "vpc_endpoint_id": "",
            "vpc_peering_connection_id": ""
          },
          "sensitive_attributes": [],
          "identity_schema_version": 0,
          "identity": {
            "account_id": "928470004462",
            "destination_cidr_block": "0.0.0.0/0",
            "destination_ipv6_cidr_block": null,
            "destination_prefix_list_id": null,
            "region": "eu-west-2",
            "route_table_id": "rtb-0f4a8fe981eab03ec"
          },
          "private": "eyJlMmJmYjczMC1lY2FhLTExZTYtOGY4OC0zNDM2M2JjN2M0YzAiOnsiY3JlYXRlIjozMDAwMDAwMDAwMDAsImRlbGV0ZSI6MzAwMDAwMDAwMDAwLCJ1cGRhdGUiOjEyMDAwMDAwMDAwMH19",
          "dependencies": [
            "module.vpc_gateway.aws_internet_gateway.igw",
            "module.vpc_gateway.aws_route_table.public",
            "module.vpc_gateway.aws_vpc.this"
          ]
        }
      ]
    },
    {
      "module": "module.vpc_gateway",
      "mode": "managed",
      "type": "aws_route_table",
      "name": "private",
      "provider": "provider[\"registry.terraform.io/hashicorp/aws\"]",
      "instances": [
        {
          "index_key": "0",
          "schema_version": 0,
          "attributes": {
            "arn": "arn:aws:ec2:eu-west-2:928470004462:route-table/rtb-064bec8f77a296f91",
            "id": "rtb-064bec8f77a296f91",
            "owner_id": "928470004462",
            "propagating_vgws": [],
            "region": "eu-west-2",
            "route": [
              {
                "carrier_gateway_id": "",
                "cidr_block": "0.0.0.0/0",
                "core_network_arn": "",
                "destination_prefix_list_id": "",
                "egress_only_gateway_id": "",
                "gateway_id": "",
                "ipv6_cidr_block": "",
                "local_gateway_id": "",
                "nat_gateway_id": "nat-0122375bbec2c50c1",
                "network_interface_id": "",
                "transit_gateway_id": "",
                "vpc_endpoint_id": "",
                "vpc_peering_connection_id": ""
              },
              {
                "carrier_gateway_id": "",
                "cidr_block": "10.20.0.0/16",
                "core_network_arn": "",
                "destination_prefix_list_id": "",
                "egress_only_gateway_id": "",
                "gateway_id": "",
                "ipv6_cidr_block": "",
                "local_gateway_id": "",
                "nat_gateway_id": "",
                "network_interface_id": "",
                "transit_gateway_id": "",
                "vpc_endpoint_id": "",
                "vpc_peering_connection_id": "pcx-08fd95b1536c86d78"
              }
            ],
            "tags": {
              "Name": "sentinel-gateway-private-0",
              "Owner": "Platform",
              "Project": "Sentinel"
            },
            "tags_all": {
              "Name": "sentinel-gateway-private-0",
              "Owner": "Platform",
              "Project": "Sentinel"
            },
            "timeouts": null,
            "vpc_id": "vpc-0d86801efc0555088"
          },
          "sensitive_attributes": [],
          "identity_schema_version": 0,
          "identity": {
            "account_id": "928470004462",
            "id": "rtb-064bec8f77a296f91",
            "region": "eu-west-2"
          },
          "private": "eyJlMmJmYjczMC1lY2FhLTExZTYtOGY4OC0zNDM2M2JjN2M0YzAiOnsiY3JlYXRlIjozMDAwMDAwMDAwMDAsImRlbGV0ZSI6MzAwMDAwMDAwMDAwLCJ1cGRhdGUiOjEyMDAwMDAwMDAwMH19",
          "dependencies": [
            "module.vpc_gateway.aws_subnet.private",
            "module.vpc_gateway.aws_vpc.this",
            "module.vpc_gateway.data.aws_availability_zones.this"
          ]
        },
        {
          "index_key": "1",
          "schema_version": 0,
          "attributes": {
            "arn": "arn:aws:ec2:eu-west-2:928470004462:route-table/rtb-0d9a5b2889c6963e3",
            "id": "rtb-0d9a5b2889c6963e3",
            "owner_id": "928470004462",
            "propagating_vgws": [],
            "region": "eu-west-2",
            "route": [
              {
                "carrier_gateway_id": "",
                "cidr_block": "0.0.0.0/0",
                "core_network_arn": "",
                "destination_prefix_list_id": "",
                "egress_only_gateway_id": "",
                "gateway_id": "",
                "ipv6_cidr_block": "",
                "local_gateway_id": "",
                "nat_gateway_id": "nat-0a2b8f5451fd5e923",
                "network_interface_id": "",
                "transit_gateway_id": "",
                "vpc_endpoint_id": "",
                "vpc_peering_connection_id": ""
              },
              {
                "carrier_gateway_id": "",
                "cidr_block": "10.20.0.0/16",
                "core_network_arn": "",
                "destination_prefix_list_id": "",
                "egress_only_gateway_id": "",
                "gateway_id": "",
                "ipv6_cidr_block": "",
                "local_gateway_id": "",
                "nat_gateway_id": "",
                "network_interface_id": "",
                "transit_gateway_id": "",
                "vpc_endpoint_id": "",
                "vpc_peering_connection_id": "pcx-08fd95b1536c86d78"
              }
            ],
            "tags": {
              "Name": "sentinel-gateway-private-1",
              "Owner": "Platform",
              "Project": "Sentinel"
            },
            "tags_all": {
              "Name": "sentinel-gateway-private-1",
              "Owner": "Platform",
              "Project": "Sentinel"
            },
            "timeouts": null,
            "vpc_id": "vpc-0d86801efc0555088"
          },
          "sensitive_attributes": [],
          "identity_schema_version": 0,
          "identity": {
            "account_id": "928470004462",
            "id": "rtb-0d9a5b2889c6963e3",
            "region": "eu-west-2"
          },
          "private": "eyJlMmJmYjczMC1lY2FhLTExZTYtOGY4OC0zNDM2M2JjN2M0YzAiOnsiY3JlYXRlIjozMDAwMDAwMDAwMDAsImRlbGV0ZSI6MzAwMDAwMDAwMDAwLCJ1cGRhdGUiOjEyMDAwMDAwMDAwMH19",
          "dependencies": [
            "module.vpc_gateway.aws_subnet.private",
            "module.vpc_gateway.aws_vpc.this",
            "module.vpc_gateway.data.aws_availability_zones.this"
          ]
        }
      ]
    },
    {
      "module": "module.vpc_gateway",
      "mode": "managed",
      "type": "aws_route_table",
      "name": "public",
      "provider": "provider[\"registry.terraform.io/hashicorp/aws\"]",
      "instances": [
        {
          "schema_version": 0,
          "attributes": {
            "arn": "arn:aws:ec2:eu-west-2:928470004462:route-table/rtb-0f4a8fe981eab03ec",
            "id": "rtb-0f4a8fe981eab03ec",
            "owner_id": "928470004462",
            "propagating_vgws": [],
            "region": "eu-west-2",
            "route": [
              {
                "carrier_gateway_id": "",
                "cidr_block": "0.0.0.0/0",
                "core_network_arn": "",
                "destination_prefix_list_id": "",
                "egress_only_gateway_id": "",
                "gateway_id": "igw-094a8dcaf57aec6e4",
                "ipv6_cidr_block": "",
                "local_gateway_id": "",
                "nat_gateway_id": "",
                "network_interface_id": "",
                "transit_gateway_id": "",
                "vpc_endpoint_id": "",
                "vpc_peering_connection_id": ""
              }
            ],
            "tags": {
              "Name": "sentinel-gateway-public",
              "Owner": "Platform",
              "Project": "Sentinel"
            },
            "tags_all": {
              "Name": "sentinel-gateway-public",
              "Owner": "Platform",
              "Project": "Sentinel"
            },
            "timeouts": null,
            "vpc_id": "vpc-0d86801efc0555088"
          },
          "sensitive_attributes": [],
          "identity_schema_version": 0,
          "identity": {
            "account_id": "928470004462",
            "id": "rtb-0f4a8fe981eab03ec",
            "region": "eu-west-2"
          },
          "private": "eyJlMmJmYjczMC1lY2FhLTExZTYtOGY4OC0zNDM2M2JjN2M0YzAiOnsiY3JlYXRlIjozMDAwMDAwMDAwMDAsImRlbGV0ZSI6MzAwMDAwMDAwMDAwLCJ1cGRhdGUiOjEyMDAwMDAwMDAwMH19",
          "dependencies": [
            "module.vpc_gateway.aws_vpc.this"
          ]
        }
      ]
    },
    {
      "module": "module.vpc_gateway",
      "mode": "managed",
      "type": "aws_route_table_association",
      "name": "private",
      "provider": "provider[\"registry.terraform.io/hashicorp/aws\"]",
      "instances": [
        {
          "index_key": "0",
          "schema_version": 0,
          "attributes": {
            "gateway_id": "",
            "id": "rtbassoc-0821107d5ead6cf36",
            "region": "eu-west-2",
            "route_table_id": "rtb-064bec8f77a296f91",
            "subnet_id": "subnet-0de22c7663fb4d8c6",
            "timeouts": null
          },
          "sensitive_attributes": [],
          "identity_schema_version": 0,
          "private": "eyJlMmJmYjczMC1lY2FhLTExZTYtOGY4OC0zNDM2M2JjN2M0YzAiOnsiY3JlYXRlIjozMDAwMDAwMDAwMDAsImRlbGV0ZSI6MzAwMDAwMDAwMDAwLCJ1cGRhdGUiOjEyMDAwMDAwMDAwMH19",
          "dependencies": [
            "module.vpc_gateway.aws_route_table.private",
            "module.vpc_gateway.aws_subnet.private",
            "module.vpc_gateway.aws_vpc.this",
            "module.vpc_gateway.data.aws_availability_zones.this"
          ]
        },
        {
          "index_key": "1",
          "schema_version": 0,
          "attributes": {
            "gateway_id": "",
            "id": "rtbassoc-087de66280a66a6c0",
            "region": "eu-west-2",
            "route_table_id": "rtb-0d9a5b2889c6963e3",
            "subnet_id": "subnet-007a1885b07895285",
            "timeouts": null
          },
          "sensitive_attributes": [],
          "identity_schema_version": 0,
          "private": "eyJlMmJmYjczMC1lY2FhLTExZTYtOGY4OC0zNDM2M2JjN2M0YzAiOnsiY3JlYXRlIjozMDAwMDAwMDAwMDAsImRlbGV0ZSI6MzAwMDAwMDAwMDAwLCJ1cGRhdGUiOjEyMDAwMDAwMDAwMH19",
          "dependencies": [
            "module.vpc_gateway.aws_route_table.private",
            "module.vpc_gateway.aws_subnet.private",
            "module.vpc_gateway.aws_vpc.this",
            "module.vpc_gateway.data.aws_availability_zones.this"
          ]
        }
      ]
    },
    {
      "module": "module.vpc_gateway",
      "mode": "managed",
      "type": "aws_route_table_association",
      "name": "public",
      "provider": "provider[\"registry.terraform.io/hashicorp/aws\"]",
      "instances": [
        {
          "index_key": "0",
          "schema_version": 0,
          "attributes": {
            "gateway_id": "",
            "id": "rtbassoc-001235c0b95d7fa83",
            "region": "eu-west-2",
            "route_table_id": "rtb-0f4a8fe981eab03ec",
            "subnet_id": "subnet-00857f26b92d2f808",
            "timeouts": null
          },
          "sensitive_attributes": [],
          "identity_schema_version": 0,
          "private": "eyJlMmJmYjczMC1lY2FhLTExZTYtOGY4OC0zNDM2M2JjN2M0YzAiOnsiY3JlYXRlIjozMDAwMDAwMDAwMDAsImRlbGV0ZSI6MzAwMDAwMDAwMDAwLCJ1cGRhdGUiOjEyMDAwMDAwMDAwMH19",
          "dependencies": [
            "module.vpc_gateway.aws_route_table.public",
            "module.vpc_gateway.aws_subnet.public",
            "module.vpc_gateway.aws_vpc.this",
            "module.vpc_gateway.data.aws_availability_zones.this"
          ]
        },
        {
          "index_key": "1",
          "schema_version": 0,
          "attributes": {
            "gateway_id": "",
            "id": "rtbassoc-0b90471d327aacc54",
            "region": "eu-west-2",
            "route_table_id": "rtb-0f4a8fe981eab03ec",
            "subnet_id": "subnet-0ebaf1a2bf29ff6f4",
            "timeouts": null
          },
          "sensitive_attributes": [],
          "identity_schema_version": 0,
          "private": "eyJlMmJmYjczMC1lY2FhLTExZTYtOGY4OC0zNDM2M2JjN2M0YzAiOnsiY3JlYXRlIjozMDAwMDAwMDAwMDAsImRlbGV0ZSI6MzAwMDAwMDAwMDAwLCJ1cGRhdGUiOjEyMDAwMDAwMDAwMH19",
          "dependencies": [
            "module.vpc_gateway.aws_route_table.public",
            "module.vpc_gateway.aws_subnet.public",
            "module.vpc_gateway.aws_vpc.this",
            "module.vpc_gateway.data.aws_availability_zones.this"
          ]
        }
      ]
    },
    {
      "module": "module.vpc_gateway",
      "mode": "managed",
      "type": "aws_security_group",
      "name": "endpoints",
      "provider": "provider[\"registry.terraform.io/hashicorp/aws\"]",
      "instances": [
        {
          "schema_version": 1,
          "attributes": {
            "arn": "arn:aws:ec2:eu-west-2:928470004462:security-group/sg-00e7083b25c608201",
            "description": "Allow VPC internal traffic to interface endpoints",
            "egress": [
              {
                "cidr_blocks": [
                  "0.0.0.0/0"
                ],
                "description": "",
                "from_port": 0,
                "ipv6_cidr_blocks": [],
                "prefix_list_ids": [],
                "protocol": "-1",
                "security_groups": [],
                "self": false,
                "to_port": 0
              }
            ],
            "id": "sg-00e7083b25c608201",
            "ingress": [
              {
                "cidr_blocks": [
                  "10.10.0.0/16"
                ],
                "description": "",
                "from_port": 443,
                "ipv6_cidr_blocks": [],
                "prefix_list_ids": [],
                "protocol": "tcp",
                "security_groups": [],
                "self": false,
                "to_port": 443
              }
            ],
            "name": "sentinel-gateway-vpce-sg",
            "name_prefix": "",
            "owner_id": "928470004462",
            "region": "eu-west-2",
            "revoke_rules_on_delete": false,
            "tags": {
              "Name": "sentinel-gateway-vpce-sg",
              "Owner": "Platform",
              "Project": "Sentinel"
            },
            "tags_all": {
              "Name": "sentinel-gateway-vpce-sg",
              "Owner": "Platform",
              "Project": "Sentinel"
            },
            "timeouts": null,
            "vpc_id": "vpc-0d86801efc0555088"
          },
          "sensitive_attributes": [],
          "identity_schema_version": 0,
          "identity": {
            "account_id": "928470004462",
            "id": "sg-00e7083b25c608201",
            "region": "eu-west-2"
          },
          "private": "eyJlMmJmYjczMC1lY2FhLTExZTYtOGY4OC0zNDM2M2JjN2M0YzAiOnsiY3JlYXRlIjo2MDAwMDAwMDAwMDAsImRlbGV0ZSI6OTAwMDAwMDAwMDAwfSwic2NoZW1hX3ZlcnNpb24iOiIxIn0=",
          "dependencies": [
            "module.vpc_gateway.aws_vpc.this"
          ]
        }
      ]
    },
    {
      "module": "module.vpc_gateway",
      "mode": "managed",
      "type": "aws_subnet",
      "name": "private",
      "provider": "provider[\"registry.terraform.io/hashicorp/aws\"]",
      "instances": [
        {
          "index_key": "0",
          "schema_version": 1,
          "attributes": {
            "arn": "arn:aws:ec2:eu-west-2:928470004462:subnet/subnet-0de22c7663fb4d8c6",
            "assign_ipv6_address_on_creation": false,
            "availability_zone": "eu-west-2a",
            "availability_zone_id": "euw2-az2",
            "cidr_block": "10.10.1.0/24",
            "customer_owned_ipv4_pool": "",
            "enable_dns64": false,
            "enable_lni_at_device_index": 0,
            "enable_resource_name_dns_a_record_on_launch": false,
            "enable_resource_name_dns_aaaa_record_on_launch": false,
            "id": "subnet-0de22c7663fb4d8c6",
            "ipv6_cidr_block": "",
            "ipv6_cidr_block_association_id": "",
            "ipv6_native": false,
            "map_customer_owned_ip_on_launch": false,
            "map_public_ip_on_launch": false,
            "outpost_arn": "",
            "owner_id": "928470004462",
            "private_dns_hostname_type_on_launch": "ip-name",
            "region": "eu-west-2",
            "tags": {
              "Name": "sentinel-gateway-private-0",
              "Owner": "Platform",
              "Project": "Sentinel",
              "kubernetes.io/cluster/sentinel-eks-gateway": "shared"
            },
            "tags_all": {
              "Name": "sentinel-gateway-private-0",
              "Owner": "Platform",
              "Project": "Sentinel",
              "kubernetes.io/cluster/sentinel-eks-gateway": "shared"
            },
            "timeouts": null,
            "vpc_id": "vpc-0d86801efc0555088"
          },
          "sensitive_attributes": [],
          "identity_schema_version": 0,
          "identity": {
            "account_id": "928470004462",
            "id": "subnet-0de22c7663fb4d8c6",
            "region": "eu-west-2"
          },
          "private": "eyJlMmJmYjczMC1lY2FhLTExZTYtOGY4OC0zNDM2M2JjN2M0YzAiOnsiY3JlYXRlIjo2MDAwMDAwMDAwMDAsImRlbGV0ZSI6MTIwMDAwMDAwMDAwMH0sInNjaGVtYV92ZXJzaW9uIjoiMSJ9",
          "dependencies": [
            "module.vpc_gateway.aws_vpc.this",
            "module.vpc_gateway.data.aws_availability_zones.this"
          ]
        },
        {
          "index_key": "1",
          "schema_version": 1,
          "attributes": {
            "arn": "arn:aws:ec2:eu-west-2:928470004462:subnet/subnet-007a1885b07895285",
            "assign_ipv6_address_on_creation": false,
            "availability_zone": "eu-west-2b",
            "availability_zone_id": "euw2-az3",
            "cidr_block": "10.10.2.0/24",
            "customer_owned_ipv4_pool": "",
            "enable_dns64": false,
            "enable_lni_at_device_index": 0,
            "enable_resource_name_dns_a_record_on_launch": false,
            "enable_resource_name_dns_aaaa_record_on_launch": false,
            "id": "subnet-007a1885b07895285",
            "ipv6_cidr_block": "",
            "ipv6_cidr_block_association_id": "",
            "ipv6_native": false,
            "map_customer_owned_ip_on_launch": false,
            "map_public_ip_on_launch": false,
            "outpost_arn": "",
            "owner_id": "928470004462",
            "private_dns_hostname_type_on_launch": "ip-name",
            "region": "eu-west-2",
            "tags": {
              "Name": "sentinel-gateway-private-1",
              "Owner": "Platform",
              "Project": "Sentinel",
              "kubernetes.io/cluster/sentinel-eks-gateway": "shared"
            },
            "tags_all": {
              "Name": "sentinel-gateway-private-1",
              "Owner": "Platform",
              "Project": "Sentinel",
              "kubernetes.io/cluster/sentinel-eks-gateway": "shared"
            },
            "timeouts": null,
            "vpc_id": "vpc-0d86801efc0555088"
          },
          "sensitive_attributes": [],
          "identity_schema_version": 0,
          "identity": {
            "account_id": "928470004462",
            "id": "subnet-007a1885b07895285",
            "region": "eu-west-2"
          },
          "private": "eyJlMmJmYjczMC1lY2FhLTExZTYtOGY4OC0zNDM2M2JjN2M0YzAiOnsiY3JlYXRlIjo2MDAwMDAwMDAwMDAsImRlbGV0ZSI6MTIwMDAwMDAwMDAwMH0sInNjaGVtYV92ZXJzaW9uIjoiMSJ9",
          "dependencies": [
            "module.vpc_gateway.aws_vpc.this",
            "module.vpc_gateway.data.aws_availability_zones.this"
          ]
        }
      ]
    },
    {
      "module": "module.vpc_gateway",
      "mode": "managed",
      "type": "aws_subnet",
      "name": "public",
      "provider": "provider[\"registry.terraform.io/hashicorp/aws\"]",
      "instances": [
        {
          "index_key": "0",
          "schema_version": 1,
          "attributes": {
            "arn": "arn:aws:ec2:eu-west-2:928470004462:subnet/subnet-00857f26b92d2f808",
            "assign_ipv6_address_on_creation": false,
            "availability_zone": "eu-west-2a",
            "availability_zone_id": "euw2-az2",
            "cidr_block": "10.10.101.0/24",
            "customer_owned_ipv4_pool": "",
            "enable_dns64": false,
            "enable_lni_at_device_index": 0,
            "enable_resource_name_dns_a_record_on_launch": false,
            "enable_resource_name_dns_aaaa_record_on_launch": false,
            "id": "subnet-00857f26b92d2f808",
            "ipv6_cidr_block": "",
            "ipv6_cidr_block_association_id": "",
            "ipv6_native": false,
            "map_customer_owned_ip_on_launch": false,
            "map_public_ip_on_launch": false,
            "outpost_arn": "",
            "owner_id": "928470004462",
            "private_dns_hostname_type_on_launch": "ip-name",
            "region": "eu-west-2",
            "tags": {
              "Name": "sentinel-gateway-public-0",
              "Owner": "Platform",
              "Project": "Sentinel",
              "kubernetes.io/cluster/sentinel-eks-gateway": "shared",
              "kubernetes.io/role/elb": "1"
            },
            "tags_all": {
              "Name": "sentinel-gateway-public-0",
              "Owner": "Platform",
              "Project": "Sentinel",
              "kubernetes.io/cluster/sentinel-eks-gateway": "shared",
              "kubernetes.io/role/elb": "1"
            },
            "timeouts": null,
            "vpc_id": "vpc-0d86801efc0555088"
          },
          "sensitive_attributes": [],
          "identity_schema_version": 0,
          "identity": {
            "account_id": "928470004462",
            "id": "subnet-00857f26b92d2f808",
            "region": "eu-west-2"
          },
          "private": "eyJlMmJmYjczMC1lY2FhLTExZTYtOGY4OC0zNDM2M2JjN2M0YzAiOnsiY3JlYXRlIjo2MDAwMDAwMDAwMDAsImRlbGV0ZSI6MTIwMDAwMDAwMDAwMH0sInNjaGVtYV92ZXJzaW9uIjoiMSJ9",
          "dependencies": [
            "module.vpc_gateway.aws_vpc.this",
            "module.vpc_gateway.data.aws_availability_zones.this"
          ]
        },
        {
          "index_key": "1",
          "schema_version": 1,
          "attributes": {
            "arn": "arn:aws:ec2:eu-west-2:928470004462:subnet/subnet-0ebaf1a2bf29ff6f4",
            "assign_ipv6_address_on_creation": false,
            "availability_zone": "eu-west-2b",
            "availability_zone_id": "euw2-az3",
            "cidr_block": "10.10.102.0/24",
            "customer_owned_ipv4_pool": "",
            "enable_dns64": false,
            "enable_lni_at_device_index": 0,
            "enable_resource_name_dns_a_record_on_launch": false,
            "enable_resource_name_dns_aaaa_record_on_launch": false,
            "id": "subnet-0ebaf1a2bf29ff6f4",
            "ipv6_cidr_block": "",
            "ipv6_cidr_block_association_id": "",
            "ipv6_native": false,
            "map_customer_owned_ip_on_launch": false,
            "map_public_ip_on_launch": false,
            "outpost_arn": "",
            "owner_id": "928470004462",
            "private_dns_hostname_type_on_launch": "ip-name",
            "region": "eu-west-2",
            "tags": {
              "Name": "sentinel-gateway-public-1",
              "Owner": "Platform",
              "Project": "Sentinel",
              "kubernetes.io/cluster/sentinel-eks-gateway": "shared",
              "kubernetes.io/role/elb": "1"
            },
            "tags_all": {
              "Name": "sentinel-gateway-public-1",
              "Owner": "Platform",
              "Project": "Sentinel",
              "kubernetes.io/cluster/sentinel-eks-gateway": "shared",
              "kubernetes.io/role/elb": "1"
            },
            "timeouts": null,
            "vpc_id": "vpc-0d86801efc0555088"
          },
          "sensitive_attributes": [],
          "identity_schema_version": 0,
          "identity": {
            "account_id": "928470004462",
            "id": "subnet-0ebaf1a2bf29ff6f4",
            "region": "eu-west-2"
          },
          "private": "eyJlMmJmYjczMC1lY2FhLTExZTYtOGY4OC0zNDM2M2JjN2M0YzAiOnsiY3JlYXRlIjo2MDAwMDAwMDAwMDAsImRlbGV0ZSI6MTIwMDAwMDAwMDAwMH0sInNjaGVtYV92ZXJzaW9uIjoiMSJ9",
          "dependencies": [
            "module.vpc_gateway.aws_vpc.this",
            "module.vpc_gateway.data.aws_availability_zones.this"
          ]
        }
      ]
    },
    {
      "module": "module.vpc_gateway",
      "mode": "managed",
      "type": "aws_vpc",
      "name": "this",
      "provider": "provider[\"registry.terraform.io/hashicorp/aws\"]",
      "instances": [
        {
          "schema_version": 1,
          "attributes": {
            "arn": "arn:aws:ec2:eu-west-2:928470004462:vpc/vpc-0d86801efc0555088",
            "assign_generated_ipv6_cidr_block": false,
            "cidr_block": "10.10.0.0/16",
            "default_network_acl_id": "acl-0b4e4338d7a4c169f",
            "default_route_table_id": "rtb-0af9438df93c82e0e",
            "default_security_group_id": "sg-005da8cd52908ae98",
            "dhcp_options_id": "dopt-04f788a94684bdb20",
            "enable_dns_hostnames": true,
            "enable_dns_support": true,
            "enable_network_address_usage_metrics": false,
            "id": "vpc-0d86801efc0555088",
            "instance_tenancy": "default",
            "ipv4_ipam_pool_id": null,
            "ipv4_netmask_length": null,
            "ipv6_association_id": "",
            "ipv6_cidr_block": "",
            "ipv6_cidr_block_network_border_group": "",
            "ipv6_ipam_pool_id": "",
            "ipv6_netmask_length": 0,
            "main_route_table_id": "rtb-0af9438df93c82e0e",
            "owner_id": "928470004462",
            "region": "eu-west-2",
            "tags": {
              "Name": "sentinel-gateway",
              "Owner": "Platform",
              "Project": "Sentinel"
            },
            "tags_all": {
              "Name": "sentinel-gateway",
              "Owner": "Platform",
              "Project": "Sentinel"
            }
          },
          "sensitive_attributes": [],
          "identity_schema_version": 0,
          "private": "eyJzY2hlbWFfdmVyc2lvbiI6IjEifQ=="
        }
      ]
    },
    {
      "module": "module.vpc_gateway",
      "mode": "managed",
      "type": "aws_vpc_endpoint",
      "name": "gateway",
      "provider": "provider[\"registry.terraform.io/hashicorp/aws\"]",
      "instances": [
        {
          "index_key": "s3",
          "schema_version": 0,
          "attributes": {
            "arn": "arn:aws:ec2:eu-west-2:928470004462:vpc-endpoint/vpce-03adda44dff134ca8",
            "auto_accept": null,
            "cidr_blocks": [
              "52.95.150.0/24",
              "52.95.191.0/24",
              "52.95.142.0/23",
              "16.12.16.0/23",
              "3.5.244.0/22",
              "52.219.219.0/24",
              "52.95.144.0/24",
              "52.95.148.0/23",
              "16.12.15.0/24"
            ],
            "dns_entry": [],
            "dns_options": [],
            "id": "vpce-03adda44dff134ca8",
            "ip_address_type": "",
            "network_interface_ids": [],
            "owner_id": "928470004462",
            "policy": "{\"Statement\":[{\"Action\":\"*\",\"Effect\":\"Allow\",\"Principal\":\"*\",\"Resource\":\"*\"}],\"Version\":\"2008-10-17\"}",
            "prefix_list_id": "pl-7ca54015",
            "private_dns_enabled": false,
            "region": "eu-west-2",
            "requester_managed": false,
            "resource_configuration_arn": "",
            "route_table_ids": [
              "rtb-064bec8f77a296f91",
              "rtb-0d9a5b2889c6963e3"
            ],
            "security_group_ids": [],
            "service_name": "com.amazonaws.eu-west-2.s3",
            "service_network_arn": "",
            "service_region": "eu-west-2",
            "state": "available",
            "subnet_configuration": [],
            "subnet_ids": [],
            "tags": {
              "Name": "sentinel-gateway-vpce-s3",
              "Owner": "Platform",
              "Project": "Sentinel"
            },
            "tags_all": {
              "Name": "sentinel-gateway-vpce-s3",
              "Owner": "Platform",
              "Project": "Sentinel"
            },
            "timeouts": null,
            "vpc_endpoint_type": "Gateway",
            "vpc_id": "vpc-0d86801efc0555088"
          },
          "sensitive_attributes": [],
          "identity_schema_version": 0,
          "private": "eyJlMmJmYjczMC1lY2FhLTExZTYtOGY4OC0zNDM2M2JjN2M0YzAiOnsiY3JlYXRlIjo2MDAwMDAwMDAwMDAsImRlbGV0ZSI6NjAwMDAwMDAwMDAwLCJ1cGRhdGUiOjYwMDAwMDAwMDAwMH19",
          "dependencies": [
            "module.vpc_gateway.aws_route_table.private",
            "module.vpc_gateway.aws_subnet.private",
            "module.vpc_gateway.aws_vpc.this",
            "module.vpc_gateway.data.aws_availability_zones.this",
            "module.vpc_gateway.data.aws_region.current"
          ]
        }
      ]
    },
    {
      "module": "module.vpc_gateway",
      "mode": "managed",
      "type": "aws_vpc_endpoint",
      "name": "interface",
      "provider": "provider[\"registry.terraform.io/hashicorp/aws\"]",
      "instances": [
        {
          "index_key": "com.amazonaws.eu-west-2.ec2",
          "schema_version": 0,
          "attributes": {
            "arn": "arn:aws:ec2:eu-west-2:928470004462:vpc-endpoint/vpce-0aeacaff06984f416",
            "auto_accept": null,
            "cidr_blocks": [],
            "dns_entry": [
              {
                "dns_name": "vpce-0aeacaff06984f416-rnnakvp5.ec2.eu-west-2.vpce.amazonaws.com",
                "hosted_zone_id": "Z7K1066E3PUKB"
              },
              {
                "dns_name": "vpce-0aeacaff06984f416-rnnakvp5-eu-west-2b.ec2.eu-west-2.vpce.amazonaws.com",
                "hosted_zone_id": "Z7K1066E3PUKB"
              },
              {
                "dns_name": "vpce-0aeacaff06984f416-rnnakvp5-eu-west-2a.ec2.eu-west-2.vpce.amazonaws.com",
                "hosted_zone_id": "Z7K1066E3PUKB"
              },
              {
                "dns_name": "ec2.eu-west-2.amazonaws.com",
                "hosted_zone_id": "Z10302715ILCE1WRF5VM"
              },
              {
                "dns_name": "ec2.eu-west-2.api.aws",
                "hosted_zone_id": "Z05095711SHBT1XVNIVV5"
              }
            ],
            "dns_options": [
              {
                "dns_record_ip_type": "ipv4",
                "private_dns_only_for_inbound_resolver_endpoint": false
              }
            ],
            "id": "vpce-0aeacaff06984f416",
            "ip_address_type": "ipv4",
            "network_interface_ids": [
              "eni-08d195643af476038",
              "eni-0c06c412437e2ff74"
            ],
            "owner_id": "928470004462",
            "policy": "{\"Statement\":[{\"Action\":\"*\",\"Effect\":\"Allow\",\"Principal\":\"*\",\"Resource\":\"*\"}]}",
            "prefix_list_id": null,
            "private_dns_enabled": true,
            "region": "eu-west-2",
            "requester_managed": false,
            "resource_configuration_arn": "",
            "route_table_ids": [],
            "security_group_ids": [
              "sg-00e7083b25c608201"
            ],
            "service_name": "com.amazonaws.eu-west-2.ec2",
            "service_network_arn": "",
            "service_region": "eu-west-2",
            "state": "available",
            "subnet_configuration": [
              {
                "ipv4": "10.10.1.189",
                "ipv6": "",
                "subnet_id": "subnet-0de22c7663fb4d8c6"
              },
              {
                "ipv4": "10.10.2.14",
                "ipv6": "",
                "subnet_id": "subnet-007a1885b07895285"
              }
            ],
            "subnet_ids": [
              "subnet-007a1885b07895285",
              "subnet-0de22c7663fb4d8c6"
            ],
            "tags": {
              "Name": "sentinel-gateway-vpce-ec2",
              "Owner": "Platform",
              "Project": "Sentinel"
            },
            "tags_all": {
              "Name": "sentinel-gateway-vpce-ec2",
              "Owner": "Platform",
              "Project": "Sentinel"
            },
            "timeouts": null,
            "vpc_endpoint_type": "Interface",
            "vpc_id": "vpc-0d86801efc0555088"
          },
          "sensitive_attributes": [],
          "identity_schema_version": 0,
          "private": "eyJlMmJmYjczMC1lY2FhLTExZTYtOGY4OC0zNDM2M2JjN2M0YzAiOnsiY3JlYXRlIjo2MDAwMDAwMDAwMDAsImRlbGV0ZSI6NjAwMDAwMDAwMDAwLCJ1cGRhdGUiOjYwMDAwMDAwMDAwMH19",
          "dependencies": [
            "module.vpc_gateway.aws_security_group.endpoints",
            "module.vpc_gateway.aws_subnet.private",
            "module.vpc_gateway.aws_vpc.this",
            "module.vpc_gateway.data.aws_availability_zones.this",
            "module.vpc_gateway.data.aws_region.current"
          ]
        },
        {
          "index_key": "com.amazonaws.eu-west-2.ec2messages",
          "schema_version": 0,
          "attributes": {
            "arn": "arn:aws:ec2:eu-west-2:928470004462:vpc-endpoint/vpce-0c276ba99068be714",
            "auto_accept": null,
            "cidr_blocks": [],
            "dns_entry": [
              {
                "dns_name": "vpce-0c276ba99068be714-gwfsvsl7.ec2messages.eu-west-2.vpce.amazonaws.com",
                "hosted_zone_id": "Z7K1066E3PUKB"
              },
              {
                "dns_name": "vpce-0c276ba99068be714-gwfsvsl7-eu-west-2b.ec2messages.eu-west-2.vpce.amazonaws.com",
                "hosted_zone_id": "Z7K1066E3PUKB"
              },
              {
                "dns_name": "vpce-0c276ba99068be714-gwfsvsl7-eu-west-2a.ec2messages.eu-west-2.vpce.amazonaws.com",
                "hosted_zone_id": "Z7K1066E3PUKB"
              },
              {
                "dns_name": "ec2messages.eu-west-2.amazonaws.com",
                "hosted_zone_id": "Z10292522C466IXX6OB08"
              }
            ],
            "dns_options": [
              {
                "dns_record_ip_type": "ipv4",
                "private_dns_only_for_inbound_resolver_endpoint": false
              }
            ],
            "id": "vpce-0c276ba99068be714",
            "ip_address_type": "ipv4",
            "network_interface_ids": [
              "eni-019f4f530e5143e93",
              "eni-04d59087ac0818c6a"
            ],
            "owner_id": "928470004462",
            "policy": "{\"Statement\":[{\"Action\":\"*\",\"Effect\":\"Allow\",\"Principal\":\"*\",\"Resource\":\"*\"}]}",
            "prefix_list_id": null,
            "private_dns_enabled": true,
            "region": "eu-west-2",
            "requester_managed": false,
            "resource_configuration_arn": "",
            "route_table_ids": [],
            "security_group_ids": [
              "sg-00e7083b25c608201"
            ],
            "service_name": "com.amazonaws.eu-west-2.ec2messages",
            "service_network_arn": "",
            "service_region": "eu-west-2",
            "state": "available",
            "subnet_configuration": [
              {
                "ipv4": "10.10.1.138",
                "ipv6": "",
                "subnet_id": "subnet-0de22c7663fb4d8c6"
              },
              {
                "ipv4": "10.10.2.143",
                "ipv6": "",
                "subnet_id": "subnet-007a1885b07895285"
              }
            ],
            "subnet_ids": [
              "subnet-007a1885b07895285",
              "subnet-0de22c7663fb4d8c6"
            ],
            "tags": {
              "Name": "sentinel-gateway-vpce-ec2messages",
              "Owner": "Platform",
              "Project": "Sentinel"
            },
            "tags_all": {
              "Name": "sentinel-gateway-vpce-ec2messages",
              "Owner": "Platform",
              "Project": "Sentinel"
            },
            "timeouts": null,
            "vpc_endpoint_type": "Interface",
            "vpc_id": "vpc-0d86801efc0555088"
          },
          "sensitive_attributes": [],
          "identity_schema_version": 0,
          "private": "eyJlMmJmYjczMC1lY2FhLTExZTYtOGY4OC0zNDM2M2JjN2M0YzAiOnsiY3JlYXRlIjo2MDAwMDAwMDAwMDAsImRlbGV0ZSI6NjAwMDAwMDAwMDAwLCJ1cGRhdGUiOjYwMDAwMDAwMDAwMH19",
          "dependencies": [
            "module.vpc_gateway.aws_security_group.endpoints",
            "module.vpc_gateway.aws_subnet.private",
            "module.vpc_gateway.aws_vpc.this",
            "module.vpc_gateway.data.aws_availability_zones.this",
            "module.vpc_gateway.data.aws_region.current"
          ]
        },
        {
          "index_key": "com.amazonaws.eu-west-2.ecr.api",
          "schema_version": 0,
          "attributes": {
            "arn": "arn:aws:ec2:eu-west-2:928470004462:vpc-endpoint/vpce-0cd121b2244bb09dc",
            "auto_accept": null,
            "cidr_blocks": [],
            "dns_entry": [
              {
                "dns_name": "vpce-0cd121b2244bb09dc-axsif5tt.api.ecr.eu-west-2.vpce.amazonaws.com",
                "hosted_zone_id": "Z7K1066E3PUKB"
              },
              {
                "dns_name": "vpce-0cd121b2244bb09dc-axsif5tt-eu-west-2a.api.ecr.eu-west-2.vpce.amazonaws.com",
                "hosted_zone_id": "Z7K1066E3PUKB"
              },
              {
                "dns_name": "vpce-0cd121b2244bb09dc-axsif5tt-eu-west-2b.api.ecr.eu-west-2.vpce.amazonaws.com",
                "hosted_zone_id": "Z7K1066E3PUKB"
              },
              {
                "dns_name": "api.ecr.eu-west-2.amazonaws.com",
                "hosted_zone_id": "Z10310263MS82Y61H5WKT"
              },
              {
                "dns_name": "ecr.eu-west-2.api.aws",
                "hosted_zone_id": "Z10309882Y6XRG6PJS1BH"
              }
            ],
            "dns_options": [
              {
                "dns_record_ip_type": "ipv4",
                "private_dns_only_for_inbound_resolver_endpoint": false
              }
            ],
            "id": "vpce-0cd121b2244bb09dc",
            "ip_address_type": "ipv4",
            "network_interface_ids": [
              "eni-0448e3dc0e6345d98",
              "eni-07dfb2da018432130"
            ],
            "owner_id": "928470004462",
            "policy": "{\"Statement\":[{\"Action\":\"*\",\"Effect\":\"Allow\",\"Principal\":\"*\",\"Resource\":\"*\"}]}",
            "prefix_list_id": null,
            "private_dns_enabled": true,
            "region": "eu-west-2",
            "requester_managed": false,
            "resource_configuration_arn": "",
            "route_table_ids": [],
            "security_group_ids": [
              "sg-00e7083b25c608201"
            ],
            "service_name": "com.amazonaws.eu-west-2.ecr.api",
            "service_network_arn": "",
            "service_region": "eu-west-2",
            "state": "available",
            "subnet_configuration": [
              {
                "ipv4": "10.10.1.188",
                "ipv6": "",
                "subnet_id": "subnet-0de22c7663fb4d8c6"
              },
              {
                "ipv4": "10.10.2.77",
                "ipv6": "",
                "subnet_id": "subnet-007a1885b07895285"
              }
            ],
            "subnet_ids": [
              "subnet-007a1885b07895285",
              "subnet-0de22c7663fb4d8c6"
            ],
            "tags": {
              "Name": "sentinel-gateway-vpce-ecr.api",
              "Owner": "Platform",
              "Project": "Sentinel"
            },
            "tags_all": {
              "Name": "sentinel-gateway-vpce-ecr.api",
              "Owner": "Platform",
              "Project": "Sentinel"
            },
            "timeouts": null,
            "vpc_endpoint_type": "Interface",
            "vpc_id": "vpc-0d86801efc0555088"
          },
          "sensitive_attributes": [],
          "identity_schema_version": 0,
          "private": "eyJlMmJmYjczMC1lY2FhLTExZTYtOGY4OC0zNDM2M2JjN2M0YzAiOnsiY3JlYXRlIjo2MDAwMDAwMDAwMDAsImRlbGV0ZSI6NjAwMDAwMDAwMDAwLCJ1cGRhdGUiOjYwMDAwMDAwMDAwMH19",
          "dependencies": [
            "module.vpc_gateway.aws_security_group.endpoints",
            "module.vpc_gateway.aws_subnet.private",
            "module.vpc_gateway.aws_vpc.this",
            "module.vpc_gateway.data.aws_availability_zones.this",
            "module.vpc_gateway.data.aws_region.current"
          ]
        },
        {
          "index_key": "com.amazonaws.eu-west-2.ecr.dkr",
          "schema_version": 0,
          "attributes": {
            "arn": "arn:aws:ec2:eu-west-2:928470004462:vpc-endpoint/vpce-033203ae6549d83ff",
            "auto_accept": null,
            "cidr_blocks": [],
            "dns_entry": [
              {
                "dns_name": "vpce-033203ae6549d83ff-0q08e5vm.dkr.ecr.eu-west-2.vpce.amazonaws.com",
                "hosted_zone_id": "Z7K1066E3PUKB"
              },
              {
                "dns_name": "vpce-033203ae6549d83ff-0q08e5vm-eu-west-2a.dkr.ecr.eu-west-2.vpce.amazonaws.com",
                "hosted_zone_id": "Z7K1066E3PUKB"
              },
              {
                "dns_name": "vpce-033203ae6549d83ff-0q08e5vm-eu-west-2b.dkr.ecr.eu-west-2.vpce.amazonaws.com",
                "hosted_zone_id": "Z7K1066E3PUKB"
              },
              {
                "dns_name": "dkr.ecr.eu-west-2.amazonaws.com",
                "hosted_zone_id": "Z03875013S5M36HY52O6Z"
              },
              {
                "dns_name": "*.dkr.ecr.eu-west-2.amazonaws.com",
                "hosted_zone_id": "Z03875013S5M36HY52O6Z"
              },
              {
                "dns_name": "dkr-ecr.eu-west-2.on.aws",
                "hosted_zone_id": "Z03880593POSELVN48QIS"
              },
              {
                "dns_name": "*.dkr-ecr.eu-west-2.on.aws",
                "hosted_zone_id": "Z03880593POSELVN48QIS"
              }
            ],
            "dns_options": [
              {
                "dns_record_ip_type": "ipv4",
                "private_dns_only_for_inbound_resolver_endpoint": false
              }
            ],
            "id": "vpce-033203ae6549d83ff",
            "ip_address_type": "ipv4",
            "network_interface_ids": [
              "eni-03fdbc45a4c24cd74",
              "eni-0cb140da532d53804"
            ],
            "owner_id": "928470004462",
            "policy": "{\"Statement\":[{\"Action\":\"*\",\"Effect\":\"Allow\",\"Principal\":\"*\",\"Resource\":\"*\"}]}",
            "prefix_list_id": null,
            "private_dns_enabled": true,
            "region": "eu-west-2",
            "requester_managed": false,
            "resource_configuration_arn": "",
            "route_table_ids": [],
            "security_group_ids": [
              "sg-00e7083b25c608201"
            ],
            "service_name": "com.amazonaws.eu-west-2.ecr.dkr",
            "service_network_arn": "",
            "service_region": "eu-west-2",
            "state": "available",
            "subnet_configuration": [
              {
                "ipv4": "10.10.1.193",
                "ipv6": "",
                "subnet_id": "subnet-0de22c7663fb4d8c6"
              },
              {
                "ipv4": "10.10.2.203",
                "ipv6": "",
                "subnet_id": "subnet-007a1885b07895285"
              }
            ],
            "subnet_ids": [
              "subnet-007a1885b07895285",
              "subnet-0de22c7663fb4d8c6"
            ],
            "tags": {
              "Name": "sentinel-gateway-vpce-ecr.dkr",
              "Owner": "Platform",
              "Project": "Sentinel"
            },
            "tags_all": {
              "Name": "sentinel-gateway-vpce-ecr.dkr",
              "Owner": "Platform",
              "Project": "Sentinel"
            },
            "timeouts": null,
            "vpc_endpoint_type": "Interface",
            "vpc_id": "vpc-0d86801efc0555088"
          },
          "sensitive_attributes": [],
          "identity_schema_version": 0,
          "private": "eyJlMmJmYjczMC1lY2FhLTExZTYtOGY4OC0zNDM2M2JjN2M0YzAiOnsiY3JlYXRlIjo2MDAwMDAwMDAwMDAsImRlbGV0ZSI6NjAwMDAwMDAwMDAwLCJ1cGRhdGUiOjYwMDAwMDAwMDAwMH19",
          "dependencies": [
            "module.vpc_gateway.aws_security_group.endpoints",
            "module.vpc_gateway.aws_subnet.private",
            "module.vpc_gateway.aws_vpc.this",
            "module.vpc_gateway.data.aws_availability_zones.this",
            "module.vpc_gateway.data.aws_region.current"
          ]
        },
        {
          "index_key": "com.amazonaws.eu-west-2.kms",
          "schema_version": 0,
          "attributes": {
            "arn": "arn:aws:ec2:eu-west-2:928470004462:vpc-endpoint/vpce-0e3b2b36b8623dbba",
            "auto_accept": null,
            "cidr_blocks": [],
            "dns_entry": [
              {
                "dns_name": "vpce-0e3b2b36b8623dbba-ftgmn4p3.kms.eu-west-2.vpce.amazonaws.com",
                "hosted_zone_id": "Z7K1066E3PUKB"
              },
              {
                "dns_name": "vpce-0e3b2b36b8623dbba-ftgmn4p3-eu-west-2a.kms.eu-west-2.vpce.amazonaws.com",
                "hosted_zone_id": "Z7K1066E3PUKB"
              },
              {
                "dns_name": "vpce-0e3b2b36b8623dbba-ftgmn4p3-eu-west-2b.kms.eu-west-2.vpce.amazonaws.com",
                "hosted_zone_id": "Z7K1066E3PUKB"
              },
              {
                "dns_name": "kms.eu-west-2.amazonaws.com",
                "hosted_zone_id": "Z03871892C7CAA0Z1OYS9"
              },
              {
                "dns_name": "kms.eu-west-2.api.aws",
                "hosted_zone_id": "Z10197581H8M3ERCUUWQ0"
              }
            ],
            "dns_options": [
              {
                "dns_record_ip_type": "ipv4",
                "private_dns_only_for_inbound_resolver_endpoint": false
              }
            ],
            "id": "vpce-0e3b2b36b8623dbba",
            "ip_address_type": "ipv4",
            "network_interface_ids": [
              "eni-01c46ffbab30914b8",
              "eni-0789bbdf6b6b7927f"
            ],
            "owner_id": "928470004462",
            "policy": "{\"Statement\":[{\"Action\":\"*\",\"Effect\":\"Allow\",\"Principal\":\"*\",\"Resource\":\"*\"}]}",
            "prefix_list_id": null,
            "private_dns_enabled": true,
            "region": "eu-west-2",
            "requester_managed": false,
            "resource_configuration_arn": "",
            "route_table_ids": [],
            "security_group_ids": [
              "sg-00e7083b25c608201"
            ],
            "service_name": "com.amazonaws.eu-west-2.kms",
            "service_network_arn": "",
            "service_region": "eu-west-2",
            "state": "available",
            "subnet_configuration": [
              {
                "ipv4": "10.10.1.43",
                "ipv6": "",
                "subnet_id": "subnet-0de22c7663fb4d8c6"
              },
              {
                "ipv4": "10.10.2.145",
                "ipv6": "",
                "subnet_id": "subnet-007a1885b07895285"
              }
            ],
            "subnet_ids": [
              "subnet-007a1885b07895285",
              "subnet-0de22c7663fb4d8c6"
            ],
            "tags": {
              "Name": "sentinel-gateway-vpce-kms",
              "Owner": "Platform",
              "Project": "Sentinel"
            },
            "tags_all": {
              "Name": "sentinel-gateway-vpce-kms",
              "Owner": "Platform",
              "Project": "Sentinel"
            },
            "timeouts": null,
            "vpc_endpoint_type": "Interface",
            "vpc_id": "vpc-0d86801efc0555088"
          },
          "sensitive_attributes": [],
          "identity_schema_version": 0,
          "private": "eyJlMmJmYjczMC1lY2FhLTExZTYtOGY4OC0zNDM2M2JjN2M0YzAiOnsiY3JlYXRlIjo2MDAwMDAwMDAwMDAsImRlbGV0ZSI6NjAwMDAwMDAwMDAwLCJ1cGRhdGUiOjYwMDAwMDAwMDAwMH19",
          "dependencies": [
            "module.vpc_gateway.aws_security_group.endpoints",
            "module.vpc_gateway.aws_subnet.private",
            "module.vpc_gateway.aws_vpc.this",
            "module.vpc_gateway.data.aws_availability_zones.this",
            "module.vpc_gateway.data.aws_region.current"
          ]
        },
        {
          "index_key": "com.amazonaws.eu-west-2.logs",
          "schema_version": 0,
          "attributes": {
            "arn": "arn:aws:ec2:eu-west-2:928470004462:vpc-endpoint/vpce-0f788db502ae28543",
            "auto_accept": null,
            "cidr_blocks": [],
            "dns_entry": [
              {
                "dns_name": "vpce-0f788db502ae28543-zum2mkot.logs.eu-west-2.vpce.amazonaws.com",
                "hosted_zone_id": "Z7K1066E3PUKB"
              },
              {
                "dns_name": "vpce-0f788db502ae28543-zum2mkot-eu-west-2a.logs.eu-west-2.vpce.amazonaws.com",
                "hosted_zone_id": "Z7K1066E3PUKB"
              },
              {
                "dns_name": "vpce-0f788db502ae28543-zum2mkot-eu-west-2b.logs.eu-west-2.vpce.amazonaws.com",
                "hosted_zone_id": "Z7K1066E3PUKB"
              },
              {
                "dns_name": "logs.eu-west-2.amazonaws.com",
                "hosted_zone_id": "Z01400163TT7ACXXOSE39"
              },
              {
                "dns_name": "logs.eu-west-2.api.aws",
                "hosted_zone_id": "Z05104811XDAFIQGJB7HN"
              },
              {
                "dns_name": "streaming-logs.eu-west-2.api.aws",
                "hosted_zone_id": "Z05118352EODLEQ9TWDCW"
              },
              {
                "dns_name": "streaming-logs.eu-west-2.amazonaws.com",
                "hosted_zone_id": "Z10297501M8179VVAULNO"
              }
            ],
            "dns_options": [
              {
                "dns_record_ip_type": "ipv4",
                "private_dns_only_for_inbound_resolver_endpoint": false
              }
            ],
            "id": "vpce-0f788db502ae28543",
            "ip_address_type": "ipv4",
            "network_interface_ids": [
              "eni-03bb0955e8fb1f2b5",
              "eni-0f85a93f64fd2a56b"
            ],
            "owner_id": "928470004462",
            "policy": "{\"Statement\":[{\"Action\":\"*\",\"Effect\":\"Allow\",\"Principal\":\"*\",\"Resource\":\"*\"}]}",
            "prefix_list_id": null,
            "private_dns_enabled": true,
            "region": "eu-west-2",
            "requester_managed": false,
            "resource_configuration_arn": "",
            "route_table_ids": [],
            "security_group_ids": [
              "sg-00e7083b25c608201"
            ],
            "service_name": "com.amazonaws.eu-west-2.logs",
            "service_network_arn": "",
            "service_region": "eu-west-2",
            "state": "available",
            "subnet_configuration": [
              {
                "ipv4": "10.10.1.224",
                "ipv6": "",
                "subnet_id": "subnet-0de22c7663fb4d8c6"
              },
              {
                "ipv4": "10.10.2.230",
                "ipv6": "",
                "subnet_id": "subnet-007a1885b07895285"
              }
            ],
            "subnet_ids": [
              "subnet-007a1885b07895285",
              "subnet-0de22c7663fb4d8c6"
            ],
            "tags": {
              "Name": "sentinel-gateway-vpce-logs",
              "Owner": "Platform",
              "Project": "Sentinel"
            },
            "tags_all": {
              "Name": "sentinel-gateway-vpce-logs",
              "Owner": "Platform",
              "Project": "Sentinel"
            },
            "timeouts": null,
            "vpc_endpoint_type": "Interface",
            "vpc_id": "vpc-0d86801efc0555088"
          },
          "sensitive_attributes": [],
          "identity_schema_version": 0,
          "private": "eyJlMmJmYjczMC1lY2FhLTExZTYtOGY4OC0zNDM2M2JjN2M0YzAiOnsiY3JlYXRlIjo2MDAwMDAwMDAwMDAsImRlbGV0ZSI6NjAwMDAwMDAwMDAwLCJ1cGRhdGUiOjYwMDAwMDAwMDAwMH19",
          "dependencies": [
            "module.vpc_gateway.aws_security_group.endpoints",
            "module.vpc_gateway.aws_subnet.private",
            "module.vpc_gateway.aws_vpc.this",
            "module.vpc_gateway.data.aws_availability_zones.this",
            "module.vpc_gateway.data.aws_region.current"
          ]
        },
        {
          "index_key": "com.amazonaws.eu-west-2.secretsmanager",
          "schema_version": 0,
          "attributes": {
            "arn": "arn:aws:ec2:eu-west-2:928470004462:vpc-endpoint/vpce-0da9363500ec413e5",
            "auto_accept": null,
            "cidr_blocks": [],
            "dns_entry": [
              {
                "dns_name": "vpce-0da9363500ec413e5-icr0diee.secretsmanager.eu-west-2.vpce.amazonaws.com",
                "hosted_zone_id": "Z7K1066E3PUKB"
              },
              {
                "dns_name": "vpce-0da9363500ec413e5-icr0diee-eu-west-2b.secretsmanager.eu-west-2.vpce.amazonaws.com",
                "hosted_zone_id": "Z7K1066E3PUKB"
              },
              {
                "dns_name": "vpce-0da9363500ec413e5-icr0diee-eu-west-2a.secretsmanager.eu-west-2.vpce.amazonaws.com",
                "hosted_zone_id": "Z7K1066E3PUKB"
              },
              {
                "dns_name": "secretsmanager.eu-west-2.amazonaws.com",
                "hosted_zone_id": "Z01394091NJP3L1HTIPNS"
              }
            ],
            "dns_options": [
              {
                "dns_record_ip_type": "ipv4",
                "private_dns_only_for_inbound_resolver_endpoint": false
              }
            ],
            "id": "vpce-0da9363500ec413e5",
            "ip_address_type": "ipv4",
            "network_interface_ids": [
              "eni-0994452d42bd81af3",
              "eni-0cf505b0797b49b53"
            ],
            "owner_id": "928470004462",
            "policy": "{\"Statement\":[{\"Action\":\"*\",\"Effect\":\"Allow\",\"Principal\":\"*\",\"Resource\":\"*\"}]}",
            "prefix_list_id": null,
            "private_dns_enabled": true,
            "region": "eu-west-2",
            "requester_managed": false,
            "resource_configuration_arn": "",
            "route_table_ids": [],
            "security_group_ids": [
              "sg-00e7083b25c608201"
            ],
            "service_name": "com.amazonaws.eu-west-2.secretsmanager",
            "service_network_arn": "",
            "service_region": "eu-west-2",
            "state": "available",
            "subnet_configuration": [
              {
                "ipv4": "10.10.1.111",
                "ipv6": "",
                "subnet_id": "subnet-0de22c7663fb4d8c6"
              },
              {
                "ipv4": "10.10.2.195",
                "ipv6": "",
                "subnet_id": "subnet-007a1885b07895285"
              }
            ],
            "subnet_ids": [
              "subnet-007a1885b07895285",
              "subnet-0de22c7663fb4d8c6"
            ],
            "tags": {
              "Name": "sentinel-gateway-vpce-secretsmanager",
              "Owner": "Platform",
              "Project": "Sentinel"
            },
            "tags_all": {
              "Name": "sentinel-gateway-vpce-secretsmanager",
              "Owner": "Platform",
              "Project": "Sentinel"
            },
            "timeouts": null,
            "vpc_endpoint_type": "Interface",
            "vpc_id": "vpc-0d86801efc0555088"
          },
          "sensitive_attributes": [],
          "identity_schema_version": 0,
          "private": "eyJlMmJmYjczMC1lY2FhLTExZTYtOGY4OC0zNDM2M2JjN2M0YzAiOnsiY3JlYXRlIjo2MDAwMDAwMDAwMDAsImRlbGV0ZSI6NjAwMDAwMDAwMDAwLCJ1cGRhdGUiOjYwMDAwMDAwMDAwMH19",
          "dependencies": [
            "module.vpc_gateway.aws_security_group.endpoints",
            "module.vpc_gateway.aws_subnet.private",
            "module.vpc_gateway.aws_vpc.this",
            "module.vpc_gateway.data.aws_availability_zones.this",
            "module.vpc_gateway.data.aws_region.current"
          ]
        },
        {
          "index_key": "com.amazonaws.eu-west-2.ssm",
          "schema_version": 0,
          "attributes": {
            "arn": "arn:aws:ec2:eu-west-2:928470004462:vpc-endpoint/vpce-0aa88118b509f4edc",
            "auto_accept": null,
            "cidr_blocks": [],
            "dns_entry": [
              {
                "dns_name": "vpce-0aa88118b509f4edc-m9f4ugyw.ssm.eu-west-2.vpce.amazonaws.com",
                "hosted_zone_id": "Z7K1066E3PUKB"
              },
              {
                "dns_name": "vpce-0aa88118b509f4edc-m9f4ugyw-eu-west-2a.ssm.eu-west-2.vpce.amazonaws.com",
                "hosted_zone_id": "Z7K1066E3PUKB"
              },
              {
                "dns_name": "vpce-0aa88118b509f4edc-m9f4ugyw-eu-west-2b.ssm.eu-west-2.vpce.amazonaws.com",
                "hosted_zone_id": "Z7K1066E3PUKB"
              },
              {
                "dns_name": "ssm.eu-west-2.amazonaws.com",
                "hosted_zone_id": "Z038675827MYSQX0ZUGRU"
              },
              {
                "dns_name": "ssm.eu-west-2.api.aws",
                "hosted_zone_id": "Z03871513LM428R96CZ7S"
              }
            ],
            "dns_options": [
              {
                "dns_record_ip_type": "ipv4",
                "private_dns_only_for_inbound_resolver_endpoint": false
              }
            ],
            "id": "vpce-0aa88118b509f4edc",
            "ip_address_type": "ipv4",
            "network_interface_ids": [
              "eni-042f5cf68e96e18d2",
              "eni-09553ba6c5b53d8dd"
            ],
            "owner_id": "928470004462",
            "policy": "{\"Statement\":[{\"Action\":\"*\",\"Effect\":\"Allow\",\"Principal\":\"*\",\"Resource\":\"*\"}]}",
            "prefix_list_id": null,
            "private_dns_enabled": true,
            "region": "eu-west-2",
            "requester_managed": false,
            "resource_configuration_arn": "",
            "route_table_ids": [],
            "security_group_ids": [
              "sg-00e7083b25c608201"
            ],
            "service_name": "com.amazonaws.eu-west-2.ssm",
            "service_network_arn": "",
            "service_region": "eu-west-2",
            "state": "available",
            "subnet_configuration": [
              {
                "ipv4": "10.10.1.122",
                "ipv6": "",
                "subnet_id": "subnet-0de22c7663fb4d8c6"
              },
              {
                "ipv4": "10.10.2.20",
                "ipv6": "",
                "subnet_id": "subnet-007a1885b07895285"
              }
            ],
            "subnet_ids": [
              "subnet-007a1885b07895285",
              "subnet-0de22c7663fb4d8c6"
            ],
            "tags": {
              "Name": "sentinel-gateway-vpce-ssm",
              "Owner": "Platform",
              "Project": "Sentinel"
            },
            "tags_all": {
              "Name": "sentinel-gateway-vpce-ssm",
              "Owner": "Platform",
              "Project": "Sentinel"
            },
            "timeouts": null,
            "vpc_endpoint_type": "Interface",
            "vpc_id": "vpc-0d86801efc0555088"
          },
          "sensitive_attributes": [],
          "identity_schema_version": 0,
          "private": "eyJlMmJmYjczMC1lY2FhLTExZTYtOGY4OC0zNDM2M2JjN2M0YzAiOnsiY3JlYXRlIjo2MDAwMDAwMDAwMDAsImRlbGV0ZSI6NjAwMDAwMDAwMDAwLCJ1cGRhdGUiOjYwMDAwMDAwMDAwMH19",
          "dependencies": [
            "module.vpc_gateway.aws_security_group.endpoints",
            "module.vpc_gateway.aws_subnet.private",
            "module.vpc_gateway.aws_vpc.this",
            "module.vpc_gateway.data.aws_availability_zones.this",
            "module.vpc_gateway.data.aws_region.current"
          ]
        },
        {
          "index_key": "com.amazonaws.eu-west-2.ssmmessages",
          "schema_version": 0,
          "attributes": {
            "arn": "arn:aws:ec2:eu-west-2:928470004462:vpc-endpoint/vpce-010de9c9c6d3e96b2",
            "auto_accept": null,
            "cidr_blocks": [],
            "dns_entry": [
              {
                "dns_name": "vpce-010de9c9c6d3e96b2-jo06k857.ssmmessages.eu-west-2.vpce.amazonaws.com",
                "hosted_zone_id": "Z7K1066E3PUKB"
              },
              {
                "dns_name": "vpce-010de9c9c6d3e96b2-jo06k857-eu-west-2b.ssmmessages.eu-west-2.vpce.amazonaws.com",
                "hosted_zone_id": "Z7K1066E3PUKB"
              },
              {
                "dns_name": "vpce-010de9c9c6d3e96b2-jo06k857-eu-west-2a.ssmmessages.eu-west-2.vpce.amazonaws.com",
                "hosted_zone_id": "Z7K1066E3PUKB"
              },
              {
                "dns_name": "ssmmessages.eu-west-2.amazonaws.com",
                "hosted_zone_id": "Z03873103P1U0L8CVR7K0"
              }
            ],
            "dns_options": [
              {
                "dns_record_ip_type": "ipv4",
                "private_dns_only_for_inbound_resolver_endpoint": false
              }
            ],
            "id": "vpce-010de9c9c6d3e96b2",
            "ip_address_type": "ipv4",
            "network_interface_ids": [
              "eni-001984876449d661a",
              "eni-01f88ce1292ea6161"
            ],
            "owner_id": "928470004462",
            "policy": "{\"Statement\":[{\"Action\":\"*\",\"Effect\":\"Allow\",\"Principal\":\"*\",\"Resource\":\"*\"}]}",
            "prefix_list_id": null,
            "private_dns_enabled": true,
            "region": "eu-west-2",
            "requester_managed": false,
            "resource_configuration_arn": "",
            "route_table_ids": [],
            "security_group_ids": [
              "sg-00e7083b25c608201"
            ],
            "service_name": "com.amazonaws.eu-west-2.ssmmessages",
            "service_network_arn": "",
            "service_region": "eu-west-2",
            "state": "available",
            "subnet_configuration": [
              {
                "ipv4": "10.10.1.13",
                "ipv6": "",
                "subnet_id": "subnet-0de22c7663fb4d8c6"
              },
              {
                "ipv4": "10.10.2.207",
                "ipv6": "",
                "subnet_id": "subnet-007a1885b07895285"
              }
            ],
            "subnet_ids": [
              "subnet-007a1885b07895285",
              "subnet-0de22c7663fb4d8c6"
            ],
            "tags": {
              "Name": "sentinel-gateway-vpce-ssmmessages",
              "Owner": "Platform",
              "Project": "Sentinel"
            },
            "tags_all": {
              "Name": "sentinel-gateway-vpce-ssmmessages",
              "Owner": "Platform",
              "Project": "Sentinel"
            },
            "timeouts": null,
            "vpc_endpoint_type": "Interface",
            "vpc_id": "vpc-0d86801efc0555088"
          },
          "sensitive_attributes": [],
          "identity_schema_version": 0,
          "private": "eyJlMmJmYjczMC1lY2FhLTExZTYtOGY4OC0zNDM2M2JjN2M0YzAiOnsiY3JlYXRlIjo2MDAwMDAwMDAwMDAsImRlbGV0ZSI6NjAwMDAwMDAwMDAwLCJ1cGRhdGUiOjYwMDAwMDAwMDAwMH19",
          "dependencies": [
            "module.vpc_gateway.aws_security_group.endpoints",
            "module.vpc_gateway.aws_subnet.private",
            "module.vpc_gateway.aws_vpc.this",
            "module.vpc_gateway.data.aws_availability_zones.this",
            "module.vpc_gateway.data.aws_region.current"
          ]
        }
      ]
    }
  ],
  "check_results": null
}
