{
  "version": 4,
  "terraform_version": "1.13.1",
  "serial": 1218,
  "lineage": "df42bd02-eaf0-6774-7c86-558be2c3e023",
  "outputs": {},
  "resources": [
    {
      "mode": "data",
      "type": "aws_eks_cluster_auth",
      "name": "backend",
      "provider": "provider[\"registry.terraform.io/hashicorp/aws\"]",
      "instances": [
        {
          "schema_version": 0,
          "attributes": {
            "id": "sentinel-eks-backend",
            "name": "sentinel-eks-backend",
            "region": "eu-west-2",
            "token": "k8s-aws-v1.aHR0cHM6Ly9zdHMuZXUtd2VzdC0yLmFtYXpvbmF3cy5jb20vP0FjdGlvbj1HZXRDYWxsZXJJZGVudGl0eSZWZXJzaW9uPTIwMTEtMDYtMTUmWC1BbXotQWxnb3JpdGhtPUFXUzQtSE1BQy1TSEEyNTYmWC1BbXotQ3JlZGVudGlhbD1BS0lBNVFMSTc2TFhPV0VJQTY3RyUyRjIwMjUwODMxJTJGZXUtd2VzdC0yJTJGc3RzJTJGYXdzNF9yZXF1ZXN0JlgtQW16LURhdGU9MjAyNTA4MzFUMjI1MjMzWiZYLUFtei1FeHBpcmVzPTAmWC1BbXotU2lnbmVkSGVhZGVycz1ob3N0JTNCeC1rOHMtYXdzLWlkJlgtQW16LVNpZ25hdHVyZT1jNjE4MDFmY2Y4NDk2YjY1NjU5ZGY2MTU5NzVhYWJhZjIyNTNjYjFlZmFmMjlhMDNlZTg0NTE4MzNjNmIxYzdj"
          },
          "sensitive_attributes": [
            [
              {
                "type": "get_attr",
                "value": "token"
              }
            ]
          ],
          "identity_schema_version": 0
        }
      ]
    },
    {
      "mode": "managed",
      "type": "aws_security_group",
      "name": "backend_alb",
      "provider": "provider[\"registry.terraform.io/hashicorp/aws\"]",
      "instances": [
        {
          "schema_version": 1,
          "attributes": {
            "arn": "arn:aws:ec2:eu-west-2:928470004462:security-group/sg-045e8199804e925de",
            "description": "Allow HTTP from gateway VPC only",
            "egress": [
              {
                "cidr_blocks": [
                  "0.0.0.0/0"
                ],
                "description": "",
                "from_port": 0,
                "ipv6_cidr_blocks": [],
                "prefix_list_ids": [],
                "protocol": "-1",
                "security_groups": [],
                "self": false,
                "to_port": 0
              }
            ],
            "id": "sg-045e8199804e925de",
            "ingress": [
              {
                "cidr_blocks": [
                  "10.10.0.0/16"
                ],
                "description": "",
                "from_port": 80,
                "ipv6_cidr_blocks": [],
                "prefix_list_ids": [],
                "protocol": "tcp",
                "security_groups": [],
                "self": false,
                "to_port": 80
              }
            ],
            "name": "backend-alb-sg",
            "name_prefix": "",
            "owner_id": "928470004462",
            "region": "eu-west-2",
            "revoke_rules_on_delete": false,
            "tags": {},
            "tags_all": {},
            "timeouts": null,
            "vpc_id": "vpc-0b249c74e19f66de7"
          },
          "sensitive_attributes": [],
          "identity_schema_version": 0,
          "identity": {
            "account_id": "928470004462",
            "id": "sg-045e8199804e925de",
            "region": "eu-west-2"
          },
          "private": "eyJlMmJmYjczMC1lY2FhLTExZTYtOGY4OC0zNDM2M2JjN2M0YzAiOnsiY3JlYXRlIjo2MDAwMDAwMDAwMDAsImRlbGV0ZSI6OTAwMDAwMDAwMDAwfSwic2NoZW1hX3ZlcnNpb24iOiIxIn0=",
          "dependencies": [
            "module.vpc_backend.aws_vpc.this",
            "module.vpc_gateway.aws_vpc.this"
          ]
        }
      ]
    },
    {
      "module": "module.backend_app",
      "mode": "managed",
      "type": "kubernetes_ingress_v1",
      "name": "this",
      "provider": "provider[\"registry.terraform.io/hashicorp/kubernetes\"].backend",
      "instances": [
        {
          "schema_version": 0,
          "attributes": {
            "id": "sentinel-backend/hello-backend",
            "metadata": [
              {
                "annotations": {
                  "alb.ingress.kubernetes.io/scheme": "internal",
                  "alb.ingress.kubernetes.io/security-groups": "sg-045e8199804e925de",
                  "alb.ingress.kubernetes.io/target-type": "ip",
                  "kubernetes.io/ingress.class": "alb"
                },
                "generate_name": "",
                "generation": 1,
                "labels": {},
                "name": "hello-backend",
                "namespace": "sentinel-backend",
                "resource_version": "260312",
                "uid": "aeb60a14-4156-40a3-b2e5-e004ab9661b7"
              }
            ],
            "spec": [
              {
                "default_backend": [],
                "ingress_class_name": "",
                "rule": [
                  {
                    "host": "",
                    "http": [
                      {
                        "path": [
                          {
                            "backend": [
                              {
                                "resource": [],
                                "service": [
                                  {
                                    "name": "hello-backend",
                                    "port": [
                                      {
                                        "name": "",
                                        "number": 80
                                      }
                                    ]
                                  }
                                ]
                              }
                            ],
                            "path": "/",
                            "path_type": "Prefix"
                          }
                        ]
                      }
                    ]
                  }
                ],
                "tls": []
              }
            ],
            "status": [
              {
                "load_balancer": [
                  {
                    "ingress": [
                      {
                        "hostname": "internal-k8s-sentinel-hellobac-a14d3fb6f3-914805094.eu-west-2.elb.amazonaws.com",
                        "ip": ""
                      }
                    ]
                  }
                ]
              }
            ],
            "timeouts": null,
            "wait_for_load_balancer": null
          },
          "sensitive_attributes": [],
          "identity_schema_version": 1,
          "identity": {
            "api_version": "networking.k8s.io/v1",
            "kind": "Ingress",
            "name": "hello-backend",
            "namespace": "sentinel-backend"
          },
          "private": "eyJlMmJmYjczMC1lY2FhLTExZTYtOGY4OC0zNDM2M2JjN2M0YzAiOnsiY3JlYXRlIjoxMjAwMDAwMDAwMDAwLCJkZWxldGUiOjEyMDAwMDAwMDAwMDB9fQ==",
          "dependencies": [
            "aws_security_group.backend_alb",
            "data.aws_eks_cluster_auth.backend",
            "module.backend_app.kubernetes_service.this",
            "module.eks_backend.aws_eks_addon.coredns",
            "module.eks_backend.aws_eks_addon.kube_proxy",
            "module.eks_backend.aws_eks_addon.vpc_cni",
            "module.eks_backend.aws_eks_cluster.this",
            "module.eks_backend.aws_eks_node_group.default",
            "module.eks_backend.aws_iam_openid_connect_provider.this",
            "module.eks_backend.aws_iam_role.cluster",
            "module.eks_backend.aws_iam_role.node",
            "module.eks_backend.aws_iam_role_policy_attachment.cluster_AmazonEKSClusterPolicy",
            "module.eks_backend.aws_iam_role_policy_attachment.cluster_AmazonEKSVPCResourceController",
            "module.eks_backend.aws_iam_role_policy_attachment.node_AmazonEC2ContainerRegistryReadOnly",
            "module.eks_backend.aws_iam_role_policy_attachment.node_AmazonEKSWorkerNodePolicy",
            "module.eks_backend.aws_iam_role_policy_attachment.node_AmazonEKS_CNI_Policy",
            "module.eks_backend.aws_iam_role_policy_attachment.node_AmazonSSMManagedInstanceCore",
            "module.eks_backend.data.aws_caller_identity.current",
            "module.eks_backend.data.aws_partition.current",
            "module.eks_backend.data.aws_region.current",
            "module.eks_backend.data.tls_certificate.oidc_cert",
            "module.vpc_backend.aws_subnet.private",
            "module.vpc_backend.aws_vpc.this",
            "module.vpc_backend.data.aws_availability_zones.this",
            "module.vpc_gateway.aws_vpc.this"
          ]
        }
      ]
    },
    {
      "module": "module.backend_app",
      "mode": "managed",
      "type": "kubernetes_namespace",
      "name": "this",
      "provider": "provider[\"registry.terraform.io/hashicorp/kubernetes\"].backend",
      "instances": [
        {
          "schema_version": 0,
          "attributes": {
            "id": "sentinel-backend",
            "metadata": [
              {
                "annotations": {},
                "generate_name": "",
                "generation": 0,
                "labels": {},
                "name": "sentinel-backend",
                "resource_version": "260258",
                "uid": "edc2de4a-979a-44f4-8a5e-22824a4b9da7"
              }
            ],
            "timeouts": null,
            "wait_for_default_service_account": false
          },
          "sensitive_attributes": [],
          "identity_schema_version": 1,
          "identity": {
            "api_version": "v1",
            "kind": "Namespace",
            "name": "sentinel-backend"
          },
          "private": "eyJlMmJmYjczMC1lY2FhLTExZTYtOGY4OC0zNDM2M2JjN2M0YzAiOnsiZGVsZXRlIjozMDAwMDAwMDAwMDB9fQ==",
          "dependencies": [
            "data.aws_eks_cluster_auth.backend",
            "module.eks_backend.aws_eks_addon.coredns",
            "module.eks_backend.aws_eks_addon.kube_proxy",
            "module.eks_backend.aws_eks_addon.vpc_cni",
            "module.eks_backend.aws_eks_cluster.this",
            "module.eks_backend.aws_eks_node_group.default",
            "module.eks_backend.aws_iam_openid_connect_provider.this",
            "module.eks_backend.aws_iam_role.cluster",
            "module.eks_backend.aws_iam_role.node",
            "module.eks_backend.aws_iam_role_policy_attachment.cluster_AmazonEKSClusterPolicy",
            "module.eks_backend.aws_iam_role_policy_attachment.cluster_AmazonEKSVPCResourceController",
            "module.eks_backend.aws_iam_role_policy_attachment.node_AmazonEC2ContainerRegistryReadOnly",
            "module.eks_backend.aws_iam_role_policy_attachment.node_AmazonEKSWorkerNodePolicy",
            "module.eks_backend.aws_iam_role_policy_attachment.node_AmazonEKS_CNI_Policy",
            "module.eks_backend.aws_iam_role_policy_attachment.node_AmazonSSMManagedInstanceCore",
            "module.eks_backend.data.aws_caller_identity.current",
            "module.eks_backend.data.aws_partition.current",
            "module.eks_backend.data.aws_region.current",
            "module.eks_backend.data.tls_certificate.oidc_cert",
            "module.vpc_backend.aws_subnet.private",
            "module.vpc_backend.aws_vpc.this",
            "module.vpc_backend.data.aws_availability_zones.this"
          ]
        }
      ]
    },
    {
      "module": "module.backend_app",
      "mode": "managed",
      "type": "kubernetes_service",
      "name": "this",
      "provider": "provider[\"registry.terraform.io/hashicorp/kubernetes\"].backend",
      "instances": [
        {
          "schema_version": 1,
          "attributes": {
            "id": "sentinel-backend/hello-backend",
            "metadata": [
              {
                "annotations": {},
                "generate_name": "",
                "generation": 0,
                "labels": {},
                "name": "hello-backend",
                "namespace": "sentinel-backend",
                "resource_version": "289274",
                "uid": "81c20c32-8e70-4e4e-a38d-da4317494fcf"
              }
            ],
            "spec": [
              {
                "allocate_load_balancer_node_ports": true,
                "cluster_ip": "172.20.87.157",
                "cluster_ips": [
                  "172.20.87.157"
                ],
                "external_ips": [],
                "external_name": "",
                "external_traffic_policy": "",
                "health_check_node_port": 0,
                "internal_traffic_policy": "Cluster",
                "ip_families": [
                  "IPv4"
                ],
                "ip_family_policy": "SingleStack",
                "load_balancer_class": "",
                "load_balancer_ip": "",
                "load_balancer_source_ranges": [],
                "port": [
                  {
                    "app_protocol": "",
                    "name": "",
                    "node_port": 0,
                    "port": 80,
                    "protocol": "TCP",
                    "target_port": "8080"
                  }
                ],
                "publish_not_ready_addresses": false,
                "selector": {
                  "app": "hello-backend"
                },
                "session_affinity": "None",
                "session_affinity_config": [],
                "type": "ClusterIP"
              }
            ],
            "status": [
              {
                "load_balancer": [
                  {
                    "ingress": []
                  }
                ]
              }
            ],
            "timeouts": null,
            "wait_for_load_balancer": true
          },
          "sensitive_attributes": [],
          "identity_schema_version": 1,
          "identity": {
            "api_version": "v1",
            "kind": "Service",
            "name": "hello-backend",
            "namespace": "sentinel-backend"
          },
          "private": "eyJlMmJmYjczMC1lY2FhLTExZTYtOGY4OC0zNDM2M2JjN2M0YzAiOnsiY3JlYXRlIjo2MDAwMDAwMDAwMDB9LCJzY2hlbWFfdmVyc2lvbiI6IjEifQ==",
          "dependencies": [
            "data.aws_eks_cluster_auth.backend",
            "module.eks_backend.aws_eks_addon.coredns",
            "module.eks_backend.aws_eks_addon.kube_proxy",
            "module.eks_backend.aws_eks_addon.vpc_cni",
            "module.eks_backend.aws_eks_cluster.this",
            "module.eks_backend.aws_eks_node_group.default",
            "module.eks_backend.aws_iam_openid_connect_provider.this",
            "module.eks_backend.aws_iam_role.cluster",
            "module.eks_backend.aws_iam_role.node",
            "module.eks_backend.aws_iam_role_policy_attachment.cluster_AmazonEKSClusterPolicy",
            "module.eks_backend.aws_iam_role_policy_attachment.cluster_AmazonEKSVPCResourceController",
            "module.eks_backend.aws_iam_role_policy_attachment.node_AmazonEC2ContainerRegistryReadOnly",
            "module.eks_backend.aws_iam_role_policy_attachment.node_AmazonEKSWorkerNodePolicy",
            "module.eks_backend.aws_iam_role_policy_attachment.node_AmazonEKS_CNI_Policy",
            "module.eks_backend.aws_iam_role_policy_attachment.node_AmazonSSMManagedInstanceCore",
            "module.eks_backend.data.aws_caller_identity.current",
            "module.eks_backend.data.aws_partition.current",
            "module.eks_backend.data.aws_region.current",
            "module.eks_backend.data.tls_certificate.oidc_cert",
            "module.vpc_backend.aws_subnet.private",
            "module.vpc_backend.aws_vpc.this",
            "module.vpc_backend.data.aws_availability_zones.this"
          ]
        }
      ]
    },
    {
      "module": "module.eks_backend",
      "mode": "data",
      "type": "aws_caller_identity",
      "name": "current",
      "provider": "provider[\"registry.terraform.io/hashicorp/aws\"]",
      "instances": [
        {
          "schema_version": 0,
          "attributes": {
            "account_id": "928470004462",
            "arn": "arn:aws:iam::928470004462:user/account-vendor",
            "id": "928470004462",
            "user_id": "AIDA5QLI76LXJPIS3WX4J"
          },
          "sensitive_attributes": [],
          "identity_schema_version": 0
        }
      ]
    },
    {
      "module": "module.eks_backend",
      "mode": "data",
      "type": "aws_partition",
      "name": "current",
      "provider": "provider[\"registry.terraform.io/hashicorp/aws\"]",
      "instances": [
        {
          "schema_version": 0,
          "attributes": {
            "dns_suffix": "amazonaws.com",
            "id": "aws",
            "partition": "aws",
            "reverse_dns_prefix": "com.amazonaws"
          },
          "sensitive_attributes": [],
          "identity_schema_version": 0
        }
      ]
    },
    {
      "module": "module.eks_backend",
      "mode": "data",
      "type": "aws_region",
      "name": "current",
      "provider": "provider[\"registry.terraform.io/hashicorp/aws\"]",
      "instances": [
        {
          "schema_version": 0,
          "attributes": {
            "description": "Europe (London)",
            "endpoint": "ec2.eu-west-2.amazonaws.com",
            "id": "eu-west-2",
            "name": "eu-west-2",
            "region": "eu-west-2"
          },
          "sensitive_attributes": [],
          "identity_schema_version": 0
        }
      ]
    },
    {
      "module": "module.eks_backend",
      "mode": "data",
      "type": "tls_certificate",
      "name": "oidc_cert",
      "provider": "provider[\"registry.terraform.io/hashicorp/tls\"]",
      "instances": [
        {
          "schema_version": 0,
          "attributes": {
            "certificates": [
              {
                "cert_pem": "-----BEGIN CERTIFICATE-----\nMIIEkjCCA3qgAwIBAgITBn+USionzfP6wq4rAfkI7rnExjANBgkqhkiG9w0BAQsF\nADCBmDELMAkGA1UEBhMCVVMxEDAOBgNVBAgTB0FyaXpvbmExEzARBgNVBAcTClNj\nb3R0c2RhbGUxJTAjBgNVBAoTHFN0YXJmaWVsZCBUZWNobm9sb2dpZXMsIEluYy4x\nOzA5BgNVBAMTMlN0YXJmaWVsZCBTZXJ2aWNlcyBSb290IENlcnRpZmljYXRlIEF1\ndGhvcml0eSAtIEcyMB4XDTE1MDUyNTEyMDAwMFoXDTM3MTIzMTAxMDAwMFowOTEL\nMAkGA1UEBhMCVVMxDzANBgNVBAoTBkFtYXpvbjEZMBcGA1UEAxMQQW1hem9uIFJv\nb3QgQ0EgMTCCASIwDQYJKoZIhvcNAQEBBQADggEPADCCAQoCggEBALJ4gHHKeNXj\nca9HgFB0fW7Y14h29Jlo91ghYPl0hAEvrAIthtOgQ3pOsqTQNroBvo3bSMgHFzZM\n9O6II8c+6zf1tRn4SWiw3te5djgdYZ6k/oI2peVKVuRF4fn9tBb6dNqcmzU5L/qw\nIFAGbHrQgLKm+a/sRxmPUDgH3KKHOVj4utWp+UhnMJbulHheb4mjUcAwhmahRWa6\nVOujw5H5SNz/0egwLX0tdHA114gk957EWW67c4cX8jJGKLhD+rcdqsq08p8kDi1L\n93FcXmn/6pUCyziKrlA4b9v7LWIbxcceVOF34GfID5yHI9Y/QCB/IIDEgEw+OyQm\njgSubJrIqg0CAwEAAaOCATEwggEtMA8GA1UdEwEB/wQFMAMBAf8wDgYDVR0PAQH/\nBAQDAgGGMB0GA1UdDgQWBBSEGMyFNOy8DJSULghZnMeyEE4KCDAfBgNVHSMEGDAW\ngBScXwDfqgHXMCs4iKK4bUqc8hGRgzB4BggrBgEFBQcBAQRsMGowLgYIKwYBBQUH\nMAGGImh0dHA6Ly9vY3NwLnJvb3RnMi5hbWF6b250cnVzdC5jb20wOAYIKwYBBQUH\nMAKGLGh0dHA6Ly9jcnQucm9vdGcyLmFtYXpvbnRydXN0LmNvbS9yb290ZzIuY2Vy\nMD0GA1UdHwQ2MDQwMqAwoC6GLGh0dHA6Ly9jcmwucm9vdGcyLmFtYXpvbnRydXN0\nLmNvbS9yb290ZzIuY3JsMBEGA1UdIAQKMAgwBgYEVR0gADANBgkqhkiG9w0BAQsF\nAAOCAQEAYjdCXLwQtT6LLOkMm2xF4gcAevnFWAu5CIw+7bMlPLVvUOTNNWqnkzSW\nMiGpSESrnO09tKpzbeR/FoCJbM8oAxiDR3mjEH4wW6w7sGDgd9QIpuEdfF7Au/ma\neyKdpwAJfqxGF4PcnCZXmTA5YpaP7dreqsXMGz7KQ2hsVxa81Q4gLv7/wmpdLqBK\nbRRYh5TmOTFffHPLkIhqhBGWJ6bt2YFGpn6jcgAKUj6DiAdjd4lpFw85hdKrCEVN\n0FE6/V1dN2RMfjCyVSRCnTawXZwXgWHxyvkQAiSr6w10kY17RSlQOYiypok1JR4U\nakcjMS9cmvqtmg5iUaQqqcT5NJ0hGA==\n-----END CERTIFICATE-----\n",
                "is_ca": true,
                "issuer": "CN=Starfield Services Root Certificate Authority - G2,O=Starfield Technologies\\, Inc.,L=Scottsdale,ST=Arizona,C=US",
                "not_after": "2037-12-31T01:00:00Z",
                "not_before": "2015-05-25T12:00:00Z",
                "public_key_algorithm": "RSA",
                "serial_number": "144918191876577076464031512351042010504348870",
                "sha1_fingerprint": "06b25927c42a721631c1efd9431e648fa62e1e39",
                "signature_algorithm": "SHA256-RSA",
                "subject": "CN=Amazon Root CA 1,O=Amazon,C=US",
                "version": 3
              },
              {
                "cert_pem": "-----BEGIN CERTIFICATE-----\nMIIEXjCCA0agAwIBAgITB3MSTNQG0mfAmRzdKZqfODF5hTANBgkqhkiG9w0BAQsF\nADA5MQswCQYDVQQGEwJVUzEPMA0GA1UEChMGQW1hem9uMRkwFwYDVQQDExBBbWF6\nb24gUm9vdCBDQSAxMB4XDTIyMDgyMzIyMjYwNFoXDTMwMDgyMzIyMjYwNFowPDEL\nMAkGA1UEBhMCVVMxDzANBgNVBAoTBkFtYXpvbjEcMBoGA1UEAxMTQW1hem9uIFJT\nQSAyMDQ4IE0wMzCCASIwDQYJKoZIhvcNAQEBBQADggEPADCCAQoCggEBALd/pVko\n8vuM475Tf45HV3BbCl/B9Jy89G1CRkFjcPY06WA9lS+7dWbUA7GtWUKoksr69hKM\nwcMsNpxlw7b3jeXFgxB09/nmalcAWtnLzF+LaDKEA5DQmvKzuh1nfIfqEiKCQSmX\nXh09Xs+dO7cm5qbaL2hhNJCSAejciwcvOFgFNgEMR42wm6KIFHsQW28jhA+1u/M0\np6fVwReuEgZfLfdx82Px0LJck3lST3EB/JfbdsdOzzzg5YkY1dfuqf8y5fUeZ7Cz\nWXbTjujwX/TovmeWKA36VLCz75azW6tDNuDn66FOpADZZ9omVaF6BqNJiLMVl6P3\n/c0OiUMC6Z5OfKcCAwEAAaOCAVowggFWMBIGA1UdEwEB/wQIMAYBAf8CAQAwDgYD\nVR0PAQH/BAQDAgGGMB0GA1UdJQQWMBQGCCsGAQUFBwMBBggrBgEFBQcDAjAdBgNV\nHQ4EFgQUVdkYX9IczAHhWLS+q9lVQgHXLgIwHwYDVR0jBBgwFoAUhBjMhTTsvAyU\nlC4IWZzHshBOCggwewYIKwYBBQUHAQEEbzBtMC8GCCsGAQUFBzABhiNodHRwOi8v\nb2NzcC5yb290Y2ExLmFtYXpvbnRydXN0LmNvbTA6BggrBgEFBQcwAoYuaHR0cDov\nL2NydC5yb290Y2ExLmFtYXpvbnRydXN0LmNvbS9yb290Y2ExLmNlcjA/BgNVHR8E\nODA2MDSgMqAwhi5odHRwOi8vY3JsLnJvb3RjYTEuYW1hem9udHJ1c3QuY29tL3Jv\nb3RjYTEuY3JsMBMGA1UdIAQMMAowCAYGZ4EMAQIBMA0GCSqGSIb3DQEBCwUAA4IB\nAQAGjeWm2cC+3z2MzSCnte46/7JZvj3iQZDY7EvODNdZF41n71Lrk9kbfNwerK0d\nVNzW36Wefr7j7ZSwBVg50W5ay65jNSN74TTQV1yt4WnSbVvN6KlMs1hiyOZdoHKs\nKDV2UGNxbdoBYCQNa2GYF8FQIWLugNp35aSOpMy6cFlymFQomIrnOQHwK1nvVY4q\nxDSJMU/gNJz17D8ArPN3ngnyZ2TwepJ0uBINz3G5te2rdFUF4i4Y3Bb7FUlHDYm4\nu8aIRGpk2ZpfXmxaoxnbIBZRvGLPSUuPwnwoUOMsJ8jirI5vs2dvchPb7MtI1rle\ni02f2ivH2vxkjDLltSpe2fiC\n-----END CERTIFICATE-----\n",
                "is_ca": true,
                "issuer": "CN=Amazon Root CA 1,O=Amazon,C=US",
                "not_after": "2030-08-23T22:26:04Z",
                "not_before": "2022-08-23T22:26:04Z",
                "public_key_algorithm": "RSA",
                "serial_number": "166129356476704345391986644047206454194698629",
                "sha1_fingerprint": "d9fe0a65fa00cabf61f5120d373a8135e1461f15",
                "signature_algorithm": "SHA256-RSA",
                "subject": "CN=Amazon RSA 2048 M03,O=Amazon,C=US",
                "version": 3
              },
              {
                "cert_pem": "-----BEGIN CERTIFICATE-----\nMIIF5zCCBM+gAwIBAgIQDOCAKjgOijRH00eMx8pmLzANBgkqhkiG9w0BAQsFADA8\nMQswCQYDVQQGEwJVUzEPMA0GA1UEChMGQW1hem9uMRwwGgYDVQQDExNBbWF6b24g\nUlNBIDIwNDggTTAzMB4XDTI1MDIyNjAwMDAwMFoXDTI2MDMyODIzNTk1OVowKDEm\nMCQGA1UEAwwdKi5la3MuZXUtd2VzdC0yLmFtYXpvbmF3cy5jb20wggEiMA0GCSqG\nSIb3DQEBAQUAA4IBDwAwggEKAoIBAQDtF5tgb91Q48f+Y+xVj0bGJwiIkdty4qXQ\n5CtOzufk75SbAkzXa8UCu7fGjMfK1U4eol3EbaLs8cn+toZUMFZnBOF/3PzQSwUa\nSBu3Mx+ysK5wfMPQKicyjj8TVNT+Rpy4mALoOW32j7gU03aBmVoWrMUU4JlbKIq6\nvcK5o9U37NoqhM1xoEWjBU9PByYy7eH/CKsPXrVgS0WYoJ3jkkVJJk1qGRIrQlZb\nJVQYlRgpydCzyyP7xJoX/mjwXbc0Umb1T6dpyqaxk6xS1jDUXhN8oc1hATZZyfkF\nGRhYYPa1QWCrcz0DglnrMLxAm9dmoweFe8BQ4j6m2MTg3Vhx07eBAgMBAAGjggL3\nMIIC8zAfBgNVHSMEGDAWgBRV2Rhf0hzMAeFYtL6r2VVCAdcuAjAdBgNVHQ4EFgQU\nHgoWqJ/VsQuFzs7Y8BuA9jr+6uwwKAYDVR0RBCEwH4IdKi5la3MuZXUtd2VzdC0y\nLmFtYXpvbmF3cy5jb20wEwYDVR0gBAwwCjAIBgZngQwBAgEwDgYDVR0PAQH/BAQD\nAgWgMB0GA1UdJQQWMBQGCCsGAQUFBwMBBggrBgEFBQcDAjA7BgNVHR8ENDAyMDCg\nLqAshipodHRwOi8vY3JsLnIybTAzLmFtYXpvbnRydXN0LmNvbS9yMm0wMy5jcmww\ndQYIKwYBBQUHAQEEaTBnMC0GCCsGAQUFBzABhiFodHRwOi8vb2NzcC5yMm0wMy5h\nbWF6b250cnVzdC5jb20wNgYIKwYBBQUHMAKGKmh0dHA6Ly9jcnQucjJtMDMuYW1h\nem9udHJ1c3QuY29tL3IybTAzLmNlcjAMBgNVHRMBAf8EAjAAMIIBfwYKKwYBBAHW\neQIEAgSCAW8EggFrAWkAdgCWl2S/VViXrfdDh2g3CEJ36fA61fak8zZuRqQ/D8qp\nxgAAAZU/pUXPAAAEAwBHMEUCIQCpQH3ao3qlMJQ0QHMVCA+ET8Na/+j1ibSsgJU6\nRvpngwIgSPEGhZ8afc1x5VZoiWoY/14nCm/xPb2oFvZ+utbCNjsAdgBkEcRspBLs\np4kcogIuALyrTygH1B41J6vq/tUDyX3N8AAAAZU/pUXUAAAEAwBHMEUCIQC/NPTL\nYvCoxUsT57qVZ0sV9XPUFnWpUx8kDTS8ajFk7AIgfIdqxwA2kb3jWQHH1IpreUjO\nGNDdyUMIVg0+hAmZ44kAdwBJnJtp3h187Pw23s2HZKa4W68Kh4AZ0VVS++nrKd34\nwwAAAZU/pUXoAAAEAwBIMEYCIQCo8DuRuoqhvlOsidd9Ndwsa7acx4pTqY3Dd2m7\nfPeBxQIhANyZsWQgT85xGMRMbKAOrovlHJCwfQKbd8NPNxFBVjDDMA0GCSqGSIb3\nDQEBCwUAA4IBAQChYwNqtmhZSNmyyQUGcfKyqR75ksZUrHqElbcNDsn2PPVAw/d4\nbu2W7IIKFXBDTpSKVBL0k1N2lOFv6EVLJ7jsAujn0P+D76Z4F61qiWtl7cTOxvQR\nQMx4pJqMpD7ew6NYik1utyyHpxnpTHWYj6ihmN5XcFzO6LPRxXvjp7wkzxtqYPAD\n8wGkrxecCmT8XfBw22dRMIGp62yer/vNb1u1oVunoW/niqdxsrM9KbUUPWRIGkHV\nfIlsUrhvdYa5KcxCus2KaF9ABQAlglZxXrqH4TrgU8vFmEHKY04HJOK5RjdXNSN1\nLWOa3a1kYgc7rSlkhHH8+vDsRl/OHvDIWDon\n-----END CERTIFICATE-----\n",
                "is_ca": false,
                "issuer": "CN=Amazon RSA 2048 M03,O=Amazon,C=US",
                "not_after": "2026-03-28T23:59:59Z",
                "not_before": "2025-02-26T00:00:00Z",
                "public_key_algorithm": "RSA",
                "serial_number": "17116409939091623039003775645841516079",
                "sha1_fingerprint": "9113c492911635f730e51f259f28873df5b7f01a",
                "signature_algorithm": "SHA256-RSA",
                "subject": "CN=*.eks.eu-west-2.amazonaws.com",
                "version": 3
              }
            ],
            "content": null,
            "id": "77f878887104bc97ce87a3d0fe39312e6535df5b",
            "url": "https://oidc.eks.eu-west-2.amazonaws.com/id/8777AD4014EBF59D5A364DF1FD2FEC52",
            "verify_chain": true
          },
          "sensitive_attributes": [],
          "identity_schema_version": 0
        }
      ]
    },
    {
      "module": "module.eks_backend",
      "mode": "managed",
      "type": "aws_eks_addon",
      "name": "coredns",
      "provider": "provider[\"registry.terraform.io/hashicorp/aws\"]",
      "instances": [
        {
          "schema_version": 0,
          "attributes": {
            "addon_name": "coredns",
            "addon_version": "v1.11.1-eksbuild.8",
            "arn": "arn:aws:eks:eu-west-2:928470004462:addon/sentinel-eks-backend/coredns/fccc7dbe-356e-76ad-a4a4-bdbfc566071c",
            "cluster_name": "sentinel-eks-backend",
            "configuration_values": "",
            "created_at": "2025-08-30T14:58:12Z",
            "id": "sentinel-eks-backend:coredns",
            "modified_at": "2025-08-30T15:13:34Z",
            "pod_identity_association": [],
            "preserve": null,
            "region": "eu-west-2",
            "resolve_conflicts_on_create": null,
            "resolve_conflicts_on_update": null,
            "service_account_role_arn": "",
            "tags": {},
            "tags_all": {},
            "timeouts": null
          },
          "sensitive_attributes": [],
          "identity_schema_version": 0,
          "private": "eyJlMmJmYjczMC1lY2FhLTExZTYtOGY4OC0zNDM2M2JjN2M0YzAiOnsiY3JlYXRlIjoxMjAwMDAwMDAwMDAwLCJkZWxldGUiOjI0MDAwMDAwMDAwMDAsInVwZGF0ZSI6MTIwMDAwMDAwMDAwMH19",
          "dependencies": [
            "module.eks_backend.aws_eks_cluster.this",
            "module.eks_backend.aws_iam_role.cluster",
            "module.eks_backend.aws_iam_role_policy_attachment.cluster_AmazonEKSClusterPolicy",
            "module.eks_backend.aws_iam_role_policy_attachment.cluster_AmazonEKSVPCResourceController",
            "module.eks_backend.data.aws_partition.current",
            "module.vpc_backend.aws_subnet.private",
            "module.vpc_backend.aws_vpc.this",
            "module.vpc_backend.data.aws_availability_zones.this"
          ]
        }
      ]
    },
    {
      "module": "module.eks_backend",
      "mode": "managed",
      "type": "aws_eks_addon",
      "name": "kube_proxy",
      "provider": "provider[\"registry.terraform.io/hashicorp/aws\"]",
      "instances": [
        {
          "schema_version": 0,
          "attributes": {
            "addon_name": "kube-proxy",
            "addon_version": "v1.30.6-eksbuild.3",
            "arn": "arn:aws:eks:eu-west-2:928470004462:addon/sentinel-eks-backend/kube-proxy/0ccc7dbe-356b-ddf7-9dfc-f33f20655c56",
            "cluster_name": "sentinel-eks-backend",
            "configuration_values": "",
            "created_at": "2025-08-30T14:58:11Z",
            "id": "sentinel-eks-backend:kube-proxy",
            "modified_at": "2025-08-30T14:58:19Z",
            "pod_identity_association": [],
            "preserve": null,
            "region": "eu-west-2",
            "resolve_conflicts_on_create": null,
            "resolve_conflicts_on_update": null,
            "service_account_role_arn": "",
            "tags": {},
            "tags_all": {},
            "timeouts": null
          },
          "sensitive_attributes": [],
          "identity_schema_version": 0,
          "private": "eyJlMmJmYjczMC1lY2FhLTExZTYtOGY4OC0zNDM2M2JjN2M0YzAiOnsiY3JlYXRlIjoxMjAwMDAwMDAwMDAwLCJkZWxldGUiOjI0MDAwMDAwMDAwMDAsInVwZGF0ZSI6MTIwMDAwMDAwMDAwMH19",
          "dependencies": [
            "module.eks_backend.aws_eks_cluster.this",
            "module.eks_backend.aws_iam_role.cluster",
            "module.eks_backend.aws_iam_role_policy_attachment.cluster_AmazonEKSClusterPolicy",
            "module.eks_backend.aws_iam_role_policy_attachment.cluster_AmazonEKSVPCResourceController",
            "module.eks_backend.data.aws_partition.current",
            "module.vpc_backend.aws_subnet.private",
            "module.vpc_backend.aws_vpc.this",
            "module.vpc_backend.data.aws_availability_zones.this"
          ]
        }
      ]
    },
    {
      "module": "module.eks_backend",
      "mode": "managed",
      "type": "aws_eks_addon",
      "name": "vpc_cni",
      "provider": "provider[\"registry.terraform.io/hashicorp/aws\"]",
      "instances": [
        {
          "schema_version": 0,
          "attributes": {
            "addon_name": "vpc-cni",
            "addon_version": "v1.19.0-eksbuild.1",
            "arn": "arn:aws:eks:eu-west-2:928470004462:addon/sentinel-eks-backend/vpc-cni/08cc7dbe-356b-ca13-a81d-ddafb80e7136",
            "cluster_name": "sentinel-eks-backend",
            "configuration_values": "",
            "created_at": "2025-08-30T14:58:11Z",
            "id": "sentinel-eks-backend:vpc-cni",
            "modified_at": "2025-08-30T14:58:20Z",
            "pod_identity_association": [],
            "preserve": null,
            "region": "eu-west-2",
            "resolve_conflicts_on_create": null,
            "resolve_conflicts_on_update": null,
            "service_account_role_arn": "",
            "tags": {},
            "tags_all": {},
            "timeouts": null
          },
          "sensitive_attributes": [],
          "identity_schema_version": 0,
          "private": "eyJlMmJmYjczMC1lY2FhLTExZTYtOGY4OC0zNDM2M2JjN2M0YzAiOnsiY3JlYXRlIjoxMjAwMDAwMDAwMDAwLCJkZWxldGUiOjI0MDAwMDAwMDAwMDAsInVwZGF0ZSI6MTIwMDAwMDAwMDAwMH19",
          "dependencies": [
            "module.eks_backend.aws_eks_cluster.this",
            "module.eks_backend.aws_iam_role.cluster",
            "module.eks_backend.aws_iam_role_policy_attachment.cluster_AmazonEKSClusterPolicy",
            "module.eks_backend.aws_iam_role_policy_attachment.cluster_AmazonEKSVPCResourceController",
            "module.eks_backend.data.aws_partition.current",
            "module.vpc_backend.aws_subnet.private",
            "module.vpc_backend.aws_vpc.this",
            "module.vpc_backend.data.aws_availability_zones.this"
          ]
        }
      ]
    },
    {
      "module": "module.eks_backend",
      "mode": "managed",
      "type": "aws_eks_cluster",
      "name": "this",
      "provider": "provider[\"registry.terraform.io/hashicorp/aws\"]",
      "instances": [
        {
          "schema_version": 1,
          "attributes": {
            "access_config": [
              {
                "authentication_mode": "CONFIG_MAP",
                "bootstrap_cluster_creator_admin_permissions": true
              }
            ],
            "arn": "arn:aws:eks:eu-west-2:928470004462:cluster/sentinel-eks-backend",
            "bootstrap_self_managed_addons": true,
            "certificate_authority": [
              {
                "data": "LS0tLS1CRUdJTiBDRVJUSUZJQ0FURS0tLS0tCk1JSURCVENDQWUyZ0F3SUJBZ0lJQ1NUakxkQlpQem93RFFZSktvWklodmNOQVFFTEJRQXdGVEVUTUJFR0ExVUUKQXhNS2EzVmlaWEp1WlhSbGN6QWVGdzB5TlRBNE16QXhORFE1TlRsYUZ3MHpOVEE0TWpneE5EVTBOVGxhTUJVeApFekFSQmdOVkJBTVRDbXQxWW1WeWJtVjBaWE13Z2dFaU1BMEdDU3FHU0liM0RRRUJBUVVBQTRJQkR3QXdnZ0VLCkFvSUJBUURHZjh6MWxXVVJOeGFQOEVtUjhRalAzZ2VXQXNtdGQzZE42blJ2Zy9wOXdla2F4dnFBRnpOQ2Rkc2IKWXdBTGRSVkRjaVdtODYzL2VvdnZOOHFIc0wxWm84N200bis1aG1OWGlrOWNJUzRFZWliU2RUM1BlQ1dhdE5HMApFR3ZOYm4xZ0h2dmhsR0RObUZKMWR3T0pJSTAyVVRrQldBMzA3R0VqcDJyYVNjVWN1V2hTTGp6ZkJLSVczanBJCjZiRXFFV2xVYkR4dFMrclMwOEVDRDNmOWhnNE5mQXZKUW5ybHE4Qk5ENVBzRk9Ib3daOFVMNXFlbnRoUjg0R0UKcEt4TTBoZ1hSMEhOZWk3OEF0c0FpbnpKZ3NLTlBYUUplS1BrS1lSNjdpcXJUTiszTW11WlZpb1U0UWRMK0M1ZQpZYlNib1ErUkcvR2ZsWFJjVUpLckxhZkNBaVQ1QWdNQkFBR2pXVEJYTUE0R0ExVWREd0VCL3dRRUF3SUNwREFQCkJnTlZIUk1CQWY4RUJUQURBUUgvTUIwR0ExVWREZ1FXQkJURWZETUxCMkdDWEVMYU9NQS9RVk1XeXp1cEpqQVYKQmdOVkhSRUVEakFNZ2dwcmRXSmxjbTVsZEdWek1BMEdDU3FHU0liM0RRRUJDd1VBQTRJQkFRQVNQbHhDTGh0dAp5K2h4K3FhdVpvN254U1hQbE5lQk1DZEhDZWJWK2dDTXhhbDJTcXpybERvS3VyeHNPYk1kTjAzaWpYOStYYU9DCi9hMW90Z0N6cU1UVlJFbXBhV2crakRORXNLYkkwVDd1S3JrNVpVeThZM1ZhWWFaSlphOHJHQ2NkMUJ4VWhqSnEKenMvSkNaMHpLRFhnT1dBeXVtM0JWL25GQnZiQVJEMHZmYUxueFErVTRtNGR2ZWlQb2ZCYzRFUDNReFVVaVNzaApoZ2loTmJZWjBQT0VYUm9QbkREU3pRNzNoc2h6V3VDUy81d05zMmZCdTRtbEUyd0s3ZU10VlNoNWZackRGemdLCnhBMlhaOW5TVWdVczV2Yi8xL3QxYnlDY0Y1NjR5WHR2aGZKVklHTUpNSGhZamM5U2JTSW9CWlVxS1o2MHJsNm8Kc2tUc2NWb0I5bjFxCi0tLS0tRU5EIENFUlRJRklDQVRFLS0tLS0K"
              }
            ],
            "cluster_id": null,
            "compute_config": [],
            "created_at": "2025-08-30T14:50:18Z",
            "deletion_protection": false,
            "enabled_cluster_log_types": [],
            "encryption_config": [],
            "endpoint": "https://8777AD4014EBF59D5A364DF1FD2FEC52.gr7.eu-west-2.eks.amazonaws.com",
            "force_update_version": null,
            "id": "sentinel-eks-backend",
            "identity": [
              {
                "oidc": [
                  {
                    "issuer": "https://oidc.eks.eu-west-2.amazonaws.com/id/8777AD4014EBF59D5A364DF1FD2FEC52"
                  }
                ]
              }
            ],
            "kubernetes_network_config": [
              {
                "elastic_load_balancing": [
                  {
                    "enabled": false
                  }
                ],
                "ip_family": "ipv4",
                "service_ipv4_cidr": "172.20.0.0/16",
                "service_ipv6_cidr": ""
              }
            ],
            "name": "sentinel-eks-backend",
            "outpost_config": [],
            "platform_version": "eks.42",
            "region": "eu-west-2",
            "remote_network_config": [],
            "role_arn": "arn:aws:iam::928470004462:role/sentinel-eks-backend-cluster-role",
            "status": "ACTIVE",
            "storage_config": [],
            "tags": {
              "Owner": "Platform",
              "Project": "Sentinel"
            },
            "tags_all": {
              "Owner": "Platform",
              "Project": "Sentinel"
            },
            "timeouts": null,
            "upgrade_policy": [
              {
                "support_type": "EXTENDED"
              }
            ],
            "version": "1.30",
            "vpc_config": [
              {
                "cluster_security_group_id": "sg-0ea0c8f56fb1d3474",
                "endpoint_private_access": true,
                "endpoint_public_access": true,
                "public_access_cidrs": [
                  "0.0.0.0/0"
                ],
                "security_group_ids": [],
                "subnet_ids": [
                  "subnet-008bf89885121c229",
                  "subnet-0c353dfce3e49fe11"
                ],
                "vpc_id": "vpc-0b249c74e19f66de7"
              }
            ],
            "zonal_shift_config": []
          },
          "sensitive_attributes": [],
          "identity_schema_version": 0,
          "private": "eyJlMmJmYjczMC1lY2FhLTExZTYtOGY4OC0zNDM2M2JjN2M0YzAiOnsiY3JlYXRlIjoxODAwMDAwMDAwMDAwLCJkZWxldGUiOjkwMDAwMDAwMDAwMCwidXBkYXRlIjozNjAwMDAwMDAwMDAwfSwic2NoZW1hX3ZlcnNpb24iOiIxIn0=",
          "dependencies": [
            "module.eks_backend.aws_iam_role.cluster",
            "module.eks_backend.aws_iam_role_policy_attachment.cluster_AmazonEKSClusterPolicy",
            "module.eks_backend.aws_iam_role_policy_attachment.cluster_AmazonEKSVPCResourceController",
            "module.eks_backend.data.aws_partition.current",
            "module.vpc_backend.aws_subnet.private",
            "module.vpc_backend.aws_vpc.this",
            "module.vpc_backend.data.aws_availability_zones.this"
          ]
        }
      ]
    },
    {
      "module": "module.eks_backend",
      "mode": "managed",
      "type": "aws_eks_node_group",
      "name": "default",
      "provider": "provider[\"registry.terraform.io/hashicorp/aws\"]",
      "instances": [
        {
          "schema_version": 0,
          "attributes": {
            "ami_type": "AL2023_x86_64_STANDARD",
            "arn": "arn:aws:eks:eu-west-2:928470004462:nodegroup/sentinel-eks-backend/sentinel-eks-backend-ng/6ecc7dbe-3569-b503-31e9-fc873e67d0a4",
            "capacity_type": "ON_DEMAND",
            "cluster_name": "sentinel-eks-backend",
            "disk_size": 20,
            "force_update_version": null,
            "id": "sentinel-eks-backend:sentinel-eks-backend-ng",
            "instance_types": [
              "t3.large"
            ],
            "labels": {},
            "launch_template": [],
            "node_group_name": "sentinel-eks-backend-ng",
            "node_group_name_prefix": "",
            "node_repair_config": [],
            "node_role_arn": "arn:aws:iam::928470004462:role/sentinel-eks-backend-node-role",
            "region": "eu-west-2",
            "release_version": "1.30.14-20250821",
            "remote_access": [],
            "resources": [
              {
                "autoscaling_groups": [
                  {
                    "name": "eks-sentinel-eks-backend-ng-6ecc7dbe-3569-b503-31e9-fc873e67d0a4"
                  }
                ],
                "remote_access_security_group_id": ""
              }
            ],
            "scaling_config": [
              {
                "desired_size": 2,
                "max_size": 4,
                "min_size": 2
              }
            ],
            "status": "ACTIVE",
            "subnet_ids": [
              "subnet-008bf89885121c229",
              "subnet-0c353dfce3e49fe11"
            ],
            "tags": {
              "Owner": "Platform",
              "Project": "Sentinel"
            },
            "tags_all": {
              "Owner": "Platform",
              "Project": "Sentinel"
            },
            "taint": [],
            "timeouts": null,
            "update_config": [
              {
                "max_unavailable": 1,
                "max_unavailable_percentage": 0
              }
            ],
            "version": "1.30"
          },
          "sensitive_attributes": [],
          "identity_schema_version": 0,
          "private": "eyJlMmJmYjczMC1lY2FhLTExZTYtOGY4OC0zNDM2M2JjN2M0YzAiOnsiY3JlYXRlIjozNjAwMDAwMDAwMDAwLCJkZWxldGUiOjM2MDAwMDAwMDAwMDAsInVwZGF0ZSI6MzYwMDAwMDAwMDAwMH19",
          "dependencies": [
            "module.eks_backend.aws_eks_cluster.this",
            "module.eks_backend.aws_iam_role.cluster",
            "module.eks_backend.aws_iam_role.node",
            "module.eks_backend.aws_iam_role_policy_attachment.cluster_AmazonEKSClusterPolicy",
            "module.eks_backend.aws_iam_role_policy_attachment.cluster_AmazonEKSVPCResourceController",
            "module.eks_backend.aws_iam_role_policy_attachment.node_AmazonEC2ContainerRegistryReadOnly",
            "module.eks_backend.aws_iam_role_policy_attachment.node_AmazonEKSWorkerNodePolicy",
            "module.eks_backend.aws_iam_role_policy_attachment.node_AmazonEKS_CNI_Policy",
            "module.eks_backend.data.aws_partition.current",
            "module.vpc_backend.aws_subnet.private",
            "module.vpc_backend.aws_vpc.this",
            "module.vpc_backend.data.aws_availability_zones.this"
          ]
        }
      ]
    },
    {
      "module": "module.eks_backend",
      "mode": "managed",
      "type": "aws_iam_openid_connect_provider",
      "name": "this",
      "provider": "provider[\"registry.terraform.io/hashicorp/aws\"]",
      "instances": [
        {
          "schema_version": 0,
          "attributes": {
            "arn": "arn:aws:iam::928470004462:oidc-provider/oidc.eks.eu-west-2.amazonaws.com/id/8777AD4014EBF59D5A364DF1FD2FEC52",
            "client_id_list": [
              "sts.amazonaws.com"
            ],
            "id": "arn:aws:iam::928470004462:oidc-provider/oidc.eks.eu-west-2.amazonaws.com/id/8777AD4014EBF59D5A364DF1FD2FEC52",
            "tags": {},
            "tags_all": {},
            "thumbprint_list": [
              "06b25927c42a721631c1efd9431e648fa62e1e39"
            ],
            "url": "oidc.eks.eu-west-2.amazonaws.com/id/8777AD4014EBF59D5A364DF1FD2FEC52"
          },
          "sensitive_attributes": [],
          "identity_schema_version": 0,
          "identity": {
            "arn": "arn:aws:iam::928470004462:oidc-provider/oidc.eks.eu-west-2.amazonaws.com/id/8777AD4014EBF59D5A364DF1FD2FEC52"
          },
          "private": "bnVsbA==",
          "dependencies": [
            "module.eks_backend.aws_eks_cluster.this",
            "module.eks_backend.aws_iam_role.cluster",
            "module.eks_backend.aws_iam_role_policy_attachment.cluster_AmazonEKSClusterPolicy",
            "module.eks_backend.aws_iam_role_policy_attachment.cluster_AmazonEKSVPCResourceController",
            "module.eks_backend.data.aws_partition.current",
            "module.eks_backend.data.tls_certificate.oidc_cert",
            "module.vpc_backend.aws_subnet.private",
            "module.vpc_backend.aws_vpc.this",
            "module.vpc_backend.data.aws_availability_zones.this"
          ]
        }
      ]
    },
    {
      "module": "module.eks_backend",
      "mode": "managed",
      "type": "aws_iam_role",
      "name": "cluster",
      "provider": "provider[\"registry.terraform.io/hashicorp/aws\"]",
      "instances": [
        {
          "schema_version": 0,
          "attributes": {
            "arn": "arn:aws:iam::928470004462:role/sentinel-eks-backend-cluster-role",
            "assume_role_policy": "{\"Statement\":[{\"Action\":\"sts:AssumeRole\",\"Effect\":\"Allow\",\"Principal\":{\"Service\":\"eks.amazonaws.com\"}}],\"Version\":\"2012-10-17\"}",
            "create_date": "2025-08-30T14:50:01Z",
            "description": "",
            "force_detach_policies": false,
            "id": "sentinel-eks-backend-cluster-role",
            "inline_policy": [],
            "managed_policy_arns": [
              "arn:aws:iam::aws:policy/AmazonEKSClusterPolicy",
              "arn:aws:iam::aws:policy/AmazonEKSVPCResourceController"
            ],
            "max_session_duration": 3600,
            "name": "sentinel-eks-backend-cluster-role",
            "name_prefix": "",
            "path": "/",
            "permissions_boundary": "",
            "tags": {
              "Owner": "Platform",
              "Project": "Sentinel"
            },
            "tags_all": {
              "Owner": "Platform",
              "Project": "Sentinel"
            },
            "unique_id": "AROA5QLI76LXJGJEBD2VC"
          },
          "sensitive_attributes": [],
          "identity_schema_version": 0,
          "identity": {
            "account_id": "928470004462",
            "name": "sentinel-eks-backend-cluster-role"
          },
          "private": "bnVsbA==",
          "dependencies": [
            "module.eks_backend.data.aws_partition.current"
          ]
        }
      ]
    },
    {
      "module": "module.eks_backend",
      "mode": "managed",
      "type": "aws_iam_role",
      "name": "node",
      "provider": "provider[\"registry.terraform.io/hashicorp/aws\"]",
      "instances": [
        {
          "schema_version": 0,
          "attributes": {
            "arn": "arn:aws:iam::928470004462:role/sentinel-eks-backend-node-role",
            "assume_role_policy": "{\"Statement\":[{\"Action\":\"sts:AssumeRole\",\"Effect\":\"Allow\",\"Principal\":{\"Service\":\"ec2.amazonaws.com\"}}],\"Version\":\"2012-10-17\"}",
            "create_date": "2025-08-30T14:50:01Z",
            "description": "",
            "force_detach_policies": false,
            "id": "sentinel-eks-backend-node-role",
            "inline_policy": [],
            "managed_policy_arns": [
              "arn:aws:iam::aws:policy/AmazonEC2ContainerRegistryReadOnly",
              "arn:aws:iam::aws:policy/AmazonEKSWorkerNodePolicy",
              "arn:aws:iam::aws:policy/AmazonEKS_CNI_Policy",
              "arn:aws:iam::aws:policy/AmazonSSMManagedInstanceCore"
            ],
            "max_session_duration": 3600,
            "name": "sentinel-eks-backend-node-role",
            "name_prefix": "",
            "path": "/",
            "permissions_boundary": "",
            "tags": {
              "Owner": "Platform",
              "Project": "Sentinel"
            },
            "tags_all": {
              "Owner": "Platform",
              "Project": "Sentinel"
            },
            "unique_id": "AROA5QLI76LXLRMOUGJCE"
          },
          "sensitive_attributes": [],
          "identity_schema_version": 0,
          "identity": {
            "account_id": "928470004462",
            "name": "sentinel-eks-backend-node-role"
          },
          "private": "bnVsbA==",
          "dependencies": [
            "module.eks_backend.data.aws_partition.current"
          ]
        }
      ]
    },
    {
      "module": "module.eks_backend",
      "mode": "managed",
      "type": "aws_iam_role_policy_attachment",
      "name": "cluster_AmazonEKSClusterPolicy",
      "provider": "provider[\"registry.terraform.io/hashicorp/aws\"]",
      "instances": [
        {
          "schema_version": 0,
          "attributes": {
            "id": "sentinel-eks-backend-cluster-role/arn:aws:iam::aws:policy/AmazonEKSClusterPolicy",
            "policy_arn": "arn:aws:iam::aws:policy/AmazonEKSClusterPolicy",
            "role": "sentinel-eks-backend-cluster-role"
          },
          "sensitive_attributes": [],
          "identity_schema_version": 0,
          "identity": {
            "account_id": "928470004462",
            "policy_arn": "arn:aws:iam::aws:policy/AmazonEKSClusterPolicy",
            "role": "sentinel-eks-backend-cluster-role"
          },
          "private": "bnVsbA==",
          "dependencies": [
            "module.eks_backend.aws_iam_role.cluster",
            "module.eks_backend.data.aws_partition.current"
          ]
        }
      ]
    },
    {
      "module": "module.eks_backend",
      "mode": "managed",
      "type": "aws_iam_role_policy_attachment",
      "name": "cluster_AmazonEKSVPCResourceController",
      "provider": "provider[\"registry.terraform.io/hashicorp/aws\"]",
      "instances": [
        {
          "schema_version": 0,
          "attributes": {
            "id": "sentinel-eks-backend-cluster-role/arn:aws:iam::aws:policy/AmazonEKSVPCResourceController",
            "policy_arn": "arn:aws:iam::aws:policy/AmazonEKSVPCResourceController",
            "role": "sentinel-eks-backend-cluster-role"
          },
          "sensitive_attributes": [],
          "identity_schema_version": 0,
          "identity": {
            "account_id": "928470004462",
            "policy_arn": "arn:aws:iam::aws:policy/AmazonEKSVPCResourceController",
            "role": "sentinel-eks-backend-cluster-role"
          },
          "private": "bnVsbA==",
          "dependencies": [
            "module.eks_backend.aws_iam_role.cluster",
            "module.eks_backend.data.aws_partition.current"
          ]
        }
      ]
    },
    {
      "module": "module.eks_backend",
      "mode": "managed",
      "type": "aws_iam_role_policy_attachment",
      "name": "node_AmazonEC2ContainerRegistryReadOnly",
      "provider": "provider[\"registry.terraform.io/hashicorp/aws\"]",
      "instances": [
        {
          "schema_version": 0,
          "attributes": {
            "id": "sentinel-eks-backend-node-role/arn:aws:iam::aws:policy/AmazonEC2ContainerRegistryReadOnly",
            "policy_arn": "arn:aws:iam::aws:policy/AmazonEC2ContainerRegistryReadOnly",
            "role": "sentinel-eks-backend-node-role"
          },
          "sensitive_attributes": [],
          "identity_schema_version": 0,
          "identity": {
            "account_id": "928470004462",
            "policy_arn": "arn:aws:iam::aws:policy/AmazonEC2ContainerRegistryReadOnly",
            "role": "sentinel-eks-backend-node-role"
          },
          "private": "bnVsbA==",
          "dependencies": [
            "module.eks_backend.aws_iam_role.node",
            "module.eks_backend.data.aws_partition.current"
          ]
        }
      ]
    },
    {
      "module": "module.eks_backend",
      "mode": "managed",
      "type": "aws_iam_role_policy_attachment",
      "name": "node_AmazonEKSWorkerNodePolicy",
      "provider": "provider[\"registry.terraform.io/hashicorp/aws\"]",
      "instances": [
        {
          "schema_version": 0,
          "attributes": {
            "id": "sentinel-eks-backend-node-role/arn:aws:iam::aws:policy/AmazonEKSWorkerNodePolicy",
            "policy_arn": "arn:aws:iam::aws:policy/AmazonEKSWorkerNodePolicy",
            "role": "sentinel-eks-backend-node-role"
          },
          "sensitive_attributes": [],
          "identity_schema_version": 0,
          "identity": {
            "account_id": "928470004462",
            "policy_arn": "arn:aws:iam::aws:policy/AmazonEKSWorkerNodePolicy",
            "role": "sentinel-eks-backend-node-role"
          },
          "private": "bnVsbA==",
          "dependencies": [
            "module.eks_backend.aws_iam_role.node",
            "module.eks_backend.data.aws_partition.current"
          ]
        }
      ]
    },
    {
      "module": "module.eks_backend",
      "mode": "managed",
      "type": "aws_iam_role_policy_attachment",
      "name": "node_AmazonEKS_CNI_Policy",
      "provider": "provider[\"registry.terraform.io/hashicorp/aws\"]",
      "instances": [
        {
          "schema_version": 0,
          "attributes": {
            "id": "sentinel-eks-backend-node-role/arn:aws:iam::aws:policy/AmazonEKS_CNI_Policy",
            "policy_arn": "arn:aws:iam::aws:policy/AmazonEKS_CNI_Policy",
            "role": "sentinel-eks-backend-node-role"
          },
          "sensitive_attributes": [],
          "identity_schema_version": 0,
          "identity": {
            "account_id": "928470004462",
            "policy_arn": "arn:aws:iam::aws:policy/AmazonEKS_CNI_Policy",
            "role": "sentinel-eks-backend-node-role"
          },
          "private": "bnVsbA==",
          "dependencies": [
            "module.eks_backend.aws_iam_role.node",
            "module.eks_backend.data.aws_partition.current"
          ]
        }
      ]
    },
    {
      "module": "module.eks_backend",
      "mode": "managed",
      "type": "aws_iam_role_policy_attachment",
      "name": "node_AmazonSSMManagedInstanceCore",
      "provider": "provider[\"registry.terraform.io/hashicorp/aws\"]",
      "instances": [
        {
          "schema_version": 0,
          "attributes": {
            "id": "sentinel-eks-backend-node-role/arn:aws:iam::aws:policy/AmazonSSMManagedInstanceCore",
            "policy_arn": "arn:aws:iam::aws:policy/AmazonSSMManagedInstanceCore",
            "role": "sentinel-eks-backend-node-role"
          },
          "sensitive_attributes": [],
          "identity_schema_version": 0,
          "identity": {
            "account_id": "928470004462",
            "policy_arn": "arn:aws:iam::aws:policy/AmazonSSMManagedInstanceCore",
            "role": "sentinel-eks-backend-node-role"
          },
          "private": "bnVsbA==",
          "dependencies": [
            "module.eks_backend.aws_iam_role.node",
            "module.eks_backend.data.aws_partition.current"
          ]
        }
      ]
    },
    {
      "module": "module.vpc_backend",
      "mode": "data",
      "type": "aws_availability_zones",
      "name": "this",
      "provider": "provider[\"registry.terraform.io/hashicorp/aws\"]",
      "instances": [
        {
          "schema_version": 0,
          "attributes": {
            "all_availability_zones": null,
            "exclude_names": null,
            "exclude_zone_ids": null,
            "filter": null,
            "group_names": [
              "eu-west-2-zg-1"
            ],
            "id": "eu-west-2",
            "names": [
              "eu-west-2a",
              "eu-west-2b",
              "eu-west-2c"
            ],
            "region": "eu-west-2",
            "state": "available",
            "timeouts": null,
            "zone_ids": [
              "euw2-az2",
              "euw2-az3",
              "euw2-az1"
            ]
          },
          "sensitive_attributes": [],
          "identity_schema_version": 0
        }
      ]
    },
    {
      "module": "module.vpc_backend",
      "mode": "managed",
      "type": "aws_subnet",
      "name": "private",
      "provider": "provider[\"registry.terraform.io/hashicorp/aws\"]",
      "instances": [
        {
          "index_key": "0",
          "schema_version": 1,
          "attributes": {
            "arn": "arn:aws:ec2:eu-west-2:928470004462:subnet/subnet-008bf89885121c229",
            "assign_ipv6_address_on_creation": false,
            "availability_zone": "eu-west-2a",
            "availability_zone_id": "euw2-az2",
            "cidr_block": "10.20.1.0/24",
            "customer_owned_ipv4_pool": "",
            "enable_dns64": false,
            "enable_lni_at_device_index": 0,
            "enable_resource_name_dns_a_record_on_launch": false,
            "enable_resource_name_dns_aaaa_record_on_launch": false,
            "id": "subnet-008bf89885121c229",
            "ipv6_cidr_block": "",
            "ipv6_cidr_block_association_id": "",
            "ipv6_native": false,
            "map_customer_owned_ip_on_launch": false,
            "map_public_ip_on_launch": false,
            "outpost_arn": "",
            "owner_id": "928470004462",
            "private_dns_hostname_type_on_launch": "ip-name",
            "region": "eu-west-2",
            "tags": {
              "Name": "sentinel-backend-private-0",
              "Owner": "Platform",
              "Project": "Sentinel",
              "kubernetes.io/cluster/sentinel-eks-backend": "shared",
              "kubernetes.io/role/internal-elb": "1"
            },
            "tags_all": {
              "Name": "sentinel-backend-private-0",
              "Owner": "Platform",
              "Project": "Sentinel",
              "kubernetes.io/cluster/sentinel-eks-backend": "shared",
              "kubernetes.io/role/internal-elb": "1"
            },
            "timeouts": null,
            "vpc_id": "vpc-0b249c74e19f66de7"
          },
          "sensitive_attributes": [],
          "identity_schema_version": 0,
          "identity": {
            "account_id": "928470004462",
            "id": "subnet-008bf89885121c229",
            "region": "eu-west-2"
          },
          "private": "eyJlMmJmYjczMC1lY2FhLTExZTYtOGY4OC0zNDM2M2JjN2M0YzAiOnsiY3JlYXRlIjo2MDAwMDAwMDAwMDAsImRlbGV0ZSI6MTIwMDAwMDAwMDAwMH0sInNjaGVtYV92ZXJzaW9uIjoiMSJ9",
          "dependencies": [
            "module.vpc_backend.aws_vpc.this",
            "module.vpc_backend.data.aws_availability_zones.this"
          ]
        },
        {
          "index_key": "1",
          "schema_version": 1,
          "attributes": {
            "arn": "arn:aws:ec2:eu-west-2:928470004462:subnet/subnet-0c353dfce3e49fe11",
            "assign_ipv6_address_on_creation": false,
            "availability_zone": "eu-west-2b",
            "availability_zone_id": "euw2-az3",
            "cidr_block": "10.20.2.0/24",
            "customer_owned_ipv4_pool": "",
            "enable_dns64": false,
            "enable_lni_at_device_index": 0,
            "enable_resource_name_dns_a_record_on_launch": false,
            "enable_resource_name_dns_aaaa_record_on_launch": false,
            "id": "subnet-0c353dfce3e49fe11",
            "ipv6_cidr_block": "",
            "ipv6_cidr_block_association_id": "",
            "ipv6_native": false,
            "map_customer_owned_ip_on_launch": false,
            "map_public_ip_on_launch": false,
            "outpost_arn": "",
            "owner_id": "928470004462",
            "private_dns_hostname_type_on_launch": "ip-name",
            "region": "eu-west-2",
            "tags": {
              "Name": "sentinel-backend-private-1",
              "Owner": "Platform",
              "Project": "Sentinel",
              "kubernetes.io/cluster/sentinel-eks-backend": "shared",
              "kubernetes.io/role/internal-elb": "1"
            },
            "tags_all": {
              "Name": "sentinel-backend-private-1",
              "Owner": "Platform",
              "Project": "Sentinel",
              "kubernetes.io/cluster/sentinel-eks-backend": "shared",
              "kubernetes.io/role/internal-elb": "1"
            },
            "timeouts": null,
            "vpc_id": "vpc-0b249c74e19f66de7"
          },
          "sensitive_attributes": [],
          "identity_schema_version": 0,
          "identity": {
            "account_id": "928470004462",
            "id": "subnet-0c353dfce3e49fe11",
            "region": "eu-west-2"
          },
          "private": "eyJlMmJmYjczMC1lY2FhLTExZTYtOGY4OC0zNDM2M2JjN2M0YzAiOnsiY3JlYXRlIjo2MDAwMDAwMDAwMDAsImRlbGV0ZSI6MTIwMDAwMDAwMDAwMH0sInNjaGVtYV92ZXJzaW9uIjoiMSJ9",
          "dependencies": [
            "module.vpc_backend.aws_vpc.this",
            "module.vpc_backend.data.aws_availability_zones.this"
          ]
        }
      ]
    },
    {
      "module": "module.vpc_backend",
      "mode": "managed",
      "type": "aws_vpc",
      "name": "this",
      "provider": "provider[\"registry.terraform.io/hashicorp/aws\"]",
      "instances": [
        {
          "schema_version": 1,
          "attributes": {
            "arn": "arn:aws:ec2:eu-west-2:928470004462:vpc/vpc-0b249c74e19f66de7",
            "assign_generated_ipv6_cidr_block": false,
            "cidr_block": "10.20.0.0/16",
            "default_network_acl_id": "acl-08b78177467a1a3b6",
            "default_route_table_id": "rtb-06e9ec69b5f47b1e8",
            "default_security_group_id": "sg-08052e6bc5b22a6d7",
            "dhcp_options_id": "dopt-04f788a94684bdb20",
            "enable_dns_hostnames": true,
            "enable_dns_support": true,
            "enable_network_address_usage_metrics": false,
            "id": "vpc-0b249c74e19f66de7",
            "instance_tenancy": "default",
            "ipv4_ipam_pool_id": null,
            "ipv4_netmask_length": null,
            "ipv6_association_id": "",
            "ipv6_cidr_block": "",
            "ipv6_cidr_block_network_border_group": "",
            "ipv6_ipam_pool_id": "",
            "ipv6_netmask_length": 0,
            "main_route_table_id": "rtb-06e9ec69b5f47b1e8",
            "owner_id": "928470004462",
            "region": "eu-west-2",
            "tags": {
              "Name": "sentinel-backend",
              "Owner": "Platform",
              "Project": "Sentinel"
            },
            "tags_all": {
              "Name": "sentinel-backend",
              "Owner": "Platform",
              "Project": "Sentinel"
            }
          },
          "sensitive_attributes": [],
          "identity_schema_version": 0,
          "private": "eyJzY2hlbWFfdmVyc2lvbiI6IjEifQ=="
        }
      ]
    },
    {
      "module": "module.vpc_gateway",
      "mode": "managed",
      "type": "aws_vpc",
      "name": "this",
      "provider": "provider[\"registry.terraform.io/hashicorp/aws\"]",
      "instances": [
        {
          "schema_version": 1,
          "attributes": {
            "arn": "arn:aws:ec2:eu-west-2:928470004462:vpc/vpc-0d86801efc0555088",
            "assign_generated_ipv6_cidr_block": false,
            "cidr_block": "10.10.0.0/16",
            "default_network_acl_id": "acl-0b4e4338d7a4c169f",
            "default_route_table_id": "rtb-0af9438df93c82e0e",
            "default_security_group_id": "sg-005da8cd52908ae98",
            "dhcp_options_id": "dopt-04f788a94684bdb20",
            "enable_dns_hostnames": true,
            "enable_dns_support": true,
            "enable_network_address_usage_metrics": false,
            "id": "vpc-0d86801efc0555088",
            "instance_tenancy": "default",
            "ipv4_ipam_pool_id": null,
            "ipv4_netmask_length": null,
            "ipv6_association_id": "",
            "ipv6_cidr_block": "",
            "ipv6_cidr_block_network_border_group": "",
            "ipv6_ipam_pool_id": "",
            "ipv6_netmask_length": 0,
            "main_route_table_id": "rtb-0af9438df93c82e0e",
            "owner_id": "928470004462",
            "region": "eu-west-2",
            "tags": {
              "Name": "sentinel-gateway",
              "Owner": "Platform",
              "Project": "Sentinel"
            },
            "tags_all": {
              "Name": "sentinel-gateway",
              "Owner": "Platform",
              "Project": "Sentinel"
            }
          },
          "sensitive_attributes": [],
          "identity_schema_version": 0,
          "private": "eyJzY2hlbWFfdmVyc2lvbiI6IjEifQ=="
        }
      ]
    }
  ],
  "check_results": null
}
