{
  "version": 4,
  "terraform_version": "1.13.1",
  "serial": 138,
  "lineage": "5e97f3b6-7c38-6a5a-c9df-5c97eab81144",
  "outputs": {
    "backend_alb_dns": {
      "value": "internal-k8s-sentinel-hellobac-a14d3fb6f3-1953451713.eu-west-2.elb.amazonaws.com",
      "type": "string"
    },
    "backend_private_dns": {
      "value": "backend.sentinel.local",
      "type": "string"
    },
    "backend_private_subnets": {
      "value": [
        "subnet-0fab4a404bba0f5d1",
        "subnet-04e24c36c331cb753"
      ],
      "type": [
        "tuple",
        [
          "string",
          "string"
        ]
      ]
    },
    "backend_vpc_id": {
      "value": "vpc-01ffcf523ffd05af6",
      "type": "string"
    },
    "eks_backend_cluster_name": {
      "value": "sentinel-eks-backend",
      "type": "string"
    },
    "eks_gateway_cluster_name": {
      "value": "sentinel-eks-gateway",
      "type": "string"
    },
    "gateway_lb_dns": {
      "value": "k8s-sentinel-gatewayp-fd0b870153-865278853.eu-west-2.elb.amazonaws.com",
      "type": "string"
    },
    "gateway_private_subnets": {
      "value": [
        "subnet-03df66fd0c80f723a",
        "subnet-068a6a276e18c30c7"
      ],
      "type": [
        "tuple",
        [
          "string",
          "string"
        ]
      ]
    },
    "gateway_vpc_id": {
      "value": "vpc-09d2218133f865a44",
      "type": "string"
    },
    "vpc_peering_id": {
      "value": "pcx-0f5f6dee4052e7a58",
      "type": "string"
    }
  },
  "resources": [
    {
      "mode": "data",
      "type": "aws_eks_cluster_auth",
      "name": "backend",
      "provider": "provider[\"registry.terraform.io/hashicorp/aws\"]",
      "instances": [
        {
          "schema_version": 0,
          "attributes": {
            "id": "sentinel-eks-backend",
            "name": "sentinel-eks-backend",
            "region": "eu-west-2",
            "token": "k8s-aws-v1.aHR0cHM6Ly9zdHMuZXUtd2VzdC0yLmFtYXpvbmF3cy5jb20vP0FjdGlvbj1HZXRDYWxsZXJJZGVudGl0eSZWZXJzaW9uPTIwMTEtMDYtMTUmWC1BbXotQWxnb3JpdGhtPUFXUzQtSE1BQy1TSEEyNTYmWC1BbXotQ3JlZGVudGlhbD1BS0lBNVFMSTc2TFhPV0VJQTY3RyUyRjIwMjUwOTAxJTJGZXUtd2VzdC0yJTJGc3RzJTJGYXdzNF9yZXF1ZXN0JlgtQW16LURhdGU9MjAyNTA5MDFUMDg1MTM3WiZYLUFtei1FeHBpcmVzPTAmWC1BbXotU2lnbmVkSGVhZGVycz1ob3N0JTNCeC1rOHMtYXdzLWlkJlgtQW16LVNpZ25hdHVyZT04ZTk3YzJkNjljNjIyOGJkYjlkY2FiOWE0OTlkM2JkZGNjMDRjMDA0NzU5NmU1YjA0NjEwOTE0Njk2NzliOWE4"
          },
          "sensitive_attributes": [
            [
              {
                "type": "get_attr",
                "value": "token"
              }
            ]
          ],
          "identity_schema_version": 0
        }
      ]
    },
    {
      "mode": "data",
      "type": "aws_eks_cluster_auth",
      "name": "gateway",
      "provider": "provider[\"registry.terraform.io/hashicorp/aws\"]",
      "instances": [
        {
          "schema_version": 0,
          "attributes": {
            "id": "sentinel-eks-gateway",
            "name": "sentinel-eks-gateway",
            "region": "eu-west-2",
            "token": "k8s-aws-v1.aHR0cHM6Ly9zdHMuZXUtd2VzdC0yLmFtYXpvbmF3cy5jb20vP0FjdGlvbj1HZXRDYWxsZXJJZGVudGl0eSZWZXJzaW9uPTIwMTEtMDYtMTUmWC1BbXotQWxnb3JpdGhtPUFXUzQtSE1BQy1TSEEyNTYmWC1BbXotQ3JlZGVudGlhbD1BS0lBNVFMSTc2TFhPV0VJQTY3RyUyRjIwMjUwOTAxJTJGZXUtd2VzdC0yJTJGc3RzJTJGYXdzNF9yZXF1ZXN0JlgtQW16LURhdGU9MjAyNTA5MDFUMDkwOTM4WiZYLUFtei1FeHBpcmVzPTAmWC1BbXotU2lnbmVkSGVhZGVycz1ob3N0JTNCeC1rOHMtYXdzLWlkJlgtQW16LVNpZ25hdHVyZT01YzFiYzdlYTgwYjkyNDAxYjc3ZmJhNTcwZjg3OGRmNmE5NTg5Y2EzNTdjYTllNjQ0ZmFhODIwNDMwY2ZmOWQy"
          },
          "sensitive_attributes": [
            [
              {
                "type": "get_attr",
                "value": "token"
              }
            ]
          ],
          "identity_schema_version": 0
        }
      ]
    },
    {
      "module": "module.alb_controller_backend",
      "mode": "data",
      "type": "aws_caller_identity",
      "name": "current",
      "provider": "provider[\"registry.terraform.io/hashicorp/aws\"]",
      "instances": [
        {
          "schema_version": 0,
          "attributes": {
            "account_id": "928470004462",
            "arn": "arn:aws:iam::928470004462:user/account-vendor",
            "id": "928470004462",
            "user_id": "AIDA5QLI76LXJPIS3WX4J"
          },
          "sensitive_attributes": [],
          "identity_schema_version": 0
        }
      ]
    },
    {
      "module": "module.alb_controller_backend",
      "mode": "data",
      "type": "aws_iam_policy_document",
      "name": "assume_role",
      "provider": "provider[\"registry.terraform.io/hashicorp/aws\"]",
      "instances": [
        {
          "schema_version": 0,
          "attributes": {
            "id": "843964171",
            "json": "{\n  \"Version\": \"2012-10-17\",\n  \"Statement\": [\n    {\n      \"Effect\": \"Allow\",\n      \"Action\": \"sts:AssumeRoleWithWebIdentity\",\n      \"Principal\": {\n        \"Federated\": \"arn:aws:iam::928470004462:oidc-provider/oidc.eks.eu-west-2.amazonaws.com/id/2ACE067CFCCD6FA2329ECD2490AA0F7F\"\n      },\n      \"Condition\": {\n        \"StringEquals\": {\n          \"oidc.eks.eu-west-2.amazonaws.com/id/2ACE067CFCCD6FA2329ECD2490AA0F7F:sub\": \"system:serviceaccount:kube-system:aws-load-balancer-controller\"\n        }\n      }\n    }\n  ]\n}",
            "minified_json": "{\"Version\":\"2012-10-17\",\"Statement\":[{\"Effect\":\"Allow\",\"Action\":\"sts:AssumeRoleWithWebIdentity\",\"Principal\":{\"Federated\":\"arn:aws:iam::928470004462:oidc-provider/oidc.eks.eu-west-2.amazonaws.com/id/2ACE067CFCCD6FA2329ECD2490AA0F7F\"},\"Condition\":{\"StringEquals\":{\"oidc.eks.eu-west-2.amazonaws.com/id/2ACE067CFCCD6FA2329ECD2490AA0F7F:sub\":\"system:serviceaccount:kube-system:aws-load-balancer-controller\"}}}]}",
            "override_json": null,
            "override_policy_documents": null,
            "policy_id": null,
            "source_json": null,
            "source_policy_documents": null,
            "statement": [
              {
                "actions": [
                  "sts:AssumeRoleWithWebIdentity"
                ],
                "condition": [
                  {
                    "test": "StringEquals",
                    "values": [
                      "system:serviceaccount:kube-system:aws-load-balancer-controller"
                    ],
                    "variable": "oidc.eks.eu-west-2.amazonaws.com/id/2ACE067CFCCD6FA2329ECD2490AA0F7F:sub"
                  }
                ],
                "effect": "Allow",
                "not_actions": [],
                "not_principals": [],
                "not_resources": [],
                "principals": [
                  {
                    "identifiers": [
                      "arn:aws:iam::928470004462:oidc-provider/oidc.eks.eu-west-2.amazonaws.com/id/2ACE067CFCCD6FA2329ECD2490AA0F7F"
                    ],
                    "type": "Federated"
                  }
                ],
                "resources": [],
                "sid": ""
              }
            ],
            "version": "2012-10-17"
          },
          "sensitive_attributes": [],
          "identity_schema_version": 0
        }
      ]
    },
    {
      "module": "module.alb_controller_backend",
      "mode": "managed",
      "type": "aws_iam_role",
      "name": "this",
      "provider": "provider[\"registry.terraform.io/hashicorp/aws\"]",
      "instances": [
        {
          "schema_version": 0,
          "attributes": {
            "arn": "arn:aws:iam::928470004462:role/sentinel-eks-backend-alb-controller",
            "assume_role_policy": "{\"Statement\":[{\"Action\":\"sts:AssumeRoleWithWebIdentity\",\"Condition\":{\"StringEquals\":{\"oidc.eks.eu-west-2.amazonaws.com/id/2ACE067CFCCD6FA2329ECD2490AA0F7F:sub\":\"system:serviceaccount:kube-system:aws-load-balancer-controller\"}},\"Effect\":\"Allow\",\"Principal\":{\"Federated\":\"arn:aws:iam::928470004462:oidc-provider/oidc.eks.eu-west-2.amazonaws.com/id/2ACE067CFCCD6FA2329ECD2490AA0F7F\"}}],\"Version\":\"2012-10-17\"}",
            "create_date": "2025-09-01T06:31:11Z",
            "description": "",
            "force_detach_policies": false,
            "id": "sentinel-eks-backend-alb-controller",
            "inline_policy": [],
            "managed_policy_arns": [],
            "max_session_duration": 3600,
            "name": "sentinel-eks-backend-alb-controller",
            "name_prefix": "",
            "path": "/",
            "permissions_boundary": "",
            "tags": null,
            "tags_all": {},
            "unique_id": "AROA5QLI76LXK6YKPW4DT"
          },
          "sensitive_attributes": [],
          "identity_schema_version": 0,
          "identity": {
            "account_id": "928470004462",
            "name": "sentinel-eks-backend-alb-controller"
          },
          "private": "bnVsbA==",
          "dependencies": [
            "module.alb_controller_backend.data.aws_iam_policy_document.assume_role",
            "module.eks_backend.aws_eks_cluster.this",
            "module.eks_backend.aws_iam_openid_connect_provider.this",
            "module.eks_backend.aws_iam_role.cluster",
            "module.eks_backend.aws_iam_role_policy_attachment.cluster_AmazonEKSClusterPolicy",
            "module.eks_backend.aws_iam_role_policy_attachment.cluster_AmazonEKSVPCResourceController",
            "module.eks_backend.data.aws_partition.current",
            "module.eks_backend.data.tls_certificate.oidc_cert",
            "module.vpc_backend.aws_subnet.private",
            "module.vpc_backend.aws_vpc.this",
            "module.vpc_backend.data.aws_availability_zones.this"
          ]
        }
      ]
    },
    {
      "module": "module.alb_controller_backend",
      "mode": "managed",
      "type": "aws_iam_role_policy_attachment",
      "name": "this",
      "provider": "provider[\"registry.terraform.io/hashicorp/aws\"]",
      "instances": [
        {
          "schema_version": 0,
          "attributes": {
            "id": "sentinel-eks-backend-alb-controller/arn:aws:iam::928470004462:policy/LoadBalancerControllerPolicy",
            "policy_arn": "arn:aws:iam::928470004462:policy/LoadBalancerControllerPolicy",
            "role": "sentinel-eks-backend-alb-controller"
          },
          "sensitive_attributes": [],
          "identity_schema_version": 0,
          "identity": {
            "account_id": "928470004462",
            "policy_arn": "arn:aws:iam::928470004462:policy/LoadBalancerControllerPolicy",
            "role": "sentinel-eks-backend-alb-controller"
          },
          "private": "bnVsbA==",
          "dependencies": [
            "module.alb_controller_backend.aws_iam_role.this",
            "module.alb_controller_backend.data.aws_caller_identity.current",
            "module.alb_controller_backend.data.aws_iam_policy_document.assume_role",
            "module.eks_backend.aws_eks_cluster.this",
            "module.eks_backend.aws_iam_openid_connect_provider.this",
            "module.eks_backend.aws_iam_role.cluster",
            "module.eks_backend.aws_iam_role_policy_attachment.cluster_AmazonEKSClusterPolicy",
            "module.eks_backend.aws_iam_role_policy_attachment.cluster_AmazonEKSVPCResourceController",
            "module.eks_backend.data.aws_partition.current",
            "module.eks_backend.data.tls_certificate.oidc_cert",
            "module.vpc_backend.aws_subnet.private",
            "module.vpc_backend.aws_vpc.this",
            "module.vpc_backend.data.aws_availability_zones.this"
          ]
        }
      ]
    },
    {
      "module": "module.alb_controller_backend",
      "mode": "managed",
      "type": "helm_release",
      "name": "this",
      "provider": "provider[\"registry.terraform.io/hashicorp/helm\"].backend",
      "instances": [
        {
          "schema_version": 2,
          "attributes": {
            "atomic": false,
            "chart": "aws-load-balancer-controller",
            "cleanup_on_fail": false,
            "create_namespace": false,
            "dependency_update": false,
            "description": null,
            "devel": null,
            "disable_crd_hooks": false,
            "disable_openapi_validation": false,
            "disable_webhooks": false,
            "force_update": false,
            "id": "aws-load-balancer-controller",
            "keyring": null,
            "lint": false,
            "manifest": null,
            "max_history": 0,
            "metadata": {
              "app_version": "v2.8.3",
              "chart": "aws-load-balancer-controller",
              "first_deployed": 1756708274,
              "last_deployed": 1756708274,
              "name": "aws-load-balancer-controller",
              "namespace": "kube-system",
              "notes": "AWS Load Balancer controller installed!\n",
              "revision": 1,
              "values": "{\"clusterName\":\"sentinel-eks-backend\",\"region\":\"eu-west-2\",\"serviceAccount\":{\"create\":false,\"name\":\"aws-load-balancer-controller\"},\"vpcId\":\"vpc-01ffcf523ffd05af6\"}",
              "version": "1.8.4"
            },
            "name": "aws-load-balancer-controller",
            "namespace": "kube-system",
            "pass_credentials": false,
            "postrender": null,
            "recreate_pods": false,
            "render_subchart_notes": true,
            "replace": false,
            "repository": "https://aws.github.io/eks-charts",
            "repository_ca_file": null,
            "repository_cert_file": null,
            "repository_key_file": null,
            "repository_password": null,
            "repository_username": null,
            "reset_values": false,
            "reuse_values": false,
            "set": [
              {
                "name": "clusterName",
                "type": "",
                "value": "sentinel-eks-backend"
              },
              {
                "name": "serviceAccount.create",
                "type": "",
                "value": "false"
              },
              {
                "name": "serviceAccount.name",
                "type": "",
                "value": "aws-load-balancer-controller"
              },
              {
                "name": "region",
                "type": "",
                "value": "eu-west-2"
              },
              {
                "name": "vpcId",
                "type": "",
                "value": "vpc-01ffcf523ffd05af6"
              }
            ],
            "set_list": null,
            "set_sensitive": null,
            "set_wo": null,
            "set_wo_revision": null,
            "skip_crds": false,
            "status": "deployed",
            "timeout": 300,
            "values": null,
            "verify": false,
            "version": "1.8.4",
            "wait": true,
            "wait_for_jobs": false
          },
          "sensitive_attributes": [
            [
              {
                "type": "get_attr",
                "value": "repository_password"
              }
            ]
          ],
          "identity_schema_version": 0,
          "identity": {
            "namespace": "kube-system",
            "release_name": "aws-load-balancer-controller"
          },
          "dependencies": [
            "data.aws_eks_cluster_auth.backend",
            "module.alb_controller_backend.aws_iam_role.this",
            "module.alb_controller_backend.data.aws_iam_policy_document.assume_role",
            "module.alb_controller_backend.kubernetes_service_account.this",
            "module.eks_backend.aws_eks_cluster.this",
            "module.eks_backend.aws_iam_openid_connect_provider.this",
            "module.eks_backend.aws_iam_role.cluster",
            "module.eks_backend.aws_iam_role_policy_attachment.cluster_AmazonEKSClusterPolicy",
            "module.eks_backend.aws_iam_role_policy_attachment.cluster_AmazonEKSVPCResourceController",
            "module.eks_backend.data.aws_partition.current",
            "module.eks_backend.data.tls_certificate.oidc_cert",
            "module.vpc_backend.aws_subnet.private",
            "module.vpc_backend.aws_vpc.this",
            "module.vpc_backend.data.aws_availability_zones.this"
          ]
        }
      ]
    },
    {
      "module": "module.alb_controller_backend",
      "mode": "managed",
      "type": "kubernetes_service_account",
      "name": "this",
      "provider": "provider[\"registry.terraform.io/hashicorp/kubernetes\"].backend",
      "instances": [
        {
          "schema_version": 0,
          "attributes": {
            "automount_service_account_token": true,
            "default_secret_name": "",
            "id": "kube-system/aws-load-balancer-controller",
            "image_pull_secret": [],
            "metadata": [
              {
                "annotations": {
                  "eks.amazonaws.com/role-arn": "arn:aws:iam::928470004462:role/sentinel-eks-backend-alb-controller"
                },
                "generate_name": "",
                "generation": 0,
                "labels": null,
                "name": "aws-load-balancer-controller",
                "namespace": "kube-system",
                "resource_version": "4477",
                "uid": "ec4ea273-e047-4d5c-9f4c-24cb0f0a34aa"
              }
            ],
            "secret": [],
            "timeouts": null
          },
          "sensitive_attributes": [],
          "identity_schema_version": 1,
          "identity": {
            "api_version": "v1",
            "kind": "ServiceAccount",
            "name": "aws-load-balancer-controller",
            "namespace": "kube-system"
          },
          "private": "eyJlMmJmYjczMC1lY2FhLTExZTYtOGY4OC0zNDM2M2JjN2M0YzAiOnsiY3JlYXRlIjozMDAwMDAwMDAwMH19",
          "dependencies": [
            "data.aws_eks_cluster_auth.backend",
            "module.alb_controller_backend.aws_iam_role.this",
            "module.alb_controller_backend.data.aws_iam_policy_document.assume_role",
            "module.eks_backend.aws_eks_cluster.this",
            "module.eks_backend.aws_iam_openid_connect_provider.this",
            "module.eks_backend.aws_iam_role.cluster",
            "module.eks_backend.aws_iam_role_policy_attachment.cluster_AmazonEKSClusterPolicy",
            "module.eks_backend.aws_iam_role_policy_attachment.cluster_AmazonEKSVPCResourceController",
            "module.eks_backend.data.aws_partition.current",
            "module.eks_backend.data.tls_certificate.oidc_cert",
            "module.vpc_backend.aws_subnet.private",
            "module.vpc_backend.aws_vpc.this",
            "module.vpc_backend.data.aws_availability_zones.this"
          ]
        }
      ]
    },
    {
      "module": "module.alb_controller_gateway",
      "mode": "data",
      "type": "aws_caller_identity",
      "name": "current",
      "provider": "provider[\"registry.terraform.io/hashicorp/aws\"]",
      "instances": [
        {
          "schema_version": 0,
          "attributes": {
            "account_id": "928470004462",
            "arn": "arn:aws:iam::928470004462:user/account-vendor",
            "id": "928470004462",
            "user_id": "AIDA5QLI76LXJPIS3WX4J"
          },
          "sensitive_attributes": [],
          "identity_schema_version": 0
        }
      ]
    },
    {
      "module": "module.alb_controller_gateway",
      "mode": "data",
      "type": "aws_iam_policy_document",
      "name": "assume_role",
      "provider": "provider[\"registry.terraform.io/hashicorp/aws\"]",
      "instances": [
        {
          "schema_version": 0,
          "attributes": {
            "id": "3148803336",
            "json": "{\n  \"Version\": \"2012-10-17\",\n  \"Statement\": [\n    {\n      \"Effect\": \"Allow\",\n      \"Action\": \"sts:AssumeRoleWithWebIdentity\",\n      \"Principal\": {\n        \"Federated\": \"arn:aws:iam::928470004462:oidc-provider/oidc.eks.eu-west-2.amazonaws.com/id/3BBE7CFD33BF09F0876E95B3E26B1D6D\"\n      },\n      \"Condition\": {\n        \"StringEquals\": {\n          \"oidc.eks.eu-west-2.amazonaws.com/id/3BBE7CFD33BF09F0876E95B3E26B1D6D:sub\": \"system:serviceaccount:kube-system:aws-load-balancer-controller\"\n        }\n      }\n    }\n  ]\n}",
            "minified_json": "{\"Version\":\"2012-10-17\",\"Statement\":[{\"Effect\":\"Allow\",\"Action\":\"sts:AssumeRoleWithWebIdentity\",\"Principal\":{\"Federated\":\"arn:aws:iam::928470004462:oidc-provider/oidc.eks.eu-west-2.amazonaws.com/id/3BBE7CFD33BF09F0876E95B3E26B1D6D\"},\"Condition\":{\"StringEquals\":{\"oidc.eks.eu-west-2.amazonaws.com/id/3BBE7CFD33BF09F0876E95B3E26B1D6D:sub\":\"system:serviceaccount:kube-system:aws-load-balancer-controller\"}}}]}",
            "override_json": null,
            "override_policy_documents": null,
            "policy_id": null,
            "source_json": null,
            "source_policy_documents": null,
            "statement": [
              {
                "actions": [
                  "sts:AssumeRoleWithWebIdentity"
                ],
                "condition": [
                  {
                    "test": "StringEquals",
                    "values": [
                      "system:serviceaccount:kube-system:aws-load-balancer-controller"
                    ],
                    "variable": "oidc.eks.eu-west-2.amazonaws.com/id/3BBE7CFD33BF09F0876E95B3E26B1D6D:sub"
                  }
                ],
                "effect": "Allow",
                "not_actions": [],
                "not_principals": [],
                "not_resources": [],
                "principals": [
                  {
                    "identifiers": [
                      "arn:aws:iam::928470004462:oidc-provider/oidc.eks.eu-west-2.amazonaws.com/id/3BBE7CFD33BF09F0876E95B3E26B1D6D"
                    ],
                    "type": "Federated"
                  }
                ],
                "resources": [],
                "sid": ""
              }
            ],
            "version": "2012-10-17"
          },
          "sensitive_attributes": [],
          "identity_schema_version": 0
        }
      ]
    },
    {
      "module": "module.alb_controller_gateway",
      "mode": "managed",
      "type": "aws_iam_role",
      "name": "this",
      "provider": "provider[\"registry.terraform.io/hashicorp/aws\"]",
      "instances": [
        {
          "schema_version": 0,
          "attributes": {
            "arn": "arn:aws:iam::928470004462:role/sentinel-eks-gateway-alb-controller",
            "assume_role_policy": "{\"Statement\":[{\"Action\":\"sts:AssumeRoleWithWebIdentity\",\"Condition\":{\"StringEquals\":{\"oidc.eks.eu-west-2.amazonaws.com/id/3BBE7CFD33BF09F0876E95B3E26B1D6D:sub\":\"system:serviceaccount:kube-system:aws-load-balancer-controller\"}},\"Effect\":\"Allow\",\"Principal\":{\"Federated\":\"arn:aws:iam::928470004462:oidc-provider/oidc.eks.eu-west-2.amazonaws.com/id/3BBE7CFD33BF09F0876E95B3E26B1D6D\"}}],\"Version\":\"2012-10-17\"}",
            "create_date": "2025-09-01T06:31:11Z",
            "description": "",
            "force_detach_policies": false,
            "id": "sentinel-eks-gateway-alb-controller",
            "inline_policy": [],
            "managed_policy_arns": [],
            "max_session_duration": 3600,
            "name": "sentinel-eks-gateway-alb-controller",
            "name_prefix": "",
            "path": "/",
            "permissions_boundary": "",
            "tags": null,
            "tags_all": {},
            "unique_id": "AROA5QLI76LXLNKZPYXC4"
          },
          "sensitive_attributes": [],
          "identity_schema_version": 0,
          "identity": {
            "account_id": "928470004462",
            "name": "sentinel-eks-gateway-alb-controller"
          },
          "private": "bnVsbA==",
          "dependencies": [
            "module.alb_controller_gateway.data.aws_iam_policy_document.assume_role",
            "module.eks_gateway.aws_eks_cluster.this",
            "module.eks_gateway.aws_iam_openid_connect_provider.this",
            "module.eks_gateway.aws_iam_role.cluster",
            "module.eks_gateway.aws_iam_role_policy_attachment.cluster_AmazonEKSClusterPolicy",
            "module.eks_gateway.aws_iam_role_policy_attachment.cluster_AmazonEKSVPCResourceController",
            "module.eks_gateway.data.aws_partition.current",
            "module.eks_gateway.data.tls_certificate.oidc_cert",
            "module.vpc_gateway.aws_subnet.private",
            "module.vpc_gateway.aws_vpc.this",
            "module.vpc_gateway.data.aws_availability_zones.this"
          ]
        }
      ]
    },
    {
      "module": "module.alb_controller_gateway",
      "mode": "managed",
      "type": "aws_iam_role_policy_attachment",
      "name": "this",
      "provider": "provider[\"registry.terraform.io/hashicorp/aws\"]",
      "instances": [
        {
          "schema_version": 0,
          "attributes": {
            "id": "sentinel-eks-gateway-alb-controller/arn:aws:iam::928470004462:policy/LoadBalancerControllerPolicy",
            "policy_arn": "arn:aws:iam::928470004462:policy/LoadBalancerControllerPolicy",
            "role": "sentinel-eks-gateway-alb-controller"
          },
          "sensitive_attributes": [],
          "identity_schema_version": 0,
          "identity": {
            "account_id": "928470004462",
            "policy_arn": "arn:aws:iam::928470004462:policy/LoadBalancerControllerPolicy",
            "role": "sentinel-eks-gateway-alb-controller"
          },
          "private": "bnVsbA==",
          "dependencies": [
            "module.alb_controller_gateway.aws_iam_role.this",
            "module.alb_controller_gateway.data.aws_caller_identity.current",
            "module.alb_controller_gateway.data.aws_iam_policy_document.assume_role",
            "module.eks_gateway.aws_eks_cluster.this",
            "module.eks_gateway.aws_iam_openid_connect_provider.this",
            "module.eks_gateway.aws_iam_role.cluster",
            "module.eks_gateway.aws_iam_role_policy_attachment.cluster_AmazonEKSClusterPolicy",
            "module.eks_gateway.aws_iam_role_policy_attachment.cluster_AmazonEKSVPCResourceController",
            "module.eks_gateway.data.aws_partition.current",
            "module.eks_gateway.data.tls_certificate.oidc_cert",
            "module.vpc_gateway.aws_subnet.private",
            "module.vpc_gateway.aws_vpc.this",
            "module.vpc_gateway.data.aws_availability_zones.this"
          ]
        }
      ]
    },
    {
      "module": "module.alb_controller_gateway",
      "mode": "managed",
      "type": "helm_release",
      "name": "this",
      "provider": "provider[\"registry.terraform.io/hashicorp/helm\"].gateway",
      "instances": [
        {
          "schema_version": 2,
          "attributes": {
            "atomic": false,
            "chart": "aws-load-balancer-controller",
            "cleanup_on_fail": false,
            "create_namespace": false,
            "dependency_update": false,
            "description": null,
            "devel": null,
            "disable_crd_hooks": false,
            "disable_openapi_validation": false,
            "disable_webhooks": false,
            "force_update": false,
            "id": "aws-load-balancer-controller",
            "keyring": null,
            "lint": false,
            "manifest": null,
            "max_history": 0,
            "metadata": {
              "app_version": "v2.8.3",
              "chart": "aws-load-balancer-controller",
              "first_deployed": 1756708274,
              "last_deployed": 1756708274,
              "name": "aws-load-balancer-controller",
              "namespace": "kube-system",
              "notes": "AWS Load Balancer controller installed!\n",
              "revision": 1,
              "values": "{\"clusterName\":\"sentinel-eks-gateway\",\"region\":\"eu-west-2\",\"serviceAccount\":{\"create\":false,\"name\":\"aws-load-balancer-controller\"},\"vpcId\":\"vpc-09d2218133f865a44\"}",
              "version": "1.8.4"
            },
            "name": "aws-load-balancer-controller",
            "namespace": "kube-system",
            "pass_credentials": false,
            "postrender": null,
            "recreate_pods": false,
            "render_subchart_notes": true,
            "replace": false,
            "repository": "https://aws.github.io/eks-charts",
            "repository_ca_file": null,
            "repository_cert_file": null,
            "repository_key_file": null,
            "repository_password": null,
            "repository_username": null,
            "reset_values": false,
            "reuse_values": false,
            "set": [
              {
                "name": "clusterName",
                "type": "",
                "value": "sentinel-eks-gateway"
              },
              {
                "name": "serviceAccount.create",
                "type": "",
                "value": "false"
              },
              {
                "name": "serviceAccount.name",
                "type": "",
                "value": "aws-load-balancer-controller"
              },
              {
                "name": "region",
                "type": "",
                "value": "eu-west-2"
              },
              {
                "name": "vpcId",
                "type": "",
                "value": "vpc-09d2218133f865a44"
              }
            ],
            "set_list": null,
            "set_sensitive": null,
            "set_wo": null,
            "set_wo_revision": null,
            "skip_crds": false,
            "status": "deployed",
            "timeout": 300,
            "values": null,
            "verify": false,
            "version": "1.8.4",
            "wait": true,
            "wait_for_jobs": false
          },
          "sensitive_attributes": [
            [
              {
                "type": "get_attr",
                "value": "repository_password"
              }
            ]
          ],
          "identity_schema_version": 0,
          "identity": {
            "namespace": "kube-system",
            "release_name": "aws-load-balancer-controller"
          },
          "dependencies": [
            "data.aws_eks_cluster_auth.gateway",
            "module.alb_controller_gateway.aws_iam_role.this",
            "module.alb_controller_gateway.data.aws_iam_policy_document.assume_role",
            "module.alb_controller_gateway.kubernetes_service_account.this",
            "module.eks_gateway.aws_eks_cluster.this",
            "module.eks_gateway.aws_iam_openid_connect_provider.this",
            "module.eks_gateway.aws_iam_role.cluster",
            "module.eks_gateway.aws_iam_role_policy_attachment.cluster_AmazonEKSClusterPolicy",
            "module.eks_gateway.aws_iam_role_policy_attachment.cluster_AmazonEKSVPCResourceController",
            "module.eks_gateway.data.aws_partition.current",
            "module.eks_gateway.data.tls_certificate.oidc_cert",
            "module.vpc_gateway.aws_subnet.private",
            "module.vpc_gateway.aws_vpc.this",
            "module.vpc_gateway.data.aws_availability_zones.this"
          ]
        }
      ]
    },
    {
      "module": "module.alb_controller_gateway",
      "mode": "managed",
      "type": "kubernetes_service_account",
      "name": "this",
      "provider": "provider[\"registry.terraform.io/hashicorp/kubernetes\"].gateway",
      "instances": [
        {
          "schema_version": 0,
          "attributes": {
            "automount_service_account_token": true,
            "default_secret_name": "",
            "id": "kube-system/aws-load-balancer-controller",
            "image_pull_secret": [],
            "metadata": [
              {
                "annotations": {
                  "eks.amazonaws.com/role-arn": "arn:aws:iam::928470004462:role/sentinel-eks-gateway-alb-controller"
                },
                "generate_name": "",
                "generation": 0,
                "labels": null,
                "name": "aws-load-balancer-controller",
                "namespace": "kube-system",
                "resource_version": "8896",
                "uid": "dba939ca-8d0f-45a3-8fe4-6e9d264d0afe"
              }
            ],
            "secret": [],
            "timeouts": null
          },
          "sensitive_attributes": [],
          "identity_schema_version": 1,
          "identity": {
            "api_version": "v1",
            "kind": "ServiceAccount",
            "name": "aws-load-balancer-controller",
            "namespace": "kube-system"
          },
          "private": "eyJlMmJmYjczMC1lY2FhLTExZTYtOGY4OC0zNDM2M2JjN2M0YzAiOnsiY3JlYXRlIjozMDAwMDAwMDAwMH19",
          "dependencies": [
            "data.aws_eks_cluster_auth.gateway",
            "module.alb_controller_gateway.aws_iam_role.this",
            "module.alb_controller_gateway.data.aws_iam_policy_document.assume_role",
            "module.eks_gateway.aws_eks_cluster.this",
            "module.eks_gateway.aws_iam_openid_connect_provider.this",
            "module.eks_gateway.aws_iam_role.cluster",
            "module.eks_gateway.aws_iam_role_policy_attachment.cluster_AmazonEKSClusterPolicy",
            "module.eks_gateway.aws_iam_role_policy_attachment.cluster_AmazonEKSVPCResourceController",
            "module.eks_gateway.data.aws_partition.current",
            "module.eks_gateway.data.tls_certificate.oidc_cert",
            "module.vpc_gateway.aws_subnet.private",
            "module.vpc_gateway.aws_vpc.this",
            "module.vpc_gateway.data.aws_availability_zones.this"
          ]
        }
      ]
    },
    {
      "module": "module.backend_app",
      "mode": "data",
      "type": "external",
      "name": "alb_dns",
      "provider": "provider[\"registry.terraform.io/hashicorp/external\"]",
      "instances": [
        {
          "schema_version": 0,
          "attributes": {
            "id": "-",
            "program": [
              "bash",
              "-c",
              "LB_DNS_NAME=$(aws elbv2 describe-load-balancers \\\n  --query \"LoadBalancers[?Scheme=='internal'].DNSName\" \\\n  --region eu-west-2 \\\n  --output text)\n      \n# Check if a DNS name was returned\nif [ -z \"$LB_DNS_NAME\" ]; then\n  echo '{\"url\": \"\"}'\nelse\n  echo '{\"url\": \"'\"$LB_DNS_NAME\"'\"}'\nfi\n"
            ],
            "query": null,
            "result": {
              "url": "internal-k8s-sentinel-hellobac-a14d3fb6f3-1953451713.eu-west-2.elb.amazonaws.com"
            },
            "working_dir": null
          },
          "sensitive_attributes": [],
          "identity_schema_version": 0
        }
      ]
    },
    {
      "module": "module.backend_app",
      "mode": "managed",
      "type": "kubernetes_deployment",
      "name": "this",
      "provider": "provider[\"registry.terraform.io/hashicorp/kubernetes\"].backend",
      "instances": [
        {
          "schema_version": 1,
          "attributes": {
            "id": "sentinel-backend/hello-backend",
            "metadata": [
              {
                "annotations": null,
                "generate_name": "",
                "generation": 1,
                "labels": {
                  "app": "hello-backend"
                },
                "name": "hello-backend",
                "namespace": "sentinel-backend",
                "resource_version": "20881",
                "uid": "89c7b957-9736-43b9-9418-464dc6db5605"
              }
            ],
            "spec": [
              {
                "min_ready_seconds": 0,
                "paused": false,
                "progress_deadline_seconds": 600,
                "replicas": "2",
                "revision_history_limit": 10,
                "selector": [
                  {
                    "match_expressions": [],
                    "match_labels": {
                      "app": "hello-backend"
                    }
                  }
                ],
                "strategy": [
                  {
                    "rolling_update": [
                      {
                        "max_surge": "25%",
                        "max_unavailable": "25%"
                      }
                    ],
                    "type": "RollingUpdate"
                  }
                ],
                "template": [
                  {
                    "metadata": [
                      {
                        "annotations": null,
                        "generate_name": "",
                        "generation": 0,
                        "labels": {
                          "app": "hello-backend"
                        },
                        "name": "",
                        "namespace": "",
                        "resource_version": "",
                        "uid": ""
                      }
                    ],
                    "spec": [
                      {
                        "active_deadline_seconds": 0,
                        "affinity": [],
                        "automount_service_account_token": true,
                        "container": [
                          {
                            "args": [
                              "-text=Hello from backend",
                              "-listen=:8080"
                            ],
                            "command": null,
                            "env": [],
                            "env_from": [],
                            "image": "hashicorp/http-echo:1.0",
                            "image_pull_policy": "IfNotPresent",
                            "lifecycle": [],
                            "liveness_probe": [],
                            "name": "app",
                            "port": [
                              {
                                "container_port": 8080,
                                "host_ip": "",
                                "host_port": 0,
                                "name": "",
                                "protocol": "TCP"
                              }
                            ],
                            "readiness_probe": [],
                            "resources": [
                              {
                                "limits": {},
                                "requests": {}
                              }
                            ],
                            "security_context": [],
                            "startup_probe": [],
                            "stdin": false,
                            "stdin_once": false,
                            "termination_message_path": "/dev/termination-log",
                            "termination_message_policy": "File",
                            "tty": false,
                            "volume_device": [],
                            "volume_mount": [],
                            "working_dir": ""
                          }
                        ],
                        "dns_config": [],
                        "dns_policy": "ClusterFirst",
                        "enable_service_links": true,
                        "host_aliases": [],
                        "host_ipc": false,
                        "host_network": false,
                        "host_pid": false,
                        "hostname": "",
                        "image_pull_secrets": [],
                        "init_container": [],
                        "node_name": "",
                        "node_selector": null,
                        "os": [],
                        "priority_class_name": "",
                        "readiness_gate": [],
                        "restart_policy": "Always",
                        "runtime_class_name": "",
                        "scheduler_name": "default-scheduler",
                        "security_context": [],
                        "service_account_name": "",
                        "share_process_namespace": false,
                        "subdomain": "",
                        "termination_grace_period_seconds": 30,
                        "toleration": [],
                        "topology_spread_constraint": [],
                        "volume": []
                      }
                    ]
                  }
                ]
              }
            ],
            "timeouts": null,
            "wait_for_rollout": true
          },
          "sensitive_attributes": [],
          "identity_schema_version": 1,
          "identity": {
            "api_version": "apps/v1",
            "kind": "Deployment",
            "name": "hello-backend",
            "namespace": "sentinel-backend"
          },
          "private": "eyJlMmJmYjczMC1lY2FhLTExZTYtOGY4OC0zNDM2M2JjN2M0YzAiOnsiY3JlYXRlIjo2MDAwMDAwMDAwMDAsImRlbGV0ZSI6NjAwMDAwMDAwMDAwLCJ1cGRhdGUiOjYwMDAwMDAwMDAwMH0sInNjaGVtYV92ZXJzaW9uIjoiMSJ9",
          "dependencies": [
            "data.aws_eks_cluster_auth.backend",
            "module.eks_backend.aws_eks_addon.coredns",
            "module.eks_backend.aws_eks_addon.kube_proxy",
            "module.eks_backend.aws_eks_addon.vpc_cni",
            "module.eks_backend.aws_eks_cluster.this",
            "module.eks_backend.aws_eks_node_group.default",
            "module.eks_backend.aws_iam_openid_connect_provider.this",
            "module.eks_backend.aws_iam_role.cluster",
            "module.eks_backend.aws_iam_role.node",
            "module.eks_backend.aws_iam_role_policy_attachment.cluster_AmazonEKSClusterPolicy",
            "module.eks_backend.aws_iam_role_policy_attachment.cluster_AmazonEKSVPCResourceController",
            "module.eks_backend.aws_iam_role_policy_attachment.node_AmazonEC2ContainerRegistryReadOnly",
            "module.eks_backend.aws_iam_role_policy_attachment.node_AmazonEKSWorkerNodePolicy",
            "module.eks_backend.aws_iam_role_policy_attachment.node_AmazonEKS_CNI_Policy",
            "module.eks_backend.aws_iam_role_policy_attachment.node_AmazonSSMManagedInstanceCore",
            "module.eks_backend.data.aws_caller_identity.current",
            "module.eks_backend.data.aws_partition.current",
            "module.eks_backend.data.aws_region.current",
            "module.eks_backend.data.tls_certificate.oidc_cert",
            "module.vpc_backend.aws_subnet.private",
            "module.vpc_backend.aws_vpc.this",
            "module.vpc_backend.data.aws_availability_zones.this"
          ]
        }
      ]
    },
    {
      "module": "module.backend_app",
      "mode": "managed",
      "type": "kubernetes_ingress_v1",
      "name": "this",
      "provider": "provider[\"registry.terraform.io/hashicorp/kubernetes\"].backend",
      "instances": [
        {
          "schema_version": 0,
          "attributes": {
            "id": "sentinel-backend/hello-backend",
            "metadata": [
              {
                "annotations": {
                  "alb.ingress.kubernetes.io/scheme": "internal",
                  "alb.ingress.kubernetes.io/target-type": "ip"
                },
                "generate_name": "",
                "generation": 1,
                "labels": {},
                "name": "hello-backend",
                "namespace": "sentinel-backend",
                "resource_version": "26344",
                "uid": "0359cb8f-0154-4cad-93c8-63a7e11fb4d4"
              }
            ],
            "spec": [
              {
                "default_backend": [],
                "ingress_class_name": "alb",
                "rule": [
                  {
                    "host": "",
                    "http": [
                      {
                        "path": [
                          {
                            "backend": [
                              {
                                "resource": [],
                                "service": [
                                  {
                                    "name": "hello-backend",
                                    "port": [
                                      {
                                        "name": "",
                                        "number": 80
                                      }
                                    ]
                                  }
                                ]
                              }
                            ],
                            "path": "/",
                            "path_type": "Prefix"
                          }
                        ]
                      }
                    ]
                  }
                ],
                "tls": []
              }
            ],
            "status": [
              {
                "load_balancer": [
                  {
                    "ingress": [
                      {
                        "hostname": "internal-k8s-sentinel-hellobac-a14d3fb6f3-1953451713.eu-west-2.elb.amazonaws.com",
                        "ip": ""
                      }
                    ]
                  }
                ]
              }
            ],
            "timeouts": null,
            "wait_for_load_balancer": true
          },
          "sensitive_attributes": [],
          "identity_schema_version": 1,
          "identity": {
            "api_version": "networking.k8s.io/v1",
            "kind": "Ingress",
            "name": "hello-backend",
            "namespace": "sentinel-backend"
          },
          "private": "eyJlMmJmYjczMC1lY2FhLTExZTYtOGY4OC0zNDM2M2JjN2M0YzAiOnsiY3JlYXRlIjoxMjAwMDAwMDAwMDAwLCJkZWxldGUiOjEyMDAwMDAwMDAwMDB9fQ==",
          "dependencies": [
            "data.aws_eks_cluster_auth.backend",
            "module.backend_app.kubernetes_service.this",
            "module.eks_backend.aws_eks_addon.coredns",
            "module.eks_backend.aws_eks_addon.kube_proxy",
            "module.eks_backend.aws_eks_addon.vpc_cni",
            "module.eks_backend.aws_eks_cluster.this",
            "module.eks_backend.aws_eks_node_group.default",
            "module.eks_backend.aws_iam_openid_connect_provider.this",
            "module.eks_backend.aws_iam_role.cluster",
            "module.eks_backend.aws_iam_role.node",
            "module.eks_backend.aws_iam_role_policy_attachment.cluster_AmazonEKSClusterPolicy",
            "module.eks_backend.aws_iam_role_policy_attachment.cluster_AmazonEKSVPCResourceController",
            "module.eks_backend.aws_iam_role_policy_attachment.node_AmazonEC2ContainerRegistryReadOnly",
            "module.eks_backend.aws_iam_role_policy_attachment.node_AmazonEKSWorkerNodePolicy",
            "module.eks_backend.aws_iam_role_policy_attachment.node_AmazonEKS_CNI_Policy",
            "module.eks_backend.aws_iam_role_policy_attachment.node_AmazonSSMManagedInstanceCore",
            "module.eks_backend.data.aws_caller_identity.current",
            "module.eks_backend.data.aws_partition.current",
            "module.eks_backend.data.aws_region.current",
            "module.eks_backend.data.tls_certificate.oidc_cert",
            "module.vpc_backend.aws_subnet.private",
            "module.vpc_backend.aws_vpc.this",
            "module.vpc_backend.data.aws_availability_zones.this"
          ]
        }
      ]
    },
    {
      "module": "module.backend_app",
      "mode": "managed",
      "type": "kubernetes_namespace",
      "name": "this",
      "provider": "provider[\"registry.terraform.io/hashicorp/kubernetes\"].backend",
      "instances": [
        {
          "schema_version": 0,
          "attributes": {
            "id": "sentinel-backend",
            "metadata": [
              {
                "annotations": null,
                "generate_name": "",
                "generation": 0,
                "labels": null,
                "name": "sentinel-backend",
                "resource_version": "17310",
                "uid": "9f07e310-2f25-44c3-80fb-e42b4732c149"
              }
            ],
            "timeouts": null,
            "wait_for_default_service_account": false
          },
          "sensitive_attributes": [],
          "identity_schema_version": 1,
          "identity": {
            "api_version": "v1",
            "kind": "Namespace",
            "name": "sentinel-backend"
          },
          "private": "eyJlMmJmYjczMC1lY2FhLTExZTYtOGY4OC0zNDM2M2JjN2M0YzAiOnsiZGVsZXRlIjozMDAwMDAwMDAwMDB9fQ==",
          "dependencies": [
            "data.aws_eks_cluster_auth.backend",
            "module.eks_backend.aws_eks_addon.coredns",
            "module.eks_backend.aws_eks_addon.kube_proxy",
            "module.eks_backend.aws_eks_addon.vpc_cni",
            "module.eks_backend.aws_eks_cluster.this",
            "module.eks_backend.aws_eks_node_group.default",
            "module.eks_backend.aws_iam_openid_connect_provider.this",
            "module.eks_backend.aws_iam_role.cluster",
            "module.eks_backend.aws_iam_role.node",
            "module.eks_backend.aws_iam_role_policy_attachment.cluster_AmazonEKSClusterPolicy",
            "module.eks_backend.aws_iam_role_policy_attachment.cluster_AmazonEKSVPCResourceController",
            "module.eks_backend.aws_iam_role_policy_attachment.node_AmazonEC2ContainerRegistryReadOnly",
            "module.eks_backend.aws_iam_role_policy_attachment.node_AmazonEKSWorkerNodePolicy",
            "module.eks_backend.aws_iam_role_policy_attachment.node_AmazonEKS_CNI_Policy",
            "module.eks_backend.aws_iam_role_policy_attachment.node_AmazonSSMManagedInstanceCore",
            "module.eks_backend.data.aws_caller_identity.current",
            "module.eks_backend.data.aws_partition.current",
            "module.eks_backend.data.aws_region.current",
            "module.eks_backend.data.tls_certificate.oidc_cert",
            "module.vpc_backend.aws_subnet.private",
            "module.vpc_backend.aws_vpc.this",
            "module.vpc_backend.data.aws_availability_zones.this"
          ]
        }
      ]
    },
    {
      "module": "module.backend_app",
      "mode": "managed",
      "type": "kubernetes_service",
      "name": "this",
      "provider": "provider[\"registry.terraform.io/hashicorp/kubernetes\"].backend",
      "instances": [
        {
          "schema_version": 1,
          "attributes": {
            "id": "sentinel-backend/hello-backend",
            "metadata": [
              {
                "annotations": {},
                "generate_name": "",
                "generation": 0,
                "labels": {},
                "name": "hello-backend",
                "namespace": "sentinel-backend",
                "resource_version": "20828",
                "uid": "2ed0d2fc-99c6-4da1-a572-30dc3d232ac7"
              }
            ],
            "spec": [
              {
                "allocate_load_balancer_node_ports": true,
                "cluster_ip": "172.20.7.191",
                "cluster_ips": [
                  "172.20.7.191"
                ],
                "external_ips": [],
                "external_name": "",
                "external_traffic_policy": "Cluster",
                "health_check_node_port": 0,
                "internal_traffic_policy": "Cluster",
                "ip_families": [
                  "IPv4"
                ],
                "ip_family_policy": "SingleStack",
                "load_balancer_class": "",
                "load_balancer_ip": "",
                "load_balancer_source_ranges": [],
                "port": [
                  {
                    "app_protocol": "",
                    "name": "",
                    "node_port": 31367,
                    "port": 80,
                    "protocol": "TCP",
                    "target_port": "8080"
                  }
                ],
                "publish_not_ready_addresses": false,
                "selector": {
                  "app": "hello-backend"
                },
                "session_affinity": "None",
                "session_affinity_config": [],
                "type": "NodePort"
              }
            ],
            "status": [
              {
                "load_balancer": [
                  {
                    "ingress": []
                  }
                ]
              }
            ],
            "timeouts": null,
            "wait_for_load_balancer": true
          },
          "sensitive_attributes": [],
          "identity_schema_version": 1,
          "identity": {
            "api_version": "v1",
            "kind": "Service",
            "name": "hello-backend",
            "namespace": "sentinel-backend"
          },
          "private": "eyJlMmJmYjczMC1lY2FhLTExZTYtOGY4OC0zNDM2M2JjN2M0YzAiOnsiY3JlYXRlIjo2MDAwMDAwMDAwMDB9LCJzY2hlbWFfdmVyc2lvbiI6IjEifQ==",
          "dependencies": [
            "data.aws_eks_cluster_auth.backend",
            "module.eks_backend.aws_eks_addon.coredns",
            "module.eks_backend.aws_eks_addon.kube_proxy",
            "module.eks_backend.aws_eks_addon.vpc_cni",
            "module.eks_backend.aws_eks_cluster.this",
            "module.eks_backend.aws_eks_node_group.default",
            "module.eks_backend.aws_iam_openid_connect_provider.this",
            "module.eks_backend.aws_iam_role.cluster",
            "module.eks_backend.aws_iam_role.node",
            "module.eks_backend.aws_iam_role_policy_attachment.cluster_AmazonEKSClusterPolicy",
            "module.eks_backend.aws_iam_role_policy_attachment.cluster_AmazonEKSVPCResourceController",
            "module.eks_backend.aws_iam_role_policy_attachment.node_AmazonEC2ContainerRegistryReadOnly",
            "module.eks_backend.aws_iam_role_policy_attachment.node_AmazonEKSWorkerNodePolicy",
            "module.eks_backend.aws_iam_role_policy_attachment.node_AmazonEKS_CNI_Policy",
            "module.eks_backend.aws_iam_role_policy_attachment.node_AmazonSSMManagedInstanceCore",
            "module.eks_backend.data.aws_caller_identity.current",
            "module.eks_backend.data.aws_partition.current",
            "module.eks_backend.data.aws_region.current",
            "module.eks_backend.data.tls_certificate.oidc_cert",
            "module.vpc_backend.aws_subnet.private",
            "module.vpc_backend.aws_vpc.this",
            "module.vpc_backend.data.aws_availability_zones.this"
          ]
        }
      ]
    },
    {
      "module": "module.dns",
      "mode": "managed",
      "type": "aws_route53_record",
      "name": "backend",
      "provider": "provider[\"registry.terraform.io/hashicorp/aws\"]",
      "instances": [
        {
          "schema_version": 2,
          "attributes": {
            "alias": [],
            "allow_overwrite": null,
            "cidr_routing_policy": [],
            "failover_routing_policy": [],
            "fqdn": "backend.sentinel.local",
            "geolocation_routing_policy": [],
            "geoproximity_routing_policy": [],
            "health_check_id": "",
            "id": "Z07817541IKV25BBKCZU8_backend.sentinel.local_CNAME",
            "latency_routing_policy": [],
            "multivalue_answer_routing_policy": false,
            "name": "backend.sentinel.local",
            "records": [
              "internal-k8s-sentinel-hellobac-a14d3fb6f3-1953451713.eu-west-2.elb.amazonaws.com"
            ],
            "set_identifier": "",
            "timeouts": null,
            "ttl": 60,
            "type": "CNAME",
            "weighted_routing_policy": [],
            "zone_id": "Z07817541IKV25BBKCZU8"
          },
          "sensitive_attributes": [],
          "identity_schema_version": 0,
          "identity": {
            "account_id": "928470004462",
            "name": "backend.sentinel.local",
            "set_identifier": null,
            "type": "CNAME",
            "zone_id": "Z07817541IKV25BBKCZU8"
          },
          "private": "eyJlMmJmYjczMC1lY2FhLTExZTYtOGY4OC0zNDM2M2JjN2M0YzAiOnsiY3JlYXRlIjoxODAwMDAwMDAwMDAwLCJkZWxldGUiOjE4MDAwMDAwMDAwMDAsInVwZGF0ZSI6MTgwMDAwMDAwMDAwMH0sInNjaGVtYV92ZXJzaW9uIjoiMiJ9",
          "dependencies": [
            "module.backend_app.data.external.alb_dns",
            "module.dns.aws_route53_zone.this",
            "module.eks_backend.aws_eks_addon.coredns",
            "module.eks_backend.aws_eks_addon.kube_proxy",
            "module.eks_backend.aws_eks_addon.vpc_cni",
            "module.eks_backend.aws_eks_cluster.this",
            "module.eks_backend.aws_eks_node_group.default",
            "module.eks_backend.aws_iam_openid_connect_provider.this",
            "module.eks_backend.aws_iam_role.cluster",
            "module.eks_backend.aws_iam_role.node",
            "module.eks_backend.aws_iam_role_policy_attachment.cluster_AmazonEKSClusterPolicy",
            "module.eks_backend.aws_iam_role_policy_attachment.cluster_AmazonEKSVPCResourceController",
            "module.eks_backend.aws_iam_role_policy_attachment.node_AmazonEC2ContainerRegistryReadOnly",
            "module.eks_backend.aws_iam_role_policy_attachment.node_AmazonEKSWorkerNodePolicy",
            "module.eks_backend.aws_iam_role_policy_attachment.node_AmazonEKS_CNI_Policy",
            "module.eks_backend.aws_iam_role_policy_attachment.node_AmazonSSMManagedInstanceCore",
            "module.eks_backend.data.aws_caller_identity.current",
            "module.eks_backend.data.aws_partition.current",
            "module.eks_backend.data.aws_region.current",
            "module.eks_backend.data.tls_certificate.oidc_cert",
            "module.vpc_backend.aws_subnet.private",
            "module.vpc_backend.aws_vpc.this",
            "module.vpc_backend.data.aws_availability_zones.this",
            "module.vpc_gateway.aws_vpc.this"
          ]
        }
      ]
    },
    {
      "module": "module.dns",
      "mode": "managed",
      "type": "aws_route53_zone",
      "name": "this",
      "provider": "provider[\"registry.terraform.io/hashicorp/aws\"]",
      "instances": [
        {
          "schema_version": 0,
          "attributes": {
            "arn": "arn:aws:route53:::hostedzone/Z07817541IKV25BBKCZU8",
            "comment": "Managed by Terraform",
            "delegation_set_id": "",
            "force_destroy": false,
            "id": "Z07817541IKV25BBKCZU8",
            "name": "sentinel.local",
            "name_servers": [
              "ns-0.awsdns-00.com.",
              "ns-1024.awsdns-00.org.",
              "ns-1536.awsdns-00.co.uk.",
              "ns-512.awsdns-00.net."
            ],
            "primary_name_server": "ns-0.awsdns-00.com.",
            "tags": null,
            "tags_all": {},
            "timeouts": null,
            "vpc": [
              {
                "vpc_id": "vpc-01ffcf523ffd05af6",
                "vpc_region": "eu-west-2"
              },
              {
                "vpc_id": "vpc-09d2218133f865a44",
                "vpc_region": "eu-west-2"
              }
            ],
            "zone_id": "Z07817541IKV25BBKCZU8"
          },
          "sensitive_attributes": [],
          "identity_schema_version": 0,
          "private": "eyJlMmJmYjczMC1lY2FhLTExZTYtOGY4OC0zNDM2M2JjN2M0YzAiOnsiY3JlYXRlIjoxODAwMDAwMDAwMDAwLCJkZWxldGUiOjE4MDAwMDAwMDAwMDAsInVwZGF0ZSI6MTgwMDAwMDAwMDAwMH19",
          "dependencies": [
            "module.vpc_backend.aws_vpc.this",
            "module.vpc_gateway.aws_vpc.this"
          ]
        }
      ]
    },
    {
      "module": "module.eks_backend",
      "mode": "data",
      "type": "aws_caller_identity",
      "name": "current",
      "provider": "provider[\"registry.terraform.io/hashicorp/aws\"]",
      "instances": [
        {
          "schema_version": 0,
          "attributes": {
            "account_id": "928470004462",
            "arn": "arn:aws:iam::928470004462:user/account-vendor",
            "id": "928470004462",
            "user_id": "AIDA5QLI76LXJPIS3WX4J"
          },
          "sensitive_attributes": [],
          "identity_schema_version": 0
        }
      ]
    },
    {
      "module": "module.eks_backend",
      "mode": "data",
      "type": "aws_partition",
      "name": "current",
      "provider": "provider[\"registry.terraform.io/hashicorp/aws\"]",
      "instances": [
        {
          "schema_version": 0,
          "attributes": {
            "dns_suffix": "amazonaws.com",
            "id": "aws",
            "partition": "aws",
            "reverse_dns_prefix": "com.amazonaws"
          },
          "sensitive_attributes": [],
          "identity_schema_version": 0
        }
      ]
    },
    {
      "module": "module.eks_backend",
      "mode": "data",
      "type": "aws_region",
      "name": "current",
      "provider": "provider[\"registry.terraform.io/hashicorp/aws\"]",
      "instances": [
        {
          "schema_version": 0,
          "attributes": {
            "description": "Europe (London)",
            "endpoint": "ec2.eu-west-2.amazonaws.com",
            "id": "eu-west-2",
            "name": "eu-west-2",
            "region": "eu-west-2"
          },
          "sensitive_attributes": [],
          "identity_schema_version": 0
        }
      ]
    },
    {
      "module": "module.eks_backend",
      "mode": "data",
      "type": "tls_certificate",
      "name": "oidc_cert",
      "provider": "provider[\"registry.terraform.io/hashicorp/tls\"]",
      "instances": [
        {
          "schema_version": 0,
          "attributes": {
            "certificates": [
              {
                "cert_pem": "-----BEGIN CERTIFICATE-----\nMIIEkjCCA3qgAwIBAgITBn+USionzfP6wq4rAfkI7rnExjANBgkqhkiG9w0BAQsF\nADCBmDELMAkGA1UEBhMCVVMxEDAOBgNVBAgTB0FyaXpvbmExEzARBgNVBAcTClNj\nb3R0c2RhbGUxJTAjBgNVBAoTHFN0YXJmaWVsZCBUZWNobm9sb2dpZXMsIEluYy4x\nOzA5BgNVBAMTMlN0YXJmaWVsZCBTZXJ2aWNlcyBSb290IENlcnRpZmljYXRlIEF1\ndGhvcml0eSAtIEcyMB4XDTE1MDUyNTEyMDAwMFoXDTM3MTIzMTAxMDAwMFowOTEL\nMAkGA1UEBhMCVVMxDzANBgNVBAoTBkFtYXpvbjEZMBcGA1UEAxMQQW1hem9uIFJv\nb3QgQ0EgMTCCASIwDQYJKoZIhvcNAQEBBQADggEPADCCAQoCggEBALJ4gHHKeNXj\nca9HgFB0fW7Y14h29Jlo91ghYPl0hAEvrAIthtOgQ3pOsqTQNroBvo3bSMgHFzZM\n9O6II8c+6zf1tRn4SWiw3te5djgdYZ6k/oI2peVKVuRF4fn9tBb6dNqcmzU5L/qw\nIFAGbHrQgLKm+a/sRxmPUDgH3KKHOVj4utWp+UhnMJbulHheb4mjUcAwhmahRWa6\nVOujw5H5SNz/0egwLX0tdHA114gk957EWW67c4cX8jJGKLhD+rcdqsq08p8kDi1L\n93FcXmn/6pUCyziKrlA4b9v7LWIbxcceVOF34GfID5yHI9Y/QCB/IIDEgEw+OyQm\njgSubJrIqg0CAwEAAaOCATEwggEtMA8GA1UdEwEB/wQFMAMBAf8wDgYDVR0PAQH/\nBAQDAgGGMB0GA1UdDgQWBBSEGMyFNOy8DJSULghZnMeyEE4KCDAfBgNVHSMEGDAW\ngBScXwDfqgHXMCs4iKK4bUqc8hGRgzB4BggrBgEFBQcBAQRsMGowLgYIKwYBBQUH\nMAGGImh0dHA6Ly9vY3NwLnJvb3RnMi5hbWF6b250cnVzdC5jb20wOAYIKwYBBQUH\nMAKGLGh0dHA6Ly9jcnQucm9vdGcyLmFtYXpvbnRydXN0LmNvbS9yb290ZzIuY2Vy\nMD0GA1UdHwQ2MDQwMqAwoC6GLGh0dHA6Ly9jcmwucm9vdGcyLmFtYXpvbnRydXN0\nLmNvbS9yb290ZzIuY3JsMBEGA1UdIAQKMAgwBgYEVR0gADANBgkqhkiG9w0BAQsF\nAAOCAQEAYjdCXLwQtT6LLOkMm2xF4gcAevnFWAu5CIw+7bMlPLVvUOTNNWqnkzSW\nMiGpSESrnO09tKpzbeR/FoCJbM8oAxiDR3mjEH4wW6w7sGDgd9QIpuEdfF7Au/ma\neyKdpwAJfqxGF4PcnCZXmTA5YpaP7dreqsXMGz7KQ2hsVxa81Q4gLv7/wmpdLqBK\nbRRYh5TmOTFffHPLkIhqhBGWJ6bt2YFGpn6jcgAKUj6DiAdjd4lpFw85hdKrCEVN\n0FE6/V1dN2RMfjCyVSRCnTawXZwXgWHxyvkQAiSr6w10kY17RSlQOYiypok1JR4U\nakcjMS9cmvqtmg5iUaQqqcT5NJ0hGA==\n-----END CERTIFICATE-----\n",
                "is_ca": true,
                "issuer": "CN=Starfield Services Root Certificate Authority - G2,O=Starfield Technologies\\, Inc.,L=Scottsdale,ST=Arizona,C=US",
                "not_after": "2037-12-31T01:00:00Z",
                "not_before": "2015-05-25T12:00:00Z",
                "public_key_algorithm": "RSA",
                "serial_number": "144918191876577076464031512351042010504348870",
                "sha1_fingerprint": "06b25927c42a721631c1efd9431e648fa62e1e39",
                "signature_algorithm": "SHA256-RSA",
                "subject": "CN=Amazon Root CA 1,O=Amazon,C=US",
                "version": 3
              },
              {
                "cert_pem": "-----BEGIN CERTIFICATE-----\nMIIEXjCCA0agAwIBAgITB3MSTNQG0mfAmRzdKZqfODF5hTANBgkqhkiG9w0BAQsF\nADA5MQswCQYDVQQGEwJVUzEPMA0GA1UEChMGQW1hem9uMRkwFwYDVQQDExBBbWF6\nb24gUm9vdCBDQSAxMB4XDTIyMDgyMzIyMjYwNFoXDTMwMDgyMzIyMjYwNFowPDEL\nMAkGA1UEBhMCVVMxDzANBgNVBAoTBkFtYXpvbjEcMBoGA1UEAxMTQW1hem9uIFJT\nQSAyMDQ4IE0wMzCCASIwDQYJKoZIhvcNAQEBBQADggEPADCCAQoCggEBALd/pVko\n8vuM475Tf45HV3BbCl/B9Jy89G1CRkFjcPY06WA9lS+7dWbUA7GtWUKoksr69hKM\nwcMsNpxlw7b3jeXFgxB09/nmalcAWtnLzF+LaDKEA5DQmvKzuh1nfIfqEiKCQSmX\nXh09Xs+dO7cm5qbaL2hhNJCSAejciwcvOFgFNgEMR42wm6KIFHsQW28jhA+1u/M0\np6fVwReuEgZfLfdx82Px0LJck3lST3EB/JfbdsdOzzzg5YkY1dfuqf8y5fUeZ7Cz\nWXbTjujwX/TovmeWKA36VLCz75azW6tDNuDn66FOpADZZ9omVaF6BqNJiLMVl6P3\n/c0OiUMC6Z5OfKcCAwEAAaOCAVowggFWMBIGA1UdEwEB/wQIMAYBAf8CAQAwDgYD\nVR0PAQH/BAQDAgGGMB0GA1UdJQQWMBQGCCsGAQUFBwMBBggrBgEFBQcDAjAdBgNV\nHQ4EFgQUVdkYX9IczAHhWLS+q9lVQgHXLgIwHwYDVR0jBBgwFoAUhBjMhTTsvAyU\nlC4IWZzHshBOCggwewYIKwYBBQUHAQEEbzBtMC8GCCsGAQUFBzABhiNodHRwOi8v\nb2NzcC5yb290Y2ExLmFtYXpvbnRydXN0LmNvbTA6BggrBgEFBQcwAoYuaHR0cDov\nL2NydC5yb290Y2ExLmFtYXpvbnRydXN0LmNvbS9yb290Y2ExLmNlcjA/BgNVHR8E\nODA2MDSgMqAwhi5odHRwOi8vY3JsLnJvb3RjYTEuYW1hem9udHJ1c3QuY29tL3Jv\nb3RjYTEuY3JsMBMGA1UdIAQMMAowCAYGZ4EMAQIBMA0GCSqGSIb3DQEBCwUAA4IB\nAQAGjeWm2cC+3z2MzSCnte46/7JZvj3iQZDY7EvODNdZF41n71Lrk9kbfNwerK0d\nVNzW36Wefr7j7ZSwBVg50W5ay65jNSN74TTQV1yt4WnSbVvN6KlMs1hiyOZdoHKs\nKDV2UGNxbdoBYCQNa2GYF8FQIWLugNp35aSOpMy6cFlymFQomIrnOQHwK1nvVY4q\nxDSJMU/gNJz17D8ArPN3ngnyZ2TwepJ0uBINz3G5te2rdFUF4i4Y3Bb7FUlHDYm4\nu8aIRGpk2ZpfXmxaoxnbIBZRvGLPSUuPwnwoUOMsJ8jirI5vs2dvchPb7MtI1rle\ni02f2ivH2vxkjDLltSpe2fiC\n-----END CERTIFICATE-----\n",
                "is_ca": true,
                "issuer": "CN=Amazon Root CA 1,O=Amazon,C=US",
                "not_after": "2030-08-23T22:26:04Z",
                "not_before": "2022-08-23T22:26:04Z",
                "public_key_algorithm": "RSA",
                "serial_number": "166129356476704345391986644047206454194698629",
                "sha1_fingerprint": "d9fe0a65fa00cabf61f5120d373a8135e1461f15",
                "signature_algorithm": "SHA256-RSA",
                "subject": "CN=Amazon RSA 2048 M03,O=Amazon,C=US",
                "version": 3
              },
              {
                "cert_pem": "-----BEGIN CERTIFICATE-----\nMIIF5zCCBM+gAwIBAgIQDOCAKjgOijRH00eMx8pmLzANBgkqhkiG9w0BAQsFADA8\nMQswCQYDVQQGEwJVUzEPMA0GA1UEChMGQW1hem9uMRwwGgYDVQQDExNBbWF6b24g\nUlNBIDIwNDggTTAzMB4XDTI1MDIyNjAwMDAwMFoXDTI2MDMyODIzNTk1OVowKDEm\nMCQGA1UEAwwdKi5la3MuZXUtd2VzdC0yLmFtYXpvbmF3cy5jb20wggEiMA0GCSqG\nSIb3DQEBAQUAA4IBDwAwggEKAoIBAQDtF5tgb91Q48f+Y+xVj0bGJwiIkdty4qXQ\n5CtOzufk75SbAkzXa8UCu7fGjMfK1U4eol3EbaLs8cn+toZUMFZnBOF/3PzQSwUa\nSBu3Mx+ysK5wfMPQKicyjj8TVNT+Rpy4mALoOW32j7gU03aBmVoWrMUU4JlbKIq6\nvcK5o9U37NoqhM1xoEWjBU9PByYy7eH/CKsPXrVgS0WYoJ3jkkVJJk1qGRIrQlZb\nJVQYlRgpydCzyyP7xJoX/mjwXbc0Umb1T6dpyqaxk6xS1jDUXhN8oc1hATZZyfkF\nGRhYYPa1QWCrcz0DglnrMLxAm9dmoweFe8BQ4j6m2MTg3Vhx07eBAgMBAAGjggL3\nMIIC8zAfBgNVHSMEGDAWgBRV2Rhf0hzMAeFYtL6r2VVCAdcuAjAdBgNVHQ4EFgQU\nHgoWqJ/VsQuFzs7Y8BuA9jr+6uwwKAYDVR0RBCEwH4IdKi5la3MuZXUtd2VzdC0y\nLmFtYXpvbmF3cy5jb20wEwYDVR0gBAwwCjAIBgZngQwBAgEwDgYDVR0PAQH/BAQD\nAgWgMB0GA1UdJQQWMBQGCCsGAQUFBwMBBggrBgEFBQcDAjA7BgNVHR8ENDAyMDCg\nLqAshipodHRwOi8vY3JsLnIybTAzLmFtYXpvbnRydXN0LmNvbS9yMm0wMy5jcmww\ndQYIKwYBBQUHAQEEaTBnMC0GCCsGAQUFBzABhiFodHRwOi8vb2NzcC5yMm0wMy5h\nbWF6b250cnVzdC5jb20wNgYIKwYBBQUHMAKGKmh0dHA6Ly9jcnQucjJtMDMuYW1h\nem9udHJ1c3QuY29tL3IybTAzLmNlcjAMBgNVHRMBAf8EAjAAMIIBfwYKKwYBBAHW\neQIEAgSCAW8EggFrAWkAdgCWl2S/VViXrfdDh2g3CEJ36fA61fak8zZuRqQ/D8qp\nxgAAAZU/pUXPAAAEAwBHMEUCIQCpQH3ao3qlMJQ0QHMVCA+ET8Na/+j1ibSsgJU6\nRvpngwIgSPEGhZ8afc1x5VZoiWoY/14nCm/xPb2oFvZ+utbCNjsAdgBkEcRspBLs\np4kcogIuALyrTygH1B41J6vq/tUDyX3N8AAAAZU/pUXUAAAEAwBHMEUCIQC/NPTL\nYvCoxUsT57qVZ0sV9XPUFnWpUx8kDTS8ajFk7AIgfIdqxwA2kb3jWQHH1IpreUjO\nGNDdyUMIVg0+hAmZ44kAdwBJnJtp3h187Pw23s2HZKa4W68Kh4AZ0VVS++nrKd34\nwwAAAZU/pUXoAAAEAwBIMEYCIQCo8DuRuoqhvlOsidd9Ndwsa7acx4pTqY3Dd2m7\nfPeBxQIhANyZsWQgT85xGMRMbKAOrovlHJCwfQKbd8NPNxFBVjDDMA0GCSqGSIb3\nDQEBCwUAA4IBAQChYwNqtmhZSNmyyQUGcfKyqR75ksZUrHqElbcNDsn2PPVAw/d4\nbu2W7IIKFXBDTpSKVBL0k1N2lOFv6EVLJ7jsAujn0P+D76Z4F61qiWtl7cTOxvQR\nQMx4pJqMpD7ew6NYik1utyyHpxnpTHWYj6ihmN5XcFzO6LPRxXvjp7wkzxtqYPAD\n8wGkrxecCmT8XfBw22dRMIGp62yer/vNb1u1oVunoW/niqdxsrM9KbUUPWRIGkHV\nfIlsUrhvdYa5KcxCus2KaF9ABQAlglZxXrqH4TrgU8vFmEHKY04HJOK5RjdXNSN1\nLWOa3a1kYgc7rSlkhHH8+vDsRl/OHvDIWDon\n-----END CERTIFICATE-----\n",
                "is_ca": false,
                "issuer": "CN=Amazon RSA 2048 M03,O=Amazon,C=US",
                "not_after": "2026-03-28T23:59:59Z",
                "not_before": "2025-02-26T00:00:00Z",
                "public_key_algorithm": "RSA",
                "serial_number": "17116409939091623039003775645841516079",
                "sha1_fingerprint": "9113c492911635f730e51f259f28873df5b7f01a",
                "signature_algorithm": "SHA256-RSA",
                "subject": "CN=*.eks.eu-west-2.amazonaws.com",
                "version": 3
              }
            ],
            "content": null,
            "id": "77f878887104bc97ce87a3d0fe39312e6535df5b",
            "url": "https://oidc.eks.eu-west-2.amazonaws.com/id/2ACE067CFCCD6FA2329ECD2490AA0F7F",
            "verify_chain": true
          },
          "sensitive_attributes": [],
          "identity_schema_version": 0
        }
      ]
    },
    {
      "module": "module.eks_backend",
      "mode": "managed",
      "type": "aws_eks_addon",
      "name": "coredns",
      "provider": "provider[\"registry.terraform.io/hashicorp/aws\"]",
      "instances": [
        {
          "schema_version": 0,
          "attributes": {
            "addon_name": "coredns",
            "addon_version": "v1.11.1-eksbuild.8",
            "arn": "arn:aws:eks:eu-west-2:928470004462:addon/sentinel-eks-backend/coredns/3ccc81f2-93d3-a12a-92ff-e5ed46058c16",
            "cluster_name": "sentinel-eks-backend",
            "configuration_values": "",
            "created_at": "2025-09-01T06:09:33Z",
            "id": "sentinel-eks-backend:coredns",
            "modified_at": "2025-09-01T06:24:54Z",
            "pod_identity_association": [],
            "preserve": null,
            "region": "eu-west-2",
            "resolve_conflicts_on_create": null,
            "resolve_conflicts_on_update": null,
            "service_account_role_arn": "",
            "tags": {},
            "tags_all": {},
            "timeouts": null
          },
          "sensitive_attributes": [],
          "identity_schema_version": 0,
          "private": "eyJlMmJmYjczMC1lY2FhLTExZTYtOGY4OC0zNDM2M2JjN2M0YzAiOnsiY3JlYXRlIjoxMjAwMDAwMDAwMDAwLCJkZWxldGUiOjI0MDAwMDAwMDAwMDAsInVwZGF0ZSI6MTIwMDAwMDAwMDAwMH19",
          "dependencies": [
            "module.eks_backend.aws_eks_cluster.this",
            "module.eks_backend.aws_iam_role.cluster",
            "module.eks_backend.aws_iam_role_policy_attachment.cluster_AmazonEKSClusterPolicy",
            "module.eks_backend.aws_iam_role_policy_attachment.cluster_AmazonEKSVPCResourceController",
            "module.eks_backend.data.aws_partition.current",
            "module.vpc_backend.aws_subnet.private",
            "module.vpc_backend.aws_vpc.this",
            "module.vpc_backend.data.aws_availability_zones.this"
          ]
        }
      ]
    },
    {
      "module": "module.eks_backend",
      "mode": "managed",
      "type": "aws_eks_addon",
      "name": "kube_proxy",
      "provider": "provider[\"registry.terraform.io/hashicorp/aws\"]",
      "instances": [
        {
          "schema_version": 0,
          "attributes": {
            "addon_name": "kube-proxy",
            "addon_version": "v1.30.6-eksbuild.3",
            "arn": "arn:aws:eks:eu-west-2:928470004462:addon/sentinel-eks-backend/kube-proxy/c4cc81f2-93d1-0275-d915-b17ceec1893b",
            "cluster_name": "sentinel-eks-backend",
            "configuration_values": "",
            "created_at": "2025-09-01T06:09:33Z",
            "id": "sentinel-eks-backend:kube-proxy",
            "modified_at": "2025-09-01T06:11:51Z",
            "pod_identity_association": [],
            "preserve": null,
            "region": "eu-west-2",
            "resolve_conflicts_on_create": null,
            "resolve_conflicts_on_update": null,
            "service_account_role_arn": "",
            "tags": {},
            "tags_all": {},
            "timeouts": null
          },
          "sensitive_attributes": [],
          "identity_schema_version": 0,
          "private": "eyJlMmJmYjczMC1lY2FhLTExZTYtOGY4OC0zNDM2M2JjN2M0YzAiOnsiY3JlYXRlIjoxMjAwMDAwMDAwMDAwLCJkZWxldGUiOjI0MDAwMDAwMDAwMDAsInVwZGF0ZSI6MTIwMDAwMDAwMDAwMH19",
          "dependencies": [
            "module.eks_backend.aws_eks_cluster.this",
            "module.eks_backend.aws_iam_role.cluster",
            "module.eks_backend.aws_iam_role_policy_attachment.cluster_AmazonEKSClusterPolicy",
            "module.eks_backend.aws_iam_role_policy_attachment.cluster_AmazonEKSVPCResourceController",
            "module.eks_backend.data.aws_partition.current",
            "module.vpc_backend.aws_subnet.private",
            "module.vpc_backend.aws_vpc.this",
            "module.vpc_backend.data.aws_availability_zones.this"
          ]
        }
      ]
    },
    {
      "module": "module.eks_backend",
      "mode": "managed",
      "type": "aws_eks_addon",
      "name": "vpc_cni",
      "provider": "provider[\"registry.terraform.io/hashicorp/aws\"]",
      "instances": [
        {
          "schema_version": 0,
          "attributes": {
            "addon_name": "vpc-cni",
            "addon_version": "v1.19.0-eksbuild.1",
            "arn": "arn:aws:eks:eu-west-2:928470004462:addon/sentinel-eks-backend/vpc-cni/60cc81f2-93ce-625e-94b6-ddf8a64b08a5",
            "cluster_name": "sentinel-eks-backend",
            "configuration_values": "",
            "created_at": "2025-09-01T06:09:33Z",
            "id": "sentinel-eks-backend:vpc-cni",
            "modified_at": "2025-09-01T06:11:52Z",
            "pod_identity_association": [],
            "preserve": null,
            "region": "eu-west-2",
            "resolve_conflicts_on_create": null,
            "resolve_conflicts_on_update": null,
            "service_account_role_arn": "",
            "tags": {},
            "tags_all": {},
            "timeouts": null
          },
          "sensitive_attributes": [],
          "identity_schema_version": 0,
          "private": "eyJlMmJmYjczMC1lY2FhLTExZTYtOGY4OC0zNDM2M2JjN2M0YzAiOnsiY3JlYXRlIjoxMjAwMDAwMDAwMDAwLCJkZWxldGUiOjI0MDAwMDAwMDAwMDAsInVwZGF0ZSI6MTIwMDAwMDAwMDAwMH19",
          "dependencies": [
            "module.eks_backend.aws_eks_cluster.this",
            "module.eks_backend.aws_iam_role.cluster",
            "module.eks_backend.aws_iam_role_policy_attachment.cluster_AmazonEKSClusterPolicy",
            "module.eks_backend.aws_iam_role_policy_attachment.cluster_AmazonEKSVPCResourceController",
            "module.eks_backend.data.aws_partition.current",
            "module.vpc_backend.aws_subnet.private",
            "module.vpc_backend.aws_vpc.this",
            "module.vpc_backend.data.aws_availability_zones.this"
          ]
        }
      ]
    },
    {
      "module": "module.eks_backend",
      "mode": "managed",
      "type": "aws_eks_cluster",
      "name": "this",
      "provider": "provider[\"registry.terraform.io/hashicorp/aws\"]",
      "instances": [
        {
          "schema_version": 1,
          "attributes": {
            "access_config": [
              {
                "authentication_mode": "CONFIG_MAP",
                "bootstrap_cluster_creator_admin_permissions": true
              }
            ],
            "arn": "arn:aws:eks:eu-west-2:928470004462:cluster/sentinel-eks-backend",
            "bootstrap_self_managed_addons": true,
            "certificate_authority": [
              {
                "data": "LS0tLS1CRUdJTiBDRVJUSUZJQ0FURS0tLS0tCk1JSURCVENDQWUyZ0F3SUJBZ0lJZk9xeXpDcmQvdU13RFFZSktvWklodmNOQVFFTEJRQXdGVEVUTUJFR0ExVUUKQXhNS2EzVmlaWEp1WlhSbGN6QWVGdzB5TlRBNU1ERXdOakF4TWpCYUZ3MHpOVEE0TXpBd05qQTJNakJhTUJVeApFekFSQmdOVkJBTVRDbXQxWW1WeWJtVjBaWE13Z2dFaU1BMEdDU3FHU0liM0RRRUJBUVVBQTRJQkR3QXdnZ0VLCkFvSUJBUURCOUV6Tks0UWhoZjBaVmNJSzAwa24vcnpjdElhbGxQS2Q0akNKUjE0S2tZVjdteHJNNHRnaGhYWncKSUdVK1lJdmh1RlZFSy9QQmFheGMvNU9zdHpITkJac2tTSUhKTnlZMnU2ZE45dVh3TTAvUWZuN2RHRHYxMEg2eApJN2VSK20rdDg2TWpZSTZUMlNTMDBIVHRWdVVrQWpnamxMSlNvQTIwa0NGR2NzRllNQlRIbllud2taVTJaZ3VLCmlRb29JOGUrSmVVajEvczd0TXFMZm1kSHgyR1RycWtlOVVEekNYa3lLem9WcTNOaXlNcy9BSURkZi9IRW4zU1QKQ0M1MUV4VzkxRnFtMjd0ZXB1Qk1lRmJ1dEwzL0NZcnNLUm5JOGtrZDQrSitjK0lhNHJTOG5TUmh6QUV4VHpQMwp4akZqajRiUWlDa29zd2hoN013YWZoRGJ5KzByQWdNQkFBR2pXVEJYTUE0R0ExVWREd0VCL3dRRUF3SUNwREFQCkJnTlZIUk1CQWY4RUJUQURBUUgvTUIwR0ExVWREZ1FXQkJTalBxRW9BMUNyd3RWQ1RjS29QODhOaFNISWVEQVYKQmdOVkhSRUVEakFNZ2dwcmRXSmxjbTVsZEdWek1BMEdDU3FHU0liM0RRRUJDd1VBQTRJQkFRQnQxL0VoeDZmNgorclN2Q2wveXBlZFB6SmNPRk1aM0V2Y3hRTStkZVMzQ2JJUVFpNDMzZVcxNGdHR0E1bG9XOUNWUkNHTktQaDZoCnpHUUlxTTVCMmZuUTJYY2RUWnV1TmhLVUhMNGdIQUFPZzE1TTNHSXFiUmNHUGE3NnBRRHRidldNZlpBTDlHVjAKa1F2K3M3SXdRSnNmRUhST1EvVzFSNHlRQUhEUkJQZGNBS2lTU0RlbHJRKzVVRjFramNXRy9FdXVINGViY0Rhagp0UVhtVzFTWTBkcTRRUExkUDV3cklwMUFSdlVqaUVlTzVrRVdNKzBrdTNMWWF2RTFZSFdaSm83YWkyTmZrbVdPCnhYRUlBd0V4UllmNVFMdDROaHAzT0RsNWdCSDlSU0xVZGpiTmw4TkxHOXBLcjNDcU9ZSXg1ZS9MYlYxa2hrOUoKeTYvY3psNEl1Mm9kCi0tLS0tRU5EIENFUlRJRklDQVRFLS0tLS0K"
              }
            ],
            "cluster_id": null,
            "compute_config": [],
            "created_at": "2025-09-01T06:01:40Z",
            "deletion_protection": false,
            "enabled_cluster_log_types": [],
            "encryption_config": [],
            "endpoint": "https://2ACE067CFCCD6FA2329ECD2490AA0F7F.gr7.eu-west-2.eks.amazonaws.com",
            "force_update_version": null,
            "id": "sentinel-eks-backend",
            "identity": [
              {
                "oidc": [
                  {
                    "issuer": "https://oidc.eks.eu-west-2.amazonaws.com/id/2ACE067CFCCD6FA2329ECD2490AA0F7F"
                  }
                ]
              }
            ],
            "kubernetes_network_config": [
              {
                "elastic_load_balancing": [
                  {
                    "enabled": false
                  }
                ],
                "ip_family": "ipv4",
                "service_ipv4_cidr": "172.20.0.0/16",
                "service_ipv6_cidr": ""
              }
            ],
            "name": "sentinel-eks-backend",
            "outpost_config": [],
            "platform_version": "eks.42",
            "region": "eu-west-2",
            "remote_network_config": [],
            "role_arn": "arn:aws:iam::928470004462:role/sentinel-eks-backend-cluster-role",
            "status": "ACTIVE",
            "storage_config": [],
            "tags": {
              "Owner": "Platform",
              "Project": "Sentinel"
            },
            "tags_all": {
              "Owner": "Platform",
              "Project": "Sentinel"
            },
            "timeouts": null,
            "upgrade_policy": [
              {
                "support_type": "EXTENDED"
              }
            ],
            "version": "1.30",
            "vpc_config": [
              {
                "cluster_security_group_id": "sg-073e713327bdda2d1",
                "endpoint_private_access": true,
                "endpoint_public_access": true,
                "public_access_cidrs": [
                  "0.0.0.0/0"
                ],
                "security_group_ids": [],
                "subnet_ids": [
                  "subnet-04e24c36c331cb753",
                  "subnet-0fab4a404bba0f5d1"
                ],
                "vpc_id": "vpc-01ffcf523ffd05af6"
              }
            ],
            "zonal_shift_config": []
          },
          "sensitive_attributes": [],
          "identity_schema_version": 0,
          "private": "eyJlMmJmYjczMC1lY2FhLTExZTYtOGY4OC0zNDM2M2JjN2M0YzAiOnsiY3JlYXRlIjoxODAwMDAwMDAwMDAwLCJkZWxldGUiOjkwMDAwMDAwMDAwMCwidXBkYXRlIjozNjAwMDAwMDAwMDAwfSwic2NoZW1hX3ZlcnNpb24iOiIxIn0=",
          "dependencies": [
            "module.eks_backend.aws_iam_role.cluster",
            "module.eks_backend.aws_iam_role_policy_attachment.cluster_AmazonEKSClusterPolicy",
            "module.eks_backend.aws_iam_role_policy_attachment.cluster_AmazonEKSVPCResourceController",
            "module.eks_backend.data.aws_partition.current",
            "module.vpc_backend.aws_subnet.private",
            "module.vpc_backend.aws_vpc.this",
            "module.vpc_backend.data.aws_availability_zones.this"
          ]
        }
      ]
    },
    {
      "module": "module.eks_backend",
      "mode": "managed",
      "type": "aws_eks_node_group",
      "name": "default",
      "provider": "provider[\"registry.terraform.io/hashicorp/aws\"]",
      "instances": [
        {
          "schema_version": 0,
          "attributes": {
            "ami_type": "AL2023_x86_64_STANDARD",
            "arn": "arn:aws:eks:eu-west-2:928470004462:nodegroup/sentinel-eks-backend/sentinel-eks-backend-ng/52cc81f2-93db-a09e-c918-349a64c287e3",
            "capacity_type": "ON_DEMAND",
            "cluster_name": "sentinel-eks-backend",
            "disk_size": 20,
            "force_update_version": null,
            "id": "sentinel-eks-backend:sentinel-eks-backend-ng",
            "instance_types": [
              "t3.large"
            ],
            "labels": {},
            "launch_template": [],
            "node_group_name": "sentinel-eks-backend-ng",
            "node_group_name_prefix": "",
            "node_repair_config": [],
            "node_role_arn": "arn:aws:iam::928470004462:role/sentinel-eks-backend-node-role",
            "region": "eu-west-2",
            "release_version": "1.30.14-20250821",
            "remote_access": [],
            "resources": [
              {
                "autoscaling_groups": [
                  {
                    "name": "eks-sentinel-eks-backend-ng-52cc81f2-93db-a09e-c918-349a64c287e3"
                  }
                ],
                "remote_access_security_group_id": ""
              }
            ],
            "scaling_config": [
              {
                "desired_size": 2,
                "max_size": 4,
                "min_size": 2
              }
            ],
            "status": "ACTIVE",
            "subnet_ids": [
              "subnet-04e24c36c331cb753",
              "subnet-0fab4a404bba0f5d1"
            ],
            "tags": {
              "Owner": "Platform",
              "Project": "Sentinel"
            },
            "tags_all": {
              "Owner": "Platform",
              "Project": "Sentinel"
            },
            "taint": [],
            "timeouts": null,
            "update_config": [
              {
                "max_unavailable": 1,
                "max_unavailable_percentage": 0
              }
            ],
            "version": "1.30"
          },
          "sensitive_attributes": [],
          "identity_schema_version": 0,
          "private": "eyJlMmJmYjczMC1lY2FhLTExZTYtOGY4OC0zNDM2M2JjN2M0YzAiOnsiY3JlYXRlIjozNjAwMDAwMDAwMDAwLCJkZWxldGUiOjM2MDAwMDAwMDAwMDAsInVwZGF0ZSI6MzYwMDAwMDAwMDAwMH19",
          "dependencies": [
            "module.eks_backend.aws_eks_cluster.this",
            "module.eks_backend.aws_iam_role.cluster",
            "module.eks_backend.aws_iam_role.node",
            "module.eks_backend.aws_iam_role_policy_attachment.cluster_AmazonEKSClusterPolicy",
            "module.eks_backend.aws_iam_role_policy_attachment.cluster_AmazonEKSVPCResourceController",
            "module.eks_backend.aws_iam_role_policy_attachment.node_AmazonEC2ContainerRegistryReadOnly",
            "module.eks_backend.aws_iam_role_policy_attachment.node_AmazonEKSWorkerNodePolicy",
            "module.eks_backend.aws_iam_role_policy_attachment.node_AmazonEKS_CNI_Policy",
            "module.eks_backend.data.aws_partition.current",
            "module.vpc_backend.aws_subnet.private",
            "module.vpc_backend.aws_vpc.this",
            "module.vpc_backend.data.aws_availability_zones.this"
          ]
        }
      ]
    },
    {
      "module": "module.eks_backend",
      "mode": "managed",
      "type": "aws_iam_openid_connect_provider",
      "name": "this",
      "provider": "provider[\"registry.terraform.io/hashicorp/aws\"]",
      "instances": [
        {
          "schema_version": 0,
          "attributes": {
            "arn": "arn:aws:iam::928470004462:oidc-provider/oidc.eks.eu-west-2.amazonaws.com/id/2ACE067CFCCD6FA2329ECD2490AA0F7F",
            "client_id_list": [
              "sts.amazonaws.com"
            ],
            "id": "arn:aws:iam::928470004462:oidc-provider/oidc.eks.eu-west-2.amazonaws.com/id/2ACE067CFCCD6FA2329ECD2490AA0F7F",
            "tags": {},
            "tags_all": {},
            "thumbprint_list": [
              "06b25927c42a721631c1efd9431e648fa62e1e39"
            ],
            "url": "oidc.eks.eu-west-2.amazonaws.com/id/2ACE067CFCCD6FA2329ECD2490AA0F7F"
          },
          "sensitive_attributes": [],
          "identity_schema_version": 0,
          "identity": {
            "arn": "arn:aws:iam::928470004462:oidc-provider/oidc.eks.eu-west-2.amazonaws.com/id/2ACE067CFCCD6FA2329ECD2490AA0F7F"
          },
          "private": "bnVsbA==",
          "dependencies": [
            "module.eks_backend.aws_eks_cluster.this",
            "module.eks_backend.aws_iam_role.cluster",
            "module.eks_backend.aws_iam_role_policy_attachment.cluster_AmazonEKSClusterPolicy",
            "module.eks_backend.aws_iam_role_policy_attachment.cluster_AmazonEKSVPCResourceController",
            "module.eks_backend.data.aws_partition.current",
            "module.eks_backend.data.tls_certificate.oidc_cert",
            "module.vpc_backend.aws_subnet.private",
            "module.vpc_backend.aws_vpc.this",
            "module.vpc_backend.data.aws_availability_zones.this"
          ]
        }
      ]
    },
    {
      "module": "module.eks_backend",
      "mode": "managed",
      "type": "aws_iam_role",
      "name": "cluster",
      "provider": "provider[\"registry.terraform.io/hashicorp/aws\"]",
      "instances": [
        {
          "schema_version": 0,
          "attributes": {
            "arn": "arn:aws:iam::928470004462:role/sentinel-eks-backend-cluster-role",
            "assume_role_policy": "{\"Statement\":[{\"Action\":\"sts:AssumeRole\",\"Effect\":\"Allow\",\"Principal\":{\"Service\":\"eks.amazonaws.com\"}}],\"Version\":\"2012-10-17\"}",
            "create_date": "2025-09-01T06:01:37Z",
            "description": "",
            "force_detach_policies": false,
            "id": "sentinel-eks-backend-cluster-role",
            "inline_policy": [],
            "managed_policy_arns": [
              "arn:aws:iam::aws:policy/AmazonEKSClusterPolicy",
              "arn:aws:iam::aws:policy/AmazonEKSVPCResourceController"
            ],
            "max_session_duration": 3600,
            "name": "sentinel-eks-backend-cluster-role",
            "name_prefix": "",
            "path": "/",
            "permissions_boundary": "",
            "tags": {
              "Owner": "Platform",
              "Project": "Sentinel"
            },
            "tags_all": {
              "Owner": "Platform",
              "Project": "Sentinel"
            },
            "unique_id": "AROA5QLI76LXNBGLRURLZ"
          },
          "sensitive_attributes": [],
          "identity_schema_version": 0,
          "identity": {
            "account_id": "928470004462",
            "name": "sentinel-eks-backend-cluster-role"
          },
          "private": "bnVsbA==",
          "dependencies": [
            "module.eks_backend.data.aws_partition.current"
          ]
        }
      ]
    },
    {
      "module": "module.eks_backend",
      "mode": "managed",
      "type": "aws_iam_role",
      "name": "node",
      "provider": "provider[\"registry.terraform.io/hashicorp/aws\"]",
      "instances": [
        {
          "schema_version": 0,
          "attributes": {
            "arn": "arn:aws:iam::928470004462:role/sentinel-eks-backend-node-role",
            "assume_role_policy": "{\"Statement\":[{\"Action\":\"sts:AssumeRole\",\"Effect\":\"Allow\",\"Principal\":{\"Service\":\"ec2.amazonaws.com\"}}],\"Version\":\"2012-10-17\"}",
            "create_date": "2025-09-01T06:01:37Z",
            "description": "",
            "force_detach_policies": false,
            "id": "sentinel-eks-backend-node-role",
            "inline_policy": [],
            "managed_policy_arns": [
              "arn:aws:iam::aws:policy/AmazonEC2ContainerRegistryReadOnly",
              "arn:aws:iam::aws:policy/AmazonEKSWorkerNodePolicy",
              "arn:aws:iam::aws:policy/AmazonEKS_CNI_Policy",
              "arn:aws:iam::aws:policy/AmazonSSMManagedInstanceCore"
            ],
            "max_session_duration": 3600,
            "name": "sentinel-eks-backend-node-role",
            "name_prefix": "",
            "path": "/",
            "permissions_boundary": "",
            "tags": {
              "Owner": "Platform",
              "Project": "Sentinel"
            },
            "tags_all": {
              "Owner": "Platform",
              "Project": "Sentinel"
            },
            "unique_id": "AROA5QLI76LXEOVDVIBET"
          },
          "sensitive_attributes": [],
          "identity_schema_version": 0,
          "identity": {
            "account_id": "928470004462",
            "name": "sentinel-eks-backend-node-role"
          },
          "private": "bnVsbA==",
          "dependencies": [
            "module.eks_backend.data.aws_partition.current"
          ]
        }
      ]
    },
    {
      "module": "module.eks_backend",
      "mode": "managed",
      "type": "aws_iam_role_policy_attachment",
      "name": "cluster_AmazonEKSClusterPolicy",
      "provider": "provider[\"registry.terraform.io/hashicorp/aws\"]",
      "instances": [
        {
          "schema_version": 0,
          "attributes": {
            "id": "sentinel-eks-backend-cluster-role/arn:aws:iam::aws:policy/AmazonEKSClusterPolicy",
            "policy_arn": "arn:aws:iam::aws:policy/AmazonEKSClusterPolicy",
            "role": "sentinel-eks-backend-cluster-role"
          },
          "sensitive_attributes": [],
          "identity_schema_version": 0,
          "identity": {
            "account_id": "928470004462",
            "policy_arn": "arn:aws:iam::aws:policy/AmazonEKSClusterPolicy",
            "role": "sentinel-eks-backend-cluster-role"
          },
          "private": "bnVsbA==",
          "dependencies": [
            "module.eks_backend.aws_iam_role.cluster",
            "module.eks_backend.data.aws_partition.current"
          ]
        }
      ]
    },
    {
      "module": "module.eks_backend",
      "mode": "managed",
      "type": "aws_iam_role_policy_attachment",
      "name": "cluster_AmazonEKSVPCResourceController",
      "provider": "provider[\"registry.terraform.io/hashicorp/aws\"]",
      "instances": [
        {
          "schema_version": 0,
          "attributes": {
            "id": "sentinel-eks-backend-cluster-role/arn:aws:iam::aws:policy/AmazonEKSVPCResourceController",
            "policy_arn": "arn:aws:iam::aws:policy/AmazonEKSVPCResourceController",
            "role": "sentinel-eks-backend-cluster-role"
          },
          "sensitive_attributes": [],
          "identity_schema_version": 0,
          "identity": {
            "account_id": "928470004462",
            "policy_arn": "arn:aws:iam::aws:policy/AmazonEKSVPCResourceController",
            "role": "sentinel-eks-backend-cluster-role"
          },
          "private": "bnVsbA==",
          "dependencies": [
            "module.eks_backend.aws_iam_role.cluster",
            "module.eks_backend.data.aws_partition.current"
          ]
        }
      ]
    },
    {
      "module": "module.eks_backend",
      "mode": "managed",
      "type": "aws_iam_role_policy_attachment",
      "name": "node_AmazonEC2ContainerRegistryReadOnly",
      "provider": "provider[\"registry.terraform.io/hashicorp/aws\"]",
      "instances": [
        {
          "schema_version": 0,
          "attributes": {
            "id": "sentinel-eks-backend-node-role/arn:aws:iam::aws:policy/AmazonEC2ContainerRegistryReadOnly",
            "policy_arn": "arn:aws:iam::aws:policy/AmazonEC2ContainerRegistryReadOnly",
            "role": "sentinel-eks-backend-node-role"
          },
          "sensitive_attributes": [],
          "identity_schema_version": 0,
          "identity": {
            "account_id": "928470004462",
            "policy_arn": "arn:aws:iam::aws:policy/AmazonEC2ContainerRegistryReadOnly",
            "role": "sentinel-eks-backend-node-role"
          },
          "private": "bnVsbA==",
          "dependencies": [
            "module.eks_backend.aws_iam_role.node",
            "module.eks_backend.data.aws_partition.current"
          ]
        }
      ]
    },
    {
      "module": "module.eks_backend",
      "mode": "managed",
      "type": "aws_iam_role_policy_attachment",
      "name": "node_AmazonEKSWorkerNodePolicy",
      "provider": "provider[\"registry.terraform.io/hashicorp/aws\"]",
      "instances": [
        {
          "schema_version": 0,
          "attributes": {
            "id": "sentinel-eks-backend-node-role/arn:aws:iam::aws:policy/AmazonEKSWorkerNodePolicy",
            "policy_arn": "arn:aws:iam::aws:policy/AmazonEKSWorkerNodePolicy",
            "role": "sentinel-eks-backend-node-role"
          },
          "sensitive_attributes": [],
          "identity_schema_version": 0,
          "identity": {
            "account_id": "928470004462",
            "policy_arn": "arn:aws:iam::aws:policy/AmazonEKSWorkerNodePolicy",
            "role": "sentinel-eks-backend-node-role"
          },
          "private": "bnVsbA==",
          "dependencies": [
            "module.eks_backend.aws_iam_role.node",
            "module.eks_backend.data.aws_partition.current"
          ]
        }
      ]
    },
    {
      "module": "module.eks_backend",
      "mode": "managed",
      "type": "aws_iam_role_policy_attachment",
      "name": "node_AmazonEKS_CNI_Policy",
      "provider": "provider[\"registry.terraform.io/hashicorp/aws\"]",
      "instances": [
        {
          "schema_version": 0,
          "attributes": {
            "id": "sentinel-eks-backend-node-role/arn:aws:iam::aws:policy/AmazonEKS_CNI_Policy",
            "policy_arn": "arn:aws:iam::aws:policy/AmazonEKS_CNI_Policy",
            "role": "sentinel-eks-backend-node-role"
          },
          "sensitive_attributes": [],
          "identity_schema_version": 0,
          "identity": {
            "account_id": "928470004462",
            "policy_arn": "arn:aws:iam::aws:policy/AmazonEKS_CNI_Policy",
            "role": "sentinel-eks-backend-node-role"
          },
          "private": "bnVsbA==",
          "dependencies": [
            "module.eks_backend.aws_iam_role.node",
            "module.eks_backend.data.aws_partition.current"
          ]
        }
      ]
    },
    {
      "module": "module.eks_backend",
      "mode": "managed",
      "type": "aws_iam_role_policy_attachment",
      "name": "node_AmazonSSMManagedInstanceCore",
      "provider": "provider[\"registry.terraform.io/hashicorp/aws\"]",
      "instances": [
        {
          "schema_version": 0,
          "attributes": {
            "id": "sentinel-eks-backend-node-role/arn:aws:iam::aws:policy/AmazonSSMManagedInstanceCore",
            "policy_arn": "arn:aws:iam::aws:policy/AmazonSSMManagedInstanceCore",
            "role": "sentinel-eks-backend-node-role"
          },
          "sensitive_attributes": [],
          "identity_schema_version": 0,
          "identity": {
            "account_id": "928470004462",
            "policy_arn": "arn:aws:iam::aws:policy/AmazonSSMManagedInstanceCore",
            "role": "sentinel-eks-backend-node-role"
          },
          "private": "bnVsbA==",
          "dependencies": [
            "module.eks_backend.aws_iam_role.node",
            "module.eks_backend.data.aws_partition.current"
          ]
        }
      ]
    },
    {
      "module": "module.eks_gateway",
      "mode": "data",
      "type": "aws_caller_identity",
      "name": "current",
      "provider": "provider[\"registry.terraform.io/hashicorp/aws\"]",
      "instances": [
        {
          "schema_version": 0,
          "attributes": {
            "account_id": "928470004462",
            "arn": "arn:aws:iam::928470004462:user/account-vendor",
            "id": "928470004462",
            "user_id": "AIDA5QLI76LXJPIS3WX4J"
          },
          "sensitive_attributes": [],
          "identity_schema_version": 0
        }
      ]
    },
    {
      "module": "module.eks_gateway",
      "mode": "data",
      "type": "aws_partition",
      "name": "current",
      "provider": "provider[\"registry.terraform.io/hashicorp/aws\"]",
      "instances": [
        {
          "schema_version": 0,
          "attributes": {
            "dns_suffix": "amazonaws.com",
            "id": "aws",
            "partition": "aws",
            "reverse_dns_prefix": "com.amazonaws"
          },
          "sensitive_attributes": [],
          "identity_schema_version": 0
        }
      ]
    },
    {
      "module": "module.eks_gateway",
      "mode": "data",
      "type": "aws_region",
      "name": "current",
      "provider": "provider[\"registry.terraform.io/hashicorp/aws\"]",
      "instances": [
        {
          "schema_version": 0,
          "attributes": {
            "description": "Europe (London)",
            "endpoint": "ec2.eu-west-2.amazonaws.com",
            "id": "eu-west-2",
            "name": "eu-west-2",
            "region": "eu-west-2"
          },
          "sensitive_attributes": [],
          "identity_schema_version": 0
        }
      ]
    },
    {
      "module": "module.eks_gateway",
      "mode": "data",
      "type": "tls_certificate",
      "name": "oidc_cert",
      "provider": "provider[\"registry.terraform.io/hashicorp/tls\"]",
      "instances": [
        {
          "schema_version": 0,
          "attributes": {
            "certificates": [
              {
                "cert_pem": "-----BEGIN CERTIFICATE-----\nMIIEkjCCA3qgAwIBAgITBn+USionzfP6wq4rAfkI7rnExjANBgkqhkiG9w0BAQsF\nADCBmDELMAkGA1UEBhMCVVMxEDAOBgNVBAgTB0FyaXpvbmExEzARBgNVBAcTClNj\nb3R0c2RhbGUxJTAjBgNVBAoTHFN0YXJmaWVsZCBUZWNobm9sb2dpZXMsIEluYy4x\nOzA5BgNVBAMTMlN0YXJmaWVsZCBTZXJ2aWNlcyBSb290IENlcnRpZmljYXRlIEF1\ndGhvcml0eSAtIEcyMB4XDTE1MDUyNTEyMDAwMFoXDTM3MTIzMTAxMDAwMFowOTEL\nMAkGA1UEBhMCVVMxDzANBgNVBAoTBkFtYXpvbjEZMBcGA1UEAxMQQW1hem9uIFJv\nb3QgQ0EgMTCCASIwDQYJKoZIhvcNAQEBBQADggEPADCCAQoCggEBALJ4gHHKeNXj\nca9HgFB0fW7Y14h29Jlo91ghYPl0hAEvrAIthtOgQ3pOsqTQNroBvo3bSMgHFzZM\n9O6II8c+6zf1tRn4SWiw3te5djgdYZ6k/oI2peVKVuRF4fn9tBb6dNqcmzU5L/qw\nIFAGbHrQgLKm+a/sRxmPUDgH3KKHOVj4utWp+UhnMJbulHheb4mjUcAwhmahRWa6\nVOujw5H5SNz/0egwLX0tdHA114gk957EWW67c4cX8jJGKLhD+rcdqsq08p8kDi1L\n93FcXmn/6pUCyziKrlA4b9v7LWIbxcceVOF34GfID5yHI9Y/QCB/IIDEgEw+OyQm\njgSubJrIqg0CAwEAAaOCATEwggEtMA8GA1UdEwEB/wQFMAMBAf8wDgYDVR0PAQH/\nBAQDAgGGMB0GA1UdDgQWBBSEGMyFNOy8DJSULghZnMeyEE4KCDAfBgNVHSMEGDAW\ngBScXwDfqgHXMCs4iKK4bUqc8hGRgzB4BggrBgEFBQcBAQRsMGowLgYIKwYBBQUH\nMAGGImh0dHA6Ly9vY3NwLnJvb3RnMi5hbWF6b250cnVzdC5jb20wOAYIKwYBBQUH\nMAKGLGh0dHA6Ly9jcnQucm9vdGcyLmFtYXpvbnRydXN0LmNvbS9yb290ZzIuY2Vy\nMD0GA1UdHwQ2MDQwMqAwoC6GLGh0dHA6Ly9jcmwucm9vdGcyLmFtYXpvbnRydXN0\nLmNvbS9yb290ZzIuY3JsMBEGA1UdIAQKMAgwBgYEVR0gADANBgkqhkiG9w0BAQsF\nAAOCAQEAYjdCXLwQtT6LLOkMm2xF4gcAevnFWAu5CIw+7bMlPLVvUOTNNWqnkzSW\nMiGpSESrnO09tKpzbeR/FoCJbM8oAxiDR3mjEH4wW6w7sGDgd9QIpuEdfF7Au/ma\neyKdpwAJfqxGF4PcnCZXmTA5YpaP7dreqsXMGz7KQ2hsVxa81Q4gLv7/wmpdLqBK\nbRRYh5TmOTFffHPLkIhqhBGWJ6bt2YFGpn6jcgAKUj6DiAdjd4lpFw85hdKrCEVN\n0FE6/V1dN2RMfjCyVSRCnTawXZwXgWHxyvkQAiSr6w10kY17RSlQOYiypok1JR4U\nakcjMS9cmvqtmg5iUaQqqcT5NJ0hGA==\n-----END CERTIFICATE-----\n",
                "is_ca": true,
                "issuer": "CN=Starfield Services Root Certificate Authority - G2,O=Starfield Technologies\\, Inc.,L=Scottsdale,ST=Arizona,C=US",
                "not_after": "2037-12-31T01:00:00Z",
                "not_before": "2015-05-25T12:00:00Z",
                "public_key_algorithm": "RSA",
                "serial_number": "144918191876577076464031512351042010504348870",
                "sha1_fingerprint": "06b25927c42a721631c1efd9431e648fa62e1e39",
                "signature_algorithm": "SHA256-RSA",
                "subject": "CN=Amazon Root CA 1,O=Amazon,C=US",
                "version": 3
              },
              {
                "cert_pem": "-----BEGIN CERTIFICATE-----\nMIIEXjCCA0agAwIBAgITB3MSTNQG0mfAmRzdKZqfODF5hTANBgkqhkiG9w0BAQsF\nADA5MQswCQYDVQQGEwJVUzEPMA0GA1UEChMGQW1hem9uMRkwFwYDVQQDExBBbWF6\nb24gUm9vdCBDQSAxMB4XDTIyMDgyMzIyMjYwNFoXDTMwMDgyMzIyMjYwNFowPDEL\nMAkGA1UEBhMCVVMxDzANBgNVBAoTBkFtYXpvbjEcMBoGA1UEAxMTQW1hem9uIFJT\nQSAyMDQ4IE0wMzCCASIwDQYJKoZIhvcNAQEBBQADggEPADCCAQoCggEBALd/pVko\n8vuM475Tf45HV3BbCl/B9Jy89G1CRkFjcPY06WA9lS+7dWbUA7GtWUKoksr69hKM\nwcMsNpxlw7b3jeXFgxB09/nmalcAWtnLzF+LaDKEA5DQmvKzuh1nfIfqEiKCQSmX\nXh09Xs+dO7cm5qbaL2hhNJCSAejciwcvOFgFNgEMR42wm6KIFHsQW28jhA+1u/M0\np6fVwReuEgZfLfdx82Px0LJck3lST3EB/JfbdsdOzzzg5YkY1dfuqf8y5fUeZ7Cz\nWXbTjujwX/TovmeWKA36VLCz75azW6tDNuDn66FOpADZZ9omVaF6BqNJiLMVl6P3\n/c0OiUMC6Z5OfKcCAwEAAaOCAVowggFWMBIGA1UdEwEB/wQIMAYBAf8CAQAwDgYD\nVR0PAQH/BAQDAgGGMB0GA1UdJQQWMBQGCCsGAQUFBwMBBggrBgEFBQcDAjAdBgNV\nHQ4EFgQUVdkYX9IczAHhWLS+q9lVQgHXLgIwHwYDVR0jBBgwFoAUhBjMhTTsvAyU\nlC4IWZzHshBOCggwewYIKwYBBQUHAQEEbzBtMC8GCCsGAQUFBzABhiNodHRwOi8v\nb2NzcC5yb290Y2ExLmFtYXpvbnRydXN0LmNvbTA6BggrBgEFBQcwAoYuaHR0cDov\nL2NydC5yb290Y2ExLmFtYXpvbnRydXN0LmNvbS9yb290Y2ExLmNlcjA/BgNVHR8E\nODA2MDSgMqAwhi5odHRwOi8vY3JsLnJvb3RjYTEuYW1hem9udHJ1c3QuY29tL3Jv\nb3RjYTEuY3JsMBMGA1UdIAQMMAowCAYGZ4EMAQIBMA0GCSqGSIb3DQEBCwUAA4IB\nAQAGjeWm2cC+3z2MzSCnte46/7JZvj3iQZDY7EvODNdZF41n71Lrk9kbfNwerK0d\nVNzW36Wefr7j7ZSwBVg50W5ay65jNSN74TTQV1yt4WnSbVvN6KlMs1hiyOZdoHKs\nKDV2UGNxbdoBYCQNa2GYF8FQIWLugNp35aSOpMy6cFlymFQomIrnOQHwK1nvVY4q\nxDSJMU/gNJz17D8ArPN3ngnyZ2TwepJ0uBINz3G5te2rdFUF4i4Y3Bb7FUlHDYm4\nu8aIRGpk2ZpfXmxaoxnbIBZRvGLPSUuPwnwoUOMsJ8jirI5vs2dvchPb7MtI1rle\ni02f2ivH2vxkjDLltSpe2fiC\n-----END CERTIFICATE-----\n",
                "is_ca": true,
                "issuer": "CN=Amazon Root CA 1,O=Amazon,C=US",
                "not_after": "2030-08-23T22:26:04Z",
                "not_before": "2022-08-23T22:26:04Z",
                "public_key_algorithm": "RSA",
                "serial_number": "166129356476704345391986644047206454194698629",
                "sha1_fingerprint": "d9fe0a65fa00cabf61f5120d373a8135e1461f15",
                "signature_algorithm": "SHA256-RSA",
                "subject": "CN=Amazon RSA 2048 M03,O=Amazon,C=US",
                "version": 3
              },
              {
                "cert_pem": "-----BEGIN CERTIFICATE-----\nMIIF5zCCBM+gAwIBAgIQDOCAKjgOijRH00eMx8pmLzANBgkqhkiG9w0BAQsFADA8\nMQswCQYDVQQGEwJVUzEPMA0GA1UEChMGQW1hem9uMRwwGgYDVQQDExNBbWF6b24g\nUlNBIDIwNDggTTAzMB4XDTI1MDIyNjAwMDAwMFoXDTI2MDMyODIzNTk1OVowKDEm\nMCQGA1UEAwwdKi5la3MuZXUtd2VzdC0yLmFtYXpvbmF3cy5jb20wggEiMA0GCSqG\nSIb3DQEBAQUAA4IBDwAwggEKAoIBAQDtF5tgb91Q48f+Y+xVj0bGJwiIkdty4qXQ\n5CtOzufk75SbAkzXa8UCu7fGjMfK1U4eol3EbaLs8cn+toZUMFZnBOF/3PzQSwUa\nSBu3Mx+ysK5wfMPQKicyjj8TVNT+Rpy4mALoOW32j7gU03aBmVoWrMUU4JlbKIq6\nvcK5o9U37NoqhM1xoEWjBU9PByYy7eH/CKsPXrVgS0WYoJ3jkkVJJk1qGRIrQlZb\nJVQYlRgpydCzyyP7xJoX/mjwXbc0Umb1T6dpyqaxk6xS1jDUXhN8oc1hATZZyfkF\nGRhYYPa1QWCrcz0DglnrMLxAm9dmoweFe8BQ4j6m2MTg3Vhx07eBAgMBAAGjggL3\nMIIC8zAfBgNVHSMEGDAWgBRV2Rhf0hzMAeFYtL6r2VVCAdcuAjAdBgNVHQ4EFgQU\nHgoWqJ/VsQuFzs7Y8BuA9jr+6uwwKAYDVR0RBCEwH4IdKi5la3MuZXUtd2VzdC0y\nLmFtYXpvbmF3cy5jb20wEwYDVR0gBAwwCjAIBgZngQwBAgEwDgYDVR0PAQH/BAQD\nAgWgMB0GA1UdJQQWMBQGCCsGAQUFBwMBBggrBgEFBQcDAjA7BgNVHR8ENDAyMDCg\nLqAshipodHRwOi8vY3JsLnIybTAzLmFtYXpvbnRydXN0LmNvbS9yMm0wMy5jcmww\ndQYIKwYBBQUHAQEEaTBnMC0GCCsGAQUFBzABhiFodHRwOi8vb2NzcC5yMm0wMy5h\nbWF6b250cnVzdC5jb20wNgYIKwYBBQUHMAKGKmh0dHA6Ly9jcnQucjJtMDMuYW1h\nem9udHJ1c3QuY29tL3IybTAzLmNlcjAMBgNVHRMBAf8EAjAAMIIBfwYKKwYBBAHW\neQIEAgSCAW8EggFrAWkAdgCWl2S/VViXrfdDh2g3CEJ36fA61fak8zZuRqQ/D8qp\nxgAAAZU/pUXPAAAEAwBHMEUCIQCpQH3ao3qlMJQ0QHMVCA+ET8Na/+j1ibSsgJU6\nRvpngwIgSPEGhZ8afc1x5VZoiWoY/14nCm/xPb2oFvZ+utbCNjsAdgBkEcRspBLs\np4kcogIuALyrTygH1B41J6vq/tUDyX3N8AAAAZU/pUXUAAAEAwBHMEUCIQC/NPTL\nYvCoxUsT57qVZ0sV9XPUFnWpUx8kDTS8ajFk7AIgfIdqxwA2kb3jWQHH1IpreUjO\nGNDdyUMIVg0+hAmZ44kAdwBJnJtp3h187Pw23s2HZKa4W68Kh4AZ0VVS++nrKd34\nwwAAAZU/pUXoAAAEAwBIMEYCIQCo8DuRuoqhvlOsidd9Ndwsa7acx4pTqY3Dd2m7\nfPeBxQIhANyZsWQgT85xGMRMbKAOrovlHJCwfQKbd8NPNxFBVjDDMA0GCSqGSIb3\nDQEBCwUAA4IBAQChYwNqtmhZSNmyyQUGcfKyqR75ksZUrHqElbcNDsn2PPVAw/d4\nbu2W7IIKFXBDTpSKVBL0k1N2lOFv6EVLJ7jsAujn0P+D76Z4F61qiWtl7cTOxvQR\nQMx4pJqMpD7ew6NYik1utyyHpxnpTHWYj6ihmN5XcFzO6LPRxXvjp7wkzxtqYPAD\n8wGkrxecCmT8XfBw22dRMIGp62yer/vNb1u1oVunoW/niqdxsrM9KbUUPWRIGkHV\nfIlsUrhvdYa5KcxCus2KaF9ABQAlglZxXrqH4TrgU8vFmEHKY04HJOK5RjdXNSN1\nLWOa3a1kYgc7rSlkhHH8+vDsRl/OHvDIWDon\n-----END CERTIFICATE-----\n",
                "is_ca": false,
                "issuer": "CN=Amazon RSA 2048 M03,O=Amazon,C=US",
                "not_after": "2026-03-28T23:59:59Z",
                "not_before": "2025-02-26T00:00:00Z",
                "public_key_algorithm": "RSA",
                "serial_number": "17116409939091623039003775645841516079",
                "sha1_fingerprint": "9113c492911635f730e51f259f28873df5b7f01a",
                "signature_algorithm": "SHA256-RSA",
                "subject": "CN=*.eks.eu-west-2.amazonaws.com",
                "version": 3
              }
            ],
            "content": null,
            "id": "77f878887104bc97ce87a3d0fe39312e6535df5b",
            "url": "https://oidc.eks.eu-west-2.amazonaws.com/id/3BBE7CFD33BF09F0876E95B3E26B1D6D",
            "verify_chain": true
          },
          "sensitive_attributes": [],
          "identity_schema_version": 0
        }
      ]
    },
    {
      "module": "module.eks_gateway",
      "mode": "managed",
      "type": "aws_eks_addon",
      "name": "coredns",
      "provider": "provider[\"registry.terraform.io/hashicorp/aws\"]",
      "instances": [
        {
          "schema_version": 0,
          "attributes": {
            "addon_name": "coredns",
            "addon_version": "v1.11.1-eksbuild.8",
            "arn": "arn:aws:eks:eu-west-2:928470004462:addon/sentinel-eks-gateway/coredns/08cc81e6-7306-a387-735c-18f3d86dd3bc",
            "cluster_name": "sentinel-eks-gateway",
            "configuration_values": "",
            "created_at": "2025-09-01T05:43:04Z",
            "id": "sentinel-eks-gateway:coredns",
            "modified_at": "2025-09-01T05:57:58Z",
            "pod_identity_association": [],
            "preserve": null,
            "region": "eu-west-2",
            "resolve_conflicts_on_create": null,
            "resolve_conflicts_on_update": null,
            "service_account_role_arn": "",
            "tags": {},
            "tags_all": {},
            "timeouts": null
          },
          "sensitive_attributes": [],
          "identity_schema_version": 0,
          "private": "eyJlMmJmYjczMC1lY2FhLTExZTYtOGY4OC0zNDM2M2JjN2M0YzAiOnsiY3JlYXRlIjoxMjAwMDAwMDAwMDAwLCJkZWxldGUiOjI0MDAwMDAwMDAwMDAsInVwZGF0ZSI6MTIwMDAwMDAwMDAwMH19",
          "dependencies": [
            "module.eks_gateway.aws_eks_cluster.this",
            "module.eks_gateway.aws_iam_role.cluster",
            "module.eks_gateway.aws_iam_role_policy_attachment.cluster_AmazonEKSClusterPolicy",
            "module.eks_gateway.aws_iam_role_policy_attachment.cluster_AmazonEKSVPCResourceController",
            "module.eks_gateway.data.aws_partition.current",
            "module.vpc_gateway.aws_subnet.private",
            "module.vpc_gateway.aws_vpc.this",
            "module.vpc_gateway.data.aws_availability_zones.this"
          ]
        }
      ]
    },
    {
      "module": "module.eks_gateway",
      "mode": "managed",
      "type": "aws_eks_addon",
      "name": "kube_proxy",
      "provider": "provider[\"registry.terraform.io/hashicorp/aws\"]",
      "instances": [
        {
          "schema_version": 0,
          "attributes": {
            "addon_name": "kube-proxy",
            "addon_version": "v1.30.6-eksbuild.3",
            "arn": "arn:aws:eks:eu-west-2:928470004462:addon/sentinel-eks-gateway/kube-proxy/b6cc81e6-7312-6dfb-dce8-7c68470c428c",
            "cluster_name": "sentinel-eks-gateway",
            "configuration_values": "",
            "created_at": "2025-09-01T05:43:04Z",
            "id": "sentinel-eks-gateway:kube-proxy",
            "modified_at": "2025-09-01T05:43:11Z",
            "pod_identity_association": [],
            "preserve": null,
            "region": "eu-west-2",
            "resolve_conflicts_on_create": null,
            "resolve_conflicts_on_update": null,
            "service_account_role_arn": "",
            "tags": {},
            "tags_all": {},
            "timeouts": null
          },
          "sensitive_attributes": [],
          "identity_schema_version": 0,
          "private": "eyJlMmJmYjczMC1lY2FhLTExZTYtOGY4OC0zNDM2M2JjN2M0YzAiOnsiY3JlYXRlIjoxMjAwMDAwMDAwMDAwLCJkZWxldGUiOjI0MDAwMDAwMDAwMDAsInVwZGF0ZSI6MTIwMDAwMDAwMDAwMH19",
          "dependencies": [
            "module.eks_gateway.aws_eks_cluster.this",
            "module.eks_gateway.aws_iam_role.cluster",
            "module.eks_gateway.aws_iam_role_policy_attachment.cluster_AmazonEKSClusterPolicy",
            "module.eks_gateway.aws_iam_role_policy_attachment.cluster_AmazonEKSVPCResourceController",
            "module.eks_gateway.data.aws_partition.current",
            "module.vpc_gateway.aws_subnet.private",
            "module.vpc_gateway.aws_vpc.this",
            "module.vpc_gateway.data.aws_availability_zones.this"
          ]
        }
      ]
    },
    {
      "module": "module.eks_gateway",
      "mode": "managed",
      "type": "aws_eks_addon",
      "name": "vpc_cni",
      "provider": "provider[\"registry.terraform.io/hashicorp/aws\"]",
      "instances": [
        {
          "schema_version": 0,
          "attributes": {
            "addon_name": "vpc-cni",
            "addon_version": "v1.19.0-eksbuild.1",
            "arn": "arn:aws:eks:eu-west-2:928470004462:addon/sentinel-eks-gateway/vpc-cni/2ecc81e6-72fe-04b5-8aaf-9805c67c265d",
            "cluster_name": "sentinel-eks-gateway",
            "configuration_values": "",
            "created_at": "2025-09-01T05:43:04Z",
            "id": "sentinel-eks-gateway:vpc-cni",
            "modified_at": "2025-09-01T05:43:12Z",
            "pod_identity_association": [],
            "preserve": null,
            "region": "eu-west-2",
            "resolve_conflicts_on_create": null,
            "resolve_conflicts_on_update": null,
            "service_account_role_arn": "",
            "tags": {},
            "tags_all": {},
            "timeouts": null
          },
          "sensitive_attributes": [],
          "identity_schema_version": 0,
          "private": "eyJlMmJmYjczMC1lY2FhLTExZTYtOGY4OC0zNDM2M2JjN2M0YzAiOnsiY3JlYXRlIjoxMjAwMDAwMDAwMDAwLCJkZWxldGUiOjI0MDAwMDAwMDAwMDAsInVwZGF0ZSI6MTIwMDAwMDAwMDAwMH19",
          "dependencies": [
            "module.eks_gateway.aws_eks_cluster.this",
            "module.eks_gateway.aws_iam_role.cluster",
            "module.eks_gateway.aws_iam_role_policy_attachment.cluster_AmazonEKSClusterPolicy",
            "module.eks_gateway.aws_iam_role_policy_attachment.cluster_AmazonEKSVPCResourceController",
            "module.eks_gateway.data.aws_partition.current",
            "module.vpc_gateway.aws_subnet.private",
            "module.vpc_gateway.aws_vpc.this",
            "module.vpc_gateway.data.aws_availability_zones.this"
          ]
        }
      ]
    },
    {
      "module": "module.eks_gateway",
      "mode": "managed",
      "type": "aws_eks_cluster",
      "name": "this",
      "provider": "provider[\"registry.terraform.io/hashicorp/aws\"]",
      "instances": [
        {
          "schema_version": 1,
          "attributes": {
            "access_config": [
              {
                "authentication_mode": "CONFIG_MAP",
                "bootstrap_cluster_creator_admin_permissions": true
              }
            ],
            "arn": "arn:aws:eks:eu-west-2:928470004462:cluster/sentinel-eks-gateway",
            "bootstrap_self_managed_addons": true,
            "certificate_authority": [
              {
                "data": "LS0tLS1CRUdJTiBDRVJUSUZJQ0FURS0tLS0tCk1JSURCVENDQWUyZ0F3SUJBZ0lJZVdPdDJXWUFrK1F3RFFZSktvWklodmNOQVFFTEJRQXdGVEVUTUJFR0ExVUUKQXhNS2EzVmlaWEp1WlhSbGN6QWVGdzB5TlRBNU1ERXdOVE0wTURCYUZ3MHpOVEE0TXpBd05UTTVNREJhTUJVeApFekFSQmdOVkJBTVRDbXQxWW1WeWJtVjBaWE13Z2dFaU1BMEdDU3FHU0liM0RRRUJBUVVBQTRJQkR3QXdnZ0VLCkFvSUJBUUNybnBCeGZiaWdJUm1NZmtEcE15VVBQbGxHU2VvdWVvbUloUVpXNDZMNFUyUnplRU5OYnYwemtNZXUKdllQOXU3NnpHc0htTElqeGZ6bzFMSkx0djFLYUo4emdjN2JrSEY4TWI3LzdJaTR4YmZPRVFLOGhvcXJ5Q2NwRwpVMnMxMjVzd1FLKytiYmJQNzlGbndDOUgxSTIrOTJaUmhpRldONzFTYnpDWHNhVVFHNTlaTytmNjNlL0RmMnRLCkRoMVNiUU5QK3JvNmlYc3lWSFBDamozUU1pWm9scHRMU250RWtjVFZveHdsNVJadzN5ZHB4UkFvSnNIVmROVmEKbXRjcm1rRHZEQkxBYlZ4Wjd2MHpUTkFCeEx5bWJKZ2lZK0YvdUZ4b0tvUlJFQVc4VW9VOTVGN0JGejBVdXhFVApEdkdwbzRXemhkSmd1WDJ0VFVMVTN3ZHhvMWRwQWdNQkFBR2pXVEJYTUE0R0ExVWREd0VCL3dRRUF3SUNwREFQCkJnTlZIUk1CQWY4RUJUQURBUUgvTUIwR0ExVWREZ1FXQkJTM3JSK2dMY1BzQW1vWmNScVZWM1E2aXc0ZS9EQVYKQmdOVkhSRUVEakFNZ2dwcmRXSmxjbTVsZEdWek1BMEdDU3FHU0liM0RRRUJDd1VBQTRJQkFRQWhJa0ZmeDcwQwpPT0ZEWVQwUVE3ZGdlNWdqRmlwbUk1S0NRaCtqSndBRHI5VnR1NjU5RVlIbmQ1MjUwamNYZzhnQUhZVGNBSnRRCm1YV3JFR1pGelBnbXdWbktlUlFVdFhKVUd2aHZvaG00Uml3R2dJUHc0Ry9zU2h4Vk51SzAyRHUzeWNpTmV3b2YKVjF3eHpFdmlqU0ZSUmtvckdXQksrS25HaEF1S0VLbmNXWWtRQUpYQmRwT0xQUFZsa29EN1ZzNmZqY25ZYVJVaQpBZmVVSnEyK0NndFpGU2NrdS9IOXdtUlY1cWI5ajJOOTU3UUJ3YS80OWYwS0tVR0czWHV6UEgwZk9rdXBERG9PCmkvNEpGalFaSndibHYzdDk5RWVrdGtjUlZvb3NiakZDT1IvUTJUb3ZqWVBHYmlNSVJGbnczY05KUmFrTkNnZzkKMzJqMDgrSTE4ZVhyCi0tLS0tRU5EIENFUlRJRklDQVRFLS0tLS0K"
              }
            ],
            "cluster_id": null,
            "compute_config": [],
            "created_at": "2025-09-01T05:34:09Z",
            "deletion_protection": false,
            "enabled_cluster_log_types": [],
            "encryption_config": [],
            "endpoint": "https://3BBE7CFD33BF09F0876E95B3E26B1D6D.gr7.eu-west-2.eks.amazonaws.com",
            "force_update_version": null,
            "id": "sentinel-eks-gateway",
            "identity": [
              {
                "oidc": [
                  {
                    "issuer": "https://oidc.eks.eu-west-2.amazonaws.com/id/3BBE7CFD33BF09F0876E95B3E26B1D6D"
                  }
                ]
              }
            ],
            "kubernetes_network_config": [
              {
                "elastic_load_balancing": [
                  {
                    "enabled": false
                  }
                ],
                "ip_family": "ipv4",
                "service_ipv4_cidr": "172.20.0.0/16",
                "service_ipv6_cidr": ""
              }
            ],
            "name": "sentinel-eks-gateway",
            "outpost_config": [],
            "platform_version": "eks.42",
            "region": "eu-west-2",
            "remote_network_config": [],
            "role_arn": "arn:aws:iam::928470004462:role/sentinel-eks-gateway-cluster-role",
            "status": "ACTIVE",
            "storage_config": [],
            "tags": {
              "Owner": "Platform",
              "Project": "Sentinel"
            },
            "tags_all": {
              "Owner": "Platform",
              "Project": "Sentinel"
            },
            "timeouts": null,
            "upgrade_policy": [
              {
                "support_type": "EXTENDED"
              }
            ],
            "version": "1.30",
            "vpc_config": [
              {
                "cluster_security_group_id": "sg-085cecc1d54f2ad9d",
                "endpoint_private_access": true,
                "endpoint_public_access": true,
                "public_access_cidrs": [
                  "0.0.0.0/0"
                ],
                "security_group_ids": [],
                "subnet_ids": [
                  "subnet-03df66fd0c80f723a",
                  "subnet-068a6a276e18c30c7"
                ],
                "vpc_id": "vpc-09d2218133f865a44"
              }
            ],
            "zonal_shift_config": []
          },
          "sensitive_attributes": [],
          "identity_schema_version": 0,
          "private": "eyJlMmJmYjczMC1lY2FhLTExZTYtOGY4OC0zNDM2M2JjN2M0YzAiOnsiY3JlYXRlIjoxODAwMDAwMDAwMDAwLCJkZWxldGUiOjkwMDAwMDAwMDAwMCwidXBkYXRlIjozNjAwMDAwMDAwMDAwfSwic2NoZW1hX3ZlcnNpb24iOiIxIn0=",
          "dependencies": [
            "module.eks_gateway.aws_iam_role.cluster",
            "module.eks_gateway.aws_iam_role_policy_attachment.cluster_AmazonEKSClusterPolicy",
            "module.eks_gateway.aws_iam_role_policy_attachment.cluster_AmazonEKSVPCResourceController",
            "module.eks_gateway.data.aws_partition.current",
            "module.vpc_gateway.aws_subnet.private",
            "module.vpc_gateway.aws_vpc.this",
            "module.vpc_gateway.data.aws_availability_zones.this"
          ]
        }
      ]
    },
    {
      "module": "module.eks_gateway",
      "mode": "managed",
      "type": "aws_eks_node_group",
      "name": "default",
      "provider": "provider[\"registry.terraform.io/hashicorp/aws\"]",
      "instances": [
        {
          "schema_version": 0,
          "attributes": {
            "ami_type": "AL2023_x86_64_STANDARD",
            "arn": "arn:aws:eks:eu-west-2:928470004462:nodegroup/sentinel-eks-gateway/sentinel-eks-gateway-ng/68cc81e6-72fc-faf9-c00f-446919393c4f",
            "capacity_type": "ON_DEMAND",
            "cluster_name": "sentinel-eks-gateway",
            "disk_size": 20,
            "force_update_version": null,
            "id": "sentinel-eks-gateway:sentinel-eks-gateway-ng",
            "instance_types": [
              "t3.large"
            ],
            "labels": {},
            "launch_template": [],
            "node_group_name": "sentinel-eks-gateway-ng",
            "node_group_name_prefix": "",
            "node_repair_config": [],
            "node_role_arn": "arn:aws:iam::928470004462:role/sentinel-eks-gateway-node-role",
            "region": "eu-west-2",
            "release_version": "1.30.14-20250821",
            "remote_access": [],
            "resources": [
              {
                "autoscaling_groups": [
                  {
                    "name": "eks-sentinel-eks-gateway-ng-68cc81e6-72fc-faf9-c00f-446919393c4f"
                  }
                ],
                "remote_access_security_group_id": ""
              }
            ],
            "scaling_config": [
              {
                "desired_size": 2,
                "max_size": 4,
                "min_size": 2
              }
            ],
            "status": "ACTIVE",
            "subnet_ids": [
              "subnet-03df66fd0c80f723a",
              "subnet-068a6a276e18c30c7"
            ],
            "tags": {
              "Owner": "Platform",
              "Project": "Sentinel"
            },
            "tags_all": {
              "Owner": "Platform",
              "Project": "Sentinel"
            },
            "taint": [],
            "timeouts": null,
            "update_config": [
              {
                "max_unavailable": 1,
                "max_unavailable_percentage": 0
              }
            ],
            "version": "1.30"
          },
          "sensitive_attributes": [],
          "identity_schema_version": 0,
          "private": "eyJlMmJmYjczMC1lY2FhLTExZTYtOGY4OC0zNDM2M2JjN2M0YzAiOnsiY3JlYXRlIjozNjAwMDAwMDAwMDAwLCJkZWxldGUiOjM2MDAwMDAwMDAwMDAsInVwZGF0ZSI6MzYwMDAwMDAwMDAwMH19",
          "dependencies": [
            "module.eks_gateway.aws_eks_cluster.this",
            "module.eks_gateway.aws_iam_role.cluster",
            "module.eks_gateway.aws_iam_role.node",
            "module.eks_gateway.aws_iam_role_policy_attachment.cluster_AmazonEKSClusterPolicy",
            "module.eks_gateway.aws_iam_role_policy_attachment.cluster_AmazonEKSVPCResourceController",
            "module.eks_gateway.aws_iam_role_policy_attachment.node_AmazonEC2ContainerRegistryReadOnly",
            "module.eks_gateway.aws_iam_role_policy_attachment.node_AmazonEKSWorkerNodePolicy",
            "module.eks_gateway.aws_iam_role_policy_attachment.node_AmazonEKS_CNI_Policy",
            "module.eks_gateway.data.aws_partition.current",
            "module.vpc_gateway.aws_subnet.private",
            "module.vpc_gateway.aws_vpc.this",
            "module.vpc_gateway.data.aws_availability_zones.this"
          ]
        }
      ]
    },
    {
      "module": "module.eks_gateway",
      "mode": "managed",
      "type": "aws_iam_openid_connect_provider",
      "name": "this",
      "provider": "provider[\"registry.terraform.io/hashicorp/aws\"]",
      "instances": [
        {
          "schema_version": 0,
          "attributes": {
            "arn": "arn:aws:iam::928470004462:oidc-provider/oidc.eks.eu-west-2.amazonaws.com/id/3BBE7CFD33BF09F0876E95B3E26B1D6D",
            "client_id_list": [
              "sts.amazonaws.com"
            ],
            "id": "arn:aws:iam::928470004462:oidc-provider/oidc.eks.eu-west-2.amazonaws.com/id/3BBE7CFD33BF09F0876E95B3E26B1D6D",
            "tags": {},
            "tags_all": {},
            "thumbprint_list": [
              "06b25927c42a721631c1efd9431e648fa62e1e39"
            ],
            "url": "oidc.eks.eu-west-2.amazonaws.com/id/3BBE7CFD33BF09F0876E95B3E26B1D6D"
          },
          "sensitive_attributes": [],
          "identity_schema_version": 0,
          "identity": {
            "arn": "arn:aws:iam::928470004462:oidc-provider/oidc.eks.eu-west-2.amazonaws.com/id/3BBE7CFD33BF09F0876E95B3E26B1D6D"
          },
          "private": "bnVsbA==",
          "dependencies": [
            "module.eks_gateway.aws_eks_cluster.this",
            "module.eks_gateway.aws_iam_role.cluster",
            "module.eks_gateway.aws_iam_role_policy_attachment.cluster_AmazonEKSClusterPolicy",
            "module.eks_gateway.aws_iam_role_policy_attachment.cluster_AmazonEKSVPCResourceController",
            "module.eks_gateway.data.aws_partition.current",
            "module.eks_gateway.data.tls_certificate.oidc_cert",
            "module.vpc_gateway.aws_subnet.private",
            "module.vpc_gateway.aws_vpc.this",
            "module.vpc_gateway.data.aws_availability_zones.this"
          ]
        }
      ]
    },
    {
      "module": "module.eks_gateway",
      "mode": "managed",
      "type": "aws_iam_role",
      "name": "cluster",
      "provider": "provider[\"registry.terraform.io/hashicorp/aws\"]",
      "instances": [
        {
          "schema_version": 0,
          "attributes": {
            "arn": "arn:aws:iam::928470004462:role/sentinel-eks-gateway-cluster-role",
            "assume_role_policy": "{\"Statement\":[{\"Action\":\"sts:AssumeRole\",\"Effect\":\"Allow\",\"Principal\":{\"Service\":\"eks.amazonaws.com\"}}],\"Version\":\"2012-10-17\"}",
            "create_date": "2025-09-01T05:34:06Z",
            "description": "",
            "force_detach_policies": false,
            "id": "sentinel-eks-gateway-cluster-role",
            "inline_policy": [],
            "managed_policy_arns": [
              "arn:aws:iam::aws:policy/AmazonEKSClusterPolicy",
              "arn:aws:iam::aws:policy/AmazonEKSVPCResourceController"
            ],
            "max_session_duration": 3600,
            "name": "sentinel-eks-gateway-cluster-role",
            "name_prefix": "",
            "path": "/",
            "permissions_boundary": "",
            "tags": {
              "Owner": "Platform",
              "Project": "Sentinel"
            },
            "tags_all": {
              "Owner": "Platform",
              "Project": "Sentinel"
            },
            "unique_id": "AROA5QLI76LXH7Y7LIJF3"
          },
          "sensitive_attributes": [],
          "identity_schema_version": 0,
          "identity": {
            "account_id": "928470004462",
            "name": "sentinel-eks-gateway-cluster-role"
          },
          "private": "bnVsbA==",
          "dependencies": [
            "module.eks_gateway.data.aws_partition.current"
          ]
        }
      ]
    },
    {
      "module": "module.eks_gateway",
      "mode": "managed",
      "type": "aws_iam_role",
      "name": "node",
      "provider": "provider[\"registry.terraform.io/hashicorp/aws\"]",
      "instances": [
        {
          "schema_version": 0,
          "attributes": {
            "arn": "arn:aws:iam::928470004462:role/sentinel-eks-gateway-node-role",
            "assume_role_policy": "{\"Statement\":[{\"Action\":\"sts:AssumeRole\",\"Effect\":\"Allow\",\"Principal\":{\"Service\":\"ec2.amazonaws.com\"}}],\"Version\":\"2012-10-17\"}",
            "create_date": "2025-09-01T05:34:06Z",
            "description": "",
            "force_detach_policies": false,
            "id": "sentinel-eks-gateway-node-role",
            "inline_policy": [],
            "managed_policy_arns": [
              "arn:aws:iam::aws:policy/AmazonEC2ContainerRegistryReadOnly",
              "arn:aws:iam::aws:policy/AmazonEKSWorkerNodePolicy",
              "arn:aws:iam::aws:policy/AmazonEKS_CNI_Policy",
              "arn:aws:iam::aws:policy/AmazonSSMManagedInstanceCore"
            ],
            "max_session_duration": 3600,
            "name": "sentinel-eks-gateway-node-role",
            "name_prefix": "",
            "path": "/",
            "permissions_boundary": "",
            "tags": {
              "Owner": "Platform",
              "Project": "Sentinel"
            },
            "tags_all": {
              "Owner": "Platform",
              "Project": "Sentinel"
            },
            "unique_id": "AROA5QLI76LXHMTO5FCNP"
          },
          "sensitive_attributes": [],
          "identity_schema_version": 0,
          "identity": {
            "account_id": "928470004462",
            "name": "sentinel-eks-gateway-node-role"
          },
          "private": "bnVsbA==",
          "dependencies": [
            "module.eks_gateway.data.aws_partition.current"
          ]
        }
      ]
    },
    {
      "module": "module.eks_gateway",
      "mode": "managed",
      "type": "aws_iam_role_policy_attachment",
      "name": "cluster_AmazonEKSClusterPolicy",
      "provider": "provider[\"registry.terraform.io/hashicorp/aws\"]",
      "instances": [
        {
          "schema_version": 0,
          "attributes": {
            "id": "sentinel-eks-gateway-cluster-role/arn:aws:iam::aws:policy/AmazonEKSClusterPolicy",
            "policy_arn": "arn:aws:iam::aws:policy/AmazonEKSClusterPolicy",
            "role": "sentinel-eks-gateway-cluster-role"
          },
          "sensitive_attributes": [],
          "identity_schema_version": 0,
          "identity": {
            "account_id": "928470004462",
            "policy_arn": "arn:aws:iam::aws:policy/AmazonEKSClusterPolicy",
            "role": "sentinel-eks-gateway-cluster-role"
          },
          "private": "bnVsbA==",
          "dependencies": [
            "module.eks_gateway.aws_iam_role.cluster",
            "module.eks_gateway.data.aws_partition.current"
          ]
        }
      ]
    },
    {
      "module": "module.eks_gateway",
      "mode": "managed",
      "type": "aws_iam_role_policy_attachment",
      "name": "cluster_AmazonEKSVPCResourceController",
      "provider": "provider[\"registry.terraform.io/hashicorp/aws\"]",
      "instances": [
        {
          "schema_version": 0,
          "attributes": {
            "id": "sentinel-eks-gateway-cluster-role/arn:aws:iam::aws:policy/AmazonEKSVPCResourceController",
            "policy_arn": "arn:aws:iam::aws:policy/AmazonEKSVPCResourceController",
            "role": "sentinel-eks-gateway-cluster-role"
          },
          "sensitive_attributes": [],
          "identity_schema_version": 0,
          "identity": {
            "account_id": "928470004462",
            "policy_arn": "arn:aws:iam::aws:policy/AmazonEKSVPCResourceController",
            "role": "sentinel-eks-gateway-cluster-role"
          },
          "private": "bnVsbA==",
          "dependencies": [
            "module.eks_gateway.aws_iam_role.cluster",
            "module.eks_gateway.data.aws_partition.current"
          ]
        }
      ]
    },
    {
      "module": "module.eks_gateway",
      "mode": "managed",
      "type": "aws_iam_role_policy_attachment",
      "name": "node_AmazonEC2ContainerRegistryReadOnly",
      "provider": "provider[\"registry.terraform.io/hashicorp/aws\"]",
      "instances": [
        {
          "schema_version": 0,
          "attributes": {
            "id": "sentinel-eks-gateway-node-role/arn:aws:iam::aws:policy/AmazonEC2ContainerRegistryReadOnly",
            "policy_arn": "arn:aws:iam::aws:policy/AmazonEC2ContainerRegistryReadOnly",
            "role": "sentinel-eks-gateway-node-role"
          },
          "sensitive_attributes": [],
          "identity_schema_version": 0,
          "identity": {
            "account_id": "928470004462",
            "policy_arn": "arn:aws:iam::aws:policy/AmazonEC2ContainerRegistryReadOnly",
            "role": "sentinel-eks-gateway-node-role"
          },
          "private": "bnVsbA==",
          "dependencies": [
            "module.eks_gateway.aws_iam_role.node",
            "module.eks_gateway.data.aws_partition.current"
          ]
        }
      ]
    },
    {
      "module": "module.eks_gateway",
      "mode": "managed",
      "type": "aws_iam_role_policy_attachment",
      "name": "node_AmazonEKSWorkerNodePolicy",
      "provider": "provider[\"registry.terraform.io/hashicorp/aws\"]",
      "instances": [
        {
          "schema_version": 0,
          "attributes": {
            "id": "sentinel-eks-gateway-node-role/arn:aws:iam::aws:policy/AmazonEKSWorkerNodePolicy",
            "policy_arn": "arn:aws:iam::aws:policy/AmazonEKSWorkerNodePolicy",
            "role": "sentinel-eks-gateway-node-role"
          },
          "sensitive_attributes": [],
          "identity_schema_version": 0,
          "identity": {
            "account_id": "928470004462",
            "policy_arn": "arn:aws:iam::aws:policy/AmazonEKSWorkerNodePolicy",
            "role": "sentinel-eks-gateway-node-role"
          },
          "private": "bnVsbA==",
          "dependencies": [
            "module.eks_gateway.aws_iam_role.node",
            "module.eks_gateway.data.aws_partition.current"
          ]
        }
      ]
    },
    {
      "module": "module.eks_gateway",
      "mode": "managed",
      "type": "aws_iam_role_policy_attachment",
      "name": "node_AmazonEKS_CNI_Policy",
      "provider": "provider[\"registry.terraform.io/hashicorp/aws\"]",
      "instances": [
        {
          "schema_version": 0,
          "attributes": {
            "id": "sentinel-eks-gateway-node-role/arn:aws:iam::aws:policy/AmazonEKS_CNI_Policy",
            "policy_arn": "arn:aws:iam::aws:policy/AmazonEKS_CNI_Policy",
            "role": "sentinel-eks-gateway-node-role"
          },
          "sensitive_attributes": [],
          "identity_schema_version": 0,
          "identity": {
            "account_id": "928470004462",
            "policy_arn": "arn:aws:iam::aws:policy/AmazonEKS_CNI_Policy",
            "role": "sentinel-eks-gateway-node-role"
          },
          "private": "bnVsbA==",
          "dependencies": [
            "module.eks_gateway.aws_iam_role.node",
            "module.eks_gateway.data.aws_partition.current"
          ]
        }
      ]
    },
    {
      "module": "module.eks_gateway",
      "mode": "managed",
      "type": "aws_iam_role_policy_attachment",
      "name": "node_AmazonSSMManagedInstanceCore",
      "provider": "provider[\"registry.terraform.io/hashicorp/aws\"]",
      "instances": [
        {
          "schema_version": 0,
          "attributes": {
            "id": "sentinel-eks-gateway-node-role/arn:aws:iam::aws:policy/AmazonSSMManagedInstanceCore",
            "policy_arn": "arn:aws:iam::aws:policy/AmazonSSMManagedInstanceCore",
            "role": "sentinel-eks-gateway-node-role"
          },
          "sensitive_attributes": [],
          "identity_schema_version": 0,
          "identity": {
            "account_id": "928470004462",
            "policy_arn": "arn:aws:iam::aws:policy/AmazonSSMManagedInstanceCore",
            "role": "sentinel-eks-gateway-node-role"
          },
          "private": "bnVsbA==",
          "dependencies": [
            "module.eks_gateway.aws_iam_role.node",
            "module.eks_gateway.data.aws_partition.current"
          ]
        }
      ]
    },
    {
      "module": "module.gateway_app",
      "mode": "data",
      "type": "external",
      "name": "alb_dns",
      "provider": "provider[\"registry.terraform.io/hashicorp/external\"]",
      "instances": [
        {
          "schema_version": 0,
          "attributes": {
            "id": "-",
            "program": [
              "bash",
              "-c",
              "LB_DNS_NAME=$(aws elbv2 describe-load-balancers \\\n  --query \"LoadBalancers[?Scheme=='internet-facing'].DNSName\" \\\n  --region eu-west-2 \\\n  --output text)\n      \n# Check if a DNS name was returned\nif [ -z \"$LB_DNS_NAME\" ]; then\n  echo '{\"url\": \"\"}'\nelse\n  echo '{\"url\": \"'\"$LB_DNS_NAME\"'\"}'\nfi\n"
            ],
            "query": null,
            "result": {
              "url": "k8s-sentinel-gatewayp-fd0b870153-865278853.eu-west-2.elb.amazonaws.com"
            },
            "working_dir": null
          },
          "sensitive_attributes": [],
          "identity_schema_version": 0
        }
      ]
    },
    {
      "module": "module.gateway_app",
      "mode": "managed",
      "type": "kubernetes_config_map",
      "name": "nginx",
      "provider": "provider[\"registry.terraform.io/hashicorp/kubernetes\"].gateway",
      "instances": [
        {
          "schema_version": 0,
          "attributes": {
            "binary_data": null,
            "data": {
              "default.conf": "server {\n  listen 80;\n  location / {\n    proxy_pass http://backend.sentinel.local;\n  }\n}\n"
            },
            "id": "sentinel-gateway/nginx-config",
            "immutable": false,
            "metadata": [
              {
                "annotations": null,
                "generate_name": "",
                "generation": 0,
                "labels": null,
                "name": "nginx-config",
                "namespace": "sentinel-gateway",
                "resource_version": "37816",
                "uid": "094cd407-8f00-43d4-9989-5d8175790397"
              }
            ]
          },
          "sensitive_attributes": [],
          "identity_schema_version": 1,
          "identity": {
            "api_version": "v1",
            "kind": "ConfigMap",
            "name": "nginx-config",
            "namespace": "sentinel-gateway"
          },
          "private": "bnVsbA==",
          "dependencies": [
            "data.aws_eks_cluster_auth.gateway",
            "module.backend_app.data.external.alb_dns",
            "module.dns.aws_route53_record.backend",
            "module.dns.aws_route53_zone.this",
            "module.eks_backend.aws_eks_addon.coredns",
            "module.eks_backend.aws_eks_addon.kube_proxy",
            "module.eks_backend.aws_eks_addon.vpc_cni",
            "module.eks_backend.aws_eks_cluster.this",
            "module.eks_backend.aws_eks_node_group.default",
            "module.eks_backend.aws_iam_openid_connect_provider.this",
            "module.eks_backend.aws_iam_role.cluster",
            "module.eks_backend.aws_iam_role.node",
            "module.eks_backend.aws_iam_role_policy_attachment.cluster_AmazonEKSClusterPolicy",
            "module.eks_backend.aws_iam_role_policy_attachment.cluster_AmazonEKSVPCResourceController",
            "module.eks_backend.aws_iam_role_policy_attachment.node_AmazonEC2ContainerRegistryReadOnly",
            "module.eks_backend.aws_iam_role_policy_attachment.node_AmazonEKSWorkerNodePolicy",
            "module.eks_backend.aws_iam_role_policy_attachment.node_AmazonEKS_CNI_Policy",
            "module.eks_backend.aws_iam_role_policy_attachment.node_AmazonSSMManagedInstanceCore",
            "module.eks_backend.data.aws_caller_identity.current",
            "module.eks_backend.data.aws_partition.current",
            "module.eks_backend.data.aws_region.current",
            "module.eks_backend.data.tls_certificate.oidc_cert",
            "module.eks_gateway.aws_eks_addon.coredns",
            "module.eks_gateway.aws_eks_addon.kube_proxy",
            "module.eks_gateway.aws_eks_addon.vpc_cni",
            "module.eks_gateway.aws_eks_cluster.this",
            "module.eks_gateway.aws_eks_node_group.default",
            "module.eks_gateway.aws_iam_openid_connect_provider.this",
            "module.eks_gateway.aws_iam_role.cluster",
            "module.eks_gateway.aws_iam_role.node",
            "module.eks_gateway.aws_iam_role_policy_attachment.cluster_AmazonEKSClusterPolicy",
            "module.eks_gateway.aws_iam_role_policy_attachment.cluster_AmazonEKSVPCResourceController",
            "module.eks_gateway.aws_iam_role_policy_attachment.node_AmazonEC2ContainerRegistryReadOnly",
            "module.eks_gateway.aws_iam_role_policy_attachment.node_AmazonEKSWorkerNodePolicy",
            "module.eks_gateway.aws_iam_role_policy_attachment.node_AmazonEKS_CNI_Policy",
            "module.eks_gateway.aws_iam_role_policy_attachment.node_AmazonSSMManagedInstanceCore",
            "module.eks_gateway.data.aws_caller_identity.current",
            "module.eks_gateway.data.aws_partition.current",
            "module.eks_gateway.data.aws_region.current",
            "module.eks_gateway.data.tls_certificate.oidc_cert",
            "module.vpc_backend.aws_subnet.private",
            "module.vpc_backend.aws_vpc.this",
            "module.vpc_backend.data.aws_availability_zones.this",
            "module.vpc_gateway.aws_subnet.private",
            "module.vpc_gateway.aws_vpc.this",
            "module.vpc_gateway.data.aws_availability_zones.this"
          ]
        }
      ]
    },
    {
      "module": "module.gateway_app",
      "mode": "managed",
      "type": "kubernetes_deployment",
      "name": "this",
      "provider": "provider[\"registry.terraform.io/hashicorp/kubernetes\"].gateway",
      "instances": [
        {
          "schema_version": 1,
          "attributes": {
            "id": "sentinel-gateway/gateway-proxy",
            "metadata": [
              {
                "annotations": null,
                "generate_name": "",
                "generation": 1,
                "labels": {
                  "app": "gateway-proxy"
                },
                "name": "gateway-proxy",
                "namespace": "sentinel-gateway",
                "resource_version": "37887",
                "uid": "ca315d74-8a6e-46cd-8187-f19a883e6e98"
              }
            ],
            "spec": [
              {
                "min_ready_seconds": 0,
                "paused": false,
                "progress_deadline_seconds": 600,
                "replicas": "2",
                "revision_history_limit": 10,
                "selector": [
                  {
                    "match_expressions": [],
                    "match_labels": {
                      "app": "gateway-proxy"
                    }
                  }
                ],
                "strategy": [
                  {
                    "rolling_update": [
                      {
                        "max_surge": "25%",
                        "max_unavailable": "25%"
                      }
                    ],
                    "type": "RollingUpdate"
                  }
                ],
                "template": [
                  {
                    "metadata": [
                      {
                        "annotations": null,
                        "generate_name": "",
                        "generation": 0,
                        "labels": {
                          "app": "gateway-proxy"
                        },
                        "name": "",
                        "namespace": "",
                        "resource_version": "",
                        "uid": ""
                      }
                    ],
                    "spec": [
                      {
                        "active_deadline_seconds": 0,
                        "affinity": [],
                        "automount_service_account_token": true,
                        "container": [
                          {
                            "args": null,
                            "command": null,
                            "env": [],
                            "env_from": [],
                            "image": "nginx:1.25",
                            "image_pull_policy": "IfNotPresent",
                            "lifecycle": [],
                            "liveness_probe": [],
                            "name": "nginx",
                            "port": [
                              {
                                "container_port": 80,
                                "host_ip": "",
                                "host_port": 0,
                                "name": "",
                                "protocol": "TCP"
                              }
                            ],
                            "readiness_probe": [],
                            "resources": [
                              {
                                "limits": {},
                                "requests": {}
                              }
                            ],
                            "security_context": [],
                            "startup_probe": [],
                            "stdin": false,
                            "stdin_once": false,
                            "termination_message_path": "/dev/termination-log",
                            "termination_message_policy": "File",
                            "tty": false,
                            "volume_device": [],
                            "volume_mount": [
                              {
                                "mount_path": "/etc/nginx/conf.d",
                                "mount_propagation": "None",
                                "name": "nginx-config",
                                "read_only": false,
                                "sub_path": "",
                                "sub_path_expr": ""
                              }
                            ],
                            "working_dir": ""
                          }
                        ],
                        "dns_config": [],
                        "dns_policy": "ClusterFirst",
                        "enable_service_links": true,
                        "host_aliases": [],
                        "host_ipc": false,
                        "host_network": false,
                        "host_pid": false,
                        "hostname": "",
                        "image_pull_secrets": [],
                        "init_container": [],
                        "node_name": "",
                        "node_selector": null,
                        "os": [],
                        "priority_class_name": "",
                        "readiness_gate": [],
                        "restart_policy": "Always",
                        "runtime_class_name": "",
                        "scheduler_name": "default-scheduler",
                        "security_context": [],
                        "service_account_name": "",
                        "share_process_namespace": false,
                        "subdomain": "",
                        "termination_grace_period_seconds": 30,
                        "toleration": [],
                        "topology_spread_constraint": [],
                        "volume": [
                          {
                            "aws_elastic_block_store": [],
                            "azure_disk": [],
                            "azure_file": [],
                            "ceph_fs": [],
                            "cinder": [],
                            "config_map": [
                              {
                                "default_mode": "0644",
                                "items": [],
                                "name": "nginx-config",
                                "optional": false
                              }
                            ],
                            "csi": [],
                            "downward_api": [],
                            "empty_dir": [],
                            "ephemeral": [],
                            "fc": [],
                            "flex_volume": [],
                            "flocker": [],
                            "gce_persistent_disk": [],
                            "git_repo": [],
                            "glusterfs": [],
                            "host_path": [],
                            "iscsi": [],
                            "local": [],
                            "name": "nginx-config",
                            "nfs": [],
                            "persistent_volume_claim": [],
                            "photon_persistent_disk": [],
                            "projected": [],
                            "quobyte": [],
                            "rbd": [],
                            "secret": [],
                            "vsphere_volume": []
                          }
                        ]
                      }
                    ]
                  }
                ]
              }
            ],
            "timeouts": null,
            "wait_for_rollout": true
          },
          "sensitive_attributes": [],
          "identity_schema_version": 1,
          "identity": {
            "api_version": "apps/v1",
            "kind": "Deployment",
            "name": "gateway-proxy",
            "namespace": "sentinel-gateway"
          },
          "private": "eyJlMmJmYjczMC1lY2FhLTExZTYtOGY4OC0zNDM2M2JjN2M0YzAiOnsiY3JlYXRlIjo2MDAwMDAwMDAwMDAsImRlbGV0ZSI6NjAwMDAwMDAwMDAwLCJ1cGRhdGUiOjYwMDAwMDAwMDAwMH0sInNjaGVtYV92ZXJzaW9uIjoiMSJ9",
          "dependencies": [
            "data.aws_eks_cluster_auth.gateway",
            "module.backend_app.data.external.alb_dns",
            "module.dns.aws_route53_record.backend",
            "module.dns.aws_route53_zone.this",
            "module.eks_backend.aws_eks_addon.coredns",
            "module.eks_backend.aws_eks_addon.kube_proxy",
            "module.eks_backend.aws_eks_addon.vpc_cni",
            "module.eks_backend.aws_eks_cluster.this",
            "module.eks_backend.aws_eks_node_group.default",
            "module.eks_backend.aws_iam_openid_connect_provider.this",
            "module.eks_backend.aws_iam_role.cluster",
            "module.eks_backend.aws_iam_role.node",
            "module.eks_backend.aws_iam_role_policy_attachment.cluster_AmazonEKSClusterPolicy",
            "module.eks_backend.aws_iam_role_policy_attachment.cluster_AmazonEKSVPCResourceController",
            "module.eks_backend.aws_iam_role_policy_attachment.node_AmazonEC2ContainerRegistryReadOnly",
            "module.eks_backend.aws_iam_role_policy_attachment.node_AmazonEKSWorkerNodePolicy",
            "module.eks_backend.aws_iam_role_policy_attachment.node_AmazonEKS_CNI_Policy",
            "module.eks_backend.aws_iam_role_policy_attachment.node_AmazonSSMManagedInstanceCore",
            "module.eks_backend.data.aws_caller_identity.current",
            "module.eks_backend.data.aws_partition.current",
            "module.eks_backend.data.aws_region.current",
            "module.eks_backend.data.tls_certificate.oidc_cert",
            "module.eks_gateway.aws_eks_addon.coredns",
            "module.eks_gateway.aws_eks_addon.kube_proxy",
            "module.eks_gateway.aws_eks_addon.vpc_cni",
            "module.eks_gateway.aws_eks_cluster.this",
            "module.eks_gateway.aws_eks_node_group.default",
            "module.eks_gateway.aws_iam_openid_connect_provider.this",
            "module.eks_gateway.aws_iam_role.cluster",
            "module.eks_gateway.aws_iam_role.node",
            "module.eks_gateway.aws_iam_role_policy_attachment.cluster_AmazonEKSClusterPolicy",
            "module.eks_gateway.aws_iam_role_policy_attachment.cluster_AmazonEKSVPCResourceController",
            "module.eks_gateway.aws_iam_role_policy_attachment.node_AmazonEC2ContainerRegistryReadOnly",
            "module.eks_gateway.aws_iam_role_policy_attachment.node_AmazonEKSWorkerNodePolicy",
            "module.eks_gateway.aws_iam_role_policy_attachment.node_AmazonEKS_CNI_Policy",
            "module.eks_gateway.aws_iam_role_policy_attachment.node_AmazonSSMManagedInstanceCore",
            "module.eks_gateway.data.aws_caller_identity.current",
            "module.eks_gateway.data.aws_partition.current",
            "module.eks_gateway.data.aws_region.current",
            "module.eks_gateway.data.tls_certificate.oidc_cert",
            "module.gateway_app.kubernetes_config_map.nginx",
            "module.vpc_backend.aws_subnet.private",
            "module.vpc_backend.aws_vpc.this",
            "module.vpc_backend.data.aws_availability_zones.this",
            "module.vpc_gateway.aws_subnet.private",
            "module.vpc_gateway.aws_vpc.this",
            "module.vpc_gateway.data.aws_availability_zones.this"
          ]
        }
      ]
    },
    {
      "module": "module.gateway_app",
      "mode": "managed",
      "type": "kubernetes_ingress_v1",
      "name": "this",
      "provider": "provider[\"registry.terraform.io/hashicorp/kubernetes\"].gateway",
      "instances": [
        {
          "schema_version": 0,
          "attributes": {
            "id": "sentinel-gateway/gateway-proxy-ingress",
            "metadata": [
              {
                "annotations": {
                  "alb.ingress.kubernetes.io/scheme": "internet-facing",
                  "alb.ingress.kubernetes.io/target-type": "ip",
                  "kubernetes.io/ingress.class": "alb"
                },
                "generate_name": "",
                "generation": 1,
                "labels": null,
                "name": "gateway-proxy-ingress",
                "namespace": "sentinel-gateway",
                "resource_version": "37823",
                "uid": "801a3a04-a72c-4393-a577-7523e3281cbe"
              }
            ],
            "spec": [
              {
                "default_backend": [],
                "ingress_class_name": "",
                "rule": [
                  {
                    "host": "",
                    "http": [
                      {
                        "path": [
                          {
                            "backend": [
                              {
                                "resource": [],
                                "service": [
                                  {
                                    "name": "gateway-proxy",
                                    "port": [
                                      {
                                        "name": "",
                                        "number": 80
                                      }
                                    ]
                                  }
                                ]
                              }
                            ],
                            "path": "/",
                            "path_type": "Prefix"
                          }
                        ]
                      }
                    ]
                  }
                ],
                "tls": []
              }
            ],
            "status": [
              {
                "load_balancer": [
                  {
                    "ingress": []
                  }
                ]
              }
            ],
            "timeouts": null,
            "wait_for_load_balancer": null
          },
          "sensitive_attributes": [],
          "identity_schema_version": 1,
          "identity": {
            "api_version": "networking.k8s.io/v1",
            "kind": "Ingress",
            "name": "gateway-proxy-ingress",
            "namespace": "sentinel-gateway"
          },
          "private": "eyJlMmJmYjczMC1lY2FhLTExZTYtOGY4OC0zNDM2M2JjN2M0YzAiOnsiY3JlYXRlIjoxMjAwMDAwMDAwMDAwLCJkZWxldGUiOjEyMDAwMDAwMDAwMDB9fQ==",
          "dependencies": [
            "data.aws_eks_cluster_auth.gateway",
            "module.eks_gateway.aws_eks_addon.coredns",
            "module.eks_gateway.aws_eks_addon.kube_proxy",
            "module.eks_gateway.aws_eks_addon.vpc_cni",
            "module.eks_gateway.aws_eks_cluster.this",
            "module.eks_gateway.aws_eks_node_group.default",
            "module.eks_gateway.aws_iam_openid_connect_provider.this",
            "module.eks_gateway.aws_iam_role.cluster",
            "module.eks_gateway.aws_iam_role.node",
            "module.eks_gateway.aws_iam_role_policy_attachment.cluster_AmazonEKSClusterPolicy",
            "module.eks_gateway.aws_iam_role_policy_attachment.cluster_AmazonEKSVPCResourceController",
            "module.eks_gateway.aws_iam_role_policy_attachment.node_AmazonEC2ContainerRegistryReadOnly",
            "module.eks_gateway.aws_iam_role_policy_attachment.node_AmazonEKSWorkerNodePolicy",
            "module.eks_gateway.aws_iam_role_policy_attachment.node_AmazonEKS_CNI_Policy",
            "module.eks_gateway.aws_iam_role_policy_attachment.node_AmazonSSMManagedInstanceCore",
            "module.eks_gateway.data.aws_caller_identity.current",
            "module.eks_gateway.data.aws_partition.current",
            "module.eks_gateway.data.aws_region.current",
            "module.eks_gateway.data.tls_certificate.oidc_cert",
            "module.gateway_app.kubernetes_service.this",
            "module.vpc_gateway.aws_subnet.private",
            "module.vpc_gateway.aws_vpc.this",
            "module.vpc_gateway.data.aws_availability_zones.this"
          ]
        }
      ]
    },
    {
      "module": "module.gateway_app",
      "mode": "managed",
      "type": "kubernetes_namespace",
      "name": "this",
      "provider": "provider[\"registry.terraform.io/hashicorp/kubernetes\"].gateway",
      "instances": [
        {
          "schema_version": 0,
          "attributes": {
            "id": "sentinel-gateway",
            "metadata": [
              {
                "annotations": null,
                "generate_name": "",
                "generation": 0,
                "labels": null,
                "name": "sentinel-gateway",
                "resource_version": "37813",
                "uid": "bbaa3a8a-1b97-4e74-8985-e95680805575"
              }
            ],
            "timeouts": null,
            "wait_for_default_service_account": false
          },
          "sensitive_attributes": [],
          "identity_schema_version": 1,
          "identity": {
            "api_version": "v1",
            "kind": "Namespace",
            "name": "sentinel-gateway"
          },
          "private": "eyJlMmJmYjczMC1lY2FhLTExZTYtOGY4OC0zNDM2M2JjN2M0YzAiOnsiZGVsZXRlIjozMDAwMDAwMDAwMDB9fQ==",
          "dependencies": [
            "data.aws_eks_cluster_auth.gateway",
            "module.eks_gateway.aws_eks_addon.coredns",
            "module.eks_gateway.aws_eks_addon.kube_proxy",
            "module.eks_gateway.aws_eks_addon.vpc_cni",
            "module.eks_gateway.aws_eks_cluster.this",
            "module.eks_gateway.aws_eks_node_group.default",
            "module.eks_gateway.aws_iam_openid_connect_provider.this",
            "module.eks_gateway.aws_iam_role.cluster",
            "module.eks_gateway.aws_iam_role.node",
            "module.eks_gateway.aws_iam_role_policy_attachment.cluster_AmazonEKSClusterPolicy",
            "module.eks_gateway.aws_iam_role_policy_attachment.cluster_AmazonEKSVPCResourceController",
            "module.eks_gateway.aws_iam_role_policy_attachment.node_AmazonEC2ContainerRegistryReadOnly",
            "module.eks_gateway.aws_iam_role_policy_attachment.node_AmazonEKSWorkerNodePolicy",
            "module.eks_gateway.aws_iam_role_policy_attachment.node_AmazonEKS_CNI_Policy",
            "module.eks_gateway.aws_iam_role_policy_attachment.node_AmazonSSMManagedInstanceCore",
            "module.eks_gateway.data.aws_caller_identity.current",
            "module.eks_gateway.data.aws_partition.current",
            "module.eks_gateway.data.aws_region.current",
            "module.eks_gateway.data.tls_certificate.oidc_cert",
            "module.vpc_gateway.aws_subnet.private",
            "module.vpc_gateway.aws_vpc.this",
            "module.vpc_gateway.data.aws_availability_zones.this"
          ]
        }
      ]
    },
    {
      "module": "module.gateway_app",
      "mode": "managed",
      "type": "kubernetes_service",
      "name": "this",
      "provider": "provider[\"registry.terraform.io/hashicorp/kubernetes\"].gateway",
      "instances": [
        {
          "schema_version": 1,
          "attributes": {
            "id": "sentinel-gateway/gateway-proxy",
            "metadata": [
              {
                "annotations": null,
                "generate_name": "",
                "generation": 0,
                "labels": null,
                "name": "gateway-proxy",
                "namespace": "sentinel-gateway",
                "resource_version": "37818",
                "uid": "439848f6-555c-4199-a5b3-406d4244e5ce"
              }
            ],
            "spec": [
              {
                "allocate_load_balancer_node_ports": true,
                "cluster_ip": "172.20.153.156",
                "cluster_ips": [
                  "172.20.153.156"
                ],
                "external_ips": null,
                "external_name": "",
                "external_traffic_policy": "",
                "health_check_node_port": 0,
                "internal_traffic_policy": "Cluster",
                "ip_families": [
                  "IPv4"
                ],
                "ip_family_policy": "SingleStack",
                "load_balancer_class": "",
                "load_balancer_ip": "",
                "load_balancer_source_ranges": null,
                "port": [
                  {
                    "app_protocol": "",
                    "name": "",
                    "node_port": 0,
                    "port": 80,
                    "protocol": "TCP",
                    "target_port": "80"
                  }
                ],
                "publish_not_ready_addresses": false,
                "selector": {
                  "app": "gateway-proxy"
                },
                "session_affinity": "None",
                "session_affinity_config": [],
                "type": "ClusterIP"
              }
            ],
            "status": [
              {
                "load_balancer": [
                  {
                    "ingress": []
                  }
                ]
              }
            ],
            "timeouts": null,
            "wait_for_load_balancer": true
          },
          "sensitive_attributes": [],
          "identity_schema_version": 1,
          "identity": {
            "api_version": "v1",
            "kind": "Service",
            "name": "gateway-proxy",
            "namespace": "sentinel-gateway"
          },
          "private": "eyJlMmJmYjczMC1lY2FhLTExZTYtOGY4OC0zNDM2M2JjN2M0YzAiOnsiY3JlYXRlIjo2MDAwMDAwMDAwMDB9LCJzY2hlbWFfdmVyc2lvbiI6IjEifQ==",
          "dependencies": [
            "data.aws_eks_cluster_auth.gateway",
            "module.eks_gateway.aws_eks_addon.coredns",
            "module.eks_gateway.aws_eks_addon.kube_proxy",
            "module.eks_gateway.aws_eks_addon.vpc_cni",
            "module.eks_gateway.aws_eks_cluster.this",
            "module.eks_gateway.aws_eks_node_group.default",
            "module.eks_gateway.aws_iam_openid_connect_provider.this",
            "module.eks_gateway.aws_iam_role.cluster",
            "module.eks_gateway.aws_iam_role.node",
            "module.eks_gateway.aws_iam_role_policy_attachment.cluster_AmazonEKSClusterPolicy",
            "module.eks_gateway.aws_iam_role_policy_attachment.cluster_AmazonEKSVPCResourceController",
            "module.eks_gateway.aws_iam_role_policy_attachment.node_AmazonEC2ContainerRegistryReadOnly",
            "module.eks_gateway.aws_iam_role_policy_attachment.node_AmazonEKSWorkerNodePolicy",
            "module.eks_gateway.aws_iam_role_policy_attachment.node_AmazonEKS_CNI_Policy",
            "module.eks_gateway.aws_iam_role_policy_attachment.node_AmazonSSMManagedInstanceCore",
            "module.eks_gateway.data.aws_caller_identity.current",
            "module.eks_gateway.data.aws_partition.current",
            "module.eks_gateway.data.aws_region.current",
            "module.eks_gateway.data.tls_certificate.oidc_cert",
            "module.vpc_gateway.aws_subnet.private",
            "module.vpc_gateway.aws_vpc.this",
            "module.vpc_gateway.data.aws_availability_zones.this"
          ]
        }
      ]
    },
    {
      "module": "module.peering",
      "mode": "managed",
      "type": "aws_route",
      "name": "acc_to_req",
      "provider": "provider[\"registry.terraform.io/hashicorp/aws\"]",
      "instances": [
        {
          "index_key": 0,
          "schema_version": 0,
          "attributes": {
            "carrier_gateway_id": "",
            "core_network_arn": "",
            "destination_cidr_block": "10.10.0.0/16",
            "destination_ipv6_cidr_block": "",
            "destination_prefix_list_id": "",
            "egress_only_gateway_id": "",
            "gateway_id": "",
            "id": "r-rtb-0efd789ff030f250f519371977",
            "instance_id": "",
            "instance_owner_id": "",
            "local_gateway_id": "",
            "nat_gateway_id": "",
            "network_interface_id": "",
            "origin": "CreateRoute",
            "region": "eu-west-2",
            "route_table_id": "rtb-0efd789ff030f250f",
            "state": "active",
            "timeouts": null,
            "transit_gateway_id": "",
            "vpc_endpoint_id": "",
            "vpc_peering_connection_id": "pcx-0f5f6dee4052e7a58"
          },
          "sensitive_attributes": [],
          "identity_schema_version": 0,
          "identity": {
            "account_id": "928470004462",
            "destination_cidr_block": "10.10.0.0/16",
            "destination_ipv6_cidr_block": null,
            "destination_prefix_list_id": null,
            "region": "eu-west-2",
            "route_table_id": "rtb-0efd789ff030f250f"
          },
          "private": "eyJlMmJmYjczMC1lY2FhLTExZTYtOGY4OC0zNDM2M2JjN2M0YzAiOnsiY3JlYXRlIjozMDAwMDAwMDAwMDAsImRlbGV0ZSI6MzAwMDAwMDAwMDAwLCJ1cGRhdGUiOjEyMDAwMDAwMDAwMH19",
          "dependencies": [
            "module.peering.aws_vpc_peering_connection.this",
            "module.vpc_backend.aws_route_table.private",
            "module.vpc_backend.aws_subnet.private",
            "module.vpc_backend.aws_vpc.this",
            "module.vpc_backend.data.aws_availability_zones.this",
            "module.vpc_gateway.aws_vpc.this"
          ]
        },
        {
          "index_key": 1,
          "schema_version": 0,
          "attributes": {
            "carrier_gateway_id": "",
            "core_network_arn": "",
            "destination_cidr_block": "10.10.0.0/16",
            "destination_ipv6_cidr_block": "",
            "destination_prefix_list_id": "",
            "egress_only_gateway_id": "",
            "gateway_id": "",
            "id": "r-rtb-0a9d96bdb60fcf86a519371977",
            "instance_id": "",
            "instance_owner_id": "",
            "local_gateway_id": "",
            "nat_gateway_id": "",
            "network_interface_id": "",
            "origin": "CreateRoute",
            "region": "eu-west-2",
            "route_table_id": "rtb-0a9d96bdb60fcf86a",
            "state": "active",
            "timeouts": null,
            "transit_gateway_id": "",
            "vpc_endpoint_id": "",
            "vpc_peering_connection_id": "pcx-0f5f6dee4052e7a58"
          },
          "sensitive_attributes": [],
          "identity_schema_version": 0,
          "identity": {
            "account_id": "928470004462",
            "destination_cidr_block": "10.10.0.0/16",
            "destination_ipv6_cidr_block": null,
            "destination_prefix_list_id": null,
            "region": "eu-west-2",
            "route_table_id": "rtb-0a9d96bdb60fcf86a"
          },
          "private": "eyJlMmJmYjczMC1lY2FhLTExZTYtOGY4OC0zNDM2M2JjN2M0YzAiOnsiY3JlYXRlIjozMDAwMDAwMDAwMDAsImRlbGV0ZSI6MzAwMDAwMDAwMDAwLCJ1cGRhdGUiOjEyMDAwMDAwMDAwMH19",
          "dependencies": [
            "module.peering.aws_vpc_peering_connection.this",
            "module.vpc_backend.aws_route_table.private",
            "module.vpc_backend.aws_subnet.private",
            "module.vpc_backend.aws_vpc.this",
            "module.vpc_backend.data.aws_availability_zones.this",
            "module.vpc_gateway.aws_vpc.this"
          ]
        }
      ]
    },
    {
      "module": "module.peering",
      "mode": "managed",
      "type": "aws_route",
      "name": "req_to_acc",
      "provider": "provider[\"registry.terraform.io/hashicorp/aws\"]",
      "instances": [
        {
          "index_key": 0,
          "schema_version": 0,
          "attributes": {
            "carrier_gateway_id": "",
            "core_network_arn": "",
            "destination_cidr_block": "10.20.0.0/16",
            "destination_ipv6_cidr_block": "",
            "destination_prefix_list_id": "",
            "egress_only_gateway_id": "",
            "gateway_id": "",
            "id": "r-rtb-017ebf3cb78610c78662290444",
            "instance_id": "",
            "instance_owner_id": "",
            "local_gateway_id": "",
            "nat_gateway_id": "",
            "network_interface_id": "",
            "origin": "CreateRoute",
            "region": "eu-west-2",
            "route_table_id": "rtb-017ebf3cb78610c78",
            "state": "active",
            "timeouts": null,
            "transit_gateway_id": "",
            "vpc_endpoint_id": "",
            "vpc_peering_connection_id": "pcx-0f5f6dee4052e7a58"
          },
          "sensitive_attributes": [],
          "identity_schema_version": 0,
          "identity": {
            "account_id": "928470004462",
            "destination_cidr_block": "10.20.0.0/16",
            "destination_ipv6_cidr_block": null,
            "destination_prefix_list_id": null,
            "region": "eu-west-2",
            "route_table_id": "rtb-017ebf3cb78610c78"
          },
          "private": "eyJlMmJmYjczMC1lY2FhLTExZTYtOGY4OC0zNDM2M2JjN2M0YzAiOnsiY3JlYXRlIjozMDAwMDAwMDAwMDAsImRlbGV0ZSI6MzAwMDAwMDAwMDAwLCJ1cGRhdGUiOjEyMDAwMDAwMDAwMH19",
          "dependencies": [
            "module.peering.aws_vpc_peering_connection.this",
            "module.vpc_backend.aws_vpc.this",
            "module.vpc_gateway.aws_route_table.private",
            "module.vpc_gateway.aws_subnet.private",
            "module.vpc_gateway.aws_vpc.this",
            "module.vpc_gateway.data.aws_availability_zones.this"
          ]
        },
        {
          "index_key": 1,
          "schema_version": 0,
          "attributes": {
            "carrier_gateway_id": "",
            "core_network_arn": "",
            "destination_cidr_block": "10.20.0.0/16",
            "destination_ipv6_cidr_block": "",
            "destination_prefix_list_id": "",
            "egress_only_gateway_id": "",
            "gateway_id": "",
            "id": "r-rtb-02bff00d79d5e3600662290444",
            "instance_id": "",
            "instance_owner_id": "",
            "local_gateway_id": "",
            "nat_gateway_id": "",
            "network_interface_id": "",
            "origin": "CreateRoute",
            "region": "eu-west-2",
            "route_table_id": "rtb-02bff00d79d5e3600",
            "state": "active",
            "timeouts": null,
            "transit_gateway_id": "",
            "vpc_endpoint_id": "",
            "vpc_peering_connection_id": "pcx-0f5f6dee4052e7a58"
          },
          "sensitive_attributes": [],
          "identity_schema_version": 0,
          "identity": {
            "account_id": "928470004462",
            "destination_cidr_block": "10.20.0.0/16",
            "destination_ipv6_cidr_block": null,
            "destination_prefix_list_id": null,
            "region": "eu-west-2",
            "route_table_id": "rtb-02bff00d79d5e3600"
          },
          "private": "eyJlMmJmYjczMC1lY2FhLTExZTYtOGY4OC0zNDM2M2JjN2M0YzAiOnsiY3JlYXRlIjozMDAwMDAwMDAwMDAsImRlbGV0ZSI6MzAwMDAwMDAwMDAwLCJ1cGRhdGUiOjEyMDAwMDAwMDAwMH19",
          "dependencies": [
            "module.peering.aws_vpc_peering_connection.this",
            "module.vpc_backend.aws_vpc.this",
            "module.vpc_gateway.aws_route_table.private",
            "module.vpc_gateway.aws_subnet.private",
            "module.vpc_gateway.aws_vpc.this",
            "module.vpc_gateway.data.aws_availability_zones.this"
          ]
        }
      ]
    },
    {
      "module": "module.peering",
      "mode": "managed",
      "type": "aws_vpc_peering_connection",
      "name": "this",
      "provider": "provider[\"registry.terraform.io/hashicorp/aws\"]",
      "instances": [
        {
          "schema_version": 0,
          "attributes": {
            "accept_status": "active",
            "accepter": [
              {
                "allow_remote_vpc_dns_resolution": false
              }
            ],
            "auto_accept": true,
            "id": "pcx-0f5f6dee4052e7a58",
            "peer_owner_id": "928470004462",
            "peer_region": "eu-west-2",
            "peer_vpc_id": "vpc-01ffcf523ffd05af6",
            "region": "eu-west-2",
            "requester": [
              {
                "allow_remote_vpc_dns_resolution": false
              }
            ],
            "tags": {
              "Name": "sentinel-gw-backend",
              "Owner": "Platform",
              "Project": "Sentinel"
            },
            "tags_all": {
              "Name": "sentinel-gw-backend",
              "Owner": "Platform",
              "Project": "Sentinel"
            },
            "timeouts": null,
            "vpc_id": "vpc-09d2218133f865a44"
          },
          "sensitive_attributes": [],
          "identity_schema_version": 0,
          "private": "eyJlMmJmYjczMC1lY2FhLTExZTYtOGY4OC0zNDM2M2JjN2M0YzAiOnsiY3JlYXRlIjo2MDAwMDAwMDAwMCwiZGVsZXRlIjo2MDAwMDAwMDAwMCwidXBkYXRlIjo2MDAwMDAwMDAwMH19",
          "dependencies": [
            "module.vpc_backend.aws_vpc.this",
            "module.vpc_gateway.aws_vpc.this"
          ]
        }
      ]
    },
    {
      "module": "module.vpc_backend",
      "mode": "data",
      "type": "aws_availability_zones",
      "name": "this",
      "provider": "provider[\"registry.terraform.io/hashicorp/aws\"]",
      "instances": [
        {
          "schema_version": 0,
          "attributes": {
            "all_availability_zones": null,
            "exclude_names": null,
            "exclude_zone_ids": null,
            "filter": null,
            "group_names": [
              "eu-west-2-zg-1"
            ],
            "id": "eu-west-2",
            "names": [
              "eu-west-2a",
              "eu-west-2b",
              "eu-west-2c"
            ],
            "region": "eu-west-2",
            "state": "available",
            "timeouts": null,
            "zone_ids": [
              "euw2-az2",
              "euw2-az3",
              "euw2-az1"
            ]
          },
          "sensitive_attributes": [],
          "identity_schema_version": 0
        }
      ]
    },
    {
      "module": "module.vpc_backend",
      "mode": "data",
      "type": "aws_region",
      "name": "current",
      "provider": "provider[\"registry.terraform.io/hashicorp/aws\"]",
      "instances": [
        {
          "schema_version": 0,
          "attributes": {
            "description": "Europe (London)",
            "endpoint": "ec2.eu-west-2.amazonaws.com",
            "id": "eu-west-2",
            "name": "eu-west-2",
            "region": "eu-west-2"
          },
          "sensitive_attributes": [],
          "identity_schema_version": 0
        }
      ]
    },
    {
      "module": "module.vpc_backend",
      "mode": "managed",
      "type": "aws_eip",
      "name": "nat",
      "provider": "provider[\"registry.terraform.io/hashicorp/aws\"]",
      "instances": [
        {
          "index_key": "0",
          "schema_version": 0,
          "attributes": {
            "address": null,
            "allocation_id": "eipalloc-00b893452505743a1",
            "arn": "arn:aws:ec2:eu-west-2:928470004462:elastic-ip/eipalloc-00b893452505743a1",
            "associate_with_private_ip": null,
            "association_id": "",
            "carrier_ip": "",
            "customer_owned_ip": "",
            "customer_owned_ipv4_pool": "",
            "domain": "vpc",
            "id": "eipalloc-00b893452505743a1",
            "instance": "",
            "ipam_pool_id": null,
            "network_border_group": "eu-west-2",
            "network_interface": "",
            "private_dns": null,
            "private_ip": "",
            "ptr_record": "",
            "public_dns": "ec2-3-8-109-109.eu-west-2.compute.amazonaws.com",
            "public_ip": "3.8.109.109",
            "public_ipv4_pool": "amazon",
            "region": "eu-west-2",
            "tags": {
              "Name": "sentinel-backend-nat-eip-0",
              "Owner": "Platform",
              "Project": "Sentinel"
            },
            "tags_all": {
              "Name": "sentinel-backend-nat-eip-0",
              "Owner": "Platform",
              "Project": "Sentinel"
            },
            "timeouts": null
          },
          "sensitive_attributes": [],
          "identity_schema_version": 0,
          "private": "eyJlMmJmYjczMC1lY2FhLTExZTYtOGY4OC0zNDM2M2JjN2M0YzAiOnsiZGVsZXRlIjoxODAwMDAwMDAwMDAsInJlYWQiOjkwMDAwMDAwMDAwMCwidXBkYXRlIjozMDAwMDAwMDAwMDB9fQ==",
          "dependencies": [
            "module.vpc_backend.aws_subnet.public",
            "module.vpc_backend.aws_vpc.this",
            "module.vpc_backend.data.aws_availability_zones.this"
          ]
        },
        {
          "index_key": "1",
          "schema_version": 0,
          "attributes": {
            "address": null,
            "allocation_id": "eipalloc-01011f86af6a4559b",
            "arn": "arn:aws:ec2:eu-west-2:928470004462:elastic-ip/eipalloc-01011f86af6a4559b",
            "associate_with_private_ip": null,
            "association_id": "",
            "carrier_ip": "",
            "customer_owned_ip": "",
            "customer_owned_ipv4_pool": "",
            "domain": "vpc",
            "id": "eipalloc-01011f86af6a4559b",
            "instance": "",
            "ipam_pool_id": null,
            "network_border_group": "eu-west-2",
            "network_interface": "",
            "private_dns": null,
            "private_ip": "",
            "ptr_record": "",
            "public_dns": "ec2-18-168-173-195.eu-west-2.compute.amazonaws.com",
            "public_ip": "18.168.173.195",
            "public_ipv4_pool": "amazon",
            "region": "eu-west-2",
            "tags": {
              "Name": "sentinel-backend-nat-eip-1",
              "Owner": "Platform",
              "Project": "Sentinel"
            },
            "tags_all": {
              "Name": "sentinel-backend-nat-eip-1",
              "Owner": "Platform",
              "Project": "Sentinel"
            },
            "timeouts": null
          },
          "sensitive_attributes": [],
          "identity_schema_version": 0,
          "private": "eyJlMmJmYjczMC1lY2FhLTExZTYtOGY4OC0zNDM2M2JjN2M0YzAiOnsiZGVsZXRlIjoxODAwMDAwMDAwMDAsInJlYWQiOjkwMDAwMDAwMDAwMCwidXBkYXRlIjozMDAwMDAwMDAwMDB9fQ==",
          "dependencies": [
            "module.vpc_backend.aws_subnet.public",
            "module.vpc_backend.aws_vpc.this",
            "module.vpc_backend.data.aws_availability_zones.this"
          ]
        }
      ]
    },
    {
      "module": "module.vpc_backend",
      "mode": "managed",
      "type": "aws_internet_gateway",
      "name": "igw",
      "provider": "provider[\"registry.terraform.io/hashicorp/aws\"]",
      "instances": [
        {
          "schema_version": 0,
          "attributes": {
            "arn": "arn:aws:ec2:eu-west-2:928470004462:internet-gateway/igw-01b5ac0d102afeb79",
            "id": "igw-01b5ac0d102afeb79",
            "owner_id": "928470004462",
            "region": "eu-west-2",
            "tags": {
              "Name": "sentinel-backend-igw",
              "Owner": "Platform",
              "Project": "Sentinel"
            },
            "tags_all": {
              "Name": "sentinel-backend-igw",
              "Owner": "Platform",
              "Project": "Sentinel"
            },
            "timeouts": null,
            "vpc_id": "vpc-01ffcf523ffd05af6"
          },
          "sensitive_attributes": [],
          "identity_schema_version": 0,
          "private": "eyJlMmJmYjczMC1lY2FhLTExZTYtOGY4OC0zNDM2M2JjN2M0YzAiOnsiY3JlYXRlIjoxMjAwMDAwMDAwMDAwLCJkZWxldGUiOjEyMDAwMDAwMDAwMDAsInVwZGF0ZSI6MTIwMDAwMDAwMDAwMH19",
          "dependencies": [
            "module.vpc_backend.aws_vpc.this"
          ]
        }
      ]
    },
    {
      "module": "module.vpc_backend",
      "mode": "managed",
      "type": "aws_nat_gateway",
      "name": "nat",
      "provider": "provider[\"registry.terraform.io/hashicorp/aws\"]",
      "instances": [
        {
          "index_key": "0",
          "schema_version": 0,
          "attributes": {
            "allocation_id": "eipalloc-00b893452505743a1",
            "association_id": "eipassoc-090037d457a8cb878",
            "connectivity_type": "public",
            "id": "nat-06c7e970848e76e19",
            "network_interface_id": "eni-085b0e07fd9ad6822",
            "private_ip": "10.20.101.214",
            "public_ip": "3.8.109.109",
            "region": "eu-west-2",
            "secondary_allocation_ids": [],
            "secondary_private_ip_address_count": 0,
            "secondary_private_ip_addresses": [],
            "subnet_id": "subnet-002ef088c343e96eb",
            "tags": {
              "Name": "sentinel-backend-nat-0",
              "Owner": "Platform",
              "Project": "Sentinel"
            },
            "tags_all": {
              "Name": "sentinel-backend-nat-0",
              "Owner": "Platform",
              "Project": "Sentinel"
            },
            "timeouts": null
          },
          "sensitive_attributes": [],
          "identity_schema_version": 0,
          "private": "eyJlMmJmYjczMC1lY2FhLTExZTYtOGY4OC0zNDM2M2JjN2M0YzAiOnsiY3JlYXRlIjo2MDAwMDAwMDAwMDAsImRlbGV0ZSI6MTgwMDAwMDAwMDAwMCwidXBkYXRlIjo2MDAwMDAwMDAwMDB9fQ==",
          "dependencies": [
            "module.vpc_backend.aws_eip.nat",
            "module.vpc_backend.aws_internet_gateway.igw",
            "module.vpc_backend.aws_subnet.public",
            "module.vpc_backend.aws_vpc.this",
            "module.vpc_backend.data.aws_availability_zones.this"
          ]
        },
        {
          "index_key": "1",
          "schema_version": 0,
          "attributes": {
            "allocation_id": "eipalloc-01011f86af6a4559b",
            "association_id": "eipassoc-0f1c435b6cccd5874",
            "connectivity_type": "public",
            "id": "nat-0071b50a74a1a78e5",
            "network_interface_id": "eni-08aa316e7f71db6b8",
            "private_ip": "10.20.102.143",
            "public_ip": "18.168.173.195",
            "region": "eu-west-2",
            "secondary_allocation_ids": [],
            "secondary_private_ip_address_count": 0,
            "secondary_private_ip_addresses": [],
            "subnet_id": "subnet-0919b75b8e84a8c3e",
            "tags": {
              "Name": "sentinel-backend-nat-1",
              "Owner": "Platform",
              "Project": "Sentinel"
            },
            "tags_all": {
              "Name": "sentinel-backend-nat-1",
              "Owner": "Platform",
              "Project": "Sentinel"
            },
            "timeouts": null
          },
          "sensitive_attributes": [],
          "identity_schema_version": 0,
          "private": "eyJlMmJmYjczMC1lY2FhLTExZTYtOGY4OC0zNDM2M2JjN2M0YzAiOnsiY3JlYXRlIjo2MDAwMDAwMDAwMDAsImRlbGV0ZSI6MTgwMDAwMDAwMDAwMCwidXBkYXRlIjo2MDAwMDAwMDAwMDB9fQ==",
          "dependencies": [
            "module.vpc_backend.aws_eip.nat",
            "module.vpc_backend.aws_internet_gateway.igw",
            "module.vpc_backend.aws_subnet.public",
            "module.vpc_backend.aws_vpc.this",
            "module.vpc_backend.data.aws_availability_zones.this"
          ]
        }
      ]
    },
    {
      "module": "module.vpc_backend",
      "mode": "managed",
      "type": "aws_route",
      "name": "private_nat",
      "provider": "provider[\"registry.terraform.io/hashicorp/aws\"]",
      "instances": [
        {
          "index_key": "0",
          "schema_version": 0,
          "attributes": {
            "carrier_gateway_id": "",
            "core_network_arn": "",
            "destination_cidr_block": "0.0.0.0/0",
            "destination_ipv6_cidr_block": "",
            "destination_prefix_list_id": "",
            "egress_only_gateway_id": "",
            "gateway_id": "",
            "id": "r-rtb-0efd789ff030f250f1080289494",
            "instance_id": "",
            "instance_owner_id": "",
            "local_gateway_id": "",
            "nat_gateway_id": "nat-06c7e970848e76e19",
            "network_interface_id": "",
            "origin": "CreateRoute",
            "region": "eu-west-2",
            "route_table_id": "rtb-0efd789ff030f250f",
            "state": "active",
            "timeouts": null,
            "transit_gateway_id": "",
            "vpc_endpoint_id": "",
            "vpc_peering_connection_id": ""
          },
          "sensitive_attributes": [],
          "identity_schema_version": 0,
          "identity": {
            "account_id": "928470004462",
            "destination_cidr_block": "0.0.0.0/0",
            "destination_ipv6_cidr_block": null,
            "destination_prefix_list_id": null,
            "region": "eu-west-2",
            "route_table_id": "rtb-0efd789ff030f250f"
          },
          "private": "eyJlMmJmYjczMC1lY2FhLTExZTYtOGY4OC0zNDM2M2JjN2M0YzAiOnsiY3JlYXRlIjozMDAwMDAwMDAwMDAsImRlbGV0ZSI6MzAwMDAwMDAwMDAwLCJ1cGRhdGUiOjEyMDAwMDAwMDAwMH19",
          "dependencies": [
            "module.vpc_backend.aws_eip.nat",
            "module.vpc_backend.aws_internet_gateway.igw",
            "module.vpc_backend.aws_nat_gateway.nat",
            "module.vpc_backend.aws_route_table.private",
            "module.vpc_backend.aws_subnet.private",
            "module.vpc_backend.aws_subnet.public",
            "module.vpc_backend.aws_vpc.this",
            "module.vpc_backend.data.aws_availability_zones.this"
          ]
        },
        {
          "index_key": "1",
          "schema_version": 0,
          "attributes": {
            "carrier_gateway_id": "",
            "core_network_arn": "",
            "destination_cidr_block": "0.0.0.0/0",
            "destination_ipv6_cidr_block": "",
            "destination_prefix_list_id": "",
            "egress_only_gateway_id": "",
            "gateway_id": "",
            "id": "r-rtb-0a9d96bdb60fcf86a1080289494",
            "instance_id": "",
            "instance_owner_id": "",
            "local_gateway_id": "",
            "nat_gateway_id": "nat-0071b50a74a1a78e5",
            "network_interface_id": "",
            "origin": "CreateRoute",
            "region": "eu-west-2",
            "route_table_id": "rtb-0a9d96bdb60fcf86a",
            "state": "active",
            "timeouts": null,
            "transit_gateway_id": "",
            "vpc_endpoint_id": "",
            "vpc_peering_connection_id": ""
          },
          "sensitive_attributes": [],
          "identity_schema_version": 0,
          "identity": {
            "account_id": "928470004462",
            "destination_cidr_block": "0.0.0.0/0",
            "destination_ipv6_cidr_block": null,
            "destination_prefix_list_id": null,
            "region": "eu-west-2",
            "route_table_id": "rtb-0a9d96bdb60fcf86a"
          },
          "private": "eyJlMmJmYjczMC1lY2FhLTExZTYtOGY4OC0zNDM2M2JjN2M0YzAiOnsiY3JlYXRlIjozMDAwMDAwMDAwMDAsImRlbGV0ZSI6MzAwMDAwMDAwMDAwLCJ1cGRhdGUiOjEyMDAwMDAwMDAwMH19",
          "dependencies": [
            "module.vpc_backend.aws_eip.nat",
            "module.vpc_backend.aws_internet_gateway.igw",
            "module.vpc_backend.aws_nat_gateway.nat",
            "module.vpc_backend.aws_route_table.private",
            "module.vpc_backend.aws_subnet.private",
            "module.vpc_backend.aws_subnet.public",
            "module.vpc_backend.aws_vpc.this",
            "module.vpc_backend.data.aws_availability_zones.this"
          ]
        }
      ]
    },
    {
      "module": "module.vpc_backend",
      "mode": "managed",
      "type": "aws_route",
      "name": "public_internet",
      "provider": "provider[\"registry.terraform.io/hashicorp/aws\"]",
      "instances": [
        {
          "schema_version": 0,
          "attributes": {
            "carrier_gateway_id": "",
            "core_network_arn": "",
            "destination_cidr_block": "0.0.0.0/0",
            "destination_ipv6_cidr_block": "",
            "destination_prefix_list_id": "",
            "egress_only_gateway_id": "",
            "gateway_id": "igw-01b5ac0d102afeb79",
            "id": "r-rtb-0d59357cc1d3986751080289494",
            "instance_id": "",
            "instance_owner_id": "",
            "local_gateway_id": "",
            "nat_gateway_id": "",
            "network_interface_id": "",
            "origin": "CreateRoute",
            "region": "eu-west-2",
            "route_table_id": "rtb-0d59357cc1d398675",
            "state": "active",
            "timeouts": null,
            "transit_gateway_id": "",
            "vpc_endpoint_id": "",
            "vpc_peering_connection_id": ""
          },
          "sensitive_attributes": [],
          "identity_schema_version": 0,
          "identity": {
            "account_id": "928470004462",
            "destination_cidr_block": "0.0.0.0/0",
            "destination_ipv6_cidr_block": null,
            "destination_prefix_list_id": null,
            "region": "eu-west-2",
            "route_table_id": "rtb-0d59357cc1d398675"
          },
          "private": "eyJlMmJmYjczMC1lY2FhLTExZTYtOGY4OC0zNDM2M2JjN2M0YzAiOnsiY3JlYXRlIjozMDAwMDAwMDAwMDAsImRlbGV0ZSI6MzAwMDAwMDAwMDAwLCJ1cGRhdGUiOjEyMDAwMDAwMDAwMH19",
          "dependencies": [
            "module.vpc_backend.aws_internet_gateway.igw",
            "module.vpc_backend.aws_route_table.public",
            "module.vpc_backend.aws_vpc.this"
          ]
        }
      ]
    },
    {
      "module": "module.vpc_backend",
      "mode": "managed",
      "type": "aws_route_table",
      "name": "private",
      "provider": "provider[\"registry.terraform.io/hashicorp/aws\"]",
      "instances": [
        {
          "index_key": "0",
          "schema_version": 0,
          "attributes": {
            "arn": "arn:aws:ec2:eu-west-2:928470004462:route-table/rtb-0efd789ff030f250f",
            "id": "rtb-0efd789ff030f250f",
            "owner_id": "928470004462",
            "propagating_vgws": [],
            "region": "eu-west-2",
            "route": [],
            "tags": {
              "Name": "sentinel-backend-private-0",
              "Owner": "Platform",
              "Project": "Sentinel"
            },
            "tags_all": {
              "Name": "sentinel-backend-private-0",
              "Owner": "Platform",
              "Project": "Sentinel"
            },
            "timeouts": null,
            "vpc_id": "vpc-01ffcf523ffd05af6"
          },
          "sensitive_attributes": [],
          "identity_schema_version": 0,
          "identity": {
            "account_id": "928470004462",
            "id": "rtb-0efd789ff030f250f",
            "region": "eu-west-2"
          },
          "private": "eyJlMmJmYjczMC1lY2FhLTExZTYtOGY4OC0zNDM2M2JjN2M0YzAiOnsiY3JlYXRlIjozMDAwMDAwMDAwMDAsImRlbGV0ZSI6MzAwMDAwMDAwMDAwLCJ1cGRhdGUiOjEyMDAwMDAwMDAwMH19",
          "dependencies": [
            "module.vpc_backend.aws_subnet.private",
            "module.vpc_backend.aws_vpc.this",
            "module.vpc_backend.data.aws_availability_zones.this"
          ]
        },
        {
          "index_key": "1",
          "schema_version": 0,
          "attributes": {
            "arn": "arn:aws:ec2:eu-west-2:928470004462:route-table/rtb-0a9d96bdb60fcf86a",
            "id": "rtb-0a9d96bdb60fcf86a",
            "owner_id": "928470004462",
            "propagating_vgws": [],
            "region": "eu-west-2",
            "route": [],
            "tags": {
              "Name": "sentinel-backend-private-1",
              "Owner": "Platform",
              "Project": "Sentinel"
            },
            "tags_all": {
              "Name": "sentinel-backend-private-1",
              "Owner": "Platform",
              "Project": "Sentinel"
            },
            "timeouts": null,
            "vpc_id": "vpc-01ffcf523ffd05af6"
          },
          "sensitive_attributes": [],
          "identity_schema_version": 0,
          "identity": {
            "account_id": "928470004462",
            "id": "rtb-0a9d96bdb60fcf86a",
            "region": "eu-west-2"
          },
          "private": "eyJlMmJmYjczMC1lY2FhLTExZTYtOGY4OC0zNDM2M2JjN2M0YzAiOnsiY3JlYXRlIjozMDAwMDAwMDAwMDAsImRlbGV0ZSI6MzAwMDAwMDAwMDAwLCJ1cGRhdGUiOjEyMDAwMDAwMDAwMH19",
          "dependencies": [
            "module.vpc_backend.aws_subnet.private",
            "module.vpc_backend.aws_vpc.this",
            "module.vpc_backend.data.aws_availability_zones.this"
          ]
        }
      ]
    },
    {
      "module": "module.vpc_backend",
      "mode": "managed",
      "type": "aws_route_table",
      "name": "public",
      "provider": "provider[\"registry.terraform.io/hashicorp/aws\"]",
      "instances": [
        {
          "schema_version": 0,
          "attributes": {
            "arn": "arn:aws:ec2:eu-west-2:928470004462:route-table/rtb-0d59357cc1d398675",
            "id": "rtb-0d59357cc1d398675",
            "owner_id": "928470004462",
            "propagating_vgws": [],
            "region": "eu-west-2",
            "route": [],
            "tags": {
              "Name": "sentinel-backend-public",
              "Owner": "Platform",
              "Project": "Sentinel"
            },
            "tags_all": {
              "Name": "sentinel-backend-public",
              "Owner": "Platform",
              "Project": "Sentinel"
            },
            "timeouts": null,
            "vpc_id": "vpc-01ffcf523ffd05af6"
          },
          "sensitive_attributes": [],
          "identity_schema_version": 0,
          "identity": {
            "account_id": "928470004462",
            "id": "rtb-0d59357cc1d398675",
            "region": "eu-west-2"
          },
          "private": "eyJlMmJmYjczMC1lY2FhLTExZTYtOGY4OC0zNDM2M2JjN2M0YzAiOnsiY3JlYXRlIjozMDAwMDAwMDAwMDAsImRlbGV0ZSI6MzAwMDAwMDAwMDAwLCJ1cGRhdGUiOjEyMDAwMDAwMDAwMH19",
          "dependencies": [
            "module.vpc_backend.aws_vpc.this"
          ]
        }
      ]
    },
    {
      "module": "module.vpc_backend",
      "mode": "managed",
      "type": "aws_route_table_association",
      "name": "private",
      "provider": "provider[\"registry.terraform.io/hashicorp/aws\"]",
      "instances": [
        {
          "index_key": "0",
          "schema_version": 0,
          "attributes": {
            "gateway_id": "",
            "id": "rtbassoc-04114a6e0e902aeba",
            "region": "eu-west-2",
            "route_table_id": "rtb-0efd789ff030f250f",
            "subnet_id": "subnet-0fab4a404bba0f5d1",
            "timeouts": null
          },
          "sensitive_attributes": [],
          "identity_schema_version": 0,
          "private": "eyJlMmJmYjczMC1lY2FhLTExZTYtOGY4OC0zNDM2M2JjN2M0YzAiOnsiY3JlYXRlIjozMDAwMDAwMDAwMDAsImRlbGV0ZSI6MzAwMDAwMDAwMDAwLCJ1cGRhdGUiOjEyMDAwMDAwMDAwMH19",
          "dependencies": [
            "module.vpc_backend.aws_route_table.private",
            "module.vpc_backend.aws_subnet.private",
            "module.vpc_backend.aws_vpc.this",
            "module.vpc_backend.data.aws_availability_zones.this"
          ]
        },
        {
          "index_key": "1",
          "schema_version": 0,
          "attributes": {
            "gateway_id": "",
            "id": "rtbassoc-0efce86472d7948f7",
            "region": "eu-west-2",
            "route_table_id": "rtb-0a9d96bdb60fcf86a",
            "subnet_id": "subnet-04e24c36c331cb753",
            "timeouts": null
          },
          "sensitive_attributes": [],
          "identity_schema_version": 0,
          "private": "eyJlMmJmYjczMC1lY2FhLTExZTYtOGY4OC0zNDM2M2JjN2M0YzAiOnsiY3JlYXRlIjozMDAwMDAwMDAwMDAsImRlbGV0ZSI6MzAwMDAwMDAwMDAwLCJ1cGRhdGUiOjEyMDAwMDAwMDAwMH19",
          "dependencies": [
            "module.vpc_backend.aws_route_table.private",
            "module.vpc_backend.aws_subnet.private",
            "module.vpc_backend.aws_vpc.this",
            "module.vpc_backend.data.aws_availability_zones.this"
          ]
        }
      ]
    },
    {
      "module": "module.vpc_backend",
      "mode": "managed",
      "type": "aws_route_table_association",
      "name": "public",
      "provider": "provider[\"registry.terraform.io/hashicorp/aws\"]",
      "instances": [
        {
          "index_key": "0",
          "schema_version": 0,
          "attributes": {
            "gateway_id": "",
            "id": "rtbassoc-0211edae129e34157",
            "region": "eu-west-2",
            "route_table_id": "rtb-0d59357cc1d398675",
            "subnet_id": "subnet-002ef088c343e96eb",
            "timeouts": null
          },
          "sensitive_attributes": [],
          "identity_schema_version": 0,
          "private": "eyJlMmJmYjczMC1lY2FhLTExZTYtOGY4OC0zNDM2M2JjN2M0YzAiOnsiY3JlYXRlIjozMDAwMDAwMDAwMDAsImRlbGV0ZSI6MzAwMDAwMDAwMDAwLCJ1cGRhdGUiOjEyMDAwMDAwMDAwMH19",
          "dependencies": [
            "module.vpc_backend.aws_route_table.public",
            "module.vpc_backend.aws_subnet.public",
            "module.vpc_backend.aws_vpc.this",
            "module.vpc_backend.data.aws_availability_zones.this"
          ]
        },
        {
          "index_key": "1",
          "schema_version": 0,
          "attributes": {
            "gateway_id": "",
            "id": "rtbassoc-0aaf01544cf712a5f",
            "region": "eu-west-2",
            "route_table_id": "rtb-0d59357cc1d398675",
            "subnet_id": "subnet-0919b75b8e84a8c3e",
            "timeouts": null
          },
          "sensitive_attributes": [],
          "identity_schema_version": 0,
          "private": "eyJlMmJmYjczMC1lY2FhLTExZTYtOGY4OC0zNDM2M2JjN2M0YzAiOnsiY3JlYXRlIjozMDAwMDAwMDAwMDAsImRlbGV0ZSI6MzAwMDAwMDAwMDAwLCJ1cGRhdGUiOjEyMDAwMDAwMDAwMH19",
          "dependencies": [
            "module.vpc_backend.aws_route_table.public",
            "module.vpc_backend.aws_subnet.public",
            "module.vpc_backend.aws_vpc.this",
            "module.vpc_backend.data.aws_availability_zones.this"
          ]
        }
      ]
    },
    {
      "module": "module.vpc_backend",
      "mode": "managed",
      "type": "aws_security_group",
      "name": "endpoints",
      "provider": "provider[\"registry.terraform.io/hashicorp/aws\"]",
      "instances": [
        {
          "schema_version": 1,
          "attributes": {
            "arn": "arn:aws:ec2:eu-west-2:928470004462:security-group/sg-0b1646846f4bb162c",
            "description": "Allow VPC internal traffic to interface endpoints",
            "egress": [
              {
                "cidr_blocks": [
                  "0.0.0.0/0"
                ],
                "description": "",
                "from_port": 0,
                "ipv6_cidr_blocks": [],
                "prefix_list_ids": [],
                "protocol": "-1",
                "security_groups": [],
                "self": false,
                "to_port": 0
              }
            ],
            "id": "sg-0b1646846f4bb162c",
            "ingress": [
              {
                "cidr_blocks": [
                  "10.20.0.0/16"
                ],
                "description": "",
                "from_port": 443,
                "ipv6_cidr_blocks": [],
                "prefix_list_ids": [],
                "protocol": "tcp",
                "security_groups": [],
                "self": false,
                "to_port": 443
              }
            ],
            "name": "sentinel-backend-vpce-sg",
            "name_prefix": "",
            "owner_id": "928470004462",
            "region": "eu-west-2",
            "revoke_rules_on_delete": false,
            "tags": {
              "Name": "sentinel-backend-vpce-sg",
              "Owner": "Platform",
              "Project": "Sentinel"
            },
            "tags_all": {
              "Name": "sentinel-backend-vpce-sg",
              "Owner": "Platform",
              "Project": "Sentinel"
            },
            "timeouts": null,
            "vpc_id": "vpc-01ffcf523ffd05af6"
          },
          "sensitive_attributes": [],
          "identity_schema_version": 0,
          "identity": {
            "account_id": "928470004462",
            "id": "sg-0b1646846f4bb162c",
            "region": "eu-west-2"
          },
          "private": "eyJlMmJmYjczMC1lY2FhLTExZTYtOGY4OC0zNDM2M2JjN2M0YzAiOnsiY3JlYXRlIjo2MDAwMDAwMDAwMDAsImRlbGV0ZSI6OTAwMDAwMDAwMDAwfSwic2NoZW1hX3ZlcnNpb24iOiIxIn0=",
          "dependencies": [
            "module.vpc_backend.aws_vpc.this"
          ]
        }
      ]
    },
    {
      "module": "module.vpc_backend",
      "mode": "managed",
      "type": "aws_subnet",
      "name": "private",
      "provider": "provider[\"registry.terraform.io/hashicorp/aws\"]",
      "instances": [
        {
          "index_key": "0",
          "schema_version": 1,
          "attributes": {
            "arn": "arn:aws:ec2:eu-west-2:928470004462:subnet/subnet-0fab4a404bba0f5d1",
            "assign_ipv6_address_on_creation": false,
            "availability_zone": "eu-west-2a",
            "availability_zone_id": "euw2-az2",
            "cidr_block": "10.20.1.0/24",
            "customer_owned_ipv4_pool": "",
            "enable_dns64": false,
            "enable_lni_at_device_index": 0,
            "enable_resource_name_dns_a_record_on_launch": false,
            "enable_resource_name_dns_aaaa_record_on_launch": false,
            "id": "subnet-0fab4a404bba0f5d1",
            "ipv6_cidr_block": "",
            "ipv6_cidr_block_association_id": "",
            "ipv6_native": false,
            "map_customer_owned_ip_on_launch": false,
            "map_public_ip_on_launch": false,
            "outpost_arn": "",
            "owner_id": "928470004462",
            "private_dns_hostname_type_on_launch": "ip-name",
            "region": "eu-west-2",
            "tags": {
              "Name": "sentinel-backend-private-0",
              "Owner": "Platform",
              "Project": "Sentinel",
              "kubernetes.io/cluster/sentinel-eks-backend": "shared",
              "kubernetes.io/role/internal-elb": "1"
            },
            "tags_all": {
              "Name": "sentinel-backend-private-0",
              "Owner": "Platform",
              "Project": "Sentinel",
              "kubernetes.io/cluster/sentinel-eks-backend": "shared",
              "kubernetes.io/role/internal-elb": "1"
            },
            "timeouts": null,
            "vpc_id": "vpc-01ffcf523ffd05af6"
          },
          "sensitive_attributes": [],
          "identity_schema_version": 0,
          "identity": {
            "account_id": "928470004462",
            "id": "subnet-0fab4a404bba0f5d1",
            "region": "eu-west-2"
          },
          "private": "eyJlMmJmYjczMC1lY2FhLTExZTYtOGY4OC0zNDM2M2JjN2M0YzAiOnsiY3JlYXRlIjo2MDAwMDAwMDAwMDAsImRlbGV0ZSI6MTIwMDAwMDAwMDAwMH0sInNjaGVtYV92ZXJzaW9uIjoiMSJ9",
          "dependencies": [
            "module.vpc_backend.aws_vpc.this",
            "module.vpc_backend.data.aws_availability_zones.this"
          ]
        },
        {
          "index_key": "1",
          "schema_version": 1,
          "attributes": {
            "arn": "arn:aws:ec2:eu-west-2:928470004462:subnet/subnet-04e24c36c331cb753",
            "assign_ipv6_address_on_creation": false,
            "availability_zone": "eu-west-2b",
            "availability_zone_id": "euw2-az3",
            "cidr_block": "10.20.2.0/24",
            "customer_owned_ipv4_pool": "",
            "enable_dns64": false,
            "enable_lni_at_device_index": 0,
            "enable_resource_name_dns_a_record_on_launch": false,
            "enable_resource_name_dns_aaaa_record_on_launch": false,
            "id": "subnet-04e24c36c331cb753",
            "ipv6_cidr_block": "",
            "ipv6_cidr_block_association_id": "",
            "ipv6_native": false,
            "map_customer_owned_ip_on_launch": false,
            "map_public_ip_on_launch": false,
            "outpost_arn": "",
            "owner_id": "928470004462",
            "private_dns_hostname_type_on_launch": "ip-name",
            "region": "eu-west-2",
            "tags": {
              "Name": "sentinel-backend-private-1",
              "Owner": "Platform",
              "Project": "Sentinel",
              "kubernetes.io/cluster/sentinel-eks-backend": "shared",
              "kubernetes.io/role/internal-elb": "1"
            },
            "tags_all": {
              "Name": "sentinel-backend-private-1",
              "Owner": "Platform",
              "Project": "Sentinel",
              "kubernetes.io/cluster/sentinel-eks-backend": "shared",
              "kubernetes.io/role/internal-elb": "1"
            },
            "timeouts": null,
            "vpc_id": "vpc-01ffcf523ffd05af6"
          },
          "sensitive_attributes": [],
          "identity_schema_version": 0,
          "identity": {
            "account_id": "928470004462",
            "id": "subnet-04e24c36c331cb753",
            "region": "eu-west-2"
          },
          "private": "eyJlMmJmYjczMC1lY2FhLTExZTYtOGY4OC0zNDM2M2JjN2M0YzAiOnsiY3JlYXRlIjo2MDAwMDAwMDAwMDAsImRlbGV0ZSI6MTIwMDAwMDAwMDAwMH0sInNjaGVtYV92ZXJzaW9uIjoiMSJ9",
          "dependencies": [
            "module.vpc_backend.aws_vpc.this",
            "module.vpc_backend.data.aws_availability_zones.this"
          ]
        }
      ]
    },
    {
      "module": "module.vpc_backend",
      "mode": "managed",
      "type": "aws_subnet",
      "name": "public",
      "provider": "provider[\"registry.terraform.io/hashicorp/aws\"]",
      "instances": [
        {
          "index_key": "0",
          "schema_version": 1,
          "attributes": {
            "arn": "arn:aws:ec2:eu-west-2:928470004462:subnet/subnet-002ef088c343e96eb",
            "assign_ipv6_address_on_creation": false,
            "availability_zone": "eu-west-2a",
            "availability_zone_id": "euw2-az2",
            "cidr_block": "10.20.101.0/24",
            "customer_owned_ipv4_pool": "",
            "enable_dns64": false,
            "enable_lni_at_device_index": 0,
            "enable_resource_name_dns_a_record_on_launch": false,
            "enable_resource_name_dns_aaaa_record_on_launch": false,
            "id": "subnet-002ef088c343e96eb",
            "ipv6_cidr_block": "",
            "ipv6_cidr_block_association_id": "",
            "ipv6_native": false,
            "map_customer_owned_ip_on_launch": false,
            "map_public_ip_on_launch": false,
            "outpost_arn": "",
            "owner_id": "928470004462",
            "private_dns_hostname_type_on_launch": "ip-name",
            "region": "eu-west-2",
            "tags": {
              "Name": "sentinel-backend-public-0",
              "Owner": "Platform",
              "Project": "Sentinel",
              "kubernetes.io/cluster/sentinel-eks-backend": "shared"
            },
            "tags_all": {
              "Name": "sentinel-backend-public-0",
              "Owner": "Platform",
              "Project": "Sentinel",
              "kubernetes.io/cluster/sentinel-eks-backend": "shared"
            },
            "timeouts": null,
            "vpc_id": "vpc-01ffcf523ffd05af6"
          },
          "sensitive_attributes": [],
          "identity_schema_version": 0,
          "identity": {
            "account_id": "928470004462",
            "id": "subnet-002ef088c343e96eb",
            "region": "eu-west-2"
          },
          "private": "eyJlMmJmYjczMC1lY2FhLTExZTYtOGY4OC0zNDM2M2JjN2M0YzAiOnsiY3JlYXRlIjo2MDAwMDAwMDAwMDAsImRlbGV0ZSI6MTIwMDAwMDAwMDAwMH0sInNjaGVtYV92ZXJzaW9uIjoiMSJ9",
          "dependencies": [
            "module.vpc_backend.aws_vpc.this",
            "module.vpc_backend.data.aws_availability_zones.this"
          ]
        },
        {
          "index_key": "1",
          "schema_version": 1,
          "attributes": {
            "arn": "arn:aws:ec2:eu-west-2:928470004462:subnet/subnet-0919b75b8e84a8c3e",
            "assign_ipv6_address_on_creation": false,
            "availability_zone": "eu-west-2b",
            "availability_zone_id": "euw2-az3",
            "cidr_block": "10.20.102.0/24",
            "customer_owned_ipv4_pool": "",
            "enable_dns64": false,
            "enable_lni_at_device_index": 0,
            "enable_resource_name_dns_a_record_on_launch": false,
            "enable_resource_name_dns_aaaa_record_on_launch": false,
            "id": "subnet-0919b75b8e84a8c3e",
            "ipv6_cidr_block": "",
            "ipv6_cidr_block_association_id": "",
            "ipv6_native": false,
            "map_customer_owned_ip_on_launch": false,
            "map_public_ip_on_launch": false,
            "outpost_arn": "",
            "owner_id": "928470004462",
            "private_dns_hostname_type_on_launch": "ip-name",
            "region": "eu-west-2",
            "tags": {
              "Name": "sentinel-backend-public-1",
              "Owner": "Platform",
              "Project": "Sentinel",
              "kubernetes.io/cluster/sentinel-eks-backend": "shared"
            },
            "tags_all": {
              "Name": "sentinel-backend-public-1",
              "Owner": "Platform",
              "Project": "Sentinel",
              "kubernetes.io/cluster/sentinel-eks-backend": "shared"
            },
            "timeouts": null,
            "vpc_id": "vpc-01ffcf523ffd05af6"
          },
          "sensitive_attributes": [],
          "identity_schema_version": 0,
          "identity": {
            "account_id": "928470004462",
            "id": "subnet-0919b75b8e84a8c3e",
            "region": "eu-west-2"
          },
          "private": "eyJlMmJmYjczMC1lY2FhLTExZTYtOGY4OC0zNDM2M2JjN2M0YzAiOnsiY3JlYXRlIjo2MDAwMDAwMDAwMDAsImRlbGV0ZSI6MTIwMDAwMDAwMDAwMH0sInNjaGVtYV92ZXJzaW9uIjoiMSJ9",
          "dependencies": [
            "module.vpc_backend.aws_vpc.this",
            "module.vpc_backend.data.aws_availability_zones.this"
          ]
        }
      ]
    },
    {
      "module": "module.vpc_backend",
      "mode": "managed",
      "type": "aws_vpc",
      "name": "this",
      "provider": "provider[\"registry.terraform.io/hashicorp/aws\"]",
      "instances": [
        {
          "schema_version": 1,
          "attributes": {
            "arn": "arn:aws:ec2:eu-west-2:928470004462:vpc/vpc-01ffcf523ffd05af6",
            "assign_generated_ipv6_cidr_block": false,
            "cidr_block": "10.20.0.0/16",
            "default_network_acl_id": "acl-00f987c431f32ab27",
            "default_route_table_id": "rtb-096c37dbe7c270691",
            "default_security_group_id": "sg-074d9c61551fa4594",
            "dhcp_options_id": "dopt-04f788a94684bdb20",
            "enable_dns_hostnames": true,
            "enable_dns_support": true,
            "enable_network_address_usage_metrics": false,
            "id": "vpc-01ffcf523ffd05af6",
            "instance_tenancy": "default",
            "ipv4_ipam_pool_id": null,
            "ipv4_netmask_length": null,
            "ipv6_association_id": "",
            "ipv6_cidr_block": "",
            "ipv6_cidr_block_network_border_group": "",
            "ipv6_ipam_pool_id": "",
            "ipv6_netmask_length": 0,
            "main_route_table_id": "rtb-096c37dbe7c270691",
            "owner_id": "928470004462",
            "region": "eu-west-2",
            "tags": {
              "Name": "sentinel-backend",
              "Owner": "Platform",
              "Project": "Sentinel"
            },
            "tags_all": {
              "Name": "sentinel-backend",
              "Owner": "Platform",
              "Project": "Sentinel"
            }
          },
          "sensitive_attributes": [],
          "identity_schema_version": 0,
          "private": "eyJzY2hlbWFfdmVyc2lvbiI6IjEifQ=="
        }
      ]
    },
    {
      "module": "module.vpc_backend",
      "mode": "managed",
      "type": "aws_vpc_endpoint",
      "name": "gateway",
      "provider": "provider[\"registry.terraform.io/hashicorp/aws\"]",
      "instances": [
        {
          "index_key": "dynamodb",
          "schema_version": 0,
          "attributes": {
            "arn": "arn:aws:ec2:eu-west-2:928470004462:vpc-endpoint/vpce-035b9374f0e97ddd7",
            "auto_accept": null,
            "cidr_blocks": [
              "35.71.111.0/25",
              "52.94.15.0/24",
              "35.71.111.128/26"
            ],
            "dns_entry": [],
            "dns_options": [],
            "id": "vpce-035b9374f0e97ddd7",
            "ip_address_type": "",
            "network_interface_ids": [],
            "owner_id": "928470004462",
            "policy": "{\"Statement\":[{\"Action\":\"*\",\"Effect\":\"Allow\",\"Principal\":\"*\",\"Resource\":\"*\"}],\"Version\":\"2008-10-17\"}",
            "prefix_list_id": "pl-b3a742da",
            "private_dns_enabled": false,
            "region": "eu-west-2",
            "requester_managed": false,
            "resource_configuration_arn": "",
            "route_table_ids": [
              "rtb-0a9d96bdb60fcf86a",
              "rtb-0efd789ff030f250f"
            ],
            "security_group_ids": [],
            "service_name": "com.amazonaws.eu-west-2.dynamodb",
            "service_network_arn": "",
            "service_region": "eu-west-2",
            "state": "available",
            "subnet_configuration": [],
            "subnet_ids": [],
            "tags": {
              "Name": "sentinel-backend-vpce-dynamodb",
              "Owner": "Platform",
              "Project": "Sentinel"
            },
            "tags_all": {
              "Name": "sentinel-backend-vpce-dynamodb",
              "Owner": "Platform",
              "Project": "Sentinel"
            },
            "timeouts": null,
            "vpc_endpoint_type": "Gateway",
            "vpc_id": "vpc-01ffcf523ffd05af6"
          },
          "sensitive_attributes": [],
          "identity_schema_version": 0,
          "private": "eyJlMmJmYjczMC1lY2FhLTExZTYtOGY4OC0zNDM2M2JjN2M0YzAiOnsiY3JlYXRlIjo2MDAwMDAwMDAwMDAsImRlbGV0ZSI6NjAwMDAwMDAwMDAwLCJ1cGRhdGUiOjYwMDAwMDAwMDAwMH19",
          "dependencies": [
            "module.vpc_backend.aws_route_table.private",
            "module.vpc_backend.aws_subnet.private",
            "module.vpc_backend.aws_vpc.this",
            "module.vpc_backend.data.aws_availability_zones.this",
            "module.vpc_backend.data.aws_region.current"
          ]
        },
        {
          "index_key": "s3",
          "schema_version": 0,
          "attributes": {
            "arn": "arn:aws:ec2:eu-west-2:928470004462:vpc-endpoint/vpce-0b7333744b4c18e02",
            "auto_accept": null,
            "cidr_blocks": [
              "52.95.150.0/24",
              "52.95.191.0/24",
              "52.95.142.0/23",
              "16.12.16.0/23",
              "3.5.244.0/22",
              "52.219.219.0/24",
              "52.95.144.0/24",
              "52.95.148.0/23",
              "16.12.15.0/24"
            ],
            "dns_entry": [],
            "dns_options": [],
            "id": "vpce-0b7333744b4c18e02",
            "ip_address_type": "",
            "network_interface_ids": [],
            "owner_id": "928470004462",
            "policy": "{\"Statement\":[{\"Action\":\"*\",\"Effect\":\"Allow\",\"Principal\":\"*\",\"Resource\":\"*\"}],\"Version\":\"2008-10-17\"}",
            "prefix_list_id": "pl-7ca54015",
            "private_dns_enabled": false,
            "region": "eu-west-2",
            "requester_managed": false,
            "resource_configuration_arn": "",
            "route_table_ids": [
              "rtb-0a9d96bdb60fcf86a",
              "rtb-0efd789ff030f250f"
            ],
            "security_group_ids": [],
            "service_name": "com.amazonaws.eu-west-2.s3",
            "service_network_arn": "",
            "service_region": "eu-west-2",
            "state": "available",
            "subnet_configuration": [],
            "subnet_ids": [],
            "tags": {
              "Name": "sentinel-backend-vpce-s3",
              "Owner": "Platform",
              "Project": "Sentinel"
            },
            "tags_all": {
              "Name": "sentinel-backend-vpce-s3",
              "Owner": "Platform",
              "Project": "Sentinel"
            },
            "timeouts": null,
            "vpc_endpoint_type": "Gateway",
            "vpc_id": "vpc-01ffcf523ffd05af6"
          },
          "sensitive_attributes": [],
          "identity_schema_version": 0,
          "private": "eyJlMmJmYjczMC1lY2FhLTExZTYtOGY4OC0zNDM2M2JjN2M0YzAiOnsiY3JlYXRlIjo2MDAwMDAwMDAwMDAsImRlbGV0ZSI6NjAwMDAwMDAwMDAwLCJ1cGRhdGUiOjYwMDAwMDAwMDAwMH19",
          "dependencies": [
            "module.vpc_backend.aws_route_table.private",
            "module.vpc_backend.aws_subnet.private",
            "module.vpc_backend.aws_vpc.this",
            "module.vpc_backend.data.aws_availability_zones.this",
            "module.vpc_backend.data.aws_region.current"
          ]
        }
      ]
    },
    {
      "module": "module.vpc_backend",
      "mode": "managed",
      "type": "aws_vpc_endpoint",
      "name": "interface",
      "provider": "provider[\"registry.terraform.io/hashicorp/aws\"]",
      "instances": [
        {
          "index_key": "com.amazonaws.eu-west-2.ec2",
          "schema_version": 0,
          "attributes": {
            "arn": "arn:aws:ec2:eu-west-2:928470004462:vpc-endpoint/vpce-0b327f48dc5b0481c",
            "auto_accept": null,
            "cidr_blocks": [],
            "dns_entry": [
              {
                "dns_name": "vpce-0b327f48dc5b0481c-2lzt4axr.ec2.eu-west-2.vpce.amazonaws.com",
                "hosted_zone_id": "Z7K1066E3PUKB"
              },
              {
                "dns_name": "vpce-0b327f48dc5b0481c-2lzt4axr-eu-west-2b.ec2.eu-west-2.vpce.amazonaws.com",
                "hosted_zone_id": "Z7K1066E3PUKB"
              },
              {
                "dns_name": "vpce-0b327f48dc5b0481c-2lzt4axr-eu-west-2a.ec2.eu-west-2.vpce.amazonaws.com",
                "hosted_zone_id": "Z7K1066E3PUKB"
              },
              {
                "dns_name": "ec2.eu-west-2.amazonaws.com",
                "hosted_zone_id": "Z0188988159CPVR9VTAM6"
              },
              {
                "dns_name": "ec2.eu-west-2.api.aws",
                "hosted_zone_id": "Z01889632YKQC8PABZUPN"
              }
            ],
            "dns_options": [
              {
                "dns_record_ip_type": "ipv4",
                "private_dns_only_for_inbound_resolver_endpoint": false
              }
            ],
            "id": "vpce-0b327f48dc5b0481c",
            "ip_address_type": "ipv4",
            "network_interface_ids": [
              "eni-00b83e8d53a770b9a",
              "eni-01f62be4c4309ced0"
            ],
            "owner_id": "928470004462",
            "policy": "{\"Statement\":[{\"Action\":\"*\",\"Effect\":\"Allow\",\"Principal\":\"*\",\"Resource\":\"*\"}]}",
            "prefix_list_id": null,
            "private_dns_enabled": true,
            "region": "eu-west-2",
            "requester_managed": false,
            "resource_configuration_arn": "",
            "route_table_ids": [],
            "security_group_ids": [
              "sg-0b1646846f4bb162c"
            ],
            "service_name": "com.amazonaws.eu-west-2.ec2",
            "service_network_arn": "",
            "service_region": "eu-west-2",
            "state": "available",
            "subnet_configuration": [
              {
                "ipv4": "10.20.1.150",
                "ipv6": "",
                "subnet_id": "subnet-0fab4a404bba0f5d1"
              },
              {
                "ipv4": "10.20.2.136",
                "ipv6": "",
                "subnet_id": "subnet-04e24c36c331cb753"
              }
            ],
            "subnet_ids": [
              "subnet-04e24c36c331cb753",
              "subnet-0fab4a404bba0f5d1"
            ],
            "tags": {
              "Name": "sentinel-backend-vpce-ec2",
              "Owner": "Platform",
              "Project": "Sentinel"
            },
            "tags_all": {
              "Name": "sentinel-backend-vpce-ec2",
              "Owner": "Platform",
              "Project": "Sentinel"
            },
            "timeouts": null,
            "vpc_endpoint_type": "Interface",
            "vpc_id": "vpc-01ffcf523ffd05af6"
          },
          "sensitive_attributes": [],
          "identity_schema_version": 0,
          "private": "eyJlMmJmYjczMC1lY2FhLTExZTYtOGY4OC0zNDM2M2JjN2M0YzAiOnsiY3JlYXRlIjo2MDAwMDAwMDAwMDAsImRlbGV0ZSI6NjAwMDAwMDAwMDAwLCJ1cGRhdGUiOjYwMDAwMDAwMDAwMH19",
          "dependencies": [
            "module.vpc_backend.aws_security_group.endpoints",
            "module.vpc_backend.aws_subnet.private",
            "module.vpc_backend.aws_vpc.this",
            "module.vpc_backend.data.aws_availability_zones.this",
            "module.vpc_backend.data.aws_region.current"
          ]
        },
        {
          "index_key": "com.amazonaws.eu-west-2.ec2messages",
          "schema_version": 0,
          "attributes": {
            "arn": "arn:aws:ec2:eu-west-2:928470004462:vpc-endpoint/vpce-0cd8f29236098fe38",
            "auto_accept": null,
            "cidr_blocks": [],
            "dns_entry": [
              {
                "dns_name": "vpce-0cd8f29236098fe38-gccvavus.ec2messages.eu-west-2.vpce.amazonaws.com",
                "hosted_zone_id": "Z7K1066E3PUKB"
              },
              {
                "dns_name": "vpce-0cd8f29236098fe38-gccvavus-eu-west-2a.ec2messages.eu-west-2.vpce.amazonaws.com",
                "hosted_zone_id": "Z7K1066E3PUKB"
              },
              {
                "dns_name": "vpce-0cd8f29236098fe38-gccvavus-eu-west-2b.ec2messages.eu-west-2.vpce.amazonaws.com",
                "hosted_zone_id": "Z7K1066E3PUKB"
              },
              {
                "dns_name": "ec2messages.eu-west-2.amazonaws.com",
                "hosted_zone_id": "Z065217954BV8UTHF540"
              }
            ],
            "dns_options": [
              {
                "dns_record_ip_type": "ipv4",
                "private_dns_only_for_inbound_resolver_endpoint": false
              }
            ],
            "id": "vpce-0cd8f29236098fe38",
            "ip_address_type": "ipv4",
            "network_interface_ids": [
              "eni-00fb3e2e4efb2f9ca",
              "eni-02b42a9a419b8d579"
            ],
            "owner_id": "928470004462",
            "policy": "{\"Statement\":[{\"Action\":\"*\",\"Effect\":\"Allow\",\"Principal\":\"*\",\"Resource\":\"*\"}]}",
            "prefix_list_id": null,
            "private_dns_enabled": true,
            "region": "eu-west-2",
            "requester_managed": false,
            "resource_configuration_arn": "",
            "route_table_ids": [],
            "security_group_ids": [
              "sg-0b1646846f4bb162c"
            ],
            "service_name": "com.amazonaws.eu-west-2.ec2messages",
            "service_network_arn": "",
            "service_region": "eu-west-2",
            "state": "available",
            "subnet_configuration": [
              {
                "ipv4": "10.20.1.195",
                "ipv6": "",
                "subnet_id": "subnet-0fab4a404bba0f5d1"
              },
              {
                "ipv4": "10.20.2.79",
                "ipv6": "",
                "subnet_id": "subnet-04e24c36c331cb753"
              }
            ],
            "subnet_ids": [
              "subnet-04e24c36c331cb753",
              "subnet-0fab4a404bba0f5d1"
            ],
            "tags": {
              "Name": "sentinel-backend-vpce-ec2messages",
              "Owner": "Platform",
              "Project": "Sentinel"
            },
            "tags_all": {
              "Name": "sentinel-backend-vpce-ec2messages",
              "Owner": "Platform",
              "Project": "Sentinel"
            },
            "timeouts": null,
            "vpc_endpoint_type": "Interface",
            "vpc_id": "vpc-01ffcf523ffd05af6"
          },
          "sensitive_attributes": [],
          "identity_schema_version": 0,
          "private": "eyJlMmJmYjczMC1lY2FhLTExZTYtOGY4OC0zNDM2M2JjN2M0YzAiOnsiY3JlYXRlIjo2MDAwMDAwMDAwMDAsImRlbGV0ZSI6NjAwMDAwMDAwMDAwLCJ1cGRhdGUiOjYwMDAwMDAwMDAwMH19",
          "dependencies": [
            "module.vpc_backend.aws_security_group.endpoints",
            "module.vpc_backend.aws_subnet.private",
            "module.vpc_backend.aws_vpc.this",
            "module.vpc_backend.data.aws_availability_zones.this",
            "module.vpc_backend.data.aws_region.current"
          ]
        },
        {
          "index_key": "com.amazonaws.eu-west-2.ecr.api",
          "schema_version": 0,
          "attributes": {
            "arn": "arn:aws:ec2:eu-west-2:928470004462:vpc-endpoint/vpce-00900f69c4e5af1db",
            "auto_accept": null,
            "cidr_blocks": [],
            "dns_entry": [
              {
                "dns_name": "vpce-00900f69c4e5af1db-crw2rhoi.api.ecr.eu-west-2.vpce.amazonaws.com",
                "hosted_zone_id": "Z7K1066E3PUKB"
              },
              {
                "dns_name": "vpce-00900f69c4e5af1db-crw2rhoi-eu-west-2a.api.ecr.eu-west-2.vpce.amazonaws.com",
                "hosted_zone_id": "Z7K1066E3PUKB"
              },
              {
                "dns_name": "vpce-00900f69c4e5af1db-crw2rhoi-eu-west-2b.api.ecr.eu-west-2.vpce.amazonaws.com",
                "hosted_zone_id": "Z7K1066E3PUKB"
              },
              {
                "dns_name": "api.ecr.eu-west-2.amazonaws.com",
                "hosted_zone_id": "Z07358532Z62HTOXCBVVZ"
              },
              {
                "dns_name": "ecr.eu-west-2.api.aws",
                "hosted_zone_id": "Z07360702144SQQ55X2OM"
              }
            ],
            "dns_options": [
              {
                "dns_record_ip_type": "ipv4",
                "private_dns_only_for_inbound_resolver_endpoint": false
              }
            ],
            "id": "vpce-00900f69c4e5af1db",
            "ip_address_type": "ipv4",
            "network_interface_ids": [
              "eni-02e3aeb50993a933c",
              "eni-0fb3890ce8cc66171"
            ],
            "owner_id": "928470004462",
            "policy": "{\"Statement\":[{\"Action\":\"*\",\"Effect\":\"Allow\",\"Principal\":\"*\",\"Resource\":\"*\"}]}",
            "prefix_list_id": null,
            "private_dns_enabled": true,
            "region": "eu-west-2",
            "requester_managed": false,
            "resource_configuration_arn": "",
            "route_table_ids": [],
            "security_group_ids": [
              "sg-0b1646846f4bb162c"
            ],
            "service_name": "com.amazonaws.eu-west-2.ecr.api",
            "service_network_arn": "",
            "service_region": "eu-west-2",
            "state": "available",
            "subnet_configuration": [
              {
                "ipv4": "10.20.1.117",
                "ipv6": "",
                "subnet_id": "subnet-0fab4a404bba0f5d1"
              },
              {
                "ipv4": "10.20.2.98",
                "ipv6": "",
                "subnet_id": "subnet-04e24c36c331cb753"
              }
            ],
            "subnet_ids": [
              "subnet-04e24c36c331cb753",
              "subnet-0fab4a404bba0f5d1"
            ],
            "tags": {
              "Name": "sentinel-backend-vpce-ecr.api",
              "Owner": "Platform",
              "Project": "Sentinel"
            },
            "tags_all": {
              "Name": "sentinel-backend-vpce-ecr.api",
              "Owner": "Platform",
              "Project": "Sentinel"
            },
            "timeouts": null,
            "vpc_endpoint_type": "Interface",
            "vpc_id": "vpc-01ffcf523ffd05af6"
          },
          "sensitive_attributes": [],
          "identity_schema_version": 0,
          "private": "eyJlMmJmYjczMC1lY2FhLTExZTYtOGY4OC0zNDM2M2JjN2M0YzAiOnsiY3JlYXRlIjo2MDAwMDAwMDAwMDAsImRlbGV0ZSI6NjAwMDAwMDAwMDAwLCJ1cGRhdGUiOjYwMDAwMDAwMDAwMH19",
          "dependencies": [
            "module.vpc_backend.aws_security_group.endpoints",
            "module.vpc_backend.aws_subnet.private",
            "module.vpc_backend.aws_vpc.this",
            "module.vpc_backend.data.aws_availability_zones.this",
            "module.vpc_backend.data.aws_region.current"
          ]
        },
        {
          "index_key": "com.amazonaws.eu-west-2.ecr.dkr",
          "schema_version": 0,
          "attributes": {
            "arn": "arn:aws:ec2:eu-west-2:928470004462:vpc-endpoint/vpce-0aeb9a726ab375542",
            "auto_accept": null,
            "cidr_blocks": [],
            "dns_entry": [
              {
                "dns_name": "vpce-0aeb9a726ab375542-r0rt7n3a.dkr.ecr.eu-west-2.vpce.amazonaws.com",
                "hosted_zone_id": "Z7K1066E3PUKB"
              },
              {
                "dns_name": "vpce-0aeb9a726ab375542-r0rt7n3a-eu-west-2b.dkr.ecr.eu-west-2.vpce.amazonaws.com",
                "hosted_zone_id": "Z7K1066E3PUKB"
              },
              {
                "dns_name": "vpce-0aeb9a726ab375542-r0rt7n3a-eu-west-2a.dkr.ecr.eu-west-2.vpce.amazonaws.com",
                "hosted_zone_id": "Z7K1066E3PUKB"
              },
              {
                "dns_name": "dkr.ecr.eu-west-2.amazonaws.com",
                "hosted_zone_id": "Z01906171YXRD0INYXR9R"
              },
              {
                "dns_name": "*.dkr.ecr.eu-west-2.amazonaws.com",
                "hosted_zone_id": "Z01906171YXRD0INYXR9R"
              },
              {
                "dns_name": "dkr-ecr.eu-west-2.on.aws",
                "hosted_zone_id": "Z06533973E2F6K7F03ISL"
              },
              {
                "dns_name": "*.dkr-ecr.eu-west-2.on.aws",
                "hosted_zone_id": "Z06533973E2F6K7F03ISL"
              }
            ],
            "dns_options": [
              {
                "dns_record_ip_type": "ipv4",
                "private_dns_only_for_inbound_resolver_endpoint": false
              }
            ],
            "id": "vpce-0aeb9a726ab375542",
            "ip_address_type": "ipv4",
            "network_interface_ids": [
              "eni-09b9758f1a7c3a544",
              "eni-0c96af94f7a1a89f6"
            ],
            "owner_id": "928470004462",
            "policy": "{\"Statement\":[{\"Action\":\"*\",\"Effect\":\"Allow\",\"Principal\":\"*\",\"Resource\":\"*\"}]}",
            "prefix_list_id": null,
            "private_dns_enabled": true,
            "region": "eu-west-2",
            "requester_managed": false,
            "resource_configuration_arn": "",
            "route_table_ids": [],
            "security_group_ids": [
              "sg-0b1646846f4bb162c"
            ],
            "service_name": "com.amazonaws.eu-west-2.ecr.dkr",
            "service_network_arn": "",
            "service_region": "eu-west-2",
            "state": "available",
            "subnet_configuration": [
              {
                "ipv4": "10.20.1.158",
                "ipv6": "",
                "subnet_id": "subnet-0fab4a404bba0f5d1"
              },
              {
                "ipv4": "10.20.2.250",
                "ipv6": "",
                "subnet_id": "subnet-04e24c36c331cb753"
              }
            ],
            "subnet_ids": [
              "subnet-04e24c36c331cb753",
              "subnet-0fab4a404bba0f5d1"
            ],
            "tags": {
              "Name": "sentinel-backend-vpce-ecr.dkr",
              "Owner": "Platform",
              "Project": "Sentinel"
            },
            "tags_all": {
              "Name": "sentinel-backend-vpce-ecr.dkr",
              "Owner": "Platform",
              "Project": "Sentinel"
            },
            "timeouts": null,
            "vpc_endpoint_type": "Interface",
            "vpc_id": "vpc-01ffcf523ffd05af6"
          },
          "sensitive_attributes": [],
          "identity_schema_version": 0,
          "private": "eyJlMmJmYjczMC1lY2FhLTExZTYtOGY4OC0zNDM2M2JjN2M0YzAiOnsiY3JlYXRlIjo2MDAwMDAwMDAwMDAsImRlbGV0ZSI6NjAwMDAwMDAwMDAwLCJ1cGRhdGUiOjYwMDAwMDAwMDAwMH19",
          "dependencies": [
            "module.vpc_backend.aws_security_group.endpoints",
            "module.vpc_backend.aws_subnet.private",
            "module.vpc_backend.aws_vpc.this",
            "module.vpc_backend.data.aws_availability_zones.this",
            "module.vpc_backend.data.aws_region.current"
          ]
        },
        {
          "index_key": "com.amazonaws.eu-west-2.kms",
          "schema_version": 0,
          "attributes": {
            "arn": "arn:aws:ec2:eu-west-2:928470004462:vpc-endpoint/vpce-07f2f492e013200c1",
            "auto_accept": null,
            "cidr_blocks": [],
            "dns_entry": [
              {
                "dns_name": "vpce-07f2f492e013200c1-obfsqqap.kms.eu-west-2.vpce.amazonaws.com",
                "hosted_zone_id": "Z7K1066E3PUKB"
              },
              {
                "dns_name": "vpce-07f2f492e013200c1-obfsqqap-eu-west-2a.kms.eu-west-2.vpce.amazonaws.com",
                "hosted_zone_id": "Z7K1066E3PUKB"
              },
              {
                "dns_name": "vpce-07f2f492e013200c1-obfsqqap-eu-west-2b.kms.eu-west-2.vpce.amazonaws.com",
                "hosted_zone_id": "Z7K1066E3PUKB"
              },
              {
                "dns_name": "kms.eu-west-2.amazonaws.com",
                "hosted_zone_id": "Z01894201UI56CYKSFAEW"
              },
              {
                "dns_name": "kms.eu-west-2.api.aws",
                "hosted_zone_id": "Z0736566CIGFDR89QCMC"
              }
            ],
            "dns_options": [
              {
                "dns_record_ip_type": "ipv4",
                "private_dns_only_for_inbound_resolver_endpoint": false
              }
            ],
            "id": "vpce-07f2f492e013200c1",
            "ip_address_type": "ipv4",
            "network_interface_ids": [
              "eni-03acc38baa6aea5dc",
              "eni-08bb4f1525d8e9d6f"
            ],
            "owner_id": "928470004462",
            "policy": "{\"Statement\":[{\"Action\":\"*\",\"Effect\":\"Allow\",\"Principal\":\"*\",\"Resource\":\"*\"}]}",
            "prefix_list_id": null,
            "private_dns_enabled": true,
            "region": "eu-west-2",
            "requester_managed": false,
            "resource_configuration_arn": "",
            "route_table_ids": [],
            "security_group_ids": [
              "sg-0b1646846f4bb162c"
            ],
            "service_name": "com.amazonaws.eu-west-2.kms",
            "service_network_arn": "",
            "service_region": "eu-west-2",
            "state": "available",
            "subnet_configuration": [
              {
                "ipv4": "10.20.1.156",
                "ipv6": "",
                "subnet_id": "subnet-0fab4a404bba0f5d1"
              },
              {
                "ipv4": "10.20.2.144",
                "ipv6": "",
                "subnet_id": "subnet-04e24c36c331cb753"
              }
            ],
            "subnet_ids": [
              "subnet-04e24c36c331cb753",
              "subnet-0fab4a404bba0f5d1"
            ],
            "tags": {
              "Name": "sentinel-backend-vpce-kms",
              "Owner": "Platform",
              "Project": "Sentinel"
            },
            "tags_all": {
              "Name": "sentinel-backend-vpce-kms",
              "Owner": "Platform",
              "Project": "Sentinel"
            },
            "timeouts": null,
            "vpc_endpoint_type": "Interface",
            "vpc_id": "vpc-01ffcf523ffd05af6"
          },
          "sensitive_attributes": [],
          "identity_schema_version": 0,
          "private": "eyJlMmJmYjczMC1lY2FhLTExZTYtOGY4OC0zNDM2M2JjN2M0YzAiOnsiY3JlYXRlIjo2MDAwMDAwMDAwMDAsImRlbGV0ZSI6NjAwMDAwMDAwMDAwLCJ1cGRhdGUiOjYwMDAwMDAwMDAwMH19",
          "dependencies": [
            "module.vpc_backend.aws_security_group.endpoints",
            "module.vpc_backend.aws_subnet.private",
            "module.vpc_backend.aws_vpc.this",
            "module.vpc_backend.data.aws_availability_zones.this",
            "module.vpc_backend.data.aws_region.current"
          ]
        },
        {
          "index_key": "com.amazonaws.eu-west-2.logs",
          "schema_version": 0,
          "attributes": {
            "arn": "arn:aws:ec2:eu-west-2:928470004462:vpc-endpoint/vpce-02b5d1589b829749e",
            "auto_accept": null,
            "cidr_blocks": [],
            "dns_entry": [
              {
                "dns_name": "vpce-02b5d1589b829749e-cmwdg2mr.logs.eu-west-2.vpce.amazonaws.com",
                "hosted_zone_id": "Z7K1066E3PUKB"
              },
              {
                "dns_name": "vpce-02b5d1589b829749e-cmwdg2mr-eu-west-2b.logs.eu-west-2.vpce.amazonaws.com",
                "hosted_zone_id": "Z7K1066E3PUKB"
              },
              {
                "dns_name": "vpce-02b5d1589b829749e-cmwdg2mr-eu-west-2a.logs.eu-west-2.vpce.amazonaws.com",
                "hosted_zone_id": "Z7K1066E3PUKB"
              },
              {
                "dns_name": "logs.eu-west-2.amazonaws.com",
                "hosted_zone_id": "Z06529702ZM7RSXAULAVT"
              },
              {
                "dns_name": "logs.eu-west-2.api.aws",
                "hosted_zone_id": "Z01893682DPEQT2A0VCSE"
              },
              {
                "dns_name": "streaming-logs.eu-west-2.api.aws",
                "hosted_zone_id": "Z0189375164551GCNNB1O"
              },
              {
                "dns_name": "streaming-logs.eu-west-2.amazonaws.com",
                "hosted_zone_id": "Z03525932LJUCUO8824G1"
              }
            ],
            "dns_options": [
              {
                "dns_record_ip_type": "ipv4",
                "private_dns_only_for_inbound_resolver_endpoint": false
              }
            ],
            "id": "vpce-02b5d1589b829749e",
            "ip_address_type": "ipv4",
            "network_interface_ids": [
              "eni-05cfdb921910831d1",
              "eni-08b91e1f620820479"
            ],
            "owner_id": "928470004462",
            "policy": "{\"Statement\":[{\"Action\":\"*\",\"Effect\":\"Allow\",\"Principal\":\"*\",\"Resource\":\"*\"}]}",
            "prefix_list_id": null,
            "private_dns_enabled": true,
            "region": "eu-west-2",
            "requester_managed": false,
            "resource_configuration_arn": "",
            "route_table_ids": [],
            "security_group_ids": [
              "sg-0b1646846f4bb162c"
            ],
            "service_name": "com.amazonaws.eu-west-2.logs",
            "service_network_arn": "",
            "service_region": "eu-west-2",
            "state": "available",
            "subnet_configuration": [
              {
                "ipv4": "10.20.1.236",
                "ipv6": "",
                "subnet_id": "subnet-0fab4a404bba0f5d1"
              },
              {
                "ipv4": "10.20.2.7",
                "ipv6": "",
                "subnet_id": "subnet-04e24c36c331cb753"
              }
            ],
            "subnet_ids": [
              "subnet-04e24c36c331cb753",
              "subnet-0fab4a404bba0f5d1"
            ],
            "tags": {
              "Name": "sentinel-backend-vpce-logs",
              "Owner": "Platform",
              "Project": "Sentinel"
            },
            "tags_all": {
              "Name": "sentinel-backend-vpce-logs",
              "Owner": "Platform",
              "Project": "Sentinel"
            },
            "timeouts": null,
            "vpc_endpoint_type": "Interface",
            "vpc_id": "vpc-01ffcf523ffd05af6"
          },
          "sensitive_attributes": [],
          "identity_schema_version": 0,
          "private": "eyJlMmJmYjczMC1lY2FhLTExZTYtOGY4OC0zNDM2M2JjN2M0YzAiOnsiY3JlYXRlIjo2MDAwMDAwMDAwMDAsImRlbGV0ZSI6NjAwMDAwMDAwMDAwLCJ1cGRhdGUiOjYwMDAwMDAwMDAwMH19",
          "dependencies": [
            "module.vpc_backend.aws_security_group.endpoints",
            "module.vpc_backend.aws_subnet.private",
            "module.vpc_backend.aws_vpc.this",
            "module.vpc_backend.data.aws_availability_zones.this",
            "module.vpc_backend.data.aws_region.current"
          ]
        },
        {
          "index_key": "com.amazonaws.eu-west-2.secretsmanager",
          "schema_version": 0,
          "attributes": {
            "arn": "arn:aws:ec2:eu-west-2:928470004462:vpc-endpoint/vpce-0693bd87e4d69652f",
            "auto_accept": null,
            "cidr_blocks": [],
            "dns_entry": [
              {
                "dns_name": "vpce-0693bd87e4d69652f-sjvh2pa8.secretsmanager.eu-west-2.vpce.amazonaws.com",
                "hosted_zone_id": "Z7K1066E3PUKB"
              },
              {
                "dns_name": "vpce-0693bd87e4d69652f-sjvh2pa8-eu-west-2a.secretsmanager.eu-west-2.vpce.amazonaws.com",
                "hosted_zone_id": "Z7K1066E3PUKB"
              },
              {
                "dns_name": "vpce-0693bd87e4d69652f-sjvh2pa8-eu-west-2b.secretsmanager.eu-west-2.vpce.amazonaws.com",
                "hosted_zone_id": "Z7K1066E3PUKB"
              },
              {
                "dns_name": "secretsmanager.eu-west-2.amazonaws.com",
                "hosted_zone_id": "Z035235116BI0F9YI6VCZ"
              }
            ],
            "dns_options": [
              {
                "dns_record_ip_type": "ipv4",
                "private_dns_only_for_inbound_resolver_endpoint": false
              }
            ],
            "id": "vpce-0693bd87e4d69652f",
            "ip_address_type": "ipv4",
            "network_interface_ids": [
              "eni-0dbfd818c70037472",
              "eni-0ed1de7cec4a4a8df"
            ],
            "owner_id": "928470004462",
            "policy": "{\"Statement\":[{\"Action\":\"*\",\"Effect\":\"Allow\",\"Principal\":\"*\",\"Resource\":\"*\"}]}",
            "prefix_list_id": null,
            "private_dns_enabled": true,
            "region": "eu-west-2",
            "requester_managed": false,
            "resource_configuration_arn": "",
            "route_table_ids": [],
            "security_group_ids": [
              "sg-0b1646846f4bb162c"
            ],
            "service_name": "com.amazonaws.eu-west-2.secretsmanager",
            "service_network_arn": "",
            "service_region": "eu-west-2",
            "state": "available",
            "subnet_configuration": [
              {
                "ipv4": "10.20.1.187",
                "ipv6": "",
                "subnet_id": "subnet-0fab4a404bba0f5d1"
              },
              {
                "ipv4": "10.20.2.226",
                "ipv6": "",
                "subnet_id": "subnet-04e24c36c331cb753"
              }
            ],
            "subnet_ids": [
              "subnet-04e24c36c331cb753",
              "subnet-0fab4a404bba0f5d1"
            ],
            "tags": {
              "Name": "sentinel-backend-vpce-secretsmanager",
              "Owner": "Platform",
              "Project": "Sentinel"
            },
            "tags_all": {
              "Name": "sentinel-backend-vpce-secretsmanager",
              "Owner": "Platform",
              "Project": "Sentinel"
            },
            "timeouts": null,
            "vpc_endpoint_type": "Interface",
            "vpc_id": "vpc-01ffcf523ffd05af6"
          },
          "sensitive_attributes": [],
          "identity_schema_version": 0,
          "private": "eyJlMmJmYjczMC1lY2FhLTExZTYtOGY4OC0zNDM2M2JjN2M0YzAiOnsiY3JlYXRlIjo2MDAwMDAwMDAwMDAsImRlbGV0ZSI6NjAwMDAwMDAwMDAwLCJ1cGRhdGUiOjYwMDAwMDAwMDAwMH19",
          "dependencies": [
            "module.vpc_backend.aws_security_group.endpoints",
            "module.vpc_backend.aws_subnet.private",
            "module.vpc_backend.aws_vpc.this",
            "module.vpc_backend.data.aws_availability_zones.this",
            "module.vpc_backend.data.aws_region.current"
          ]
        },
        {
          "index_key": "com.amazonaws.eu-west-2.ssm",
          "schema_version": 0,
          "attributes": {
            "arn": "arn:aws:ec2:eu-west-2:928470004462:vpc-endpoint/vpce-07044aee9d7ba7927",
            "auto_accept": null,
            "cidr_blocks": [],
            "dns_entry": [
              {
                "dns_name": "vpce-07044aee9d7ba7927-dgq9stq3.ssm.eu-west-2.vpce.amazonaws.com",
                "hosted_zone_id": "Z7K1066E3PUKB"
              },
              {
                "dns_name": "vpce-07044aee9d7ba7927-dgq9stq3-eu-west-2a.ssm.eu-west-2.vpce.amazonaws.com",
                "hosted_zone_id": "Z7K1066E3PUKB"
              },
              {
                "dns_name": "vpce-07044aee9d7ba7927-dgq9stq3-eu-west-2b.ssm.eu-west-2.vpce.amazonaws.com",
                "hosted_zone_id": "Z7K1066E3PUKB"
              },
              {
                "dns_name": "ssm.eu-west-2.amazonaws.com",
                "hosted_zone_id": "Z06429838P96ZKYL3W5Z"
              },
              {
                "dns_name": "ssm.eu-west-2.api.aws",
                "hosted_zone_id": "Z01889273O2CJO9RH8QZI"
              }
            ],
            "dns_options": [
              {
                "dns_record_ip_type": "ipv4",
                "private_dns_only_for_inbound_resolver_endpoint": false
              }
            ],
            "id": "vpce-07044aee9d7ba7927",
            "ip_address_type": "ipv4",
            "network_interface_ids": [
              "eni-000fb150bd2d3c361",
              "eni-0d74efd4e2e89c722"
            ],
            "owner_id": "928470004462",
            "policy": "{\"Statement\":[{\"Action\":\"*\",\"Effect\":\"Allow\",\"Principal\":\"*\",\"Resource\":\"*\"}]}",
            "prefix_list_id": null,
            "private_dns_enabled": true,
            "region": "eu-west-2",
            "requester_managed": false,
            "resource_configuration_arn": "",
            "route_table_ids": [],
            "security_group_ids": [
              "sg-0b1646846f4bb162c"
            ],
            "service_name": "com.amazonaws.eu-west-2.ssm",
            "service_network_arn": "",
            "service_region": "eu-west-2",
            "state": "available",
            "subnet_configuration": [
              {
                "ipv4": "10.20.1.171",
                "ipv6": "",
                "subnet_id": "subnet-0fab4a404bba0f5d1"
              },
              {
                "ipv4": "10.20.2.95",
                "ipv6": "",
                "subnet_id": "subnet-04e24c36c331cb753"
              }
            ],
            "subnet_ids": [
              "subnet-04e24c36c331cb753",
              "subnet-0fab4a404bba0f5d1"
            ],
            "tags": {
              "Name": "sentinel-backend-vpce-ssm",
              "Owner": "Platform",
              "Project": "Sentinel"
            },
            "tags_all": {
              "Name": "sentinel-backend-vpce-ssm",
              "Owner": "Platform",
              "Project": "Sentinel"
            },
            "timeouts": null,
            "vpc_endpoint_type": "Interface",
            "vpc_id": "vpc-01ffcf523ffd05af6"
          },
          "sensitive_attributes": [],
          "identity_schema_version": 0,
          "private": "eyJlMmJmYjczMC1lY2FhLTExZTYtOGY4OC0zNDM2M2JjN2M0YzAiOnsiY3JlYXRlIjo2MDAwMDAwMDAwMDAsImRlbGV0ZSI6NjAwMDAwMDAwMDAwLCJ1cGRhdGUiOjYwMDAwMDAwMDAwMH19",
          "dependencies": [
            "module.vpc_backend.aws_security_group.endpoints",
            "module.vpc_backend.aws_subnet.private",
            "module.vpc_backend.aws_vpc.this",
            "module.vpc_backend.data.aws_availability_zones.this",
            "module.vpc_backend.data.aws_region.current"
          ]
        },
        {
          "index_key": "com.amazonaws.eu-west-2.ssmmessages",
          "schema_version": 0,
          "attributes": {
            "arn": "arn:aws:ec2:eu-west-2:928470004462:vpc-endpoint/vpce-0a2919ddf95d8a03e",
            "auto_accept": null,
            "cidr_blocks": [],
            "dns_entry": [
              {
                "dns_name": "vpce-0a2919ddf95d8a03e-q119ryaq.ssmmessages.eu-west-2.vpce.amazonaws.com",
                "hosted_zone_id": "Z7K1066E3PUKB"
              },
              {
                "dns_name": "vpce-0a2919ddf95d8a03e-q119ryaq-eu-west-2a.ssmmessages.eu-west-2.vpce.amazonaws.com",
                "hosted_zone_id": "Z7K1066E3PUKB"
              },
              {
                "dns_name": "vpce-0a2919ddf95d8a03e-q119ryaq-eu-west-2b.ssmmessages.eu-west-2.vpce.amazonaws.com",
                "hosted_zone_id": "Z7K1066E3PUKB"
              },
              {
                "dns_name": "ssmmessages.eu-west-2.amazonaws.com",
                "hosted_zone_id": "Z06521691I9O2RNZ41PEI"
              }
            ],
            "dns_options": [
              {
                "dns_record_ip_type": "ipv4",
                "private_dns_only_for_inbound_resolver_endpoint": false
              }
            ],
            "id": "vpce-0a2919ddf95d8a03e",
            "ip_address_type": "ipv4",
            "network_interface_ids": [
              "eni-02f281ea8506eb2aa",
              "eni-0cd5a12581c1bd3ef"
            ],
            "owner_id": "928470004462",
            "policy": "{\"Statement\":[{\"Action\":\"*\",\"Effect\":\"Allow\",\"Principal\":\"*\",\"Resource\":\"*\"}]}",
            "prefix_list_id": null,
            "private_dns_enabled": true,
            "region": "eu-west-2",
            "requester_managed": false,
            "resource_configuration_arn": "",
            "route_table_ids": [],
            "security_group_ids": [
              "sg-0b1646846f4bb162c"
            ],
            "service_name": "com.amazonaws.eu-west-2.ssmmessages",
            "service_network_arn": "",
            "service_region": "eu-west-2",
            "state": "available",
            "subnet_configuration": [
              {
                "ipv4": "10.20.1.209",
                "ipv6": "",
                "subnet_id": "subnet-0fab4a404bba0f5d1"
              },
              {
                "ipv4": "10.20.2.31",
                "ipv6": "",
                "subnet_id": "subnet-04e24c36c331cb753"
              }
            ],
            "subnet_ids": [
              "subnet-04e24c36c331cb753",
              "subnet-0fab4a404bba0f5d1"
            ],
            "tags": {
              "Name": "sentinel-backend-vpce-ssmmessages",
              "Owner": "Platform",
              "Project": "Sentinel"
            },
            "tags_all": {
              "Name": "sentinel-backend-vpce-ssmmessages",
              "Owner": "Platform",
              "Project": "Sentinel"
            },
            "timeouts": null,
            "vpc_endpoint_type": "Interface",
            "vpc_id": "vpc-01ffcf523ffd05af6"
          },
          "sensitive_attributes": [],
          "identity_schema_version": 0,
          "private": "eyJlMmJmYjczMC1lY2FhLTExZTYtOGY4OC0zNDM2M2JjN2M0YzAiOnsiY3JlYXRlIjo2MDAwMDAwMDAwMDAsImRlbGV0ZSI6NjAwMDAwMDAwMDAwLCJ1cGRhdGUiOjYwMDAwMDAwMDAwMH19",
          "dependencies": [
            "module.vpc_backend.aws_security_group.endpoints",
            "module.vpc_backend.aws_subnet.private",
            "module.vpc_backend.aws_vpc.this",
            "module.vpc_backend.data.aws_availability_zones.this",
            "module.vpc_backend.data.aws_region.current"
          ]
        }
      ]
    },
    {
      "module": "module.vpc_gateway",
      "mode": "data",
      "type": "aws_availability_zones",
      "name": "this",
      "provider": "provider[\"registry.terraform.io/hashicorp/aws\"]",
      "instances": [
        {
          "schema_version": 0,
          "attributes": {
            "all_availability_zones": null,
            "exclude_names": null,
            "exclude_zone_ids": null,
            "filter": null,
            "group_names": [
              "eu-west-2-zg-1"
            ],
            "id": "eu-west-2",
            "names": [
              "eu-west-2a",
              "eu-west-2b",
              "eu-west-2c"
            ],
            "region": "eu-west-2",
            "state": "available",
            "timeouts": null,
            "zone_ids": [
              "euw2-az2",
              "euw2-az3",
              "euw2-az1"
            ]
          },
          "sensitive_attributes": [],
          "identity_schema_version": 0
        }
      ]
    },
    {
      "module": "module.vpc_gateway",
      "mode": "data",
      "type": "aws_region",
      "name": "current",
      "provider": "provider[\"registry.terraform.io/hashicorp/aws\"]",
      "instances": [
        {
          "schema_version": 0,
          "attributes": {
            "description": "Europe (London)",
            "endpoint": "ec2.eu-west-2.amazonaws.com",
            "id": "eu-west-2",
            "name": "eu-west-2",
            "region": "eu-west-2"
          },
          "sensitive_attributes": [],
          "identity_schema_version": 0
        }
      ]
    },
    {
      "module": "module.vpc_gateway",
      "mode": "managed",
      "type": "aws_eip",
      "name": "nat",
      "provider": "provider[\"registry.terraform.io/hashicorp/aws\"]",
      "instances": [
        {
          "index_key": "0",
          "schema_version": 0,
          "attributes": {
            "address": null,
            "allocation_id": "eipalloc-0dbfa2492813a65ee",
            "arn": "arn:aws:ec2:eu-west-2:928470004462:elastic-ip/eipalloc-0dbfa2492813a65ee",
            "associate_with_private_ip": null,
            "association_id": "",
            "carrier_ip": "",
            "customer_owned_ip": "",
            "customer_owned_ipv4_pool": "",
            "domain": "vpc",
            "id": "eipalloc-0dbfa2492813a65ee",
            "instance": "",
            "ipam_pool_id": null,
            "network_border_group": "eu-west-2",
            "network_interface": "",
            "private_dns": null,
            "private_ip": "",
            "ptr_record": "",
            "public_dns": "ec2-3-8-244-98.eu-west-2.compute.amazonaws.com",
            "public_ip": "3.8.244.98",
            "public_ipv4_pool": "amazon",
            "region": "eu-west-2",
            "tags": {
              "Name": "sentinel-gateway-nat-eip-0",
              "Owner": "Platform",
              "Project": "Sentinel"
            },
            "tags_all": {
              "Name": "sentinel-gateway-nat-eip-0",
              "Owner": "Platform",
              "Project": "Sentinel"
            },
            "timeouts": null
          },
          "sensitive_attributes": [],
          "identity_schema_version": 0,
          "private": "eyJlMmJmYjczMC1lY2FhLTExZTYtOGY4OC0zNDM2M2JjN2M0YzAiOnsiZGVsZXRlIjoxODAwMDAwMDAwMDAsInJlYWQiOjkwMDAwMDAwMDAwMCwidXBkYXRlIjozMDAwMDAwMDAwMDB9fQ==",
          "dependencies": [
            "module.vpc_gateway.aws_subnet.public",
            "module.vpc_gateway.aws_vpc.this",
            "module.vpc_gateway.data.aws_availability_zones.this"
          ]
        },
        {
          "index_key": "1",
          "schema_version": 0,
          "attributes": {
            "address": null,
            "allocation_id": "eipalloc-0fac5605f16887f64",
            "arn": "arn:aws:ec2:eu-west-2:928470004462:elastic-ip/eipalloc-0fac5605f16887f64",
            "associate_with_private_ip": null,
            "association_id": "",
            "carrier_ip": "",
            "customer_owned_ip": "",
            "customer_owned_ipv4_pool": "",
            "domain": "vpc",
            "id": "eipalloc-0fac5605f16887f64",
            "instance": "",
            "ipam_pool_id": null,
            "network_border_group": "eu-west-2",
            "network_interface": "",
            "private_dns": null,
            "private_ip": "",
            "ptr_record": "",
            "public_dns": "ec2-13-43-200-28.eu-west-2.compute.amazonaws.com",
            "public_ip": "13.43.200.28",
            "public_ipv4_pool": "amazon",
            "region": "eu-west-2",
            "tags": {
              "Name": "sentinel-gateway-nat-eip-1",
              "Owner": "Platform",
              "Project": "Sentinel"
            },
            "tags_all": {
              "Name": "sentinel-gateway-nat-eip-1",
              "Owner": "Platform",
              "Project": "Sentinel"
            },
            "timeouts": null
          },
          "sensitive_attributes": [],
          "identity_schema_version": 0,
          "private": "eyJlMmJmYjczMC1lY2FhLTExZTYtOGY4OC0zNDM2M2JjN2M0YzAiOnsiZGVsZXRlIjoxODAwMDAwMDAwMDAsInJlYWQiOjkwMDAwMDAwMDAwMCwidXBkYXRlIjozMDAwMDAwMDAwMDB9fQ==",
          "dependencies": [
            "module.vpc_gateway.aws_subnet.public",
            "module.vpc_gateway.aws_vpc.this",
            "module.vpc_gateway.data.aws_availability_zones.this"
          ]
        }
      ]
    },
    {
      "module": "module.vpc_gateway",
      "mode": "managed",
      "type": "aws_internet_gateway",
      "name": "igw",
      "provider": "provider[\"registry.terraform.io/hashicorp/aws\"]",
      "instances": [
        {
          "schema_version": 0,
          "attributes": {
            "arn": "arn:aws:ec2:eu-west-2:928470004462:internet-gateway/igw-07772ad568c833e19",
            "id": "igw-07772ad568c833e19",
            "owner_id": "928470004462",
            "region": "eu-west-2",
            "tags": {
              "Name": "sentinel-gateway-igw",
              "Owner": "Platform",
              "Project": "Sentinel"
            },
            "tags_all": {
              "Name": "sentinel-gateway-igw",
              "Owner": "Platform",
              "Project": "Sentinel"
            },
            "timeouts": null,
            "vpc_id": "vpc-09d2218133f865a44"
          },
          "sensitive_attributes": [],
          "identity_schema_version": 0,
          "private": "eyJlMmJmYjczMC1lY2FhLTExZTYtOGY4OC0zNDM2M2JjN2M0YzAiOnsiY3JlYXRlIjoxMjAwMDAwMDAwMDAwLCJkZWxldGUiOjEyMDAwMDAwMDAwMDAsInVwZGF0ZSI6MTIwMDAwMDAwMDAwMH19",
          "dependencies": [
            "module.vpc_gateway.aws_vpc.this"
          ]
        }
      ]
    },
    {
      "module": "module.vpc_gateway",
      "mode": "managed",
      "type": "aws_nat_gateway",
      "name": "nat",
      "provider": "provider[\"registry.terraform.io/hashicorp/aws\"]",
      "instances": [
        {
          "index_key": "0",
          "schema_version": 0,
          "attributes": {
            "allocation_id": "eipalloc-0dbfa2492813a65ee",
            "association_id": "eipassoc-017694971869fd399",
            "connectivity_type": "public",
            "id": "nat-01ac3dae5af8d1165",
            "network_interface_id": "eni-0a974874fb43d47f3",
            "private_ip": "10.10.101.232",
            "public_ip": "3.8.244.98",
            "region": "eu-west-2",
            "secondary_allocation_ids": [],
            "secondary_private_ip_address_count": 0,
            "secondary_private_ip_addresses": [],
            "subnet_id": "subnet-096edbd5cb746f838",
            "tags": {
              "Name": "sentinel-gateway-nat-0",
              "Owner": "Platform",
              "Project": "Sentinel"
            },
            "tags_all": {
              "Name": "sentinel-gateway-nat-0",
              "Owner": "Platform",
              "Project": "Sentinel"
            },
            "timeouts": null
          },
          "sensitive_attributes": [],
          "identity_schema_version": 0,
          "private": "eyJlMmJmYjczMC1lY2FhLTExZTYtOGY4OC0zNDM2M2JjN2M0YzAiOnsiY3JlYXRlIjo2MDAwMDAwMDAwMDAsImRlbGV0ZSI6MTgwMDAwMDAwMDAwMCwidXBkYXRlIjo2MDAwMDAwMDAwMDB9fQ==",
          "dependencies": [
            "module.vpc_gateway.aws_eip.nat",
            "module.vpc_gateway.aws_internet_gateway.igw",
            "module.vpc_gateway.aws_subnet.public",
            "module.vpc_gateway.aws_vpc.this",
            "module.vpc_gateway.data.aws_availability_zones.this"
          ]
        },
        {
          "index_key": "1",
          "schema_version": 0,
          "attributes": {
            "allocation_id": "eipalloc-0fac5605f16887f64",
            "association_id": "eipassoc-0d676ca282f313cd3",
            "connectivity_type": "public",
            "id": "nat-0fd4c34f6c2976645",
            "network_interface_id": "eni-0b31ad2f6357a0af1",
            "private_ip": "10.10.102.60",
            "public_ip": "13.43.200.28",
            "region": "eu-west-2",
            "secondary_allocation_ids": [],
            "secondary_private_ip_address_count": 0,
            "secondary_private_ip_addresses": [],
            "subnet_id": "subnet-0a32edff021f237ff",
            "tags": {
              "Name": "sentinel-gateway-nat-1",
              "Owner": "Platform",
              "Project": "Sentinel"
            },
            "tags_all": {
              "Name": "sentinel-gateway-nat-1",
              "Owner": "Platform",
              "Project": "Sentinel"
            },
            "timeouts": null
          },
          "sensitive_attributes": [],
          "identity_schema_version": 0,
          "private": "eyJlMmJmYjczMC1lY2FhLTExZTYtOGY4OC0zNDM2M2JjN2M0YzAiOnsiY3JlYXRlIjo2MDAwMDAwMDAwMDAsImRlbGV0ZSI6MTgwMDAwMDAwMDAwMCwidXBkYXRlIjo2MDAwMDAwMDAwMDB9fQ==",
          "dependencies": [
            "module.vpc_gateway.aws_eip.nat",
            "module.vpc_gateway.aws_internet_gateway.igw",
            "module.vpc_gateway.aws_subnet.public",
            "module.vpc_gateway.aws_vpc.this",
            "module.vpc_gateway.data.aws_availability_zones.this"
          ]
        }
      ]
    },
    {
      "module": "module.vpc_gateway",
      "mode": "managed",
      "type": "aws_route",
      "name": "private_nat",
      "provider": "provider[\"registry.terraform.io/hashicorp/aws\"]",
      "instances": [
        {
          "index_key": "0",
          "schema_version": 0,
          "attributes": {
            "carrier_gateway_id": "",
            "core_network_arn": "",
            "destination_cidr_block": "0.0.0.0/0",
            "destination_ipv6_cidr_block": "",
            "destination_prefix_list_id": "",
            "egress_only_gateway_id": "",
            "gateway_id": "",
            "id": "r-rtb-017ebf3cb78610c781080289494",
            "instance_id": "",
            "instance_owner_id": "",
            "local_gateway_id": "",
            "nat_gateway_id": "nat-01ac3dae5af8d1165",
            "network_interface_id": "",
            "origin": "CreateRoute",
            "region": "eu-west-2",
            "route_table_id": "rtb-017ebf3cb78610c78",
            "state": "active",
            "timeouts": null,
            "transit_gateway_id": "",
            "vpc_endpoint_id": "",
            "vpc_peering_connection_id": ""
          },
          "sensitive_attributes": [],
          "identity_schema_version": 0,
          "identity": {
            "account_id": "928470004462",
            "destination_cidr_block": "0.0.0.0/0",
            "destination_ipv6_cidr_block": null,
            "destination_prefix_list_id": null,
            "region": "eu-west-2",
            "route_table_id": "rtb-017ebf3cb78610c78"
          },
          "private": "eyJlMmJmYjczMC1lY2FhLTExZTYtOGY4OC0zNDM2M2JjN2M0YzAiOnsiY3JlYXRlIjozMDAwMDAwMDAwMDAsImRlbGV0ZSI6MzAwMDAwMDAwMDAwLCJ1cGRhdGUiOjEyMDAwMDAwMDAwMH19",
          "dependencies": [
            "module.vpc_gateway.aws_eip.nat",
            "module.vpc_gateway.aws_internet_gateway.igw",
            "module.vpc_gateway.aws_nat_gateway.nat",
            "module.vpc_gateway.aws_route_table.private",
            "module.vpc_gateway.aws_subnet.private",
            "module.vpc_gateway.aws_subnet.public",
            "module.vpc_gateway.aws_vpc.this",
            "module.vpc_gateway.data.aws_availability_zones.this"
          ]
        },
        {
          "index_key": "1",
          "schema_version": 0,
          "attributes": {
            "carrier_gateway_id": "",
            "core_network_arn": "",
            "destination_cidr_block": "0.0.0.0/0",
            "destination_ipv6_cidr_block": "",
            "destination_prefix_list_id": "",
            "egress_only_gateway_id": "",
            "gateway_id": "",
            "id": "r-rtb-02bff00d79d5e36001080289494",
            "instance_id": "",
            "instance_owner_id": "",
            "local_gateway_id": "",
            "nat_gateway_id": "nat-0fd4c34f6c2976645",
            "network_interface_id": "",
            "origin": "CreateRoute",
            "region": "eu-west-2",
            "route_table_id": "rtb-02bff00d79d5e3600",
            "state": "active",
            "timeouts": null,
            "transit_gateway_id": "",
            "vpc_endpoint_id": "",
            "vpc_peering_connection_id": ""
          },
          "sensitive_attributes": [],
          "identity_schema_version": 0,
          "identity": {
            "account_id": "928470004462",
            "destination_cidr_block": "0.0.0.0/0",
            "destination_ipv6_cidr_block": null,
            "destination_prefix_list_id": null,
            "region": "eu-west-2",
            "route_table_id": "rtb-02bff00d79d5e3600"
          },
          "private": "eyJlMmJmYjczMC1lY2FhLTExZTYtOGY4OC0zNDM2M2JjN2M0YzAiOnsiY3JlYXRlIjozMDAwMDAwMDAwMDAsImRlbGV0ZSI6MzAwMDAwMDAwMDAwLCJ1cGRhdGUiOjEyMDAwMDAwMDAwMH19",
          "dependencies": [
            "module.vpc_gateway.aws_eip.nat",
            "module.vpc_gateway.aws_internet_gateway.igw",
            "module.vpc_gateway.aws_nat_gateway.nat",
            "module.vpc_gateway.aws_route_table.private",
            "module.vpc_gateway.aws_subnet.private",
            "module.vpc_gateway.aws_subnet.public",
            "module.vpc_gateway.aws_vpc.this",
            "module.vpc_gateway.data.aws_availability_zones.this"
          ]
        }
      ]
    },
    {
      "module": "module.vpc_gateway",
      "mode": "managed",
      "type": "aws_route",
      "name": "public_internet",
      "provider": "provider[\"registry.terraform.io/hashicorp/aws\"]",
      "instances": [
        {
          "schema_version": 0,
          "attributes": {
            "carrier_gateway_id": "",
            "core_network_arn": "",
            "destination_cidr_block": "0.0.0.0/0",
            "destination_ipv6_cidr_block": "",
            "destination_prefix_list_id": "",
            "egress_only_gateway_id": "",
            "gateway_id": "igw-07772ad568c833e19",
            "id": "r-rtb-0a393e5d09f6d23c31080289494",
            "instance_id": "",
            "instance_owner_id": "",
            "local_gateway_id": "",
            "nat_gateway_id": "",
            "network_interface_id": "",
            "origin": "CreateRoute",
            "region": "eu-west-2",
            "route_table_id": "rtb-0a393e5d09f6d23c3",
            "state": "active",
            "timeouts": null,
            "transit_gateway_id": "",
            "vpc_endpoint_id": "",
            "vpc_peering_connection_id": ""
          },
          "sensitive_attributes": [],
          "identity_schema_version": 0,
          "identity": {
            "account_id": "928470004462",
            "destination_cidr_block": "0.0.0.0/0",
            "destination_ipv6_cidr_block": null,
            "destination_prefix_list_id": null,
            "region": "eu-west-2",
            "route_table_id": "rtb-0a393e5d09f6d23c3"
          },
          "private": "eyJlMmJmYjczMC1lY2FhLTExZTYtOGY4OC0zNDM2M2JjN2M0YzAiOnsiY3JlYXRlIjozMDAwMDAwMDAwMDAsImRlbGV0ZSI6MzAwMDAwMDAwMDAwLCJ1cGRhdGUiOjEyMDAwMDAwMDAwMH19",
          "dependencies": [
            "module.vpc_gateway.aws_internet_gateway.igw",
            "module.vpc_gateway.aws_route_table.public",
            "module.vpc_gateway.aws_vpc.this"
          ]
        }
      ]
    },
    {
      "module": "module.vpc_gateway",
      "mode": "managed",
      "type": "aws_route_table",
      "name": "private",
      "provider": "provider[\"registry.terraform.io/hashicorp/aws\"]",
      "instances": [
        {
          "index_key": "0",
          "schema_version": 0,
          "attributes": {
            "arn": "arn:aws:ec2:eu-west-2:928470004462:route-table/rtb-017ebf3cb78610c78",
            "id": "rtb-017ebf3cb78610c78",
            "owner_id": "928470004462",
            "propagating_vgws": [],
            "region": "eu-west-2",
            "route": [],
            "tags": {
              "Name": "sentinel-gateway-private-0",
              "Owner": "Platform",
              "Project": "Sentinel"
            },
            "tags_all": {
              "Name": "sentinel-gateway-private-0",
              "Owner": "Platform",
              "Project": "Sentinel"
            },
            "timeouts": null,
            "vpc_id": "vpc-09d2218133f865a44"
          },
          "sensitive_attributes": [],
          "identity_schema_version": 0,
          "identity": {
            "account_id": "928470004462",
            "id": "rtb-017ebf3cb78610c78",
            "region": "eu-west-2"
          },
          "private": "eyJlMmJmYjczMC1lY2FhLTExZTYtOGY4OC0zNDM2M2JjN2M0YzAiOnsiY3JlYXRlIjozMDAwMDAwMDAwMDAsImRlbGV0ZSI6MzAwMDAwMDAwMDAwLCJ1cGRhdGUiOjEyMDAwMDAwMDAwMH19",
          "dependencies": [
            "module.vpc_gateway.aws_subnet.private",
            "module.vpc_gateway.aws_vpc.this",
            "module.vpc_gateway.data.aws_availability_zones.this"
          ]
        },
        {
          "index_key": "1",
          "schema_version": 0,
          "attributes": {
            "arn": "arn:aws:ec2:eu-west-2:928470004462:route-table/rtb-02bff00d79d5e3600",
            "id": "rtb-02bff00d79d5e3600",
            "owner_id": "928470004462",
            "propagating_vgws": [],
            "region": "eu-west-2",
            "route": [],
            "tags": {
              "Name": "sentinel-gateway-private-1",
              "Owner": "Platform",
              "Project": "Sentinel"
            },
            "tags_all": {
              "Name": "sentinel-gateway-private-1",
              "Owner": "Platform",
              "Project": "Sentinel"
            },
            "timeouts": null,
            "vpc_id": "vpc-09d2218133f865a44"
          },
          "sensitive_attributes": [],
          "identity_schema_version": 0,
          "identity": {
            "account_id": "928470004462",
            "id": "rtb-02bff00d79d5e3600",
            "region": "eu-west-2"
          },
          "private": "eyJlMmJmYjczMC1lY2FhLTExZTYtOGY4OC0zNDM2M2JjN2M0YzAiOnsiY3JlYXRlIjozMDAwMDAwMDAwMDAsImRlbGV0ZSI6MzAwMDAwMDAwMDAwLCJ1cGRhdGUiOjEyMDAwMDAwMDAwMH19",
          "dependencies": [
            "module.vpc_gateway.aws_subnet.private",
            "module.vpc_gateway.aws_vpc.this",
            "module.vpc_gateway.data.aws_availability_zones.this"
          ]
        }
      ]
    },
    {
      "module": "module.vpc_gateway",
      "mode": "managed",
      "type": "aws_route_table",
      "name": "public",
      "provider": "provider[\"registry.terraform.io/hashicorp/aws\"]",
      "instances": [
        {
          "schema_version": 0,
          "attributes": {
            "arn": "arn:aws:ec2:eu-west-2:928470004462:route-table/rtb-0a393e5d09f6d23c3",
            "id": "rtb-0a393e5d09f6d23c3",
            "owner_id": "928470004462",
            "propagating_vgws": [],
            "region": "eu-west-2",
            "route": [],
            "tags": {
              "Name": "sentinel-gateway-public",
              "Owner": "Platform",
              "Project": "Sentinel"
            },
            "tags_all": {
              "Name": "sentinel-gateway-public",
              "Owner": "Platform",
              "Project": "Sentinel"
            },
            "timeouts": null,
            "vpc_id": "vpc-09d2218133f865a44"
          },
          "sensitive_attributes": [],
          "identity_schema_version": 0,
          "identity": {
            "account_id": "928470004462",
            "id": "rtb-0a393e5d09f6d23c3",
            "region": "eu-west-2"
          },
          "private": "eyJlMmJmYjczMC1lY2FhLTExZTYtOGY4OC0zNDM2M2JjN2M0YzAiOnsiY3JlYXRlIjozMDAwMDAwMDAwMDAsImRlbGV0ZSI6MzAwMDAwMDAwMDAwLCJ1cGRhdGUiOjEyMDAwMDAwMDAwMH19",
          "dependencies": [
            "module.vpc_gateway.aws_vpc.this"
          ]
        }
      ]
    },
    {
      "module": "module.vpc_gateway",
      "mode": "managed",
      "type": "aws_route_table_association",
      "name": "private",
      "provider": "provider[\"registry.terraform.io/hashicorp/aws\"]",
      "instances": [
        {
          "index_key": "0",
          "schema_version": 0,
          "attributes": {
            "gateway_id": "",
            "id": "rtbassoc-0e3fe86f2a02be89e",
            "region": "eu-west-2",
            "route_table_id": "rtb-017ebf3cb78610c78",
            "subnet_id": "subnet-03df66fd0c80f723a",
            "timeouts": null
          },
          "sensitive_attributes": [],
          "identity_schema_version": 0,
          "private": "eyJlMmJmYjczMC1lY2FhLTExZTYtOGY4OC0zNDM2M2JjN2M0YzAiOnsiY3JlYXRlIjozMDAwMDAwMDAwMDAsImRlbGV0ZSI6MzAwMDAwMDAwMDAwLCJ1cGRhdGUiOjEyMDAwMDAwMDAwMH19",
          "dependencies": [
            "module.vpc_gateway.aws_route_table.private",
            "module.vpc_gateway.aws_subnet.private",
            "module.vpc_gateway.aws_vpc.this",
            "module.vpc_gateway.data.aws_availability_zones.this"
          ]
        },
        {
          "index_key": "1",
          "schema_version": 0,
          "attributes": {
            "gateway_id": "",
            "id": "rtbassoc-017acab962dfb2ea6",
            "region": "eu-west-2",
            "route_table_id": "rtb-02bff00d79d5e3600",
            "subnet_id": "subnet-068a6a276e18c30c7",
            "timeouts": null
          },
          "sensitive_attributes": [],
          "identity_schema_version": 0,
          "private": "eyJlMmJmYjczMC1lY2FhLTExZTYtOGY4OC0zNDM2M2JjN2M0YzAiOnsiY3JlYXRlIjozMDAwMDAwMDAwMDAsImRlbGV0ZSI6MzAwMDAwMDAwMDAwLCJ1cGRhdGUiOjEyMDAwMDAwMDAwMH19",
          "dependencies": [
            "module.vpc_gateway.aws_route_table.private",
            "module.vpc_gateway.aws_subnet.private",
            "module.vpc_gateway.aws_vpc.this",
            "module.vpc_gateway.data.aws_availability_zones.this"
          ]
        }
      ]
    },
    {
      "module": "module.vpc_gateway",
      "mode": "managed",
      "type": "aws_route_table_association",
      "name": "public",
      "provider": "provider[\"registry.terraform.io/hashicorp/aws\"]",
      "instances": [
        {
          "index_key": "0",
          "schema_version": 0,
          "attributes": {
            "gateway_id": "",
            "id": "rtbassoc-0e33192b426cdf8bf",
            "region": "eu-west-2",
            "route_table_id": "rtb-0a393e5d09f6d23c3",
            "subnet_id": "subnet-096edbd5cb746f838",
            "timeouts": null
          },
          "sensitive_attributes": [],
          "identity_schema_version": 0,
          "private": "eyJlMmJmYjczMC1lY2FhLTExZTYtOGY4OC0zNDM2M2JjN2M0YzAiOnsiY3JlYXRlIjozMDAwMDAwMDAwMDAsImRlbGV0ZSI6MzAwMDAwMDAwMDAwLCJ1cGRhdGUiOjEyMDAwMDAwMDAwMH19",
          "dependencies": [
            "module.vpc_gateway.aws_route_table.public",
            "module.vpc_gateway.aws_subnet.public",
            "module.vpc_gateway.aws_vpc.this",
            "module.vpc_gateway.data.aws_availability_zones.this"
          ]
        },
        {
          "index_key": "1",
          "schema_version": 0,
          "attributes": {
            "gateway_id": "",
            "id": "rtbassoc-092cc8696d8b1f1eb",
            "region": "eu-west-2",
            "route_table_id": "rtb-0a393e5d09f6d23c3",
            "subnet_id": "subnet-0a32edff021f237ff",
            "timeouts": null
          },
          "sensitive_attributes": [],
          "identity_schema_version": 0,
          "private": "eyJlMmJmYjczMC1lY2FhLTExZTYtOGY4OC0zNDM2M2JjN2M0YzAiOnsiY3JlYXRlIjozMDAwMDAwMDAwMDAsImRlbGV0ZSI6MzAwMDAwMDAwMDAwLCJ1cGRhdGUiOjEyMDAwMDAwMDAwMH19",
          "dependencies": [
            "module.vpc_gateway.aws_route_table.public",
            "module.vpc_gateway.aws_subnet.public",
            "module.vpc_gateway.aws_vpc.this",
            "module.vpc_gateway.data.aws_availability_zones.this"
          ]
        }
      ]
    },
    {
      "module": "module.vpc_gateway",
      "mode": "managed",
      "type": "aws_security_group",
      "name": "endpoints",
      "provider": "provider[\"registry.terraform.io/hashicorp/aws\"]",
      "instances": [
        {
          "schema_version": 1,
          "attributes": {
            "arn": "arn:aws:ec2:eu-west-2:928470004462:security-group/sg-070e1d05560d3462e",
            "description": "Allow VPC internal traffic to interface endpoints",
            "egress": [
              {
                "cidr_blocks": [
                  "0.0.0.0/0"
                ],
                "description": "",
                "from_port": 0,
                "ipv6_cidr_blocks": [],
                "prefix_list_ids": [],
                "protocol": "-1",
                "security_groups": [],
                "self": false,
                "to_port": 0
              }
            ],
            "id": "sg-070e1d05560d3462e",
            "ingress": [
              {
                "cidr_blocks": [
                  "10.10.0.0/16"
                ],
                "description": "",
                "from_port": 443,
                "ipv6_cidr_blocks": [],
                "prefix_list_ids": [],
                "protocol": "tcp",
                "security_groups": [],
                "self": false,
                "to_port": 443
              }
            ],
            "name": "sentinel-gateway-vpce-sg",
            "name_prefix": "",
            "owner_id": "928470004462",
            "region": "eu-west-2",
            "revoke_rules_on_delete": false,
            "tags": {
              "Name": "sentinel-gateway-vpce-sg",
              "Owner": "Platform",
              "Project": "Sentinel"
            },
            "tags_all": {
              "Name": "sentinel-gateway-vpce-sg",
              "Owner": "Platform",
              "Project": "Sentinel"
            },
            "timeouts": null,
            "vpc_id": "vpc-09d2218133f865a44"
          },
          "sensitive_attributes": [],
          "identity_schema_version": 0,
          "identity": {
            "account_id": "928470004462",
            "id": "sg-070e1d05560d3462e",
            "region": "eu-west-2"
          },
          "private": "eyJlMmJmYjczMC1lY2FhLTExZTYtOGY4OC0zNDM2M2JjN2M0YzAiOnsiY3JlYXRlIjo2MDAwMDAwMDAwMDAsImRlbGV0ZSI6OTAwMDAwMDAwMDAwfSwic2NoZW1hX3ZlcnNpb24iOiIxIn0=",
          "dependencies": [
            "module.vpc_gateway.aws_vpc.this"
          ]
        }
      ]
    },
    {
      "module": "module.vpc_gateway",
      "mode": "managed",
      "type": "aws_subnet",
      "name": "private",
      "provider": "provider[\"registry.terraform.io/hashicorp/aws\"]",
      "instances": [
        {
          "index_key": "0",
          "schema_version": 1,
          "attributes": {
            "arn": "arn:aws:ec2:eu-west-2:928470004462:subnet/subnet-03df66fd0c80f723a",
            "assign_ipv6_address_on_creation": false,
            "availability_zone": "eu-west-2a",
            "availability_zone_id": "euw2-az2",
            "cidr_block": "10.10.1.0/24",
            "customer_owned_ipv4_pool": "",
            "enable_dns64": false,
            "enable_lni_at_device_index": 0,
            "enable_resource_name_dns_a_record_on_launch": false,
            "enable_resource_name_dns_aaaa_record_on_launch": false,
            "id": "subnet-03df66fd0c80f723a",
            "ipv6_cidr_block": "",
            "ipv6_cidr_block_association_id": "",
            "ipv6_native": false,
            "map_customer_owned_ip_on_launch": false,
            "map_public_ip_on_launch": false,
            "outpost_arn": "",
            "owner_id": "928470004462",
            "private_dns_hostname_type_on_launch": "ip-name",
            "region": "eu-west-2",
            "tags": {
              "Name": "sentinel-gateway-private-0",
              "Owner": "Platform",
              "Project": "Sentinel",
              "kubernetes.io/cluster/sentinel-eks-gateway": "shared"
            },
            "tags_all": {
              "Name": "sentinel-gateway-private-0",
              "Owner": "Platform",
              "Project": "Sentinel",
              "kubernetes.io/cluster/sentinel-eks-gateway": "shared"
            },
            "timeouts": null,
            "vpc_id": "vpc-09d2218133f865a44"
          },
          "sensitive_attributes": [],
          "identity_schema_version": 0,
          "identity": {
            "account_id": "928470004462",
            "id": "subnet-03df66fd0c80f723a",
            "region": "eu-west-2"
          },
          "private": "eyJlMmJmYjczMC1lY2FhLTExZTYtOGY4OC0zNDM2M2JjN2M0YzAiOnsiY3JlYXRlIjo2MDAwMDAwMDAwMDAsImRlbGV0ZSI6MTIwMDAwMDAwMDAwMH0sInNjaGVtYV92ZXJzaW9uIjoiMSJ9",
          "dependencies": [
            "module.vpc_gateway.aws_vpc.this",
            "module.vpc_gateway.data.aws_availability_zones.this"
          ]
        },
        {
          "index_key": "1",
          "schema_version": 1,
          "attributes": {
            "arn": "arn:aws:ec2:eu-west-2:928470004462:subnet/subnet-068a6a276e18c30c7",
            "assign_ipv6_address_on_creation": false,
            "availability_zone": "eu-west-2b",
            "availability_zone_id": "euw2-az3",
            "cidr_block": "10.10.2.0/24",
            "customer_owned_ipv4_pool": "",
            "enable_dns64": false,
            "enable_lni_at_device_index": 0,
            "enable_resource_name_dns_a_record_on_launch": false,
            "enable_resource_name_dns_aaaa_record_on_launch": false,
            "id": "subnet-068a6a276e18c30c7",
            "ipv6_cidr_block": "",
            "ipv6_cidr_block_association_id": "",
            "ipv6_native": false,
            "map_customer_owned_ip_on_launch": false,
            "map_public_ip_on_launch": false,
            "outpost_arn": "",
            "owner_id": "928470004462",
            "private_dns_hostname_type_on_launch": "ip-name",
            "region": "eu-west-2",
            "tags": {
              "Name": "sentinel-gateway-private-1",
              "Owner": "Platform",
              "Project": "Sentinel",
              "kubernetes.io/cluster/sentinel-eks-gateway": "shared"
            },
            "tags_all": {
              "Name": "sentinel-gateway-private-1",
              "Owner": "Platform",
              "Project": "Sentinel",
              "kubernetes.io/cluster/sentinel-eks-gateway": "shared"
            },
            "timeouts": null,
            "vpc_id": "vpc-09d2218133f865a44"
          },
          "sensitive_attributes": [],
          "identity_schema_version": 0,
          "identity": {
            "account_id": "928470004462",
            "id": "subnet-068a6a276e18c30c7",
            "region": "eu-west-2"
          },
          "private": "eyJlMmJmYjczMC1lY2FhLTExZTYtOGY4OC0zNDM2M2JjN2M0YzAiOnsiY3JlYXRlIjo2MDAwMDAwMDAwMDAsImRlbGV0ZSI6MTIwMDAwMDAwMDAwMH0sInNjaGVtYV92ZXJzaW9uIjoiMSJ9",
          "dependencies": [
            "module.vpc_gateway.aws_vpc.this",
            "module.vpc_gateway.data.aws_availability_zones.this"
          ]
        }
      ]
    },
    {
      "module": "module.vpc_gateway",
      "mode": "managed",
      "type": "aws_subnet",
      "name": "public",
      "provider": "provider[\"registry.terraform.io/hashicorp/aws\"]",
      "instances": [
        {
          "index_key": "0",
          "schema_version": 1,
          "attributes": {
            "arn": "arn:aws:ec2:eu-west-2:928470004462:subnet/subnet-096edbd5cb746f838",
            "assign_ipv6_address_on_creation": false,
            "availability_zone": "eu-west-2a",
            "availability_zone_id": "euw2-az2",
            "cidr_block": "10.10.101.0/24",
            "customer_owned_ipv4_pool": "",
            "enable_dns64": false,
            "enable_lni_at_device_index": 0,
            "enable_resource_name_dns_a_record_on_launch": false,
            "enable_resource_name_dns_aaaa_record_on_launch": false,
            "id": "subnet-096edbd5cb746f838",
            "ipv6_cidr_block": "",
            "ipv6_cidr_block_association_id": "",
            "ipv6_native": false,
            "map_customer_owned_ip_on_launch": false,
            "map_public_ip_on_launch": false,
            "outpost_arn": "",
            "owner_id": "928470004462",
            "private_dns_hostname_type_on_launch": "ip-name",
            "region": "eu-west-2",
            "tags": {
              "Name": "sentinel-gateway-public-0",
              "Owner": "Platform",
              "Project": "Sentinel",
              "kubernetes.io/cluster/sentinel-eks-gateway": "shared",
              "kubernetes.io/role/elb": "1"
            },
            "tags_all": {
              "Name": "sentinel-gateway-public-0",
              "Owner": "Platform",
              "Project": "Sentinel",
              "kubernetes.io/cluster/sentinel-eks-gateway": "shared",
              "kubernetes.io/role/elb": "1"
            },
            "timeouts": null,
            "vpc_id": "vpc-09d2218133f865a44"
          },
          "sensitive_attributes": [],
          "identity_schema_version": 0,
          "identity": {
            "account_id": "928470004462",
            "id": "subnet-096edbd5cb746f838",
            "region": "eu-west-2"
          },
          "private": "eyJlMmJmYjczMC1lY2FhLTExZTYtOGY4OC0zNDM2M2JjN2M0YzAiOnsiY3JlYXRlIjo2MDAwMDAwMDAwMDAsImRlbGV0ZSI6MTIwMDAwMDAwMDAwMH0sInNjaGVtYV92ZXJzaW9uIjoiMSJ9",
          "dependencies": [
            "module.vpc_gateway.aws_vpc.this",
            "module.vpc_gateway.data.aws_availability_zones.this"
          ]
        },
        {
          "index_key": "1",
          "schema_version": 1,
          "attributes": {
            "arn": "arn:aws:ec2:eu-west-2:928470004462:subnet/subnet-0a32edff021f237ff",
            "assign_ipv6_address_on_creation": false,
            "availability_zone": "eu-west-2b",
            "availability_zone_id": "euw2-az3",
            "cidr_block": "10.10.102.0/24",
            "customer_owned_ipv4_pool": "",
            "enable_dns64": false,
            "enable_lni_at_device_index": 0,
            "enable_resource_name_dns_a_record_on_launch": false,
            "enable_resource_name_dns_aaaa_record_on_launch": false,
            "id": "subnet-0a32edff021f237ff",
            "ipv6_cidr_block": "",
            "ipv6_cidr_block_association_id": "",
            "ipv6_native": false,
            "map_customer_owned_ip_on_launch": false,
            "map_public_ip_on_launch": false,
            "outpost_arn": "",
            "owner_id": "928470004462",
            "private_dns_hostname_type_on_launch": "ip-name",
            "region": "eu-west-2",
            "tags": {
              "Name": "sentinel-gateway-public-1",
              "Owner": "Platform",
              "Project": "Sentinel",
              "kubernetes.io/cluster/sentinel-eks-gateway": "shared",
              "kubernetes.io/role/elb": "1"
            },
            "tags_all": {
              "Name": "sentinel-gateway-public-1",
              "Owner": "Platform",
              "Project": "Sentinel",
              "kubernetes.io/cluster/sentinel-eks-gateway": "shared",
              "kubernetes.io/role/elb": "1"
            },
            "timeouts": null,
            "vpc_id": "vpc-09d2218133f865a44"
          },
          "sensitive_attributes": [],
          "identity_schema_version": 0,
          "identity": {
            "account_id": "928470004462",
            "id": "subnet-0a32edff021f237ff",
            "region": "eu-west-2"
          },
          "private": "eyJlMmJmYjczMC1lY2FhLTExZTYtOGY4OC0zNDM2M2JjN2M0YzAiOnsiY3JlYXRlIjo2MDAwMDAwMDAwMDAsImRlbGV0ZSI6MTIwMDAwMDAwMDAwMH0sInNjaGVtYV92ZXJzaW9uIjoiMSJ9",
          "dependencies": [
            "module.vpc_gateway.aws_vpc.this",
            "module.vpc_gateway.data.aws_availability_zones.this"
          ]
        }
      ]
    },
    {
      "module": "module.vpc_gateway",
      "mode": "managed",
      "type": "aws_vpc",
      "name": "this",
      "provider": "provider[\"registry.terraform.io/hashicorp/aws\"]",
      "instances": [
        {
          "schema_version": 1,
          "attributes": {
            "arn": "arn:aws:ec2:eu-west-2:928470004462:vpc/vpc-09d2218133f865a44",
            "assign_generated_ipv6_cidr_block": false,
            "cidr_block": "10.10.0.0/16",
            "default_network_acl_id": "acl-02da65aa60b91ac3f",
            "default_route_table_id": "rtb-010d03e91649137e3",
            "default_security_group_id": "sg-0a3040ef1ddf645bc",
            "dhcp_options_id": "dopt-04f788a94684bdb20",
            "enable_dns_hostnames": true,
            "enable_dns_support": true,
            "enable_network_address_usage_metrics": false,
            "id": "vpc-09d2218133f865a44",
            "instance_tenancy": "default",
            "ipv4_ipam_pool_id": null,
            "ipv4_netmask_length": null,
            "ipv6_association_id": "",
            "ipv6_cidr_block": "",
            "ipv6_cidr_block_network_border_group": "",
            "ipv6_ipam_pool_id": "",
            "ipv6_netmask_length": 0,
            "main_route_table_id": "rtb-010d03e91649137e3",
            "owner_id": "928470004462",
            "region": "eu-west-2",
            "tags": {
              "Name": "sentinel-gateway",
              "Owner": "Platform",
              "Project": "Sentinel"
            },
            "tags_all": {
              "Name": "sentinel-gateway",
              "Owner": "Platform",
              "Project": "Sentinel"
            }
          },
          "sensitive_attributes": [],
          "identity_schema_version": 0,
          "private": "eyJzY2hlbWFfdmVyc2lvbiI6IjEifQ=="
        }
      ]
    },
    {
      "module": "module.vpc_gateway",
      "mode": "managed",
      "type": "aws_vpc_endpoint",
      "name": "gateway",
      "provider": "provider[\"registry.terraform.io/hashicorp/aws\"]",
      "instances": [
        {
          "index_key": "s3",
          "schema_version": 0,
          "attributes": {
            "arn": "arn:aws:ec2:eu-west-2:928470004462:vpc-endpoint/vpce-073049f1f5f4bf589",
            "auto_accept": null,
            "cidr_blocks": [
              "52.95.150.0/24",
              "52.95.191.0/24",
              "52.95.142.0/23",
              "16.12.16.0/23",
              "3.5.244.0/22",
              "52.219.219.0/24",
              "52.95.144.0/24",
              "52.95.148.0/23",
              "16.12.15.0/24"
            ],
            "dns_entry": [],
            "dns_options": [],
            "id": "vpce-073049f1f5f4bf589",
            "ip_address_type": "",
            "network_interface_ids": [],
            "owner_id": "928470004462",
            "policy": "{\"Statement\":[{\"Action\":\"*\",\"Effect\":\"Allow\",\"Principal\":\"*\",\"Resource\":\"*\"}],\"Version\":\"2008-10-17\"}",
            "prefix_list_id": "pl-7ca54015",
            "private_dns_enabled": false,
            "region": "eu-west-2",
            "requester_managed": false,
            "resource_configuration_arn": "",
            "route_table_ids": [
              "rtb-017ebf3cb78610c78",
              "rtb-02bff00d79d5e3600"
            ],
            "security_group_ids": [],
            "service_name": "com.amazonaws.eu-west-2.s3",
            "service_network_arn": "",
            "service_region": "eu-west-2",
            "state": "available",
            "subnet_configuration": [],
            "subnet_ids": [],
            "tags": {
              "Name": "sentinel-gateway-vpce-s3",
              "Owner": "Platform",
              "Project": "Sentinel"
            },
            "tags_all": {
              "Name": "sentinel-gateway-vpce-s3",
              "Owner": "Platform",
              "Project": "Sentinel"
            },
            "timeouts": null,
            "vpc_endpoint_type": "Gateway",
            "vpc_id": "vpc-09d2218133f865a44"
          },
          "sensitive_attributes": [],
          "identity_schema_version": 0,
          "private": "eyJlMmJmYjczMC1lY2FhLTExZTYtOGY4OC0zNDM2M2JjN2M0YzAiOnsiY3JlYXRlIjo2MDAwMDAwMDAwMDAsImRlbGV0ZSI6NjAwMDAwMDAwMDAwLCJ1cGRhdGUiOjYwMDAwMDAwMDAwMH19",
          "dependencies": [
            "module.vpc_gateway.aws_route_table.private",
            "module.vpc_gateway.aws_subnet.private",
            "module.vpc_gateway.aws_vpc.this",
            "module.vpc_gateway.data.aws_availability_zones.this",
            "module.vpc_gateway.data.aws_region.current"
          ]
        }
      ]
    },
    {
      "module": "module.vpc_gateway",
      "mode": "managed",
      "type": "aws_vpc_endpoint",
      "name": "interface",
      "provider": "provider[\"registry.terraform.io/hashicorp/aws\"]",
      "instances": [
        {
          "index_key": "com.amazonaws.eu-west-2.ec2",
          "schema_version": 0,
          "attributes": {
            "arn": "arn:aws:ec2:eu-west-2:928470004462:vpc-endpoint/vpce-0109728758b8e8e94",
            "auto_accept": null,
            "cidr_blocks": [],
            "dns_entry": [
              {
                "dns_name": "vpce-0109728758b8e8e94-ozerrjwv.ec2.eu-west-2.vpce.amazonaws.com",
                "hosted_zone_id": "Z7K1066E3PUKB"
              },
              {
                "dns_name": "vpce-0109728758b8e8e94-ozerrjwv-eu-west-2b.ec2.eu-west-2.vpce.amazonaws.com",
                "hosted_zone_id": "Z7K1066E3PUKB"
              },
              {
                "dns_name": "vpce-0109728758b8e8e94-ozerrjwv-eu-west-2a.ec2.eu-west-2.vpce.amazonaws.com",
                "hosted_zone_id": "Z7K1066E3PUKB"
              },
              {
                "dns_name": "ec2.eu-west-2.amazonaws.com",
                "hosted_zone_id": "Z03546681L4TVIXIW4DNK"
              },
              {
                "dns_name": "ec2.eu-west-2.api.aws",
                "hosted_zone_id": "Z01917721KHX8NUKCDOBA"
              }
            ],
            "dns_options": [
              {
                "dns_record_ip_type": "ipv4",
                "private_dns_only_for_inbound_resolver_endpoint": false
              }
            ],
            "id": "vpce-0109728758b8e8e94",
            "ip_address_type": "ipv4",
            "network_interface_ids": [
              "eni-02f4ec8dc019a6bc2",
              "eni-04167567ea8f6f4b8"
            ],
            "owner_id": "928470004462",
            "policy": "{\"Statement\":[{\"Action\":\"*\",\"Effect\":\"Allow\",\"Principal\":\"*\",\"Resource\":\"*\"}]}",
            "prefix_list_id": null,
            "private_dns_enabled": true,
            "region": "eu-west-2",
            "requester_managed": false,
            "resource_configuration_arn": "",
            "route_table_ids": [],
            "security_group_ids": [
              "sg-070e1d05560d3462e"
            ],
            "service_name": "com.amazonaws.eu-west-2.ec2",
            "service_network_arn": "",
            "service_region": "eu-west-2",
            "state": "available",
            "subnet_configuration": [
              {
                "ipv4": "10.10.1.101",
                "ipv6": "",
                "subnet_id": "subnet-03df66fd0c80f723a"
              },
              {
                "ipv4": "10.10.2.155",
                "ipv6": "",
                "subnet_id": "subnet-068a6a276e18c30c7"
              }
            ],
            "subnet_ids": [
              "subnet-03df66fd0c80f723a",
              "subnet-068a6a276e18c30c7"
            ],
            "tags": {
              "Name": "sentinel-gateway-vpce-ec2",
              "Owner": "Platform",
              "Project": "Sentinel"
            },
            "tags_all": {
              "Name": "sentinel-gateway-vpce-ec2",
              "Owner": "Platform",
              "Project": "Sentinel"
            },
            "timeouts": null,
            "vpc_endpoint_type": "Interface",
            "vpc_id": "vpc-09d2218133f865a44"
          },
          "sensitive_attributes": [],
          "identity_schema_version": 0,
          "private": "eyJlMmJmYjczMC1lY2FhLTExZTYtOGY4OC0zNDM2M2JjN2M0YzAiOnsiY3JlYXRlIjo2MDAwMDAwMDAwMDAsImRlbGV0ZSI6NjAwMDAwMDAwMDAwLCJ1cGRhdGUiOjYwMDAwMDAwMDAwMH19",
          "dependencies": [
            "module.vpc_gateway.aws_security_group.endpoints",
            "module.vpc_gateway.aws_subnet.private",
            "module.vpc_gateway.aws_vpc.this",
            "module.vpc_gateway.data.aws_availability_zones.this",
            "module.vpc_gateway.data.aws_region.current"
          ]
        },
        {
          "index_key": "com.amazonaws.eu-west-2.ec2messages",
          "schema_version": 0,
          "attributes": {
            "arn": "arn:aws:ec2:eu-west-2:928470004462:vpc-endpoint/vpce-05c0d990a61dfba0f",
            "auto_accept": null,
            "cidr_blocks": [],
            "dns_entry": [
              {
                "dns_name": "vpce-05c0d990a61dfba0f-ofdzfs9t.ec2messages.eu-west-2.vpce.amazonaws.com",
                "hosted_zone_id": "Z7K1066E3PUKB"
              },
              {
                "dns_name": "vpce-05c0d990a61dfba0f-ofdzfs9t-eu-west-2b.ec2messages.eu-west-2.vpce.amazonaws.com",
                "hosted_zone_id": "Z7K1066E3PUKB"
              },
              {
                "dns_name": "vpce-05c0d990a61dfba0f-ofdzfs9t-eu-west-2a.ec2messages.eu-west-2.vpce.amazonaws.com",
                "hosted_zone_id": "Z7K1066E3PUKB"
              },
              {
                "dns_name": "ec2messages.eu-west-2.amazonaws.com",
                "hosted_zone_id": "Z03554642YHF9XQ6F42A9"
              }
            ],
            "dns_options": [
              {
                "dns_record_ip_type": "ipv4",
                "private_dns_only_for_inbound_resolver_endpoint": false
              }
            ],
            "id": "vpce-05c0d990a61dfba0f",
            "ip_address_type": "ipv4",
            "network_interface_ids": [
              "eni-0044a727a10a83d5c",
              "eni-0f3eb8c574f82f43d"
            ],
            "owner_id": "928470004462",
            "policy": "{\"Statement\":[{\"Action\":\"*\",\"Effect\":\"Allow\",\"Principal\":\"*\",\"Resource\":\"*\"}]}",
            "prefix_list_id": null,
            "private_dns_enabled": true,
            "region": "eu-west-2",
            "requester_managed": false,
            "resource_configuration_arn": "",
            "route_table_ids": [],
            "security_group_ids": [
              "sg-070e1d05560d3462e"
            ],
            "service_name": "com.amazonaws.eu-west-2.ec2messages",
            "service_network_arn": "",
            "service_region": "eu-west-2",
            "state": "available",
            "subnet_configuration": [
              {
                "ipv4": "10.10.1.46",
                "ipv6": "",
                "subnet_id": "subnet-03df66fd0c80f723a"
              },
              {
                "ipv4": "10.10.2.196",
                "ipv6": "",
                "subnet_id": "subnet-068a6a276e18c30c7"
              }
            ],
            "subnet_ids": [
              "subnet-03df66fd0c80f723a",
              "subnet-068a6a276e18c30c7"
            ],
            "tags": {
              "Name": "sentinel-gateway-vpce-ec2messages",
              "Owner": "Platform",
              "Project": "Sentinel"
            },
            "tags_all": {
              "Name": "sentinel-gateway-vpce-ec2messages",
              "Owner": "Platform",
              "Project": "Sentinel"
            },
            "timeouts": null,
            "vpc_endpoint_type": "Interface",
            "vpc_id": "vpc-09d2218133f865a44"
          },
          "sensitive_attributes": [],
          "identity_schema_version": 0,
          "private": "eyJlMmJmYjczMC1lY2FhLTExZTYtOGY4OC0zNDM2M2JjN2M0YzAiOnsiY3JlYXRlIjo2MDAwMDAwMDAwMDAsImRlbGV0ZSI6NjAwMDAwMDAwMDAwLCJ1cGRhdGUiOjYwMDAwMDAwMDAwMH19",
          "dependencies": [
            "module.vpc_gateway.aws_security_group.endpoints",
            "module.vpc_gateway.aws_subnet.private",
            "module.vpc_gateway.aws_vpc.this",
            "module.vpc_gateway.data.aws_availability_zones.this",
            "module.vpc_gateway.data.aws_region.current"
          ]
        },
        {
          "index_key": "com.amazonaws.eu-west-2.ecr.api",
          "schema_version": 0,
          "attributes": {
            "arn": "arn:aws:ec2:eu-west-2:928470004462:vpc-endpoint/vpce-04631a599cc765bc7",
            "auto_accept": null,
            "cidr_blocks": [],
            "dns_entry": [
              {
                "dns_name": "vpce-04631a599cc765bc7-m5z3a3by.api.ecr.eu-west-2.vpce.amazonaws.com",
                "hosted_zone_id": "Z7K1066E3PUKB"
              },
              {
                "dns_name": "vpce-04631a599cc765bc7-m5z3a3by-eu-west-2b.api.ecr.eu-west-2.vpce.amazonaws.com",
                "hosted_zone_id": "Z7K1066E3PUKB"
              },
              {
                "dns_name": "vpce-04631a599cc765bc7-m5z3a3by-eu-west-2a.api.ecr.eu-west-2.vpce.amazonaws.com",
                "hosted_zone_id": "Z7K1066E3PUKB"
              },
              {
                "dns_name": "api.ecr.eu-west-2.amazonaws.com",
                "hosted_zone_id": "Z03540842XRZVM0W6CY0L"
              },
              {
                "dns_name": "ecr.eu-west-2.api.aws",
                "hosted_zone_id": "Z073579838SY2G4BJXL78"
              }
            ],
            "dns_options": [
              {
                "dns_record_ip_type": "ipv4",
                "private_dns_only_for_inbound_resolver_endpoint": false
              }
            ],
            "id": "vpce-04631a599cc765bc7",
            "ip_address_type": "ipv4",
            "network_interface_ids": [
              "eni-01dab7284e1564440",
              "eni-058406afefee9eac9"
            ],
            "owner_id": "928470004462",
            "policy": "{\"Statement\":[{\"Action\":\"*\",\"Effect\":\"Allow\",\"Principal\":\"*\",\"Resource\":\"*\"}]}",
            "prefix_list_id": null,
            "private_dns_enabled": true,
            "region": "eu-west-2",
            "requester_managed": false,
            "resource_configuration_arn": "",
            "route_table_ids": [],
            "security_group_ids": [
              "sg-070e1d05560d3462e"
            ],
            "service_name": "com.amazonaws.eu-west-2.ecr.api",
            "service_network_arn": "",
            "service_region": "eu-west-2",
            "state": "available",
            "subnet_configuration": [
              {
                "ipv4": "10.10.1.17",
                "ipv6": "",
                "subnet_id": "subnet-03df66fd0c80f723a"
              },
              {
                "ipv4": "10.10.2.90",
                "ipv6": "",
                "subnet_id": "subnet-068a6a276e18c30c7"
              }
            ],
            "subnet_ids": [
              "subnet-03df66fd0c80f723a",
              "subnet-068a6a276e18c30c7"
            ],
            "tags": {
              "Name": "sentinel-gateway-vpce-ecr.api",
              "Owner": "Platform",
              "Project": "Sentinel"
            },
            "tags_all": {
              "Name": "sentinel-gateway-vpce-ecr.api",
              "Owner": "Platform",
              "Project": "Sentinel"
            },
            "timeouts": null,
            "vpc_endpoint_type": "Interface",
            "vpc_id": "vpc-09d2218133f865a44"
          },
          "sensitive_attributes": [],
          "identity_schema_version": 0,
          "private": "eyJlMmJmYjczMC1lY2FhLTExZTYtOGY4OC0zNDM2M2JjN2M0YzAiOnsiY3JlYXRlIjo2MDAwMDAwMDAwMDAsImRlbGV0ZSI6NjAwMDAwMDAwMDAwLCJ1cGRhdGUiOjYwMDAwMDAwMDAwMH19",
          "dependencies": [
            "module.vpc_gateway.aws_security_group.endpoints",
            "module.vpc_gateway.aws_subnet.private",
            "module.vpc_gateway.aws_vpc.this",
            "module.vpc_gateway.data.aws_availability_zones.this",
            "module.vpc_gateway.data.aws_region.current"
          ]
        },
        {
          "index_key": "com.amazonaws.eu-west-2.ecr.dkr",
          "schema_version": 0,
          "attributes": {
            "arn": "arn:aws:ec2:eu-west-2:928470004462:vpc-endpoint/vpce-01ab34639d8b5507b",
            "auto_accept": null,
            "cidr_blocks": [],
            "dns_entry": [
              {
                "dns_name": "vpce-01ab34639d8b5507b-j5zmmpwi.dkr.ecr.eu-west-2.vpce.amazonaws.com",
                "hosted_zone_id": "Z7K1066E3PUKB"
              },
              {
                "dns_name": "vpce-01ab34639d8b5507b-j5zmmpwi-eu-west-2b.dkr.ecr.eu-west-2.vpce.amazonaws.com",
                "hosted_zone_id": "Z7K1066E3PUKB"
              },
              {
                "dns_name": "vpce-01ab34639d8b5507b-j5zmmpwi-eu-west-2a.dkr.ecr.eu-west-2.vpce.amazonaws.com",
                "hosted_zone_id": "Z7K1066E3PUKB"
              },
              {
                "dns_name": "dkr.ecr.eu-west-2.amazonaws.com",
                "hosted_zone_id": "Z03596702KEEIUABBDM2D"
              },
              {
                "dns_name": "*.dkr.ecr.eu-west-2.amazonaws.com",
                "hosted_zone_id": "Z03596702KEEIUABBDM2D"
              },
              {
                "dns_name": "dkr-ecr.eu-west-2.on.aws",
                "hosted_zone_id": "Z0736249I2XQM7ZGNA13"
              },
              {
                "dns_name": "*.dkr-ecr.eu-west-2.on.aws",
                "hosted_zone_id": "Z0736249I2XQM7ZGNA13"
              }
            ],
            "dns_options": [
              {
                "dns_record_ip_type": "ipv4",
                "private_dns_only_for_inbound_resolver_endpoint": false
              }
            ],
            "id": "vpce-01ab34639d8b5507b",
            "ip_address_type": "ipv4",
            "network_interface_ids": [
              "eni-02235709a49bba403",
              "eni-026e163f4f5a70908"
            ],
            "owner_id": "928470004462",
            "policy": "{\"Statement\":[{\"Action\":\"*\",\"Effect\":\"Allow\",\"Principal\":\"*\",\"Resource\":\"*\"}]}",
            "prefix_list_id": null,
            "private_dns_enabled": true,
            "region": "eu-west-2",
            "requester_managed": false,
            "resource_configuration_arn": "",
            "route_table_ids": [],
            "security_group_ids": [
              "sg-070e1d05560d3462e"
            ],
            "service_name": "com.amazonaws.eu-west-2.ecr.dkr",
            "service_network_arn": "",
            "service_region": "eu-west-2",
            "state": "available",
            "subnet_configuration": [
              {
                "ipv4": "10.10.1.178",
                "ipv6": "",
                "subnet_id": "subnet-03df66fd0c80f723a"
              },
              {
                "ipv4": "10.10.2.245",
                "ipv6": "",
                "subnet_id": "subnet-068a6a276e18c30c7"
              }
            ],
            "subnet_ids": [
              "subnet-03df66fd0c80f723a",
              "subnet-068a6a276e18c30c7"
            ],
            "tags": {
              "Name": "sentinel-gateway-vpce-ecr.dkr",
              "Owner": "Platform",
              "Project": "Sentinel"
            },
            "tags_all": {
              "Name": "sentinel-gateway-vpce-ecr.dkr",
              "Owner": "Platform",
              "Project": "Sentinel"
            },
            "timeouts": null,
            "vpc_endpoint_type": "Interface",
            "vpc_id": "vpc-09d2218133f865a44"
          },
          "sensitive_attributes": [],
          "identity_schema_version": 0,
          "private": "eyJlMmJmYjczMC1lY2FhLTExZTYtOGY4OC0zNDM2M2JjN2M0YzAiOnsiY3JlYXRlIjo2MDAwMDAwMDAwMDAsImRlbGV0ZSI6NjAwMDAwMDAwMDAwLCJ1cGRhdGUiOjYwMDAwMDAwMDAwMH19",
          "dependencies": [
            "module.vpc_gateway.aws_security_group.endpoints",
            "module.vpc_gateway.aws_subnet.private",
            "module.vpc_gateway.aws_vpc.this",
            "module.vpc_gateway.data.aws_availability_zones.this",
            "module.vpc_gateway.data.aws_region.current"
          ]
        },
        {
          "index_key": "com.amazonaws.eu-west-2.kms",
          "schema_version": 0,
          "attributes": {
            "arn": "arn:aws:ec2:eu-west-2:928470004462:vpc-endpoint/vpce-0b7de7d54fc393676",
            "auto_accept": null,
            "cidr_blocks": [],
            "dns_entry": [
              {
                "dns_name": "vpce-0b7de7d54fc393676-lou97gc7.kms.eu-west-2.vpce.amazonaws.com",
                "hosted_zone_id": "Z7K1066E3PUKB"
              },
              {
                "dns_name": "vpce-0b7de7d54fc393676-lou97gc7-eu-west-2a.kms.eu-west-2.vpce.amazonaws.com",
                "hosted_zone_id": "Z7K1066E3PUKB"
              },
              {
                "dns_name": "vpce-0b7de7d54fc393676-lou97gc7-eu-west-2b.kms.eu-west-2.vpce.amazonaws.com",
                "hosted_zone_id": "Z7K1066E3PUKB"
              },
              {
                "dns_name": "kms.eu-west-2.amazonaws.com",
                "hosted_zone_id": "Z01923082384KJNIMHFWA"
              },
              {
                "dns_name": "kms.eu-west-2.api.aws",
                "hosted_zone_id": "Z019135319TTO87ILR8SO"
              }
            ],
            "dns_options": [
              {
                "dns_record_ip_type": "ipv4",
                "private_dns_only_for_inbound_resolver_endpoint": false
              }
            ],
            "id": "vpce-0b7de7d54fc393676",
            "ip_address_type": "ipv4",
            "network_interface_ids": [
              "eni-0625fbf277862fe7a",
              "eni-0c072d2a527f77c67"
            ],
            "owner_id": "928470004462",
            "policy": "{\"Statement\":[{\"Action\":\"*\",\"Effect\":\"Allow\",\"Principal\":\"*\",\"Resource\":\"*\"}]}",
            "prefix_list_id": null,
            "private_dns_enabled": true,
            "region": "eu-west-2",
            "requester_managed": false,
            "resource_configuration_arn": "",
            "route_table_ids": [],
            "security_group_ids": [
              "sg-070e1d05560d3462e"
            ],
            "service_name": "com.amazonaws.eu-west-2.kms",
            "service_network_arn": "",
            "service_region": "eu-west-2",
            "state": "available",
            "subnet_configuration": [
              {
                "ipv4": "10.10.1.72",
                "ipv6": "",
                "subnet_id": "subnet-03df66fd0c80f723a"
              },
              {
                "ipv4": "10.10.2.124",
                "ipv6": "",
                "subnet_id": "subnet-068a6a276e18c30c7"
              }
            ],
            "subnet_ids": [
              "subnet-03df66fd0c80f723a",
              "subnet-068a6a276e18c30c7"
            ],
            "tags": {
              "Name": "sentinel-gateway-vpce-kms",
              "Owner": "Platform",
              "Project": "Sentinel"
            },
            "tags_all": {
              "Name": "sentinel-gateway-vpce-kms",
              "Owner": "Platform",
              "Project": "Sentinel"
            },
            "timeouts": null,
            "vpc_endpoint_type": "Interface",
            "vpc_id": "vpc-09d2218133f865a44"
          },
          "sensitive_attributes": [],
          "identity_schema_version": 0,
          "private": "eyJlMmJmYjczMC1lY2FhLTExZTYtOGY4OC0zNDM2M2JjN2M0YzAiOnsiY3JlYXRlIjo2MDAwMDAwMDAwMDAsImRlbGV0ZSI6NjAwMDAwMDAwMDAwLCJ1cGRhdGUiOjYwMDAwMDAwMDAwMH19",
          "dependencies": [
            "module.vpc_gateway.aws_security_group.endpoints",
            "module.vpc_gateway.aws_subnet.private",
            "module.vpc_gateway.aws_vpc.this",
            "module.vpc_gateway.data.aws_availability_zones.this",
            "module.vpc_gateway.data.aws_region.current"
          ]
        },
        {
          "index_key": "com.amazonaws.eu-west-2.logs",
          "schema_version": 0,
          "attributes": {
            "arn": "arn:aws:ec2:eu-west-2:928470004462:vpc-endpoint/vpce-08195d14000987812",
            "auto_accept": null,
            "cidr_blocks": [],
            "dns_entry": [
              {
                "dns_name": "vpce-08195d14000987812-tvanav80.logs.eu-west-2.vpce.amazonaws.com",
                "hosted_zone_id": "Z7K1066E3PUKB"
              },
              {
                "dns_name": "vpce-08195d14000987812-tvanav80-eu-west-2b.logs.eu-west-2.vpce.amazonaws.com",
                "hosted_zone_id": "Z7K1066E3PUKB"
              },
              {
                "dns_name": "vpce-08195d14000987812-tvanav80-eu-west-2a.logs.eu-west-2.vpce.amazonaws.com",
                "hosted_zone_id": "Z7K1066E3PUKB"
              },
              {
                "dns_name": "logs.eu-west-2.amazonaws.com",
                "hosted_zone_id": "Z035495220RB489Z3HJNY"
              },
              {
                "dns_name": "logs.eu-west-2.api.aws",
                "hosted_zone_id": "Z01914411N6WQGBIAAHV7"
              },
              {
                "dns_name": "streaming-logs.eu-west-2.api.aws",
                "hosted_zone_id": "Z06539481PX88KTJDUFDL"
              },
              {
                "dns_name": "streaming-logs.eu-west-2.amazonaws.com",
                "hosted_zone_id": "Z03537823A5524COV1BM"
              }
            ],
            "dns_options": [
              {
                "dns_record_ip_type": "ipv4",
                "private_dns_only_for_inbound_resolver_endpoint": false
              }
            ],
            "id": "vpce-08195d14000987812",
            "ip_address_type": "ipv4",
            "network_interface_ids": [
              "eni-09634970cacff0573",
              "eni-0b00c3096a5d320a6"
            ],
            "owner_id": "928470004462",
            "policy": "{\"Statement\":[{\"Action\":\"*\",\"Effect\":\"Allow\",\"Principal\":\"*\",\"Resource\":\"*\"}]}",
            "prefix_list_id": null,
            "private_dns_enabled": true,
            "region": "eu-west-2",
            "requester_managed": false,
            "resource_configuration_arn": "",
            "route_table_ids": [],
            "security_group_ids": [
              "sg-070e1d05560d3462e"
            ],
            "service_name": "com.amazonaws.eu-west-2.logs",
            "service_network_arn": "",
            "service_region": "eu-west-2",
            "state": "available",
            "subnet_configuration": [
              {
                "ipv4": "10.10.1.194",
                "ipv6": "",
                "subnet_id": "subnet-03df66fd0c80f723a"
              },
              {
                "ipv4": "10.10.2.194",
                "ipv6": "",
                "subnet_id": "subnet-068a6a276e18c30c7"
              }
            ],
            "subnet_ids": [
              "subnet-03df66fd0c80f723a",
              "subnet-068a6a276e18c30c7"
            ],
            "tags": {
              "Name": "sentinel-gateway-vpce-logs",
              "Owner": "Platform",
              "Project": "Sentinel"
            },
            "tags_all": {
              "Name": "sentinel-gateway-vpce-logs",
              "Owner": "Platform",
              "Project": "Sentinel"
            },
            "timeouts": null,
            "vpc_endpoint_type": "Interface",
            "vpc_id": "vpc-09d2218133f865a44"
          },
          "sensitive_attributes": [],
          "identity_schema_version": 0,
          "private": "eyJlMmJmYjczMC1lY2FhLTExZTYtOGY4OC0zNDM2M2JjN2M0YzAiOnsiY3JlYXRlIjo2MDAwMDAwMDAwMDAsImRlbGV0ZSI6NjAwMDAwMDAwMDAwLCJ1cGRhdGUiOjYwMDAwMDAwMDAwMH19",
          "dependencies": [
            "module.vpc_gateway.aws_security_group.endpoints",
            "module.vpc_gateway.aws_subnet.private",
            "module.vpc_gateway.aws_vpc.this",
            "module.vpc_gateway.data.aws_availability_zones.this",
            "module.vpc_gateway.data.aws_region.current"
          ]
        },
        {
          "index_key": "com.amazonaws.eu-west-2.secretsmanager",
          "schema_version": 0,
          "attributes": {
            "arn": "arn:aws:ec2:eu-west-2:928470004462:vpc-endpoint/vpce-0b2d667b8bc20af35",
            "auto_accept": null,
            "cidr_blocks": [],
            "dns_entry": [
              {
                "dns_name": "vpce-0b2d667b8bc20af35-ju7mnk3x.secretsmanager.eu-west-2.vpce.amazonaws.com",
                "hosted_zone_id": "Z7K1066E3PUKB"
              },
              {
                "dns_name": "vpce-0b2d667b8bc20af35-ju7mnk3x-eu-west-2b.secretsmanager.eu-west-2.vpce.amazonaws.com",
                "hosted_zone_id": "Z7K1066E3PUKB"
              },
              {
                "dns_name": "vpce-0b2d667b8bc20af35-ju7mnk3x-eu-west-2a.secretsmanager.eu-west-2.vpce.amazonaws.com",
                "hosted_zone_id": "Z7K1066E3PUKB"
              },
              {
                "dns_name": "secretsmanager.eu-west-2.amazonaws.com",
                "hosted_zone_id": "Z07357953QDS0D2DGLGI3"
              }
            ],
            "dns_options": [
              {
                "dns_record_ip_type": "ipv4",
                "private_dns_only_for_inbound_resolver_endpoint": false
              }
            ],
            "id": "vpce-0b2d667b8bc20af35",
            "ip_address_type": "ipv4",
            "network_interface_ids": [
              "eni-06757b434a6ee3da5",
              "eni-079375eb10a98156d"
            ],
            "owner_id": "928470004462",
            "policy": "{\"Statement\":[{\"Action\":\"*\",\"Effect\":\"Allow\",\"Principal\":\"*\",\"Resource\":\"*\"}]}",
            "prefix_list_id": null,
            "private_dns_enabled": true,
            "region": "eu-west-2",
            "requester_managed": false,
            "resource_configuration_arn": "",
            "route_table_ids": [],
            "security_group_ids": [
              "sg-070e1d05560d3462e"
            ],
            "service_name": "com.amazonaws.eu-west-2.secretsmanager",
            "service_network_arn": "",
            "service_region": "eu-west-2",
            "state": "available",
            "subnet_configuration": [
              {
                "ipv4": "10.10.1.67",
                "ipv6": "",
                "subnet_id": "subnet-03df66fd0c80f723a"
              },
              {
                "ipv4": "10.10.2.96",
                "ipv6": "",
                "subnet_id": "subnet-068a6a276e18c30c7"
              }
            ],
            "subnet_ids": [
              "subnet-03df66fd0c80f723a",
              "subnet-068a6a276e18c30c7"
            ],
            "tags": {
              "Name": "sentinel-gateway-vpce-secretsmanager",
              "Owner": "Platform",
              "Project": "Sentinel"
            },
            "tags_all": {
              "Name": "sentinel-gateway-vpce-secretsmanager",
              "Owner": "Platform",
              "Project": "Sentinel"
            },
            "timeouts": null,
            "vpc_endpoint_type": "Interface",
            "vpc_id": "vpc-09d2218133f865a44"
          },
          "sensitive_attributes": [],
          "identity_schema_version": 0,
          "private": "eyJlMmJmYjczMC1lY2FhLTExZTYtOGY4OC0zNDM2M2JjN2M0YzAiOnsiY3JlYXRlIjo2MDAwMDAwMDAwMDAsImRlbGV0ZSI6NjAwMDAwMDAwMDAwLCJ1cGRhdGUiOjYwMDAwMDAwMDAwMH19",
          "dependencies": [
            "module.vpc_gateway.aws_security_group.endpoints",
            "module.vpc_gateway.aws_subnet.private",
            "module.vpc_gateway.aws_vpc.this",
            "module.vpc_gateway.data.aws_availability_zones.this",
            "module.vpc_gateway.data.aws_region.current"
          ]
        },
        {
          "index_key": "com.amazonaws.eu-west-2.ssm",
          "schema_version": 0,
          "attributes": {
            "arn": "arn:aws:ec2:eu-west-2:928470004462:vpc-endpoint/vpce-0ccd5158a55e94dee",
            "auto_accept": null,
            "cidr_blocks": [],
            "dns_entry": [
              {
                "dns_name": "vpce-0ccd5158a55e94dee-okc0k0id.ssm.eu-west-2.vpce.amazonaws.com",
                "hosted_zone_id": "Z7K1066E3PUKB"
              },
              {
                "dns_name": "vpce-0ccd5158a55e94dee-okc0k0id-eu-west-2a.ssm.eu-west-2.vpce.amazonaws.com",
                "hosted_zone_id": "Z7K1066E3PUKB"
              },
              {
                "dns_name": "vpce-0ccd5158a55e94dee-okc0k0id-eu-west-2b.ssm.eu-west-2.vpce.amazonaws.com",
                "hosted_zone_id": "Z7K1066E3PUKB"
              },
              {
                "dns_name": "ssm.eu-west-2.amazonaws.com",
                "hosted_zone_id": "Z065394735ENTLJDNG7E3"
              },
              {
                "dns_name": "ssm.eu-west-2.api.aws",
                "hosted_zone_id": "Z01904553MEOZ02CCI09D"
              }
            ],
            "dns_options": [
              {
                "dns_record_ip_type": "ipv4",
                "private_dns_only_for_inbound_resolver_endpoint": false
              }
            ],
            "id": "vpce-0ccd5158a55e94dee",
            "ip_address_type": "ipv4",
            "network_interface_ids": [
              "eni-098c009c7ca568913",
              "eni-09f30365327559d0f"
            ],
            "owner_id": "928470004462",
            "policy": "{\"Statement\":[{\"Action\":\"*\",\"Effect\":\"Allow\",\"Principal\":\"*\",\"Resource\":\"*\"}]}",
            "prefix_list_id": null,
            "private_dns_enabled": true,
            "region": "eu-west-2",
            "requester_managed": false,
            "resource_configuration_arn": "",
            "route_table_ids": [],
            "security_group_ids": [
              "sg-070e1d05560d3462e"
            ],
            "service_name": "com.amazonaws.eu-west-2.ssm",
            "service_network_arn": "",
            "service_region": "eu-west-2",
            "state": "available",
            "subnet_configuration": [
              {
                "ipv4": "10.10.1.53",
                "ipv6": "",
                "subnet_id": "subnet-03df66fd0c80f723a"
              },
              {
                "ipv4": "10.10.2.122",
                "ipv6": "",
                "subnet_id": "subnet-068a6a276e18c30c7"
              }
            ],
            "subnet_ids": [
              "subnet-03df66fd0c80f723a",
              "subnet-068a6a276e18c30c7"
            ],
            "tags": {
              "Name": "sentinel-gateway-vpce-ssm",
              "Owner": "Platform",
              "Project": "Sentinel"
            },
            "tags_all": {
              "Name": "sentinel-gateway-vpce-ssm",
              "Owner": "Platform",
              "Project": "Sentinel"
            },
            "timeouts": null,
            "vpc_endpoint_type": "Interface",
            "vpc_id": "vpc-09d2218133f865a44"
          },
          "sensitive_attributes": [],
          "identity_schema_version": 0,
          "private": "eyJlMmJmYjczMC1lY2FhLTExZTYtOGY4OC0zNDM2M2JjN2M0YzAiOnsiY3JlYXRlIjo2MDAwMDAwMDAwMDAsImRlbGV0ZSI6NjAwMDAwMDAwMDAwLCJ1cGRhdGUiOjYwMDAwMDAwMDAwMH19",
          "dependencies": [
            "module.vpc_gateway.aws_security_group.endpoints",
            "module.vpc_gateway.aws_subnet.private",
            "module.vpc_gateway.aws_vpc.this",
            "module.vpc_gateway.data.aws_availability_zones.this",
            "module.vpc_gateway.data.aws_region.current"
          ]
        },
        {
          "index_key": "com.amazonaws.eu-west-2.ssmmessages",
          "schema_version": 0,
          "attributes": {
            "arn": "arn:aws:ec2:eu-west-2:928470004462:vpc-endpoint/vpce-0eb7acac4f8646305",
            "auto_accept": null,
            "cidr_blocks": [],
            "dns_entry": [
              {
                "dns_name": "vpce-0eb7acac4f8646305-4n1ygiuj.ssmmessages.eu-west-2.vpce.amazonaws.com",
                "hosted_zone_id": "Z7K1066E3PUKB"
              },
              {
                "dns_name": "vpce-0eb7acac4f8646305-4n1ygiuj-eu-west-2b.ssmmessages.eu-west-2.vpce.amazonaws.com",
                "hosted_zone_id": "Z7K1066E3PUKB"
              },
              {
                "dns_name": "vpce-0eb7acac4f8646305-4n1ygiuj-eu-west-2a.ssmmessages.eu-west-2.vpce.amazonaws.com",
                "hosted_zone_id": "Z7K1066E3PUKB"
              },
              {
                "dns_name": "ssmmessages.eu-west-2.amazonaws.com",
                "hosted_zone_id": "Z01917832Q5MD0N95BYLR"
              }
            ],
            "dns_options": [
              {
                "dns_record_ip_type": "ipv4",
                "private_dns_only_for_inbound_resolver_endpoint": false
              }
            ],
            "id": "vpce-0eb7acac4f8646305",
            "ip_address_type": "ipv4",
            "network_interface_ids": [
              "eni-0052e3198190a1dc5",
              "eni-0ad613fa77c1563c2"
            ],
            "owner_id": "928470004462",
            "policy": "{\"Statement\":[{\"Action\":\"*\",\"Effect\":\"Allow\",\"Principal\":\"*\",\"Resource\":\"*\"}]}",
            "prefix_list_id": null,
            "private_dns_enabled": true,
            "region": "eu-west-2",
            "requester_managed": false,
            "resource_configuration_arn": "",
            "route_table_ids": [],
            "security_group_ids": [
              "sg-070e1d05560d3462e"
            ],
            "service_name": "com.amazonaws.eu-west-2.ssmmessages",
            "service_network_arn": "",
            "service_region": "eu-west-2",
            "state": "available",
            "subnet_configuration": [
              {
                "ipv4": "10.10.1.171",
                "ipv6": "",
                "subnet_id": "subnet-03df66fd0c80f723a"
              },
              {
                "ipv4": "10.10.2.234",
                "ipv6": "",
                "subnet_id": "subnet-068a6a276e18c30c7"
              }
            ],
            "subnet_ids": [
              "subnet-03df66fd0c80f723a",
              "subnet-068a6a276e18c30c7"
            ],
            "tags": {
              "Name": "sentinel-gateway-vpce-ssmmessages",
              "Owner": "Platform",
              "Project": "Sentinel"
            },
            "tags_all": {
              "Name": "sentinel-gateway-vpce-ssmmessages",
              "Owner": "Platform",
              "Project": "Sentinel"
            },
            "timeouts": null,
            "vpc_endpoint_type": "Interface",
            "vpc_id": "vpc-09d2218133f865a44"
          },
          "sensitive_attributes": [],
          "identity_schema_version": 0,
          "private": "eyJlMmJmYjczMC1lY2FhLTExZTYtOGY4OC0zNDM2M2JjN2M0YzAiOnsiY3JlYXRlIjo2MDAwMDAwMDAwMDAsImRlbGV0ZSI6NjAwMDAwMDAwMDAwLCJ1cGRhdGUiOjYwMDAwMDAwMDAwMH19",
          "dependencies": [
            "module.vpc_gateway.aws_security_group.endpoints",
            "module.vpc_gateway.aws_subnet.private",
            "module.vpc_gateway.aws_vpc.this",
            "module.vpc_gateway.data.aws_availability_zones.this",
            "module.vpc_gateway.data.aws_region.current"
          ]
        }
      ]
    }
  ],
  "check_results": null
}
